{
  "version": 4,
  "terraform_version": "1.5.7",
  "serial": 386,
  "lineage": "4b9b9e5d-ec89-1ce0-e834-8bab6deffb16",
  "outputs": {
    "configure_kubectl": {
      "value": "aws eks --region us-east-1 update-kubeconfig --name eks-blueprint-blue",
      "type": "string"
    },
    "eks_cluster_id": {
      "value": "eks-blueprint-blue",
      "type": "string"
    }
  },
  "resources": [
    {
      "mode": "data",
      "type": "aws_eks_cluster_auth",
      "name": "this",
      "provider": "provider[\"registry.terraform.io/hashicorp/aws\"]",
      "instances": [
        {
          "schema_version": 0,
          "attributes": {
            "id": "eks-blueprint-blue",
            "name": "eks-blueprint-blue",
            "token": "k8s-aws-v1.aHR0cHM6Ly9zdHMuYW1hem9uYXdzLmNvbS8_QWN0aW9uPUdldENhbGxlcklkZW50aXR5JlZlcnNpb249MjAxMS0wNi0xNSZYLUFtei1BbGdvcml0aG09QVdTNC1ITUFDLVNIQTI1NiZYLUFtei1DcmVkZW50aWFsPUFLSUFUNDJJTlFRVkxRQkwzQzJTJTJGMjAyMzEwMzAlMkZ1cy1lYXN0LTElMkZzdHMlMkZhd3M0X3JlcXVlc3QmWC1BbXotRGF0ZT0yMDIzMTAzMFQyMzU4MDBaJlgtQW16LUV4cGlyZXM9MCZYLUFtei1TaWduZWRIZWFkZXJzPWhvc3QlM0J4LWs4cy1hd3MtaWQmWC1BbXotU2lnbmF0dXJlPTQ5YmVkNDFhMTk0YzA5MTNlMGQxMDNkNTM2ZTFmYWU4ZGJlZmFlOTBjNDUyYTMyNWFhNmM2NDA1N2ViYjQzNmQ"
          },
          "sensitive_attributes": []
        }
      ]
    },
    {
      "module": "module.eks_cluster",
      "mode": "data",
      "type": "aws_caller_identity",
      "name": "current",
      "provider": "provider[\"registry.terraform.io/hashicorp/aws\"]",
      "instances": [
        {
          "schema_version": 0,
          "attributes": {
            "account_id": "268050465834",
            "arn": "arn:aws:iam::268050465834:user/admineks",
            "id": "268050465834",
            "user_id": "AIDAT42INQQVGA6LTCVYX"
          },
          "sensitive_attributes": []
        }
      ]
    },
    {
      "module": "module.eks_cluster",
      "mode": "data",
      "type": "aws_partition",
      "name": "current",
      "provider": "provider[\"registry.terraform.io/hashicorp/aws\"]",
      "instances": [
        {
          "schema_version": 0,
          "attributes": {
            "dns_suffix": "amazonaws.com",
            "id": "aws",
            "partition": "aws",
            "reverse_dns_prefix": "com.amazonaws"
          },
          "sensitive_attributes": []
        }
      ]
    },
    {
      "module": "module.eks_cluster",
      "mode": "data",
      "type": "aws_region",
      "name": "current",
      "provider": "provider[\"registry.terraform.io/hashicorp/aws\"]",
      "instances": [
        {
          "schema_version": 0,
          "attributes": {
            "description": "US East (N. Virginia)",
            "endpoint": "ec2.us-east-1.amazonaws.com",
            "id": "us-east-1",
            "name": "us-east-1"
          },
          "sensitive_attributes": []
        }
      ]
    },
    {
      "module": "module.eks_cluster",
      "mode": "data",
      "type": "aws_secretsmanager_secret",
      "name": "argocd",
      "provider": "provider[\"registry.terraform.io/hashicorp/aws\"]",
      "instances": [
        {
          "schema_version": 0,
          "attributes": {
            "arn": "arn:aws:secretsmanager:us-east-1:268050465834:secret:argocd-admin-secret.eks-blueprint-uAdO1D",
            "description": "",
            "id": "arn:aws:secretsmanager:us-east-1:268050465834:secret:argocd-admin-secret.eks-blueprint-uAdO1D",
            "kms_key_id": "",
            "name": "argocd-admin-secret.eks-blueprint",
            "policy": "",
            "tags": {}
          },
          "sensitive_attributes": []
        }
      ]
    },
    {
      "module": "module.eks_cluster",
      "mode": "data",
      "type": "aws_secretsmanager_secret_version",
      "name": "admin_password_version",
      "provider": "provider[\"registry.terraform.io/hashicorp/aws\"]",
      "instances": [
        {
          "schema_version": 0,
          "attributes": {
            "arn": "arn:aws:secretsmanager:us-east-1:268050465834:secret:argocd-admin-secret.eks-blueprint-uAdO1D",
            "id": "arn:aws:secretsmanager:us-east-1:268050465834:secret:argocd-admin-secret.eks-blueprint-uAdO1D|AWSCURRENT",
            "secret_binary": "",
            "secret_id": "arn:aws:secretsmanager:us-east-1:268050465834:secret:argocd-admin-secret.eks-blueprint-uAdO1D",
            "secret_string": "8I!a)*J8GG[vo5ph",
            "version_id": "B04355CF-11E5-41CB-A2EB-4A8B6E21F4C2",
            "version_stage": "AWSCURRENT",
            "version_stages": [
              "AWSCURRENT"
            ]
          },
          "sensitive_attributes": []
        }
      ]
    },
    {
      "module": "module.eks_cluster",
      "mode": "data",
      "type": "aws_subnets",
      "name": "private",
      "provider": "provider[\"registry.terraform.io/hashicorp/aws\"]",
      "instances": [
        {
          "schema_version": 0,
          "attributes": {
            "filter": [
              {
                "name": "tag:Name",
                "values": [
                  "eks-blueprint-private-*"
                ]
              }
            ],
            "id": "us-east-1",
            "ids": [
              "subnet-08c2e4fff307dcfd0",
              "subnet-0bb30489283d7c13e",
              "subnet-0b5f786b20a32dbab"
            ],
            "tags": null,
            "timeouts": null
          },
          "sensitive_attributes": []
        }
      ]
    },
    {
      "module": "module.eks_cluster",
      "mode": "data",
      "type": "aws_subnets",
      "name": "public",
      "provider": "provider[\"registry.terraform.io/hashicorp/aws\"]",
      "instances": [
        {
          "schema_version": 0,
          "attributes": {
            "filter": [
              {
                "name": "tag:Name",
                "values": [
                  "eks-blueprint-public-*"
                ]
              }
            ],
            "id": "us-east-1",
            "ids": [
              "subnet-0332966ad1f1fb3c7",
              "subnet-08672fdc48d9a705f",
              "subnet-0aa1cc0a2b1fd885b"
            ],
            "tags": null,
            "timeouts": null
          },
          "sensitive_attributes": []
        }
      ]
    },
    {
      "module": "module.eks_cluster",
      "mode": "data",
      "type": "aws_vpc",
      "name": "vpc",
      "provider": "provider[\"registry.terraform.io/hashicorp/aws\"]",
      "instances": [
        {
          "schema_version": 0,
          "attributes": {
            "arn": "arn:aws:ec2:us-east-1:268050465834:vpc/vpc-065c43b0612cc9222",
            "cidr_block": "10.0.0.0/16",
            "cidr_block_associations": [
              {
                "association_id": "vpc-cidr-assoc-037c3b62ce1256699",
                "cidr_block": "10.0.0.0/16",
                "state": "associated"
              }
            ],
            "default": false,
            "dhcp_options_id": "dopt-0a1226d506f6be191",
            "enable_dns_hostnames": true,
            "enable_dns_support": true,
            "enable_network_address_usage_metrics": false,
            "filter": [
              {
                "name": "tag:Name",
                "values": [
                  "eks-blueprint"
                ]
              }
            ],
            "id": "vpc-065c43b0612cc9222",
            "instance_tenancy": "default",
            "ipv6_association_id": "",
            "ipv6_cidr_block": "",
            "main_route_table_id": "rtb-0ac45f32031d3a7d1",
            "owner_id": "268050465834",
            "state": null,
            "tags": {
              "Blueprint": "eks-blueprint",
              "GithubRepo": "github.com/aws-ia/terraform-aws-eks-blueprints",
              "Name": "eks-blueprint"
            },
            "timeouts": null
          },
          "sensitive_attributes": []
        }
      ]
    },
    {
      "module": "module.eks_cluster",
      "mode": "managed",
      "type": "aws_ec2_tag",
      "name": "private_subnets",
      "provider": "provider[\"registry.terraform.io/hashicorp/aws\"]",
      "instances": [
        {
          "index_key": "subnet-08c2e4fff307dcfd0",
          "schema_version": 0,
          "attributes": {
            "id": "subnet-08c2e4fff307dcfd0,kubernetes.io/cluster/eks-blueprint-blue",
            "key": "kubernetes.io/cluster/eks-blueprint-blue",
            "resource_id": "subnet-08c2e4fff307dcfd0",
            "value": "shared"
          },
          "sensitive_attributes": [],
          "private": "bnVsbA==",
          "dependencies": [
            "module.eks_cluster.data.aws_subnets.private"
          ]
        },
        {
          "index_key": "subnet-0b5f786b20a32dbab",
          "schema_version": 0,
          "attributes": {
            "id": "subnet-0b5f786b20a32dbab,kubernetes.io/cluster/eks-blueprint-blue",
            "key": "kubernetes.io/cluster/eks-blueprint-blue",
            "resource_id": "subnet-0b5f786b20a32dbab",
            "value": "shared"
          },
          "sensitive_attributes": [],
          "private": "bnVsbA==",
          "dependencies": [
            "module.eks_cluster.data.aws_subnets.private"
          ]
        },
        {
          "index_key": "subnet-0bb30489283d7c13e",
          "schema_version": 0,
          "attributes": {
            "id": "subnet-0bb30489283d7c13e,kubernetes.io/cluster/eks-blueprint-blue",
            "key": "kubernetes.io/cluster/eks-blueprint-blue",
            "resource_id": "subnet-0bb30489283d7c13e",
            "value": "shared"
          },
          "sensitive_attributes": [],
          "private": "bnVsbA==",
          "dependencies": [
            "module.eks_cluster.data.aws_subnets.private"
          ]
        }
      ]
    },
    {
      "module": "module.eks_cluster",
      "mode": "managed",
      "type": "aws_ec2_tag",
      "name": "public_subnets",
      "provider": "provider[\"registry.terraform.io/hashicorp/aws\"]",
      "instances": [
        {
          "index_key": "subnet-0332966ad1f1fb3c7",
          "schema_version": 0,
          "attributes": {
            "id": "subnet-0332966ad1f1fb3c7,kubernetes.io/cluster/eks-blueprint-blue",
            "key": "kubernetes.io/cluster/eks-blueprint-blue",
            "resource_id": "subnet-0332966ad1f1fb3c7",
            "value": "shared"
          },
          "sensitive_attributes": [],
          "private": "bnVsbA==",
          "dependencies": [
            "module.eks_cluster.data.aws_subnets.public"
          ]
        },
        {
          "index_key": "subnet-08672fdc48d9a705f",
          "schema_version": 0,
          "attributes": {
            "id": "subnet-08672fdc48d9a705f,kubernetes.io/cluster/eks-blueprint-blue",
            "key": "kubernetes.io/cluster/eks-blueprint-blue",
            "resource_id": "subnet-08672fdc48d9a705f",
            "value": "shared"
          },
          "sensitive_attributes": [],
          "private": "bnVsbA==",
          "dependencies": [
            "module.eks_cluster.data.aws_subnets.public"
          ]
        },
        {
          "index_key": "subnet-0aa1cc0a2b1fd885b",
          "schema_version": 0,
          "attributes": {
            "id": "subnet-0aa1cc0a2b1fd885b,kubernetes.io/cluster/eks-blueprint-blue",
            "key": "kubernetes.io/cluster/eks-blueprint-blue",
            "resource_id": "subnet-0aa1cc0a2b1fd885b",
            "value": "shared"
          },
          "sensitive_attributes": [],
          "private": "bnVsbA==",
          "dependencies": [
            "module.eks_cluster.data.aws_subnets.public"
          ]
        }
      ]
    },
    {
      "module": "module.eks_cluster.module.eks",
      "mode": "data",
      "type": "aws_caller_identity",
      "name": "current",
      "provider": "provider[\"registry.terraform.io/hashicorp/aws\"]",
      "instances": [
        {
          "schema_version": 0,
          "attributes": {
            "account_id": "268050465834",
            "arn": "arn:aws:iam::268050465834:user/admineks",
            "id": "268050465834",
            "user_id": "AIDAT42INQQVGA6LTCVYX"
          },
          "sensitive_attributes": []
        }
      ]
    },
    {
      "module": "module.eks_cluster.module.eks",
      "mode": "data",
      "type": "aws_iam_policy_document",
      "name": "assume_role_policy",
      "provider": "provider[\"registry.terraform.io/hashicorp/aws\"]",
      "instances": [
        {
          "index_key": 0,
          "schema_version": 0,
          "attributes": {
            "id": "2764486067",
            "json": "{\n  \"Version\": \"2012-10-17\",\n  \"Statement\": [\n    {\n      \"Sid\": \"EKSClusterAssumeRole\",\n      \"Effect\": \"Allow\",\n      \"Action\": \"sts:AssumeRole\",\n      \"Principal\": {\n        \"Service\": \"eks.amazonaws.com\"\n      }\n    }\n  ]\n}",
            "override_policy_documents": null,
            "policy_id": null,
            "source_policy_documents": null,
            "statement": [
              {
                "actions": [
                  "sts:AssumeRole"
                ],
                "condition": [],
                "effect": "Allow",
                "not_actions": [],
                "not_principals": [],
                "not_resources": [],
                "principals": [
                  {
                    "identifiers": [
                      "eks.amazonaws.com"
                    ],
                    "type": "Service"
                  }
                ],
                "resources": [],
                "sid": "EKSClusterAssumeRole"
              }
            ],
            "version": "2012-10-17"
          },
          "sensitive_attributes": []
        }
      ]
    },
    {
      "module": "module.eks_cluster.module.eks",
      "mode": "data",
      "type": "aws_iam_session_context",
      "name": "current",
      "provider": "provider[\"registry.terraform.io/hashicorp/aws\"]",
      "instances": [
        {
          "schema_version": 0,
          "attributes": {
            "arn": "arn:aws:iam::268050465834:user/admineks",
            "id": "arn:aws:iam::268050465834:user/admineks",
            "issuer_arn": "arn:aws:iam::268050465834:user/admineks",
            "issuer_id": "",
            "issuer_name": "",
            "session_name": ""
          },
          "sensitive_attributes": []
        }
      ]
    },
    {
      "module": "module.eks_cluster.module.eks",
      "mode": "data",
      "type": "aws_partition",
      "name": "current",
      "provider": "provider[\"registry.terraform.io/hashicorp/aws\"]",
      "instances": [
        {
          "schema_version": 0,
          "attributes": {
            "dns_suffix": "amazonaws.com",
            "id": "aws",
            "partition": "aws",
            "reverse_dns_prefix": "com.amazonaws"
          },
          "sensitive_attributes": []
        }
      ]
    },
    {
      "module": "module.eks_cluster.module.eks",
      "mode": "data",
      "type": "tls_certificate",
      "name": "this",
      "provider": "provider[\"registry.terraform.io/hashicorp/tls\"]",
      "instances": [
        {
          "index_key": 0,
          "schema_version": 0,
          "attributes": {
            "certificates": [
              {
                "cert_pem": "-----BEGIN CERTIFICATE-----\nMIIEdTCCA12gAwIBAgIJAKcOSkw0grd/MA0GCSqGSIb3DQEBCwUAMGgxCzAJBgNV\nBAYTAlVTMSUwIwYDVQQKExxTdGFyZmllbGQgVGVjaG5vbG9naWVzLCBJbmMuMTIw\nMAYDVQQLEylTdGFyZmllbGQgQ2xhc3MgMiBDZXJ0aWZpY2F0aW9uIEF1dGhvcml0\neTAeFw0wOTA5MDIwMDAwMDBaFw0zNDA2MjgxNzM5MTZaMIGYMQswCQYDVQQGEwJV\nUzEQMA4GA1UECBMHQXJpem9uYTETMBEGA1UEBxMKU2NvdHRzZGFsZTElMCMGA1UE\nChMcU3RhcmZpZWxkIFRlY2hub2xvZ2llcywgSW5jLjE7MDkGA1UEAxMyU3RhcmZp\nZWxkIFNlcnZpY2VzIFJvb3QgQ2VydGlmaWNhdGUgQXV0aG9yaXR5IC0gRzIwggEi\nMA0GCSqGSIb3DQEBAQUAA4IBDwAwggEKAoIBAQDVDDrEKvlO4vW+GZdfjohTsR8/\ny8+fIBNtKTrID30892t2OGPZNmCom15cAICyL1l/9of5JUOG52kbUpqQ4XHj2C0N\nTm/2yEnZtvMaVq4rtnQU68/7JuMauh2WLmo7WJSJR1b/JaCTcFOD2oR0FMNnngRo\nOt+OQFodSk7PQ5E751bWAHDLUu57fa4657wx+UX2wmDPE1kCK4DMNEffud6QZW0C\nzyyRpqbn3oUYSXxmTqM6bam17jQuug0DuDPfR+uxa40l2ZvOgdFFRjKWcIfeAg5J\nQ4W2bHO7ZOphQazJ1FTfhy/HIrImzJ9ZVGif/L4qL8RVHHVAYBeFAlU5i38FAgMB\nAAGjgfAwge0wDwYDVR0TAQH/BAUwAwEB/zAOBgNVHQ8BAf8EBAMCAYYwHQYDVR0O\nBBYEFJxfAN+qAdcwKziIorhtSpzyEZGDMB8GA1UdIwQYMBaAFL9ft9HO3R+G9FtV\nrNzXEMIOqYjnME8GCCsGAQUFBwEBBEMwQTAcBggrBgEFBQcwAYYQaHR0cDovL28u\nc3MyLnVzLzAhBggrBgEFBQcwAoYVaHR0cDovL3guc3MyLnVzL3guY2VyMCYGA1Ud\nHwQfMB0wG6AZoBeGFWh0dHA6Ly9zLnNzMi51cy9yLmNybDARBgNVHSAECjAIMAYG\nBFUdIAAwDQYJKoZIhvcNAQELBQADggEBACMd44pXyn3pF3lM8R5V/cxTbj5HD9/G\nVfKyBDbtgB9TxF00KGu+x1X8Z+rLP3+QsjPNG1gQggL4+C/1E2DUBc7xgQjB3ad1\nl08YuW3e95ORCLp+QCztweq7dp4zBncdDQh/U90bZKuCJ/Fp1U1ervShw3WnWEQt\n8jxwmKy6abaVd38PMV4s/KCHOkdp8Hlf9BRUpJVeEXgSYCfOn8J3/yNTd126/+pZ\n59vPr5KW7ySaNRB6nJHGDn2Z9j8Z3/VyVOEVqQdZe4O/Ui5GjLIAZHYcSNPYeehu\nVsyuLAOQ1xk4meTKCRlb/weWsKh/NEnfVqn3sF/tM+2MR7cwA130A4w=\n-----END CERTIFICATE-----\n",
                "is_ca": true,
                "issuer": "OU=Starfield Class 2 Certification Authority,O=Starfield Technologies\\, Inc.,C=US",
                "not_after": "2034-06-28T17:39:16Z",
                "not_before": "2009-09-02T00:00:00Z",
                "public_key_algorithm": "RSA",
                "serial_number": "12037640545166866303",
                "sha1_fingerprint": "9e99a48a9960b14926bb7f3b02e22da2b0ab7280",
                "signature_algorithm": "SHA256-RSA",
                "subject": "CN=Starfield Services Root Certificate Authority - G2,O=Starfield Technologies\\, Inc.,L=Scottsdale,ST=Arizona,C=US",
                "version": 3
              },
              {
                "cert_pem": "-----BEGIN CERTIFICATE-----\nMIIEkjCCA3qgAwIBAgITBn+USionzfP6wq4rAfkI7rnExjANBgkqhkiG9w0BAQsF\nADCBmDELMAkGA1UEBhMCVVMxEDAOBgNVBAgTB0FyaXpvbmExEzARBgNVBAcTClNj\nb3R0c2RhbGUxJTAjBgNVBAoTHFN0YXJmaWVsZCBUZWNobm9sb2dpZXMsIEluYy4x\nOzA5BgNVBAMTMlN0YXJmaWVsZCBTZXJ2aWNlcyBSb290IENlcnRpZmljYXRlIEF1\ndGhvcml0eSAtIEcyMB4XDTE1MDUyNTEyMDAwMFoXDTM3MTIzMTAxMDAwMFowOTEL\nMAkGA1UEBhMCVVMxDzANBgNVBAoTBkFtYXpvbjEZMBcGA1UEAxMQQW1hem9uIFJv\nb3QgQ0EgMTCCASIwDQYJKoZIhvcNAQEBBQADggEPADCCAQoCggEBALJ4gHHKeNXj\nca9HgFB0fW7Y14h29Jlo91ghYPl0hAEvrAIthtOgQ3pOsqTQNroBvo3bSMgHFzZM\n9O6II8c+6zf1tRn4SWiw3te5djgdYZ6k/oI2peVKVuRF4fn9tBb6dNqcmzU5L/qw\nIFAGbHrQgLKm+a/sRxmPUDgH3KKHOVj4utWp+UhnMJbulHheb4mjUcAwhmahRWa6\nVOujw5H5SNz/0egwLX0tdHA114gk957EWW67c4cX8jJGKLhD+rcdqsq08p8kDi1L\n93FcXmn/6pUCyziKrlA4b9v7LWIbxcceVOF34GfID5yHI9Y/QCB/IIDEgEw+OyQm\njgSubJrIqg0CAwEAAaOCATEwggEtMA8GA1UdEwEB/wQFMAMBAf8wDgYDVR0PAQH/\nBAQDAgGGMB0GA1UdDgQWBBSEGMyFNOy8DJSULghZnMeyEE4KCDAfBgNVHSMEGDAW\ngBScXwDfqgHXMCs4iKK4bUqc8hGRgzB4BggrBgEFBQcBAQRsMGowLgYIKwYBBQUH\nMAGGImh0dHA6Ly9vY3NwLnJvb3RnMi5hbWF6b250cnVzdC5jb20wOAYIKwYBBQUH\nMAKGLGh0dHA6Ly9jcnQucm9vdGcyLmFtYXpvbnRydXN0LmNvbS9yb290ZzIuY2Vy\nMD0GA1UdHwQ2MDQwMqAwoC6GLGh0dHA6Ly9jcmwucm9vdGcyLmFtYXpvbnRydXN0\nLmNvbS9yb290ZzIuY3JsMBEGA1UdIAQKMAgwBgYEVR0gADANBgkqhkiG9w0BAQsF\nAAOCAQEAYjdCXLwQtT6LLOkMm2xF4gcAevnFWAu5CIw+7bMlPLVvUOTNNWqnkzSW\nMiGpSESrnO09tKpzbeR/FoCJbM8oAxiDR3mjEH4wW6w7sGDgd9QIpuEdfF7Au/ma\neyKdpwAJfqxGF4PcnCZXmTA5YpaP7dreqsXMGz7KQ2hsVxa81Q4gLv7/wmpdLqBK\nbRRYh5TmOTFffHPLkIhqhBGWJ6bt2YFGpn6jcgAKUj6DiAdjd4lpFw85hdKrCEVN\n0FE6/V1dN2RMfjCyVSRCnTawXZwXgWHxyvkQAiSr6w10kY17RSlQOYiypok1JR4U\nakcjMS9cmvqtmg5iUaQqqcT5NJ0hGA==\n-----END CERTIFICATE-----\n",
                "is_ca": true,
                "issuer": "CN=Starfield Services Root Certificate Authority - G2,O=Starfield Technologies\\, Inc.,L=Scottsdale,ST=Arizona,C=US",
                "not_after": "2037-12-31T01:00:00Z",
                "not_before": "2015-05-25T12:00:00Z",
                "public_key_algorithm": "RSA",
                "serial_number": "144918191876577076464031512351042010504348870",
                "sha1_fingerprint": "06b25927c42a721631c1efd9431e648fa62e1e39",
                "signature_algorithm": "SHA256-RSA",
                "subject": "CN=Amazon Root CA 1,O=Amazon,C=US",
                "version": 3
              },
              {
                "cert_pem": "-----BEGIN CERTIFICATE-----\nMIIEXjCCA0agAwIBAgITB3MSSkvL1E7HtTvq8ZSELToPoTANBgkqhkiG9w0BAQsF\nADA5MQswCQYDVQQGEwJVUzEPMA0GA1UEChMGQW1hem9uMRkwFwYDVQQDExBBbWF6\nb24gUm9vdCBDQSAxMB4XDTIyMDgyMzIyMjUzMFoXDTMwMDgyMzIyMjUzMFowPDEL\nMAkGA1UEBhMCVVMxDzANBgNVBAoTBkFtYXpvbjEcMBoGA1UEAxMTQW1hem9uIFJT\nQSAyMDQ4IE0wMjCCASIwDQYJKoZIhvcNAQEBBQADggEPADCCAQoCggEBALtDGMZa\nqHneKei1by6+pUPPLljTB143Si6VpEWPc6mSkFhZb/6qrkZyoHlQLbDYnI2D7hD0\nsdzEqfnuAjIsuXQLG3A8TvX6V3oFNBFVe8NlLJHvBseKY88saLwufxkZVwk74g4n\nWlNMXzla9Y5F3wwRHwMVH443xGz6UtGSZSqQ94eFx5X7Tlqt8whi8qCaKdZ5rNak\n+r9nUThOeClqFd4oXych//Rc7Y0eX1KNWHYSI1Nk31mYgiK3JvH063g+K9tHA63Z\neTgKgndlh+WI+zv7i44HepRZjA1FYwYZ9Vv/9UkC5Yz8/yU65fgjaE+wVHM4e/Yy\nC2osrPWE7gJ+dXMCAwEAAaOCAVowggFWMBIGA1UdEwEB/wQIMAYBAf8CAQAwDgYD\nVR0PAQH/BAQDAgGGMB0GA1UdJQQWMBQGCCsGAQUFBwMBBggrBgEFBQcDAjAdBgNV\nHQ4EFgQUwDFSzVpQw4J8dHHOy+mc+XrrguIwHwYDVR0jBBgwFoAUhBjMhTTsvAyU\nlC4IWZzHshBOCggwewYIKwYBBQUHAQEEbzBtMC8GCCsGAQUFBzABhiNodHRwOi8v\nb2NzcC5yb290Y2ExLmFtYXpvbnRydXN0LmNvbTA6BggrBgEFBQcwAoYuaHR0cDov\nL2NydC5yb290Y2ExLmFtYXpvbnRydXN0LmNvbS9yb290Y2ExLmNlcjA/BgNVHR8E\nODA2MDSgMqAwhi5odHRwOi8vY3JsLnJvb3RjYTEuYW1hem9udHJ1c3QuY29tL3Jv\nb3RjYTEuY3JsMBMGA1UdIAQMMAowCAYGZ4EMAQIBMA0GCSqGSIb3DQEBCwUAA4IB\nAQAtTi6Fs0Azfi+iwm7jrz+CSxHH+uHl7Law3MQSXVtR8RV53PtR6r/6gNpqlzdo\nZq4FKbADi1v9Bun8RY8D51uedRfjsbeodizeBB8nXmeyD33Ep7VATj4ozcd31YFV\nfgRhvTSxNrrTlNpWkUk0m3BMPv8sg381HhA6uEYokE5q9uws/3YkKqRiEz3TsaWm\nJqIRZhMbgAfp7O7FUwFIb7UIspogZSKxPIWJpxiPo3TcBambbVtQOcNRWz5qCQdD\nslI2yayq0n2TXoHyNCLEH8rpsJRVILFsg0jc7BaFrMnF462+ajSehgj12IidNeRN\n4zl+EoNaWdpnWndvSpAEkq2P\n-----END CERTIFICATE-----\n",
                "is_ca": true,
                "issuer": "CN=Amazon Root CA 1,O=Amazon,C=US",
                "not_after": "2030-08-23T22:25:30Z",
                "not_before": "2022-08-23T22:25:30Z",
                "public_key_algorithm": "RSA",
                "serial_number": "166129353110899469622597955040406457904926625",
                "sha1_fingerprint": "414a2060b738c635cc7fc243e052615592830c53",
                "signature_algorithm": "SHA256-RSA",
                "subject": "CN=Amazon RSA 2048 M02,O=Amazon,C=US",
                "version": 3
              },
              {
                "cert_pem": "-----BEGIN CERTIFICATE-----\nMIIF7DCCBNSgAwIBAgIQByOkjeOvl//8xMrhlZkruzANBgkqhkiG9w0BAQsFADA8\nMQswCQYDVQQGEwJVUzEPMA0GA1UEChMGQW1hem9uMRwwGgYDVQQDExNBbWF6b24g\nUlNBIDIwNDggTTAyMB4XDTIzMDUxMzAwMDAwMFoXDTI0MDYxMDIzNTk1OVowKzEp\nMCcGA1UEAxMgb2lkYy5la3MudXMtZWFzdC0xLmFtYXpvbmF3cy5jb20wggEiMA0G\nCSqGSIb3DQEBAQUAA4IBDwAwggEKAoIBAQClT+mO1HZk/Gp/3sS6BO8QDhG0yK53\nE11wkdlUn9HEomcqZ2VVhbEG4ahOZY5MLUqIQViMswUueYFov57zyGnPSnH0IrMu\nmL3/dqxEwP96VPm5ZgbjCfartRfJcuYmmMCoWxocMdTq09ECEjawt47i4FmOLJmH\n+UUnisQgHMvPHtCrfL1WYAgdN3ls4meIFkS1CVHLmoCG9MuponJu3+uqw9UHxPZz\nvGLezHUUSzLE0+b+1Wd6DAPJBZmCa+PBweaRfrlqhhgW+QHcCK7XxlfwMxvzwmdv\nicOBHF7SJM/o3opUvrUf/XJCtCDHuv0GQNxyCcpJImQJ4Ae0MtEihY/rAgMBAAGj\nggL5MIIC9TAfBgNVHSMEGDAWgBTAMVLNWlDDgnx0cc7L6Zz5euuC4jAdBgNVHQ4E\nFgQUeamiamg4o8YroTJziJnlxHJnDdEwKwYDVR0RBCQwIoIgb2lkYy5la3MudXMt\nZWFzdC0xLmFtYXpvbmF3cy5jb20wDgYDVR0PAQH/BAQDAgWgMB0GA1UdJQQWMBQG\nCCsGAQUFBwMBBggrBgEFBQcDAjA7BgNVHR8ENDAyMDCgLqAshipodHRwOi8vY3Js\nLnIybTAyLmFtYXpvbnRydXN0LmNvbS9yMm0wMi5jcmwwEwYDVR0gBAwwCjAIBgZn\ngQwBAgEwdQYIKwYBBQUHAQEEaTBnMC0GCCsGAQUFBzABhiFodHRwOi8vb2NzcC5y\nMm0wMi5hbWF6b250cnVzdC5jb20wNgYIKwYBBQUHMAKGKmh0dHA6Ly9jcnQucjJt\nMDIuYW1hem9udHJ1c3QuY29tL3IybTAyLmNlcjAMBgNVHRMBAf8EAjAAMIIBfgYK\nKwYBBAHWeQIEAgSCAW4EggFqAWgAdgDuzdBk1dsazsVct520zROiModGfLzs3sNR\nSFlGcR+1mwAAAYgTgMKgAAAEAwBHMEUCIHtTzRueHJdgA2Wq32YkXNXRJ1ZRD2uC\nQCn025Jin2hCAiEAlV/lCQaMq1JoBRlULDV7n9f/VS8+xyJSVgMFRFwFtzsAdgBI\nsONr2qZHNA/lagL6nTDrHFIBy1bdLIHZu7+rOdiEcwAAAYgTgMLXAAAEAwBHMEUC\nIAKsJE1jj4gpyaa2VgkbHFszMoco2rABil1iy2YvVzmTAiEAsuzpO1atz7WIx1CM\nMU9iMqq58yDpLhjQFktRuWamDlsAdgDatr9rP7W2Ip+bwrtca+hwkXFsu1GEhTS9\npD0wSNf7qwAAAYgTgMKjAAAEAwBHMEUCIHuwITeM92ncsbOvXgXPQjLHDLgReknJ\nTUoo4uIlPetJAiEApQ3W+NHlj6/RhckoAxGn4zE1alq+Y3Bk3JUFAvDrR78wDQYJ\nKoZIhvcNAQELBQADggEBAFNUUzuzuuDQMUvefHzllQPg/zbGNeDRZeOomSl1FrxS\nFJ0CA2vznfoTXAJLS2/aWlQT9mR3h6WlxI5XSUaLrzcZi94F+l6Ixn8DJUhfgf+O\nZUxtmBX91AEQ1ccU+Odj2ILrWdSs28J82ODoPlkJ6OqIYo+kEXrUwy8SM2N9iFJw\nHgZNOwzPQ2Ox/ozlRh6/6OUgYZ84j343BoDnNbTQijLBe6HL4pVw4nPKWrUQnTot\nxMymAcBknnb4X4TcmEoJ0CrB1H6FKfe8yASCLjwSC72Os9ADyADMZqTUSOH1V8Vh\nR3Zv4DlLItu8BHaE59teueLM9AW1PBFMci5JiYrgLEM=\n-----END CERTIFICATE-----\n",
                "is_ca": false,
                "issuer": "CN=Amazon RSA 2048 M02,O=Amazon,C=US",
                "not_after": "2024-06-10T23:59:59Z",
                "not_before": "2023-05-13T00:00:00Z",
                "public_key_algorithm": "RSA",
                "serial_number": "9489663917354420509896793514074254267",
                "sha1_fingerprint": "aaa68bb211d468db8a8a19561ccba2e4043dcc80",
                "signature_algorithm": "SHA256-RSA",
                "subject": "CN=oidc.eks.us-east-1.amazonaws.com",
                "version": 3
              }
            ],
            "content": null,
            "id": "5933588ce34e24e9fb40c3565fb0b5993639df67",
            "url": "https://oidc.eks.us-east-1.amazonaws.com/id/55CEBE7FF41F53C3E48BB83F2E8FA157",
            "verify_chain": true
          },
          "sensitive_attributes": []
        }
      ]
    },
    {
      "module": "module.eks_cluster.module.eks",
      "mode": "managed",
      "type": "aws_cloudwatch_log_group",
      "name": "this",
      "provider": "provider[\"registry.terraform.io/hashicorp/aws\"]",
      "instances": [
        {
          "index_key": 0,
          "schema_version": 0,
          "attributes": {
            "arn": "arn:aws:logs:us-east-1:268050465834:log-group:/aws/eks/eks-blueprint-blue/cluster",
            "id": "/aws/eks/eks-blueprint-blue/cluster",
            "kms_key_id": "",
            "name": "/aws/eks/eks-blueprint-blue/cluster",
            "name_prefix": "",
            "retention_in_days": 90,
            "skip_destroy": false,
            "tags": {
              "Blueprint": "eks-blueprint-blue",
              "GithubRepo": "github.com/aws-ia/terraform-aws-eks-blueprints",
              "Name": "/aws/eks/eks-blueprint-blue/cluster",
              "karpenter.sh/discovery": "eks-blueprint-blue"
            },
            "tags_all": {
              "Blueprint": "eks-blueprint-blue",
              "GithubRepo": "github.com/aws-ia/terraform-aws-eks-blueprints",
              "Name": "/aws/eks/eks-blueprint-blue/cluster",
              "karpenter.sh/discovery": "eks-blueprint-blue"
            }
          },
          "sensitive_attributes": [],
          "private": "bnVsbA==",
          "create_before_destroy": true
        }
      ]
    },
    {
      "module": "module.eks_cluster.module.eks",
      "mode": "managed",
      "type": "aws_ec2_tag",
      "name": "cluster_primary_security_group",
      "provider": "provider[\"registry.terraform.io/hashicorp/aws\"]",
      "instances": [
        {
          "index_key": "Blueprint",
          "schema_version": 0,
          "attributes": {
            "id": "sg-069afd69fe4f5b27b,Blueprint",
            "key": "Blueprint",
            "resource_id": "sg-069afd69fe4f5b27b",
            "value": "eks-blueprint-blue"
          },
          "sensitive_attributes": [],
          "private": "bnVsbA==",
          "dependencies": [
            "module.eks_cluster.data.aws_subnets.private",
            "module.eks_cluster.data.aws_vpc.vpc",
            "module.eks_cluster.module.eks.aws_cloudwatch_log_group.this",
            "module.eks_cluster.module.eks.aws_eks_cluster.this",
            "module.eks_cluster.module.eks.aws_iam_policy.cni_ipv6_policy",
            "module.eks_cluster.module.eks.aws_iam_role.this",
            "module.eks_cluster.module.eks.aws_iam_role_policy_attachment.this",
            "module.eks_cluster.module.eks.aws_security_group.cluster",
            "module.eks_cluster.module.eks.aws_security_group.node",
            "module.eks_cluster.module.eks.aws_security_group_rule.cluster",
            "module.eks_cluster.module.eks.aws_security_group_rule.node",
            "module.eks_cluster.module.eks.data.aws_caller_identity.current",
            "module.eks_cluster.module.eks.data.aws_iam_policy_document.assume_role_policy",
            "module.eks_cluster.module.eks.data.aws_iam_policy_document.cni_ipv6_policy",
            "module.eks_cluster.module.eks.data.aws_iam_session_context.current",
            "module.eks_cluster.module.eks.data.aws_partition.current",
            "module.eks_cluster.module.eks.module.kms.aws_kms_external_key.this",
            "module.eks_cluster.module.eks.module.kms.aws_kms_key.this",
            "module.eks_cluster.module.eks.module.kms.data.aws_caller_identity.current",
            "module.eks_cluster.module.eks.module.kms.data.aws_iam_policy_document.this",
            "module.eks_cluster.module.eks.module.kms.data.aws_partition.current"
          ]
        },
        {
          "index_key": "GithubRepo",
          "schema_version": 0,
          "attributes": {
            "id": "sg-069afd69fe4f5b27b,GithubRepo",
            "key": "GithubRepo",
            "resource_id": "sg-069afd69fe4f5b27b",
            "value": "github.com/aws-ia/terraform-aws-eks-blueprints"
          },
          "sensitive_attributes": [],
          "private": "bnVsbA==",
          "dependencies": [
            "module.eks_cluster.data.aws_subnets.private",
            "module.eks_cluster.data.aws_vpc.vpc",
            "module.eks_cluster.module.eks.aws_cloudwatch_log_group.this",
            "module.eks_cluster.module.eks.aws_eks_cluster.this",
            "module.eks_cluster.module.eks.aws_iam_policy.cni_ipv6_policy",
            "module.eks_cluster.module.eks.aws_iam_role.this",
            "module.eks_cluster.module.eks.aws_iam_role_policy_attachment.this",
            "module.eks_cluster.module.eks.aws_security_group.cluster",
            "module.eks_cluster.module.eks.aws_security_group.node",
            "module.eks_cluster.module.eks.aws_security_group_rule.cluster",
            "module.eks_cluster.module.eks.aws_security_group_rule.node",
            "module.eks_cluster.module.eks.data.aws_caller_identity.current",
            "module.eks_cluster.module.eks.data.aws_iam_policy_document.assume_role_policy",
            "module.eks_cluster.module.eks.data.aws_iam_policy_document.cni_ipv6_policy",
            "module.eks_cluster.module.eks.data.aws_iam_session_context.current",
            "module.eks_cluster.module.eks.data.aws_partition.current",
            "module.eks_cluster.module.eks.module.kms.aws_kms_external_key.this",
            "module.eks_cluster.module.eks.module.kms.aws_kms_key.this",
            "module.eks_cluster.module.eks.module.kms.data.aws_caller_identity.current",
            "module.eks_cluster.module.eks.module.kms.data.aws_iam_policy_document.this",
            "module.eks_cluster.module.eks.module.kms.data.aws_partition.current"
          ]
        },
        {
          "index_key": "karpenter.sh/discovery",
          "schema_version": 0,
          "attributes": {
            "id": "sg-069afd69fe4f5b27b,karpenter.sh/discovery",
            "key": "karpenter.sh/discovery",
            "resource_id": "sg-069afd69fe4f5b27b",
            "value": "eks-blueprint-blue"
          },
          "sensitive_attributes": [],
          "private": "bnVsbA==",
          "dependencies": [
            "module.eks_cluster.data.aws_subnets.private",
            "module.eks_cluster.data.aws_vpc.vpc",
            "module.eks_cluster.module.eks.aws_cloudwatch_log_group.this",
            "module.eks_cluster.module.eks.aws_eks_cluster.this",
            "module.eks_cluster.module.eks.aws_iam_policy.cni_ipv6_policy",
            "module.eks_cluster.module.eks.aws_iam_role.this",
            "module.eks_cluster.module.eks.aws_iam_role_policy_attachment.this",
            "module.eks_cluster.module.eks.aws_security_group.cluster",
            "module.eks_cluster.module.eks.aws_security_group.node",
            "module.eks_cluster.module.eks.aws_security_group_rule.cluster",
            "module.eks_cluster.module.eks.aws_security_group_rule.node",
            "module.eks_cluster.module.eks.data.aws_caller_identity.current",
            "module.eks_cluster.module.eks.data.aws_iam_policy_document.assume_role_policy",
            "module.eks_cluster.module.eks.data.aws_iam_policy_document.cni_ipv6_policy",
            "module.eks_cluster.module.eks.data.aws_iam_session_context.current",
            "module.eks_cluster.module.eks.data.aws_partition.current",
            "module.eks_cluster.module.eks.module.kms.aws_kms_external_key.this",
            "module.eks_cluster.module.eks.module.kms.aws_kms_key.this",
            "module.eks_cluster.module.eks.module.kms.data.aws_caller_identity.current",
            "module.eks_cluster.module.eks.module.kms.data.aws_iam_policy_document.this",
            "module.eks_cluster.module.eks.module.kms.data.aws_partition.current"
          ]
        }
      ]
    },
    {
      "module": "module.eks_cluster.module.eks",
      "mode": "managed",
      "type": "aws_eks_cluster",
      "name": "this",
      "provider": "provider[\"registry.terraform.io/hashicorp/aws\"]",
      "instances": [
        {
          "index_key": 0,
          "schema_version": 0,
          "attributes": {
            "arn": "arn:aws:eks:us-east-1:268050465834:cluster/eks-blueprint-blue",
            "certificate_authority": [
              {
                "data": "LS0tLS1CRUdJTiBDRVJUSUZJQ0FURS0tLS0tCk1JSURCVENDQWUyZ0F3SUJBZ0lJTXVxNW5UUkwzVTh3RFFZSktvWklodmNOQVFFTEJRQXdGVEVUTUJFR0ExVUUKQXhNS2EzVmlaWEp1WlhSbGN6QWVGdzB5TXpFd01qWXhPVFF6TXpKYUZ3MHpNekV3TWpNeE9UUTRNekphTUJVeApFekFSQmdOVkJBTVRDbXQxWW1WeWJtVjBaWE13Z2dFaU1BMEdDU3FHU0liM0RRRUJBUVVBQTRJQkR3QXdnZ0VLCkFvSUJBUUMvd3VZU2M3TVU0UC82MU1PaFRrZUJwUGduZVByWGVoMGJDVG5ZV0NNZXh3WE5qK2tjUXFBd0pFSC8KRGdwZmY1SzNDeTJnTlIyaG4vZEN6Y3BtRERsYWUxV0xtNkU4dGlyZUZkcm5QYWxrS1U1Mk9aMFdVSEZvSGZZdQpmYWhzR3g1ejMycE90SUl1ejRCb3lRdnZoaHphZXU2QkwyR3ZsWk00NzhjQUdrN0l6cTdPa003SGtTNHAzVWJlCkpVMy8yOXlmOTRSTkV6VC9aVFN6TlFjVEhSZXVtRUZkeWxseklYUnRNakdzL212ZmZmbEE5Nm83aEsvdjV4TDEKMjhZVUcySVh1UDVHWkVEWDVJYjFLVzR2S25kdmEwRDJ2VTJtTCtYN0VPbjVNZElhWUxiM0R2RTJOM2E4UEptVApVK2svREtscm9aOGxkaEZPUFhRaDdUcjdOVGlwQWdNQkFBR2pXVEJYTUE0R0ExVWREd0VCL3dRRUF3SUNwREFQCkJnTlZIUk1CQWY4RUJUQURBUUgvTUIwR0ExVWREZ1FXQkJRR2RwdVZWV0FvUEU2a00xZ2grMHBDaG9UNUtEQVYKQmdOVkhSRUVEakFNZ2dwcmRXSmxjbTVsZEdWek1BMEdDU3FHU0liM0RRRUJDd1VBQTRJQkFRQ3NMU3dwcDQrSApDNW84TVQrR05MU1YyRDNpNUpOd0psWGRpM2VSRE9yTnVOWEcwanVzU3YxMEFsc1dsVmNGRHFJVnZseW1pcW95CjBFYzlUZE9TSHdvWGh1aW5vckpzS0FsVU5oZDF5S2JMY3FpaCsvV0d5YjNLeGR2YkRWYWR2RnhXMjNrRVpKZUcKTjdLOWl5OGxhY2crTEk4eDJFdzNqdGdUM3FPMGQxKy9SVEFkT1BxTUFuREllMXBZemFwaUdXZk1KR0psZWdYWQpET0taZG9Qb3NKM1lUd3JDVGxtRzRXMkgxV3N1UDIraXJmMkZ2NHZGQlJXZkdQeFNmU1d1cHVIaFBPc0RRR2JqCnZNTk5ySk8veHloTHlBWXVLcHJISDBBNS9tZ3o0ZHBhZmh4VDFWaGdvV1RGWkRJemdPaXk3Vkl3R1piZ2dNYWIKa0ttUnpmWkxsNnI5Ci0tLS0tRU5EIENFUlRJRklDQVRFLS0tLS0K"
              }
            ],
            "cluster_id": null,
            "created_at": "2023-10-26 19:42:38.113 +0000 UTC",
            "enabled_cluster_log_types": [
              "api",
              "audit",
              "authenticator"
            ],
            "encryption_config": [
              {
                "provider": [
                  {
                    "key_arn": "arn:aws:kms:us-east-1:268050465834:key/4c592146-4f22-4846-8699-64823928d5cb"
                  }
                ],
                "resources": [
                  "secrets"
                ]
              }
            ],
            "endpoint": "https://55CEBE7FF41F53C3E48BB83F2E8FA157.gr7.us-east-1.eks.amazonaws.com",
            "id": "eks-blueprint-blue",
            "identity": [
              {
                "oidc": [
                  {
                    "issuer": "https://oidc.eks.us-east-1.amazonaws.com/id/55CEBE7FF41F53C3E48BB83F2E8FA157"
                  }
                ]
              }
            ],
            "kubernetes_network_config": [
              {
                "ip_family": "ipv4",
                "service_ipv4_cidr": "172.20.0.0/16",
                "service_ipv6_cidr": ""
              }
            ],
            "name": "eks-blueprint-blue",
            "outpost_config": [],
            "platform_version": "eks.7",
            "role_arn": "arn:aws:iam::268050465834:role/eks-blueprint-blue-cluster-20231026193954882000000001",
            "status": "ACTIVE",
            "tags": {
              "Blueprint": "eks-blueprint-blue",
              "GithubRepo": "github.com/aws-ia/terraform-aws-eks-blueprints",
              "karpenter.sh/discovery": "eks-blueprint-blue"
            },
            "tags_all": {
              "Blueprint": "eks-blueprint-blue",
              "GithubRepo": "github.com/aws-ia/terraform-aws-eks-blueprints",
              "karpenter.sh/discovery": "eks-blueprint-blue"
            },
            "timeouts": {
              "create": null,
              "delete": null,
              "update": null
            },
            "version": "1.26",
            "vpc_config": [
              {
                "cluster_security_group_id": "sg-069afd69fe4f5b27b",
                "endpoint_private_access": true,
                "endpoint_public_access": true,
                "public_access_cidrs": [
                  "0.0.0.0/0"
                ],
                "security_group_ids": [
                  "sg-0f531de3fc47ca02d"
                ],
                "subnet_ids": [
                  "subnet-08c2e4fff307dcfd0",
                  "subnet-0b5f786b20a32dbab",
                  "subnet-0bb30489283d7c13e"
                ],
                "vpc_id": "vpc-065c43b0612cc9222"
              }
            ]
          },
          "sensitive_attributes": [],
          "private": "eyJlMmJmYjczMC1lY2FhLTExZTYtOGY4OC0zNDM2M2JjN2M0YzAiOnsiY3JlYXRlIjoxODAwMDAwMDAwMDAwLCJkZWxldGUiOjkwMDAwMDAwMDAwMCwidXBkYXRlIjozNjAwMDAwMDAwMDAwfX0=",
          "dependencies": [
            "module.eks_cluster.data.aws_subnets.private",
            "module.eks_cluster.data.aws_vpc.vpc",
            "module.eks_cluster.module.eks.aws_cloudwatch_log_group.this",
            "module.eks_cluster.module.eks.aws_iam_policy.cni_ipv6_policy",
            "module.eks_cluster.module.eks.aws_iam_role.this",
            "module.eks_cluster.module.eks.aws_iam_role_policy_attachment.this",
            "module.eks_cluster.module.eks.aws_security_group.cluster",
            "module.eks_cluster.module.eks.aws_security_group.node",
            "module.eks_cluster.module.eks.aws_security_group_rule.cluster",
            "module.eks_cluster.module.eks.aws_security_group_rule.node",
            "module.eks_cluster.module.eks.data.aws_caller_identity.current",
            "module.eks_cluster.module.eks.data.aws_iam_policy_document.assume_role_policy",
            "module.eks_cluster.module.eks.data.aws_iam_policy_document.cni_ipv6_policy",
            "module.eks_cluster.module.eks.data.aws_iam_session_context.current",
            "module.eks_cluster.module.eks.data.aws_partition.current",
            "module.eks_cluster.module.eks.module.kms.aws_kms_external_key.this",
            "module.eks_cluster.module.eks.module.kms.aws_kms_key.this",
            "module.eks_cluster.module.eks.module.kms.data.aws_caller_identity.current",
            "module.eks_cluster.module.eks.module.kms.data.aws_iam_policy_document.this",
            "module.eks_cluster.module.eks.module.kms.data.aws_partition.current"
          ],
          "create_before_destroy": true
        }
      ]
    },
    {
      "module": "module.eks_cluster.module.eks",
      "mode": "managed",
      "type": "aws_iam_openid_connect_provider",
      "name": "oidc_provider",
      "provider": "provider[\"registry.terraform.io/hashicorp/aws\"]",
      "instances": [
        {
          "index_key": 0,
          "schema_version": 0,
          "attributes": {
            "arn": "arn:aws:iam::268050465834:oidc-provider/oidc.eks.us-east-1.amazonaws.com/id/55CEBE7FF41F53C3E48BB83F2E8FA157",
            "client_id_list": [
              "sts.amazonaws.com"
            ],
            "id": "arn:aws:iam::268050465834:oidc-provider/oidc.eks.us-east-1.amazonaws.com/id/55CEBE7FF41F53C3E48BB83F2E8FA157",
            "tags": {
              "Blueprint": "eks-blueprint-blue",
              "GithubRepo": "github.com/aws-ia/terraform-aws-eks-blueprints",
              "Name": "eks-blueprint-blue-eks-irsa",
              "karpenter.sh/discovery": "eks-blueprint-blue"
            },
            "tags_all": {
              "Blueprint": "eks-blueprint-blue",
              "GithubRepo": "github.com/aws-ia/terraform-aws-eks-blueprints",
              "Name": "eks-blueprint-blue-eks-irsa",
              "karpenter.sh/discovery": "eks-blueprint-blue"
            },
            "thumbprint_list": [
              "9e99a48a9960b14926bb7f3b02e22da2b0ab7280",
              "06b25927c42a721631c1efd9431e648fa62e1e39",
              "414a2060b738c635cc7fc243e052615592830c53",
              "aaa68bb211d468db8a8a19561ccba2e4043dcc80"
            ],
            "url": "oidc.eks.us-east-1.amazonaws.com/id/55CEBE7FF41F53C3E48BB83F2E8FA157"
          },
          "sensitive_attributes": [],
          "private": "bnVsbA==",
          "dependencies": [
            "module.eks_cluster.data.aws_subnets.private",
            "module.eks_cluster.data.aws_vpc.vpc",
            "module.eks_cluster.module.eks.aws_cloudwatch_log_group.this",
            "module.eks_cluster.module.eks.aws_eks_cluster.this",
            "module.eks_cluster.module.eks.aws_iam_policy.cni_ipv6_policy",
            "module.eks_cluster.module.eks.aws_iam_role.this",
            "module.eks_cluster.module.eks.aws_iam_role_policy_attachment.this",
            "module.eks_cluster.module.eks.aws_security_group.cluster",
            "module.eks_cluster.module.eks.aws_security_group.node",
            "module.eks_cluster.module.eks.aws_security_group_rule.cluster",
            "module.eks_cluster.module.eks.aws_security_group_rule.node",
            "module.eks_cluster.module.eks.data.aws_caller_identity.current",
            "module.eks_cluster.module.eks.data.aws_iam_policy_document.assume_role_policy",
            "module.eks_cluster.module.eks.data.aws_iam_policy_document.cni_ipv6_policy",
            "module.eks_cluster.module.eks.data.aws_iam_session_context.current",
            "module.eks_cluster.module.eks.data.aws_partition.current",
            "module.eks_cluster.module.eks.data.tls_certificate.this",
            "module.eks_cluster.module.eks.module.kms.aws_kms_external_key.this",
            "module.eks_cluster.module.eks.module.kms.aws_kms_key.this",
            "module.eks_cluster.module.eks.module.kms.data.aws_caller_identity.current",
            "module.eks_cluster.module.eks.module.kms.data.aws_iam_policy_document.this",
            "module.eks_cluster.module.eks.module.kms.data.aws_partition.current"
          ]
        }
      ]
    },
    {
      "module": "module.eks_cluster.module.eks",
      "mode": "managed",
      "type": "aws_iam_policy",
      "name": "cluster_encryption",
      "provider": "provider[\"registry.terraform.io/hashicorp/aws\"]",
      "instances": [
        {
          "index_key": 0,
          "schema_version": 0,
          "attributes": {
            "arn": "arn:aws:iam::268050465834:policy/eks-blueprint-blue-cluster-ClusterEncryption2023102619402036710000000a",
            "description": "Cluster encryption policy to allow cluster role to utilize CMK provided",
            "id": "arn:aws:iam::268050465834:policy/eks-blueprint-blue-cluster-ClusterEncryption2023102619402036710000000a",
            "name": "eks-blueprint-blue-cluster-ClusterEncryption2023102619402036710000000a",
            "name_prefix": "eks-blueprint-blue-cluster-ClusterEncryption",
            "path": "/",
            "policy": "{\"Statement\":[{\"Action\":[\"kms:Encrypt\",\"kms:Decrypt\",\"kms:ListGrants\",\"kms:DescribeKey\"],\"Effect\":\"Allow\",\"Resource\":\"arn:aws:kms:us-east-1:268050465834:key/4c592146-4f22-4846-8699-64823928d5cb\"}],\"Version\":\"2012-10-17\"}",
            "policy_id": "ANPAT42INQQVFOENFNDVH",
            "tags": {
              "Blueprint": "eks-blueprint-blue",
              "GithubRepo": "github.com/aws-ia/terraform-aws-eks-blueprints",
              "karpenter.sh/discovery": "eks-blueprint-blue"
            },
            "tags_all": {
              "Blueprint": "eks-blueprint-blue",
              "GithubRepo": "github.com/aws-ia/terraform-aws-eks-blueprints",
              "karpenter.sh/discovery": "eks-blueprint-blue"
            }
          },
          "sensitive_attributes": [],
          "private": "bnVsbA==",
          "dependencies": [
            "module.eks_cluster.module.eks.aws_iam_role.this",
            "module.eks_cluster.module.eks.data.aws_caller_identity.current",
            "module.eks_cluster.module.eks.data.aws_iam_policy_document.assume_role_policy",
            "module.eks_cluster.module.eks.data.aws_iam_session_context.current",
            "module.eks_cluster.module.eks.data.aws_partition.current",
            "module.eks_cluster.module.eks.module.kms.aws_kms_external_key.this",
            "module.eks_cluster.module.eks.module.kms.aws_kms_key.this",
            "module.eks_cluster.module.eks.module.kms.data.aws_caller_identity.current",
            "module.eks_cluster.module.eks.module.kms.data.aws_iam_policy_document.this",
            "module.eks_cluster.module.eks.module.kms.data.aws_partition.current"
          ]
        }
      ]
    },
    {
      "module": "module.eks_cluster.module.eks",
      "mode": "managed",
      "type": "aws_iam_role",
      "name": "this",
      "provider": "provider[\"registry.terraform.io/hashicorp/aws\"]",
      "instances": [
        {
          "index_key": 0,
          "schema_version": 0,
          "attributes": {
            "arn": "arn:aws:iam::268050465834:role/eks-blueprint-blue-cluster-20231026193954882000000001",
            "assume_role_policy": "{\"Statement\":[{\"Action\":\"sts:AssumeRole\",\"Effect\":\"Allow\",\"Principal\":{\"Service\":\"eks.amazonaws.com\"},\"Sid\":\"EKSClusterAssumeRole\"}],\"Version\":\"2012-10-17\"}",
            "create_date": "2023-10-26T19:39:55Z",
            "description": "",
            "force_detach_policies": true,
            "id": "eks-blueprint-blue-cluster-20231026193954882000000001",
            "inline_policy": [
              {
                "name": "eks-blueprint-blue-cluster",
                "policy": "{\"Version\":\"2012-10-17\",\"Statement\":[{\"Action\":[\"logs:CreateLogGroup\"],\"Effect\":\"Deny\",\"Resource\":\"*\"}]}"
              }
            ],
            "managed_policy_arns": [
              "arn:aws:iam::268050465834:policy/eks-blueprint-blue-cluster-ClusterEncryption2023102619402036710000000a",
              "arn:aws:iam::aws:policy/AmazonEKSClusterPolicy",
              "arn:aws:iam::aws:policy/AmazonEKSVPCResourceController"
            ],
            "max_session_duration": 3600,
            "name": "eks-blueprint-blue-cluster-20231026193954882000000001",
            "name_prefix": "eks-blueprint-blue-cluster-",
            "path": "/",
            "permissions_boundary": null,
            "tags": {
              "Blueprint": "eks-blueprint-blue",
              "GithubRepo": "github.com/aws-ia/terraform-aws-eks-blueprints",
              "karpenter.sh/discovery": "eks-blueprint-blue"
            },
            "tags_all": {
              "Blueprint": "eks-blueprint-blue",
              "GithubRepo": "github.com/aws-ia/terraform-aws-eks-blueprints",
              "karpenter.sh/discovery": "eks-blueprint-blue"
            },
            "unique_id": "AROAT42INQQVD6JXEFVHL"
          },
          "sensitive_attributes": [],
          "private": "bnVsbA==",
          "dependencies": [
            "module.eks_cluster.module.eks.data.aws_iam_policy_document.assume_role_policy",
            "module.eks_cluster.module.eks.data.aws_partition.current"
          ],
          "create_before_destroy": true
        }
      ]
    },
    {
      "module": "module.eks_cluster.module.eks",
      "mode": "managed",
      "type": "aws_iam_role_policy_attachment",
      "name": "cluster_encryption",
      "provider": "provider[\"registry.terraform.io/hashicorp/aws\"]",
      "instances": [
        {
          "index_key": 0,
          "schema_version": 0,
          "attributes": {
            "id": "eks-blueprint-blue-cluster-20231026193954882000000001-2023102619402094590000000b",
            "policy_arn": "arn:aws:iam::268050465834:policy/eks-blueprint-blue-cluster-ClusterEncryption2023102619402036710000000a",
            "role": "eks-blueprint-blue-cluster-20231026193954882000000001"
          },
          "sensitive_attributes": [],
          "private": "bnVsbA==",
          "dependencies": [
            "module.eks_cluster.module.eks.aws_iam_policy.cluster_encryption",
            "module.eks_cluster.module.eks.aws_iam_role.this",
            "module.eks_cluster.module.eks.data.aws_caller_identity.current",
            "module.eks_cluster.module.eks.data.aws_iam_policy_document.assume_role_policy",
            "module.eks_cluster.module.eks.data.aws_iam_session_context.current",
            "module.eks_cluster.module.eks.data.aws_partition.current",
            "module.eks_cluster.module.eks.module.kms.aws_kms_external_key.this",
            "module.eks_cluster.module.eks.module.kms.aws_kms_key.this",
            "module.eks_cluster.module.eks.module.kms.data.aws_caller_identity.current",
            "module.eks_cluster.module.eks.module.kms.data.aws_iam_policy_document.this",
            "module.eks_cluster.module.eks.module.kms.data.aws_partition.current"
          ]
        }
      ]
    },
    {
      "module": "module.eks_cluster.module.eks",
      "mode": "managed",
      "type": "aws_iam_role_policy_attachment",
      "name": "this",
      "provider": "provider[\"registry.terraform.io/hashicorp/aws\"]",
      "instances": [
        {
          "index_key": "AmazonEKSClusterPolicy",
          "schema_version": 0,
          "attributes": {
            "id": "eks-blueprint-blue-cluster-20231026193954882000000001-20231026193956864300000009",
            "policy_arn": "arn:aws:iam::aws:policy/AmazonEKSClusterPolicy",
            "role": "eks-blueprint-blue-cluster-20231026193954882000000001"
          },
          "sensitive_attributes": [],
          "private": "bnVsbA==",
          "dependencies": [
            "module.eks_cluster.module.eks.aws_iam_role.this",
            "module.eks_cluster.module.eks.data.aws_iam_policy_document.assume_role_policy",
            "module.eks_cluster.module.eks.data.aws_partition.current"
          ],
          "create_before_destroy": true
        },
        {
          "index_key": "AmazonEKSVPCResourceController",
          "schema_version": 0,
          "attributes": {
            "id": "eks-blueprint-blue-cluster-20231026193954882000000001-20231026193956669500000008",
            "policy_arn": "arn:aws:iam::aws:policy/AmazonEKSVPCResourceController",
            "role": "eks-blueprint-blue-cluster-20231026193954882000000001"
          },
          "sensitive_attributes": [],
          "private": "bnVsbA==",
          "dependencies": [
            "module.eks_cluster.module.eks.aws_iam_role.this",
            "module.eks_cluster.module.eks.data.aws_iam_policy_document.assume_role_policy",
            "module.eks_cluster.module.eks.data.aws_partition.current"
          ],
          "create_before_destroy": true
        }
      ]
    },
    {
      "module": "module.eks_cluster.module.eks",
      "mode": "managed",
      "type": "aws_security_group",
      "name": "cluster",
      "provider": "provider[\"registry.terraform.io/hashicorp/aws\"]",
      "instances": [
        {
          "index_key": 0,
          "schema_version": 1,
          "attributes": {
            "arn": "arn:aws:ec2:us-east-1:268050465834:security-group/sg-0f531de3fc47ca02d",
            "description": "EKS cluster security group",
            "egress": [],
            "id": "sg-0f531de3fc47ca02d",
            "ingress": [
              {
                "cidr_blocks": [],
                "description": "Node groups to cluster API",
                "from_port": 443,
                "ipv6_cidr_blocks": [],
                "prefix_list_ids": [],
                "protocol": "tcp",
                "security_groups": [
                  "sg-0bb40785f615868a0"
                ],
                "self": false,
                "to_port": 443
              }
            ],
            "name": "eks-blueprint-blue-cluster-20231026193954885000000003",
            "name_prefix": "eks-blueprint-blue-cluster-",
            "owner_id": "268050465834",
            "revoke_rules_on_delete": false,
            "tags": {
              "Blueprint": "eks-blueprint-blue",
              "GithubRepo": "github.com/aws-ia/terraform-aws-eks-blueprints",
              "Name": "eks-blueprint-blue-cluster",
              "karpenter.sh/discovery": "eks-blueprint-blue"
            },
            "tags_all": {
              "Blueprint": "eks-blueprint-blue",
              "GithubRepo": "github.com/aws-ia/terraform-aws-eks-blueprints",
              "Name": "eks-blueprint-blue-cluster",
              "karpenter.sh/discovery": "eks-blueprint-blue"
            },
            "timeouts": null,
            "vpc_id": "vpc-065c43b0612cc9222"
          },
          "sensitive_attributes": [],
          "private": "eyJlMmJmYjczMC1lY2FhLTExZTYtOGY4OC0zNDM2M2JjN2M0YzAiOnsiY3JlYXRlIjo2MDAwMDAwMDAwMDAsImRlbGV0ZSI6OTAwMDAwMDAwMDAwfSwic2NoZW1hX3ZlcnNpb24iOiIxIn0=",
          "dependencies": [
            "module.eks_cluster.data.aws_vpc.vpc"
          ],
          "create_before_destroy": true
        }
      ]
    },
    {
      "module": "module.eks_cluster.module.eks",
      "mode": "managed",
      "type": "aws_security_group",
      "name": "node",
      "provider": "provider[\"registry.terraform.io/hashicorp/aws\"]",
      "instances": [
        {
          "index_key": 0,
          "schema_version": 1,
          "attributes": {
            "arn": "arn:aws:ec2:us-east-1:268050465834:security-group/sg-0bb40785f615868a0",
            "description": "EKS node shared security group",
            "egress": [
              {
                "cidr_blocks": [
                  "0.0.0.0/0"
                ],
                "description": "Allow all egress",
                "from_port": 0,
                "ipv6_cidr_blocks": [],
                "prefix_list_ids": [],
                "protocol": "-1",
                "security_groups": [],
                "self": false,
                "to_port": 0
              }
            ],
            "id": "sg-0bb40785f615868a0",
            "ingress": [
              {
                "cidr_blocks": [],
                "description": "",
                "from_port": 0,
                "ipv6_cidr_blocks": [],
                "prefix_list_ids": [],
                "protocol": "-1",
                "security_groups": [
                  "sg-0bf9b35e5f1626667"
                ],
                "self": false,
                "to_port": 0
              },
              {
                "cidr_blocks": [],
                "description": "",
                "from_port": 15017,
                "ipv6_cidr_blocks": [],
                "prefix_list_ids": [],
                "protocol": "tcp",
                "security_groups": [
                  "sg-0560b6a9179046870",
                  "sg-069afd69fe4f5b27b"
                ],
                "self": false,
                "to_port": 15017
              },
              {
                "cidr_blocks": [],
                "description": "Cluster API to node 4443/tcp webhook",
                "from_port": 4443,
                "ipv6_cidr_blocks": [],
                "prefix_list_ids": [],
                "protocol": "tcp",
                "security_groups": [
                  "sg-0f531de3fc47ca02d"
                ],
                "self": false,
                "to_port": 4443
              },
              {
                "cidr_blocks": [],
                "description": "Cluster API to node 6443/tcp webhook",
                "from_port": 6443,
                "ipv6_cidr_blocks": [],
                "prefix_list_ids": [],
                "protocol": "tcp",
                "security_groups": [
                  "sg-0f531de3fc47ca02d"
                ],
                "self": false,
                "to_port": 6443
              },
              {
                "cidr_blocks": [],
                "description": "Cluster API to node 8443/tcp webhook",
                "from_port": 8443,
                "ipv6_cidr_blocks": [],
                "prefix_list_ids": [],
                "protocol": "tcp",
                "security_groups": [
                  "sg-0f531de3fc47ca02d"
                ],
                "self": false,
                "to_port": 8443
              },
              {
                "cidr_blocks": [],
                "description": "Cluster API to node 9443/tcp webhook",
                "from_port": 9443,
                "ipv6_cidr_blocks": [],
                "prefix_list_ids": [],
                "protocol": "tcp",
                "security_groups": [
                  "sg-0f531de3fc47ca02d"
                ],
                "self": false,
                "to_port": 9443
              },
              {
                "cidr_blocks": [],
                "description": "Cluster API to node groups",
                "from_port": 443,
                "ipv6_cidr_blocks": [],
                "prefix_list_ids": [],
                "protocol": "tcp",
                "security_groups": [
                  "sg-0f531de3fc47ca02d"
                ],
                "self": false,
                "to_port": 443
              },
              {
                "cidr_blocks": [],
                "description": "Cluster API to node kubelets",
                "from_port": 10250,
                "ipv6_cidr_blocks": [],
                "prefix_list_ids": [],
                "protocol": "tcp",
                "security_groups": [
                  "sg-0f531de3fc47ca02d"
                ],
                "self": false,
                "to_port": 10250
              },
              {
                "cidr_blocks": [],
                "description": "Node to node CoreDNS UDP",
                "from_port": 53,
                "ipv6_cidr_blocks": [],
                "prefix_list_ids": [],
                "protocol": "udp",
                "security_groups": [],
                "self": true,
                "to_port": 53
              },
              {
                "cidr_blocks": [],
                "description": "Node to node CoreDNS",
                "from_port": 53,
                "ipv6_cidr_blocks": [],
                "prefix_list_ids": [],
                "protocol": "tcp",
                "security_groups": [],
                "self": true,
                "to_port": 53
              },
              {
                "cidr_blocks": [],
                "description": "Node to node ingress on ephemeral ports",
                "from_port": 1025,
                "ipv6_cidr_blocks": [],
                "prefix_list_ids": [],
                "protocol": "tcp",
                "security_groups": [],
                "self": true,
                "to_port": 65535
              }
            ],
            "name": "eks-blueprint-blue-node-20231026193954883900000002",
            "name_prefix": "eks-blueprint-blue-node-",
            "owner_id": "268050465834",
            "revoke_rules_on_delete": false,
            "tags": {
              "Blueprint": "eks-blueprint-blue",
              "GithubRepo": "github.com/aws-ia/terraform-aws-eks-blueprints",
              "Name": "eks-blueprint-blue-node",
              "karpenter.sh/discovery": "eks-blueprint-blue",
              "kubernetes.io/cluster/eks-blueprint-blue": "owned"
            },
            "tags_all": {
              "Blueprint": "eks-blueprint-blue",
              "GithubRepo": "github.com/aws-ia/terraform-aws-eks-blueprints",
              "Name": "eks-blueprint-blue-node",
              "karpenter.sh/discovery": "eks-blueprint-blue",
              "kubernetes.io/cluster/eks-blueprint-blue": "owned"
            },
            "timeouts": null,
            "vpc_id": "vpc-065c43b0612cc9222"
          },
          "sensitive_attributes": [],
          "private": "eyJlMmJmYjczMC1lY2FhLTExZTYtOGY4OC0zNDM2M2JjN2M0YzAiOnsiY3JlYXRlIjo2MDAwMDAwMDAwMDAsImRlbGV0ZSI6OTAwMDAwMDAwMDAwfSwic2NoZW1hX3ZlcnNpb24iOiIxIn0=",
          "dependencies": [
            "module.eks_cluster.data.aws_vpc.vpc"
          ],
          "create_before_destroy": true
        }
      ]
    },
    {
      "module": "module.eks_cluster.module.eks",
      "mode": "managed",
      "type": "aws_security_group_rule",
      "name": "cluster",
      "provider": "provider[\"registry.terraform.io/hashicorp/aws\"]",
      "instances": [
        {
          "index_key": "ingress_nodes_443",
          "schema_version": 2,
          "attributes": {
            "cidr_blocks": null,
            "description": "Node groups to cluster API",
            "from_port": 443,
            "id": "sgrule-3156273986",
            "ipv6_cidr_blocks": null,
            "prefix_list_ids": null,
            "protocol": "tcp",
            "security_group_id": "sg-0f531de3fc47ca02d",
            "security_group_rule_id": "sgr-0bdd5530e4b604d2c",
            "self": false,
            "source_security_group_id": "sg-0bb40785f615868a0",
            "timeouts": null,
            "to_port": 443,
            "type": "ingress"
          },
          "sensitive_attributes": [],
          "private": "eyJlMmJmYjczMC1lY2FhLTExZTYtOGY4OC0zNDM2M2JjN2M0YzAiOnsiY3JlYXRlIjozMDAwMDAwMDAwMDB9LCJzY2hlbWFfdmVyc2lvbiI6IjIifQ==",
          "dependencies": [
            "module.eks_cluster.data.aws_vpc.vpc",
            "module.eks_cluster.module.eks.aws_security_group.cluster",
            "module.eks_cluster.module.eks.aws_security_group.node"
          ],
          "create_before_destroy": true
        }
      ]
    },
    {
      "module": "module.eks_cluster.module.eks",
      "mode": "managed",
      "type": "aws_security_group_rule",
      "name": "node",
      "provider": "provider[\"registry.terraform.io/hashicorp/aws\"]",
      "instances": [
        {
          "index_key": "egress_all",
          "schema_version": 2,
          "attributes": {
            "cidr_blocks": [
              "0.0.0.0/0"
            ],
            "description": "Allow all egress",
            "from_port": 0,
            "id": "sgrule-2009454585",
            "ipv6_cidr_blocks": null,
            "prefix_list_ids": [],
            "protocol": "-1",
            "security_group_id": "sg-0bb40785f615868a0",
            "security_group_rule_id": "sgr-0e3e361261cb2505c",
            "self": false,
            "source_security_group_id": null,
            "timeouts": null,
            "to_port": 0,
            "type": "egress"
          },
          "sensitive_attributes": [],
          "private": "eyJlMmJmYjczMC1lY2FhLTExZTYtOGY4OC0zNDM2M2JjN2M0YzAiOnsiY3JlYXRlIjozMDAwMDAwMDAwMDB9LCJzY2hlbWFfdmVyc2lvbiI6IjIifQ==",
          "dependencies": [
            "module.eks_cluster.data.aws_vpc.vpc",
            "module.eks_cluster.module.eks.aws_security_group.cluster",
            "module.eks_cluster.module.eks.aws_security_group.node"
          ],
          "create_before_destroy": true
        },
        {
          "index_key": "ingress_cluster_443",
          "schema_version": 2,
          "attributes": {
            "cidr_blocks": null,
            "description": "Cluster API to node groups",
            "from_port": 443,
            "id": "sgrule-3987495011",
            "ipv6_cidr_blocks": null,
            "prefix_list_ids": [],
            "protocol": "tcp",
            "security_group_id": "sg-0bb40785f615868a0",
            "security_group_rule_id": "sgr-07de4c9c8f7291be7",
            "self": false,
            "source_security_group_id": "sg-0f531de3fc47ca02d",
            "timeouts": null,
            "to_port": 443,
            "type": "ingress"
          },
          "sensitive_attributes": [],
          "private": "eyJlMmJmYjczMC1lY2FhLTExZTYtOGY4OC0zNDM2M2JjN2M0YzAiOnsiY3JlYXRlIjozMDAwMDAwMDAwMDB9LCJzY2hlbWFfdmVyc2lvbiI6IjIifQ==",
          "dependencies": [
            "module.eks_cluster.data.aws_vpc.vpc",
            "module.eks_cluster.module.eks.aws_security_group.cluster",
            "module.eks_cluster.module.eks.aws_security_group.node"
          ],
          "create_before_destroy": true
        },
        {
          "index_key": "ingress_cluster_4443_webhook",
          "schema_version": 2,
          "attributes": {
            "cidr_blocks": null,
            "description": "Cluster API to node 4443/tcp webhook",
            "from_port": 4443,
            "id": "sgrule-1099136448",
            "ipv6_cidr_blocks": null,
            "prefix_list_ids": [],
            "protocol": "tcp",
            "security_group_id": "sg-0bb40785f615868a0",
            "security_group_rule_id": "sgr-0b126da1a430ed30d",
            "self": false,
            "source_security_group_id": "sg-0f531de3fc47ca02d",
            "timeouts": null,
            "to_port": 4443,
            "type": "ingress"
          },
          "sensitive_attributes": [],
          "private": "eyJlMmJmYjczMC1lY2FhLTExZTYtOGY4OC0zNDM2M2JjN2M0YzAiOnsiY3JlYXRlIjozMDAwMDAwMDAwMDB9LCJzY2hlbWFfdmVyc2lvbiI6IjIifQ==",
          "dependencies": [
            "module.eks_cluster.data.aws_vpc.vpc",
            "module.eks_cluster.module.eks.aws_security_group.cluster",
            "module.eks_cluster.module.eks.aws_security_group.node"
          ],
          "create_before_destroy": true
        },
        {
          "index_key": "ingress_cluster_6443_webhook",
          "schema_version": 2,
          "attributes": {
            "cidr_blocks": null,
            "description": "Cluster API to node 6443/tcp webhook",
            "from_port": 6443,
            "id": "sgrule-2294356566",
            "ipv6_cidr_blocks": null,
            "prefix_list_ids": [],
            "protocol": "tcp",
            "security_group_id": "sg-0bb40785f615868a0",
            "security_group_rule_id": "sgr-0daf46a75b0912f7e",
            "self": false,
            "source_security_group_id": "sg-0f531de3fc47ca02d",
            "timeouts": null,
            "to_port": 6443,
            "type": "ingress"
          },
          "sensitive_attributes": [],
          "private": "eyJlMmJmYjczMC1lY2FhLTExZTYtOGY4OC0zNDM2M2JjN2M0YzAiOnsiY3JlYXRlIjozMDAwMDAwMDAwMDB9LCJzY2hlbWFfdmVyc2lvbiI6IjIifQ==",
          "dependencies": [
            "module.eks_cluster.data.aws_vpc.vpc",
            "module.eks_cluster.module.eks.aws_security_group.cluster",
            "module.eks_cluster.module.eks.aws_security_group.node"
          ],
          "create_before_destroy": true
        },
        {
          "index_key": "ingress_cluster_8443_webhook",
          "schema_version": 2,
          "attributes": {
            "cidr_blocks": null,
            "description": "Cluster API to node 8443/tcp webhook",
            "from_port": 8443,
            "id": "sgrule-2610767479",
            "ipv6_cidr_blocks": null,
            "prefix_list_ids": [],
            "protocol": "tcp",
            "security_group_id": "sg-0bb40785f615868a0",
            "security_group_rule_id": "sgr-0a1664907cac8a83f",
            "self": false,
            "source_security_group_id": "sg-0f531de3fc47ca02d",
            "timeouts": null,
            "to_port": 8443,
            "type": "ingress"
          },
          "sensitive_attributes": [],
          "private": "eyJlMmJmYjczMC1lY2FhLTExZTYtOGY4OC0zNDM2M2JjN2M0YzAiOnsiY3JlYXRlIjozMDAwMDAwMDAwMDB9LCJzY2hlbWFfdmVyc2lvbiI6IjIifQ==",
          "dependencies": [
            "module.eks_cluster.data.aws_vpc.vpc",
            "module.eks_cluster.module.eks.aws_security_group.cluster",
            "module.eks_cluster.module.eks.aws_security_group.node"
          ],
          "create_before_destroy": true
        },
        {
          "index_key": "ingress_cluster_9443_webhook",
          "schema_version": 2,
          "attributes": {
            "cidr_blocks": null,
            "description": "Cluster API to node 9443/tcp webhook",
            "from_port": 9443,
            "id": "sgrule-4282127804",
            "ipv6_cidr_blocks": null,
            "prefix_list_ids": [],
            "protocol": "tcp",
            "security_group_id": "sg-0bb40785f615868a0",
            "security_group_rule_id": "sgr-0f2db1988ce4dc51f",
            "self": false,
            "source_security_group_id": "sg-0f531de3fc47ca02d",
            "timeouts": null,
            "to_port": 9443,
            "type": "ingress"
          },
          "sensitive_attributes": [],
          "private": "eyJlMmJmYjczMC1lY2FhLTExZTYtOGY4OC0zNDM2M2JjN2M0YzAiOnsiY3JlYXRlIjozMDAwMDAwMDAwMDB9LCJzY2hlbWFfdmVyc2lvbiI6IjIifQ==",
          "dependencies": [
            "module.eks_cluster.data.aws_vpc.vpc",
            "module.eks_cluster.module.eks.aws_security_group.cluster",
            "module.eks_cluster.module.eks.aws_security_group.node"
          ],
          "create_before_destroy": true
        },
        {
          "index_key": "ingress_cluster_kubelet",
          "schema_version": 2,
          "attributes": {
            "cidr_blocks": null,
            "description": "Cluster API to node kubelets",
            "from_port": 10250,
            "id": "sgrule-885734668",
            "ipv6_cidr_blocks": null,
            "prefix_list_ids": [],
            "protocol": "tcp",
            "security_group_id": "sg-0bb40785f615868a0",
            "security_group_rule_id": "sgr-00e454b4d6c46ea14",
            "self": false,
            "source_security_group_id": "sg-0f531de3fc47ca02d",
            "timeouts": null,
            "to_port": 10250,
            "type": "ingress"
          },
          "sensitive_attributes": [],
          "private": "eyJlMmJmYjczMC1lY2FhLTExZTYtOGY4OC0zNDM2M2JjN2M0YzAiOnsiY3JlYXRlIjozMDAwMDAwMDAwMDB9LCJzY2hlbWFfdmVyc2lvbiI6IjIifQ==",
          "dependencies": [
            "module.eks_cluster.data.aws_vpc.vpc",
            "module.eks_cluster.module.eks.aws_security_group.cluster",
            "module.eks_cluster.module.eks.aws_security_group.node"
          ],
          "create_before_destroy": true
        },
        {
          "index_key": "ingress_nodes_ephemeral",
          "schema_version": 2,
          "attributes": {
            "cidr_blocks": null,
            "description": "Node to node ingress on ephemeral ports",
            "from_port": 1025,
            "id": "sgrule-163880673",
            "ipv6_cidr_blocks": null,
            "prefix_list_ids": [],
            "protocol": "tcp",
            "security_group_id": "sg-0bb40785f615868a0",
            "security_group_rule_id": "sgr-07cb73cf5873e5a02",
            "self": true,
            "source_security_group_id": null,
            "timeouts": null,
            "to_port": 65535,
            "type": "ingress"
          },
          "sensitive_attributes": [],
          "private": "eyJlMmJmYjczMC1lY2FhLTExZTYtOGY4OC0zNDM2M2JjN2M0YzAiOnsiY3JlYXRlIjozMDAwMDAwMDAwMDB9LCJzY2hlbWFfdmVyc2lvbiI6IjIifQ==",
          "dependencies": [
            "module.eks_cluster.data.aws_vpc.vpc",
            "module.eks_cluster.module.eks.aws_security_group.cluster",
            "module.eks_cluster.module.eks.aws_security_group.node"
          ],
          "create_before_destroy": true
        },
        {
          "index_key": "ingress_self_coredns_tcp",
          "schema_version": 2,
          "attributes": {
            "cidr_blocks": null,
            "description": "Node to node CoreDNS",
            "from_port": 53,
            "id": "sgrule-2610626312",
            "ipv6_cidr_blocks": null,
            "prefix_list_ids": [],
            "protocol": "tcp",
            "security_group_id": "sg-0bb40785f615868a0",
            "security_group_rule_id": "sgr-0362e4dab4ea72652",
            "self": true,
            "source_security_group_id": null,
            "timeouts": null,
            "to_port": 53,
            "type": "ingress"
          },
          "sensitive_attributes": [],
          "private": "eyJlMmJmYjczMC1lY2FhLTExZTYtOGY4OC0zNDM2M2JjN2M0YzAiOnsiY3JlYXRlIjozMDAwMDAwMDAwMDB9LCJzY2hlbWFfdmVyc2lvbiI6IjIifQ==",
          "dependencies": [
            "module.eks_cluster.data.aws_vpc.vpc",
            "module.eks_cluster.module.eks.aws_security_group.cluster",
            "module.eks_cluster.module.eks.aws_security_group.node"
          ],
          "create_before_destroy": true
        },
        {
          "index_key": "ingress_self_coredns_udp",
          "schema_version": 2,
          "attributes": {
            "cidr_blocks": null,
            "description": "Node to node CoreDNS UDP",
            "from_port": 53,
            "id": "sgrule-1069898983",
            "ipv6_cidr_blocks": null,
            "prefix_list_ids": [],
            "protocol": "udp",
            "security_group_id": "sg-0bb40785f615868a0",
            "security_group_rule_id": "sgr-0677e115e3377e0b1",
            "self": true,
            "source_security_group_id": null,
            "timeouts": null,
            "to_port": 53,
            "type": "ingress"
          },
          "sensitive_attributes": [],
          "private": "eyJlMmJmYjczMC1lY2FhLTExZTYtOGY4OC0zNDM2M2JjN2M0YzAiOnsiY3JlYXRlIjozMDAwMDAwMDAwMDB9LCJzY2hlbWFfdmVyc2lvbiI6IjIifQ==",
          "dependencies": [
            "module.eks_cluster.data.aws_vpc.vpc",
            "module.eks_cluster.module.eks.aws_security_group.cluster",
            "module.eks_cluster.module.eks.aws_security_group.node"
          ],
          "create_before_destroy": true
        }
      ]
    },
    {
      "module": "module.eks_cluster.module.eks",
      "mode": "managed",
      "type": "kubernetes_config_map_v1_data",
      "name": "aws_auth",
      "provider": "provider[\"registry.terraform.io/hashicorp/kubernetes\"]",
      "instances": [
        {
          "index_key": 0,
          "schema_version": 0,
          "attributes": {
            "data": {
              "mapAccounts": "[]\n",
              "mapRoles": "- \"groups\":\n  - \"system:bootstrappers\"\n  - \"system:nodes\"\n  \"rolearn\": \"arn:aws:iam::268050465834:role/initial-eks-node-group-20231026193955644500000004\"\n  \"username\": \"system:node:{{EC2PrivateDNSName}}\"\n- \"groups\":\n  - \"system:bootstrappers\"\n  - \"system:nodes\"\n  \"rolearn\": \"arn:aws:iam::268050465834:role/Karpenter-eks-blueprint-blue-20231026195416867000000005\"\n  \"username\": \"system:node:{{EC2PrivateDNSName}}\"\n- \"groups\":\n  - \"system:masters\"\n  \"rolearn\": \"arn:aws:iam::268050465834:role/\"\n  \"username\": \"ops-role\"\n",
              "mapUsers": "[]\n"
            },
            "field_manager": "Terraform",
            "force": true,
            "id": "kube-system/aws-auth",
            "metadata": [
              {
                "name": "aws-auth",
                "namespace": "kube-system"
              }
            ]
          },
          "sensitive_attributes": [],
          "private": "bnVsbA==",
          "dependencies": [
            "module.eks_cluster.data.aws_caller_identity.current",
            "module.eks_cluster.data.aws_subnets.private",
            "module.eks_cluster.data.aws_vpc.vpc",
            "module.eks_cluster.module.eks.aws_cloudwatch_log_group.this",
            "module.eks_cluster.module.eks.aws_eks_cluster.this",
            "module.eks_cluster.module.eks.aws_iam_policy.cni_ipv6_policy",
            "module.eks_cluster.module.eks.aws_iam_role.this",
            "module.eks_cluster.module.eks.aws_iam_role_policy_attachment.this",
            "module.eks_cluster.module.eks.aws_security_group.cluster",
            "module.eks_cluster.module.eks.aws_security_group.node",
            "module.eks_cluster.module.eks.aws_security_group_rule.cluster",
            "module.eks_cluster.module.eks.aws_security_group_rule.node",
            "module.eks_cluster.module.eks.data.aws_caller_identity.current",
            "module.eks_cluster.module.eks.data.aws_iam_policy_document.assume_role_policy",
            "module.eks_cluster.module.eks.data.aws_iam_policy_document.cni_ipv6_policy",
            "module.eks_cluster.module.eks.data.aws_iam_session_context.current",
            "module.eks_cluster.module.eks.data.aws_partition.current",
            "module.eks_cluster.module.eks.kubernetes_config_map.aws_auth",
            "module.eks_cluster.module.eks.module.eks_managed_node_group.aws_autoscaling_schedule.this",
            "module.eks_cluster.module.eks.module.eks_managed_node_group.aws_eks_node_group.this",
            "module.eks_cluster.module.eks.module.eks_managed_node_group.aws_iam_role.this",
            "module.eks_cluster.module.eks.module.eks_managed_node_group.aws_iam_role_policy_attachment.additional",
            "module.eks_cluster.module.eks.module.eks_managed_node_group.aws_iam_role_policy_attachment.this",
            "module.eks_cluster.module.eks.module.eks_managed_node_group.aws_launch_template.this",
            "module.eks_cluster.module.eks.module.eks_managed_node_group.data.aws_caller_identity.current",
            "module.eks_cluster.module.eks.module.eks_managed_node_group.data.aws_iam_policy_document.assume_role_policy",
            "module.eks_cluster.module.eks.module.eks_managed_node_group.data.aws_partition.current",
            "module.eks_cluster.module.eks.module.eks_managed_node_group.module.user_data.data.cloudinit_config.linux_eks_managed_node_group",
            "module.eks_cluster.module.eks.module.fargate_profile.aws_eks_fargate_profile.this",
            "module.eks_cluster.module.eks.module.fargate_profile.aws_iam_role.this",
            "module.eks_cluster.module.eks.module.fargate_profile.aws_iam_role_policy_attachment.additional",
            "module.eks_cluster.module.eks.module.fargate_profile.aws_iam_role_policy_attachment.this",
            "module.eks_cluster.module.eks.module.fargate_profile.data.aws_caller_identity.current",
            "module.eks_cluster.module.eks.module.fargate_profile.data.aws_iam_policy_document.assume_role_policy",
            "module.eks_cluster.module.eks.module.fargate_profile.data.aws_partition.current",
            "module.eks_cluster.module.eks.module.kms.aws_kms_external_key.this",
            "module.eks_cluster.module.eks.module.kms.aws_kms_key.this",
            "module.eks_cluster.module.eks.module.kms.data.aws_caller_identity.current",
            "module.eks_cluster.module.eks.module.kms.data.aws_iam_policy_document.this",
            "module.eks_cluster.module.eks.module.kms.data.aws_partition.current",
            "module.eks_cluster.module.eks.module.self_managed_node_group.aws_autoscaling_group.this",
            "module.eks_cluster.module.eks.module.self_managed_node_group.aws_autoscaling_schedule.this",
            "module.eks_cluster.module.eks.module.self_managed_node_group.aws_iam_instance_profile.this",
            "module.eks_cluster.module.eks.module.self_managed_node_group.aws_iam_role.this",
            "module.eks_cluster.module.eks.module.self_managed_node_group.aws_iam_role_policy_attachment.additional",
            "module.eks_cluster.module.eks.module.self_managed_node_group.aws_iam_role_policy_attachment.this",
            "module.eks_cluster.module.eks.module.self_managed_node_group.aws_launch_template.this",
            "module.eks_cluster.module.eks.module.self_managed_node_group.data.aws_ami.eks_default",
            "module.eks_cluster.module.eks.module.self_managed_node_group.data.aws_caller_identity.current",
            "module.eks_cluster.module.eks.module.self_managed_node_group.data.aws_iam_policy_document.assume_role_policy",
            "module.eks_cluster.module.eks.module.self_managed_node_group.data.aws_partition.current",
            "module.eks_cluster.module.eks.module.self_managed_node_group.module.user_data.data.cloudinit_config.linux_eks_managed_node_group",
            "module.eks_cluster.module.eks.time_sleep.this",
            "module.eks_cluster.module.karpenter.aws_iam_role.this",
            "module.eks_cluster.module.karpenter.data.aws_iam_policy_document.assume_role",
            "module.eks_cluster.module.karpenter.data.aws_partition.current"
          ]
        }
      ]
    },
    {
      "module": "module.eks_cluster.module.eks",
      "mode": "managed",
      "type": "time_sleep",
      "name": "this",
      "provider": "provider[\"registry.terraform.io/hashicorp/time\"]",
      "instances": [
        {
          "index_key": 0,
          "schema_version": 0,
          "attributes": {
            "create_duration": "30s",
            "destroy_duration": null,
            "id": "2023-10-26T19:54:45Z",
            "triggers": {
              "cluster_certificate_authority_data": "LS0tLS1CRUdJTiBDRVJUSUZJQ0FURS0tLS0tCk1JSURCVENDQWUyZ0F3SUJBZ0lJTXVxNW5UUkwzVTh3RFFZSktvWklodmNOQVFFTEJRQXdGVEVUTUJFR0ExVUUKQXhNS2EzVmlaWEp1WlhSbGN6QWVGdzB5TXpFd01qWXhPVFF6TXpKYUZ3MHpNekV3TWpNeE9UUTRNekphTUJVeApFekFSQmdOVkJBTVRDbXQxWW1WeWJtVjBaWE13Z2dFaU1BMEdDU3FHU0liM0RRRUJBUVVBQTRJQkR3QXdnZ0VLCkFvSUJBUUMvd3VZU2M3TVU0UC82MU1PaFRrZUJwUGduZVByWGVoMGJDVG5ZV0NNZXh3WE5qK2tjUXFBd0pFSC8KRGdwZmY1SzNDeTJnTlIyaG4vZEN6Y3BtRERsYWUxV0xtNkU4dGlyZUZkcm5QYWxrS1U1Mk9aMFdVSEZvSGZZdQpmYWhzR3g1ejMycE90SUl1ejRCb3lRdnZoaHphZXU2QkwyR3ZsWk00NzhjQUdrN0l6cTdPa003SGtTNHAzVWJlCkpVMy8yOXlmOTRSTkV6VC9aVFN6TlFjVEhSZXVtRUZkeWxseklYUnRNakdzL212ZmZmbEE5Nm83aEsvdjV4TDEKMjhZVUcySVh1UDVHWkVEWDVJYjFLVzR2S25kdmEwRDJ2VTJtTCtYN0VPbjVNZElhWUxiM0R2RTJOM2E4UEptVApVK2svREtscm9aOGxkaEZPUFhRaDdUcjdOVGlwQWdNQkFBR2pXVEJYTUE0R0ExVWREd0VCL3dRRUF3SUNwREFQCkJnTlZIUk1CQWY4RUJUQURBUUgvTUIwR0ExVWREZ1FXQkJRR2RwdVZWV0FvUEU2a00xZ2grMHBDaG9UNUtEQVYKQmdOVkhSRUVEakFNZ2dwcmRXSmxjbTVsZEdWek1BMEdDU3FHU0liM0RRRUJDd1VBQTRJQkFRQ3NMU3dwcDQrSApDNW84TVQrR05MU1YyRDNpNUpOd0psWGRpM2VSRE9yTnVOWEcwanVzU3YxMEFsc1dsVmNGRHFJVnZseW1pcW95CjBFYzlUZE9TSHdvWGh1aW5vckpzS0FsVU5oZDF5S2JMY3FpaCsvV0d5YjNLeGR2YkRWYWR2RnhXMjNrRVpKZUcKTjdLOWl5OGxhY2crTEk4eDJFdzNqdGdUM3FPMGQxKy9SVEFkT1BxTUFuREllMXBZemFwaUdXZk1KR0psZWdYWQpET0taZG9Qb3NKM1lUd3JDVGxtRzRXMkgxV3N1UDIraXJmMkZ2NHZGQlJXZkdQeFNmU1d1cHVIaFBPc0RRR2JqCnZNTk5ySk8veHloTHlBWXVLcHJISDBBNS9tZ3o0ZHBhZmh4VDFWaGdvV1RGWkRJemdPaXk3Vkl3R1piZ2dNYWIKa0ttUnpmWkxsNnI5Ci0tLS0tRU5EIENFUlRJRklDQVRFLS0tLS0K",
              "cluster_endpoint": "https://55CEBE7FF41F53C3E48BB83F2E8FA157.gr7.us-east-1.eks.amazonaws.com",
              "cluster_name": "eks-blueprint-blue",
              "cluster_version": "1.26"
            }
          },
          "sensitive_attributes": [],
          "dependencies": [
            "module.eks_cluster.data.aws_subnets.private",
            "module.eks_cluster.data.aws_vpc.vpc",
            "module.eks_cluster.module.eks.aws_cloudwatch_log_group.this",
            "module.eks_cluster.module.eks.aws_eks_cluster.this",
            "module.eks_cluster.module.eks.aws_iam_policy.cni_ipv6_policy",
            "module.eks_cluster.module.eks.aws_iam_role.this",
            "module.eks_cluster.module.eks.aws_iam_role_policy_attachment.this",
            "module.eks_cluster.module.eks.aws_security_group.cluster",
            "module.eks_cluster.module.eks.aws_security_group.node",
            "module.eks_cluster.module.eks.aws_security_group_rule.cluster",
            "module.eks_cluster.module.eks.aws_security_group_rule.node",
            "module.eks_cluster.module.eks.data.aws_caller_identity.current",
            "module.eks_cluster.module.eks.data.aws_iam_policy_document.assume_role_policy",
            "module.eks_cluster.module.eks.data.aws_iam_policy_document.cni_ipv6_policy",
            "module.eks_cluster.module.eks.data.aws_iam_session_context.current",
            "module.eks_cluster.module.eks.data.aws_partition.current",
            "module.eks_cluster.module.eks.module.kms.aws_kms_external_key.this",
            "module.eks_cluster.module.eks.module.kms.aws_kms_key.this",
            "module.eks_cluster.module.eks.module.kms.data.aws_caller_identity.current",
            "module.eks_cluster.module.eks.module.kms.data.aws_iam_policy_document.this",
            "module.eks_cluster.module.eks.module.kms.data.aws_partition.current"
          ],
          "create_before_destroy": true
        }
      ]
    },
    {
      "module": "module.eks_cluster.module.eks.module.eks_managed_node_group[\"initial\"]",
      "mode": "data",
      "type": "aws_caller_identity",
      "name": "current",
      "provider": "provider[\"registry.terraform.io/hashicorp/aws\"]",
      "instances": [
        {
          "schema_version": 0,
          "attributes": {
            "account_id": "268050465834",
            "arn": "arn:aws:iam::268050465834:user/admineks",
            "id": "268050465834",
            "user_id": "AIDAT42INQQVGA6LTCVYX"
          },
          "sensitive_attributes": []
        }
      ]
    },
    {
      "module": "module.eks_cluster.module.eks.module.eks_managed_node_group[\"initial\"]",
      "mode": "data",
      "type": "aws_iam_policy_document",
      "name": "assume_role_policy",
      "provider": "provider[\"registry.terraform.io/hashicorp/aws\"]",
      "instances": [
        {
          "index_key": 0,
          "schema_version": 0,
          "attributes": {
            "id": "2560088296",
            "json": "{\n  \"Version\": \"2012-10-17\",\n  \"Statement\": [\n    {\n      \"Sid\": \"EKSNodeAssumeRole\",\n      \"Effect\": \"Allow\",\n      \"Action\": \"sts:AssumeRole\",\n      \"Principal\": {\n        \"Service\": \"ec2.amazonaws.com\"\n      }\n    }\n  ]\n}",
            "override_policy_documents": null,
            "policy_id": null,
            "source_policy_documents": null,
            "statement": [
              {
                "actions": [
                  "sts:AssumeRole"
                ],
                "condition": [],
                "effect": "Allow",
                "not_actions": [],
                "not_principals": [],
                "not_resources": [],
                "principals": [
                  {
                    "identifiers": [
                      "ec2.amazonaws.com"
                    ],
                    "type": "Service"
                  }
                ],
                "resources": [],
                "sid": "EKSNodeAssumeRole"
              }
            ],
            "version": "2012-10-17"
          },
          "sensitive_attributes": []
        }
      ]
    },
    {
      "module": "module.eks_cluster.module.eks.module.eks_managed_node_group[\"initial\"]",
      "mode": "data",
      "type": "aws_partition",
      "name": "current",
      "provider": "provider[\"registry.terraform.io/hashicorp/aws\"]",
      "instances": [
        {
          "schema_version": 0,
          "attributes": {
            "dns_suffix": "amazonaws.com",
            "id": "aws",
            "partition": "aws",
            "reverse_dns_prefix": "com.amazonaws"
          },
          "sensitive_attributes": []
        }
      ]
    },
    {
      "module": "module.eks_cluster.module.eks.module.eks_managed_node_group[\"initial\"]",
      "mode": "managed",
      "type": "aws_eks_node_group",
      "name": "this",
      "provider": "provider[\"registry.terraform.io/hashicorp/aws\"]",
      "instances": [
        {
          "index_key": 0,
          "schema_version": 0,
          "attributes": {
            "ami_type": "AL2_x86_64",
            "arn": "arn:aws:eks:us-east-1:268050465834:nodegroup/eks-blueprint-blue/initial-20231026195446428100000012/dec5b6c6-dce1-c793-5a3c-b42057a95b23",
            "capacity_type": "ON_DEMAND",
            "cluster_name": "eks-blueprint-blue",
            "disk_size": 0,
            "force_update_version": null,
            "id": "eks-blueprint-blue:initial-20231026195446428100000012",
            "instance_types": [
              "m5.large"
            ],
            "labels": {},
            "launch_template": [
              {
                "id": "lt-05b68d33c80afca75",
                "name": "initial-20231026195445928500000010",
                "version": "1"
              }
            ],
            "node_group_name": "initial-20231026195446428100000012",
            "node_group_name_prefix": "initial-",
            "node_role_arn": "arn:aws:iam::268050465834:role/initial-eks-node-group-20231026193955644500000004",
            "release_version": "1.26.8-20231002",
            "remote_access": [],
            "resources": [
              {
                "autoscaling_groups": [
                  {
                    "name": "eks-initial-20231026195446428100000012-dec5b6c6-dce1-c793-5a3c-b42057a95b23"
                  }
                ],
                "remote_access_security_group_id": ""
              }
            ],
            "scaling_config": [
              {
                "desired_size": 4,
                "max_size": 4,
                "min_size": 1
              }
            ],
            "status": "ACTIVE",
            "subnet_ids": [
              "subnet-08c2e4fff307dcfd0",
              "subnet-0b5f786b20a32dbab",
              "subnet-0bb30489283d7c13e"
            ],
            "tags": {
              "Blueprint": "eks-blueprint-blue",
              "GithubRepo": "github.com/aws-ia/terraform-aws-eks-blueprints",
              "Name": "initial",
              "karpenter.sh/discovery": "eks-blueprint-blue"
            },
            "tags_all": {
              "Blueprint": "eks-blueprint-blue",
              "GithubRepo": "github.com/aws-ia/terraform-aws-eks-blueprints",
              "Name": "initial",
              "karpenter.sh/discovery": "eks-blueprint-blue"
            },
            "taint": [],
            "timeouts": {
              "create": null,
              "delete": null,
              "update": null
            },
            "update_config": [
              {
                "max_unavailable": 0,
                "max_unavailable_percentage": 33
              }
            ],
            "version": "1.26"
          },
          "sensitive_attributes": [],
          "private": "eyJlMmJmYjczMC1lY2FhLTExZTYtOGY4OC0zNDM2M2JjN2M0YzAiOnsiY3JlYXRlIjozNjAwMDAwMDAwMDAwLCJkZWxldGUiOjM2MDAwMDAwMDAwMDAsInVwZGF0ZSI6MzYwMDAwMDAwMDAwMH19",
          "dependencies": [
            "module.eks_cluster.data.aws_subnets.private",
            "module.eks_cluster.data.aws_vpc.vpc",
            "module.eks_cluster.module.eks.aws_cloudwatch_log_group.this",
            "module.eks_cluster.module.eks.aws_eks_cluster.this",
            "module.eks_cluster.module.eks.aws_iam_policy.cni_ipv6_policy",
            "module.eks_cluster.module.eks.aws_iam_role.this",
            "module.eks_cluster.module.eks.aws_iam_role_policy_attachment.this",
            "module.eks_cluster.module.eks.aws_security_group.cluster",
            "module.eks_cluster.module.eks.aws_security_group.node",
            "module.eks_cluster.module.eks.aws_security_group_rule.cluster",
            "module.eks_cluster.module.eks.aws_security_group_rule.node",
            "module.eks_cluster.module.eks.data.aws_caller_identity.current",
            "module.eks_cluster.module.eks.data.aws_iam_policy_document.assume_role_policy",
            "module.eks_cluster.module.eks.data.aws_iam_policy_document.cni_ipv6_policy",
            "module.eks_cluster.module.eks.data.aws_iam_session_context.current",
            "module.eks_cluster.module.eks.data.aws_partition.current",
            "module.eks_cluster.module.eks.module.eks_managed_node_group.aws_iam_role.this",
            "module.eks_cluster.module.eks.module.eks_managed_node_group.aws_iam_role_policy_attachment.this",
            "module.eks_cluster.module.eks.module.eks_managed_node_group.aws_launch_template.this",
            "module.eks_cluster.module.eks.module.eks_managed_node_group.data.aws_caller_identity.current",
            "module.eks_cluster.module.eks.module.eks_managed_node_group.data.aws_iam_policy_document.assume_role_policy",
            "module.eks_cluster.module.eks.module.eks_managed_node_group.data.aws_partition.current",
            "module.eks_cluster.module.eks.module.eks_managed_node_group.module.user_data.data.cloudinit_config.linux_eks_managed_node_group",
            "module.eks_cluster.module.eks.module.kms.aws_kms_external_key.this",
            "module.eks_cluster.module.eks.module.kms.aws_kms_key.this",
            "module.eks_cluster.module.eks.module.kms.data.aws_caller_identity.current",
            "module.eks_cluster.module.eks.module.kms.data.aws_iam_policy_document.this",
            "module.eks_cluster.module.eks.module.kms.data.aws_partition.current",
            "module.eks_cluster.module.eks.time_sleep.this"
          ],
          "create_before_destroy": true
        }
      ]
    },
    {
      "module": "module.eks_cluster.module.eks.module.eks_managed_node_group[\"initial\"]",
      "mode": "managed",
      "type": "aws_iam_role",
      "name": "this",
      "provider": "provider[\"registry.terraform.io/hashicorp/aws\"]",
      "instances": [
        {
          "index_key": 0,
          "schema_version": 0,
          "attributes": {
            "arn": "arn:aws:iam::268050465834:role/initial-eks-node-group-20231026193955644500000004",
            "assume_role_policy": "{\"Statement\":[{\"Action\":\"sts:AssumeRole\",\"Effect\":\"Allow\",\"Principal\":{\"Service\":\"ec2.amazonaws.com\"},\"Sid\":\"EKSNodeAssumeRole\"}],\"Version\":\"2012-10-17\"}",
            "create_date": "2023-10-26T19:39:55Z",
            "description": "EKS managed node group IAM role",
            "force_detach_policies": true,
            "id": "initial-eks-node-group-20231026193955644500000004",
            "inline_policy": [],
            "managed_policy_arns": [
              "arn:aws:iam::aws:policy/AmazonEC2ContainerRegistryReadOnly",
              "arn:aws:iam::aws:policy/AmazonEKSWorkerNodePolicy",
              "arn:aws:iam::aws:policy/AmazonEKS_CNI_Policy"
            ],
            "max_session_duration": 3600,
            "name": "initial-eks-node-group-20231026193955644500000004",
            "name_prefix": "initial-eks-node-group-",
            "path": "/",
            "permissions_boundary": null,
            "tags": {
              "Blueprint": "eks-blueprint-blue",
              "GithubRepo": "github.com/aws-ia/terraform-aws-eks-blueprints",
              "karpenter.sh/discovery": "eks-blueprint-blue"
            },
            "tags_all": {
              "Blueprint": "eks-blueprint-blue",
              "GithubRepo": "github.com/aws-ia/terraform-aws-eks-blueprints",
              "karpenter.sh/discovery": "eks-blueprint-blue"
            },
            "unique_id": "AROAT42INQQVM5UKX5BSN"
          },
          "sensitive_attributes": [],
          "private": "bnVsbA==",
          "dependencies": [
            "module.eks_cluster.data.aws_subnets.private",
            "module.eks_cluster.module.eks.module.eks_managed_node_group.data.aws_iam_policy_document.assume_role_policy",
            "module.eks_cluster.module.eks.module.eks_managed_node_group.data.aws_partition.current"
          ],
          "create_before_destroy": true
        }
      ]
    },
    {
      "module": "module.eks_cluster.module.eks.module.eks_managed_node_group[\"initial\"]",
      "mode": "managed",
      "type": "aws_iam_role_policy_attachment",
      "name": "this",
      "provider": "provider[\"registry.terraform.io/hashicorp/aws\"]",
      "instances": [
        {
          "index_key": "arn:aws:iam::aws:policy/AmazonEC2ContainerRegistryReadOnly",
          "schema_version": 0,
          "attributes": {
            "id": "initial-eks-node-group-20231026193955644500000004-20231026193956669100000006",
            "policy_arn": "arn:aws:iam::aws:policy/AmazonEC2ContainerRegistryReadOnly",
            "role": "initial-eks-node-group-20231026193955644500000004"
          },
          "sensitive_attributes": [],
          "private": "bnVsbA==",
          "dependencies": [
            "module.eks_cluster.data.aws_subnets.private",
            "module.eks_cluster.module.eks.module.eks_managed_node_group.aws_iam_role.this",
            "module.eks_cluster.module.eks.module.eks_managed_node_group.data.aws_caller_identity.current",
            "module.eks_cluster.module.eks.module.eks_managed_node_group.data.aws_iam_policy_document.assume_role_policy",
            "module.eks_cluster.module.eks.module.eks_managed_node_group.data.aws_partition.current"
          ],
          "create_before_destroy": true
        },
        {
          "index_key": "arn:aws:iam::aws:policy/AmazonEKSWorkerNodePolicy",
          "schema_version": 0,
          "attributes": {
            "id": "initial-eks-node-group-20231026193955644500000004-20231026193956669200000007",
            "policy_arn": "arn:aws:iam::aws:policy/AmazonEKSWorkerNodePolicy",
            "role": "initial-eks-node-group-20231026193955644500000004"
          },
          "sensitive_attributes": [],
          "private": "bnVsbA==",
          "dependencies": [
            "module.eks_cluster.data.aws_subnets.private",
            "module.eks_cluster.module.eks.module.eks_managed_node_group.aws_iam_role.this",
            "module.eks_cluster.module.eks.module.eks_managed_node_group.data.aws_caller_identity.current",
            "module.eks_cluster.module.eks.module.eks_managed_node_group.data.aws_iam_policy_document.assume_role_policy",
            "module.eks_cluster.module.eks.module.eks_managed_node_group.data.aws_partition.current"
          ],
          "create_before_destroy": true
        },
        {
          "index_key": "arn:aws:iam::aws:policy/AmazonEKS_CNI_Policy",
          "schema_version": 0,
          "attributes": {
            "id": "initial-eks-node-group-20231026193955644500000004-20231026193956669000000005",
            "policy_arn": "arn:aws:iam::aws:policy/AmazonEKS_CNI_Policy",
            "role": "initial-eks-node-group-20231026193955644500000004"
          },
          "sensitive_attributes": [],
          "private": "bnVsbA==",
          "dependencies": [
            "module.eks_cluster.data.aws_subnets.private",
            "module.eks_cluster.module.eks.module.eks_managed_node_group.aws_iam_role.this",
            "module.eks_cluster.module.eks.module.eks_managed_node_group.data.aws_caller_identity.current",
            "module.eks_cluster.module.eks.module.eks_managed_node_group.data.aws_iam_policy_document.assume_role_policy",
            "module.eks_cluster.module.eks.module.eks_managed_node_group.data.aws_partition.current"
          ],
          "create_before_destroy": true
        }
      ]
    },
    {
      "module": "module.eks_cluster.module.eks.module.eks_managed_node_group[\"initial\"]",
      "mode": "managed",
      "type": "aws_launch_template",
      "name": "this",
      "provider": "provider[\"registry.terraform.io/hashicorp/aws\"]",
      "instances": [
        {
          "index_key": 0,
          "schema_version": 0,
          "attributes": {
            "arn": "arn:aws:ec2:us-east-1:268050465834:launch-template/lt-05b68d33c80afca75",
            "block_device_mappings": [],
            "capacity_reservation_specification": [],
            "cpu_options": [],
            "credit_specification": [],
            "default_version": 1,
            "description": "Custom launch template for initial EKS managed node group",
            "disable_api_stop": false,
            "disable_api_termination": false,
            "ebs_optimized": "",
            "elastic_gpu_specifications": [],
            "elastic_inference_accelerator": [],
            "enclave_options": [],
            "hibernation_options": [],
            "iam_instance_profile": [],
            "id": "lt-05b68d33c80afca75",
            "image_id": "",
            "instance_initiated_shutdown_behavior": "",
            "instance_market_options": [],
            "instance_requirements": [],
            "instance_type": "",
            "kernel_id": "",
            "key_name": "",
            "latest_version": 1,
            "license_specification": [],
            "maintenance_options": [],
            "metadata_options": [
              {
                "http_endpoint": "enabled",
                "http_protocol_ipv6": "",
                "http_put_response_hop_limit": 2,
                "http_tokens": "required",
                "instance_metadata_tags": ""
              }
            ],
            "monitoring": [
              {
                "enabled": true
              }
            ],
            "name": "initial-20231026195445928500000010",
            "name_prefix": "initial-",
            "network_interfaces": [],
            "placement": [],
            "private_dns_name_options": [],
            "ram_disk_id": "",
            "security_group_names": [],
            "tag_specifications": [
              {
                "resource_type": "instance",
                "tags": {
                  "Blueprint": "eks-blueprint-blue",
                  "GithubRepo": "github.com/aws-ia/terraform-aws-eks-blueprints",
                  "Name": "initial",
                  "karpenter.sh/discovery": "eks-blueprint-blue"
                }
              },
              {
                "resource_type": "network-interface",
                "tags": {
                  "Blueprint": "eks-blueprint-blue",
                  "GithubRepo": "github.com/aws-ia/terraform-aws-eks-blueprints",
                  "Name": "initial",
                  "karpenter.sh/discovery": "eks-blueprint-blue"
                }
              },
              {
                "resource_type": "volume",
                "tags": {
                  "Blueprint": "eks-blueprint-blue",
                  "GithubRepo": "github.com/aws-ia/terraform-aws-eks-blueprints",
                  "Name": "initial",
                  "karpenter.sh/discovery": "eks-blueprint-blue"
                }
              }
            ],
            "tags": {
              "Blueprint": "eks-blueprint-blue",
              "GithubRepo": "github.com/aws-ia/terraform-aws-eks-blueprints",
              "karpenter.sh/discovery": "eks-blueprint-blue"
            },
            "tags_all": {
              "Blueprint": "eks-blueprint-blue",
              "GithubRepo": "github.com/aws-ia/terraform-aws-eks-blueprints",
              "karpenter.sh/discovery": "eks-blueprint-blue"
            },
            "update_default_version": true,
            "user_data": "",
            "vpc_security_group_ids": [
              "sg-0bb40785f615868a0"
            ]
          },
          "sensitive_attributes": [],
          "private": "bnVsbA==",
          "dependencies": [
            "module.eks_cluster.data.aws_subnets.private",
            "module.eks_cluster.data.aws_vpc.vpc",
            "module.eks_cluster.module.eks.aws_cloudwatch_log_group.this",
            "module.eks_cluster.module.eks.aws_eks_cluster.this",
            "module.eks_cluster.module.eks.aws_iam_policy.cni_ipv6_policy",
            "module.eks_cluster.module.eks.aws_iam_role.this",
            "module.eks_cluster.module.eks.aws_iam_role_policy_attachment.this",
            "module.eks_cluster.module.eks.aws_security_group.cluster",
            "module.eks_cluster.module.eks.aws_security_group.node",
            "module.eks_cluster.module.eks.aws_security_group_rule.cluster",
            "module.eks_cluster.module.eks.aws_security_group_rule.node",
            "module.eks_cluster.module.eks.data.aws_caller_identity.current",
            "module.eks_cluster.module.eks.data.aws_iam_policy_document.assume_role_policy",
            "module.eks_cluster.module.eks.data.aws_iam_policy_document.cni_ipv6_policy",
            "module.eks_cluster.module.eks.data.aws_iam_session_context.current",
            "module.eks_cluster.module.eks.data.aws_partition.current",
            "module.eks_cluster.module.eks.module.eks_managed_node_group.aws_iam_role.this",
            "module.eks_cluster.module.eks.module.eks_managed_node_group.aws_iam_role_policy_attachment.this",
            "module.eks_cluster.module.eks.module.eks_managed_node_group.data.aws_caller_identity.current",
            "module.eks_cluster.module.eks.module.eks_managed_node_group.data.aws_iam_policy_document.assume_role_policy",
            "module.eks_cluster.module.eks.module.eks_managed_node_group.data.aws_partition.current",
            "module.eks_cluster.module.eks.module.eks_managed_node_group.module.user_data.data.cloudinit_config.linux_eks_managed_node_group",
            "module.eks_cluster.module.eks.module.kms.aws_kms_external_key.this",
            "module.eks_cluster.module.eks.module.kms.aws_kms_key.this",
            "module.eks_cluster.module.eks.module.kms.data.aws_caller_identity.current",
            "module.eks_cluster.module.eks.module.kms.data.aws_iam_policy_document.this",
            "module.eks_cluster.module.eks.module.kms.data.aws_partition.current",
            "module.eks_cluster.module.eks.time_sleep.this"
          ],
          "create_before_destroy": true
        }
      ]
    },
    {
      "module": "module.eks_cluster.module.eks.module.kms",
      "mode": "data",
      "type": "aws_caller_identity",
      "name": "current",
      "provider": "provider[\"registry.terraform.io/hashicorp/aws\"]",
      "instances": [
        {
          "schema_version": 0,
          "attributes": {
            "account_id": "268050465834",
            "arn": "arn:aws:iam::268050465834:user/admineks",
            "id": "268050465834",
            "user_id": "AIDAT42INQQVGA6LTCVYX"
          },
          "sensitive_attributes": []
        }
      ]
    },
    {
      "module": "module.eks_cluster.module.eks.module.kms",
      "mode": "data",
      "type": "aws_iam_policy_document",
      "name": "this",
      "provider": "provider[\"registry.terraform.io/hashicorp/aws\"]",
      "instances": [
        {
          "index_key": 0,
          "schema_version": 0,
          "attributes": {
            "id": "26632335",
            "json": "{\n  \"Version\": \"2012-10-17\",\n  \"Statement\": [\n    {\n      \"Sid\": \"KeyAdministration\",\n      \"Effect\": \"Allow\",\n      \"Action\": [\n        \"kms:Update*\",\n        \"kms:UntagResource\",\n        \"kms:TagResource\",\n        \"kms:ScheduleKeyDeletion\",\n        \"kms:Revoke*\",\n        \"kms:Put*\",\n        \"kms:List*\",\n        \"kms:Get*\",\n        \"kms:Enable*\",\n        \"kms:Disable*\",\n        \"kms:Describe*\",\n        \"kms:Delete*\",\n        \"kms:Create*\",\n        \"kms:CancelKeyDeletion\"\n      ],\n      \"Resource\": \"*\",\n      \"Principal\": {\n        \"AWS\": \"arn:aws:iam::268050465834:user/admineks\"\n      }\n    },\n    {\n      \"Sid\": \"KeyUsage\",\n      \"Effect\": \"Allow\",\n      \"Action\": [\n        \"kms:ReEncrypt*\",\n        \"kms:GenerateDataKey*\",\n        \"kms:Encrypt\",\n        \"kms:DescribeKey\",\n        \"kms:Decrypt\"\n      ],\n      \"Resource\": \"*\",\n      \"Principal\": {\n        \"AWS\": \"arn:aws:iam::268050465834:role/eks-blueprint-blue-cluster-20231026193954882000000001\"\n      }\n    }\n  ]\n}",
            "override_policy_documents": null,
            "policy_id": null,
            "source_policy_documents": null,
            "statement": [
              {
                "actions": [
                  "kms:CancelKeyDeletion",
                  "kms:Create*",
                  "kms:Delete*",
                  "kms:Describe*",
                  "kms:Disable*",
                  "kms:Enable*",
                  "kms:Get*",
                  "kms:List*",
                  "kms:Put*",
                  "kms:Revoke*",
                  "kms:ScheduleKeyDeletion",
                  "kms:TagResource",
                  "kms:UntagResource",
                  "kms:Update*"
                ],
                "condition": [],
                "effect": "Allow",
                "not_actions": [],
                "not_principals": [],
                "not_resources": [],
                "principals": [
                  {
                    "identifiers": [
                      "arn:aws:iam::268050465834:user/admineks"
                    ],
                    "type": "AWS"
                  }
                ],
                "resources": [
                  "*"
                ],
                "sid": "KeyAdministration"
              },
              {
                "actions": [
                  "kms:Decrypt",
                  "kms:DescribeKey",
                  "kms:Encrypt",
                  "kms:GenerateDataKey*",
                  "kms:ReEncrypt*"
                ],
                "condition": [],
                "effect": "Allow",
                "not_actions": [],
                "not_principals": [],
                "not_resources": [],
                "principals": [
                  {
                    "identifiers": [
                      "arn:aws:iam::268050465834:role/eks-blueprint-blue-cluster-20231026193954882000000001"
                    ],
                    "type": "AWS"
                  }
                ],
                "resources": [
                  "*"
                ],
                "sid": "KeyUsage"
              }
            ],
            "version": "2012-10-17"
          },
          "sensitive_attributes": []
        }
      ]
    },
    {
      "module": "module.eks_cluster.module.eks.module.kms",
      "mode": "data",
      "type": "aws_partition",
      "name": "current",
      "provider": "provider[\"registry.terraform.io/hashicorp/aws\"]",
      "instances": [
        {
          "schema_version": 0,
          "attributes": {
            "dns_suffix": "amazonaws.com",
            "id": "aws",
            "partition": "aws",
            "reverse_dns_prefix": "com.amazonaws"
          },
          "sensitive_attributes": []
        }
      ]
    },
    {
      "module": "module.eks_cluster.module.eks.module.kms",
      "mode": "managed",
      "type": "aws_kms_alias",
      "name": "this",
      "provider": "provider[\"registry.terraform.io/hashicorp/aws\"]",
      "instances": [
        {
          "index_key": "cluster",
          "schema_version": 0,
          "attributes": {
            "arn": "arn:aws:kms:us-east-1:268050465834:alias/eks/eks-blueprint-blue",
            "id": "alias/eks/eks-blueprint-blue",
            "name": "alias/eks/eks-blueprint-blue",
            "name_prefix": "",
            "target_key_arn": "arn:aws:kms:us-east-1:268050465834:key/4c592146-4f22-4846-8699-64823928d5cb",
            "target_key_id": "4c592146-4f22-4846-8699-64823928d5cb"
          },
          "sensitive_attributes": [],
          "private": "bnVsbA==",
          "dependencies": [
            "module.eks_cluster.module.eks.aws_iam_role.this",
            "module.eks_cluster.module.eks.data.aws_caller_identity.current",
            "module.eks_cluster.module.eks.data.aws_iam_policy_document.assume_role_policy",
            "module.eks_cluster.module.eks.data.aws_iam_session_context.current",
            "module.eks_cluster.module.eks.data.aws_partition.current",
            "module.eks_cluster.module.eks.module.kms.aws_kms_external_key.this",
            "module.eks_cluster.module.eks.module.kms.aws_kms_key.this",
            "module.eks_cluster.module.eks.module.kms.data.aws_caller_identity.current",
            "module.eks_cluster.module.eks.module.kms.data.aws_iam_policy_document.this",
            "module.eks_cluster.module.eks.module.kms.data.aws_partition.current"
          ]
        }
      ]
    },
    {
      "module": "module.eks_cluster.module.eks.module.kms",
      "mode": "managed",
      "type": "aws_kms_key",
      "name": "this",
      "provider": "provider[\"registry.terraform.io/hashicorp/aws\"]",
      "instances": [
        {
          "index_key": 0,
          "schema_version": 0,
          "attributes": {
            "arn": "arn:aws:kms:us-east-1:268050465834:key/4c592146-4f22-4846-8699-64823928d5cb",
            "bypass_policy_lockout_safety_check": false,
            "custom_key_store_id": "",
            "customer_master_key_spec": "SYMMETRIC_DEFAULT",
            "deletion_window_in_days": null,
            "description": "eks-blueprint-blue cluster encryption key",
            "enable_key_rotation": true,
            "id": "4c592146-4f22-4846-8699-64823928d5cb",
            "is_enabled": true,
            "key_id": "4c592146-4f22-4846-8699-64823928d5cb",
            "key_usage": "ENCRYPT_DECRYPT",
            "multi_region": false,
            "policy": "{\"Statement\":[{\"Action\":[\"kms:Update*\",\"kms:UntagResource\",\"kms:TagResource\",\"kms:ScheduleKeyDeletion\",\"kms:Revoke*\",\"kms:Put*\",\"kms:List*\",\"kms:Get*\",\"kms:Enable*\",\"kms:Disable*\",\"kms:Describe*\",\"kms:Delete*\",\"kms:Create*\",\"kms:CancelKeyDeletion\"],\"Effect\":\"Allow\",\"Principal\":{\"AWS\":\"arn:aws:iam::268050465834:user/admineks\"},\"Resource\":\"*\",\"Sid\":\"KeyAdministration\"},{\"Action\":[\"kms:ReEncrypt*\",\"kms:GenerateDataKey*\",\"kms:Encrypt\",\"kms:DescribeKey\",\"kms:Decrypt\"],\"Effect\":\"Allow\",\"Principal\":{\"AWS\":\"arn:aws:iam::268050465834:role/eks-blueprint-blue-cluster-20231026193954882000000001\"},\"Resource\":\"*\",\"Sid\":\"KeyUsage\"}],\"Version\":\"2012-10-17\"}",
            "tags": {
              "Blueprint": "eks-blueprint-blue",
              "GithubRepo": "github.com/aws-ia/terraform-aws-eks-blueprints",
              "karpenter.sh/discovery": "eks-blueprint-blue"
            },
            "tags_all": {
              "Blueprint": "eks-blueprint-blue",
              "GithubRepo": "github.com/aws-ia/terraform-aws-eks-blueprints",
              "karpenter.sh/discovery": "eks-blueprint-blue"
            }
          },
          "sensitive_attributes": [],
          "private": "bnVsbA==",
          "dependencies": [
            "module.eks_cluster.module.eks.aws_iam_role.this",
            "module.eks_cluster.module.eks.data.aws_caller_identity.current",
            "module.eks_cluster.module.eks.data.aws_iam_policy_document.assume_role_policy",
            "module.eks_cluster.module.eks.data.aws_iam_session_context.current",
            "module.eks_cluster.module.eks.data.aws_partition.current",
            "module.eks_cluster.module.eks.module.kms.data.aws_caller_identity.current",
            "module.eks_cluster.module.eks.module.kms.data.aws_iam_policy_document.this",
            "module.eks_cluster.module.eks.module.kms.data.aws_partition.current"
          ],
          "create_before_destroy": true
        }
      ]
    },
    {
      "module": "module.eks_cluster.module.karpenter",
      "mode": "data",
      "type": "aws_caller_identity",
      "name": "current",
      "provider": "provider[\"registry.terraform.io/hashicorp/aws\"]",
      "instances": [
        {
          "schema_version": 0,
          "attributes": {
            "account_id": "268050465834",
            "arn": "arn:aws:iam::268050465834:user/admineks",
            "id": "268050465834",
            "user_id": "AIDAT42INQQVGA6LTCVYX"
          },
          "sensitive_attributes": []
        }
      ]
    },
    {
      "module": "module.eks_cluster.module.karpenter",
      "mode": "data",
      "type": "aws_iam_policy_document",
      "name": "assume_role",
      "provider": "provider[\"registry.terraform.io/hashicorp/aws\"]",
      "instances": [
        {
          "index_key": 0,
          "schema_version": 0,
          "attributes": {
            "id": "2560088296",
            "json": "{\n  \"Version\": \"2012-10-17\",\n  \"Statement\": [\n    {\n      \"Sid\": \"EKSNodeAssumeRole\",\n      \"Effect\": \"Allow\",\n      \"Action\": \"sts:AssumeRole\",\n      \"Principal\": {\n        \"Service\": \"ec2.amazonaws.com\"\n      }\n    }\n  ]\n}",
            "override_policy_documents": null,
            "policy_id": null,
            "source_policy_documents": null,
            "statement": [
              {
                "actions": [
                  "sts:AssumeRole"
                ],
                "condition": [],
                "effect": "Allow",
                "not_actions": [],
                "not_principals": [],
                "not_resources": [],
                "principals": [
                  {
                    "identifiers": [
                      "ec2.amazonaws.com"
                    ],
                    "type": "Service"
                  }
                ],
                "resources": [],
                "sid": "EKSNodeAssumeRole"
              }
            ],
            "version": "2012-10-17"
          },
          "sensitive_attributes": []
        }
      ]
    },
    {
      "module": "module.eks_cluster.module.karpenter",
      "mode": "data",
      "type": "aws_iam_policy_document",
      "name": "queue",
      "provider": "provider[\"registry.terraform.io/hashicorp/aws\"]",
      "instances": [
        {
          "index_key": 0,
          "schema_version": 0,
          "attributes": {
            "id": "3985546810",
            "json": "{\n  \"Version\": \"2012-10-17\",\n  \"Statement\": [\n    {\n      \"Sid\": \"SqsWrite\",\n      \"Effect\": \"Allow\",\n      \"Action\": \"sqs:SendMessage\",\n      \"Resource\": \"arn:aws:sqs:us-east-1:268050465834:Karpenter-eks-blueprint-blue\",\n      \"Principal\": {\n        \"Service\": [\n          \"sqs.amazonaws.com\",\n          \"events.amazonaws.com\"\n        ]\n      }\n    }\n  ]\n}",
            "override_policy_documents": null,
            "policy_id": null,
            "source_policy_documents": null,
            "statement": [
              {
                "actions": [
                  "sqs:SendMessage"
                ],
                "condition": [],
                "effect": "Allow",
                "not_actions": [],
                "not_principals": [],
                "not_resources": [],
                "principals": [
                  {
                    "identifiers": [
                      "events.amazonaws.com",
                      "sqs.amazonaws.com"
                    ],
                    "type": "Service"
                  }
                ],
                "resources": [
                  "arn:aws:sqs:us-east-1:268050465834:Karpenter-eks-blueprint-blue"
                ],
                "sid": "SqsWrite"
              }
            ],
            "version": "2012-10-17"
          },
          "sensitive_attributes": []
        }
      ]
    },
    {
      "module": "module.eks_cluster.module.karpenter",
      "mode": "data",
      "type": "aws_partition",
      "name": "current",
      "provider": "provider[\"registry.terraform.io/hashicorp/aws\"]",
      "instances": [
        {
          "schema_version": 0,
          "attributes": {
            "dns_suffix": "amazonaws.com",
            "id": "aws",
            "partition": "aws",
            "reverse_dns_prefix": "com.amazonaws"
          },
          "sensitive_attributes": []
        }
      ]
    },
    {
      "module": "module.eks_cluster.module.karpenter",
      "mode": "managed",
      "type": "aws_cloudwatch_event_rule",
      "name": "this",
      "provider": "provider[\"registry.terraform.io/hashicorp/aws\"]",
      "instances": [
        {
          "index_key": "health_event",
          "schema_version": 0,
          "attributes": {
            "arn": "arn:aws:events:us-east-1:268050465834:rule/KarpenterHealthEvent-20231026195415820000000003",
            "description": "Karpenter interrupt - AWS health event",
            "event_bus_name": "default",
            "event_pattern": "{\"detail-type\":[\"AWS Health Event\"],\"source\":[\"aws.health\"]}",
            "id": "KarpenterHealthEvent-20231026195415820000000003",
            "is_enabled": true,
            "name": "KarpenterHealthEvent-20231026195415820000000003",
            "name_prefix": "KarpenterHealthEvent-",
            "role_arn": "",
            "schedule_expression": "",
            "tags": {
              "Blueprint": "eks-blueprint-blue",
              "ClusterName": "eks-blueprint-blue",
              "GithubRepo": "github.com/aws-ia/terraform-aws-eks-blueprints"
            },
            "tags_all": {
              "Blueprint": "eks-blueprint-blue",
              "ClusterName": "eks-blueprint-blue",
              "GithubRepo": "github.com/aws-ia/terraform-aws-eks-blueprints"
            }
          },
          "sensitive_attributes": [],
          "private": "bnVsbA==",
          "dependencies": [
            "module.eks_cluster.data.aws_subnets.private",
            "module.eks_cluster.data.aws_vpc.vpc",
            "module.eks_cluster.module.eks.aws_cloudwatch_log_group.this",
            "module.eks_cluster.module.eks.aws_eks_cluster.this",
            "module.eks_cluster.module.eks.aws_iam_policy.cni_ipv6_policy",
            "module.eks_cluster.module.eks.aws_iam_role.this",
            "module.eks_cluster.module.eks.aws_iam_role_policy_attachment.this",
            "module.eks_cluster.module.eks.aws_security_group.cluster",
            "module.eks_cluster.module.eks.aws_security_group.node",
            "module.eks_cluster.module.eks.aws_security_group_rule.cluster",
            "module.eks_cluster.module.eks.aws_security_group_rule.node",
            "module.eks_cluster.module.eks.data.aws_caller_identity.current",
            "module.eks_cluster.module.eks.data.aws_iam_policy_document.assume_role_policy",
            "module.eks_cluster.module.eks.data.aws_iam_policy_document.cni_ipv6_policy",
            "module.eks_cluster.module.eks.data.aws_iam_session_context.current",
            "module.eks_cluster.module.eks.data.aws_partition.current",
            "module.eks_cluster.module.eks.module.kms.aws_kms_external_key.this",
            "module.eks_cluster.module.eks.module.kms.aws_kms_key.this",
            "module.eks_cluster.module.eks.module.kms.data.aws_caller_identity.current",
            "module.eks_cluster.module.eks.module.kms.data.aws_iam_policy_document.this",
            "module.eks_cluster.module.eks.module.kms.data.aws_partition.current"
          ]
        },
        {
          "index_key": "instance_rebalance",
          "schema_version": 0,
          "attributes": {
            "arn": "arn:aws:events:us-east-1:268050465834:rule/KarpenterInstanceRebalance-20231026195415820000000002",
            "description": "Karpenter interrupt - EC2 instance rebalance recommendation",
            "event_bus_name": "default",
            "event_pattern": "{\"detail-type\":[\"EC2 Instance Rebalance Recommendation\"],\"source\":[\"aws.ec2\"]}",
            "id": "KarpenterInstanceRebalance-20231026195415820000000002",
            "is_enabled": true,
            "name": "KarpenterInstanceRebalance-20231026195415820000000002",
            "name_prefix": "KarpenterInstanceRebalance-",
            "role_arn": "",
            "schedule_expression": "",
            "tags": {
              "Blueprint": "eks-blueprint-blue",
              "ClusterName": "eks-blueprint-blue",
              "GithubRepo": "github.com/aws-ia/terraform-aws-eks-blueprints"
            },
            "tags_all": {
              "Blueprint": "eks-blueprint-blue",
              "ClusterName": "eks-blueprint-blue",
              "GithubRepo": "github.com/aws-ia/terraform-aws-eks-blueprints"
            }
          },
          "sensitive_attributes": [],
          "private": "bnVsbA==",
          "dependencies": [
            "module.eks_cluster.data.aws_subnets.private",
            "module.eks_cluster.data.aws_vpc.vpc",
            "module.eks_cluster.module.eks.aws_cloudwatch_log_group.this",
            "module.eks_cluster.module.eks.aws_eks_cluster.this",
            "module.eks_cluster.module.eks.aws_iam_policy.cni_ipv6_policy",
            "module.eks_cluster.module.eks.aws_iam_role.this",
            "module.eks_cluster.module.eks.aws_iam_role_policy_attachment.this",
            "module.eks_cluster.module.eks.aws_security_group.cluster",
            "module.eks_cluster.module.eks.aws_security_group.node",
            "module.eks_cluster.module.eks.aws_security_group_rule.cluster",
            "module.eks_cluster.module.eks.aws_security_group_rule.node",
            "module.eks_cluster.module.eks.data.aws_caller_identity.current",
            "module.eks_cluster.module.eks.data.aws_iam_policy_document.assume_role_policy",
            "module.eks_cluster.module.eks.data.aws_iam_policy_document.cni_ipv6_policy",
            "module.eks_cluster.module.eks.data.aws_iam_session_context.current",
            "module.eks_cluster.module.eks.data.aws_partition.current",
            "module.eks_cluster.module.eks.module.kms.aws_kms_external_key.this",
            "module.eks_cluster.module.eks.module.kms.aws_kms_key.this",
            "module.eks_cluster.module.eks.module.kms.data.aws_caller_identity.current",
            "module.eks_cluster.module.eks.module.kms.data.aws_iam_policy_document.this",
            "module.eks_cluster.module.eks.module.kms.data.aws_partition.current"
          ]
        },
        {
          "index_key": "instance_state_change",
          "schema_version": 0,
          "attributes": {
            "arn": "arn:aws:events:us-east-1:268050465834:rule/KarpenterInstanceStateChange-20231026195415820000000004",
            "description": "Karpenter interrupt - EC2 instance state-change notification",
            "event_bus_name": "default",
            "event_pattern": "{\"detail-type\":[\"EC2 Instance State-change Notification\"],\"source\":[\"aws.ec2\"]}",
            "id": "KarpenterInstanceStateChange-20231026195415820000000004",
            "is_enabled": true,
            "name": "KarpenterInstanceStateChange-20231026195415820000000004",
            "name_prefix": "KarpenterInstanceStateChange-",
            "role_arn": "",
            "schedule_expression": "",
            "tags": {
              "Blueprint": "eks-blueprint-blue",
              "ClusterName": "eks-blueprint-blue",
              "GithubRepo": "github.com/aws-ia/terraform-aws-eks-blueprints"
            },
            "tags_all": {
              "Blueprint": "eks-blueprint-blue",
              "ClusterName": "eks-blueprint-blue",
              "GithubRepo": "github.com/aws-ia/terraform-aws-eks-blueprints"
            }
          },
          "sensitive_attributes": [],
          "private": "bnVsbA==",
          "dependencies": [
            "module.eks_cluster.data.aws_subnets.private",
            "module.eks_cluster.data.aws_vpc.vpc",
            "module.eks_cluster.module.eks.aws_cloudwatch_log_group.this",
            "module.eks_cluster.module.eks.aws_eks_cluster.this",
            "module.eks_cluster.module.eks.aws_iam_policy.cni_ipv6_policy",
            "module.eks_cluster.module.eks.aws_iam_role.this",
            "module.eks_cluster.module.eks.aws_iam_role_policy_attachment.this",
            "module.eks_cluster.module.eks.aws_security_group.cluster",
            "module.eks_cluster.module.eks.aws_security_group.node",
            "module.eks_cluster.module.eks.aws_security_group_rule.cluster",
            "module.eks_cluster.module.eks.aws_security_group_rule.node",
            "module.eks_cluster.module.eks.data.aws_caller_identity.current",
            "module.eks_cluster.module.eks.data.aws_iam_policy_document.assume_role_policy",
            "module.eks_cluster.module.eks.data.aws_iam_policy_document.cni_ipv6_policy",
            "module.eks_cluster.module.eks.data.aws_iam_session_context.current",
            "module.eks_cluster.module.eks.data.aws_partition.current",
            "module.eks_cluster.module.eks.module.kms.aws_kms_external_key.this",
            "module.eks_cluster.module.eks.module.kms.aws_kms_key.this",
            "module.eks_cluster.module.eks.module.kms.data.aws_caller_identity.current",
            "module.eks_cluster.module.eks.module.kms.data.aws_iam_policy_document.this",
            "module.eks_cluster.module.eks.module.kms.data.aws_partition.current"
          ]
        },
        {
          "index_key": "spot_interupt",
          "schema_version": 0,
          "attributes": {
            "arn": "arn:aws:events:us-east-1:268050465834:rule/KarpenterSpotInterrupt-20231026195415820000000001",
            "description": "Karpenter interrupt - EC2 spot instance interruption warning",
            "event_bus_name": "default",
            "event_pattern": "{\"detail-type\":[\"EC2 Spot Instance Interruption Warning\"],\"source\":[\"aws.ec2\"]}",
            "id": "KarpenterSpotInterrupt-20231026195415820000000001",
            "is_enabled": true,
            "name": "KarpenterSpotInterrupt-20231026195415820000000001",
            "name_prefix": "KarpenterSpotInterrupt-",
            "role_arn": "",
            "schedule_expression": "",
            "tags": {
              "Blueprint": "eks-blueprint-blue",
              "ClusterName": "eks-blueprint-blue",
              "GithubRepo": "github.com/aws-ia/terraform-aws-eks-blueprints"
            },
            "tags_all": {
              "Blueprint": "eks-blueprint-blue",
              "ClusterName": "eks-blueprint-blue",
              "GithubRepo": "github.com/aws-ia/terraform-aws-eks-blueprints"
            }
          },
          "sensitive_attributes": [],
          "private": "bnVsbA==",
          "dependencies": [
            "module.eks_cluster.data.aws_subnets.private",
            "module.eks_cluster.data.aws_vpc.vpc",
            "module.eks_cluster.module.eks.aws_cloudwatch_log_group.this",
            "module.eks_cluster.module.eks.aws_eks_cluster.this",
            "module.eks_cluster.module.eks.aws_iam_policy.cni_ipv6_policy",
            "module.eks_cluster.module.eks.aws_iam_role.this",
            "module.eks_cluster.module.eks.aws_iam_role_policy_attachment.this",
            "module.eks_cluster.module.eks.aws_security_group.cluster",
            "module.eks_cluster.module.eks.aws_security_group.node",
            "module.eks_cluster.module.eks.aws_security_group_rule.cluster",
            "module.eks_cluster.module.eks.aws_security_group_rule.node",
            "module.eks_cluster.module.eks.data.aws_caller_identity.current",
            "module.eks_cluster.module.eks.data.aws_iam_policy_document.assume_role_policy",
            "module.eks_cluster.module.eks.data.aws_iam_policy_document.cni_ipv6_policy",
            "module.eks_cluster.module.eks.data.aws_iam_session_context.current",
            "module.eks_cluster.module.eks.data.aws_partition.current",
            "module.eks_cluster.module.eks.module.kms.aws_kms_external_key.this",
            "module.eks_cluster.module.eks.module.kms.aws_kms_key.this",
            "module.eks_cluster.module.eks.module.kms.data.aws_caller_identity.current",
            "module.eks_cluster.module.eks.module.kms.data.aws_iam_policy_document.this",
            "module.eks_cluster.module.eks.module.kms.data.aws_partition.current"
          ]
        }
      ]
    },
    {
      "module": "module.eks_cluster.module.karpenter",
      "mode": "managed",
      "type": "aws_cloudwatch_event_target",
      "name": "this",
      "provider": "provider[\"registry.terraform.io/hashicorp/aws\"]",
      "instances": [
        {
          "index_key": "health_event",
          "schema_version": 1,
          "attributes": {
            "arn": "arn:aws:sqs:us-east-1:268050465834:Karpenter-eks-blueprint-blue",
            "batch_target": [],
            "dead_letter_config": [],
            "ecs_target": [],
            "event_bus_name": "default",
            "http_target": [],
            "id": "KarpenterHealthEvent-20231026195415820000000003-KarpenterInterruptionQueueTarget",
            "input": "",
            "input_path": "",
            "input_transformer": [],
            "kinesis_target": [],
            "redshift_target": [],
            "retry_policy": [],
            "role_arn": "",
            "rule": "KarpenterHealthEvent-20231026195415820000000003",
            "run_command_targets": [],
            "sagemaker_pipeline_target": [],
            "sqs_target": [],
            "target_id": "KarpenterInterruptionQueueTarget"
          },
          "sensitive_attributes": [],
          "private": "eyJzY2hlbWFfdmVyc2lvbiI6IjEifQ==",
          "dependencies": [
            "module.eks_cluster.data.aws_subnets.private",
            "module.eks_cluster.data.aws_vpc.vpc",
            "module.eks_cluster.module.eks.aws_cloudwatch_log_group.this",
            "module.eks_cluster.module.eks.aws_eks_cluster.this",
            "module.eks_cluster.module.eks.aws_iam_policy.cni_ipv6_policy",
            "module.eks_cluster.module.eks.aws_iam_role.this",
            "module.eks_cluster.module.eks.aws_iam_role_policy_attachment.this",
            "module.eks_cluster.module.eks.aws_security_group.cluster",
            "module.eks_cluster.module.eks.aws_security_group.node",
            "module.eks_cluster.module.eks.aws_security_group_rule.cluster",
            "module.eks_cluster.module.eks.aws_security_group_rule.node",
            "module.eks_cluster.module.eks.data.aws_caller_identity.current",
            "module.eks_cluster.module.eks.data.aws_iam_policy_document.assume_role_policy",
            "module.eks_cluster.module.eks.data.aws_iam_policy_document.cni_ipv6_policy",
            "module.eks_cluster.module.eks.data.aws_iam_session_context.current",
            "module.eks_cluster.module.eks.data.aws_partition.current",
            "module.eks_cluster.module.eks.module.kms.aws_kms_external_key.this",
            "module.eks_cluster.module.eks.module.kms.aws_kms_key.this",
            "module.eks_cluster.module.eks.module.kms.data.aws_caller_identity.current",
            "module.eks_cluster.module.eks.module.kms.data.aws_iam_policy_document.this",
            "module.eks_cluster.module.eks.module.kms.data.aws_partition.current",
            "module.eks_cluster.module.karpenter.aws_cloudwatch_event_rule.this",
            "module.eks_cluster.module.karpenter.aws_sqs_queue.this"
          ]
        },
        {
          "index_key": "instance_rebalance",
          "schema_version": 1,
          "attributes": {
            "arn": "arn:aws:sqs:us-east-1:268050465834:Karpenter-eks-blueprint-blue",
            "batch_target": [],
            "dead_letter_config": [],
            "ecs_target": [],
            "event_bus_name": "default",
            "http_target": [],
            "id": "KarpenterInstanceRebalance-20231026195415820000000002-KarpenterInterruptionQueueTarget",
            "input": "",
            "input_path": "",
            "input_transformer": [],
            "kinesis_target": [],
            "redshift_target": [],
            "retry_policy": [],
            "role_arn": "",
            "rule": "KarpenterInstanceRebalance-20231026195415820000000002",
            "run_command_targets": [],
            "sagemaker_pipeline_target": [],
            "sqs_target": [],
            "target_id": "KarpenterInterruptionQueueTarget"
          },
          "sensitive_attributes": [],
          "private": "eyJzY2hlbWFfdmVyc2lvbiI6IjEifQ==",
          "dependencies": [
            "module.eks_cluster.data.aws_subnets.private",
            "module.eks_cluster.data.aws_vpc.vpc",
            "module.eks_cluster.module.eks.aws_cloudwatch_log_group.this",
            "module.eks_cluster.module.eks.aws_eks_cluster.this",
            "module.eks_cluster.module.eks.aws_iam_policy.cni_ipv6_policy",
            "module.eks_cluster.module.eks.aws_iam_role.this",
            "module.eks_cluster.module.eks.aws_iam_role_policy_attachment.this",
            "module.eks_cluster.module.eks.aws_security_group.cluster",
            "module.eks_cluster.module.eks.aws_security_group.node",
            "module.eks_cluster.module.eks.aws_security_group_rule.cluster",
            "module.eks_cluster.module.eks.aws_security_group_rule.node",
            "module.eks_cluster.module.eks.data.aws_caller_identity.current",
            "module.eks_cluster.module.eks.data.aws_iam_policy_document.assume_role_policy",
            "module.eks_cluster.module.eks.data.aws_iam_policy_document.cni_ipv6_policy",
            "module.eks_cluster.module.eks.data.aws_iam_session_context.current",
            "module.eks_cluster.module.eks.data.aws_partition.current",
            "module.eks_cluster.module.eks.module.kms.aws_kms_external_key.this",
            "module.eks_cluster.module.eks.module.kms.aws_kms_key.this",
            "module.eks_cluster.module.eks.module.kms.data.aws_caller_identity.current",
            "module.eks_cluster.module.eks.module.kms.data.aws_iam_policy_document.this",
            "module.eks_cluster.module.eks.module.kms.data.aws_partition.current",
            "module.eks_cluster.module.karpenter.aws_cloudwatch_event_rule.this",
            "module.eks_cluster.module.karpenter.aws_sqs_queue.this"
          ]
        },
        {
          "index_key": "instance_state_change",
          "schema_version": 1,
          "attributes": {
            "arn": "arn:aws:sqs:us-east-1:268050465834:Karpenter-eks-blueprint-blue",
            "batch_target": [],
            "dead_letter_config": [],
            "ecs_target": [],
            "event_bus_name": "default",
            "http_target": [],
            "id": "KarpenterInstanceStateChange-20231026195415820000000004-KarpenterInterruptionQueueTarget",
            "input": "",
            "input_path": "",
            "input_transformer": [],
            "kinesis_target": [],
            "redshift_target": [],
            "retry_policy": [],
            "role_arn": "",
            "rule": "KarpenterInstanceStateChange-20231026195415820000000004",
            "run_command_targets": [],
            "sagemaker_pipeline_target": [],
            "sqs_target": [],
            "target_id": "KarpenterInterruptionQueueTarget"
          },
          "sensitive_attributes": [],
          "private": "eyJzY2hlbWFfdmVyc2lvbiI6IjEifQ==",
          "dependencies": [
            "module.eks_cluster.data.aws_subnets.private",
            "module.eks_cluster.data.aws_vpc.vpc",
            "module.eks_cluster.module.eks.aws_cloudwatch_log_group.this",
            "module.eks_cluster.module.eks.aws_eks_cluster.this",
            "module.eks_cluster.module.eks.aws_iam_policy.cni_ipv6_policy",
            "module.eks_cluster.module.eks.aws_iam_role.this",
            "module.eks_cluster.module.eks.aws_iam_role_policy_attachment.this",
            "module.eks_cluster.module.eks.aws_security_group.cluster",
            "module.eks_cluster.module.eks.aws_security_group.node",
            "module.eks_cluster.module.eks.aws_security_group_rule.cluster",
            "module.eks_cluster.module.eks.aws_security_group_rule.node",
            "module.eks_cluster.module.eks.data.aws_caller_identity.current",
            "module.eks_cluster.module.eks.data.aws_iam_policy_document.assume_role_policy",
            "module.eks_cluster.module.eks.data.aws_iam_policy_document.cni_ipv6_policy",
            "module.eks_cluster.module.eks.data.aws_iam_session_context.current",
            "module.eks_cluster.module.eks.data.aws_partition.current",
            "module.eks_cluster.module.eks.module.kms.aws_kms_external_key.this",
            "module.eks_cluster.module.eks.module.kms.aws_kms_key.this",
            "module.eks_cluster.module.eks.module.kms.data.aws_caller_identity.current",
            "module.eks_cluster.module.eks.module.kms.data.aws_iam_policy_document.this",
            "module.eks_cluster.module.eks.module.kms.data.aws_partition.current",
            "module.eks_cluster.module.karpenter.aws_cloudwatch_event_rule.this",
            "module.eks_cluster.module.karpenter.aws_sqs_queue.this"
          ]
        },
        {
          "index_key": "spot_interupt",
          "schema_version": 1,
          "attributes": {
            "arn": "arn:aws:sqs:us-east-1:268050465834:Karpenter-eks-blueprint-blue",
            "batch_target": [],
            "dead_letter_config": [],
            "ecs_target": [],
            "event_bus_name": "default",
            "http_target": [],
            "id": "KarpenterSpotInterrupt-20231026195415820000000001-KarpenterInterruptionQueueTarget",
            "input": "",
            "input_path": "",
            "input_transformer": [],
            "kinesis_target": [],
            "redshift_target": [],
            "retry_policy": [],
            "role_arn": "",
            "rule": "KarpenterSpotInterrupt-20231026195415820000000001",
            "run_command_targets": [],
            "sagemaker_pipeline_target": [],
            "sqs_target": [],
            "target_id": "KarpenterInterruptionQueueTarget"
          },
          "sensitive_attributes": [],
          "private": "eyJzY2hlbWFfdmVyc2lvbiI6IjEifQ==",
          "dependencies": [
            "module.eks_cluster.data.aws_subnets.private",
            "module.eks_cluster.data.aws_vpc.vpc",
            "module.eks_cluster.module.eks.aws_cloudwatch_log_group.this",
            "module.eks_cluster.module.eks.aws_eks_cluster.this",
            "module.eks_cluster.module.eks.aws_iam_policy.cni_ipv6_policy",
            "module.eks_cluster.module.eks.aws_iam_role.this",
            "module.eks_cluster.module.eks.aws_iam_role_policy_attachment.this",
            "module.eks_cluster.module.eks.aws_security_group.cluster",
            "module.eks_cluster.module.eks.aws_security_group.node",
            "module.eks_cluster.module.eks.aws_security_group_rule.cluster",
            "module.eks_cluster.module.eks.aws_security_group_rule.node",
            "module.eks_cluster.module.eks.data.aws_caller_identity.current",
            "module.eks_cluster.module.eks.data.aws_iam_policy_document.assume_role_policy",
            "module.eks_cluster.module.eks.data.aws_iam_policy_document.cni_ipv6_policy",
            "module.eks_cluster.module.eks.data.aws_iam_session_context.current",
            "module.eks_cluster.module.eks.data.aws_partition.current",
            "module.eks_cluster.module.eks.module.kms.aws_kms_external_key.this",
            "module.eks_cluster.module.eks.module.kms.aws_kms_key.this",
            "module.eks_cluster.module.eks.module.kms.data.aws_caller_identity.current",
            "module.eks_cluster.module.eks.module.kms.data.aws_iam_policy_document.this",
            "module.eks_cluster.module.eks.module.kms.data.aws_partition.current",
            "module.eks_cluster.module.karpenter.aws_cloudwatch_event_rule.this",
            "module.eks_cluster.module.karpenter.aws_sqs_queue.this"
          ]
        }
      ]
    },
    {
      "module": "module.eks_cluster.module.karpenter",
      "mode": "managed",
      "type": "aws_iam_instance_profile",
      "name": "this",
      "provider": "provider[\"registry.terraform.io/hashicorp/aws\"]",
      "instances": [
        {
          "index_key": 0,
          "schema_version": 0,
          "attributes": {
            "arn": "arn:aws:iam::268050465834:instance-profile/Karpenter-eks-blueprint-blue-20231026195417649000000006",
            "create_date": "2023-10-26T19:54:17Z",
            "id": "Karpenter-eks-blueprint-blue-20231026195417649000000006",
            "name": "Karpenter-eks-blueprint-blue-20231026195417649000000006",
            "name_prefix": "Karpenter-eks-blueprint-blue-",
            "path": "/",
            "role": "Karpenter-eks-blueprint-blue-20231026195416867000000005",
            "tags": {
              "Blueprint": "eks-blueprint-blue",
              "GithubRepo": "github.com/aws-ia/terraform-aws-eks-blueprints"
            },
            "tags_all": {
              "Blueprint": "eks-blueprint-blue",
              "GithubRepo": "github.com/aws-ia/terraform-aws-eks-blueprints"
            },
            "unique_id": "AIPAT42INQQVA5FJDTSAE"
          },
          "sensitive_attributes": [],
          "private": "bnVsbA==",
          "dependencies": [
            "module.eks_cluster.data.aws_subnets.private",
            "module.eks_cluster.data.aws_vpc.vpc",
            "module.eks_cluster.module.eks.aws_cloudwatch_log_group.this",
            "module.eks_cluster.module.eks.aws_eks_cluster.this",
            "module.eks_cluster.module.eks.aws_iam_policy.cni_ipv6_policy",
            "module.eks_cluster.module.eks.aws_iam_role.this",
            "module.eks_cluster.module.eks.aws_iam_role_policy_attachment.this",
            "module.eks_cluster.module.eks.aws_security_group.cluster",
            "module.eks_cluster.module.eks.aws_security_group.node",
            "module.eks_cluster.module.eks.aws_security_group_rule.cluster",
            "module.eks_cluster.module.eks.aws_security_group_rule.node",
            "module.eks_cluster.module.eks.data.aws_caller_identity.current",
            "module.eks_cluster.module.eks.data.aws_iam_policy_document.assume_role_policy",
            "module.eks_cluster.module.eks.data.aws_iam_policy_document.cni_ipv6_policy",
            "module.eks_cluster.module.eks.data.aws_iam_session_context.current",
            "module.eks_cluster.module.eks.data.aws_partition.current",
            "module.eks_cluster.module.eks.module.kms.aws_kms_external_key.this",
            "module.eks_cluster.module.eks.module.kms.aws_kms_key.this",
            "module.eks_cluster.module.eks.module.kms.data.aws_caller_identity.current",
            "module.eks_cluster.module.eks.module.kms.data.aws_iam_policy_document.this",
            "module.eks_cluster.module.eks.module.kms.data.aws_partition.current",
            "module.eks_cluster.module.karpenter.aws_iam_role.this",
            "module.eks_cluster.module.karpenter.data.aws_iam_policy_document.assume_role",
            "module.eks_cluster.module.karpenter.data.aws_partition.current"
          ]
        }
      ]
    },
    {
      "module": "module.eks_cluster.module.karpenter",
      "mode": "managed",
      "type": "aws_iam_role",
      "name": "this",
      "provider": "provider[\"registry.terraform.io/hashicorp/aws\"]",
      "instances": [
        {
          "index_key": 0,
          "schema_version": 0,
          "attributes": {
            "arn": "arn:aws:iam::268050465834:role/Karpenter-eks-blueprint-blue-20231026195416867000000005",
            "assume_role_policy": "{\"Statement\":[{\"Action\":\"sts:AssumeRole\",\"Effect\":\"Allow\",\"Principal\":{\"Service\":\"ec2.amazonaws.com\"},\"Sid\":\"EKSNodeAssumeRole\"}],\"Version\":\"2012-10-17\"}",
            "create_date": "2023-10-26T19:54:17Z",
            "description": "",
            "force_detach_policies": true,
            "id": "Karpenter-eks-blueprint-blue-20231026195416867000000005",
            "inline_policy": [],
            "managed_policy_arns": [
              "arn:aws:iam::aws:policy/AmazonEC2ContainerRegistryReadOnly",
              "arn:aws:iam::aws:policy/AmazonEKSWorkerNodePolicy",
              "arn:aws:iam::aws:policy/AmazonEKS_CNI_Policy"
            ],
            "max_session_duration": 3600,
            "name": "Karpenter-eks-blueprint-blue-20231026195416867000000005",
            "name_prefix": "Karpenter-eks-blueprint-blue-",
            "path": "/",
            "permissions_boundary": null,
            "tags": {
              "Blueprint": "eks-blueprint-blue",
              "GithubRepo": "github.com/aws-ia/terraform-aws-eks-blueprints"
            },
            "tags_all": {
              "Blueprint": "eks-blueprint-blue",
              "GithubRepo": "github.com/aws-ia/terraform-aws-eks-blueprints"
            },
            "unique_id": "AROAT42INQQVJLQYUCA4O"
          },
          "sensitive_attributes": [],
          "private": "bnVsbA==",
          "dependencies": [
            "module.eks_cluster.data.aws_subnets.private",
            "module.eks_cluster.data.aws_vpc.vpc",
            "module.eks_cluster.module.eks.aws_cloudwatch_log_group.this",
            "module.eks_cluster.module.eks.aws_eks_cluster.this",
            "module.eks_cluster.module.eks.aws_iam_policy.cni_ipv6_policy",
            "module.eks_cluster.module.eks.aws_iam_role.this",
            "module.eks_cluster.module.eks.aws_iam_role_policy_attachment.this",
            "module.eks_cluster.module.eks.aws_security_group.cluster",
            "module.eks_cluster.module.eks.aws_security_group.node",
            "module.eks_cluster.module.eks.aws_security_group_rule.cluster",
            "module.eks_cluster.module.eks.aws_security_group_rule.node",
            "module.eks_cluster.module.eks.data.aws_caller_identity.current",
            "module.eks_cluster.module.eks.data.aws_iam_policy_document.assume_role_policy",
            "module.eks_cluster.module.eks.data.aws_iam_policy_document.cni_ipv6_policy",
            "module.eks_cluster.module.eks.data.aws_iam_session_context.current",
            "module.eks_cluster.module.eks.data.aws_partition.current",
            "module.eks_cluster.module.eks.module.kms.aws_kms_external_key.this",
            "module.eks_cluster.module.eks.module.kms.aws_kms_key.this",
            "module.eks_cluster.module.eks.module.kms.data.aws_caller_identity.current",
            "module.eks_cluster.module.eks.module.kms.data.aws_iam_policy_document.this",
            "module.eks_cluster.module.eks.module.kms.data.aws_partition.current",
            "module.eks_cluster.module.karpenter.data.aws_iam_policy_document.assume_role",
            "module.eks_cluster.module.karpenter.data.aws_partition.current"
          ]
        }
      ]
    },
    {
      "module": "module.eks_cluster.module.karpenter",
      "mode": "managed",
      "type": "aws_iam_role_policy_attachment",
      "name": "this",
      "provider": "provider[\"registry.terraform.io/hashicorp/aws\"]",
      "instances": [
        {
          "index_key": "arn:aws:iam::aws:policy/AmazonEC2ContainerRegistryReadOnly",
          "schema_version": 0,
          "attributes": {
            "id": "Karpenter-eks-blueprint-blue-20231026195416867000000005-20231026195417908000000009",
            "policy_arn": "arn:aws:iam::aws:policy/AmazonEC2ContainerRegistryReadOnly",
            "role": "Karpenter-eks-blueprint-blue-20231026195416867000000005"
          },
          "sensitive_attributes": [],
          "private": "bnVsbA==",
          "dependencies": [
            "module.eks_cluster.data.aws_subnets.private",
            "module.eks_cluster.data.aws_vpc.vpc",
            "module.eks_cluster.module.eks.aws_cloudwatch_log_group.this",
            "module.eks_cluster.module.eks.aws_eks_cluster.this",
            "module.eks_cluster.module.eks.aws_iam_policy.cni_ipv6_policy",
            "module.eks_cluster.module.eks.aws_iam_role.this",
            "module.eks_cluster.module.eks.aws_iam_role_policy_attachment.this",
            "module.eks_cluster.module.eks.aws_security_group.cluster",
            "module.eks_cluster.module.eks.aws_security_group.node",
            "module.eks_cluster.module.eks.aws_security_group_rule.cluster",
            "module.eks_cluster.module.eks.aws_security_group_rule.node",
            "module.eks_cluster.module.eks.data.aws_caller_identity.current",
            "module.eks_cluster.module.eks.data.aws_iam_policy_document.assume_role_policy",
            "module.eks_cluster.module.eks.data.aws_iam_policy_document.cni_ipv6_policy",
            "module.eks_cluster.module.eks.data.aws_iam_session_context.current",
            "module.eks_cluster.module.eks.data.aws_partition.current",
            "module.eks_cluster.module.eks.module.kms.aws_kms_external_key.this",
            "module.eks_cluster.module.eks.module.kms.aws_kms_key.this",
            "module.eks_cluster.module.eks.module.kms.data.aws_caller_identity.current",
            "module.eks_cluster.module.eks.module.kms.data.aws_iam_policy_document.this",
            "module.eks_cluster.module.eks.module.kms.data.aws_partition.current",
            "module.eks_cluster.module.karpenter.aws_iam_role.this",
            "module.eks_cluster.module.karpenter.data.aws_iam_policy_document.assume_role",
            "module.eks_cluster.module.karpenter.data.aws_partition.current"
          ]
        },
        {
          "index_key": "arn:aws:iam::aws:policy/AmazonEKSWorkerNodePolicy",
          "schema_version": 0,
          "attributes": {
            "id": "Karpenter-eks-blueprint-blue-20231026195416867000000005-20231026195417779500000007",
            "policy_arn": "arn:aws:iam::aws:policy/AmazonEKSWorkerNodePolicy",
            "role": "Karpenter-eks-blueprint-blue-20231026195416867000000005"
          },
          "sensitive_attributes": [],
          "private": "bnVsbA==",
          "dependencies": [
            "module.eks_cluster.data.aws_subnets.private",
            "module.eks_cluster.data.aws_vpc.vpc",
            "module.eks_cluster.module.eks.aws_cloudwatch_log_group.this",
            "module.eks_cluster.module.eks.aws_eks_cluster.this",
            "module.eks_cluster.module.eks.aws_iam_policy.cni_ipv6_policy",
            "module.eks_cluster.module.eks.aws_iam_role.this",
            "module.eks_cluster.module.eks.aws_iam_role_policy_attachment.this",
            "module.eks_cluster.module.eks.aws_security_group.cluster",
            "module.eks_cluster.module.eks.aws_security_group.node",
            "module.eks_cluster.module.eks.aws_security_group_rule.cluster",
            "module.eks_cluster.module.eks.aws_security_group_rule.node",
            "module.eks_cluster.module.eks.data.aws_caller_identity.current",
            "module.eks_cluster.module.eks.data.aws_iam_policy_document.assume_role_policy",
            "module.eks_cluster.module.eks.data.aws_iam_policy_document.cni_ipv6_policy",
            "module.eks_cluster.module.eks.data.aws_iam_session_context.current",
            "module.eks_cluster.module.eks.data.aws_partition.current",
            "module.eks_cluster.module.eks.module.kms.aws_kms_external_key.this",
            "module.eks_cluster.module.eks.module.kms.aws_kms_key.this",
            "module.eks_cluster.module.eks.module.kms.data.aws_caller_identity.current",
            "module.eks_cluster.module.eks.module.kms.data.aws_iam_policy_document.this",
            "module.eks_cluster.module.eks.module.kms.data.aws_partition.current",
            "module.eks_cluster.module.karpenter.aws_iam_role.this",
            "module.eks_cluster.module.karpenter.data.aws_iam_policy_document.assume_role",
            "module.eks_cluster.module.karpenter.data.aws_partition.current"
          ]
        },
        {
          "index_key": "arn:aws:iam::aws:policy/AmazonEKS_CNI_Policy",
          "schema_version": 0,
          "attributes": {
            "id": "Karpenter-eks-blueprint-blue-20231026195416867000000005-20231026195417779700000008",
            "policy_arn": "arn:aws:iam::aws:policy/AmazonEKS_CNI_Policy",
            "role": "Karpenter-eks-blueprint-blue-20231026195416867000000005"
          },
          "sensitive_attributes": [],
          "private": "bnVsbA==",
          "dependencies": [
            "module.eks_cluster.data.aws_subnets.private",
            "module.eks_cluster.data.aws_vpc.vpc",
            "module.eks_cluster.module.eks.aws_cloudwatch_log_group.this",
            "module.eks_cluster.module.eks.aws_eks_cluster.this",
            "module.eks_cluster.module.eks.aws_iam_policy.cni_ipv6_policy",
            "module.eks_cluster.module.eks.aws_iam_role.this",
            "module.eks_cluster.module.eks.aws_iam_role_policy_attachment.this",
            "module.eks_cluster.module.eks.aws_security_group.cluster",
            "module.eks_cluster.module.eks.aws_security_group.node",
            "module.eks_cluster.module.eks.aws_security_group_rule.cluster",
            "module.eks_cluster.module.eks.aws_security_group_rule.node",
            "module.eks_cluster.module.eks.data.aws_caller_identity.current",
            "module.eks_cluster.module.eks.data.aws_iam_policy_document.assume_role_policy",
            "module.eks_cluster.module.eks.data.aws_iam_policy_document.cni_ipv6_policy",
            "module.eks_cluster.module.eks.data.aws_iam_session_context.current",
            "module.eks_cluster.module.eks.data.aws_partition.current",
            "module.eks_cluster.module.eks.module.kms.aws_kms_external_key.this",
            "module.eks_cluster.module.eks.module.kms.aws_kms_key.this",
            "module.eks_cluster.module.eks.module.kms.data.aws_caller_identity.current",
            "module.eks_cluster.module.eks.module.kms.data.aws_iam_policy_document.this",
            "module.eks_cluster.module.eks.module.kms.data.aws_partition.current",
            "module.eks_cluster.module.karpenter.aws_iam_role.this",
            "module.eks_cluster.module.karpenter.data.aws_iam_policy_document.assume_role",
            "module.eks_cluster.module.karpenter.data.aws_partition.current"
          ]
        }
      ]
    },
    {
      "module": "module.eks_cluster.module.karpenter",
      "mode": "managed",
      "type": "aws_sqs_queue",
      "name": "this",
      "provider": "provider[\"registry.terraform.io/hashicorp/aws\"]",
      "instances": [
        {
          "index_key": 0,
          "schema_version": 0,
          "attributes": {
            "arn": "arn:aws:sqs:us-east-1:268050465834:Karpenter-eks-blueprint-blue",
            "content_based_deduplication": false,
            "deduplication_scope": "",
            "delay_seconds": 0,
            "fifo_queue": false,
            "fifo_throughput_limit": "",
            "id": "https://sqs.us-east-1.amazonaws.com/268050465834/Karpenter-eks-blueprint-blue",
            "kms_data_key_reuse_period_seconds": 300,
            "kms_master_key_id": "",
            "max_message_size": 262144,
            "message_retention_seconds": 300,
            "name": "Karpenter-eks-blueprint-blue",
            "name_prefix": "",
            "policy": "{\"Statement\":[{\"Action\":\"sqs:SendMessage\",\"Effect\":\"Allow\",\"Principal\":{\"Service\":[\"sqs.amazonaws.com\",\"events.amazonaws.com\"]},\"Resource\":\"arn:aws:sqs:us-east-1:268050465834:Karpenter-eks-blueprint-blue\",\"Sid\":\"SqsWrite\"}],\"Version\":\"2012-10-17\"}",
            "receive_wait_time_seconds": 0,
            "redrive_allow_policy": "",
            "redrive_policy": "",
            "sqs_managed_sse_enabled": true,
            "tags": {
              "Blueprint": "eks-blueprint-blue",
              "GithubRepo": "github.com/aws-ia/terraform-aws-eks-blueprints"
            },
            "tags_all": {
              "Blueprint": "eks-blueprint-blue",
              "GithubRepo": "github.com/aws-ia/terraform-aws-eks-blueprints"
            },
            "url": "https://sqs.us-east-1.amazonaws.com/268050465834/Karpenter-eks-blueprint-blue",
            "visibility_timeout_seconds": 30
          },
          "sensitive_attributes": [],
          "private": "bnVsbA==",
          "dependencies": [
            "module.eks_cluster.data.aws_subnets.private",
            "module.eks_cluster.data.aws_vpc.vpc",
            "module.eks_cluster.module.eks.aws_cloudwatch_log_group.this",
            "module.eks_cluster.module.eks.aws_eks_cluster.this",
            "module.eks_cluster.module.eks.aws_iam_policy.cni_ipv6_policy",
            "module.eks_cluster.module.eks.aws_iam_role.this",
            "module.eks_cluster.module.eks.aws_iam_role_policy_attachment.this",
            "module.eks_cluster.module.eks.aws_security_group.cluster",
            "module.eks_cluster.module.eks.aws_security_group.node",
            "module.eks_cluster.module.eks.aws_security_group_rule.cluster",
            "module.eks_cluster.module.eks.aws_security_group_rule.node",
            "module.eks_cluster.module.eks.data.aws_caller_identity.current",
            "module.eks_cluster.module.eks.data.aws_iam_policy_document.assume_role_policy",
            "module.eks_cluster.module.eks.data.aws_iam_policy_document.cni_ipv6_policy",
            "module.eks_cluster.module.eks.data.aws_iam_session_context.current",
            "module.eks_cluster.module.eks.data.aws_partition.current",
            "module.eks_cluster.module.eks.module.kms.aws_kms_external_key.this",
            "module.eks_cluster.module.eks.module.kms.aws_kms_key.this",
            "module.eks_cluster.module.eks.module.kms.data.aws_caller_identity.current",
            "module.eks_cluster.module.eks.module.kms.data.aws_iam_policy_document.this",
            "module.eks_cluster.module.eks.module.kms.data.aws_partition.current"
          ]
        }
      ]
    },
    {
      "module": "module.eks_cluster.module.karpenter",
      "mode": "managed",
      "type": "aws_sqs_queue_policy",
      "name": "this",
      "provider": "provider[\"registry.terraform.io/hashicorp/aws\"]",
      "instances": [
        {
          "index_key": 0,
          "schema_version": 1,
          "attributes": {
            "id": "https://sqs.us-east-1.amazonaws.com/268050465834/Karpenter-eks-blueprint-blue",
            "policy": "{\"Statement\":[{\"Action\":\"sqs:SendMessage\",\"Effect\":\"Allow\",\"Principal\":{\"Service\":[\"sqs.amazonaws.com\",\"events.amazonaws.com\"]},\"Resource\":\"arn:aws:sqs:us-east-1:268050465834:Karpenter-eks-blueprint-blue\",\"Sid\":\"SqsWrite\"}],\"Version\":\"2012-10-17\"}",
            "queue_url": "https://sqs.us-east-1.amazonaws.com/268050465834/Karpenter-eks-blueprint-blue"
          },
          "sensitive_attributes": [],
          "private": "eyJzY2hlbWFfdmVyc2lvbiI6IjEifQ==",
          "dependencies": [
            "module.eks_cluster.data.aws_subnets.private",
            "module.eks_cluster.data.aws_vpc.vpc",
            "module.eks_cluster.module.eks.aws_cloudwatch_log_group.this",
            "module.eks_cluster.module.eks.aws_eks_cluster.this",
            "module.eks_cluster.module.eks.aws_iam_policy.cni_ipv6_policy",
            "module.eks_cluster.module.eks.aws_iam_role.this",
            "module.eks_cluster.module.eks.aws_iam_role_policy_attachment.this",
            "module.eks_cluster.module.eks.aws_security_group.cluster",
            "module.eks_cluster.module.eks.aws_security_group.node",
            "module.eks_cluster.module.eks.aws_security_group_rule.cluster",
            "module.eks_cluster.module.eks.aws_security_group_rule.node",
            "module.eks_cluster.module.eks.data.aws_caller_identity.current",
            "module.eks_cluster.module.eks.data.aws_iam_policy_document.assume_role_policy",
            "module.eks_cluster.module.eks.data.aws_iam_policy_document.cni_ipv6_policy",
            "module.eks_cluster.module.eks.data.aws_iam_session_context.current",
            "module.eks_cluster.module.eks.data.aws_partition.current",
            "module.eks_cluster.module.eks.module.kms.aws_kms_external_key.this",
            "module.eks_cluster.module.eks.module.kms.aws_kms_key.this",
            "module.eks_cluster.module.eks.module.kms.data.aws_caller_identity.current",
            "module.eks_cluster.module.eks.module.kms.data.aws_iam_policy_document.this",
            "module.eks_cluster.module.eks.module.kms.data.aws_partition.current",
            "module.eks_cluster.module.karpenter.aws_sqs_queue.this",
            "module.eks_cluster.module.karpenter.data.aws_iam_policy_document.queue",
            "module.eks_cluster.module.karpenter.data.aws_partition.current"
          ]
        }
      ]
    },
    {
      "module": "module.eks_cluster.module.kubeflow_components",
      "mode": "managed",
      "type": "kubernetes_namespace",
      "name": "kubeflow",
      "provider": "provider[\"registry.terraform.io/hashicorp/kubernetes\"]",
      "instances": [
        {
          "schema_version": 0,
          "attributes": {
            "id": "kubeflow",
            "metadata": [
              {
                "annotations": {},
                "generate_name": "",
                "generation": 0,
                "labels": {
                  "control-plane": "kubeflow",
                  "istio-injection": "enabled"
                },
                "name": "kubeflow",
                "resource_version": "178751",
                "uid": "142908e8-716e-40fa-b37c-298a895a53ae"
              }
            ],
            "timeouts": null,
            "wait_for_default_service_account": false
          },
          "sensitive_attributes": [],
          "private": "eyJlMmJmYjczMC1lY2FhLTExZTYtOGY4OC0zNDM2M2JjN2M0YzAiOnsiZGVsZXRlIjozMDAwMDAwMDAwMDB9fQ==",
          "dependencies": [
            "module.eks_cluster.data.aws_subnets.private",
            "module.eks_cluster.data.aws_vpc.vpc",
            "module.eks_cluster.module.eks.aws_cloudwatch_log_group.this",
            "module.eks_cluster.module.eks.aws_eks_cluster.this",
            "module.eks_cluster.module.eks.aws_iam_policy.cni_ipv6_policy",
            "module.eks_cluster.module.eks.aws_iam_role.this",
            "module.eks_cluster.module.eks.aws_iam_role_policy_attachment.this",
            "module.eks_cluster.module.eks.aws_security_group.cluster",
            "module.eks_cluster.module.eks.aws_security_group.node",
            "module.eks_cluster.module.eks.aws_security_group_rule.cluster",
            "module.eks_cluster.module.eks.aws_security_group_rule.node",
            "module.eks_cluster.module.eks.data.aws_caller_identity.current",
            "module.eks_cluster.module.eks.data.aws_iam_policy_document.assume_role_policy",
            "module.eks_cluster.module.eks.data.aws_iam_policy_document.cni_ipv6_policy",
            "module.eks_cluster.module.eks.data.aws_iam_session_context.current",
            "module.eks_cluster.module.eks.data.aws_partition.current",
            "module.eks_cluster.module.eks.module.kms.aws_kms_external_key.this",
            "module.eks_cluster.module.eks.module.kms.aws_kms_key.this",
            "module.eks_cluster.module.eks.module.kms.data.aws_caller_identity.current",
            "module.eks_cluster.module.eks.module.kms.data.aws_iam_policy_document.this",
            "module.eks_cluster.module.eks.module.kms.data.aws_partition.current"
          ]
        }
      ]
    },
    {
      "module": "module.eks_cluster.module.kubeflow_components.module.kubeflow_admission_webhook.module.helm_addon",
      "mode": "managed",
      "type": "helm_release",
      "name": "addon",
      "provider": "provider[\"registry.terraform.io/hashicorp/helm\"]",
      "instances": [
        {
          "index_key": 0,
          "schema_version": 1,
          "attributes": {
            "atomic": false,
            "chart": "../eks_cluster/KubeflowComponents/charts/admission-webhook",
            "cleanup_on_fail": false,
            "create_namespace": false,
            "dependency_update": false,
            "description": "",
            "devel": null,
            "disable_crd_hooks": false,
            "disable_openapi_validation": false,
            "disable_webhooks": false,
            "force_update": false,
            "id": "admission-webhook",
            "keyring": "",
            "lint": false,
            "manifest": null,
            "max_history": 0,
            "metadata": [
              {
                "app_version": "v1.7.0",
                "chart": "admission-webhook",
                "name": "admission-webhook",
                "namespace": "default",
                "revision": 1,
                "values": "{}",
                "version": "0.2.0"
              }
            ],
            "name": "admission-webhook",
            "namespace": "default",
            "pass_credentials": false,
            "postrender": [
              {
                "args": [],
                "binary_path": ""
              }
            ],
            "recreate_pods": false,
            "render_subchart_notes": true,
            "replace": false,
            "repository": null,
            "repository_ca_file": null,
            "repository_cert_file": "",
            "repository_key_file": "",
            "repository_password": "",
            "repository_username": "",
            "reset_values": false,
            "reuse_values": false,
            "set": [],
            "set_list": [],
            "set_sensitive": [],
            "skip_crds": false,
            "status": "deployed",
            "timeout": 600,
            "values": [],
            "verify": false,
            "version": "0.2.0",
            "wait": true,
            "wait_for_jobs": false
          },
          "sensitive_attributes": [],
          "private": "eyJzY2hlbWFfdmVyc2lvbiI6IjEifQ==",
          "dependencies": [
            "module.eks_cluster.data.aws_caller_identity.current",
            "module.eks_cluster.data.aws_partition.current",
            "module.eks_cluster.data.aws_region.current",
            "module.eks_cluster.data.aws_subnets.private",
            "module.eks_cluster.data.aws_vpc.vpc",
            "module.eks_cluster.module.eks.aws_cloudwatch_log_group.this",
            "module.eks_cluster.module.eks.aws_eks_cluster.this",
            "module.eks_cluster.module.eks.aws_iam_openid_connect_provider.oidc_provider",
            "module.eks_cluster.module.eks.aws_iam_policy.cni_ipv6_policy",
            "module.eks_cluster.module.eks.aws_iam_role.this",
            "module.eks_cluster.module.eks.aws_iam_role_policy_attachment.this",
            "module.eks_cluster.module.eks.aws_security_group.cluster",
            "module.eks_cluster.module.eks.aws_security_group.node",
            "module.eks_cluster.module.eks.aws_security_group_rule.cluster",
            "module.eks_cluster.module.eks.aws_security_group_rule.node",
            "module.eks_cluster.module.eks.data.aws_caller_identity.current",
            "module.eks_cluster.module.eks.data.aws_iam_policy_document.assume_role_policy",
            "module.eks_cluster.module.eks.data.aws_iam_policy_document.cni_ipv6_policy",
            "module.eks_cluster.module.eks.data.aws_iam_session_context.current",
            "module.eks_cluster.module.eks.data.aws_partition.current",
            "module.eks_cluster.module.eks.data.tls_certificate.this",
            "module.eks_cluster.module.eks.module.kms.aws_kms_external_key.this",
            "module.eks_cluster.module.eks.module.kms.aws_kms_key.this",
            "module.eks_cluster.module.eks.module.kms.data.aws_caller_identity.current",
            "module.eks_cluster.module.eks.module.kms.data.aws_iam_policy_document.this",
            "module.eks_cluster.module.eks.module.kms.data.aws_partition.current",
            "module.eks_cluster.module.kubeflow_components.kubernetes_namespace.kubeflow",
            "module.eks_cluster.module.kubeflow_components.module.kubeflow_admission_webhook.module.helm_addon.module.irsa.aws_iam_role.irsa",
            "module.eks_cluster.module.kubeflow_components.module.kubeflow_admission_webhook.module.helm_addon.module.irsa.aws_iam_role_policy_attachment.irsa",
            "module.eks_cluster.module.kubeflow_components.module.kubeflow_admission_webhook.module.helm_addon.module.irsa.kubernetes_namespace_v1.irsa",
            "module.eks_cluster.module.kubeflow_components.module.kubeflow_admission_webhook.module.helm_addon.module.irsa.kubernetes_secret_v1.irsa",
            "module.eks_cluster.module.kubeflow_components.module.kubeflow_admission_webhook.module.helm_addon.module.irsa.kubernetes_service_account_v1.irsa",
            "module.eks_cluster.module.kubeflow_components.module.kubeflow_central_dashboard.module.helm_addon.helm_release.addon",
            "module.eks_cluster.module.kubeflow_components.module.kubeflow_central_dashboard.module.helm_addon.module.irsa.aws_iam_role.irsa",
            "module.eks_cluster.module.kubeflow_components.module.kubeflow_central_dashboard.module.helm_addon.module.irsa.aws_iam_role_policy_attachment.irsa",
            "module.eks_cluster.module.kubeflow_components.module.kubeflow_central_dashboard.module.helm_addon.module.irsa.kubernetes_namespace_v1.irsa",
            "module.eks_cluster.module.kubeflow_components.module.kubeflow_central_dashboard.module.helm_addon.module.irsa.kubernetes_secret_v1.irsa",
            "module.eks_cluster.module.kubeflow_components.module.kubeflow_central_dashboard.module.helm_addon.module.irsa.kubernetes_service_account_v1.irsa",
            "module.eks_cluster.module.kubeflow_components.module.kubeflow_cluster_local_gateway.module.helm_addon.helm_release.addon",
            "module.eks_cluster.module.kubeflow_components.module.kubeflow_cluster_local_gateway.module.helm_addon.module.irsa.aws_iam_role.irsa",
            "module.eks_cluster.module.kubeflow_components.module.kubeflow_cluster_local_gateway.module.helm_addon.module.irsa.aws_iam_role_policy_attachment.irsa",
            "module.eks_cluster.module.kubeflow_components.module.kubeflow_cluster_local_gateway.module.helm_addon.module.irsa.kubernetes_namespace_v1.irsa",
            "module.eks_cluster.module.kubeflow_components.module.kubeflow_cluster_local_gateway.module.helm_addon.module.irsa.kubernetes_secret_v1.irsa",
            "module.eks_cluster.module.kubeflow_components.module.kubeflow_cluster_local_gateway.module.helm_addon.module.irsa.kubernetes_service_account_v1.irsa",
            "module.eks_cluster.module.kubeflow_components.module.kubeflow_dex.module.helm_addon.helm_release.addon",
            "module.eks_cluster.module.kubeflow_components.module.kubeflow_dex.module.helm_addon.module.irsa.aws_iam_role.irsa",
            "module.eks_cluster.module.kubeflow_components.module.kubeflow_dex.module.helm_addon.module.irsa.aws_iam_role_policy_attachment.irsa",
            "module.eks_cluster.module.kubeflow_components.module.kubeflow_dex.module.helm_addon.module.irsa.kubernetes_namespace_v1.irsa",
            "module.eks_cluster.module.kubeflow_components.module.kubeflow_dex.module.helm_addon.module.irsa.kubernetes_secret_v1.irsa",
            "module.eks_cluster.module.kubeflow_components.module.kubeflow_dex.module.helm_addon.module.irsa.kubernetes_service_account_v1.irsa",
            "module.eks_cluster.module.kubeflow_components.module.kubeflow_issuer.module.helm_addon.helm_release.addon",
            "module.eks_cluster.module.kubeflow_components.module.kubeflow_issuer.module.helm_addon.module.irsa.aws_iam_role.irsa",
            "module.eks_cluster.module.kubeflow_components.module.kubeflow_issuer.module.helm_addon.module.irsa.aws_iam_role_policy_attachment.irsa",
            "module.eks_cluster.module.kubeflow_components.module.kubeflow_issuer.module.helm_addon.module.irsa.kubernetes_namespace_v1.irsa",
            "module.eks_cluster.module.kubeflow_components.module.kubeflow_issuer.module.helm_addon.module.irsa.kubernetes_secret_v1.irsa",
            "module.eks_cluster.module.kubeflow_components.module.kubeflow_issuer.module.helm_addon.module.irsa.kubernetes_service_account_v1.irsa",
            "module.eks_cluster.module.kubeflow_components.module.kubeflow_istio.module.helm_addon.helm_release.addon",
            "module.eks_cluster.module.kubeflow_components.module.kubeflow_istio.module.helm_addon.module.irsa.aws_iam_role.irsa",
            "module.eks_cluster.module.kubeflow_components.module.kubeflow_istio.module.helm_addon.module.irsa.aws_iam_role_policy_attachment.irsa",
            "module.eks_cluster.module.kubeflow_components.module.kubeflow_istio.module.helm_addon.module.irsa.kubernetes_namespace_v1.irsa",
            "module.eks_cluster.module.kubeflow_components.module.kubeflow_istio.module.helm_addon.module.irsa.kubernetes_secret_v1.irsa",
            "module.eks_cluster.module.kubeflow_components.module.kubeflow_istio.module.helm_addon.module.irsa.kubernetes_service_account_v1.irsa",
            "module.eks_cluster.module.kubeflow_components.module.kubeflow_istio_resources.module.helm_addon.helm_release.addon",
            "module.eks_cluster.module.kubeflow_components.module.kubeflow_istio_resources.module.helm_addon.module.irsa.aws_iam_role.irsa",
            "module.eks_cluster.module.kubeflow_components.module.kubeflow_istio_resources.module.helm_addon.module.irsa.aws_iam_role_policy_attachment.irsa",
            "module.eks_cluster.module.kubeflow_components.module.kubeflow_istio_resources.module.helm_addon.module.irsa.kubernetes_namespace_v1.irsa",
            "module.eks_cluster.module.kubeflow_components.module.kubeflow_istio_resources.module.helm_addon.module.irsa.kubernetes_secret_v1.irsa",
            "module.eks_cluster.module.kubeflow_components.module.kubeflow_istio_resources.module.helm_addon.module.irsa.kubernetes_service_account_v1.irsa",
            "module.eks_cluster.module.kubeflow_components.module.kubeflow_katib.module.helm_addon.helm_release.addon",
            "module.eks_cluster.module.kubeflow_components.module.kubeflow_katib.module.helm_addon.module.irsa.aws_iam_role.irsa",
            "module.eks_cluster.module.kubeflow_components.module.kubeflow_katib.module.helm_addon.module.irsa.aws_iam_role_policy_attachment.irsa",
            "module.eks_cluster.module.kubeflow_components.module.kubeflow_katib.module.helm_addon.module.irsa.kubernetes_namespace_v1.irsa",
            "module.eks_cluster.module.kubeflow_components.module.kubeflow_katib.module.helm_addon.module.irsa.kubernetes_secret_v1.irsa",
            "module.eks_cluster.module.kubeflow_components.module.kubeflow_katib.module.helm_addon.module.irsa.kubernetes_service_account_v1.irsa",
            "module.eks_cluster.module.kubeflow_components.module.kubeflow_knative_eventing.module.helm_addon.helm_release.addon",
            "module.eks_cluster.module.kubeflow_components.module.kubeflow_knative_eventing.module.helm_addon.module.irsa.aws_iam_role.irsa",
            "module.eks_cluster.module.kubeflow_components.module.kubeflow_knative_eventing.module.helm_addon.module.irsa.aws_iam_role_policy_attachment.irsa",
            "module.eks_cluster.module.kubeflow_components.module.kubeflow_knative_eventing.module.helm_addon.module.irsa.kubernetes_namespace_v1.irsa",
            "module.eks_cluster.module.kubeflow_components.module.kubeflow_knative_eventing.module.helm_addon.module.irsa.kubernetes_secret_v1.irsa",
            "module.eks_cluster.module.kubeflow_components.module.kubeflow_knative_eventing.module.helm_addon.module.irsa.kubernetes_service_account_v1.irsa",
            "module.eks_cluster.module.kubeflow_components.module.kubeflow_knative_serving.module.helm_addon.helm_release.addon",
            "module.eks_cluster.module.kubeflow_components.module.kubeflow_knative_serving.module.helm_addon.module.irsa.aws_iam_role.irsa",
            "module.eks_cluster.module.kubeflow_components.module.kubeflow_knative_serving.module.helm_addon.module.irsa.aws_iam_role_policy_attachment.irsa",
            "module.eks_cluster.module.kubeflow_components.module.kubeflow_knative_serving.module.helm_addon.module.irsa.kubernetes_namespace_v1.irsa",
            "module.eks_cluster.module.kubeflow_components.module.kubeflow_knative_serving.module.helm_addon.module.irsa.kubernetes_secret_v1.irsa",
            "module.eks_cluster.module.kubeflow_components.module.kubeflow_knative_serving.module.helm_addon.module.irsa.kubernetes_service_account_v1.irsa",
            "module.eks_cluster.module.kubeflow_components.module.kubeflow_kserve.module.helm_addon.helm_release.addon",
            "module.eks_cluster.module.kubeflow_components.module.kubeflow_kserve.module.helm_addon.module.irsa.aws_iam_role.irsa",
            "module.eks_cluster.module.kubeflow_components.module.kubeflow_kserve.module.helm_addon.module.irsa.aws_iam_role_policy_attachment.irsa",
            "module.eks_cluster.module.kubeflow_components.module.kubeflow_kserve.module.helm_addon.module.irsa.kubernetes_namespace_v1.irsa",
            "module.eks_cluster.module.kubeflow_components.module.kubeflow_kserve.module.helm_addon.module.irsa.kubernetes_secret_v1.irsa",
            "module.eks_cluster.module.kubeflow_components.module.kubeflow_kserve.module.helm_addon.module.irsa.kubernetes_service_account_v1.irsa",
            "module.eks_cluster.module.kubeflow_components.module.kubeflow_models_web_app.module.helm_addon.helm_release.addon",
            "module.eks_cluster.module.kubeflow_components.module.kubeflow_models_web_app.module.helm_addon.module.irsa.aws_iam_role.irsa",
            "module.eks_cluster.module.kubeflow_components.module.kubeflow_models_web_app.module.helm_addon.module.irsa.aws_iam_role_policy_attachment.irsa",
            "module.eks_cluster.module.kubeflow_components.module.kubeflow_models_web_app.module.helm_addon.module.irsa.kubernetes_namespace_v1.irsa",
            "module.eks_cluster.module.kubeflow_components.module.kubeflow_models_web_app.module.helm_addon.module.irsa.kubernetes_secret_v1.irsa",
            "module.eks_cluster.module.kubeflow_components.module.kubeflow_models_web_app.module.helm_addon.module.irsa.kubernetes_service_account_v1.irsa",
            "module.eks_cluster.module.kubeflow_components.module.kubeflow_oidc_authservice.module.helm_addon.helm_release.addon",
            "module.eks_cluster.module.kubeflow_components.module.kubeflow_oidc_authservice.module.helm_addon.module.irsa.aws_iam_role.irsa",
            "module.eks_cluster.module.kubeflow_components.module.kubeflow_oidc_authservice.module.helm_addon.module.irsa.aws_iam_role_policy_attachment.irsa",
            "module.eks_cluster.module.kubeflow_components.module.kubeflow_oidc_authservice.module.helm_addon.module.irsa.kubernetes_namespace_v1.irsa",
            "module.eks_cluster.module.kubeflow_components.module.kubeflow_oidc_authservice.module.helm_addon.module.irsa.kubernetes_secret_v1.irsa",
            "module.eks_cluster.module.kubeflow_components.module.kubeflow_oidc_authservice.module.helm_addon.module.irsa.kubernetes_service_account_v1.irsa",
            "module.eks_cluster.module.kubeflow_components.module.kubeflow_pipelines.module.helm_addon.helm_release.addon",
            "module.eks_cluster.module.kubeflow_components.module.kubeflow_pipelines.module.helm_addon.module.irsa.aws_iam_role.irsa",
            "module.eks_cluster.module.kubeflow_components.module.kubeflow_pipelines.module.helm_addon.module.irsa.aws_iam_role_policy_attachment.irsa",
            "module.eks_cluster.module.kubeflow_components.module.kubeflow_pipelines.module.helm_addon.module.irsa.kubernetes_namespace_v1.irsa",
            "module.eks_cluster.module.kubeflow_components.module.kubeflow_pipelines.module.helm_addon.module.irsa.kubernetes_secret_v1.irsa",
            "module.eks_cluster.module.kubeflow_components.module.kubeflow_pipelines.module.helm_addon.module.irsa.kubernetes_service_account_v1.irsa",
            "module.eks_cluster.module.kubeflow_components.module.kubeflow_roles.module.helm_addon.helm_release.addon",
            "module.eks_cluster.module.kubeflow_components.module.kubeflow_roles.module.helm_addon.module.irsa.aws_iam_role.irsa",
            "module.eks_cluster.module.kubeflow_components.module.kubeflow_roles.module.helm_addon.module.irsa.aws_iam_role_policy_attachment.irsa",
            "module.eks_cluster.module.kubeflow_components.module.kubeflow_roles.module.helm_addon.module.irsa.kubernetes_namespace_v1.irsa",
            "module.eks_cluster.module.kubeflow_components.module.kubeflow_roles.module.helm_addon.module.irsa.kubernetes_secret_v1.irsa",
            "module.eks_cluster.module.kubeflow_components.module.kubeflow_roles.module.helm_addon.module.irsa.kubernetes_service_account_v1.irsa"
          ]
        }
      ]
    },
    {
      "module": "module.eks_cluster.module.kubeflow_components.module.kubeflow_aws_telemetry[0].module.helm_addon",
      "mode": "managed",
      "type": "helm_release",
      "name": "addon",
      "provider": "provider[\"registry.terraform.io/hashicorp/helm\"]",
      "instances": [
        {
          "index_key": 0,
          "schema_version": 1,
          "attributes": {
            "atomic": false,
            "chart": "../eks_cluster/KubeflowComponents/charts/aws-telemetry",
            "cleanup_on_fail": false,
            "create_namespace": false,
            "dependency_update": false,
            "description": "",
            "devel": null,
            "disable_crd_hooks": false,
            "disable_openapi_validation": false,
            "disable_webhooks": false,
            "force_update": false,
            "id": "aws-telemetry",
            "keyring": "",
            "lint": false,
            "manifest": null,
            "max_history": 0,
            "metadata": [
              {
                "app_version": "v1.7.0",
                "chart": "aws-telemetry",
                "name": "aws-telemetry",
                "namespace": "default",
                "revision": 1,
                "values": "{}",
                "version": "0.2.0"
              }
            ],
            "name": "aws-telemetry",
            "namespace": "default",
            "pass_credentials": false,
            "postrender": [
              {
                "args": [],
                "binary_path": ""
              }
            ],
            "recreate_pods": false,
            "render_subchart_notes": true,
            "replace": false,
            "repository": null,
            "repository_ca_file": null,
            "repository_cert_file": "",
            "repository_key_file": "",
            "repository_password": "",
            "repository_username": "",
            "reset_values": false,
            "reuse_values": false,
            "set": [],
            "set_list": [],
            "set_sensitive": [],
            "skip_crds": false,
            "status": "deployed",
            "timeout": 600,
            "values": [],
            "verify": false,
            "version": "0.2.0",
            "wait": true,
            "wait_for_jobs": false
          },
          "sensitive_attributes": [],
          "private": "eyJzY2hlbWFfdmVyc2lvbiI6IjEifQ==",
          "dependencies": [
            "module.eks_cluster.data.aws_caller_identity.current",
            "module.eks_cluster.data.aws_partition.current",
            "module.eks_cluster.data.aws_region.current",
            "module.eks_cluster.data.aws_subnets.private",
            "module.eks_cluster.data.aws_vpc.vpc",
            "module.eks_cluster.module.eks.aws_cloudwatch_log_group.this",
            "module.eks_cluster.module.eks.aws_eks_cluster.this",
            "module.eks_cluster.module.eks.aws_iam_openid_connect_provider.oidc_provider",
            "module.eks_cluster.module.eks.aws_iam_policy.cni_ipv6_policy",
            "module.eks_cluster.module.eks.aws_iam_role.this",
            "module.eks_cluster.module.eks.aws_iam_role_policy_attachment.this",
            "module.eks_cluster.module.eks.aws_security_group.cluster",
            "module.eks_cluster.module.eks.aws_security_group.node",
            "module.eks_cluster.module.eks.aws_security_group_rule.cluster",
            "module.eks_cluster.module.eks.aws_security_group_rule.node",
            "module.eks_cluster.module.eks.data.aws_caller_identity.current",
            "module.eks_cluster.module.eks.data.aws_iam_policy_document.assume_role_policy",
            "module.eks_cluster.module.eks.data.aws_iam_policy_document.cni_ipv6_policy",
            "module.eks_cluster.module.eks.data.aws_iam_session_context.current",
            "module.eks_cluster.module.eks.data.aws_partition.current",
            "module.eks_cluster.module.eks.data.tls_certificate.this",
            "module.eks_cluster.module.eks.module.kms.aws_kms_external_key.this",
            "module.eks_cluster.module.eks.module.kms.aws_kms_key.this",
            "module.eks_cluster.module.eks.module.kms.data.aws_caller_identity.current",
            "module.eks_cluster.module.eks.module.kms.data.aws_iam_policy_document.this",
            "module.eks_cluster.module.eks.module.kms.data.aws_partition.current",
            "module.eks_cluster.module.kubeflow_components.kubernetes_namespace.kubeflow",
            "module.eks_cluster.module.kubeflow_components.module.kubeflow_admission_webhook.module.helm_addon.helm_release.addon",
            "module.eks_cluster.module.kubeflow_components.module.kubeflow_admission_webhook.module.helm_addon.module.irsa.aws_iam_role.irsa",
            "module.eks_cluster.module.kubeflow_components.module.kubeflow_admission_webhook.module.helm_addon.module.irsa.aws_iam_role_policy_attachment.irsa",
            "module.eks_cluster.module.kubeflow_components.module.kubeflow_admission_webhook.module.helm_addon.module.irsa.kubernetes_namespace_v1.irsa",
            "module.eks_cluster.module.kubeflow_components.module.kubeflow_admission_webhook.module.helm_addon.module.irsa.kubernetes_secret_v1.irsa",
            "module.eks_cluster.module.kubeflow_components.module.kubeflow_admission_webhook.module.helm_addon.module.irsa.kubernetes_service_account_v1.irsa",
            "module.eks_cluster.module.kubeflow_components.module.kubeflow_aws_telemetry.module.helm_addon.module.irsa.aws_iam_role.irsa",
            "module.eks_cluster.module.kubeflow_components.module.kubeflow_aws_telemetry.module.helm_addon.module.irsa.aws_iam_role_policy_attachment.irsa",
            "module.eks_cluster.module.kubeflow_components.module.kubeflow_aws_telemetry.module.helm_addon.module.irsa.kubernetes_namespace_v1.irsa",
            "module.eks_cluster.module.kubeflow_components.module.kubeflow_aws_telemetry.module.helm_addon.module.irsa.kubernetes_secret_v1.irsa",
            "module.eks_cluster.module.kubeflow_components.module.kubeflow_aws_telemetry.module.helm_addon.module.irsa.kubernetes_service_account_v1.irsa",
            "module.eks_cluster.module.kubeflow_components.module.kubeflow_central_dashboard.module.helm_addon.helm_release.addon",
            "module.eks_cluster.module.kubeflow_components.module.kubeflow_central_dashboard.module.helm_addon.module.irsa.aws_iam_role.irsa",
            "module.eks_cluster.module.kubeflow_components.module.kubeflow_central_dashboard.module.helm_addon.module.irsa.aws_iam_role_policy_attachment.irsa",
            "module.eks_cluster.module.kubeflow_components.module.kubeflow_central_dashboard.module.helm_addon.module.irsa.kubernetes_namespace_v1.irsa",
            "module.eks_cluster.module.kubeflow_components.module.kubeflow_central_dashboard.module.helm_addon.module.irsa.kubernetes_secret_v1.irsa",
            "module.eks_cluster.module.kubeflow_components.module.kubeflow_central_dashboard.module.helm_addon.module.irsa.kubernetes_service_account_v1.irsa",
            "module.eks_cluster.module.kubeflow_components.module.kubeflow_cluster_local_gateway.module.helm_addon.helm_release.addon",
            "module.eks_cluster.module.kubeflow_components.module.kubeflow_cluster_local_gateway.module.helm_addon.module.irsa.aws_iam_role.irsa",
            "module.eks_cluster.module.kubeflow_components.module.kubeflow_cluster_local_gateway.module.helm_addon.module.irsa.aws_iam_role_policy_attachment.irsa",
            "module.eks_cluster.module.kubeflow_components.module.kubeflow_cluster_local_gateway.module.helm_addon.module.irsa.kubernetes_namespace_v1.irsa",
            "module.eks_cluster.module.kubeflow_components.module.kubeflow_cluster_local_gateway.module.helm_addon.module.irsa.kubernetes_secret_v1.irsa",
            "module.eks_cluster.module.kubeflow_components.module.kubeflow_cluster_local_gateway.module.helm_addon.module.irsa.kubernetes_service_account_v1.irsa",
            "module.eks_cluster.module.kubeflow_components.module.kubeflow_dex.module.helm_addon.helm_release.addon",
            "module.eks_cluster.module.kubeflow_components.module.kubeflow_dex.module.helm_addon.module.irsa.aws_iam_role.irsa",
            "module.eks_cluster.module.kubeflow_components.module.kubeflow_dex.module.helm_addon.module.irsa.aws_iam_role_policy_attachment.irsa",
            "module.eks_cluster.module.kubeflow_components.module.kubeflow_dex.module.helm_addon.module.irsa.kubernetes_namespace_v1.irsa",
            "module.eks_cluster.module.kubeflow_components.module.kubeflow_dex.module.helm_addon.module.irsa.kubernetes_secret_v1.irsa",
            "module.eks_cluster.module.kubeflow_components.module.kubeflow_dex.module.helm_addon.module.irsa.kubernetes_service_account_v1.irsa",
            "module.eks_cluster.module.kubeflow_components.module.kubeflow_issuer.module.helm_addon.helm_release.addon",
            "module.eks_cluster.module.kubeflow_components.module.kubeflow_issuer.module.helm_addon.module.irsa.aws_iam_role.irsa",
            "module.eks_cluster.module.kubeflow_components.module.kubeflow_issuer.module.helm_addon.module.irsa.aws_iam_role_policy_attachment.irsa",
            "module.eks_cluster.module.kubeflow_components.module.kubeflow_issuer.module.helm_addon.module.irsa.kubernetes_namespace_v1.irsa",
            "module.eks_cluster.module.kubeflow_components.module.kubeflow_issuer.module.helm_addon.module.irsa.kubernetes_secret_v1.irsa",
            "module.eks_cluster.module.kubeflow_components.module.kubeflow_issuer.module.helm_addon.module.irsa.kubernetes_service_account_v1.irsa",
            "module.eks_cluster.module.kubeflow_components.module.kubeflow_istio.module.helm_addon.helm_release.addon",
            "module.eks_cluster.module.kubeflow_components.module.kubeflow_istio.module.helm_addon.module.irsa.aws_iam_role.irsa",
            "module.eks_cluster.module.kubeflow_components.module.kubeflow_istio.module.helm_addon.module.irsa.aws_iam_role_policy_attachment.irsa",
            "module.eks_cluster.module.kubeflow_components.module.kubeflow_istio.module.helm_addon.module.irsa.kubernetes_namespace_v1.irsa",
            "module.eks_cluster.module.kubeflow_components.module.kubeflow_istio.module.helm_addon.module.irsa.kubernetes_secret_v1.irsa",
            "module.eks_cluster.module.kubeflow_components.module.kubeflow_istio.module.helm_addon.module.irsa.kubernetes_service_account_v1.irsa",
            "module.eks_cluster.module.kubeflow_components.module.kubeflow_istio_resources.module.helm_addon.helm_release.addon",
            "module.eks_cluster.module.kubeflow_components.module.kubeflow_istio_resources.module.helm_addon.module.irsa.aws_iam_role.irsa",
            "module.eks_cluster.module.kubeflow_components.module.kubeflow_istio_resources.module.helm_addon.module.irsa.aws_iam_role_policy_attachment.irsa",
            "module.eks_cluster.module.kubeflow_components.module.kubeflow_istio_resources.module.helm_addon.module.irsa.kubernetes_namespace_v1.irsa",
            "module.eks_cluster.module.kubeflow_components.module.kubeflow_istio_resources.module.helm_addon.module.irsa.kubernetes_secret_v1.irsa",
            "module.eks_cluster.module.kubeflow_components.module.kubeflow_istio_resources.module.helm_addon.module.irsa.kubernetes_service_account_v1.irsa",
            "module.eks_cluster.module.kubeflow_components.module.kubeflow_jupyter_web_app.module.helm_addon.helm_release.addon",
            "module.eks_cluster.module.kubeflow_components.module.kubeflow_jupyter_web_app.module.helm_addon.module.irsa.aws_iam_role.irsa",
            "module.eks_cluster.module.kubeflow_components.module.kubeflow_jupyter_web_app.module.helm_addon.module.irsa.aws_iam_role_policy_attachment.irsa",
            "module.eks_cluster.module.kubeflow_components.module.kubeflow_jupyter_web_app.module.helm_addon.module.irsa.kubernetes_namespace_v1.irsa",
            "module.eks_cluster.module.kubeflow_components.module.kubeflow_jupyter_web_app.module.helm_addon.module.irsa.kubernetes_secret_v1.irsa",
            "module.eks_cluster.module.kubeflow_components.module.kubeflow_jupyter_web_app.module.helm_addon.module.irsa.kubernetes_service_account_v1.irsa",
            "module.eks_cluster.module.kubeflow_components.module.kubeflow_katib.module.helm_addon.helm_release.addon",
            "module.eks_cluster.module.kubeflow_components.module.kubeflow_katib.module.helm_addon.module.irsa.aws_iam_role.irsa",
            "module.eks_cluster.module.kubeflow_components.module.kubeflow_katib.module.helm_addon.module.irsa.aws_iam_role_policy_attachment.irsa",
            "module.eks_cluster.module.kubeflow_components.module.kubeflow_katib.module.helm_addon.module.irsa.kubernetes_namespace_v1.irsa",
            "module.eks_cluster.module.kubeflow_components.module.kubeflow_katib.module.helm_addon.module.irsa.kubernetes_secret_v1.irsa",
            "module.eks_cluster.module.kubeflow_components.module.kubeflow_katib.module.helm_addon.module.irsa.kubernetes_service_account_v1.irsa",
            "module.eks_cluster.module.kubeflow_components.module.kubeflow_knative_eventing.module.helm_addon.helm_release.addon",
            "module.eks_cluster.module.kubeflow_components.module.kubeflow_knative_eventing.module.helm_addon.module.irsa.aws_iam_role.irsa",
            "module.eks_cluster.module.kubeflow_components.module.kubeflow_knative_eventing.module.helm_addon.module.irsa.aws_iam_role_policy_attachment.irsa",
            "module.eks_cluster.module.kubeflow_components.module.kubeflow_knative_eventing.module.helm_addon.module.irsa.kubernetes_namespace_v1.irsa",
            "module.eks_cluster.module.kubeflow_components.module.kubeflow_knative_eventing.module.helm_addon.module.irsa.kubernetes_secret_v1.irsa",
            "module.eks_cluster.module.kubeflow_components.module.kubeflow_knative_eventing.module.helm_addon.module.irsa.kubernetes_service_account_v1.irsa",
            "module.eks_cluster.module.kubeflow_components.module.kubeflow_knative_serving.module.helm_addon.helm_release.addon",
            "module.eks_cluster.module.kubeflow_components.module.kubeflow_knative_serving.module.helm_addon.module.irsa.aws_iam_role.irsa",
            "module.eks_cluster.module.kubeflow_components.module.kubeflow_knative_serving.module.helm_addon.module.irsa.aws_iam_role_policy_attachment.irsa",
            "module.eks_cluster.module.kubeflow_components.module.kubeflow_knative_serving.module.helm_addon.module.irsa.kubernetes_namespace_v1.irsa",
            "module.eks_cluster.module.kubeflow_components.module.kubeflow_knative_serving.module.helm_addon.module.irsa.kubernetes_secret_v1.irsa",
            "module.eks_cluster.module.kubeflow_components.module.kubeflow_knative_serving.module.helm_addon.module.irsa.kubernetes_service_account_v1.irsa",
            "module.eks_cluster.module.kubeflow_components.module.kubeflow_kserve.module.helm_addon.helm_release.addon",
            "module.eks_cluster.module.kubeflow_components.module.kubeflow_kserve.module.helm_addon.module.irsa.aws_iam_role.irsa",
            "module.eks_cluster.module.kubeflow_components.module.kubeflow_kserve.module.helm_addon.module.irsa.aws_iam_role_policy_attachment.irsa",
            "module.eks_cluster.module.kubeflow_components.module.kubeflow_kserve.module.helm_addon.module.irsa.kubernetes_namespace_v1.irsa",
            "module.eks_cluster.module.kubeflow_components.module.kubeflow_kserve.module.helm_addon.module.irsa.kubernetes_secret_v1.irsa",
            "module.eks_cluster.module.kubeflow_components.module.kubeflow_kserve.module.helm_addon.module.irsa.kubernetes_service_account_v1.irsa",
            "module.eks_cluster.module.kubeflow_components.module.kubeflow_models_web_app.module.helm_addon.helm_release.addon",
            "module.eks_cluster.module.kubeflow_components.module.kubeflow_models_web_app.module.helm_addon.module.irsa.aws_iam_role.irsa",
            "module.eks_cluster.module.kubeflow_components.module.kubeflow_models_web_app.module.helm_addon.module.irsa.aws_iam_role_policy_attachment.irsa",
            "module.eks_cluster.module.kubeflow_components.module.kubeflow_models_web_app.module.helm_addon.module.irsa.kubernetes_namespace_v1.irsa",
            "module.eks_cluster.module.kubeflow_components.module.kubeflow_models_web_app.module.helm_addon.module.irsa.kubernetes_secret_v1.irsa",
            "module.eks_cluster.module.kubeflow_components.module.kubeflow_models_web_app.module.helm_addon.module.irsa.kubernetes_service_account_v1.irsa",
            "module.eks_cluster.module.kubeflow_components.module.kubeflow_notebook_controller.module.helm_addon.helm_release.addon",
            "module.eks_cluster.module.kubeflow_components.module.kubeflow_notebook_controller.module.helm_addon.module.irsa.aws_iam_role.irsa",
            "module.eks_cluster.module.kubeflow_components.module.kubeflow_notebook_controller.module.helm_addon.module.irsa.aws_iam_role_policy_attachment.irsa",
            "module.eks_cluster.module.kubeflow_components.module.kubeflow_notebook_controller.module.helm_addon.module.irsa.kubernetes_namespace_v1.irsa",
            "module.eks_cluster.module.kubeflow_components.module.kubeflow_notebook_controller.module.helm_addon.module.irsa.kubernetes_secret_v1.irsa",
            "module.eks_cluster.module.kubeflow_components.module.kubeflow_notebook_controller.module.helm_addon.module.irsa.kubernetes_service_account_v1.irsa",
            "module.eks_cluster.module.kubeflow_components.module.kubeflow_oidc_authservice.module.helm_addon.helm_release.addon",
            "module.eks_cluster.module.kubeflow_components.module.kubeflow_oidc_authservice.module.helm_addon.module.irsa.aws_iam_role.irsa",
            "module.eks_cluster.module.kubeflow_components.module.kubeflow_oidc_authservice.module.helm_addon.module.irsa.aws_iam_role_policy_attachment.irsa",
            "module.eks_cluster.module.kubeflow_components.module.kubeflow_oidc_authservice.module.helm_addon.module.irsa.kubernetes_namespace_v1.irsa",
            "module.eks_cluster.module.kubeflow_components.module.kubeflow_oidc_authservice.module.helm_addon.module.irsa.kubernetes_secret_v1.irsa",
            "module.eks_cluster.module.kubeflow_components.module.kubeflow_oidc_authservice.module.helm_addon.module.irsa.kubernetes_service_account_v1.irsa",
            "module.eks_cluster.module.kubeflow_components.module.kubeflow_pipelines.module.helm_addon.helm_release.addon",
            "module.eks_cluster.module.kubeflow_components.module.kubeflow_pipelines.module.helm_addon.module.irsa.aws_iam_role.irsa",
            "module.eks_cluster.module.kubeflow_components.module.kubeflow_pipelines.module.helm_addon.module.irsa.aws_iam_role_policy_attachment.irsa",
            "module.eks_cluster.module.kubeflow_components.module.kubeflow_pipelines.module.helm_addon.module.irsa.kubernetes_namespace_v1.irsa",
            "module.eks_cluster.module.kubeflow_components.module.kubeflow_pipelines.module.helm_addon.module.irsa.kubernetes_secret_v1.irsa",
            "module.eks_cluster.module.kubeflow_components.module.kubeflow_pipelines.module.helm_addon.module.irsa.kubernetes_service_account_v1.irsa",
            "module.eks_cluster.module.kubeflow_components.module.kubeflow_profiles_and_kfam.aws_iam_policy.profile_controller_policy",
            "module.eks_cluster.module.kubeflow_components.module.kubeflow_profiles_and_kfam.kubernetes_annotations.sa_role_arn",
            "module.eks_cluster.module.kubeflow_components.module.kubeflow_profiles_and_kfam.module.helm_addon.helm_release.addon",
            "module.eks_cluster.module.kubeflow_components.module.kubeflow_profiles_and_kfam.module.helm_addon.module.irsa.aws_iam_role.irsa",
            "module.eks_cluster.module.kubeflow_components.module.kubeflow_profiles_and_kfam.module.helm_addon.module.irsa.aws_iam_role_policy_attachment.irsa",
            "module.eks_cluster.module.kubeflow_components.module.kubeflow_profiles_and_kfam.module.helm_addon.module.irsa.kubernetes_namespace_v1.irsa",
            "module.eks_cluster.module.kubeflow_components.module.kubeflow_profiles_and_kfam.module.helm_addon.module.irsa.kubernetes_secret_v1.irsa",
            "module.eks_cluster.module.kubeflow_components.module.kubeflow_profiles_and_kfam.module.helm_addon.module.irsa.kubernetes_service_account_v1.irsa",
            "module.eks_cluster.module.kubeflow_components.module.kubeflow_profiles_and_kfam.module.irsa.aws_iam_role.irsa",
            "module.eks_cluster.module.kubeflow_components.module.kubeflow_profiles_and_kfam.module.irsa.aws_iam_role_policy_attachment.irsa",
            "module.eks_cluster.module.kubeflow_components.module.kubeflow_profiles_and_kfam.module.irsa.kubernetes_namespace_v1.irsa",
            "module.eks_cluster.module.kubeflow_components.module.kubeflow_profiles_and_kfam.module.irsa.kubernetes_secret_v1.irsa",
            "module.eks_cluster.module.kubeflow_components.module.kubeflow_profiles_and_kfam.module.irsa.kubernetes_service_account_v1.irsa",
            "module.eks_cluster.module.kubeflow_components.module.kubeflow_roles.module.helm_addon.helm_release.addon",
            "module.eks_cluster.module.kubeflow_components.module.kubeflow_roles.module.helm_addon.module.irsa.aws_iam_role.irsa",
            "module.eks_cluster.module.kubeflow_components.module.kubeflow_roles.module.helm_addon.module.irsa.aws_iam_role_policy_attachment.irsa",
            "module.eks_cluster.module.kubeflow_components.module.kubeflow_roles.module.helm_addon.module.irsa.kubernetes_namespace_v1.irsa",
            "module.eks_cluster.module.kubeflow_components.module.kubeflow_roles.module.helm_addon.module.irsa.kubernetes_secret_v1.irsa",
            "module.eks_cluster.module.kubeflow_components.module.kubeflow_roles.module.helm_addon.module.irsa.kubernetes_service_account_v1.irsa",
            "module.eks_cluster.module.kubeflow_components.module.kubeflow_tensorboard_controller.module.helm_addon.helm_release.addon",
            "module.eks_cluster.module.kubeflow_components.module.kubeflow_tensorboard_controller.module.helm_addon.module.irsa.aws_iam_role.irsa",
            "module.eks_cluster.module.kubeflow_components.module.kubeflow_tensorboard_controller.module.helm_addon.module.irsa.aws_iam_role_policy_attachment.irsa",
            "module.eks_cluster.module.kubeflow_components.module.kubeflow_tensorboard_controller.module.helm_addon.module.irsa.kubernetes_namespace_v1.irsa",
            "module.eks_cluster.module.kubeflow_components.module.kubeflow_tensorboard_controller.module.helm_addon.module.irsa.kubernetes_secret_v1.irsa",
            "module.eks_cluster.module.kubeflow_components.module.kubeflow_tensorboard_controller.module.helm_addon.module.irsa.kubernetes_service_account_v1.irsa",
            "module.eks_cluster.module.kubeflow_components.module.kubeflow_tensorboards_web_app.module.helm_addon.helm_release.addon",
            "module.eks_cluster.module.kubeflow_components.module.kubeflow_tensorboards_web_app.module.helm_addon.module.irsa.aws_iam_role.irsa",
            "module.eks_cluster.module.kubeflow_components.module.kubeflow_tensorboards_web_app.module.helm_addon.module.irsa.aws_iam_role_policy_attachment.irsa",
            "module.eks_cluster.module.kubeflow_components.module.kubeflow_tensorboards_web_app.module.helm_addon.module.irsa.kubernetes_namespace_v1.irsa",
            "module.eks_cluster.module.kubeflow_components.module.kubeflow_tensorboards_web_app.module.helm_addon.module.irsa.kubernetes_secret_v1.irsa",
            "module.eks_cluster.module.kubeflow_components.module.kubeflow_tensorboards_web_app.module.helm_addon.module.irsa.kubernetes_service_account_v1.irsa",
            "module.eks_cluster.module.kubeflow_components.module.kubeflow_training_operator.module.helm_addon.helm_release.addon",
            "module.eks_cluster.module.kubeflow_components.module.kubeflow_training_operator.module.helm_addon.module.irsa.aws_iam_role.irsa",
            "module.eks_cluster.module.kubeflow_components.module.kubeflow_training_operator.module.helm_addon.module.irsa.aws_iam_role_policy_attachment.irsa",
            "module.eks_cluster.module.kubeflow_components.module.kubeflow_training_operator.module.helm_addon.module.irsa.kubernetes_namespace_v1.irsa",
            "module.eks_cluster.module.kubeflow_components.module.kubeflow_training_operator.module.helm_addon.module.irsa.kubernetes_secret_v1.irsa",
            "module.eks_cluster.module.kubeflow_components.module.kubeflow_training_operator.module.helm_addon.module.irsa.kubernetes_service_account_v1.irsa",
            "module.eks_cluster.module.kubeflow_components.module.kubeflow_volumes_web_app.module.helm_addon.helm_release.addon",
            "module.eks_cluster.module.kubeflow_components.module.kubeflow_volumes_web_app.module.helm_addon.module.irsa.aws_iam_role.irsa",
            "module.eks_cluster.module.kubeflow_components.module.kubeflow_volumes_web_app.module.helm_addon.module.irsa.aws_iam_role_policy_attachment.irsa",
            "module.eks_cluster.module.kubeflow_components.module.kubeflow_volumes_web_app.module.helm_addon.module.irsa.kubernetes_namespace_v1.irsa",
            "module.eks_cluster.module.kubeflow_components.module.kubeflow_volumes_web_app.module.helm_addon.module.irsa.kubernetes_secret_v1.irsa",
            "module.eks_cluster.module.kubeflow_components.module.kubeflow_volumes_web_app.module.helm_addon.module.irsa.kubernetes_service_account_v1.irsa"
          ]
        }
      ]
    },
    {
      "module": "module.eks_cluster.module.kubeflow_components.module.kubeflow_central_dashboard.module.helm_addon",
      "mode": "managed",
      "type": "helm_release",
      "name": "addon",
      "provider": "provider[\"registry.terraform.io/hashicorp/helm\"]",
      "instances": [
        {
          "index_key": 0,
          "schema_version": 1,
          "attributes": {
            "atomic": false,
            "chart": "../eks_cluster/KubeflowComponents/charts/central-dashboard",
            "cleanup_on_fail": false,
            "create_namespace": false,
            "dependency_update": false,
            "description": "",
            "devel": null,
            "disable_crd_hooks": false,
            "disable_openapi_validation": false,
            "disable_webhooks": false,
            "force_update": false,
            "id": "central-dashboard",
            "keyring": "",
            "lint": false,
            "manifest": null,
            "max_history": 0,
            "metadata": [
              {
                "app_version": "v1.7.0",
                "chart": "central-dashboard",
                "name": "central-dashboard",
                "namespace": "default",
                "revision": 1,
                "values": "{}",
                "version": "0.2.0"
              }
            ],
            "name": "central-dashboard",
            "namespace": "default",
            "pass_credentials": false,
            "postrender": [
              {
                "args": [],
                "binary_path": ""
              }
            ],
            "recreate_pods": false,
            "render_subchart_notes": true,
            "replace": false,
            "repository": null,
            "repository_ca_file": null,
            "repository_cert_file": "",
            "repository_key_file": "",
            "repository_password": "",
            "repository_username": "",
            "reset_values": false,
            "reuse_values": false,
            "set": [],
            "set_list": [],
            "set_sensitive": [],
            "skip_crds": false,
            "status": "deployed",
            "timeout": 600,
            "values": [],
            "verify": false,
            "version": "0.2.0",
            "wait": true,
            "wait_for_jobs": false
          },
          "sensitive_attributes": [],
          "private": "eyJzY2hlbWFfdmVyc2lvbiI6IjEifQ==",
          "dependencies": [
            "module.eks_cluster.data.aws_caller_identity.current",
            "module.eks_cluster.data.aws_partition.current",
            "module.eks_cluster.data.aws_region.current",
            "module.eks_cluster.data.aws_subnets.private",
            "module.eks_cluster.data.aws_vpc.vpc",
            "module.eks_cluster.module.eks.aws_cloudwatch_log_group.this",
            "module.eks_cluster.module.eks.aws_eks_cluster.this",
            "module.eks_cluster.module.eks.aws_iam_openid_connect_provider.oidc_provider",
            "module.eks_cluster.module.eks.aws_iam_policy.cni_ipv6_policy",
            "module.eks_cluster.module.eks.aws_iam_role.this",
            "module.eks_cluster.module.eks.aws_iam_role_policy_attachment.this",
            "module.eks_cluster.module.eks.aws_security_group.cluster",
            "module.eks_cluster.module.eks.aws_security_group.node",
            "module.eks_cluster.module.eks.aws_security_group_rule.cluster",
            "module.eks_cluster.module.eks.aws_security_group_rule.node",
            "module.eks_cluster.module.eks.data.aws_caller_identity.current",
            "module.eks_cluster.module.eks.data.aws_iam_policy_document.assume_role_policy",
            "module.eks_cluster.module.eks.data.aws_iam_policy_document.cni_ipv6_policy",
            "module.eks_cluster.module.eks.data.aws_iam_session_context.current",
            "module.eks_cluster.module.eks.data.aws_partition.current",
            "module.eks_cluster.module.eks.data.tls_certificate.this",
            "module.eks_cluster.module.eks.module.kms.aws_kms_external_key.this",
            "module.eks_cluster.module.eks.module.kms.aws_kms_key.this",
            "module.eks_cluster.module.eks.module.kms.data.aws_caller_identity.current",
            "module.eks_cluster.module.eks.module.kms.data.aws_iam_policy_document.this",
            "module.eks_cluster.module.eks.module.kms.data.aws_partition.current",
            "module.eks_cluster.module.kubeflow_components.kubernetes_namespace.kubeflow",
            "module.eks_cluster.module.kubeflow_components.module.kubeflow_central_dashboard.module.helm_addon.module.irsa.aws_iam_role.irsa",
            "module.eks_cluster.module.kubeflow_components.module.kubeflow_central_dashboard.module.helm_addon.module.irsa.aws_iam_role_policy_attachment.irsa",
            "module.eks_cluster.module.kubeflow_components.module.kubeflow_central_dashboard.module.helm_addon.module.irsa.kubernetes_namespace_v1.irsa",
            "module.eks_cluster.module.kubeflow_components.module.kubeflow_central_dashboard.module.helm_addon.module.irsa.kubernetes_secret_v1.irsa",
            "module.eks_cluster.module.kubeflow_components.module.kubeflow_central_dashboard.module.helm_addon.module.irsa.kubernetes_service_account_v1.irsa",
            "module.eks_cluster.module.kubeflow_components.module.kubeflow_cluster_local_gateway.module.helm_addon.helm_release.addon",
            "module.eks_cluster.module.kubeflow_components.module.kubeflow_cluster_local_gateway.module.helm_addon.module.irsa.aws_iam_role.irsa",
            "module.eks_cluster.module.kubeflow_components.module.kubeflow_cluster_local_gateway.module.helm_addon.module.irsa.aws_iam_role_policy_attachment.irsa",
            "module.eks_cluster.module.kubeflow_components.module.kubeflow_cluster_local_gateway.module.helm_addon.module.irsa.kubernetes_namespace_v1.irsa",
            "module.eks_cluster.module.kubeflow_components.module.kubeflow_cluster_local_gateway.module.helm_addon.module.irsa.kubernetes_secret_v1.irsa",
            "module.eks_cluster.module.kubeflow_components.module.kubeflow_cluster_local_gateway.module.helm_addon.module.irsa.kubernetes_service_account_v1.irsa",
            "module.eks_cluster.module.kubeflow_components.module.kubeflow_dex.module.helm_addon.helm_release.addon",
            "module.eks_cluster.module.kubeflow_components.module.kubeflow_dex.module.helm_addon.module.irsa.aws_iam_role.irsa",
            "module.eks_cluster.module.kubeflow_components.module.kubeflow_dex.module.helm_addon.module.irsa.aws_iam_role_policy_attachment.irsa",
            "module.eks_cluster.module.kubeflow_components.module.kubeflow_dex.module.helm_addon.module.irsa.kubernetes_namespace_v1.irsa",
            "module.eks_cluster.module.kubeflow_components.module.kubeflow_dex.module.helm_addon.module.irsa.kubernetes_secret_v1.irsa",
            "module.eks_cluster.module.kubeflow_components.module.kubeflow_dex.module.helm_addon.module.irsa.kubernetes_service_account_v1.irsa",
            "module.eks_cluster.module.kubeflow_components.module.kubeflow_issuer.module.helm_addon.helm_release.addon",
            "module.eks_cluster.module.kubeflow_components.module.kubeflow_issuer.module.helm_addon.module.irsa.aws_iam_role.irsa",
            "module.eks_cluster.module.kubeflow_components.module.kubeflow_issuer.module.helm_addon.module.irsa.aws_iam_role_policy_attachment.irsa",
            "module.eks_cluster.module.kubeflow_components.module.kubeflow_issuer.module.helm_addon.module.irsa.kubernetes_namespace_v1.irsa",
            "module.eks_cluster.module.kubeflow_components.module.kubeflow_issuer.module.helm_addon.module.irsa.kubernetes_secret_v1.irsa",
            "module.eks_cluster.module.kubeflow_components.module.kubeflow_issuer.module.helm_addon.module.irsa.kubernetes_service_account_v1.irsa",
            "module.eks_cluster.module.kubeflow_components.module.kubeflow_istio.module.helm_addon.helm_release.addon",
            "module.eks_cluster.module.kubeflow_components.module.kubeflow_istio.module.helm_addon.module.irsa.aws_iam_role.irsa",
            "module.eks_cluster.module.kubeflow_components.module.kubeflow_istio.module.helm_addon.module.irsa.aws_iam_role_policy_attachment.irsa",
            "module.eks_cluster.module.kubeflow_components.module.kubeflow_istio.module.helm_addon.module.irsa.kubernetes_namespace_v1.irsa",
            "module.eks_cluster.module.kubeflow_components.module.kubeflow_istio.module.helm_addon.module.irsa.kubernetes_secret_v1.irsa",
            "module.eks_cluster.module.kubeflow_components.module.kubeflow_istio.module.helm_addon.module.irsa.kubernetes_service_account_v1.irsa",
            "module.eks_cluster.module.kubeflow_components.module.kubeflow_istio_resources.module.helm_addon.helm_release.addon",
            "module.eks_cluster.module.kubeflow_components.module.kubeflow_istio_resources.module.helm_addon.module.irsa.aws_iam_role.irsa",
            "module.eks_cluster.module.kubeflow_components.module.kubeflow_istio_resources.module.helm_addon.module.irsa.aws_iam_role_policy_attachment.irsa",
            "module.eks_cluster.module.kubeflow_components.module.kubeflow_istio_resources.module.helm_addon.module.irsa.kubernetes_namespace_v1.irsa",
            "module.eks_cluster.module.kubeflow_components.module.kubeflow_istio_resources.module.helm_addon.module.irsa.kubernetes_secret_v1.irsa",
            "module.eks_cluster.module.kubeflow_components.module.kubeflow_istio_resources.module.helm_addon.module.irsa.kubernetes_service_account_v1.irsa",
            "module.eks_cluster.module.kubeflow_components.module.kubeflow_katib.module.helm_addon.helm_release.addon",
            "module.eks_cluster.module.kubeflow_components.module.kubeflow_katib.module.helm_addon.module.irsa.aws_iam_role.irsa",
            "module.eks_cluster.module.kubeflow_components.module.kubeflow_katib.module.helm_addon.module.irsa.aws_iam_role_policy_attachment.irsa",
            "module.eks_cluster.module.kubeflow_components.module.kubeflow_katib.module.helm_addon.module.irsa.kubernetes_namespace_v1.irsa",
            "module.eks_cluster.module.kubeflow_components.module.kubeflow_katib.module.helm_addon.module.irsa.kubernetes_secret_v1.irsa",
            "module.eks_cluster.module.kubeflow_components.module.kubeflow_katib.module.helm_addon.module.irsa.kubernetes_service_account_v1.irsa",
            "module.eks_cluster.module.kubeflow_components.module.kubeflow_knative_eventing.module.helm_addon.helm_release.addon",
            "module.eks_cluster.module.kubeflow_components.module.kubeflow_knative_eventing.module.helm_addon.module.irsa.aws_iam_role.irsa",
            "module.eks_cluster.module.kubeflow_components.module.kubeflow_knative_eventing.module.helm_addon.module.irsa.aws_iam_role_policy_attachment.irsa",
            "module.eks_cluster.module.kubeflow_components.module.kubeflow_knative_eventing.module.helm_addon.module.irsa.kubernetes_namespace_v1.irsa",
            "module.eks_cluster.module.kubeflow_components.module.kubeflow_knative_eventing.module.helm_addon.module.irsa.kubernetes_secret_v1.irsa",
            "module.eks_cluster.module.kubeflow_components.module.kubeflow_knative_eventing.module.helm_addon.module.irsa.kubernetes_service_account_v1.irsa",
            "module.eks_cluster.module.kubeflow_components.module.kubeflow_knative_serving.module.helm_addon.helm_release.addon",
            "module.eks_cluster.module.kubeflow_components.module.kubeflow_knative_serving.module.helm_addon.module.irsa.aws_iam_role.irsa",
            "module.eks_cluster.module.kubeflow_components.module.kubeflow_knative_serving.module.helm_addon.module.irsa.aws_iam_role_policy_attachment.irsa",
            "module.eks_cluster.module.kubeflow_components.module.kubeflow_knative_serving.module.helm_addon.module.irsa.kubernetes_namespace_v1.irsa",
            "module.eks_cluster.module.kubeflow_components.module.kubeflow_knative_serving.module.helm_addon.module.irsa.kubernetes_secret_v1.irsa",
            "module.eks_cluster.module.kubeflow_components.module.kubeflow_knative_serving.module.helm_addon.module.irsa.kubernetes_service_account_v1.irsa",
            "module.eks_cluster.module.kubeflow_components.module.kubeflow_kserve.module.helm_addon.helm_release.addon",
            "module.eks_cluster.module.kubeflow_components.module.kubeflow_kserve.module.helm_addon.module.irsa.aws_iam_role.irsa",
            "module.eks_cluster.module.kubeflow_components.module.kubeflow_kserve.module.helm_addon.module.irsa.aws_iam_role_policy_attachment.irsa",
            "module.eks_cluster.module.kubeflow_components.module.kubeflow_kserve.module.helm_addon.module.irsa.kubernetes_namespace_v1.irsa",
            "module.eks_cluster.module.kubeflow_components.module.kubeflow_kserve.module.helm_addon.module.irsa.kubernetes_secret_v1.irsa",
            "module.eks_cluster.module.kubeflow_components.module.kubeflow_kserve.module.helm_addon.module.irsa.kubernetes_service_account_v1.irsa",
            "module.eks_cluster.module.kubeflow_components.module.kubeflow_models_web_app.module.helm_addon.helm_release.addon",
            "module.eks_cluster.module.kubeflow_components.module.kubeflow_models_web_app.module.helm_addon.module.irsa.aws_iam_role.irsa",
            "module.eks_cluster.module.kubeflow_components.module.kubeflow_models_web_app.module.helm_addon.module.irsa.aws_iam_role_policy_attachment.irsa",
            "module.eks_cluster.module.kubeflow_components.module.kubeflow_models_web_app.module.helm_addon.module.irsa.kubernetes_namespace_v1.irsa",
            "module.eks_cluster.module.kubeflow_components.module.kubeflow_models_web_app.module.helm_addon.module.irsa.kubernetes_secret_v1.irsa",
            "module.eks_cluster.module.kubeflow_components.module.kubeflow_models_web_app.module.helm_addon.module.irsa.kubernetes_service_account_v1.irsa",
            "module.eks_cluster.module.kubeflow_components.module.kubeflow_oidc_authservice.module.helm_addon.helm_release.addon",
            "module.eks_cluster.module.kubeflow_components.module.kubeflow_oidc_authservice.module.helm_addon.module.irsa.aws_iam_role.irsa",
            "module.eks_cluster.module.kubeflow_components.module.kubeflow_oidc_authservice.module.helm_addon.module.irsa.aws_iam_role_policy_attachment.irsa",
            "module.eks_cluster.module.kubeflow_components.module.kubeflow_oidc_authservice.module.helm_addon.module.irsa.kubernetes_namespace_v1.irsa",
            "module.eks_cluster.module.kubeflow_components.module.kubeflow_oidc_authservice.module.helm_addon.module.irsa.kubernetes_secret_v1.irsa",
            "module.eks_cluster.module.kubeflow_components.module.kubeflow_oidc_authservice.module.helm_addon.module.irsa.kubernetes_service_account_v1.irsa",
            "module.eks_cluster.module.kubeflow_components.module.kubeflow_pipelines.module.helm_addon.helm_release.addon",
            "module.eks_cluster.module.kubeflow_components.module.kubeflow_pipelines.module.helm_addon.module.irsa.aws_iam_role.irsa",
            "module.eks_cluster.module.kubeflow_components.module.kubeflow_pipelines.module.helm_addon.module.irsa.aws_iam_role_policy_attachment.irsa",
            "module.eks_cluster.module.kubeflow_components.module.kubeflow_pipelines.module.helm_addon.module.irsa.kubernetes_namespace_v1.irsa",
            "module.eks_cluster.module.kubeflow_components.module.kubeflow_pipelines.module.helm_addon.module.irsa.kubernetes_secret_v1.irsa",
            "module.eks_cluster.module.kubeflow_components.module.kubeflow_pipelines.module.helm_addon.module.irsa.kubernetes_service_account_v1.irsa",
            "module.eks_cluster.module.kubeflow_components.module.kubeflow_roles.module.helm_addon.helm_release.addon",
            "module.eks_cluster.module.kubeflow_components.module.kubeflow_roles.module.helm_addon.module.irsa.aws_iam_role.irsa",
            "module.eks_cluster.module.kubeflow_components.module.kubeflow_roles.module.helm_addon.module.irsa.aws_iam_role_policy_attachment.irsa",
            "module.eks_cluster.module.kubeflow_components.module.kubeflow_roles.module.helm_addon.module.irsa.kubernetes_namespace_v1.irsa",
            "module.eks_cluster.module.kubeflow_components.module.kubeflow_roles.module.helm_addon.module.irsa.kubernetes_secret_v1.irsa",
            "module.eks_cluster.module.kubeflow_components.module.kubeflow_roles.module.helm_addon.module.irsa.kubernetes_service_account_v1.irsa"
          ]
        }
      ]
    },
    {
      "module": "module.eks_cluster.module.kubeflow_components.module.kubeflow_cluster_local_gateway.module.helm_addon",
      "mode": "managed",
      "type": "helm_release",
      "name": "addon",
      "provider": "provider[\"registry.terraform.io/hashicorp/helm\"]",
      "instances": [
        {
          "index_key": 0,
          "schema_version": 1,
          "attributes": {
            "atomic": false,
            "chart": "../eks_cluster/KubeflowComponents/charts/gateway",
            "cleanup_on_fail": false,
            "create_namespace": false,
            "dependency_update": false,
            "description": "",
            "devel": null,
            "disable_crd_hooks": false,
            "disable_openapi_validation": false,
            "disable_webhooks": false,
            "force_update": false,
            "id": "cluster-local-gateway",
            "keyring": "",
            "lint": false,
            "manifest": null,
            "max_history": 0,
            "metadata": [
              {
                "app_version": "1.7.0",
                "chart": "cluster-local-gateway",
                "name": "cluster-local-gateway",
                "namespace": "default",
                "revision": 1,
                "values": "{}",
                "version": "0.2.0"
              }
            ],
            "name": "cluster-local-gateway",
            "namespace": "default",
            "pass_credentials": false,
            "postrender": [
              {
                "args": [],
                "binary_path": ""
              }
            ],
            "recreate_pods": false,
            "render_subchart_notes": true,
            "replace": false,
            "repository": null,
            "repository_ca_file": null,
            "repository_cert_file": "",
            "repository_key_file": "",
            "repository_password": "",
            "repository_username": "",
            "reset_values": false,
            "reuse_values": false,
            "set": [],
            "set_list": [],
            "set_sensitive": [],
            "skip_crds": false,
            "status": "deployed",
            "timeout": 600,
            "values": [],
            "verify": false,
            "version": "0.2.0",
            "wait": true,
            "wait_for_jobs": false
          },
          "sensitive_attributes": [],
          "private": "eyJzY2hlbWFfdmVyc2lvbiI6IjEifQ==",
          "dependencies": [
            "module.eks_cluster.data.aws_caller_identity.current",
            "module.eks_cluster.data.aws_partition.current",
            "module.eks_cluster.data.aws_region.current",
            "module.eks_cluster.data.aws_subnets.private",
            "module.eks_cluster.data.aws_vpc.vpc",
            "module.eks_cluster.module.eks.aws_cloudwatch_log_group.this",
            "module.eks_cluster.module.eks.aws_eks_cluster.this",
            "module.eks_cluster.module.eks.aws_iam_openid_connect_provider.oidc_provider",
            "module.eks_cluster.module.eks.aws_iam_policy.cni_ipv6_policy",
            "module.eks_cluster.module.eks.aws_iam_role.this",
            "module.eks_cluster.module.eks.aws_iam_role_policy_attachment.this",
            "module.eks_cluster.module.eks.aws_security_group.cluster",
            "module.eks_cluster.module.eks.aws_security_group.node",
            "module.eks_cluster.module.eks.aws_security_group_rule.cluster",
            "module.eks_cluster.module.eks.aws_security_group_rule.node",
            "module.eks_cluster.module.eks.data.aws_caller_identity.current",
            "module.eks_cluster.module.eks.data.aws_iam_policy_document.assume_role_policy",
            "module.eks_cluster.module.eks.data.aws_iam_policy_document.cni_ipv6_policy",
            "module.eks_cluster.module.eks.data.aws_iam_session_context.current",
            "module.eks_cluster.module.eks.data.aws_partition.current",
            "module.eks_cluster.module.eks.data.tls_certificate.this",
            "module.eks_cluster.module.eks.module.kms.aws_kms_external_key.this",
            "module.eks_cluster.module.eks.module.kms.aws_kms_key.this",
            "module.eks_cluster.module.eks.module.kms.data.aws_caller_identity.current",
            "module.eks_cluster.module.eks.module.kms.data.aws_iam_policy_document.this",
            "module.eks_cluster.module.eks.module.kms.data.aws_partition.current",
            "module.eks_cluster.module.kubeflow_components.kubernetes_namespace.kubeflow",
            "module.eks_cluster.module.kubeflow_components.module.kubeflow_cluster_local_gateway.module.helm_addon.module.irsa.aws_iam_role.irsa",
            "module.eks_cluster.module.kubeflow_components.module.kubeflow_cluster_local_gateway.module.helm_addon.module.irsa.aws_iam_role_policy_attachment.irsa",
            "module.eks_cluster.module.kubeflow_components.module.kubeflow_cluster_local_gateway.module.helm_addon.module.irsa.kubernetes_namespace_v1.irsa",
            "module.eks_cluster.module.kubeflow_components.module.kubeflow_cluster_local_gateway.module.helm_addon.module.irsa.kubernetes_secret_v1.irsa",
            "module.eks_cluster.module.kubeflow_components.module.kubeflow_cluster_local_gateway.module.helm_addon.module.irsa.kubernetes_service_account_v1.irsa",
            "module.eks_cluster.module.kubeflow_components.module.kubeflow_dex.module.helm_addon.helm_release.addon",
            "module.eks_cluster.module.kubeflow_components.module.kubeflow_dex.module.helm_addon.module.irsa.aws_iam_role.irsa",
            "module.eks_cluster.module.kubeflow_components.module.kubeflow_dex.module.helm_addon.module.irsa.aws_iam_role_policy_attachment.irsa",
            "module.eks_cluster.module.kubeflow_components.module.kubeflow_dex.module.helm_addon.module.irsa.kubernetes_namespace_v1.irsa",
            "module.eks_cluster.module.kubeflow_components.module.kubeflow_dex.module.helm_addon.module.irsa.kubernetes_secret_v1.irsa",
            "module.eks_cluster.module.kubeflow_components.module.kubeflow_dex.module.helm_addon.module.irsa.kubernetes_service_account_v1.irsa",
            "module.eks_cluster.module.kubeflow_components.module.kubeflow_issuer.module.helm_addon.helm_release.addon",
            "module.eks_cluster.module.kubeflow_components.module.kubeflow_issuer.module.helm_addon.module.irsa.aws_iam_role.irsa",
            "module.eks_cluster.module.kubeflow_components.module.kubeflow_issuer.module.helm_addon.module.irsa.aws_iam_role_policy_attachment.irsa",
            "module.eks_cluster.module.kubeflow_components.module.kubeflow_issuer.module.helm_addon.module.irsa.kubernetes_namespace_v1.irsa",
            "module.eks_cluster.module.kubeflow_components.module.kubeflow_issuer.module.helm_addon.module.irsa.kubernetes_secret_v1.irsa",
            "module.eks_cluster.module.kubeflow_components.module.kubeflow_issuer.module.helm_addon.module.irsa.kubernetes_service_account_v1.irsa",
            "module.eks_cluster.module.kubeflow_components.module.kubeflow_istio.module.helm_addon.helm_release.addon",
            "module.eks_cluster.module.kubeflow_components.module.kubeflow_istio.module.helm_addon.module.irsa.aws_iam_role.irsa",
            "module.eks_cluster.module.kubeflow_components.module.kubeflow_istio.module.helm_addon.module.irsa.aws_iam_role_policy_attachment.irsa",
            "module.eks_cluster.module.kubeflow_components.module.kubeflow_istio.module.helm_addon.module.irsa.kubernetes_namespace_v1.irsa",
            "module.eks_cluster.module.kubeflow_components.module.kubeflow_istio.module.helm_addon.module.irsa.kubernetes_secret_v1.irsa",
            "module.eks_cluster.module.kubeflow_components.module.kubeflow_istio.module.helm_addon.module.irsa.kubernetes_service_account_v1.irsa",
            "module.eks_cluster.module.kubeflow_components.module.kubeflow_knative_serving.module.helm_addon.helm_release.addon",
            "module.eks_cluster.module.kubeflow_components.module.kubeflow_knative_serving.module.helm_addon.module.irsa.aws_iam_role.irsa",
            "module.eks_cluster.module.kubeflow_components.module.kubeflow_knative_serving.module.helm_addon.module.irsa.aws_iam_role_policy_attachment.irsa",
            "module.eks_cluster.module.kubeflow_components.module.kubeflow_knative_serving.module.helm_addon.module.irsa.kubernetes_namespace_v1.irsa",
            "module.eks_cluster.module.kubeflow_components.module.kubeflow_knative_serving.module.helm_addon.module.irsa.kubernetes_secret_v1.irsa",
            "module.eks_cluster.module.kubeflow_components.module.kubeflow_knative_serving.module.helm_addon.module.irsa.kubernetes_service_account_v1.irsa",
            "module.eks_cluster.module.kubeflow_components.module.kubeflow_oidc_authservice.module.helm_addon.helm_release.addon",
            "module.eks_cluster.module.kubeflow_components.module.kubeflow_oidc_authservice.module.helm_addon.module.irsa.aws_iam_role.irsa",
            "module.eks_cluster.module.kubeflow_components.module.kubeflow_oidc_authservice.module.helm_addon.module.irsa.aws_iam_role_policy_attachment.irsa",
            "module.eks_cluster.module.kubeflow_components.module.kubeflow_oidc_authservice.module.helm_addon.module.irsa.kubernetes_namespace_v1.irsa",
            "module.eks_cluster.module.kubeflow_components.module.kubeflow_oidc_authservice.module.helm_addon.module.irsa.kubernetes_secret_v1.irsa",
            "module.eks_cluster.module.kubeflow_components.module.kubeflow_oidc_authservice.module.helm_addon.module.irsa.kubernetes_service_account_v1.irsa"
          ]
        }
      ]
    },
    {
      "module": "module.eks_cluster.module.kubeflow_components.module.kubeflow_dex.module.helm_addon",
      "mode": "managed",
      "type": "helm_release",
      "name": "addon",
      "provider": "provider[\"registry.terraform.io/hashicorp/helm\"]",
      "instances": [
        {
          "index_key": 0,
          "schema_version": 1,
          "attributes": {
            "atomic": false,
            "chart": "../eks_cluster/KubeflowComponents/charts/kubeflow-dex",
            "cleanup_on_fail": false,
            "create_namespace": false,
            "dependency_update": false,
            "description": "",
            "devel": null,
            "disable_crd_hooks": false,
            "disable_openapi_validation": false,
            "disable_webhooks": false,
            "force_update": false,
            "id": "dex",
            "keyring": "",
            "lint": false,
            "manifest": null,
            "max_history": 0,
            "metadata": [
              {
                "app_version": "v2.35.3",
                "chart": "dex",
                "name": "dex",
                "namespace": "default",
                "revision": 1,
                "values": "{}",
                "version": "0.2.0"
              }
            ],
            "name": "dex",
            "namespace": "default",
            "pass_credentials": false,
            "postrender": [
              {
                "args": [],
                "binary_path": ""
              }
            ],
            "recreate_pods": false,
            "render_subchart_notes": true,
            "replace": false,
            "repository": null,
            "repository_ca_file": null,
            "repository_cert_file": "",
            "repository_key_file": "",
            "repository_password": "",
            "repository_username": "",
            "reset_values": false,
            "reuse_values": false,
            "set": [],
            "set_list": [],
            "set_sensitive": [],
            "skip_crds": false,
            "status": "deployed",
            "timeout": 600,
            "values": [],
            "verify": false,
            "version": "0.2.0",
            "wait": true,
            "wait_for_jobs": false
          },
          "sensitive_attributes": [],
          "private": "eyJzY2hlbWFfdmVyc2lvbiI6IjEifQ==",
          "dependencies": [
            "module.eks_cluster.data.aws_caller_identity.current",
            "module.eks_cluster.data.aws_partition.current",
            "module.eks_cluster.data.aws_region.current",
            "module.eks_cluster.data.aws_subnets.private",
            "module.eks_cluster.data.aws_vpc.vpc",
            "module.eks_cluster.module.eks.aws_cloudwatch_log_group.this",
            "module.eks_cluster.module.eks.aws_eks_cluster.this",
            "module.eks_cluster.module.eks.aws_iam_openid_connect_provider.oidc_provider",
            "module.eks_cluster.module.eks.aws_iam_policy.cni_ipv6_policy",
            "module.eks_cluster.module.eks.aws_iam_role.this",
            "module.eks_cluster.module.eks.aws_iam_role_policy_attachment.this",
            "module.eks_cluster.module.eks.aws_security_group.cluster",
            "module.eks_cluster.module.eks.aws_security_group.node",
            "module.eks_cluster.module.eks.aws_security_group_rule.cluster",
            "module.eks_cluster.module.eks.aws_security_group_rule.node",
            "module.eks_cluster.module.eks.data.aws_caller_identity.current",
            "module.eks_cluster.module.eks.data.aws_iam_policy_document.assume_role_policy",
            "module.eks_cluster.module.eks.data.aws_iam_policy_document.cni_ipv6_policy",
            "module.eks_cluster.module.eks.data.aws_iam_session_context.current",
            "module.eks_cluster.module.eks.data.aws_partition.current",
            "module.eks_cluster.module.eks.data.tls_certificate.this",
            "module.eks_cluster.module.eks.module.kms.aws_kms_external_key.this",
            "module.eks_cluster.module.eks.module.kms.aws_kms_key.this",
            "module.eks_cluster.module.eks.module.kms.data.aws_caller_identity.current",
            "module.eks_cluster.module.eks.module.kms.data.aws_iam_policy_document.this",
            "module.eks_cluster.module.eks.module.kms.data.aws_partition.current",
            "module.eks_cluster.module.kubeflow_components.kubernetes_namespace.kubeflow",
            "module.eks_cluster.module.kubeflow_components.module.kubeflow_dex.module.helm_addon.module.irsa.aws_iam_role.irsa",
            "module.eks_cluster.module.kubeflow_components.module.kubeflow_dex.module.helm_addon.module.irsa.aws_iam_role_policy_attachment.irsa",
            "module.eks_cluster.module.kubeflow_components.module.kubeflow_dex.module.helm_addon.module.irsa.kubernetes_namespace_v1.irsa",
            "module.eks_cluster.module.kubeflow_components.module.kubeflow_dex.module.helm_addon.module.irsa.kubernetes_secret_v1.irsa",
            "module.eks_cluster.module.kubeflow_components.module.kubeflow_dex.module.helm_addon.module.irsa.kubernetes_service_account_v1.irsa",
            "module.eks_cluster.module.kubeflow_components.module.kubeflow_issuer.module.helm_addon.helm_release.addon",
            "module.eks_cluster.module.kubeflow_components.module.kubeflow_issuer.module.helm_addon.module.irsa.aws_iam_role.irsa",
            "module.eks_cluster.module.kubeflow_components.module.kubeflow_issuer.module.helm_addon.module.irsa.aws_iam_role_policy_attachment.irsa",
            "module.eks_cluster.module.kubeflow_components.module.kubeflow_issuer.module.helm_addon.module.irsa.kubernetes_namespace_v1.irsa",
            "module.eks_cluster.module.kubeflow_components.module.kubeflow_issuer.module.helm_addon.module.irsa.kubernetes_secret_v1.irsa",
            "module.eks_cluster.module.kubeflow_components.module.kubeflow_issuer.module.helm_addon.module.irsa.kubernetes_service_account_v1.irsa",
            "module.eks_cluster.module.kubeflow_components.module.kubeflow_istio.module.helm_addon.helm_release.addon",
            "module.eks_cluster.module.kubeflow_components.module.kubeflow_istio.module.helm_addon.module.irsa.aws_iam_role.irsa",
            "module.eks_cluster.module.kubeflow_components.module.kubeflow_istio.module.helm_addon.module.irsa.aws_iam_role_policy_attachment.irsa",
            "module.eks_cluster.module.kubeflow_components.module.kubeflow_istio.module.helm_addon.module.irsa.kubernetes_namespace_v1.irsa",
            "module.eks_cluster.module.kubeflow_components.module.kubeflow_istio.module.helm_addon.module.irsa.kubernetes_secret_v1.irsa",
            "module.eks_cluster.module.kubeflow_components.module.kubeflow_istio.module.helm_addon.module.irsa.kubernetes_service_account_v1.irsa"
          ]
        }
      ]
    },
    {
      "module": "module.eks_cluster.module.kubeflow_components.module.kubeflow_issuer.module.helm_addon",
      "mode": "managed",
      "type": "helm_release",
      "name": "addon",
      "provider": "provider[\"registry.terraform.io/hashicorp/helm\"]",
      "instances": [
        {
          "index_key": 0,
          "schema_version": 1,
          "attributes": {
            "atomic": false,
            "chart": "../eks_cluster/KubeflowComponents/charts/kubeflow-issuer-chart",
            "cleanup_on_fail": false,
            "create_namespace": false,
            "dependency_update": false,
            "description": "",
            "devel": null,
            "disable_crd_hooks": false,
            "disable_openapi_validation": false,
            "disable_webhooks": false,
            "force_update": false,
            "id": "kubeflow-issuer",
            "keyring": "",
            "lint": false,
            "manifest": null,
            "max_history": 0,
            "metadata": [
              {
                "app_version": "v1.6.1",
                "chart": "kubeflow-issuer",
                "name": "kubeflow-issuer",
                "namespace": "default",
                "revision": 1,
                "values": "{}",
                "version": "0.1.0"
              }
            ],
            "name": "kubeflow-issuer",
            "namespace": "default",
            "pass_credentials": false,
            "postrender": [
              {
                "args": [],
                "binary_path": ""
              }
            ],
            "recreate_pods": false,
            "render_subchart_notes": true,
            "replace": false,
            "repository": null,
            "repository_ca_file": null,
            "repository_cert_file": "",
            "repository_key_file": "",
            "repository_password": "",
            "repository_username": "",
            "reset_values": false,
            "reuse_values": false,
            "set": [],
            "set_list": [],
            "set_sensitive": [],
            "skip_crds": false,
            "status": "deployed",
            "timeout": 600,
            "values": [],
            "verify": false,
            "version": "0.1.0",
            "wait": true,
            "wait_for_jobs": false
          },
          "sensitive_attributes": [],
          "private": "eyJzY2hlbWFfdmVyc2lvbiI6IjEifQ==",
          "dependencies": [
            "module.eks_cluster.data.aws_caller_identity.current",
            "module.eks_cluster.data.aws_partition.current",
            "module.eks_cluster.data.aws_region.current",
            "module.eks_cluster.data.aws_subnets.private",
            "module.eks_cluster.data.aws_vpc.vpc",
            "module.eks_cluster.module.eks.aws_cloudwatch_log_group.this",
            "module.eks_cluster.module.eks.aws_eks_cluster.this",
            "module.eks_cluster.module.eks.aws_iam_openid_connect_provider.oidc_provider",
            "module.eks_cluster.module.eks.aws_iam_policy.cni_ipv6_policy",
            "module.eks_cluster.module.eks.aws_iam_role.this",
            "module.eks_cluster.module.eks.aws_iam_role_policy_attachment.this",
            "module.eks_cluster.module.eks.aws_security_group.cluster",
            "module.eks_cluster.module.eks.aws_security_group.node",
            "module.eks_cluster.module.eks.aws_security_group_rule.cluster",
            "module.eks_cluster.module.eks.aws_security_group_rule.node",
            "module.eks_cluster.module.eks.data.aws_caller_identity.current",
            "module.eks_cluster.module.eks.data.aws_iam_policy_document.assume_role_policy",
            "module.eks_cluster.module.eks.data.aws_iam_policy_document.cni_ipv6_policy",
            "module.eks_cluster.module.eks.data.aws_iam_session_context.current",
            "module.eks_cluster.module.eks.data.aws_partition.current",
            "module.eks_cluster.module.eks.data.tls_certificate.this",
            "module.eks_cluster.module.eks.module.kms.aws_kms_external_key.this",
            "module.eks_cluster.module.eks.module.kms.aws_kms_key.this",
            "module.eks_cluster.module.eks.module.kms.data.aws_caller_identity.current",
            "module.eks_cluster.module.eks.module.kms.data.aws_iam_policy_document.this",
            "module.eks_cluster.module.eks.module.kms.data.aws_partition.current",
            "module.eks_cluster.module.kubeflow_components.kubernetes_namespace.kubeflow",
            "module.eks_cluster.module.kubeflow_components.module.kubeflow_issuer.module.helm_addon.module.irsa.aws_iam_role.irsa",
            "module.eks_cluster.module.kubeflow_components.module.kubeflow_issuer.module.helm_addon.module.irsa.aws_iam_role_policy_attachment.irsa",
            "module.eks_cluster.module.kubeflow_components.module.kubeflow_issuer.module.helm_addon.module.irsa.kubernetes_namespace_v1.irsa",
            "module.eks_cluster.module.kubeflow_components.module.kubeflow_issuer.module.helm_addon.module.irsa.kubernetes_secret_v1.irsa",
            "module.eks_cluster.module.kubeflow_components.module.kubeflow_issuer.module.helm_addon.module.irsa.kubernetes_service_account_v1.irsa"
          ]
        }
      ]
    },
    {
      "module": "module.eks_cluster.module.kubeflow_components.module.kubeflow_istio.module.helm_addon",
      "mode": "managed",
      "type": "helm_release",
      "name": "addon",
      "provider": "provider[\"registry.terraform.io/hashicorp/helm\"]",
      "instances": [
        {
          "index_key": 0,
          "schema_version": 1,
          "attributes": {
            "atomic": false,
            "chart": "../eks_cluster/KubeflowComponents/charts/kubeflow-istio/",
            "cleanup_on_fail": false,
            "create_namespace": false,
            "dependency_update": false,
            "description": "",
            "devel": null,
            "disable_crd_hooks": false,
            "disable_openapi_validation": false,
            "disable_webhooks": false,
            "force_update": false,
            "id": "istio",
            "keyring": "",
            "lint": false,
            "manifest": null,
            "max_history": 0,
            "metadata": [
              {
                "app_version": "1.16.1",
                "chart": "istio",
                "name": "istio",
                "namespace": "default",
                "revision": 1,
                "values": "{}",
                "version": "0.2.1"
              }
            ],
            "name": "istio",
            "namespace": "default",
            "pass_credentials": false,
            "postrender": [
              {
                "args": [],
                "binary_path": ""
              }
            ],
            "recreate_pods": false,
            "render_subchart_notes": true,
            "replace": false,
            "repository": null,
            "repository_ca_file": null,
            "repository_cert_file": "",
            "repository_key_file": "",
            "repository_password": "",
            "repository_username": "",
            "reset_values": false,
            "reuse_values": false,
            "set": [],
            "set_list": [],
            "set_sensitive": [],
            "skip_crds": false,
            "status": "deployed",
            "timeout": 600,
            "values": [],
            "verify": false,
            "version": "0.2.1",
            "wait": true,
            "wait_for_jobs": false
          },
          "sensitive_attributes": [],
          "private": "eyJzY2hlbWFfdmVyc2lvbiI6IjEifQ==",
          "dependencies": [
            "module.eks_cluster.data.aws_caller_identity.current",
            "module.eks_cluster.data.aws_partition.current",
            "module.eks_cluster.data.aws_region.current",
            "module.eks_cluster.data.aws_subnets.private",
            "module.eks_cluster.data.aws_vpc.vpc",
            "module.eks_cluster.module.eks.aws_cloudwatch_log_group.this",
            "module.eks_cluster.module.eks.aws_eks_cluster.this",
            "module.eks_cluster.module.eks.aws_iam_openid_connect_provider.oidc_provider",
            "module.eks_cluster.module.eks.aws_iam_policy.cni_ipv6_policy",
            "module.eks_cluster.module.eks.aws_iam_role.this",
            "module.eks_cluster.module.eks.aws_iam_role_policy_attachment.this",
            "module.eks_cluster.module.eks.aws_security_group.cluster",
            "module.eks_cluster.module.eks.aws_security_group.node",
            "module.eks_cluster.module.eks.aws_security_group_rule.cluster",
            "module.eks_cluster.module.eks.aws_security_group_rule.node",
            "module.eks_cluster.module.eks.data.aws_caller_identity.current",
            "module.eks_cluster.module.eks.data.aws_iam_policy_document.assume_role_policy",
            "module.eks_cluster.module.eks.data.aws_iam_policy_document.cni_ipv6_policy",
            "module.eks_cluster.module.eks.data.aws_iam_session_context.current",
            "module.eks_cluster.module.eks.data.aws_partition.current",
            "module.eks_cluster.module.eks.data.tls_certificate.this",
            "module.eks_cluster.module.eks.module.kms.aws_kms_external_key.this",
            "module.eks_cluster.module.eks.module.kms.aws_kms_key.this",
            "module.eks_cluster.module.eks.module.kms.data.aws_caller_identity.current",
            "module.eks_cluster.module.eks.module.kms.data.aws_iam_policy_document.this",
            "module.eks_cluster.module.eks.module.kms.data.aws_partition.current",
            "module.eks_cluster.module.kubeflow_components.kubernetes_namespace.kubeflow",
            "module.eks_cluster.module.kubeflow_components.module.kubeflow_issuer.module.helm_addon.helm_release.addon",
            "module.eks_cluster.module.kubeflow_components.module.kubeflow_issuer.module.helm_addon.module.irsa.aws_iam_role.irsa",
            "module.eks_cluster.module.kubeflow_components.module.kubeflow_issuer.module.helm_addon.module.irsa.aws_iam_role_policy_attachment.irsa",
            "module.eks_cluster.module.kubeflow_components.module.kubeflow_issuer.module.helm_addon.module.irsa.kubernetes_namespace_v1.irsa",
            "module.eks_cluster.module.kubeflow_components.module.kubeflow_issuer.module.helm_addon.module.irsa.kubernetes_secret_v1.irsa",
            "module.eks_cluster.module.kubeflow_components.module.kubeflow_issuer.module.helm_addon.module.irsa.kubernetes_service_account_v1.irsa",
            "module.eks_cluster.module.kubeflow_components.module.kubeflow_istio.module.helm_addon.module.irsa.aws_iam_role.irsa",
            "module.eks_cluster.module.kubeflow_components.module.kubeflow_istio.module.helm_addon.module.irsa.aws_iam_role_policy_attachment.irsa",
            "module.eks_cluster.module.kubeflow_components.module.kubeflow_istio.module.helm_addon.module.irsa.kubernetes_namespace_v1.irsa",
            "module.eks_cluster.module.kubeflow_components.module.kubeflow_istio.module.helm_addon.module.irsa.kubernetes_secret_v1.irsa",
            "module.eks_cluster.module.kubeflow_components.module.kubeflow_istio.module.helm_addon.module.irsa.kubernetes_service_account_v1.irsa"
          ]
        }
      ]
    },
    {
      "module": "module.eks_cluster.module.kubeflow_components.module.kubeflow_istio_resources.module.helm_addon",
      "mode": "managed",
      "type": "helm_release",
      "name": "addon",
      "provider": "provider[\"registry.terraform.io/hashicorp/helm\"]",
      "instances": [
        {
          "index_key": 0,
          "schema_version": 1,
          "attributes": {
            "atomic": false,
            "chart": "../eks_cluster/KubeflowComponents/charts/kubeflow-istio-resources",
            "cleanup_on_fail": false,
            "create_namespace": false,
            "dependency_update": false,
            "description": "",
            "devel": null,
            "disable_crd_hooks": false,
            "disable_openapi_validation": false,
            "disable_webhooks": false,
            "force_update": false,
            "id": "kubeflow-istio-resources",
            "keyring": "",
            "lint": false,
            "manifest": null,
            "max_history": 0,
            "metadata": [
              {
                "app_version": "1.7.0",
                "chart": "kubeflow-istio-resources",
                "name": "kubeflow-istio-resources",
                "namespace": "default",
                "revision": 1,
                "values": "{}",
                "version": "0.2.0"
              }
            ],
            "name": "kubeflow-istio-resources",
            "namespace": "default",
            "pass_credentials": false,
            "postrender": [
              {
                "args": [],
                "binary_path": ""
              }
            ],
            "recreate_pods": false,
            "render_subchart_notes": true,
            "replace": false,
            "repository": null,
            "repository_ca_file": null,
            "repository_cert_file": "",
            "repository_key_file": "",
            "repository_password": "",
            "repository_username": "",
            "reset_values": false,
            "reuse_values": false,
            "set": [],
            "set_list": [],
            "set_sensitive": [],
            "skip_crds": false,
            "status": "deployed",
            "timeout": 600,
            "values": [],
            "verify": false,
            "version": "0.2.0",
            "wait": true,
            "wait_for_jobs": false
          },
          "sensitive_attributes": [],
          "private": "eyJzY2hlbWFfdmVyc2lvbiI6IjEifQ==",
          "dependencies": [
            "module.eks_cluster.data.aws_caller_identity.current",
            "module.eks_cluster.data.aws_partition.current",
            "module.eks_cluster.data.aws_region.current",
            "module.eks_cluster.data.aws_subnets.private",
            "module.eks_cluster.data.aws_vpc.vpc",
            "module.eks_cluster.module.eks.aws_cloudwatch_log_group.this",
            "module.eks_cluster.module.eks.aws_eks_cluster.this",
            "module.eks_cluster.module.eks.aws_iam_openid_connect_provider.oidc_provider",
            "module.eks_cluster.module.eks.aws_iam_policy.cni_ipv6_policy",
            "module.eks_cluster.module.eks.aws_iam_role.this",
            "module.eks_cluster.module.eks.aws_iam_role_policy_attachment.this",
            "module.eks_cluster.module.eks.aws_security_group.cluster",
            "module.eks_cluster.module.eks.aws_security_group.node",
            "module.eks_cluster.module.eks.aws_security_group_rule.cluster",
            "module.eks_cluster.module.eks.aws_security_group_rule.node",
            "module.eks_cluster.module.eks.data.aws_caller_identity.current",
            "module.eks_cluster.module.eks.data.aws_iam_policy_document.assume_role_policy",
            "module.eks_cluster.module.eks.data.aws_iam_policy_document.cni_ipv6_policy",
            "module.eks_cluster.module.eks.data.aws_iam_session_context.current",
            "module.eks_cluster.module.eks.data.aws_partition.current",
            "module.eks_cluster.module.eks.data.tls_certificate.this",
            "module.eks_cluster.module.eks.module.kms.aws_kms_external_key.this",
            "module.eks_cluster.module.eks.module.kms.aws_kms_key.this",
            "module.eks_cluster.module.eks.module.kms.data.aws_caller_identity.current",
            "module.eks_cluster.module.eks.module.kms.data.aws_iam_policy_document.this",
            "module.eks_cluster.module.eks.module.kms.data.aws_partition.current",
            "module.eks_cluster.module.kubeflow_components.kubernetes_namespace.kubeflow",
            "module.eks_cluster.module.kubeflow_components.module.kubeflow_cluster_local_gateway.module.helm_addon.helm_release.addon",
            "module.eks_cluster.module.kubeflow_components.module.kubeflow_cluster_local_gateway.module.helm_addon.module.irsa.aws_iam_role.irsa",
            "module.eks_cluster.module.kubeflow_components.module.kubeflow_cluster_local_gateway.module.helm_addon.module.irsa.aws_iam_role_policy_attachment.irsa",
            "module.eks_cluster.module.kubeflow_components.module.kubeflow_cluster_local_gateway.module.helm_addon.module.irsa.kubernetes_namespace_v1.irsa",
            "module.eks_cluster.module.kubeflow_components.module.kubeflow_cluster_local_gateway.module.helm_addon.module.irsa.kubernetes_secret_v1.irsa",
            "module.eks_cluster.module.kubeflow_components.module.kubeflow_cluster_local_gateway.module.helm_addon.module.irsa.kubernetes_service_account_v1.irsa",
            "module.eks_cluster.module.kubeflow_components.module.kubeflow_dex.module.helm_addon.helm_release.addon",
            "module.eks_cluster.module.kubeflow_components.module.kubeflow_dex.module.helm_addon.module.irsa.aws_iam_role.irsa",
            "module.eks_cluster.module.kubeflow_components.module.kubeflow_dex.module.helm_addon.module.irsa.aws_iam_role_policy_attachment.irsa",
            "module.eks_cluster.module.kubeflow_components.module.kubeflow_dex.module.helm_addon.module.irsa.kubernetes_namespace_v1.irsa",
            "module.eks_cluster.module.kubeflow_components.module.kubeflow_dex.module.helm_addon.module.irsa.kubernetes_secret_v1.irsa",
            "module.eks_cluster.module.kubeflow_components.module.kubeflow_dex.module.helm_addon.module.irsa.kubernetes_service_account_v1.irsa",
            "module.eks_cluster.module.kubeflow_components.module.kubeflow_issuer.module.helm_addon.helm_release.addon",
            "module.eks_cluster.module.kubeflow_components.module.kubeflow_issuer.module.helm_addon.module.irsa.aws_iam_role.irsa",
            "module.eks_cluster.module.kubeflow_components.module.kubeflow_issuer.module.helm_addon.module.irsa.aws_iam_role_policy_attachment.irsa",
            "module.eks_cluster.module.kubeflow_components.module.kubeflow_issuer.module.helm_addon.module.irsa.kubernetes_namespace_v1.irsa",
            "module.eks_cluster.module.kubeflow_components.module.kubeflow_issuer.module.helm_addon.module.irsa.kubernetes_secret_v1.irsa",
            "module.eks_cluster.module.kubeflow_components.module.kubeflow_issuer.module.helm_addon.module.irsa.kubernetes_service_account_v1.irsa",
            "module.eks_cluster.module.kubeflow_components.module.kubeflow_istio.module.helm_addon.helm_release.addon",
            "module.eks_cluster.module.kubeflow_components.module.kubeflow_istio.module.helm_addon.module.irsa.aws_iam_role.irsa",
            "module.eks_cluster.module.kubeflow_components.module.kubeflow_istio.module.helm_addon.module.irsa.aws_iam_role_policy_attachment.irsa",
            "module.eks_cluster.module.kubeflow_components.module.kubeflow_istio.module.helm_addon.module.irsa.kubernetes_namespace_v1.irsa",
            "module.eks_cluster.module.kubeflow_components.module.kubeflow_istio.module.helm_addon.module.irsa.kubernetes_secret_v1.irsa",
            "module.eks_cluster.module.kubeflow_components.module.kubeflow_istio.module.helm_addon.module.irsa.kubernetes_service_account_v1.irsa",
            "module.eks_cluster.module.kubeflow_components.module.kubeflow_istio_resources.module.helm_addon.module.irsa.aws_iam_role.irsa",
            "module.eks_cluster.module.kubeflow_components.module.kubeflow_istio_resources.module.helm_addon.module.irsa.aws_iam_role_policy_attachment.irsa",
            "module.eks_cluster.module.kubeflow_components.module.kubeflow_istio_resources.module.helm_addon.module.irsa.kubernetes_namespace_v1.irsa",
            "module.eks_cluster.module.kubeflow_components.module.kubeflow_istio_resources.module.helm_addon.module.irsa.kubernetes_secret_v1.irsa",
            "module.eks_cluster.module.kubeflow_components.module.kubeflow_istio_resources.module.helm_addon.module.irsa.kubernetes_service_account_v1.irsa",
            "module.eks_cluster.module.kubeflow_components.module.kubeflow_knative_eventing.module.helm_addon.helm_release.addon",
            "module.eks_cluster.module.kubeflow_components.module.kubeflow_knative_eventing.module.helm_addon.module.irsa.aws_iam_role.irsa",
            "module.eks_cluster.module.kubeflow_components.module.kubeflow_knative_eventing.module.helm_addon.module.irsa.aws_iam_role_policy_attachment.irsa",
            "module.eks_cluster.module.kubeflow_components.module.kubeflow_knative_eventing.module.helm_addon.module.irsa.kubernetes_namespace_v1.irsa",
            "module.eks_cluster.module.kubeflow_components.module.kubeflow_knative_eventing.module.helm_addon.module.irsa.kubernetes_secret_v1.irsa",
            "module.eks_cluster.module.kubeflow_components.module.kubeflow_knative_eventing.module.helm_addon.module.irsa.kubernetes_service_account_v1.irsa",
            "module.eks_cluster.module.kubeflow_components.module.kubeflow_knative_serving.module.helm_addon.helm_release.addon",
            "module.eks_cluster.module.kubeflow_components.module.kubeflow_knative_serving.module.helm_addon.module.irsa.aws_iam_role.irsa",
            "module.eks_cluster.module.kubeflow_components.module.kubeflow_knative_serving.module.helm_addon.module.irsa.aws_iam_role_policy_attachment.irsa",
            "module.eks_cluster.module.kubeflow_components.module.kubeflow_knative_serving.module.helm_addon.module.irsa.kubernetes_namespace_v1.irsa",
            "module.eks_cluster.module.kubeflow_components.module.kubeflow_knative_serving.module.helm_addon.module.irsa.kubernetes_secret_v1.irsa",
            "module.eks_cluster.module.kubeflow_components.module.kubeflow_knative_serving.module.helm_addon.module.irsa.kubernetes_service_account_v1.irsa",
            "module.eks_cluster.module.kubeflow_components.module.kubeflow_oidc_authservice.module.helm_addon.helm_release.addon",
            "module.eks_cluster.module.kubeflow_components.module.kubeflow_oidc_authservice.module.helm_addon.module.irsa.aws_iam_role.irsa",
            "module.eks_cluster.module.kubeflow_components.module.kubeflow_oidc_authservice.module.helm_addon.module.irsa.aws_iam_role_policy_attachment.irsa",
            "module.eks_cluster.module.kubeflow_components.module.kubeflow_oidc_authservice.module.helm_addon.module.irsa.kubernetes_namespace_v1.irsa",
            "module.eks_cluster.module.kubeflow_components.module.kubeflow_oidc_authservice.module.helm_addon.module.irsa.kubernetes_secret_v1.irsa",
            "module.eks_cluster.module.kubeflow_components.module.kubeflow_oidc_authservice.module.helm_addon.module.irsa.kubernetes_service_account_v1.irsa",
            "module.eks_cluster.module.kubeflow_components.module.kubeflow_roles.module.helm_addon.helm_release.addon",
            "module.eks_cluster.module.kubeflow_components.module.kubeflow_roles.module.helm_addon.module.irsa.aws_iam_role.irsa",
            "module.eks_cluster.module.kubeflow_components.module.kubeflow_roles.module.helm_addon.module.irsa.aws_iam_role_policy_attachment.irsa",
            "module.eks_cluster.module.kubeflow_components.module.kubeflow_roles.module.helm_addon.module.irsa.kubernetes_namespace_v1.irsa",
            "module.eks_cluster.module.kubeflow_components.module.kubeflow_roles.module.helm_addon.module.irsa.kubernetes_secret_v1.irsa",
            "module.eks_cluster.module.kubeflow_components.module.kubeflow_roles.module.helm_addon.module.irsa.kubernetes_service_account_v1.irsa"
          ]
        }
      ]
    },
    {
      "module": "module.eks_cluster.module.kubeflow_components.module.kubeflow_jupyter_web_app.module.helm_addon",
      "mode": "managed",
      "type": "helm_release",
      "name": "addon",
      "provider": "provider[\"registry.terraform.io/hashicorp/helm\"]",
      "instances": [
        {
          "index_key": 0,
          "schema_version": 1,
          "attributes": {
            "atomic": false,
            "chart": "../eks_cluster/KubeflowComponents/charts/jupyter-web-app",
            "cleanup_on_fail": false,
            "create_namespace": false,
            "dependency_update": false,
            "description": "",
            "devel": null,
            "disable_crd_hooks": false,
            "disable_openapi_validation": false,
            "disable_webhooks": false,
            "force_update": false,
            "id": "jupyter-web-app",
            "keyring": "",
            "lint": false,
            "manifest": null,
            "max_history": 0,
            "metadata": [
              {
                "app_version": "v1.7.0",
                "chart": "jupyter-web-app",
                "name": "jupyter-web-app",
                "namespace": "default",
                "revision": 1,
                "values": "{}",
                "version": "0.2.0"
              }
            ],
            "name": "jupyter-web-app",
            "namespace": "default",
            "pass_credentials": false,
            "postrender": [
              {
                "args": [],
                "binary_path": ""
              }
            ],
            "recreate_pods": false,
            "render_subchart_notes": true,
            "replace": false,
            "repository": null,
            "repository_ca_file": null,
            "repository_cert_file": "",
            "repository_key_file": "",
            "repository_password": "",
            "repository_username": "",
            "reset_values": false,
            "reuse_values": false,
            "set": [],
            "set_list": [],
            "set_sensitive": [],
            "skip_crds": false,
            "status": "deployed",
            "timeout": 600,
            "values": [],
            "verify": false,
            "version": "0.2.0",
            "wait": true,
            "wait_for_jobs": false
          },
          "sensitive_attributes": [],
          "private": "eyJzY2hlbWFfdmVyc2lvbiI6IjEifQ==",
          "dependencies": [
            "module.eks_cluster.data.aws_caller_identity.current",
            "module.eks_cluster.data.aws_partition.current",
            "module.eks_cluster.data.aws_region.current",
            "module.eks_cluster.data.aws_subnets.private",
            "module.eks_cluster.data.aws_vpc.vpc",
            "module.eks_cluster.module.eks.aws_cloudwatch_log_group.this",
            "module.eks_cluster.module.eks.aws_eks_cluster.this",
            "module.eks_cluster.module.eks.aws_iam_openid_connect_provider.oidc_provider",
            "module.eks_cluster.module.eks.aws_iam_policy.cni_ipv6_policy",
            "module.eks_cluster.module.eks.aws_iam_role.this",
            "module.eks_cluster.module.eks.aws_iam_role_policy_attachment.this",
            "module.eks_cluster.module.eks.aws_security_group.cluster",
            "module.eks_cluster.module.eks.aws_security_group.node",
            "module.eks_cluster.module.eks.aws_security_group_rule.cluster",
            "module.eks_cluster.module.eks.aws_security_group_rule.node",
            "module.eks_cluster.module.eks.data.aws_caller_identity.current",
            "module.eks_cluster.module.eks.data.aws_iam_policy_document.assume_role_policy",
            "module.eks_cluster.module.eks.data.aws_iam_policy_document.cni_ipv6_policy",
            "module.eks_cluster.module.eks.data.aws_iam_session_context.current",
            "module.eks_cluster.module.eks.data.aws_partition.current",
            "module.eks_cluster.module.eks.data.tls_certificate.this",
            "module.eks_cluster.module.eks.module.kms.aws_kms_external_key.this",
            "module.eks_cluster.module.eks.module.kms.aws_kms_key.this",
            "module.eks_cluster.module.eks.module.kms.data.aws_caller_identity.current",
            "module.eks_cluster.module.eks.module.kms.data.aws_iam_policy_document.this",
            "module.eks_cluster.module.eks.module.kms.data.aws_partition.current",
            "module.eks_cluster.module.kubeflow_components.kubernetes_namespace.kubeflow",
            "module.eks_cluster.module.kubeflow_components.module.kubeflow_admission_webhook.module.helm_addon.helm_release.addon",
            "module.eks_cluster.module.kubeflow_components.module.kubeflow_admission_webhook.module.helm_addon.module.irsa.aws_iam_role.irsa",
            "module.eks_cluster.module.kubeflow_components.module.kubeflow_admission_webhook.module.helm_addon.module.irsa.aws_iam_role_policy_attachment.irsa",
            "module.eks_cluster.module.kubeflow_components.module.kubeflow_admission_webhook.module.helm_addon.module.irsa.kubernetes_namespace_v1.irsa",
            "module.eks_cluster.module.kubeflow_components.module.kubeflow_admission_webhook.module.helm_addon.module.irsa.kubernetes_secret_v1.irsa",
            "module.eks_cluster.module.kubeflow_components.module.kubeflow_admission_webhook.module.helm_addon.module.irsa.kubernetes_service_account_v1.irsa",
            "module.eks_cluster.module.kubeflow_components.module.kubeflow_central_dashboard.module.helm_addon.helm_release.addon",
            "module.eks_cluster.module.kubeflow_components.module.kubeflow_central_dashboard.module.helm_addon.module.irsa.aws_iam_role.irsa",
            "module.eks_cluster.module.kubeflow_components.module.kubeflow_central_dashboard.module.helm_addon.module.irsa.aws_iam_role_policy_attachment.irsa",
            "module.eks_cluster.module.kubeflow_components.module.kubeflow_central_dashboard.module.helm_addon.module.irsa.kubernetes_namespace_v1.irsa",
            "module.eks_cluster.module.kubeflow_components.module.kubeflow_central_dashboard.module.helm_addon.module.irsa.kubernetes_secret_v1.irsa",
            "module.eks_cluster.module.kubeflow_components.module.kubeflow_central_dashboard.module.helm_addon.module.irsa.kubernetes_service_account_v1.irsa",
            "module.eks_cluster.module.kubeflow_components.module.kubeflow_cluster_local_gateway.module.helm_addon.helm_release.addon",
            "module.eks_cluster.module.kubeflow_components.module.kubeflow_cluster_local_gateway.module.helm_addon.module.irsa.aws_iam_role.irsa",
            "module.eks_cluster.module.kubeflow_components.module.kubeflow_cluster_local_gateway.module.helm_addon.module.irsa.aws_iam_role_policy_attachment.irsa",
            "module.eks_cluster.module.kubeflow_components.module.kubeflow_cluster_local_gateway.module.helm_addon.module.irsa.kubernetes_namespace_v1.irsa",
            "module.eks_cluster.module.kubeflow_components.module.kubeflow_cluster_local_gateway.module.helm_addon.module.irsa.kubernetes_secret_v1.irsa",
            "module.eks_cluster.module.kubeflow_components.module.kubeflow_cluster_local_gateway.module.helm_addon.module.irsa.kubernetes_service_account_v1.irsa",
            "module.eks_cluster.module.kubeflow_components.module.kubeflow_dex.module.helm_addon.helm_release.addon",
            "module.eks_cluster.module.kubeflow_components.module.kubeflow_dex.module.helm_addon.module.irsa.aws_iam_role.irsa",
            "module.eks_cluster.module.kubeflow_components.module.kubeflow_dex.module.helm_addon.module.irsa.aws_iam_role_policy_attachment.irsa",
            "module.eks_cluster.module.kubeflow_components.module.kubeflow_dex.module.helm_addon.module.irsa.kubernetes_namespace_v1.irsa",
            "module.eks_cluster.module.kubeflow_components.module.kubeflow_dex.module.helm_addon.module.irsa.kubernetes_secret_v1.irsa",
            "module.eks_cluster.module.kubeflow_components.module.kubeflow_dex.module.helm_addon.module.irsa.kubernetes_service_account_v1.irsa",
            "module.eks_cluster.module.kubeflow_components.module.kubeflow_issuer.module.helm_addon.helm_release.addon",
            "module.eks_cluster.module.kubeflow_components.module.kubeflow_issuer.module.helm_addon.module.irsa.aws_iam_role.irsa",
            "module.eks_cluster.module.kubeflow_components.module.kubeflow_issuer.module.helm_addon.module.irsa.aws_iam_role_policy_attachment.irsa",
            "module.eks_cluster.module.kubeflow_components.module.kubeflow_issuer.module.helm_addon.module.irsa.kubernetes_namespace_v1.irsa",
            "module.eks_cluster.module.kubeflow_components.module.kubeflow_issuer.module.helm_addon.module.irsa.kubernetes_secret_v1.irsa",
            "module.eks_cluster.module.kubeflow_components.module.kubeflow_issuer.module.helm_addon.module.irsa.kubernetes_service_account_v1.irsa",
            "module.eks_cluster.module.kubeflow_components.module.kubeflow_istio.module.helm_addon.helm_release.addon",
            "module.eks_cluster.module.kubeflow_components.module.kubeflow_istio.module.helm_addon.module.irsa.aws_iam_role.irsa",
            "module.eks_cluster.module.kubeflow_components.module.kubeflow_istio.module.helm_addon.module.irsa.aws_iam_role_policy_attachment.irsa",
            "module.eks_cluster.module.kubeflow_components.module.kubeflow_istio.module.helm_addon.module.irsa.kubernetes_namespace_v1.irsa",
            "module.eks_cluster.module.kubeflow_components.module.kubeflow_istio.module.helm_addon.module.irsa.kubernetes_secret_v1.irsa",
            "module.eks_cluster.module.kubeflow_components.module.kubeflow_istio.module.helm_addon.module.irsa.kubernetes_service_account_v1.irsa",
            "module.eks_cluster.module.kubeflow_components.module.kubeflow_istio_resources.module.helm_addon.helm_release.addon",
            "module.eks_cluster.module.kubeflow_components.module.kubeflow_istio_resources.module.helm_addon.module.irsa.aws_iam_role.irsa",
            "module.eks_cluster.module.kubeflow_components.module.kubeflow_istio_resources.module.helm_addon.module.irsa.aws_iam_role_policy_attachment.irsa",
            "module.eks_cluster.module.kubeflow_components.module.kubeflow_istio_resources.module.helm_addon.module.irsa.kubernetes_namespace_v1.irsa",
            "module.eks_cluster.module.kubeflow_components.module.kubeflow_istio_resources.module.helm_addon.module.irsa.kubernetes_secret_v1.irsa",
            "module.eks_cluster.module.kubeflow_components.module.kubeflow_istio_resources.module.helm_addon.module.irsa.kubernetes_service_account_v1.irsa",
            "module.eks_cluster.module.kubeflow_components.module.kubeflow_jupyter_web_app.module.helm_addon.module.irsa.aws_iam_role.irsa",
            "module.eks_cluster.module.kubeflow_components.module.kubeflow_jupyter_web_app.module.helm_addon.module.irsa.aws_iam_role_policy_attachment.irsa",
            "module.eks_cluster.module.kubeflow_components.module.kubeflow_jupyter_web_app.module.helm_addon.module.irsa.kubernetes_namespace_v1.irsa",
            "module.eks_cluster.module.kubeflow_components.module.kubeflow_jupyter_web_app.module.helm_addon.module.irsa.kubernetes_secret_v1.irsa",
            "module.eks_cluster.module.kubeflow_components.module.kubeflow_jupyter_web_app.module.helm_addon.module.irsa.kubernetes_service_account_v1.irsa",
            "module.eks_cluster.module.kubeflow_components.module.kubeflow_katib.module.helm_addon.helm_release.addon",
            "module.eks_cluster.module.kubeflow_components.module.kubeflow_katib.module.helm_addon.module.irsa.aws_iam_role.irsa",
            "module.eks_cluster.module.kubeflow_components.module.kubeflow_katib.module.helm_addon.module.irsa.aws_iam_role_policy_attachment.irsa",
            "module.eks_cluster.module.kubeflow_components.module.kubeflow_katib.module.helm_addon.module.irsa.kubernetes_namespace_v1.irsa",
            "module.eks_cluster.module.kubeflow_components.module.kubeflow_katib.module.helm_addon.module.irsa.kubernetes_secret_v1.irsa",
            "module.eks_cluster.module.kubeflow_components.module.kubeflow_katib.module.helm_addon.module.irsa.kubernetes_service_account_v1.irsa",
            "module.eks_cluster.module.kubeflow_components.module.kubeflow_knative_eventing.module.helm_addon.helm_release.addon",
            "module.eks_cluster.module.kubeflow_components.module.kubeflow_knative_eventing.module.helm_addon.module.irsa.aws_iam_role.irsa",
            "module.eks_cluster.module.kubeflow_components.module.kubeflow_knative_eventing.module.helm_addon.module.irsa.aws_iam_role_policy_attachment.irsa",
            "module.eks_cluster.module.kubeflow_components.module.kubeflow_knative_eventing.module.helm_addon.module.irsa.kubernetes_namespace_v1.irsa",
            "module.eks_cluster.module.kubeflow_components.module.kubeflow_knative_eventing.module.helm_addon.module.irsa.kubernetes_secret_v1.irsa",
            "module.eks_cluster.module.kubeflow_components.module.kubeflow_knative_eventing.module.helm_addon.module.irsa.kubernetes_service_account_v1.irsa",
            "module.eks_cluster.module.kubeflow_components.module.kubeflow_knative_serving.module.helm_addon.helm_release.addon",
            "module.eks_cluster.module.kubeflow_components.module.kubeflow_knative_serving.module.helm_addon.module.irsa.aws_iam_role.irsa",
            "module.eks_cluster.module.kubeflow_components.module.kubeflow_knative_serving.module.helm_addon.module.irsa.aws_iam_role_policy_attachment.irsa",
            "module.eks_cluster.module.kubeflow_components.module.kubeflow_knative_serving.module.helm_addon.module.irsa.kubernetes_namespace_v1.irsa",
            "module.eks_cluster.module.kubeflow_components.module.kubeflow_knative_serving.module.helm_addon.module.irsa.kubernetes_secret_v1.irsa",
            "module.eks_cluster.module.kubeflow_components.module.kubeflow_knative_serving.module.helm_addon.module.irsa.kubernetes_service_account_v1.irsa",
            "module.eks_cluster.module.kubeflow_components.module.kubeflow_kserve.module.helm_addon.helm_release.addon",
            "module.eks_cluster.module.kubeflow_components.module.kubeflow_kserve.module.helm_addon.module.irsa.aws_iam_role.irsa",
            "module.eks_cluster.module.kubeflow_components.module.kubeflow_kserve.module.helm_addon.module.irsa.aws_iam_role_policy_attachment.irsa",
            "module.eks_cluster.module.kubeflow_components.module.kubeflow_kserve.module.helm_addon.module.irsa.kubernetes_namespace_v1.irsa",
            "module.eks_cluster.module.kubeflow_components.module.kubeflow_kserve.module.helm_addon.module.irsa.kubernetes_secret_v1.irsa",
            "module.eks_cluster.module.kubeflow_components.module.kubeflow_kserve.module.helm_addon.module.irsa.kubernetes_service_account_v1.irsa",
            "module.eks_cluster.module.kubeflow_components.module.kubeflow_models_web_app.module.helm_addon.helm_release.addon",
            "module.eks_cluster.module.kubeflow_components.module.kubeflow_models_web_app.module.helm_addon.module.irsa.aws_iam_role.irsa",
            "module.eks_cluster.module.kubeflow_components.module.kubeflow_models_web_app.module.helm_addon.module.irsa.aws_iam_role_policy_attachment.irsa",
            "module.eks_cluster.module.kubeflow_components.module.kubeflow_models_web_app.module.helm_addon.module.irsa.kubernetes_namespace_v1.irsa",
            "module.eks_cluster.module.kubeflow_components.module.kubeflow_models_web_app.module.helm_addon.module.irsa.kubernetes_secret_v1.irsa",
            "module.eks_cluster.module.kubeflow_components.module.kubeflow_models_web_app.module.helm_addon.module.irsa.kubernetes_service_account_v1.irsa",
            "module.eks_cluster.module.kubeflow_components.module.kubeflow_notebook_controller.module.helm_addon.helm_release.addon",
            "module.eks_cluster.module.kubeflow_components.module.kubeflow_notebook_controller.module.helm_addon.module.irsa.aws_iam_role.irsa",
            "module.eks_cluster.module.kubeflow_components.module.kubeflow_notebook_controller.module.helm_addon.module.irsa.aws_iam_role_policy_attachment.irsa",
            "module.eks_cluster.module.kubeflow_components.module.kubeflow_notebook_controller.module.helm_addon.module.irsa.kubernetes_namespace_v1.irsa",
            "module.eks_cluster.module.kubeflow_components.module.kubeflow_notebook_controller.module.helm_addon.module.irsa.kubernetes_secret_v1.irsa",
            "module.eks_cluster.module.kubeflow_components.module.kubeflow_notebook_controller.module.helm_addon.module.irsa.kubernetes_service_account_v1.irsa",
            "module.eks_cluster.module.kubeflow_components.module.kubeflow_oidc_authservice.module.helm_addon.helm_release.addon",
            "module.eks_cluster.module.kubeflow_components.module.kubeflow_oidc_authservice.module.helm_addon.module.irsa.aws_iam_role.irsa",
            "module.eks_cluster.module.kubeflow_components.module.kubeflow_oidc_authservice.module.helm_addon.module.irsa.aws_iam_role_policy_attachment.irsa",
            "module.eks_cluster.module.kubeflow_components.module.kubeflow_oidc_authservice.module.helm_addon.module.irsa.kubernetes_namespace_v1.irsa",
            "module.eks_cluster.module.kubeflow_components.module.kubeflow_oidc_authservice.module.helm_addon.module.irsa.kubernetes_secret_v1.irsa",
            "module.eks_cluster.module.kubeflow_components.module.kubeflow_oidc_authservice.module.helm_addon.module.irsa.kubernetes_service_account_v1.irsa",
            "module.eks_cluster.module.kubeflow_components.module.kubeflow_pipelines.module.helm_addon.helm_release.addon",
            "module.eks_cluster.module.kubeflow_components.module.kubeflow_pipelines.module.helm_addon.module.irsa.aws_iam_role.irsa",
            "module.eks_cluster.module.kubeflow_components.module.kubeflow_pipelines.module.helm_addon.module.irsa.aws_iam_role_policy_attachment.irsa",
            "module.eks_cluster.module.kubeflow_components.module.kubeflow_pipelines.module.helm_addon.module.irsa.kubernetes_namespace_v1.irsa",
            "module.eks_cluster.module.kubeflow_components.module.kubeflow_pipelines.module.helm_addon.module.irsa.kubernetes_secret_v1.irsa",
            "module.eks_cluster.module.kubeflow_components.module.kubeflow_pipelines.module.helm_addon.module.irsa.kubernetes_service_account_v1.irsa",
            "module.eks_cluster.module.kubeflow_components.module.kubeflow_roles.module.helm_addon.helm_release.addon",
            "module.eks_cluster.module.kubeflow_components.module.kubeflow_roles.module.helm_addon.module.irsa.aws_iam_role.irsa",
            "module.eks_cluster.module.kubeflow_components.module.kubeflow_roles.module.helm_addon.module.irsa.aws_iam_role_policy_attachment.irsa",
            "module.eks_cluster.module.kubeflow_components.module.kubeflow_roles.module.helm_addon.module.irsa.kubernetes_namespace_v1.irsa",
            "module.eks_cluster.module.kubeflow_components.module.kubeflow_roles.module.helm_addon.module.irsa.kubernetes_secret_v1.irsa",
            "module.eks_cluster.module.kubeflow_components.module.kubeflow_roles.module.helm_addon.module.irsa.kubernetes_service_account_v1.irsa"
          ]
        }
      ]
    },
    {
      "module": "module.eks_cluster.module.kubeflow_components.module.kubeflow_katib.module.helm_addon",
      "mode": "managed",
      "type": "helm_release",
      "name": "addon",
      "provider": "provider[\"registry.terraform.io/hashicorp/helm\"]",
      "instances": [
        {
          "index_key": 0,
          "schema_version": 1,
          "attributes": {
            "atomic": false,
            "chart": "../eks_cluster/KubeflowComponents/charts/katib",
            "cleanup_on_fail": false,
            "create_namespace": false,
            "dependency_update": false,
            "description": "",
            "devel": null,
            "disable_crd_hooks": false,
            "disable_openapi_validation": false,
            "disable_webhooks": false,
            "force_update": false,
            "id": "katib",
            "keyring": "",
            "lint": false,
            "manifest": null,
            "max_history": 0,
            "metadata": [
              {
                "app_version": "v0.15.0",
                "chart": "katib",
                "name": "katib",
                "namespace": "default",
                "revision": 1,
                "values": "{}",
                "version": "0.2.0"
              }
            ],
            "name": "katib",
            "namespace": "default",
            "pass_credentials": false,
            "postrender": [
              {
                "args": [],
                "binary_path": ""
              }
            ],
            "recreate_pods": false,
            "render_subchart_notes": true,
            "replace": false,
            "repository": null,
            "repository_ca_file": null,
            "repository_cert_file": "",
            "repository_key_file": "",
            "repository_password": "",
            "repository_username": "",
            "reset_values": false,
            "reuse_values": false,
            "set": [],
            "set_list": [],
            "set_sensitive": [],
            "skip_crds": false,
            "status": "deployed",
            "timeout": 600,
            "values": [],
            "verify": false,
            "version": "0.2.0",
            "wait": true,
            "wait_for_jobs": false
          },
          "sensitive_attributes": [],
          "private": "eyJzY2hlbWFfdmVyc2lvbiI6IjEifQ==",
          "dependencies": [
            "module.eks_cluster.data.aws_caller_identity.current",
            "module.eks_cluster.data.aws_partition.current",
            "module.eks_cluster.data.aws_region.current",
            "module.eks_cluster.data.aws_subnets.private",
            "module.eks_cluster.data.aws_vpc.vpc",
            "module.eks_cluster.module.eks.aws_cloudwatch_log_group.this",
            "module.eks_cluster.module.eks.aws_eks_cluster.this",
            "module.eks_cluster.module.eks.aws_iam_openid_connect_provider.oidc_provider",
            "module.eks_cluster.module.eks.aws_iam_policy.cni_ipv6_policy",
            "module.eks_cluster.module.eks.aws_iam_role.this",
            "module.eks_cluster.module.eks.aws_iam_role_policy_attachment.this",
            "module.eks_cluster.module.eks.aws_security_group.cluster",
            "module.eks_cluster.module.eks.aws_security_group.node",
            "module.eks_cluster.module.eks.aws_security_group_rule.cluster",
            "module.eks_cluster.module.eks.aws_security_group_rule.node",
            "module.eks_cluster.module.eks.data.aws_caller_identity.current",
            "module.eks_cluster.module.eks.data.aws_iam_policy_document.assume_role_policy",
            "module.eks_cluster.module.eks.data.aws_iam_policy_document.cni_ipv6_policy",
            "module.eks_cluster.module.eks.data.aws_iam_session_context.current",
            "module.eks_cluster.module.eks.data.aws_partition.current",
            "module.eks_cluster.module.eks.data.tls_certificate.this",
            "module.eks_cluster.module.eks.module.kms.aws_kms_external_key.this",
            "module.eks_cluster.module.eks.module.kms.aws_kms_key.this",
            "module.eks_cluster.module.eks.module.kms.data.aws_caller_identity.current",
            "module.eks_cluster.module.eks.module.kms.data.aws_iam_policy_document.this",
            "module.eks_cluster.module.eks.module.kms.data.aws_partition.current",
            "module.eks_cluster.module.kubeflow_components.kubernetes_namespace.kubeflow",
            "module.eks_cluster.module.kubeflow_components.module.kubeflow_cluster_local_gateway.module.helm_addon.helm_release.addon",
            "module.eks_cluster.module.kubeflow_components.module.kubeflow_cluster_local_gateway.module.helm_addon.module.irsa.aws_iam_role.irsa",
            "module.eks_cluster.module.kubeflow_components.module.kubeflow_cluster_local_gateway.module.helm_addon.module.irsa.aws_iam_role_policy_attachment.irsa",
            "module.eks_cluster.module.kubeflow_components.module.kubeflow_cluster_local_gateway.module.helm_addon.module.irsa.kubernetes_namespace_v1.irsa",
            "module.eks_cluster.module.kubeflow_components.module.kubeflow_cluster_local_gateway.module.helm_addon.module.irsa.kubernetes_secret_v1.irsa",
            "module.eks_cluster.module.kubeflow_components.module.kubeflow_cluster_local_gateway.module.helm_addon.module.irsa.kubernetes_service_account_v1.irsa",
            "module.eks_cluster.module.kubeflow_components.module.kubeflow_dex.module.helm_addon.helm_release.addon",
            "module.eks_cluster.module.kubeflow_components.module.kubeflow_dex.module.helm_addon.module.irsa.aws_iam_role.irsa",
            "module.eks_cluster.module.kubeflow_components.module.kubeflow_dex.module.helm_addon.module.irsa.aws_iam_role_policy_attachment.irsa",
            "module.eks_cluster.module.kubeflow_components.module.kubeflow_dex.module.helm_addon.module.irsa.kubernetes_namespace_v1.irsa",
            "module.eks_cluster.module.kubeflow_components.module.kubeflow_dex.module.helm_addon.module.irsa.kubernetes_secret_v1.irsa",
            "module.eks_cluster.module.kubeflow_components.module.kubeflow_dex.module.helm_addon.module.irsa.kubernetes_service_account_v1.irsa",
            "module.eks_cluster.module.kubeflow_components.module.kubeflow_issuer.module.helm_addon.helm_release.addon",
            "module.eks_cluster.module.kubeflow_components.module.kubeflow_issuer.module.helm_addon.module.irsa.aws_iam_role.irsa",
            "module.eks_cluster.module.kubeflow_components.module.kubeflow_issuer.module.helm_addon.module.irsa.aws_iam_role_policy_attachment.irsa",
            "module.eks_cluster.module.kubeflow_components.module.kubeflow_issuer.module.helm_addon.module.irsa.kubernetes_namespace_v1.irsa",
            "module.eks_cluster.module.kubeflow_components.module.kubeflow_issuer.module.helm_addon.module.irsa.kubernetes_secret_v1.irsa",
            "module.eks_cluster.module.kubeflow_components.module.kubeflow_issuer.module.helm_addon.module.irsa.kubernetes_service_account_v1.irsa",
            "module.eks_cluster.module.kubeflow_components.module.kubeflow_istio.module.helm_addon.helm_release.addon",
            "module.eks_cluster.module.kubeflow_components.module.kubeflow_istio.module.helm_addon.module.irsa.aws_iam_role.irsa",
            "module.eks_cluster.module.kubeflow_components.module.kubeflow_istio.module.helm_addon.module.irsa.aws_iam_role_policy_attachment.irsa",
            "module.eks_cluster.module.kubeflow_components.module.kubeflow_istio.module.helm_addon.module.irsa.kubernetes_namespace_v1.irsa",
            "module.eks_cluster.module.kubeflow_components.module.kubeflow_istio.module.helm_addon.module.irsa.kubernetes_secret_v1.irsa",
            "module.eks_cluster.module.kubeflow_components.module.kubeflow_istio.module.helm_addon.module.irsa.kubernetes_service_account_v1.irsa",
            "module.eks_cluster.module.kubeflow_components.module.kubeflow_istio_resources.module.helm_addon.helm_release.addon",
            "module.eks_cluster.module.kubeflow_components.module.kubeflow_istio_resources.module.helm_addon.module.irsa.aws_iam_role.irsa",
            "module.eks_cluster.module.kubeflow_components.module.kubeflow_istio_resources.module.helm_addon.module.irsa.aws_iam_role_policy_attachment.irsa",
            "module.eks_cluster.module.kubeflow_components.module.kubeflow_istio_resources.module.helm_addon.module.irsa.kubernetes_namespace_v1.irsa",
            "module.eks_cluster.module.kubeflow_components.module.kubeflow_istio_resources.module.helm_addon.module.irsa.kubernetes_secret_v1.irsa",
            "module.eks_cluster.module.kubeflow_components.module.kubeflow_istio_resources.module.helm_addon.module.irsa.kubernetes_service_account_v1.irsa",
            "module.eks_cluster.module.kubeflow_components.module.kubeflow_katib.module.helm_addon.module.irsa.aws_iam_role.irsa",
            "module.eks_cluster.module.kubeflow_components.module.kubeflow_katib.module.helm_addon.module.irsa.aws_iam_role_policy_attachment.irsa",
            "module.eks_cluster.module.kubeflow_components.module.kubeflow_katib.module.helm_addon.module.irsa.kubernetes_namespace_v1.irsa",
            "module.eks_cluster.module.kubeflow_components.module.kubeflow_katib.module.helm_addon.module.irsa.kubernetes_secret_v1.irsa",
            "module.eks_cluster.module.kubeflow_components.module.kubeflow_katib.module.helm_addon.module.irsa.kubernetes_service_account_v1.irsa",
            "module.eks_cluster.module.kubeflow_components.module.kubeflow_knative_eventing.module.helm_addon.helm_release.addon",
            "module.eks_cluster.module.kubeflow_components.module.kubeflow_knative_eventing.module.helm_addon.module.irsa.aws_iam_role.irsa",
            "module.eks_cluster.module.kubeflow_components.module.kubeflow_knative_eventing.module.helm_addon.module.irsa.aws_iam_role_policy_attachment.irsa",
            "module.eks_cluster.module.kubeflow_components.module.kubeflow_knative_eventing.module.helm_addon.module.irsa.kubernetes_namespace_v1.irsa",
            "module.eks_cluster.module.kubeflow_components.module.kubeflow_knative_eventing.module.helm_addon.module.irsa.kubernetes_secret_v1.irsa",
            "module.eks_cluster.module.kubeflow_components.module.kubeflow_knative_eventing.module.helm_addon.module.irsa.kubernetes_service_account_v1.irsa",
            "module.eks_cluster.module.kubeflow_components.module.kubeflow_knative_serving.module.helm_addon.helm_release.addon",
            "module.eks_cluster.module.kubeflow_components.module.kubeflow_knative_serving.module.helm_addon.module.irsa.aws_iam_role.irsa",
            "module.eks_cluster.module.kubeflow_components.module.kubeflow_knative_serving.module.helm_addon.module.irsa.aws_iam_role_policy_attachment.irsa",
            "module.eks_cluster.module.kubeflow_components.module.kubeflow_knative_serving.module.helm_addon.module.irsa.kubernetes_namespace_v1.irsa",
            "module.eks_cluster.module.kubeflow_components.module.kubeflow_knative_serving.module.helm_addon.module.irsa.kubernetes_secret_v1.irsa",
            "module.eks_cluster.module.kubeflow_components.module.kubeflow_knative_serving.module.helm_addon.module.irsa.kubernetes_service_account_v1.irsa",
            "module.eks_cluster.module.kubeflow_components.module.kubeflow_kserve.module.helm_addon.helm_release.addon",
            "module.eks_cluster.module.kubeflow_components.module.kubeflow_kserve.module.helm_addon.module.irsa.aws_iam_role.irsa",
            "module.eks_cluster.module.kubeflow_components.module.kubeflow_kserve.module.helm_addon.module.irsa.aws_iam_role_policy_attachment.irsa",
            "module.eks_cluster.module.kubeflow_components.module.kubeflow_kserve.module.helm_addon.module.irsa.kubernetes_namespace_v1.irsa",
            "module.eks_cluster.module.kubeflow_components.module.kubeflow_kserve.module.helm_addon.module.irsa.kubernetes_secret_v1.irsa",
            "module.eks_cluster.module.kubeflow_components.module.kubeflow_kserve.module.helm_addon.module.irsa.kubernetes_service_account_v1.irsa",
            "module.eks_cluster.module.kubeflow_components.module.kubeflow_models_web_app.module.helm_addon.helm_release.addon",
            "module.eks_cluster.module.kubeflow_components.module.kubeflow_models_web_app.module.helm_addon.module.irsa.aws_iam_role.irsa",
            "module.eks_cluster.module.kubeflow_components.module.kubeflow_models_web_app.module.helm_addon.module.irsa.aws_iam_role_policy_attachment.irsa",
            "module.eks_cluster.module.kubeflow_components.module.kubeflow_models_web_app.module.helm_addon.module.irsa.kubernetes_namespace_v1.irsa",
            "module.eks_cluster.module.kubeflow_components.module.kubeflow_models_web_app.module.helm_addon.module.irsa.kubernetes_secret_v1.irsa",
            "module.eks_cluster.module.kubeflow_components.module.kubeflow_models_web_app.module.helm_addon.module.irsa.kubernetes_service_account_v1.irsa",
            "module.eks_cluster.module.kubeflow_components.module.kubeflow_oidc_authservice.module.helm_addon.helm_release.addon",
            "module.eks_cluster.module.kubeflow_components.module.kubeflow_oidc_authservice.module.helm_addon.module.irsa.aws_iam_role.irsa",
            "module.eks_cluster.module.kubeflow_components.module.kubeflow_oidc_authservice.module.helm_addon.module.irsa.aws_iam_role_policy_attachment.irsa",
            "module.eks_cluster.module.kubeflow_components.module.kubeflow_oidc_authservice.module.helm_addon.module.irsa.kubernetes_namespace_v1.irsa",
            "module.eks_cluster.module.kubeflow_components.module.kubeflow_oidc_authservice.module.helm_addon.module.irsa.kubernetes_secret_v1.irsa",
            "module.eks_cluster.module.kubeflow_components.module.kubeflow_oidc_authservice.module.helm_addon.module.irsa.kubernetes_service_account_v1.irsa",
            "module.eks_cluster.module.kubeflow_components.module.kubeflow_pipelines.module.helm_addon.helm_release.addon",
            "module.eks_cluster.module.kubeflow_components.module.kubeflow_pipelines.module.helm_addon.module.irsa.aws_iam_role.irsa",
            "module.eks_cluster.module.kubeflow_components.module.kubeflow_pipelines.module.helm_addon.module.irsa.aws_iam_role_policy_attachment.irsa",
            "module.eks_cluster.module.kubeflow_components.module.kubeflow_pipelines.module.helm_addon.module.irsa.kubernetes_namespace_v1.irsa",
            "module.eks_cluster.module.kubeflow_components.module.kubeflow_pipelines.module.helm_addon.module.irsa.kubernetes_secret_v1.irsa",
            "module.eks_cluster.module.kubeflow_components.module.kubeflow_pipelines.module.helm_addon.module.irsa.kubernetes_service_account_v1.irsa",
            "module.eks_cluster.module.kubeflow_components.module.kubeflow_roles.module.helm_addon.helm_release.addon",
            "module.eks_cluster.module.kubeflow_components.module.kubeflow_roles.module.helm_addon.module.irsa.aws_iam_role.irsa",
            "module.eks_cluster.module.kubeflow_components.module.kubeflow_roles.module.helm_addon.module.irsa.aws_iam_role_policy_attachment.irsa",
            "module.eks_cluster.module.kubeflow_components.module.kubeflow_roles.module.helm_addon.module.irsa.kubernetes_namespace_v1.irsa",
            "module.eks_cluster.module.kubeflow_components.module.kubeflow_roles.module.helm_addon.module.irsa.kubernetes_secret_v1.irsa",
            "module.eks_cluster.module.kubeflow_components.module.kubeflow_roles.module.helm_addon.module.irsa.kubernetes_service_account_v1.irsa"
          ]
        }
      ]
    },
    {
      "module": "module.eks_cluster.module.kubeflow_components.module.kubeflow_knative_eventing.module.helm_addon",
      "mode": "managed",
      "type": "helm_release",
      "name": "addon",
      "provider": "provider[\"registry.terraform.io/hashicorp/helm\"]",
      "instances": [
        {
          "index_key": 0,
          "schema_version": 1,
          "attributes": {
            "atomic": false,
            "chart": "../eks_cluster/KubeflowComponents/charts/knative-eventing",
            "cleanup_on_fail": false,
            "create_namespace": false,
            "dependency_update": false,
            "description": "",
            "devel": null,
            "disable_crd_hooks": false,
            "disable_openapi_validation": false,
            "disable_webhooks": false,
            "force_update": false,
            "id": "knative-eventing",
            "keyring": "",
            "lint": false,
            "manifest": null,
            "max_history": 0,
            "metadata": [
              {
                "app_version": "1.8.1",
                "chart": "knative-eventing",
                "name": "knative-eventing",
                "namespace": "default",
                "revision": 1,
                "values": "{}",
                "version": "0.2.0"
              }
            ],
            "name": "knative-eventing",
            "namespace": "default",
            "pass_credentials": false,
            "postrender": [
              {
                "args": [],
                "binary_path": ""
              }
            ],
            "recreate_pods": false,
            "render_subchart_notes": true,
            "replace": false,
            "repository": null,
            "repository_ca_file": null,
            "repository_cert_file": "",
            "repository_key_file": "",
            "repository_password": "",
            "repository_username": "",
            "reset_values": false,
            "reuse_values": false,
            "set": [],
            "set_list": [],
            "set_sensitive": [],
            "skip_crds": false,
            "status": "deployed",
            "timeout": 600,
            "values": [],
            "verify": false,
            "version": "0.2.0",
            "wait": true,
            "wait_for_jobs": false
          },
          "sensitive_attributes": [],
          "private": "eyJzY2hlbWFfdmVyc2lvbiI6IjEifQ==",
          "dependencies": [
            "module.eks_cluster.data.aws_caller_identity.current",
            "module.eks_cluster.data.aws_partition.current",
            "module.eks_cluster.data.aws_region.current",
            "module.eks_cluster.data.aws_subnets.private",
            "module.eks_cluster.data.aws_vpc.vpc",
            "module.eks_cluster.module.eks.aws_cloudwatch_log_group.this",
            "module.eks_cluster.module.eks.aws_eks_cluster.this",
            "module.eks_cluster.module.eks.aws_iam_openid_connect_provider.oidc_provider",
            "module.eks_cluster.module.eks.aws_iam_policy.cni_ipv6_policy",
            "module.eks_cluster.module.eks.aws_iam_role.this",
            "module.eks_cluster.module.eks.aws_iam_role_policy_attachment.this",
            "module.eks_cluster.module.eks.aws_security_group.cluster",
            "module.eks_cluster.module.eks.aws_security_group.node",
            "module.eks_cluster.module.eks.aws_security_group_rule.cluster",
            "module.eks_cluster.module.eks.aws_security_group_rule.node",
            "module.eks_cluster.module.eks.data.aws_caller_identity.current",
            "module.eks_cluster.module.eks.data.aws_iam_policy_document.assume_role_policy",
            "module.eks_cluster.module.eks.data.aws_iam_policy_document.cni_ipv6_policy",
            "module.eks_cluster.module.eks.data.aws_iam_session_context.current",
            "module.eks_cluster.module.eks.data.aws_partition.current",
            "module.eks_cluster.module.eks.data.tls_certificate.this",
            "module.eks_cluster.module.eks.module.kms.aws_kms_external_key.this",
            "module.eks_cluster.module.eks.module.kms.aws_kms_key.this",
            "module.eks_cluster.module.eks.module.kms.data.aws_caller_identity.current",
            "module.eks_cluster.module.eks.module.kms.data.aws_iam_policy_document.this",
            "module.eks_cluster.module.eks.module.kms.data.aws_partition.current",
            "module.eks_cluster.module.kubeflow_components.kubernetes_namespace.kubeflow",
            "module.eks_cluster.module.kubeflow_components.module.kubeflow_cluster_local_gateway.module.helm_addon.helm_release.addon",
            "module.eks_cluster.module.kubeflow_components.module.kubeflow_cluster_local_gateway.module.helm_addon.module.irsa.aws_iam_role.irsa",
            "module.eks_cluster.module.kubeflow_components.module.kubeflow_cluster_local_gateway.module.helm_addon.module.irsa.aws_iam_role_policy_attachment.irsa",
            "module.eks_cluster.module.kubeflow_components.module.kubeflow_cluster_local_gateway.module.helm_addon.module.irsa.kubernetes_namespace_v1.irsa",
            "module.eks_cluster.module.kubeflow_components.module.kubeflow_cluster_local_gateway.module.helm_addon.module.irsa.kubernetes_secret_v1.irsa",
            "module.eks_cluster.module.kubeflow_components.module.kubeflow_cluster_local_gateway.module.helm_addon.module.irsa.kubernetes_service_account_v1.irsa",
            "module.eks_cluster.module.kubeflow_components.module.kubeflow_dex.module.helm_addon.helm_release.addon",
            "module.eks_cluster.module.kubeflow_components.module.kubeflow_dex.module.helm_addon.module.irsa.aws_iam_role.irsa",
            "module.eks_cluster.module.kubeflow_components.module.kubeflow_dex.module.helm_addon.module.irsa.aws_iam_role_policy_attachment.irsa",
            "module.eks_cluster.module.kubeflow_components.module.kubeflow_dex.module.helm_addon.module.irsa.kubernetes_namespace_v1.irsa",
            "module.eks_cluster.module.kubeflow_components.module.kubeflow_dex.module.helm_addon.module.irsa.kubernetes_secret_v1.irsa",
            "module.eks_cluster.module.kubeflow_components.module.kubeflow_dex.module.helm_addon.module.irsa.kubernetes_service_account_v1.irsa",
            "module.eks_cluster.module.kubeflow_components.module.kubeflow_issuer.module.helm_addon.helm_release.addon",
            "module.eks_cluster.module.kubeflow_components.module.kubeflow_issuer.module.helm_addon.module.irsa.aws_iam_role.irsa",
            "module.eks_cluster.module.kubeflow_components.module.kubeflow_issuer.module.helm_addon.module.irsa.aws_iam_role_policy_attachment.irsa",
            "module.eks_cluster.module.kubeflow_components.module.kubeflow_issuer.module.helm_addon.module.irsa.kubernetes_namespace_v1.irsa",
            "module.eks_cluster.module.kubeflow_components.module.kubeflow_issuer.module.helm_addon.module.irsa.kubernetes_secret_v1.irsa",
            "module.eks_cluster.module.kubeflow_components.module.kubeflow_issuer.module.helm_addon.module.irsa.kubernetes_service_account_v1.irsa",
            "module.eks_cluster.module.kubeflow_components.module.kubeflow_istio.module.helm_addon.helm_release.addon",
            "module.eks_cluster.module.kubeflow_components.module.kubeflow_istio.module.helm_addon.module.irsa.aws_iam_role.irsa",
            "module.eks_cluster.module.kubeflow_components.module.kubeflow_istio.module.helm_addon.module.irsa.aws_iam_role_policy_attachment.irsa",
            "module.eks_cluster.module.kubeflow_components.module.kubeflow_istio.module.helm_addon.module.irsa.kubernetes_namespace_v1.irsa",
            "module.eks_cluster.module.kubeflow_components.module.kubeflow_istio.module.helm_addon.module.irsa.kubernetes_secret_v1.irsa",
            "module.eks_cluster.module.kubeflow_components.module.kubeflow_istio.module.helm_addon.module.irsa.kubernetes_service_account_v1.irsa",
            "module.eks_cluster.module.kubeflow_components.module.kubeflow_knative_eventing.module.helm_addon.module.irsa.aws_iam_role.irsa",
            "module.eks_cluster.module.kubeflow_components.module.kubeflow_knative_eventing.module.helm_addon.module.irsa.aws_iam_role_policy_attachment.irsa",
            "module.eks_cluster.module.kubeflow_components.module.kubeflow_knative_eventing.module.helm_addon.module.irsa.kubernetes_namespace_v1.irsa",
            "module.eks_cluster.module.kubeflow_components.module.kubeflow_knative_eventing.module.helm_addon.module.irsa.kubernetes_secret_v1.irsa",
            "module.eks_cluster.module.kubeflow_components.module.kubeflow_knative_eventing.module.helm_addon.module.irsa.kubernetes_service_account_v1.irsa",
            "module.eks_cluster.module.kubeflow_components.module.kubeflow_knative_serving.module.helm_addon.helm_release.addon",
            "module.eks_cluster.module.kubeflow_components.module.kubeflow_knative_serving.module.helm_addon.module.irsa.aws_iam_role.irsa",
            "module.eks_cluster.module.kubeflow_components.module.kubeflow_knative_serving.module.helm_addon.module.irsa.aws_iam_role_policy_attachment.irsa",
            "module.eks_cluster.module.kubeflow_components.module.kubeflow_knative_serving.module.helm_addon.module.irsa.kubernetes_namespace_v1.irsa",
            "module.eks_cluster.module.kubeflow_components.module.kubeflow_knative_serving.module.helm_addon.module.irsa.kubernetes_secret_v1.irsa",
            "module.eks_cluster.module.kubeflow_components.module.kubeflow_knative_serving.module.helm_addon.module.irsa.kubernetes_service_account_v1.irsa",
            "module.eks_cluster.module.kubeflow_components.module.kubeflow_oidc_authservice.module.helm_addon.helm_release.addon",
            "module.eks_cluster.module.kubeflow_components.module.kubeflow_oidc_authservice.module.helm_addon.module.irsa.aws_iam_role.irsa",
            "module.eks_cluster.module.kubeflow_components.module.kubeflow_oidc_authservice.module.helm_addon.module.irsa.aws_iam_role_policy_attachment.irsa",
            "module.eks_cluster.module.kubeflow_components.module.kubeflow_oidc_authservice.module.helm_addon.module.irsa.kubernetes_namespace_v1.irsa",
            "module.eks_cluster.module.kubeflow_components.module.kubeflow_oidc_authservice.module.helm_addon.module.irsa.kubernetes_secret_v1.irsa",
            "module.eks_cluster.module.kubeflow_components.module.kubeflow_oidc_authservice.module.helm_addon.module.irsa.kubernetes_service_account_v1.irsa"
          ]
        }
      ]
    },
    {
      "module": "module.eks_cluster.module.kubeflow_components.module.kubeflow_knative_serving.module.helm_addon",
      "mode": "managed",
      "type": "helm_release",
      "name": "addon",
      "provider": "provider[\"registry.terraform.io/hashicorp/helm\"]",
      "instances": [
        {
          "index_key": 0,
          "schema_version": 1,
          "attributes": {
            "atomic": false,
            "chart": "../eks_cluster/KubeflowComponents/charts/knative-serving",
            "cleanup_on_fail": false,
            "create_namespace": false,
            "dependency_update": false,
            "description": "",
            "devel": null,
            "disable_crd_hooks": false,
            "disable_openapi_validation": false,
            "disable_webhooks": false,
            "force_update": false,
            "id": "knative-serving",
            "keyring": "",
            "lint": false,
            "manifest": null,
            "max_history": 0,
            "metadata": [
              {
                "app_version": "1.8.1",
                "chart": "knative-serving",
                "name": "knative-serving",
                "namespace": "default",
                "revision": 1,
                "values": "{}",
                "version": "0.2.0"
              }
            ],
            "name": "knative-serving",
            "namespace": "default",
            "pass_credentials": false,
            "postrender": [
              {
                "args": [],
                "binary_path": ""
              }
            ],
            "recreate_pods": false,
            "render_subchart_notes": true,
            "replace": false,
            "repository": null,
            "repository_ca_file": null,
            "repository_cert_file": "",
            "repository_key_file": "",
            "repository_password": "",
            "repository_username": "",
            "reset_values": false,
            "reuse_values": false,
            "set": [],
            "set_list": [],
            "set_sensitive": [],
            "skip_crds": false,
            "status": "deployed",
            "timeout": 600,
            "values": [],
            "verify": false,
            "version": "0.2.0",
            "wait": true,
            "wait_for_jobs": false
          },
          "sensitive_attributes": [],
          "private": "eyJzY2hlbWFfdmVyc2lvbiI6IjEifQ==",
          "dependencies": [
            "module.eks_cluster.data.aws_caller_identity.current",
            "module.eks_cluster.data.aws_partition.current",
            "module.eks_cluster.data.aws_region.current",
            "module.eks_cluster.data.aws_subnets.private",
            "module.eks_cluster.data.aws_vpc.vpc",
            "module.eks_cluster.module.eks.aws_cloudwatch_log_group.this",
            "module.eks_cluster.module.eks.aws_eks_cluster.this",
            "module.eks_cluster.module.eks.aws_iam_openid_connect_provider.oidc_provider",
            "module.eks_cluster.module.eks.aws_iam_policy.cni_ipv6_policy",
            "module.eks_cluster.module.eks.aws_iam_role.this",
            "module.eks_cluster.module.eks.aws_iam_role_policy_attachment.this",
            "module.eks_cluster.module.eks.aws_security_group.cluster",
            "module.eks_cluster.module.eks.aws_security_group.node",
            "module.eks_cluster.module.eks.aws_security_group_rule.cluster",
            "module.eks_cluster.module.eks.aws_security_group_rule.node",
            "module.eks_cluster.module.eks.data.aws_caller_identity.current",
            "module.eks_cluster.module.eks.data.aws_iam_policy_document.assume_role_policy",
            "module.eks_cluster.module.eks.data.aws_iam_policy_document.cni_ipv6_policy",
            "module.eks_cluster.module.eks.data.aws_iam_session_context.current",
            "module.eks_cluster.module.eks.data.aws_partition.current",
            "module.eks_cluster.module.eks.data.tls_certificate.this",
            "module.eks_cluster.module.eks.module.kms.aws_kms_external_key.this",
            "module.eks_cluster.module.eks.module.kms.aws_kms_key.this",
            "module.eks_cluster.module.eks.module.kms.data.aws_caller_identity.current",
            "module.eks_cluster.module.eks.module.kms.data.aws_iam_policy_document.this",
            "module.eks_cluster.module.eks.module.kms.data.aws_partition.current",
            "module.eks_cluster.module.kubeflow_components.kubernetes_namespace.kubeflow",
            "module.eks_cluster.module.kubeflow_components.module.kubeflow_dex.module.helm_addon.helm_release.addon",
            "module.eks_cluster.module.kubeflow_components.module.kubeflow_dex.module.helm_addon.module.irsa.aws_iam_role.irsa",
            "module.eks_cluster.module.kubeflow_components.module.kubeflow_dex.module.helm_addon.module.irsa.aws_iam_role_policy_attachment.irsa",
            "module.eks_cluster.module.kubeflow_components.module.kubeflow_dex.module.helm_addon.module.irsa.kubernetes_namespace_v1.irsa",
            "module.eks_cluster.module.kubeflow_components.module.kubeflow_dex.module.helm_addon.module.irsa.kubernetes_secret_v1.irsa",
            "module.eks_cluster.module.kubeflow_components.module.kubeflow_dex.module.helm_addon.module.irsa.kubernetes_service_account_v1.irsa",
            "module.eks_cluster.module.kubeflow_components.module.kubeflow_issuer.module.helm_addon.helm_release.addon",
            "module.eks_cluster.module.kubeflow_components.module.kubeflow_issuer.module.helm_addon.module.irsa.aws_iam_role.irsa",
            "module.eks_cluster.module.kubeflow_components.module.kubeflow_issuer.module.helm_addon.module.irsa.aws_iam_role_policy_attachment.irsa",
            "module.eks_cluster.module.kubeflow_components.module.kubeflow_issuer.module.helm_addon.module.irsa.kubernetes_namespace_v1.irsa",
            "module.eks_cluster.module.kubeflow_components.module.kubeflow_issuer.module.helm_addon.module.irsa.kubernetes_secret_v1.irsa",
            "module.eks_cluster.module.kubeflow_components.module.kubeflow_issuer.module.helm_addon.module.irsa.kubernetes_service_account_v1.irsa",
            "module.eks_cluster.module.kubeflow_components.module.kubeflow_istio.module.helm_addon.helm_release.addon",
            "module.eks_cluster.module.kubeflow_components.module.kubeflow_istio.module.helm_addon.module.irsa.aws_iam_role.irsa",
            "module.eks_cluster.module.kubeflow_components.module.kubeflow_istio.module.helm_addon.module.irsa.aws_iam_role_policy_attachment.irsa",
            "module.eks_cluster.module.kubeflow_components.module.kubeflow_istio.module.helm_addon.module.irsa.kubernetes_namespace_v1.irsa",
            "module.eks_cluster.module.kubeflow_components.module.kubeflow_istio.module.helm_addon.module.irsa.kubernetes_secret_v1.irsa",
            "module.eks_cluster.module.kubeflow_components.module.kubeflow_istio.module.helm_addon.module.irsa.kubernetes_service_account_v1.irsa",
            "module.eks_cluster.module.kubeflow_components.module.kubeflow_knative_serving.module.helm_addon.module.irsa.aws_iam_role.irsa",
            "module.eks_cluster.module.kubeflow_components.module.kubeflow_knative_serving.module.helm_addon.module.irsa.aws_iam_role_policy_attachment.irsa",
            "module.eks_cluster.module.kubeflow_components.module.kubeflow_knative_serving.module.helm_addon.module.irsa.kubernetes_namespace_v1.irsa",
            "module.eks_cluster.module.kubeflow_components.module.kubeflow_knative_serving.module.helm_addon.module.irsa.kubernetes_secret_v1.irsa",
            "module.eks_cluster.module.kubeflow_components.module.kubeflow_knative_serving.module.helm_addon.module.irsa.kubernetes_service_account_v1.irsa",
            "module.eks_cluster.module.kubeflow_components.module.kubeflow_oidc_authservice.module.helm_addon.helm_release.addon",
            "module.eks_cluster.module.kubeflow_components.module.kubeflow_oidc_authservice.module.helm_addon.module.irsa.aws_iam_role.irsa",
            "module.eks_cluster.module.kubeflow_components.module.kubeflow_oidc_authservice.module.helm_addon.module.irsa.aws_iam_role_policy_attachment.irsa",
            "module.eks_cluster.module.kubeflow_components.module.kubeflow_oidc_authservice.module.helm_addon.module.irsa.kubernetes_namespace_v1.irsa",
            "module.eks_cluster.module.kubeflow_components.module.kubeflow_oidc_authservice.module.helm_addon.module.irsa.kubernetes_secret_v1.irsa",
            "module.eks_cluster.module.kubeflow_components.module.kubeflow_oidc_authservice.module.helm_addon.module.irsa.kubernetes_service_account_v1.irsa"
          ]
        }
      ]
    },
    {
      "module": "module.eks_cluster.module.kubeflow_components.module.kubeflow_kserve.module.helm_addon",
      "mode": "managed",
      "type": "helm_release",
      "name": "addon",
      "provider": "provider[\"registry.terraform.io/hashicorp/helm\"]",
      "instances": [
        {
          "index_key": 0,
          "schema_version": 1,
          "attributes": {
            "atomic": false,
            "chart": "../eks_cluster/KubeflowComponents/charts/kserve",
            "cleanup_on_fail": false,
            "create_namespace": false,
            "dependency_update": false,
            "description": "",
            "devel": null,
            "disable_crd_hooks": false,
            "disable_openapi_validation": false,
            "disable_webhooks": false,
            "force_update": false,
            "id": "kserve",
            "keyring": "",
            "lint": false,
            "manifest": null,
            "max_history": 0,
            "metadata": [
              {
                "app_version": "v0.10.0",
                "chart": "kserve",
                "name": "kserve",
                "namespace": "default",
                "revision": 1,
                "values": "{}",
                "version": "0.2.0"
              }
            ],
            "name": "kserve",
            "namespace": "default",
            "pass_credentials": false,
            "postrender": [
              {
                "args": [],
                "binary_path": ""
              }
            ],
            "recreate_pods": false,
            "render_subchart_notes": true,
            "replace": false,
            "repository": null,
            "repository_ca_file": null,
            "repository_cert_file": "",
            "repository_key_file": "",
            "repository_password": "",
            "repository_username": "",
            "reset_values": false,
            "reuse_values": false,
            "set": [],
            "set_list": [],
            "set_sensitive": [],
            "skip_crds": false,
            "status": "deployed",
            "timeout": 600,
            "values": [],
            "verify": false,
            "version": "0.2.0",
            "wait": true,
            "wait_for_jobs": false
          },
          "sensitive_attributes": [],
          "private": "eyJzY2hlbWFfdmVyc2lvbiI6IjEifQ==",
          "dependencies": [
            "module.eks_cluster.data.aws_caller_identity.current",
            "module.eks_cluster.data.aws_partition.current",
            "module.eks_cluster.data.aws_region.current",
            "module.eks_cluster.data.aws_subnets.private",
            "module.eks_cluster.data.aws_vpc.vpc",
            "module.eks_cluster.module.eks.aws_cloudwatch_log_group.this",
            "module.eks_cluster.module.eks.aws_eks_cluster.this",
            "module.eks_cluster.module.eks.aws_iam_openid_connect_provider.oidc_provider",
            "module.eks_cluster.module.eks.aws_iam_policy.cni_ipv6_policy",
            "module.eks_cluster.module.eks.aws_iam_role.this",
            "module.eks_cluster.module.eks.aws_iam_role_policy_attachment.this",
            "module.eks_cluster.module.eks.aws_security_group.cluster",
            "module.eks_cluster.module.eks.aws_security_group.node",
            "module.eks_cluster.module.eks.aws_security_group_rule.cluster",
            "module.eks_cluster.module.eks.aws_security_group_rule.node",
            "module.eks_cluster.module.eks.data.aws_caller_identity.current",
            "module.eks_cluster.module.eks.data.aws_iam_policy_document.assume_role_policy",
            "module.eks_cluster.module.eks.data.aws_iam_policy_document.cni_ipv6_policy",
            "module.eks_cluster.module.eks.data.aws_iam_session_context.current",
            "module.eks_cluster.module.eks.data.aws_partition.current",
            "module.eks_cluster.module.eks.data.tls_certificate.this",
            "module.eks_cluster.module.eks.module.kms.aws_kms_external_key.this",
            "module.eks_cluster.module.eks.module.kms.aws_kms_key.this",
            "module.eks_cluster.module.eks.module.kms.data.aws_caller_identity.current",
            "module.eks_cluster.module.eks.module.kms.data.aws_iam_policy_document.this",
            "module.eks_cluster.module.eks.module.kms.data.aws_partition.current",
            "module.eks_cluster.module.kubeflow_components.kubernetes_namespace.kubeflow",
            "module.eks_cluster.module.kubeflow_components.module.kubeflow_cluster_local_gateway.module.helm_addon.helm_release.addon",
            "module.eks_cluster.module.kubeflow_components.module.kubeflow_cluster_local_gateway.module.helm_addon.module.irsa.aws_iam_role.irsa",
            "module.eks_cluster.module.kubeflow_components.module.kubeflow_cluster_local_gateway.module.helm_addon.module.irsa.aws_iam_role_policy_attachment.irsa",
            "module.eks_cluster.module.kubeflow_components.module.kubeflow_cluster_local_gateway.module.helm_addon.module.irsa.kubernetes_namespace_v1.irsa",
            "module.eks_cluster.module.kubeflow_components.module.kubeflow_cluster_local_gateway.module.helm_addon.module.irsa.kubernetes_secret_v1.irsa",
            "module.eks_cluster.module.kubeflow_components.module.kubeflow_cluster_local_gateway.module.helm_addon.module.irsa.kubernetes_service_account_v1.irsa",
            "module.eks_cluster.module.kubeflow_components.module.kubeflow_dex.module.helm_addon.helm_release.addon",
            "module.eks_cluster.module.kubeflow_components.module.kubeflow_dex.module.helm_addon.module.irsa.aws_iam_role.irsa",
            "module.eks_cluster.module.kubeflow_components.module.kubeflow_dex.module.helm_addon.module.irsa.aws_iam_role_policy_attachment.irsa",
            "module.eks_cluster.module.kubeflow_components.module.kubeflow_dex.module.helm_addon.module.irsa.kubernetes_namespace_v1.irsa",
            "module.eks_cluster.module.kubeflow_components.module.kubeflow_dex.module.helm_addon.module.irsa.kubernetes_secret_v1.irsa",
            "module.eks_cluster.module.kubeflow_components.module.kubeflow_dex.module.helm_addon.module.irsa.kubernetes_service_account_v1.irsa",
            "module.eks_cluster.module.kubeflow_components.module.kubeflow_issuer.module.helm_addon.helm_release.addon",
            "module.eks_cluster.module.kubeflow_components.module.kubeflow_issuer.module.helm_addon.module.irsa.aws_iam_role.irsa",
            "module.eks_cluster.module.kubeflow_components.module.kubeflow_issuer.module.helm_addon.module.irsa.aws_iam_role_policy_attachment.irsa",
            "module.eks_cluster.module.kubeflow_components.module.kubeflow_issuer.module.helm_addon.module.irsa.kubernetes_namespace_v1.irsa",
            "module.eks_cluster.module.kubeflow_components.module.kubeflow_issuer.module.helm_addon.module.irsa.kubernetes_secret_v1.irsa",
            "module.eks_cluster.module.kubeflow_components.module.kubeflow_issuer.module.helm_addon.module.irsa.kubernetes_service_account_v1.irsa",
            "module.eks_cluster.module.kubeflow_components.module.kubeflow_istio.module.helm_addon.helm_release.addon",
            "module.eks_cluster.module.kubeflow_components.module.kubeflow_istio.module.helm_addon.module.irsa.aws_iam_role.irsa",
            "module.eks_cluster.module.kubeflow_components.module.kubeflow_istio.module.helm_addon.module.irsa.aws_iam_role_policy_attachment.irsa",
            "module.eks_cluster.module.kubeflow_components.module.kubeflow_istio.module.helm_addon.module.irsa.kubernetes_namespace_v1.irsa",
            "module.eks_cluster.module.kubeflow_components.module.kubeflow_istio.module.helm_addon.module.irsa.kubernetes_secret_v1.irsa",
            "module.eks_cluster.module.kubeflow_components.module.kubeflow_istio.module.helm_addon.module.irsa.kubernetes_service_account_v1.irsa",
            "module.eks_cluster.module.kubeflow_components.module.kubeflow_istio_resources.module.helm_addon.helm_release.addon",
            "module.eks_cluster.module.kubeflow_components.module.kubeflow_istio_resources.module.helm_addon.module.irsa.aws_iam_role.irsa",
            "module.eks_cluster.module.kubeflow_components.module.kubeflow_istio_resources.module.helm_addon.module.irsa.aws_iam_role_policy_attachment.irsa",
            "module.eks_cluster.module.kubeflow_components.module.kubeflow_istio_resources.module.helm_addon.module.irsa.kubernetes_namespace_v1.irsa",
            "module.eks_cluster.module.kubeflow_components.module.kubeflow_istio_resources.module.helm_addon.module.irsa.kubernetes_secret_v1.irsa",
            "module.eks_cluster.module.kubeflow_components.module.kubeflow_istio_resources.module.helm_addon.module.irsa.kubernetes_service_account_v1.irsa",
            "module.eks_cluster.module.kubeflow_components.module.kubeflow_knative_eventing.module.helm_addon.helm_release.addon",
            "module.eks_cluster.module.kubeflow_components.module.kubeflow_knative_eventing.module.helm_addon.module.irsa.aws_iam_role.irsa",
            "module.eks_cluster.module.kubeflow_components.module.kubeflow_knative_eventing.module.helm_addon.module.irsa.aws_iam_role_policy_attachment.irsa",
            "module.eks_cluster.module.kubeflow_components.module.kubeflow_knative_eventing.module.helm_addon.module.irsa.kubernetes_namespace_v1.irsa",
            "module.eks_cluster.module.kubeflow_components.module.kubeflow_knative_eventing.module.helm_addon.module.irsa.kubernetes_secret_v1.irsa",
            "module.eks_cluster.module.kubeflow_components.module.kubeflow_knative_eventing.module.helm_addon.module.irsa.kubernetes_service_account_v1.irsa",
            "module.eks_cluster.module.kubeflow_components.module.kubeflow_knative_serving.module.helm_addon.helm_release.addon",
            "module.eks_cluster.module.kubeflow_components.module.kubeflow_knative_serving.module.helm_addon.module.irsa.aws_iam_role.irsa",
            "module.eks_cluster.module.kubeflow_components.module.kubeflow_knative_serving.module.helm_addon.module.irsa.aws_iam_role_policy_attachment.irsa",
            "module.eks_cluster.module.kubeflow_components.module.kubeflow_knative_serving.module.helm_addon.module.irsa.kubernetes_namespace_v1.irsa",
            "module.eks_cluster.module.kubeflow_components.module.kubeflow_knative_serving.module.helm_addon.module.irsa.kubernetes_secret_v1.irsa",
            "module.eks_cluster.module.kubeflow_components.module.kubeflow_knative_serving.module.helm_addon.module.irsa.kubernetes_service_account_v1.irsa",
            "module.eks_cluster.module.kubeflow_components.module.kubeflow_kserve.module.helm_addon.module.irsa.aws_iam_role.irsa",
            "module.eks_cluster.module.kubeflow_components.module.kubeflow_kserve.module.helm_addon.module.irsa.aws_iam_role_policy_attachment.irsa",
            "module.eks_cluster.module.kubeflow_components.module.kubeflow_kserve.module.helm_addon.module.irsa.kubernetes_namespace_v1.irsa",
            "module.eks_cluster.module.kubeflow_components.module.kubeflow_kserve.module.helm_addon.module.irsa.kubernetes_secret_v1.irsa",
            "module.eks_cluster.module.kubeflow_components.module.kubeflow_kserve.module.helm_addon.module.irsa.kubernetes_service_account_v1.irsa",
            "module.eks_cluster.module.kubeflow_components.module.kubeflow_oidc_authservice.module.helm_addon.helm_release.addon",
            "module.eks_cluster.module.kubeflow_components.module.kubeflow_oidc_authservice.module.helm_addon.module.irsa.aws_iam_role.irsa",
            "module.eks_cluster.module.kubeflow_components.module.kubeflow_oidc_authservice.module.helm_addon.module.irsa.aws_iam_role_policy_attachment.irsa",
            "module.eks_cluster.module.kubeflow_components.module.kubeflow_oidc_authservice.module.helm_addon.module.irsa.kubernetes_namespace_v1.irsa",
            "module.eks_cluster.module.kubeflow_components.module.kubeflow_oidc_authservice.module.helm_addon.module.irsa.kubernetes_secret_v1.irsa",
            "module.eks_cluster.module.kubeflow_components.module.kubeflow_oidc_authservice.module.helm_addon.module.irsa.kubernetes_service_account_v1.irsa",
            "module.eks_cluster.module.kubeflow_components.module.kubeflow_pipelines.module.helm_addon.helm_release.addon",
            "module.eks_cluster.module.kubeflow_components.module.kubeflow_pipelines.module.helm_addon.module.irsa.aws_iam_role.irsa",
            "module.eks_cluster.module.kubeflow_components.module.kubeflow_pipelines.module.helm_addon.module.irsa.aws_iam_role_policy_attachment.irsa",
            "module.eks_cluster.module.kubeflow_components.module.kubeflow_pipelines.module.helm_addon.module.irsa.kubernetes_namespace_v1.irsa",
            "module.eks_cluster.module.kubeflow_components.module.kubeflow_pipelines.module.helm_addon.module.irsa.kubernetes_secret_v1.irsa",
            "module.eks_cluster.module.kubeflow_components.module.kubeflow_pipelines.module.helm_addon.module.irsa.kubernetes_service_account_v1.irsa",
            "module.eks_cluster.module.kubeflow_components.module.kubeflow_roles.module.helm_addon.helm_release.addon",
            "module.eks_cluster.module.kubeflow_components.module.kubeflow_roles.module.helm_addon.module.irsa.aws_iam_role.irsa",
            "module.eks_cluster.module.kubeflow_components.module.kubeflow_roles.module.helm_addon.module.irsa.aws_iam_role_policy_attachment.irsa",
            "module.eks_cluster.module.kubeflow_components.module.kubeflow_roles.module.helm_addon.module.irsa.kubernetes_namespace_v1.irsa",
            "module.eks_cluster.module.kubeflow_components.module.kubeflow_roles.module.helm_addon.module.irsa.kubernetes_secret_v1.irsa",
            "module.eks_cluster.module.kubeflow_components.module.kubeflow_roles.module.helm_addon.module.irsa.kubernetes_service_account_v1.irsa"
          ]
        }
      ]
    },
    {
      "module": "module.eks_cluster.module.kubeflow_components.module.kubeflow_models_web_app.module.helm_addon",
      "mode": "managed",
      "type": "helm_release",
      "name": "addon",
      "provider": "provider[\"registry.terraform.io/hashicorp/helm\"]",
      "instances": [
        {
          "index_key": 0,
          "schema_version": 1,
          "attributes": {
            "atomic": false,
            "chart": "../eks_cluster/KubeflowComponents/charts/models-web-app",
            "cleanup_on_fail": false,
            "create_namespace": false,
            "dependency_update": false,
            "description": "",
            "devel": null,
            "disable_crd_hooks": false,
            "disable_openapi_validation": false,
            "disable_webhooks": false,
            "force_update": false,
            "id": "models-web-app",
            "keyring": "",
            "lint": false,
            "manifest": null,
            "max_history": 0,
            "metadata": [
              {
                "app_version": "v0.10.0",
                "chart": "models-web-app",
                "name": "models-web-app",
                "namespace": "default",
                "revision": 1,
                "values": "{}",
                "version": "0.2.0"
              }
            ],
            "name": "models-web-app",
            "namespace": "default",
            "pass_credentials": false,
            "postrender": [
              {
                "args": [],
                "binary_path": ""
              }
            ],
            "recreate_pods": false,
            "render_subchart_notes": true,
            "replace": false,
            "repository": null,
            "repository_ca_file": null,
            "repository_cert_file": "",
            "repository_key_file": "",
            "repository_password": "",
            "repository_username": "",
            "reset_values": false,
            "reuse_values": false,
            "set": [],
            "set_list": [],
            "set_sensitive": [],
            "skip_crds": false,
            "status": "deployed",
            "timeout": 600,
            "values": [],
            "verify": false,
            "version": "0.2.0",
            "wait": true,
            "wait_for_jobs": false
          },
          "sensitive_attributes": [],
          "private": "eyJzY2hlbWFfdmVyc2lvbiI6IjEifQ==",
          "dependencies": [
            "module.eks_cluster.data.aws_caller_identity.current",
            "module.eks_cluster.data.aws_partition.current",
            "module.eks_cluster.data.aws_region.current",
            "module.eks_cluster.data.aws_subnets.private",
            "module.eks_cluster.data.aws_vpc.vpc",
            "module.eks_cluster.module.eks.aws_cloudwatch_log_group.this",
            "module.eks_cluster.module.eks.aws_eks_cluster.this",
            "module.eks_cluster.module.eks.aws_iam_openid_connect_provider.oidc_provider",
            "module.eks_cluster.module.eks.aws_iam_policy.cni_ipv6_policy",
            "module.eks_cluster.module.eks.aws_iam_role.this",
            "module.eks_cluster.module.eks.aws_iam_role_policy_attachment.this",
            "module.eks_cluster.module.eks.aws_security_group.cluster",
            "module.eks_cluster.module.eks.aws_security_group.node",
            "module.eks_cluster.module.eks.aws_security_group_rule.cluster",
            "module.eks_cluster.module.eks.aws_security_group_rule.node",
            "module.eks_cluster.module.eks.data.aws_caller_identity.current",
            "module.eks_cluster.module.eks.data.aws_iam_policy_document.assume_role_policy",
            "module.eks_cluster.module.eks.data.aws_iam_policy_document.cni_ipv6_policy",
            "module.eks_cluster.module.eks.data.aws_iam_session_context.current",
            "module.eks_cluster.module.eks.data.aws_partition.current",
            "module.eks_cluster.module.eks.data.tls_certificate.this",
            "module.eks_cluster.module.eks.module.kms.aws_kms_external_key.this",
            "module.eks_cluster.module.eks.module.kms.aws_kms_key.this",
            "module.eks_cluster.module.eks.module.kms.data.aws_caller_identity.current",
            "module.eks_cluster.module.eks.module.kms.data.aws_iam_policy_document.this",
            "module.eks_cluster.module.eks.module.kms.data.aws_partition.current",
            "module.eks_cluster.module.kubeflow_components.kubernetes_namespace.kubeflow",
            "module.eks_cluster.module.kubeflow_components.module.kubeflow_cluster_local_gateway.module.helm_addon.helm_release.addon",
            "module.eks_cluster.module.kubeflow_components.module.kubeflow_cluster_local_gateway.module.helm_addon.module.irsa.aws_iam_role.irsa",
            "module.eks_cluster.module.kubeflow_components.module.kubeflow_cluster_local_gateway.module.helm_addon.module.irsa.aws_iam_role_policy_attachment.irsa",
            "module.eks_cluster.module.kubeflow_components.module.kubeflow_cluster_local_gateway.module.helm_addon.module.irsa.kubernetes_namespace_v1.irsa",
            "module.eks_cluster.module.kubeflow_components.module.kubeflow_cluster_local_gateway.module.helm_addon.module.irsa.kubernetes_secret_v1.irsa",
            "module.eks_cluster.module.kubeflow_components.module.kubeflow_cluster_local_gateway.module.helm_addon.module.irsa.kubernetes_service_account_v1.irsa",
            "module.eks_cluster.module.kubeflow_components.module.kubeflow_dex.module.helm_addon.helm_release.addon",
            "module.eks_cluster.module.kubeflow_components.module.kubeflow_dex.module.helm_addon.module.irsa.aws_iam_role.irsa",
            "module.eks_cluster.module.kubeflow_components.module.kubeflow_dex.module.helm_addon.module.irsa.aws_iam_role_policy_attachment.irsa",
            "module.eks_cluster.module.kubeflow_components.module.kubeflow_dex.module.helm_addon.module.irsa.kubernetes_namespace_v1.irsa",
            "module.eks_cluster.module.kubeflow_components.module.kubeflow_dex.module.helm_addon.module.irsa.kubernetes_secret_v1.irsa",
            "module.eks_cluster.module.kubeflow_components.module.kubeflow_dex.module.helm_addon.module.irsa.kubernetes_service_account_v1.irsa",
            "module.eks_cluster.module.kubeflow_components.module.kubeflow_issuer.module.helm_addon.helm_release.addon",
            "module.eks_cluster.module.kubeflow_components.module.kubeflow_issuer.module.helm_addon.module.irsa.aws_iam_role.irsa",
            "module.eks_cluster.module.kubeflow_components.module.kubeflow_issuer.module.helm_addon.module.irsa.aws_iam_role_policy_attachment.irsa",
            "module.eks_cluster.module.kubeflow_components.module.kubeflow_issuer.module.helm_addon.module.irsa.kubernetes_namespace_v1.irsa",
            "module.eks_cluster.module.kubeflow_components.module.kubeflow_issuer.module.helm_addon.module.irsa.kubernetes_secret_v1.irsa",
            "module.eks_cluster.module.kubeflow_components.module.kubeflow_issuer.module.helm_addon.module.irsa.kubernetes_service_account_v1.irsa",
            "module.eks_cluster.module.kubeflow_components.module.kubeflow_istio.module.helm_addon.helm_release.addon",
            "module.eks_cluster.module.kubeflow_components.module.kubeflow_istio.module.helm_addon.module.irsa.aws_iam_role.irsa",
            "module.eks_cluster.module.kubeflow_components.module.kubeflow_istio.module.helm_addon.module.irsa.aws_iam_role_policy_attachment.irsa",
            "module.eks_cluster.module.kubeflow_components.module.kubeflow_istio.module.helm_addon.module.irsa.kubernetes_namespace_v1.irsa",
            "module.eks_cluster.module.kubeflow_components.module.kubeflow_istio.module.helm_addon.module.irsa.kubernetes_secret_v1.irsa",
            "module.eks_cluster.module.kubeflow_components.module.kubeflow_istio.module.helm_addon.module.irsa.kubernetes_service_account_v1.irsa",
            "module.eks_cluster.module.kubeflow_components.module.kubeflow_istio_resources.module.helm_addon.helm_release.addon",
            "module.eks_cluster.module.kubeflow_components.module.kubeflow_istio_resources.module.helm_addon.module.irsa.aws_iam_role.irsa",
            "module.eks_cluster.module.kubeflow_components.module.kubeflow_istio_resources.module.helm_addon.module.irsa.aws_iam_role_policy_attachment.irsa",
            "module.eks_cluster.module.kubeflow_components.module.kubeflow_istio_resources.module.helm_addon.module.irsa.kubernetes_namespace_v1.irsa",
            "module.eks_cluster.module.kubeflow_components.module.kubeflow_istio_resources.module.helm_addon.module.irsa.kubernetes_secret_v1.irsa",
            "module.eks_cluster.module.kubeflow_components.module.kubeflow_istio_resources.module.helm_addon.module.irsa.kubernetes_service_account_v1.irsa",
            "module.eks_cluster.module.kubeflow_components.module.kubeflow_knative_eventing.module.helm_addon.helm_release.addon",
            "module.eks_cluster.module.kubeflow_components.module.kubeflow_knative_eventing.module.helm_addon.module.irsa.aws_iam_role.irsa",
            "module.eks_cluster.module.kubeflow_components.module.kubeflow_knative_eventing.module.helm_addon.module.irsa.aws_iam_role_policy_attachment.irsa",
            "module.eks_cluster.module.kubeflow_components.module.kubeflow_knative_eventing.module.helm_addon.module.irsa.kubernetes_namespace_v1.irsa",
            "module.eks_cluster.module.kubeflow_components.module.kubeflow_knative_eventing.module.helm_addon.module.irsa.kubernetes_secret_v1.irsa",
            "module.eks_cluster.module.kubeflow_components.module.kubeflow_knative_eventing.module.helm_addon.module.irsa.kubernetes_service_account_v1.irsa",
            "module.eks_cluster.module.kubeflow_components.module.kubeflow_knative_serving.module.helm_addon.helm_release.addon",
            "module.eks_cluster.module.kubeflow_components.module.kubeflow_knative_serving.module.helm_addon.module.irsa.aws_iam_role.irsa",
            "module.eks_cluster.module.kubeflow_components.module.kubeflow_knative_serving.module.helm_addon.module.irsa.aws_iam_role_policy_attachment.irsa",
            "module.eks_cluster.module.kubeflow_components.module.kubeflow_knative_serving.module.helm_addon.module.irsa.kubernetes_namespace_v1.irsa",
            "module.eks_cluster.module.kubeflow_components.module.kubeflow_knative_serving.module.helm_addon.module.irsa.kubernetes_secret_v1.irsa",
            "module.eks_cluster.module.kubeflow_components.module.kubeflow_knative_serving.module.helm_addon.module.irsa.kubernetes_service_account_v1.irsa",
            "module.eks_cluster.module.kubeflow_components.module.kubeflow_kserve.module.helm_addon.helm_release.addon",
            "module.eks_cluster.module.kubeflow_components.module.kubeflow_kserve.module.helm_addon.module.irsa.aws_iam_role.irsa",
            "module.eks_cluster.module.kubeflow_components.module.kubeflow_kserve.module.helm_addon.module.irsa.aws_iam_role_policy_attachment.irsa",
            "module.eks_cluster.module.kubeflow_components.module.kubeflow_kserve.module.helm_addon.module.irsa.kubernetes_namespace_v1.irsa",
            "module.eks_cluster.module.kubeflow_components.module.kubeflow_kserve.module.helm_addon.module.irsa.kubernetes_secret_v1.irsa",
            "module.eks_cluster.module.kubeflow_components.module.kubeflow_kserve.module.helm_addon.module.irsa.kubernetes_service_account_v1.irsa",
            "module.eks_cluster.module.kubeflow_components.module.kubeflow_models_web_app.module.helm_addon.module.irsa.aws_iam_role.irsa",
            "module.eks_cluster.module.kubeflow_components.module.kubeflow_models_web_app.module.helm_addon.module.irsa.aws_iam_role_policy_attachment.irsa",
            "module.eks_cluster.module.kubeflow_components.module.kubeflow_models_web_app.module.helm_addon.module.irsa.kubernetes_namespace_v1.irsa",
            "module.eks_cluster.module.kubeflow_components.module.kubeflow_models_web_app.module.helm_addon.module.irsa.kubernetes_secret_v1.irsa",
            "module.eks_cluster.module.kubeflow_components.module.kubeflow_models_web_app.module.helm_addon.module.irsa.kubernetes_service_account_v1.irsa",
            "module.eks_cluster.module.kubeflow_components.module.kubeflow_oidc_authservice.module.helm_addon.helm_release.addon",
            "module.eks_cluster.module.kubeflow_components.module.kubeflow_oidc_authservice.module.helm_addon.module.irsa.aws_iam_role.irsa",
            "module.eks_cluster.module.kubeflow_components.module.kubeflow_oidc_authservice.module.helm_addon.module.irsa.aws_iam_role_policy_attachment.irsa",
            "module.eks_cluster.module.kubeflow_components.module.kubeflow_oidc_authservice.module.helm_addon.module.irsa.kubernetes_namespace_v1.irsa",
            "module.eks_cluster.module.kubeflow_components.module.kubeflow_oidc_authservice.module.helm_addon.module.irsa.kubernetes_secret_v1.irsa",
            "module.eks_cluster.module.kubeflow_components.module.kubeflow_oidc_authservice.module.helm_addon.module.irsa.kubernetes_service_account_v1.irsa",
            "module.eks_cluster.module.kubeflow_components.module.kubeflow_pipelines.module.helm_addon.helm_release.addon",
            "module.eks_cluster.module.kubeflow_components.module.kubeflow_pipelines.module.helm_addon.module.irsa.aws_iam_role.irsa",
            "module.eks_cluster.module.kubeflow_components.module.kubeflow_pipelines.module.helm_addon.module.irsa.aws_iam_role_policy_attachment.irsa",
            "module.eks_cluster.module.kubeflow_components.module.kubeflow_pipelines.module.helm_addon.module.irsa.kubernetes_namespace_v1.irsa",
            "module.eks_cluster.module.kubeflow_components.module.kubeflow_pipelines.module.helm_addon.module.irsa.kubernetes_secret_v1.irsa",
            "module.eks_cluster.module.kubeflow_components.module.kubeflow_pipelines.module.helm_addon.module.irsa.kubernetes_service_account_v1.irsa",
            "module.eks_cluster.module.kubeflow_components.module.kubeflow_roles.module.helm_addon.helm_release.addon",
            "module.eks_cluster.module.kubeflow_components.module.kubeflow_roles.module.helm_addon.module.irsa.aws_iam_role.irsa",
            "module.eks_cluster.module.kubeflow_components.module.kubeflow_roles.module.helm_addon.module.irsa.aws_iam_role_policy_attachment.irsa",
            "module.eks_cluster.module.kubeflow_components.module.kubeflow_roles.module.helm_addon.module.irsa.kubernetes_namespace_v1.irsa",
            "module.eks_cluster.module.kubeflow_components.module.kubeflow_roles.module.helm_addon.module.irsa.kubernetes_secret_v1.irsa",
            "module.eks_cluster.module.kubeflow_components.module.kubeflow_roles.module.helm_addon.module.irsa.kubernetes_service_account_v1.irsa"
          ]
        }
      ]
    },
    {
      "module": "module.eks_cluster.module.kubeflow_components.module.kubeflow_notebook_controller.module.helm_addon",
      "mode": "managed",
      "type": "helm_release",
      "name": "addon",
      "provider": "provider[\"registry.terraform.io/hashicorp/helm\"]",
      "instances": [
        {
          "index_key": 0,
          "schema_version": 1,
          "attributes": {
            "atomic": false,
            "chart": "../eks_cluster/KubeflowComponents/charts/notebook-controller",
            "cleanup_on_fail": false,
            "create_namespace": false,
            "dependency_update": false,
            "description": "",
            "devel": null,
            "disable_crd_hooks": false,
            "disable_openapi_validation": false,
            "disable_webhooks": false,
            "force_update": false,
            "id": "notebook-controller",
            "keyring": "",
            "lint": false,
            "manifest": null,
            "max_history": 0,
            "metadata": [
              {
                "app_version": "v1.7.0",
                "chart": "notebook-controller",
                "name": "notebook-controller",
                "namespace": "default",
                "revision": 1,
                "values": "{\"cullingPolicy\":{\"cullIdleTime\":30,\"enableCulling\":false,\"idlenessCheckPeriod\":5}}",
                "version": "0.2.0"
              }
            ],
            "name": "notebook-controller",
            "namespace": "default",
            "pass_credentials": false,
            "postrender": [
              {
                "args": [],
                "binary_path": ""
              }
            ],
            "recreate_pods": false,
            "render_subchart_notes": true,
            "replace": false,
            "repository": null,
            "repository_ca_file": null,
            "repository_cert_file": "",
            "repository_key_file": "",
            "repository_password": "",
            "repository_username": "",
            "reset_values": false,
            "reuse_values": false,
            "set": [
              {
                "name": "cullingPolicy.cullIdleTime",
                "type": "",
                "value": "30"
              },
              {
                "name": "cullingPolicy.enableCulling",
                "type": "",
                "value": "false"
              },
              {
                "name": "cullingPolicy.idlenessCheckPeriod",
                "type": "",
                "value": "5"
              }
            ],
            "set_list": [],
            "set_sensitive": [],
            "skip_crds": false,
            "status": "deployed",
            "timeout": 600,
            "values": [],
            "verify": false,
            "version": "0.2.0",
            "wait": true,
            "wait_for_jobs": false
          },
          "sensitive_attributes": [],
          "private": "eyJzY2hlbWFfdmVyc2lvbiI6IjEifQ==",
          "dependencies": [
            "module.eks_cluster.data.aws_caller_identity.current",
            "module.eks_cluster.data.aws_partition.current",
            "module.eks_cluster.data.aws_region.current",
            "module.eks_cluster.data.aws_subnets.private",
            "module.eks_cluster.data.aws_vpc.vpc",
            "module.eks_cluster.module.eks.aws_cloudwatch_log_group.this",
            "module.eks_cluster.module.eks.aws_eks_cluster.this",
            "module.eks_cluster.module.eks.aws_iam_openid_connect_provider.oidc_provider",
            "module.eks_cluster.module.eks.aws_iam_policy.cni_ipv6_policy",
            "module.eks_cluster.module.eks.aws_iam_role.this",
            "module.eks_cluster.module.eks.aws_iam_role_policy_attachment.this",
            "module.eks_cluster.module.eks.aws_security_group.cluster",
            "module.eks_cluster.module.eks.aws_security_group.node",
            "module.eks_cluster.module.eks.aws_security_group_rule.cluster",
            "module.eks_cluster.module.eks.aws_security_group_rule.node",
            "module.eks_cluster.module.eks.data.aws_caller_identity.current",
            "module.eks_cluster.module.eks.data.aws_iam_policy_document.assume_role_policy",
            "module.eks_cluster.module.eks.data.aws_iam_policy_document.cni_ipv6_policy",
            "module.eks_cluster.module.eks.data.aws_iam_session_context.current",
            "module.eks_cluster.module.eks.data.aws_partition.current",
            "module.eks_cluster.module.eks.data.tls_certificate.this",
            "module.eks_cluster.module.eks.module.kms.aws_kms_external_key.this",
            "module.eks_cluster.module.eks.module.kms.aws_kms_key.this",
            "module.eks_cluster.module.eks.module.kms.data.aws_caller_identity.current",
            "module.eks_cluster.module.eks.module.kms.data.aws_iam_policy_document.this",
            "module.eks_cluster.module.eks.module.kms.data.aws_partition.current",
            "module.eks_cluster.module.kubeflow_components.kubernetes_namespace.kubeflow",
            "module.eks_cluster.module.kubeflow_components.module.kubeflow_admission_webhook.module.helm_addon.helm_release.addon",
            "module.eks_cluster.module.kubeflow_components.module.kubeflow_admission_webhook.module.helm_addon.module.irsa.aws_iam_role.irsa",
            "module.eks_cluster.module.kubeflow_components.module.kubeflow_admission_webhook.module.helm_addon.module.irsa.aws_iam_role_policy_attachment.irsa",
            "module.eks_cluster.module.kubeflow_components.module.kubeflow_admission_webhook.module.helm_addon.module.irsa.kubernetes_namespace_v1.irsa",
            "module.eks_cluster.module.kubeflow_components.module.kubeflow_admission_webhook.module.helm_addon.module.irsa.kubernetes_secret_v1.irsa",
            "module.eks_cluster.module.kubeflow_components.module.kubeflow_admission_webhook.module.helm_addon.module.irsa.kubernetes_service_account_v1.irsa",
            "module.eks_cluster.module.kubeflow_components.module.kubeflow_central_dashboard.module.helm_addon.helm_release.addon",
            "module.eks_cluster.module.kubeflow_components.module.kubeflow_central_dashboard.module.helm_addon.module.irsa.aws_iam_role.irsa",
            "module.eks_cluster.module.kubeflow_components.module.kubeflow_central_dashboard.module.helm_addon.module.irsa.aws_iam_role_policy_attachment.irsa",
            "module.eks_cluster.module.kubeflow_components.module.kubeflow_central_dashboard.module.helm_addon.module.irsa.kubernetes_namespace_v1.irsa",
            "module.eks_cluster.module.kubeflow_components.module.kubeflow_central_dashboard.module.helm_addon.module.irsa.kubernetes_secret_v1.irsa",
            "module.eks_cluster.module.kubeflow_components.module.kubeflow_central_dashboard.module.helm_addon.module.irsa.kubernetes_service_account_v1.irsa",
            "module.eks_cluster.module.kubeflow_components.module.kubeflow_cluster_local_gateway.module.helm_addon.helm_release.addon",
            "module.eks_cluster.module.kubeflow_components.module.kubeflow_cluster_local_gateway.module.helm_addon.module.irsa.aws_iam_role.irsa",
            "module.eks_cluster.module.kubeflow_components.module.kubeflow_cluster_local_gateway.module.helm_addon.module.irsa.aws_iam_role_policy_attachment.irsa",
            "module.eks_cluster.module.kubeflow_components.module.kubeflow_cluster_local_gateway.module.helm_addon.module.irsa.kubernetes_namespace_v1.irsa",
            "module.eks_cluster.module.kubeflow_components.module.kubeflow_cluster_local_gateway.module.helm_addon.module.irsa.kubernetes_secret_v1.irsa",
            "module.eks_cluster.module.kubeflow_components.module.kubeflow_cluster_local_gateway.module.helm_addon.module.irsa.kubernetes_service_account_v1.irsa",
            "module.eks_cluster.module.kubeflow_components.module.kubeflow_dex.module.helm_addon.helm_release.addon",
            "module.eks_cluster.module.kubeflow_components.module.kubeflow_dex.module.helm_addon.module.irsa.aws_iam_role.irsa",
            "module.eks_cluster.module.kubeflow_components.module.kubeflow_dex.module.helm_addon.module.irsa.aws_iam_role_policy_attachment.irsa",
            "module.eks_cluster.module.kubeflow_components.module.kubeflow_dex.module.helm_addon.module.irsa.kubernetes_namespace_v1.irsa",
            "module.eks_cluster.module.kubeflow_components.module.kubeflow_dex.module.helm_addon.module.irsa.kubernetes_secret_v1.irsa",
            "module.eks_cluster.module.kubeflow_components.module.kubeflow_dex.module.helm_addon.module.irsa.kubernetes_service_account_v1.irsa",
            "module.eks_cluster.module.kubeflow_components.module.kubeflow_issuer.module.helm_addon.helm_release.addon",
            "module.eks_cluster.module.kubeflow_components.module.kubeflow_issuer.module.helm_addon.module.irsa.aws_iam_role.irsa",
            "module.eks_cluster.module.kubeflow_components.module.kubeflow_issuer.module.helm_addon.module.irsa.aws_iam_role_policy_attachment.irsa",
            "module.eks_cluster.module.kubeflow_components.module.kubeflow_issuer.module.helm_addon.module.irsa.kubernetes_namespace_v1.irsa",
            "module.eks_cluster.module.kubeflow_components.module.kubeflow_issuer.module.helm_addon.module.irsa.kubernetes_secret_v1.irsa",
            "module.eks_cluster.module.kubeflow_components.module.kubeflow_issuer.module.helm_addon.module.irsa.kubernetes_service_account_v1.irsa",
            "module.eks_cluster.module.kubeflow_components.module.kubeflow_istio.module.helm_addon.helm_release.addon",
            "module.eks_cluster.module.kubeflow_components.module.kubeflow_istio.module.helm_addon.module.irsa.aws_iam_role.irsa",
            "module.eks_cluster.module.kubeflow_components.module.kubeflow_istio.module.helm_addon.module.irsa.aws_iam_role_policy_attachment.irsa",
            "module.eks_cluster.module.kubeflow_components.module.kubeflow_istio.module.helm_addon.module.irsa.kubernetes_namespace_v1.irsa",
            "module.eks_cluster.module.kubeflow_components.module.kubeflow_istio.module.helm_addon.module.irsa.kubernetes_secret_v1.irsa",
            "module.eks_cluster.module.kubeflow_components.module.kubeflow_istio.module.helm_addon.module.irsa.kubernetes_service_account_v1.irsa",
            "module.eks_cluster.module.kubeflow_components.module.kubeflow_istio_resources.module.helm_addon.helm_release.addon",
            "module.eks_cluster.module.kubeflow_components.module.kubeflow_istio_resources.module.helm_addon.module.irsa.aws_iam_role.irsa",
            "module.eks_cluster.module.kubeflow_components.module.kubeflow_istio_resources.module.helm_addon.module.irsa.aws_iam_role_policy_attachment.irsa",
            "module.eks_cluster.module.kubeflow_components.module.kubeflow_istio_resources.module.helm_addon.module.irsa.kubernetes_namespace_v1.irsa",
            "module.eks_cluster.module.kubeflow_components.module.kubeflow_istio_resources.module.helm_addon.module.irsa.kubernetes_secret_v1.irsa",
            "module.eks_cluster.module.kubeflow_components.module.kubeflow_istio_resources.module.helm_addon.module.irsa.kubernetes_service_account_v1.irsa",
            "module.eks_cluster.module.kubeflow_components.module.kubeflow_katib.module.helm_addon.helm_release.addon",
            "module.eks_cluster.module.kubeflow_components.module.kubeflow_katib.module.helm_addon.module.irsa.aws_iam_role.irsa",
            "module.eks_cluster.module.kubeflow_components.module.kubeflow_katib.module.helm_addon.module.irsa.aws_iam_role_policy_attachment.irsa",
            "module.eks_cluster.module.kubeflow_components.module.kubeflow_katib.module.helm_addon.module.irsa.kubernetes_namespace_v1.irsa",
            "module.eks_cluster.module.kubeflow_components.module.kubeflow_katib.module.helm_addon.module.irsa.kubernetes_secret_v1.irsa",
            "module.eks_cluster.module.kubeflow_components.module.kubeflow_katib.module.helm_addon.module.irsa.kubernetes_service_account_v1.irsa",
            "module.eks_cluster.module.kubeflow_components.module.kubeflow_knative_eventing.module.helm_addon.helm_release.addon",
            "module.eks_cluster.module.kubeflow_components.module.kubeflow_knative_eventing.module.helm_addon.module.irsa.aws_iam_role.irsa",
            "module.eks_cluster.module.kubeflow_components.module.kubeflow_knative_eventing.module.helm_addon.module.irsa.aws_iam_role_policy_attachment.irsa",
            "module.eks_cluster.module.kubeflow_components.module.kubeflow_knative_eventing.module.helm_addon.module.irsa.kubernetes_namespace_v1.irsa",
            "module.eks_cluster.module.kubeflow_components.module.kubeflow_knative_eventing.module.helm_addon.module.irsa.kubernetes_secret_v1.irsa",
            "module.eks_cluster.module.kubeflow_components.module.kubeflow_knative_eventing.module.helm_addon.module.irsa.kubernetes_service_account_v1.irsa",
            "module.eks_cluster.module.kubeflow_components.module.kubeflow_knative_serving.module.helm_addon.helm_release.addon",
            "module.eks_cluster.module.kubeflow_components.module.kubeflow_knative_serving.module.helm_addon.module.irsa.aws_iam_role.irsa",
            "module.eks_cluster.module.kubeflow_components.module.kubeflow_knative_serving.module.helm_addon.module.irsa.aws_iam_role_policy_attachment.irsa",
            "module.eks_cluster.module.kubeflow_components.module.kubeflow_knative_serving.module.helm_addon.module.irsa.kubernetes_namespace_v1.irsa",
            "module.eks_cluster.module.kubeflow_components.module.kubeflow_knative_serving.module.helm_addon.module.irsa.kubernetes_secret_v1.irsa",
            "module.eks_cluster.module.kubeflow_components.module.kubeflow_knative_serving.module.helm_addon.module.irsa.kubernetes_service_account_v1.irsa",
            "module.eks_cluster.module.kubeflow_components.module.kubeflow_kserve.module.helm_addon.helm_release.addon",
            "module.eks_cluster.module.kubeflow_components.module.kubeflow_kserve.module.helm_addon.module.irsa.aws_iam_role.irsa",
            "module.eks_cluster.module.kubeflow_components.module.kubeflow_kserve.module.helm_addon.module.irsa.aws_iam_role_policy_attachment.irsa",
            "module.eks_cluster.module.kubeflow_components.module.kubeflow_kserve.module.helm_addon.module.irsa.kubernetes_namespace_v1.irsa",
            "module.eks_cluster.module.kubeflow_components.module.kubeflow_kserve.module.helm_addon.module.irsa.kubernetes_secret_v1.irsa",
            "module.eks_cluster.module.kubeflow_components.module.kubeflow_kserve.module.helm_addon.module.irsa.kubernetes_service_account_v1.irsa",
            "module.eks_cluster.module.kubeflow_components.module.kubeflow_models_web_app.module.helm_addon.helm_release.addon",
            "module.eks_cluster.module.kubeflow_components.module.kubeflow_models_web_app.module.helm_addon.module.irsa.aws_iam_role.irsa",
            "module.eks_cluster.module.kubeflow_components.module.kubeflow_models_web_app.module.helm_addon.module.irsa.aws_iam_role_policy_attachment.irsa",
            "module.eks_cluster.module.kubeflow_components.module.kubeflow_models_web_app.module.helm_addon.module.irsa.kubernetes_namespace_v1.irsa",
            "module.eks_cluster.module.kubeflow_components.module.kubeflow_models_web_app.module.helm_addon.module.irsa.kubernetes_secret_v1.irsa",
            "module.eks_cluster.module.kubeflow_components.module.kubeflow_models_web_app.module.helm_addon.module.irsa.kubernetes_service_account_v1.irsa",
            "module.eks_cluster.module.kubeflow_components.module.kubeflow_notebook_controller.module.helm_addon.module.irsa.aws_iam_role.irsa",
            "module.eks_cluster.module.kubeflow_components.module.kubeflow_notebook_controller.module.helm_addon.module.irsa.aws_iam_role_policy_attachment.irsa",
            "module.eks_cluster.module.kubeflow_components.module.kubeflow_notebook_controller.module.helm_addon.module.irsa.kubernetes_namespace_v1.irsa",
            "module.eks_cluster.module.kubeflow_components.module.kubeflow_notebook_controller.module.helm_addon.module.irsa.kubernetes_secret_v1.irsa",
            "module.eks_cluster.module.kubeflow_components.module.kubeflow_notebook_controller.module.helm_addon.module.irsa.kubernetes_service_account_v1.irsa",
            "module.eks_cluster.module.kubeflow_components.module.kubeflow_oidc_authservice.module.helm_addon.helm_release.addon",
            "module.eks_cluster.module.kubeflow_components.module.kubeflow_oidc_authservice.module.helm_addon.module.irsa.aws_iam_role.irsa",
            "module.eks_cluster.module.kubeflow_components.module.kubeflow_oidc_authservice.module.helm_addon.module.irsa.aws_iam_role_policy_attachment.irsa",
            "module.eks_cluster.module.kubeflow_components.module.kubeflow_oidc_authservice.module.helm_addon.module.irsa.kubernetes_namespace_v1.irsa",
            "module.eks_cluster.module.kubeflow_components.module.kubeflow_oidc_authservice.module.helm_addon.module.irsa.kubernetes_secret_v1.irsa",
            "module.eks_cluster.module.kubeflow_components.module.kubeflow_oidc_authservice.module.helm_addon.module.irsa.kubernetes_service_account_v1.irsa",
            "module.eks_cluster.module.kubeflow_components.module.kubeflow_pipelines.module.helm_addon.helm_release.addon",
            "module.eks_cluster.module.kubeflow_components.module.kubeflow_pipelines.module.helm_addon.module.irsa.aws_iam_role.irsa",
            "module.eks_cluster.module.kubeflow_components.module.kubeflow_pipelines.module.helm_addon.module.irsa.aws_iam_role_policy_attachment.irsa",
            "module.eks_cluster.module.kubeflow_components.module.kubeflow_pipelines.module.helm_addon.module.irsa.kubernetes_namespace_v1.irsa",
            "module.eks_cluster.module.kubeflow_components.module.kubeflow_pipelines.module.helm_addon.module.irsa.kubernetes_secret_v1.irsa",
            "module.eks_cluster.module.kubeflow_components.module.kubeflow_pipelines.module.helm_addon.module.irsa.kubernetes_service_account_v1.irsa",
            "module.eks_cluster.module.kubeflow_components.module.kubeflow_roles.module.helm_addon.helm_release.addon",
            "module.eks_cluster.module.kubeflow_components.module.kubeflow_roles.module.helm_addon.module.irsa.aws_iam_role.irsa",
            "module.eks_cluster.module.kubeflow_components.module.kubeflow_roles.module.helm_addon.module.irsa.aws_iam_role_policy_attachment.irsa",
            "module.eks_cluster.module.kubeflow_components.module.kubeflow_roles.module.helm_addon.module.irsa.kubernetes_namespace_v1.irsa",
            "module.eks_cluster.module.kubeflow_components.module.kubeflow_roles.module.helm_addon.module.irsa.kubernetes_secret_v1.irsa",
            "module.eks_cluster.module.kubeflow_components.module.kubeflow_roles.module.helm_addon.module.irsa.kubernetes_service_account_v1.irsa"
          ]
        }
      ]
    },
    {
      "module": "module.eks_cluster.module.kubeflow_components.module.kubeflow_oidc_authservice.module.helm_addon",
      "mode": "managed",
      "type": "helm_release",
      "name": "addon",
      "provider": "provider[\"registry.terraform.io/hashicorp/helm\"]",
      "instances": [
        {
          "index_key": 0,
          "schema_version": 1,
          "attributes": {
            "atomic": false,
            "chart": "../eks_cluster/KubeflowComponents/charts/kubeflow-oidc-auth",
            "cleanup_on_fail": false,
            "create_namespace": false,
            "dependency_update": false,
            "description": "",
            "devel": null,
            "disable_crd_hooks": false,
            "disable_openapi_validation": false,
            "disable_webhooks": false,
            "force_update": false,
            "id": "oidc-authservice",
            "keyring": "",
            "lint": false,
            "manifest": null,
            "max_history": 0,
            "metadata": [
              {
                "app_version": "0.2.0",
                "chart": "oidc-authservice",
                "name": "oidc-authservice",
                "namespace": "default",
                "revision": 1,
                "values": "{}",
                "version": "0.2.0"
              }
            ],
            "name": "oidc-authservice",
            "namespace": "default",
            "pass_credentials": false,
            "postrender": [
              {
                "args": [],
                "binary_path": ""
              }
            ],
            "recreate_pods": false,
            "render_subchart_notes": true,
            "replace": false,
            "repository": null,
            "repository_ca_file": null,
            "repository_cert_file": "",
            "repository_key_file": "",
            "repository_password": "",
            "repository_username": "",
            "reset_values": false,
            "reuse_values": false,
            "set": [],
            "set_list": [],
            "set_sensitive": [],
            "skip_crds": false,
            "status": "deployed",
            "timeout": 600,
            "values": [],
            "verify": false,
            "version": "0.2.0",
            "wait": true,
            "wait_for_jobs": false
          },
          "sensitive_attributes": [],
          "private": "eyJzY2hlbWFfdmVyc2lvbiI6IjEifQ==",
          "dependencies": [
            "module.eks_cluster.data.aws_caller_identity.current",
            "module.eks_cluster.data.aws_partition.current",
            "module.eks_cluster.data.aws_region.current",
            "module.eks_cluster.data.aws_subnets.private",
            "module.eks_cluster.data.aws_vpc.vpc",
            "module.eks_cluster.module.eks.aws_cloudwatch_log_group.this",
            "module.eks_cluster.module.eks.aws_eks_cluster.this",
            "module.eks_cluster.module.eks.aws_iam_openid_connect_provider.oidc_provider",
            "module.eks_cluster.module.eks.aws_iam_policy.cni_ipv6_policy",
            "module.eks_cluster.module.eks.aws_iam_role.this",
            "module.eks_cluster.module.eks.aws_iam_role_policy_attachment.this",
            "module.eks_cluster.module.eks.aws_security_group.cluster",
            "module.eks_cluster.module.eks.aws_security_group.node",
            "module.eks_cluster.module.eks.aws_security_group_rule.cluster",
            "module.eks_cluster.module.eks.aws_security_group_rule.node",
            "module.eks_cluster.module.eks.data.aws_caller_identity.current",
            "module.eks_cluster.module.eks.data.aws_iam_policy_document.assume_role_policy",
            "module.eks_cluster.module.eks.data.aws_iam_policy_document.cni_ipv6_policy",
            "module.eks_cluster.module.eks.data.aws_iam_session_context.current",
            "module.eks_cluster.module.eks.data.aws_partition.current",
            "module.eks_cluster.module.eks.data.tls_certificate.this",
            "module.eks_cluster.module.eks.module.kms.aws_kms_external_key.this",
            "module.eks_cluster.module.eks.module.kms.aws_kms_key.this",
            "module.eks_cluster.module.eks.module.kms.data.aws_caller_identity.current",
            "module.eks_cluster.module.eks.module.kms.data.aws_iam_policy_document.this",
            "module.eks_cluster.module.eks.module.kms.data.aws_partition.current",
            "module.eks_cluster.module.kubeflow_components.kubernetes_namespace.kubeflow",
            "module.eks_cluster.module.kubeflow_components.module.kubeflow_dex.module.helm_addon.helm_release.addon",
            "module.eks_cluster.module.kubeflow_components.module.kubeflow_dex.module.helm_addon.module.irsa.aws_iam_role.irsa",
            "module.eks_cluster.module.kubeflow_components.module.kubeflow_dex.module.helm_addon.module.irsa.aws_iam_role_policy_attachment.irsa",
            "module.eks_cluster.module.kubeflow_components.module.kubeflow_dex.module.helm_addon.module.irsa.kubernetes_namespace_v1.irsa",
            "module.eks_cluster.module.kubeflow_components.module.kubeflow_dex.module.helm_addon.module.irsa.kubernetes_secret_v1.irsa",
            "module.eks_cluster.module.kubeflow_components.module.kubeflow_dex.module.helm_addon.module.irsa.kubernetes_service_account_v1.irsa",
            "module.eks_cluster.module.kubeflow_components.module.kubeflow_issuer.module.helm_addon.helm_release.addon",
            "module.eks_cluster.module.kubeflow_components.module.kubeflow_issuer.module.helm_addon.module.irsa.aws_iam_role.irsa",
            "module.eks_cluster.module.kubeflow_components.module.kubeflow_issuer.module.helm_addon.module.irsa.aws_iam_role_policy_attachment.irsa",
            "module.eks_cluster.module.kubeflow_components.module.kubeflow_issuer.module.helm_addon.module.irsa.kubernetes_namespace_v1.irsa",
            "module.eks_cluster.module.kubeflow_components.module.kubeflow_issuer.module.helm_addon.module.irsa.kubernetes_secret_v1.irsa",
            "module.eks_cluster.module.kubeflow_components.module.kubeflow_issuer.module.helm_addon.module.irsa.kubernetes_service_account_v1.irsa",
            "module.eks_cluster.module.kubeflow_components.module.kubeflow_istio.module.helm_addon.helm_release.addon",
            "module.eks_cluster.module.kubeflow_components.module.kubeflow_istio.module.helm_addon.module.irsa.aws_iam_role.irsa",
            "module.eks_cluster.module.kubeflow_components.module.kubeflow_istio.module.helm_addon.module.irsa.aws_iam_role_policy_attachment.irsa",
            "module.eks_cluster.module.kubeflow_components.module.kubeflow_istio.module.helm_addon.module.irsa.kubernetes_namespace_v1.irsa",
            "module.eks_cluster.module.kubeflow_components.module.kubeflow_istio.module.helm_addon.module.irsa.kubernetes_secret_v1.irsa",
            "module.eks_cluster.module.kubeflow_components.module.kubeflow_istio.module.helm_addon.module.irsa.kubernetes_service_account_v1.irsa",
            "module.eks_cluster.module.kubeflow_components.module.kubeflow_oidc_authservice.module.helm_addon.module.irsa.aws_iam_role.irsa",
            "module.eks_cluster.module.kubeflow_components.module.kubeflow_oidc_authservice.module.helm_addon.module.irsa.aws_iam_role_policy_attachment.irsa",
            "module.eks_cluster.module.kubeflow_components.module.kubeflow_oidc_authservice.module.helm_addon.module.irsa.kubernetes_namespace_v1.irsa",
            "module.eks_cluster.module.kubeflow_components.module.kubeflow_oidc_authservice.module.helm_addon.module.irsa.kubernetes_secret_v1.irsa",
            "module.eks_cluster.module.kubeflow_components.module.kubeflow_oidc_authservice.module.helm_addon.module.irsa.kubernetes_service_account_v1.irsa"
          ]
        }
      ]
    },
    {
      "module": "module.eks_cluster.module.kubeflow_components.module.kubeflow_pipelines.module.helm_addon",
      "mode": "managed",
      "type": "helm_release",
      "name": "addon",
      "provider": "provider[\"registry.terraform.io/hashicorp/helm\"]",
      "instances": [
        {
          "index_key": 0,
          "schema_version": 1,
          "attributes": {
            "atomic": false,
            "chart": "../eks_cluster/KubeflowComponents/charts/kubeflow-pipelines",
            "cleanup_on_fail": false,
            "create_namespace": false,
            "dependency_update": false,
            "description": "",
            "devel": null,
            "disable_crd_hooks": false,
            "disable_openapi_validation": false,
            "disable_webhooks": false,
            "force_update": false,
            "id": "kubeflow-pipelines",
            "keyring": "",
            "lint": false,
            "manifest": null,
            "max_history": 0,
            "metadata": [
              {
                "app_version": "2.0.0-alpha.7",
                "chart": "kubeflow-pipelines",
                "name": "kubeflow-pipelines",
                "namespace": "default",
                "revision": 1,
                "values": "{}",
                "version": "0.2.1"
              }
            ],
            "name": "kubeflow-pipelines",
            "namespace": "default",
            "pass_credentials": false,
            "postrender": [
              {
                "args": [],
                "binary_path": ""
              }
            ],
            "recreate_pods": false,
            "render_subchart_notes": true,
            "replace": false,
            "repository": null,
            "repository_ca_file": null,
            "repository_cert_file": "",
            "repository_key_file": "",
            "repository_password": "",
            "repository_username": "",
            "reset_values": false,
            "reuse_values": false,
            "set": [],
            "set_list": [],
            "set_sensitive": [],
            "skip_crds": false,
            "status": "deployed",
            "timeout": 600,
            "values": [],
            "verify": false,
            "version": "0.2.1",
            "wait": true,
            "wait_for_jobs": false
          },
          "sensitive_attributes": [],
          "private": "eyJzY2hlbWFfdmVyc2lvbiI6IjEifQ==",
          "dependencies": [
            "module.eks_cluster.data.aws_caller_identity.current",
            "module.eks_cluster.data.aws_partition.current",
            "module.eks_cluster.data.aws_region.current",
            "module.eks_cluster.data.aws_subnets.private",
            "module.eks_cluster.data.aws_vpc.vpc",
            "module.eks_cluster.module.eks.aws_cloudwatch_log_group.this",
            "module.eks_cluster.module.eks.aws_eks_cluster.this",
            "module.eks_cluster.module.eks.aws_iam_openid_connect_provider.oidc_provider",
            "module.eks_cluster.module.eks.aws_iam_policy.cni_ipv6_policy",
            "module.eks_cluster.module.eks.aws_iam_role.this",
            "module.eks_cluster.module.eks.aws_iam_role_policy_attachment.this",
            "module.eks_cluster.module.eks.aws_security_group.cluster",
            "module.eks_cluster.module.eks.aws_security_group.node",
            "module.eks_cluster.module.eks.aws_security_group_rule.cluster",
            "module.eks_cluster.module.eks.aws_security_group_rule.node",
            "module.eks_cluster.module.eks.data.aws_caller_identity.current",
            "module.eks_cluster.module.eks.data.aws_iam_policy_document.assume_role_policy",
            "module.eks_cluster.module.eks.data.aws_iam_policy_document.cni_ipv6_policy",
            "module.eks_cluster.module.eks.data.aws_iam_session_context.current",
            "module.eks_cluster.module.eks.data.aws_partition.current",
            "module.eks_cluster.module.eks.data.tls_certificate.this",
            "module.eks_cluster.module.eks.module.kms.aws_kms_external_key.this",
            "module.eks_cluster.module.eks.module.kms.aws_kms_key.this",
            "module.eks_cluster.module.eks.module.kms.data.aws_caller_identity.current",
            "module.eks_cluster.module.eks.module.kms.data.aws_iam_policy_document.this",
            "module.eks_cluster.module.eks.module.kms.data.aws_partition.current",
            "module.eks_cluster.module.kubeflow_components.kubernetes_namespace.kubeflow",
            "module.eks_cluster.module.kubeflow_components.module.kubeflow_cluster_local_gateway.module.helm_addon.helm_release.addon",
            "module.eks_cluster.module.kubeflow_components.module.kubeflow_cluster_local_gateway.module.helm_addon.module.irsa.aws_iam_role.irsa",
            "module.eks_cluster.module.kubeflow_components.module.kubeflow_cluster_local_gateway.module.helm_addon.module.irsa.aws_iam_role_policy_attachment.irsa",
            "module.eks_cluster.module.kubeflow_components.module.kubeflow_cluster_local_gateway.module.helm_addon.module.irsa.kubernetes_namespace_v1.irsa",
            "module.eks_cluster.module.kubeflow_components.module.kubeflow_cluster_local_gateway.module.helm_addon.module.irsa.kubernetes_secret_v1.irsa",
            "module.eks_cluster.module.kubeflow_components.module.kubeflow_cluster_local_gateway.module.helm_addon.module.irsa.kubernetes_service_account_v1.irsa",
            "module.eks_cluster.module.kubeflow_components.module.kubeflow_dex.module.helm_addon.helm_release.addon",
            "module.eks_cluster.module.kubeflow_components.module.kubeflow_dex.module.helm_addon.module.irsa.aws_iam_role.irsa",
            "module.eks_cluster.module.kubeflow_components.module.kubeflow_dex.module.helm_addon.module.irsa.aws_iam_role_policy_attachment.irsa",
            "module.eks_cluster.module.kubeflow_components.module.kubeflow_dex.module.helm_addon.module.irsa.kubernetes_namespace_v1.irsa",
            "module.eks_cluster.module.kubeflow_components.module.kubeflow_dex.module.helm_addon.module.irsa.kubernetes_secret_v1.irsa",
            "module.eks_cluster.module.kubeflow_components.module.kubeflow_dex.module.helm_addon.module.irsa.kubernetes_service_account_v1.irsa",
            "module.eks_cluster.module.kubeflow_components.module.kubeflow_issuer.module.helm_addon.helm_release.addon",
            "module.eks_cluster.module.kubeflow_components.module.kubeflow_issuer.module.helm_addon.module.irsa.aws_iam_role.irsa",
            "module.eks_cluster.module.kubeflow_components.module.kubeflow_issuer.module.helm_addon.module.irsa.aws_iam_role_policy_attachment.irsa",
            "module.eks_cluster.module.kubeflow_components.module.kubeflow_issuer.module.helm_addon.module.irsa.kubernetes_namespace_v1.irsa",
            "module.eks_cluster.module.kubeflow_components.module.kubeflow_issuer.module.helm_addon.module.irsa.kubernetes_secret_v1.irsa",
            "module.eks_cluster.module.kubeflow_components.module.kubeflow_issuer.module.helm_addon.module.irsa.kubernetes_service_account_v1.irsa",
            "module.eks_cluster.module.kubeflow_components.module.kubeflow_istio.module.helm_addon.helm_release.addon",
            "module.eks_cluster.module.kubeflow_components.module.kubeflow_istio.module.helm_addon.module.irsa.aws_iam_role.irsa",
            "module.eks_cluster.module.kubeflow_components.module.kubeflow_istio.module.helm_addon.module.irsa.aws_iam_role_policy_attachment.irsa",
            "module.eks_cluster.module.kubeflow_components.module.kubeflow_istio.module.helm_addon.module.irsa.kubernetes_namespace_v1.irsa",
            "module.eks_cluster.module.kubeflow_components.module.kubeflow_istio.module.helm_addon.module.irsa.kubernetes_secret_v1.irsa",
            "module.eks_cluster.module.kubeflow_components.module.kubeflow_istio.module.helm_addon.module.irsa.kubernetes_service_account_v1.irsa",
            "module.eks_cluster.module.kubeflow_components.module.kubeflow_istio_resources.module.helm_addon.helm_release.addon",
            "module.eks_cluster.module.kubeflow_components.module.kubeflow_istio_resources.module.helm_addon.module.irsa.aws_iam_role.irsa",
            "module.eks_cluster.module.kubeflow_components.module.kubeflow_istio_resources.module.helm_addon.module.irsa.aws_iam_role_policy_attachment.irsa",
            "module.eks_cluster.module.kubeflow_components.module.kubeflow_istio_resources.module.helm_addon.module.irsa.kubernetes_namespace_v1.irsa",
            "module.eks_cluster.module.kubeflow_components.module.kubeflow_istio_resources.module.helm_addon.module.irsa.kubernetes_secret_v1.irsa",
            "module.eks_cluster.module.kubeflow_components.module.kubeflow_istio_resources.module.helm_addon.module.irsa.kubernetes_service_account_v1.irsa",
            "module.eks_cluster.module.kubeflow_components.module.kubeflow_knative_eventing.module.helm_addon.helm_release.addon",
            "module.eks_cluster.module.kubeflow_components.module.kubeflow_knative_eventing.module.helm_addon.module.irsa.aws_iam_role.irsa",
            "module.eks_cluster.module.kubeflow_components.module.kubeflow_knative_eventing.module.helm_addon.module.irsa.aws_iam_role_policy_attachment.irsa",
            "module.eks_cluster.module.kubeflow_components.module.kubeflow_knative_eventing.module.helm_addon.module.irsa.kubernetes_namespace_v1.irsa",
            "module.eks_cluster.module.kubeflow_components.module.kubeflow_knative_eventing.module.helm_addon.module.irsa.kubernetes_secret_v1.irsa",
            "module.eks_cluster.module.kubeflow_components.module.kubeflow_knative_eventing.module.helm_addon.module.irsa.kubernetes_service_account_v1.irsa",
            "module.eks_cluster.module.kubeflow_components.module.kubeflow_knative_serving.module.helm_addon.helm_release.addon",
            "module.eks_cluster.module.kubeflow_components.module.kubeflow_knative_serving.module.helm_addon.module.irsa.aws_iam_role.irsa",
            "module.eks_cluster.module.kubeflow_components.module.kubeflow_knative_serving.module.helm_addon.module.irsa.aws_iam_role_policy_attachment.irsa",
            "module.eks_cluster.module.kubeflow_components.module.kubeflow_knative_serving.module.helm_addon.module.irsa.kubernetes_namespace_v1.irsa",
            "module.eks_cluster.module.kubeflow_components.module.kubeflow_knative_serving.module.helm_addon.module.irsa.kubernetes_secret_v1.irsa",
            "module.eks_cluster.module.kubeflow_components.module.kubeflow_knative_serving.module.helm_addon.module.irsa.kubernetes_service_account_v1.irsa",
            "module.eks_cluster.module.kubeflow_components.module.kubeflow_oidc_authservice.module.helm_addon.helm_release.addon",
            "module.eks_cluster.module.kubeflow_components.module.kubeflow_oidc_authservice.module.helm_addon.module.irsa.aws_iam_role.irsa",
            "module.eks_cluster.module.kubeflow_components.module.kubeflow_oidc_authservice.module.helm_addon.module.irsa.aws_iam_role_policy_attachment.irsa",
            "module.eks_cluster.module.kubeflow_components.module.kubeflow_oidc_authservice.module.helm_addon.module.irsa.kubernetes_namespace_v1.irsa",
            "module.eks_cluster.module.kubeflow_components.module.kubeflow_oidc_authservice.module.helm_addon.module.irsa.kubernetes_secret_v1.irsa",
            "module.eks_cluster.module.kubeflow_components.module.kubeflow_oidc_authservice.module.helm_addon.module.irsa.kubernetes_service_account_v1.irsa",
            "module.eks_cluster.module.kubeflow_components.module.kubeflow_pipelines.module.helm_addon.module.irsa.aws_iam_role.irsa",
            "module.eks_cluster.module.kubeflow_components.module.kubeflow_pipelines.module.helm_addon.module.irsa.aws_iam_role_policy_attachment.irsa",
            "module.eks_cluster.module.kubeflow_components.module.kubeflow_pipelines.module.helm_addon.module.irsa.kubernetes_namespace_v1.irsa",
            "module.eks_cluster.module.kubeflow_components.module.kubeflow_pipelines.module.helm_addon.module.irsa.kubernetes_secret_v1.irsa",
            "module.eks_cluster.module.kubeflow_components.module.kubeflow_pipelines.module.helm_addon.module.irsa.kubernetes_service_account_v1.irsa",
            "module.eks_cluster.module.kubeflow_components.module.kubeflow_roles.module.helm_addon.helm_release.addon",
            "module.eks_cluster.module.kubeflow_components.module.kubeflow_roles.module.helm_addon.module.irsa.aws_iam_role.irsa",
            "module.eks_cluster.module.kubeflow_components.module.kubeflow_roles.module.helm_addon.module.irsa.aws_iam_role_policy_attachment.irsa",
            "module.eks_cluster.module.kubeflow_components.module.kubeflow_roles.module.helm_addon.module.irsa.kubernetes_namespace_v1.irsa",
            "module.eks_cluster.module.kubeflow_components.module.kubeflow_roles.module.helm_addon.module.irsa.kubernetes_secret_v1.irsa",
            "module.eks_cluster.module.kubeflow_components.module.kubeflow_roles.module.helm_addon.module.irsa.kubernetes_service_account_v1.irsa"
          ]
        }
      ]
    },
    {
      "module": "module.eks_cluster.module.kubeflow_components.module.kubeflow_profiles_and_kfam",
      "mode": "managed",
      "type": "aws_iam_policy",
      "name": "profile_controller_policy",
      "provider": "provider[\"registry.terraform.io/hashicorp/aws\"]",
      "instances": [
        {
          "schema_version": 0,
          "attributes": {
            "arn": "arn:aws:iam::268050465834:policy/profile-controller-policy20231030225625916600000001",
            "description": "IAM policy for the kubeflow pipelines profile controller",
            "id": "arn:aws:iam::268050465834:policy/profile-controller-policy20231030225625916600000001",
            "name": "profile-controller-policy20231030225625916600000001",
            "name_prefix": "profile-controller-policy",
            "path": "/",
            "policy": "{\"Statement\":[{\"Action\":[\"iam:GetRole\",\"iam:UpdateAssumeRolePolicy\"],\"Effect\":\"Allow\",\"Resource\":\"*\",\"Sid\":\"VisualEditor0\"}],\"Version\":\"2012-10-17\"}",
            "policy_id": "ANPAT42INQQVI47OPYOOW",
            "tags": {},
            "tags_all": {}
          },
          "sensitive_attributes": [],
          "private": "bnVsbA==",
          "dependencies": [
            "module.eks_cluster.data.aws_caller_identity.current",
            "module.eks_cluster.data.aws_partition.current",
            "module.eks_cluster.data.aws_region.current",
            "module.eks_cluster.data.aws_subnets.private",
            "module.eks_cluster.data.aws_vpc.vpc",
            "module.eks_cluster.module.eks.aws_cloudwatch_log_group.this",
            "module.eks_cluster.module.eks.aws_eks_cluster.this",
            "module.eks_cluster.module.eks.aws_iam_openid_connect_provider.oidc_provider",
            "module.eks_cluster.module.eks.aws_iam_policy.cni_ipv6_policy",
            "module.eks_cluster.module.eks.aws_iam_role.this",
            "module.eks_cluster.module.eks.aws_iam_role_policy_attachment.this",
            "module.eks_cluster.module.eks.aws_security_group.cluster",
            "module.eks_cluster.module.eks.aws_security_group.node",
            "module.eks_cluster.module.eks.aws_security_group_rule.cluster",
            "module.eks_cluster.module.eks.aws_security_group_rule.node",
            "module.eks_cluster.module.eks.data.aws_caller_identity.current",
            "module.eks_cluster.module.eks.data.aws_iam_policy_document.assume_role_policy",
            "module.eks_cluster.module.eks.data.aws_iam_policy_document.cni_ipv6_policy",
            "module.eks_cluster.module.eks.data.aws_iam_session_context.current",
            "module.eks_cluster.module.eks.data.aws_partition.current",
            "module.eks_cluster.module.eks.data.tls_certificate.this",
            "module.eks_cluster.module.eks.module.kms.aws_kms_external_key.this",
            "module.eks_cluster.module.eks.module.kms.aws_kms_key.this",
            "module.eks_cluster.module.eks.module.kms.data.aws_caller_identity.current",
            "module.eks_cluster.module.eks.module.kms.data.aws_iam_policy_document.this",
            "module.eks_cluster.module.eks.module.kms.data.aws_partition.current",
            "module.eks_cluster.module.kubeflow_components.kubernetes_namespace.kubeflow",
            "module.eks_cluster.module.kubeflow_components.module.kubeflow_admission_webhook.module.helm_addon.helm_release.addon",
            "module.eks_cluster.module.kubeflow_components.module.kubeflow_admission_webhook.module.helm_addon.module.irsa.aws_iam_role.irsa",
            "module.eks_cluster.module.kubeflow_components.module.kubeflow_admission_webhook.module.helm_addon.module.irsa.aws_iam_role_policy_attachment.irsa",
            "module.eks_cluster.module.kubeflow_components.module.kubeflow_admission_webhook.module.helm_addon.module.irsa.kubernetes_namespace_v1.irsa",
            "module.eks_cluster.module.kubeflow_components.module.kubeflow_admission_webhook.module.helm_addon.module.irsa.kubernetes_secret_v1.irsa",
            "module.eks_cluster.module.kubeflow_components.module.kubeflow_admission_webhook.module.helm_addon.module.irsa.kubernetes_service_account_v1.irsa",
            "module.eks_cluster.module.kubeflow_components.module.kubeflow_central_dashboard.module.helm_addon.helm_release.addon",
            "module.eks_cluster.module.kubeflow_components.module.kubeflow_central_dashboard.module.helm_addon.module.irsa.aws_iam_role.irsa",
            "module.eks_cluster.module.kubeflow_components.module.kubeflow_central_dashboard.module.helm_addon.module.irsa.aws_iam_role_policy_attachment.irsa",
            "module.eks_cluster.module.kubeflow_components.module.kubeflow_central_dashboard.module.helm_addon.module.irsa.kubernetes_namespace_v1.irsa",
            "module.eks_cluster.module.kubeflow_components.module.kubeflow_central_dashboard.module.helm_addon.module.irsa.kubernetes_secret_v1.irsa",
            "module.eks_cluster.module.kubeflow_components.module.kubeflow_central_dashboard.module.helm_addon.module.irsa.kubernetes_service_account_v1.irsa",
            "module.eks_cluster.module.kubeflow_components.module.kubeflow_cluster_local_gateway.module.helm_addon.helm_release.addon",
            "module.eks_cluster.module.kubeflow_components.module.kubeflow_cluster_local_gateway.module.helm_addon.module.irsa.aws_iam_role.irsa",
            "module.eks_cluster.module.kubeflow_components.module.kubeflow_cluster_local_gateway.module.helm_addon.module.irsa.aws_iam_role_policy_attachment.irsa",
            "module.eks_cluster.module.kubeflow_components.module.kubeflow_cluster_local_gateway.module.helm_addon.module.irsa.kubernetes_namespace_v1.irsa",
            "module.eks_cluster.module.kubeflow_components.module.kubeflow_cluster_local_gateway.module.helm_addon.module.irsa.kubernetes_secret_v1.irsa",
            "module.eks_cluster.module.kubeflow_components.module.kubeflow_cluster_local_gateway.module.helm_addon.module.irsa.kubernetes_service_account_v1.irsa",
            "module.eks_cluster.module.kubeflow_components.module.kubeflow_dex.module.helm_addon.helm_release.addon",
            "module.eks_cluster.module.kubeflow_components.module.kubeflow_dex.module.helm_addon.module.irsa.aws_iam_role.irsa",
            "module.eks_cluster.module.kubeflow_components.module.kubeflow_dex.module.helm_addon.module.irsa.aws_iam_role_policy_attachment.irsa",
            "module.eks_cluster.module.kubeflow_components.module.kubeflow_dex.module.helm_addon.module.irsa.kubernetes_namespace_v1.irsa",
            "module.eks_cluster.module.kubeflow_components.module.kubeflow_dex.module.helm_addon.module.irsa.kubernetes_secret_v1.irsa",
            "module.eks_cluster.module.kubeflow_components.module.kubeflow_dex.module.helm_addon.module.irsa.kubernetes_service_account_v1.irsa",
            "module.eks_cluster.module.kubeflow_components.module.kubeflow_issuer.module.helm_addon.helm_release.addon",
            "module.eks_cluster.module.kubeflow_components.module.kubeflow_issuer.module.helm_addon.module.irsa.aws_iam_role.irsa",
            "module.eks_cluster.module.kubeflow_components.module.kubeflow_issuer.module.helm_addon.module.irsa.aws_iam_role_policy_attachment.irsa",
            "module.eks_cluster.module.kubeflow_components.module.kubeflow_issuer.module.helm_addon.module.irsa.kubernetes_namespace_v1.irsa",
            "module.eks_cluster.module.kubeflow_components.module.kubeflow_issuer.module.helm_addon.module.irsa.kubernetes_secret_v1.irsa",
            "module.eks_cluster.module.kubeflow_components.module.kubeflow_issuer.module.helm_addon.module.irsa.kubernetes_service_account_v1.irsa",
            "module.eks_cluster.module.kubeflow_components.module.kubeflow_istio.module.helm_addon.helm_release.addon",
            "module.eks_cluster.module.kubeflow_components.module.kubeflow_istio.module.helm_addon.module.irsa.aws_iam_role.irsa",
            "module.eks_cluster.module.kubeflow_components.module.kubeflow_istio.module.helm_addon.module.irsa.aws_iam_role_policy_attachment.irsa",
            "module.eks_cluster.module.kubeflow_components.module.kubeflow_istio.module.helm_addon.module.irsa.kubernetes_namespace_v1.irsa",
            "module.eks_cluster.module.kubeflow_components.module.kubeflow_istio.module.helm_addon.module.irsa.kubernetes_secret_v1.irsa",
            "module.eks_cluster.module.kubeflow_components.module.kubeflow_istio.module.helm_addon.module.irsa.kubernetes_service_account_v1.irsa",
            "module.eks_cluster.module.kubeflow_components.module.kubeflow_istio_resources.module.helm_addon.helm_release.addon",
            "module.eks_cluster.module.kubeflow_components.module.kubeflow_istio_resources.module.helm_addon.module.irsa.aws_iam_role.irsa",
            "module.eks_cluster.module.kubeflow_components.module.kubeflow_istio_resources.module.helm_addon.module.irsa.aws_iam_role_policy_attachment.irsa",
            "module.eks_cluster.module.kubeflow_components.module.kubeflow_istio_resources.module.helm_addon.module.irsa.kubernetes_namespace_v1.irsa",
            "module.eks_cluster.module.kubeflow_components.module.kubeflow_istio_resources.module.helm_addon.module.irsa.kubernetes_secret_v1.irsa",
            "module.eks_cluster.module.kubeflow_components.module.kubeflow_istio_resources.module.helm_addon.module.irsa.kubernetes_service_account_v1.irsa",
            "module.eks_cluster.module.kubeflow_components.module.kubeflow_jupyter_web_app.module.helm_addon.helm_release.addon",
            "module.eks_cluster.module.kubeflow_components.module.kubeflow_jupyter_web_app.module.helm_addon.module.irsa.aws_iam_role.irsa",
            "module.eks_cluster.module.kubeflow_components.module.kubeflow_jupyter_web_app.module.helm_addon.module.irsa.aws_iam_role_policy_attachment.irsa",
            "module.eks_cluster.module.kubeflow_components.module.kubeflow_jupyter_web_app.module.helm_addon.module.irsa.kubernetes_namespace_v1.irsa",
            "module.eks_cluster.module.kubeflow_components.module.kubeflow_jupyter_web_app.module.helm_addon.module.irsa.kubernetes_secret_v1.irsa",
            "module.eks_cluster.module.kubeflow_components.module.kubeflow_jupyter_web_app.module.helm_addon.module.irsa.kubernetes_service_account_v1.irsa",
            "module.eks_cluster.module.kubeflow_components.module.kubeflow_katib.module.helm_addon.helm_release.addon",
            "module.eks_cluster.module.kubeflow_components.module.kubeflow_katib.module.helm_addon.module.irsa.aws_iam_role.irsa",
            "module.eks_cluster.module.kubeflow_components.module.kubeflow_katib.module.helm_addon.module.irsa.aws_iam_role_policy_attachment.irsa",
            "module.eks_cluster.module.kubeflow_components.module.kubeflow_katib.module.helm_addon.module.irsa.kubernetes_namespace_v1.irsa",
            "module.eks_cluster.module.kubeflow_components.module.kubeflow_katib.module.helm_addon.module.irsa.kubernetes_secret_v1.irsa",
            "module.eks_cluster.module.kubeflow_components.module.kubeflow_katib.module.helm_addon.module.irsa.kubernetes_service_account_v1.irsa",
            "module.eks_cluster.module.kubeflow_components.module.kubeflow_knative_eventing.module.helm_addon.helm_release.addon",
            "module.eks_cluster.module.kubeflow_components.module.kubeflow_knative_eventing.module.helm_addon.module.irsa.aws_iam_role.irsa",
            "module.eks_cluster.module.kubeflow_components.module.kubeflow_knative_eventing.module.helm_addon.module.irsa.aws_iam_role_policy_attachment.irsa",
            "module.eks_cluster.module.kubeflow_components.module.kubeflow_knative_eventing.module.helm_addon.module.irsa.kubernetes_namespace_v1.irsa",
            "module.eks_cluster.module.kubeflow_components.module.kubeflow_knative_eventing.module.helm_addon.module.irsa.kubernetes_secret_v1.irsa",
            "module.eks_cluster.module.kubeflow_components.module.kubeflow_knative_eventing.module.helm_addon.module.irsa.kubernetes_service_account_v1.irsa",
            "module.eks_cluster.module.kubeflow_components.module.kubeflow_knative_serving.module.helm_addon.helm_release.addon",
            "module.eks_cluster.module.kubeflow_components.module.kubeflow_knative_serving.module.helm_addon.module.irsa.aws_iam_role.irsa",
            "module.eks_cluster.module.kubeflow_components.module.kubeflow_knative_serving.module.helm_addon.module.irsa.aws_iam_role_policy_attachment.irsa",
            "module.eks_cluster.module.kubeflow_components.module.kubeflow_knative_serving.module.helm_addon.module.irsa.kubernetes_namespace_v1.irsa",
            "module.eks_cluster.module.kubeflow_components.module.kubeflow_knative_serving.module.helm_addon.module.irsa.kubernetes_secret_v1.irsa",
            "module.eks_cluster.module.kubeflow_components.module.kubeflow_knative_serving.module.helm_addon.module.irsa.kubernetes_service_account_v1.irsa",
            "module.eks_cluster.module.kubeflow_components.module.kubeflow_kserve.module.helm_addon.helm_release.addon",
            "module.eks_cluster.module.kubeflow_components.module.kubeflow_kserve.module.helm_addon.module.irsa.aws_iam_role.irsa",
            "module.eks_cluster.module.kubeflow_components.module.kubeflow_kserve.module.helm_addon.module.irsa.aws_iam_role_policy_attachment.irsa",
            "module.eks_cluster.module.kubeflow_components.module.kubeflow_kserve.module.helm_addon.module.irsa.kubernetes_namespace_v1.irsa",
            "module.eks_cluster.module.kubeflow_components.module.kubeflow_kserve.module.helm_addon.module.irsa.kubernetes_secret_v1.irsa",
            "module.eks_cluster.module.kubeflow_components.module.kubeflow_kserve.module.helm_addon.module.irsa.kubernetes_service_account_v1.irsa",
            "module.eks_cluster.module.kubeflow_components.module.kubeflow_models_web_app.module.helm_addon.helm_release.addon",
            "module.eks_cluster.module.kubeflow_components.module.kubeflow_models_web_app.module.helm_addon.module.irsa.aws_iam_role.irsa",
            "module.eks_cluster.module.kubeflow_components.module.kubeflow_models_web_app.module.helm_addon.module.irsa.aws_iam_role_policy_attachment.irsa",
            "module.eks_cluster.module.kubeflow_components.module.kubeflow_models_web_app.module.helm_addon.module.irsa.kubernetes_namespace_v1.irsa",
            "module.eks_cluster.module.kubeflow_components.module.kubeflow_models_web_app.module.helm_addon.module.irsa.kubernetes_secret_v1.irsa",
            "module.eks_cluster.module.kubeflow_components.module.kubeflow_models_web_app.module.helm_addon.module.irsa.kubernetes_service_account_v1.irsa",
            "module.eks_cluster.module.kubeflow_components.module.kubeflow_notebook_controller.module.helm_addon.helm_release.addon",
            "module.eks_cluster.module.kubeflow_components.module.kubeflow_notebook_controller.module.helm_addon.module.irsa.aws_iam_role.irsa",
            "module.eks_cluster.module.kubeflow_components.module.kubeflow_notebook_controller.module.helm_addon.module.irsa.aws_iam_role_policy_attachment.irsa",
            "module.eks_cluster.module.kubeflow_components.module.kubeflow_notebook_controller.module.helm_addon.module.irsa.kubernetes_namespace_v1.irsa",
            "module.eks_cluster.module.kubeflow_components.module.kubeflow_notebook_controller.module.helm_addon.module.irsa.kubernetes_secret_v1.irsa",
            "module.eks_cluster.module.kubeflow_components.module.kubeflow_notebook_controller.module.helm_addon.module.irsa.kubernetes_service_account_v1.irsa",
            "module.eks_cluster.module.kubeflow_components.module.kubeflow_oidc_authservice.module.helm_addon.helm_release.addon",
            "module.eks_cluster.module.kubeflow_components.module.kubeflow_oidc_authservice.module.helm_addon.module.irsa.aws_iam_role.irsa",
            "module.eks_cluster.module.kubeflow_components.module.kubeflow_oidc_authservice.module.helm_addon.module.irsa.aws_iam_role_policy_attachment.irsa",
            "module.eks_cluster.module.kubeflow_components.module.kubeflow_oidc_authservice.module.helm_addon.module.irsa.kubernetes_namespace_v1.irsa",
            "module.eks_cluster.module.kubeflow_components.module.kubeflow_oidc_authservice.module.helm_addon.module.irsa.kubernetes_secret_v1.irsa",
            "module.eks_cluster.module.kubeflow_components.module.kubeflow_oidc_authservice.module.helm_addon.module.irsa.kubernetes_service_account_v1.irsa",
            "module.eks_cluster.module.kubeflow_components.module.kubeflow_pipelines.module.helm_addon.helm_release.addon",
            "module.eks_cluster.module.kubeflow_components.module.kubeflow_pipelines.module.helm_addon.module.irsa.aws_iam_role.irsa",
            "module.eks_cluster.module.kubeflow_components.module.kubeflow_pipelines.module.helm_addon.module.irsa.aws_iam_role_policy_attachment.irsa",
            "module.eks_cluster.module.kubeflow_components.module.kubeflow_pipelines.module.helm_addon.module.irsa.kubernetes_namespace_v1.irsa",
            "module.eks_cluster.module.kubeflow_components.module.kubeflow_pipelines.module.helm_addon.module.irsa.kubernetes_secret_v1.irsa",
            "module.eks_cluster.module.kubeflow_components.module.kubeflow_pipelines.module.helm_addon.module.irsa.kubernetes_service_account_v1.irsa",
            "module.eks_cluster.module.kubeflow_components.module.kubeflow_roles.module.helm_addon.helm_release.addon",
            "module.eks_cluster.module.kubeflow_components.module.kubeflow_roles.module.helm_addon.module.irsa.aws_iam_role.irsa",
            "module.eks_cluster.module.kubeflow_components.module.kubeflow_roles.module.helm_addon.module.irsa.aws_iam_role_policy_attachment.irsa",
            "module.eks_cluster.module.kubeflow_components.module.kubeflow_roles.module.helm_addon.module.irsa.kubernetes_namespace_v1.irsa",
            "module.eks_cluster.module.kubeflow_components.module.kubeflow_roles.module.helm_addon.module.irsa.kubernetes_secret_v1.irsa",
            "module.eks_cluster.module.kubeflow_components.module.kubeflow_roles.module.helm_addon.module.irsa.kubernetes_service_account_v1.irsa"
          ]
        }
      ]
    },
    {
      "module": "module.eks_cluster.module.kubeflow_components.module.kubeflow_profiles_and_kfam",
      "mode": "managed",
      "type": "kubernetes_annotations",
      "name": "sa_role_arn",
      "provider": "provider[\"registry.terraform.io/hashicorp/kubernetes\"]",
      "instances": [
        {
          "schema_version": 0,
          "attributes": {
            "annotations": {
              "eks.amazonaws.com/role-arn": "arn:aws:iam::268050465834:role/profiles-controller-irsa-eks-blueprint-blue-us-east-1"
            },
            "api_version": "v1",
            "field_manager": "Terraform",
            "force": null,
            "id": "apiVersion=v1,kind=ServiceAccount,name=profiles-controller-service-account,namespace=kubeflow",
            "kind": "ServiceAccount",
            "metadata": [
              {
                "name": "profiles-controller-service-account",
                "namespace": "kubeflow"
              }
            ],
            "template_annotations": {}
          },
          "sensitive_attributes": [],
          "private": "bnVsbA==",
          "dependencies": [
            "module.eks_cluster.data.aws_caller_identity.current",
            "module.eks_cluster.data.aws_partition.current",
            "module.eks_cluster.data.aws_region.current",
            "module.eks_cluster.data.aws_subnets.private",
            "module.eks_cluster.data.aws_vpc.vpc",
            "module.eks_cluster.module.eks.aws_cloudwatch_log_group.this",
            "module.eks_cluster.module.eks.aws_eks_cluster.this",
            "module.eks_cluster.module.eks.aws_iam_openid_connect_provider.oidc_provider",
            "module.eks_cluster.module.eks.aws_iam_policy.cni_ipv6_policy",
            "module.eks_cluster.module.eks.aws_iam_role.this",
            "module.eks_cluster.module.eks.aws_iam_role_policy_attachment.this",
            "module.eks_cluster.module.eks.aws_security_group.cluster",
            "module.eks_cluster.module.eks.aws_security_group.node",
            "module.eks_cluster.module.eks.aws_security_group_rule.cluster",
            "module.eks_cluster.module.eks.aws_security_group_rule.node",
            "module.eks_cluster.module.eks.data.aws_caller_identity.current",
            "module.eks_cluster.module.eks.data.aws_iam_policy_document.assume_role_policy",
            "module.eks_cluster.module.eks.data.aws_iam_policy_document.cni_ipv6_policy",
            "module.eks_cluster.module.eks.data.aws_iam_session_context.current",
            "module.eks_cluster.module.eks.data.aws_partition.current",
            "module.eks_cluster.module.eks.data.tls_certificate.this",
            "module.eks_cluster.module.eks.module.kms.aws_kms_external_key.this",
            "module.eks_cluster.module.eks.module.kms.aws_kms_key.this",
            "module.eks_cluster.module.eks.module.kms.data.aws_caller_identity.current",
            "module.eks_cluster.module.eks.module.kms.data.aws_iam_policy_document.this",
            "module.eks_cluster.module.eks.module.kms.data.aws_partition.current",
            "module.eks_cluster.module.kubeflow_components.kubernetes_namespace.kubeflow",
            "module.eks_cluster.module.kubeflow_components.module.kubeflow_admission_webhook.module.helm_addon.helm_release.addon",
            "module.eks_cluster.module.kubeflow_components.module.kubeflow_admission_webhook.module.helm_addon.module.irsa.aws_iam_role.irsa",
            "module.eks_cluster.module.kubeflow_components.module.kubeflow_admission_webhook.module.helm_addon.module.irsa.aws_iam_role_policy_attachment.irsa",
            "module.eks_cluster.module.kubeflow_components.module.kubeflow_admission_webhook.module.helm_addon.module.irsa.kubernetes_namespace_v1.irsa",
            "module.eks_cluster.module.kubeflow_components.module.kubeflow_admission_webhook.module.helm_addon.module.irsa.kubernetes_secret_v1.irsa",
            "module.eks_cluster.module.kubeflow_components.module.kubeflow_admission_webhook.module.helm_addon.module.irsa.kubernetes_service_account_v1.irsa",
            "module.eks_cluster.module.kubeflow_components.module.kubeflow_central_dashboard.module.helm_addon.helm_release.addon",
            "module.eks_cluster.module.kubeflow_components.module.kubeflow_central_dashboard.module.helm_addon.module.irsa.aws_iam_role.irsa",
            "module.eks_cluster.module.kubeflow_components.module.kubeflow_central_dashboard.module.helm_addon.module.irsa.aws_iam_role_policy_attachment.irsa",
            "module.eks_cluster.module.kubeflow_components.module.kubeflow_central_dashboard.module.helm_addon.module.irsa.kubernetes_namespace_v1.irsa",
            "module.eks_cluster.module.kubeflow_components.module.kubeflow_central_dashboard.module.helm_addon.module.irsa.kubernetes_secret_v1.irsa",
            "module.eks_cluster.module.kubeflow_components.module.kubeflow_central_dashboard.module.helm_addon.module.irsa.kubernetes_service_account_v1.irsa",
            "module.eks_cluster.module.kubeflow_components.module.kubeflow_cluster_local_gateway.module.helm_addon.helm_release.addon",
            "module.eks_cluster.module.kubeflow_components.module.kubeflow_cluster_local_gateway.module.helm_addon.module.irsa.aws_iam_role.irsa",
            "module.eks_cluster.module.kubeflow_components.module.kubeflow_cluster_local_gateway.module.helm_addon.module.irsa.aws_iam_role_policy_attachment.irsa",
            "module.eks_cluster.module.kubeflow_components.module.kubeflow_cluster_local_gateway.module.helm_addon.module.irsa.kubernetes_namespace_v1.irsa",
            "module.eks_cluster.module.kubeflow_components.module.kubeflow_cluster_local_gateway.module.helm_addon.module.irsa.kubernetes_secret_v1.irsa",
            "module.eks_cluster.module.kubeflow_components.module.kubeflow_cluster_local_gateway.module.helm_addon.module.irsa.kubernetes_service_account_v1.irsa",
            "module.eks_cluster.module.kubeflow_components.module.kubeflow_dex.module.helm_addon.helm_release.addon",
            "module.eks_cluster.module.kubeflow_components.module.kubeflow_dex.module.helm_addon.module.irsa.aws_iam_role.irsa",
            "module.eks_cluster.module.kubeflow_components.module.kubeflow_dex.module.helm_addon.module.irsa.aws_iam_role_policy_attachment.irsa",
            "module.eks_cluster.module.kubeflow_components.module.kubeflow_dex.module.helm_addon.module.irsa.kubernetes_namespace_v1.irsa",
            "module.eks_cluster.module.kubeflow_components.module.kubeflow_dex.module.helm_addon.module.irsa.kubernetes_secret_v1.irsa",
            "module.eks_cluster.module.kubeflow_components.module.kubeflow_dex.module.helm_addon.module.irsa.kubernetes_service_account_v1.irsa",
            "module.eks_cluster.module.kubeflow_components.module.kubeflow_issuer.module.helm_addon.helm_release.addon",
            "module.eks_cluster.module.kubeflow_components.module.kubeflow_issuer.module.helm_addon.module.irsa.aws_iam_role.irsa",
            "module.eks_cluster.module.kubeflow_components.module.kubeflow_issuer.module.helm_addon.module.irsa.aws_iam_role_policy_attachment.irsa",
            "module.eks_cluster.module.kubeflow_components.module.kubeflow_issuer.module.helm_addon.module.irsa.kubernetes_namespace_v1.irsa",
            "module.eks_cluster.module.kubeflow_components.module.kubeflow_issuer.module.helm_addon.module.irsa.kubernetes_secret_v1.irsa",
            "module.eks_cluster.module.kubeflow_components.module.kubeflow_issuer.module.helm_addon.module.irsa.kubernetes_service_account_v1.irsa",
            "module.eks_cluster.module.kubeflow_components.module.kubeflow_istio.module.helm_addon.helm_release.addon",
            "module.eks_cluster.module.kubeflow_components.module.kubeflow_istio.module.helm_addon.module.irsa.aws_iam_role.irsa",
            "module.eks_cluster.module.kubeflow_components.module.kubeflow_istio.module.helm_addon.module.irsa.aws_iam_role_policy_attachment.irsa",
            "module.eks_cluster.module.kubeflow_components.module.kubeflow_istio.module.helm_addon.module.irsa.kubernetes_namespace_v1.irsa",
            "module.eks_cluster.module.kubeflow_components.module.kubeflow_istio.module.helm_addon.module.irsa.kubernetes_secret_v1.irsa",
            "module.eks_cluster.module.kubeflow_components.module.kubeflow_istio.module.helm_addon.module.irsa.kubernetes_service_account_v1.irsa",
            "module.eks_cluster.module.kubeflow_components.module.kubeflow_istio_resources.module.helm_addon.helm_release.addon",
            "module.eks_cluster.module.kubeflow_components.module.kubeflow_istio_resources.module.helm_addon.module.irsa.aws_iam_role.irsa",
            "module.eks_cluster.module.kubeflow_components.module.kubeflow_istio_resources.module.helm_addon.module.irsa.aws_iam_role_policy_attachment.irsa",
            "module.eks_cluster.module.kubeflow_components.module.kubeflow_istio_resources.module.helm_addon.module.irsa.kubernetes_namespace_v1.irsa",
            "module.eks_cluster.module.kubeflow_components.module.kubeflow_istio_resources.module.helm_addon.module.irsa.kubernetes_secret_v1.irsa",
            "module.eks_cluster.module.kubeflow_components.module.kubeflow_istio_resources.module.helm_addon.module.irsa.kubernetes_service_account_v1.irsa",
            "module.eks_cluster.module.kubeflow_components.module.kubeflow_jupyter_web_app.module.helm_addon.helm_release.addon",
            "module.eks_cluster.module.kubeflow_components.module.kubeflow_jupyter_web_app.module.helm_addon.module.irsa.aws_iam_role.irsa",
            "module.eks_cluster.module.kubeflow_components.module.kubeflow_jupyter_web_app.module.helm_addon.module.irsa.aws_iam_role_policy_attachment.irsa",
            "module.eks_cluster.module.kubeflow_components.module.kubeflow_jupyter_web_app.module.helm_addon.module.irsa.kubernetes_namespace_v1.irsa",
            "module.eks_cluster.module.kubeflow_components.module.kubeflow_jupyter_web_app.module.helm_addon.module.irsa.kubernetes_secret_v1.irsa",
            "module.eks_cluster.module.kubeflow_components.module.kubeflow_jupyter_web_app.module.helm_addon.module.irsa.kubernetes_service_account_v1.irsa",
            "module.eks_cluster.module.kubeflow_components.module.kubeflow_katib.module.helm_addon.helm_release.addon",
            "module.eks_cluster.module.kubeflow_components.module.kubeflow_katib.module.helm_addon.module.irsa.aws_iam_role.irsa",
            "module.eks_cluster.module.kubeflow_components.module.kubeflow_katib.module.helm_addon.module.irsa.aws_iam_role_policy_attachment.irsa",
            "module.eks_cluster.module.kubeflow_components.module.kubeflow_katib.module.helm_addon.module.irsa.kubernetes_namespace_v1.irsa",
            "module.eks_cluster.module.kubeflow_components.module.kubeflow_katib.module.helm_addon.module.irsa.kubernetes_secret_v1.irsa",
            "module.eks_cluster.module.kubeflow_components.module.kubeflow_katib.module.helm_addon.module.irsa.kubernetes_service_account_v1.irsa",
            "module.eks_cluster.module.kubeflow_components.module.kubeflow_knative_eventing.module.helm_addon.helm_release.addon",
            "module.eks_cluster.module.kubeflow_components.module.kubeflow_knative_eventing.module.helm_addon.module.irsa.aws_iam_role.irsa",
            "module.eks_cluster.module.kubeflow_components.module.kubeflow_knative_eventing.module.helm_addon.module.irsa.aws_iam_role_policy_attachment.irsa",
            "module.eks_cluster.module.kubeflow_components.module.kubeflow_knative_eventing.module.helm_addon.module.irsa.kubernetes_namespace_v1.irsa",
            "module.eks_cluster.module.kubeflow_components.module.kubeflow_knative_eventing.module.helm_addon.module.irsa.kubernetes_secret_v1.irsa",
            "module.eks_cluster.module.kubeflow_components.module.kubeflow_knative_eventing.module.helm_addon.module.irsa.kubernetes_service_account_v1.irsa",
            "module.eks_cluster.module.kubeflow_components.module.kubeflow_knative_serving.module.helm_addon.helm_release.addon",
            "module.eks_cluster.module.kubeflow_components.module.kubeflow_knative_serving.module.helm_addon.module.irsa.aws_iam_role.irsa",
            "module.eks_cluster.module.kubeflow_components.module.kubeflow_knative_serving.module.helm_addon.module.irsa.aws_iam_role_policy_attachment.irsa",
            "module.eks_cluster.module.kubeflow_components.module.kubeflow_knative_serving.module.helm_addon.module.irsa.kubernetes_namespace_v1.irsa",
            "module.eks_cluster.module.kubeflow_components.module.kubeflow_knative_serving.module.helm_addon.module.irsa.kubernetes_secret_v1.irsa",
            "module.eks_cluster.module.kubeflow_components.module.kubeflow_knative_serving.module.helm_addon.module.irsa.kubernetes_service_account_v1.irsa",
            "module.eks_cluster.module.kubeflow_components.module.kubeflow_kserve.module.helm_addon.helm_release.addon",
            "module.eks_cluster.module.kubeflow_components.module.kubeflow_kserve.module.helm_addon.module.irsa.aws_iam_role.irsa",
            "module.eks_cluster.module.kubeflow_components.module.kubeflow_kserve.module.helm_addon.module.irsa.aws_iam_role_policy_attachment.irsa",
            "module.eks_cluster.module.kubeflow_components.module.kubeflow_kserve.module.helm_addon.module.irsa.kubernetes_namespace_v1.irsa",
            "module.eks_cluster.module.kubeflow_components.module.kubeflow_kserve.module.helm_addon.module.irsa.kubernetes_secret_v1.irsa",
            "module.eks_cluster.module.kubeflow_components.module.kubeflow_kserve.module.helm_addon.module.irsa.kubernetes_service_account_v1.irsa",
            "module.eks_cluster.module.kubeflow_components.module.kubeflow_models_web_app.module.helm_addon.helm_release.addon",
            "module.eks_cluster.module.kubeflow_components.module.kubeflow_models_web_app.module.helm_addon.module.irsa.aws_iam_role.irsa",
            "module.eks_cluster.module.kubeflow_components.module.kubeflow_models_web_app.module.helm_addon.module.irsa.aws_iam_role_policy_attachment.irsa",
            "module.eks_cluster.module.kubeflow_components.module.kubeflow_models_web_app.module.helm_addon.module.irsa.kubernetes_namespace_v1.irsa",
            "module.eks_cluster.module.kubeflow_components.module.kubeflow_models_web_app.module.helm_addon.module.irsa.kubernetes_secret_v1.irsa",
            "module.eks_cluster.module.kubeflow_components.module.kubeflow_models_web_app.module.helm_addon.module.irsa.kubernetes_service_account_v1.irsa",
            "module.eks_cluster.module.kubeflow_components.module.kubeflow_notebook_controller.module.helm_addon.helm_release.addon",
            "module.eks_cluster.module.kubeflow_components.module.kubeflow_notebook_controller.module.helm_addon.module.irsa.aws_iam_role.irsa",
            "module.eks_cluster.module.kubeflow_components.module.kubeflow_notebook_controller.module.helm_addon.module.irsa.aws_iam_role_policy_attachment.irsa",
            "module.eks_cluster.module.kubeflow_components.module.kubeflow_notebook_controller.module.helm_addon.module.irsa.kubernetes_namespace_v1.irsa",
            "module.eks_cluster.module.kubeflow_components.module.kubeflow_notebook_controller.module.helm_addon.module.irsa.kubernetes_secret_v1.irsa",
            "module.eks_cluster.module.kubeflow_components.module.kubeflow_notebook_controller.module.helm_addon.module.irsa.kubernetes_service_account_v1.irsa",
            "module.eks_cluster.module.kubeflow_components.module.kubeflow_oidc_authservice.module.helm_addon.helm_release.addon",
            "module.eks_cluster.module.kubeflow_components.module.kubeflow_oidc_authservice.module.helm_addon.module.irsa.aws_iam_role.irsa",
            "module.eks_cluster.module.kubeflow_components.module.kubeflow_oidc_authservice.module.helm_addon.module.irsa.aws_iam_role_policy_attachment.irsa",
            "module.eks_cluster.module.kubeflow_components.module.kubeflow_oidc_authservice.module.helm_addon.module.irsa.kubernetes_namespace_v1.irsa",
            "module.eks_cluster.module.kubeflow_components.module.kubeflow_oidc_authservice.module.helm_addon.module.irsa.kubernetes_secret_v1.irsa",
            "module.eks_cluster.module.kubeflow_components.module.kubeflow_oidc_authservice.module.helm_addon.module.irsa.kubernetes_service_account_v1.irsa",
            "module.eks_cluster.module.kubeflow_components.module.kubeflow_pipelines.module.helm_addon.helm_release.addon",
            "module.eks_cluster.module.kubeflow_components.module.kubeflow_pipelines.module.helm_addon.module.irsa.aws_iam_role.irsa",
            "module.eks_cluster.module.kubeflow_components.module.kubeflow_pipelines.module.helm_addon.module.irsa.aws_iam_role_policy_attachment.irsa",
            "module.eks_cluster.module.kubeflow_components.module.kubeflow_pipelines.module.helm_addon.module.irsa.kubernetes_namespace_v1.irsa",
            "module.eks_cluster.module.kubeflow_components.module.kubeflow_pipelines.module.helm_addon.module.irsa.kubernetes_secret_v1.irsa",
            "module.eks_cluster.module.kubeflow_components.module.kubeflow_pipelines.module.helm_addon.module.irsa.kubernetes_service_account_v1.irsa",
            "module.eks_cluster.module.kubeflow_components.module.kubeflow_profiles_and_kfam.aws_iam_policy.profile_controller_policy",
            "module.eks_cluster.module.kubeflow_components.module.kubeflow_profiles_and_kfam.module.helm_addon.helm_release.addon",
            "module.eks_cluster.module.kubeflow_components.module.kubeflow_profiles_and_kfam.module.helm_addon.module.irsa.aws_iam_role.irsa",
            "module.eks_cluster.module.kubeflow_components.module.kubeflow_profiles_and_kfam.module.helm_addon.module.irsa.aws_iam_role_policy_attachment.irsa",
            "module.eks_cluster.module.kubeflow_components.module.kubeflow_profiles_and_kfam.module.helm_addon.module.irsa.kubernetes_namespace_v1.irsa",
            "module.eks_cluster.module.kubeflow_components.module.kubeflow_profiles_and_kfam.module.helm_addon.module.irsa.kubernetes_secret_v1.irsa",
            "module.eks_cluster.module.kubeflow_components.module.kubeflow_profiles_and_kfam.module.helm_addon.module.irsa.kubernetes_service_account_v1.irsa",
            "module.eks_cluster.module.kubeflow_components.module.kubeflow_profiles_and_kfam.module.irsa.aws_iam_role.irsa",
            "module.eks_cluster.module.kubeflow_components.module.kubeflow_profiles_and_kfam.module.irsa.kubernetes_namespace_v1.irsa",
            "module.eks_cluster.module.kubeflow_components.module.kubeflow_profiles_and_kfam.module.irsa.kubernetes_service_account_v1.irsa",
            "module.eks_cluster.module.kubeflow_components.module.kubeflow_roles.module.helm_addon.helm_release.addon",
            "module.eks_cluster.module.kubeflow_components.module.kubeflow_roles.module.helm_addon.module.irsa.aws_iam_role.irsa",
            "module.eks_cluster.module.kubeflow_components.module.kubeflow_roles.module.helm_addon.module.irsa.aws_iam_role_policy_attachment.irsa",
            "module.eks_cluster.module.kubeflow_components.module.kubeflow_roles.module.helm_addon.module.irsa.kubernetes_namespace_v1.irsa",
            "module.eks_cluster.module.kubeflow_components.module.kubeflow_roles.module.helm_addon.module.irsa.kubernetes_secret_v1.irsa",
            "module.eks_cluster.module.kubeflow_components.module.kubeflow_roles.module.helm_addon.module.irsa.kubernetes_service_account_v1.irsa"
          ]
        }
      ]
    },
    {
      "module": "module.eks_cluster.module.kubeflow_components.module.kubeflow_profiles_and_kfam.module.helm_addon",
      "mode": "managed",
      "type": "helm_release",
      "name": "addon",
      "provider": "provider[\"registry.terraform.io/hashicorp/helm\"]",
      "instances": [
        {
          "index_key": 0,
          "schema_version": 1,
          "attributes": {
            "atomic": false,
            "chart": "../eks_cluster/KubeflowComponents/charts/profiles-and-kfam",
            "cleanup_on_fail": false,
            "create_namespace": false,
            "dependency_update": false,
            "description": "",
            "devel": null,
            "disable_crd_hooks": false,
            "disable_openapi_validation": false,
            "disable_webhooks": false,
            "force_update": false,
            "id": "profiles-and-kfam",
            "keyring": "",
            "lint": false,
            "manifest": null,
            "max_history": 0,
            "metadata": [
              {
                "app_version": "v1.7.0",
                "chart": "profiles-and-kfam",
                "name": "profiles-and-kfam",
                "namespace": "default",
                "revision": 1,
                "values": "{}",
                "version": "0.2.0"
              }
            ],
            "name": "profiles-and-kfam",
            "namespace": "default",
            "pass_credentials": false,
            "postrender": [
              {
                "args": [],
                "binary_path": ""
              }
            ],
            "recreate_pods": false,
            "render_subchart_notes": true,
            "replace": false,
            "repository": null,
            "repository_ca_file": null,
            "repository_cert_file": "",
            "repository_key_file": "",
            "repository_password": "",
            "repository_username": "",
            "reset_values": false,
            "reuse_values": false,
            "set": [],
            "set_list": [],
            "set_sensitive": [],
            "skip_crds": false,
            "status": "deployed",
            "timeout": 600,
            "values": [],
            "verify": false,
            "version": "0.2.0",
            "wait": true,
            "wait_for_jobs": false
          },
          "sensitive_attributes": [],
          "private": "eyJzY2hlbWFfdmVyc2lvbiI6IjEifQ==",
          "dependencies": [
            "module.eks_cluster.data.aws_caller_identity.current",
            "module.eks_cluster.data.aws_partition.current",
            "module.eks_cluster.data.aws_region.current",
            "module.eks_cluster.data.aws_subnets.private",
            "module.eks_cluster.data.aws_vpc.vpc",
            "module.eks_cluster.module.eks.aws_cloudwatch_log_group.this",
            "module.eks_cluster.module.eks.aws_eks_cluster.this",
            "module.eks_cluster.module.eks.aws_iam_openid_connect_provider.oidc_provider",
            "module.eks_cluster.module.eks.aws_iam_policy.cni_ipv6_policy",
            "module.eks_cluster.module.eks.aws_iam_role.this",
            "module.eks_cluster.module.eks.aws_iam_role_policy_attachment.this",
            "module.eks_cluster.module.eks.aws_security_group.cluster",
            "module.eks_cluster.module.eks.aws_security_group.node",
            "module.eks_cluster.module.eks.aws_security_group_rule.cluster",
            "module.eks_cluster.module.eks.aws_security_group_rule.node",
            "module.eks_cluster.module.eks.data.aws_caller_identity.current",
            "module.eks_cluster.module.eks.data.aws_iam_policy_document.assume_role_policy",
            "module.eks_cluster.module.eks.data.aws_iam_policy_document.cni_ipv6_policy",
            "module.eks_cluster.module.eks.data.aws_iam_session_context.current",
            "module.eks_cluster.module.eks.data.aws_partition.current",
            "module.eks_cluster.module.eks.data.tls_certificate.this",
            "module.eks_cluster.module.eks.module.kms.aws_kms_external_key.this",
            "module.eks_cluster.module.eks.module.kms.aws_kms_key.this",
            "module.eks_cluster.module.eks.module.kms.data.aws_caller_identity.current",
            "module.eks_cluster.module.eks.module.kms.data.aws_iam_policy_document.this",
            "module.eks_cluster.module.eks.module.kms.data.aws_partition.current",
            "module.eks_cluster.module.kubeflow_components.kubernetes_namespace.kubeflow",
            "module.eks_cluster.module.kubeflow_components.module.kubeflow_admission_webhook.module.helm_addon.helm_release.addon",
            "module.eks_cluster.module.kubeflow_components.module.kubeflow_admission_webhook.module.helm_addon.module.irsa.aws_iam_role.irsa",
            "module.eks_cluster.module.kubeflow_components.module.kubeflow_admission_webhook.module.helm_addon.module.irsa.aws_iam_role_policy_attachment.irsa",
            "module.eks_cluster.module.kubeflow_components.module.kubeflow_admission_webhook.module.helm_addon.module.irsa.kubernetes_namespace_v1.irsa",
            "module.eks_cluster.module.kubeflow_components.module.kubeflow_admission_webhook.module.helm_addon.module.irsa.kubernetes_secret_v1.irsa",
            "module.eks_cluster.module.kubeflow_components.module.kubeflow_admission_webhook.module.helm_addon.module.irsa.kubernetes_service_account_v1.irsa",
            "module.eks_cluster.module.kubeflow_components.module.kubeflow_central_dashboard.module.helm_addon.helm_release.addon",
            "module.eks_cluster.module.kubeflow_components.module.kubeflow_central_dashboard.module.helm_addon.module.irsa.aws_iam_role.irsa",
            "module.eks_cluster.module.kubeflow_components.module.kubeflow_central_dashboard.module.helm_addon.module.irsa.aws_iam_role_policy_attachment.irsa",
            "module.eks_cluster.module.kubeflow_components.module.kubeflow_central_dashboard.module.helm_addon.module.irsa.kubernetes_namespace_v1.irsa",
            "module.eks_cluster.module.kubeflow_components.module.kubeflow_central_dashboard.module.helm_addon.module.irsa.kubernetes_secret_v1.irsa",
            "module.eks_cluster.module.kubeflow_components.module.kubeflow_central_dashboard.module.helm_addon.module.irsa.kubernetes_service_account_v1.irsa",
            "module.eks_cluster.module.kubeflow_components.module.kubeflow_cluster_local_gateway.module.helm_addon.helm_release.addon",
            "module.eks_cluster.module.kubeflow_components.module.kubeflow_cluster_local_gateway.module.helm_addon.module.irsa.aws_iam_role.irsa",
            "module.eks_cluster.module.kubeflow_components.module.kubeflow_cluster_local_gateway.module.helm_addon.module.irsa.aws_iam_role_policy_attachment.irsa",
            "module.eks_cluster.module.kubeflow_components.module.kubeflow_cluster_local_gateway.module.helm_addon.module.irsa.kubernetes_namespace_v1.irsa",
            "module.eks_cluster.module.kubeflow_components.module.kubeflow_cluster_local_gateway.module.helm_addon.module.irsa.kubernetes_secret_v1.irsa",
            "module.eks_cluster.module.kubeflow_components.module.kubeflow_cluster_local_gateway.module.helm_addon.module.irsa.kubernetes_service_account_v1.irsa",
            "module.eks_cluster.module.kubeflow_components.module.kubeflow_dex.module.helm_addon.helm_release.addon",
            "module.eks_cluster.module.kubeflow_components.module.kubeflow_dex.module.helm_addon.module.irsa.aws_iam_role.irsa",
            "module.eks_cluster.module.kubeflow_components.module.kubeflow_dex.module.helm_addon.module.irsa.aws_iam_role_policy_attachment.irsa",
            "module.eks_cluster.module.kubeflow_components.module.kubeflow_dex.module.helm_addon.module.irsa.kubernetes_namespace_v1.irsa",
            "module.eks_cluster.module.kubeflow_components.module.kubeflow_dex.module.helm_addon.module.irsa.kubernetes_secret_v1.irsa",
            "module.eks_cluster.module.kubeflow_components.module.kubeflow_dex.module.helm_addon.module.irsa.kubernetes_service_account_v1.irsa",
            "module.eks_cluster.module.kubeflow_components.module.kubeflow_issuer.module.helm_addon.helm_release.addon",
            "module.eks_cluster.module.kubeflow_components.module.kubeflow_issuer.module.helm_addon.module.irsa.aws_iam_role.irsa",
            "module.eks_cluster.module.kubeflow_components.module.kubeflow_issuer.module.helm_addon.module.irsa.aws_iam_role_policy_attachment.irsa",
            "module.eks_cluster.module.kubeflow_components.module.kubeflow_issuer.module.helm_addon.module.irsa.kubernetes_namespace_v1.irsa",
            "module.eks_cluster.module.kubeflow_components.module.kubeflow_issuer.module.helm_addon.module.irsa.kubernetes_secret_v1.irsa",
            "module.eks_cluster.module.kubeflow_components.module.kubeflow_issuer.module.helm_addon.module.irsa.kubernetes_service_account_v1.irsa",
            "module.eks_cluster.module.kubeflow_components.module.kubeflow_istio.module.helm_addon.helm_release.addon",
            "module.eks_cluster.module.kubeflow_components.module.kubeflow_istio.module.helm_addon.module.irsa.aws_iam_role.irsa",
            "module.eks_cluster.module.kubeflow_components.module.kubeflow_istio.module.helm_addon.module.irsa.aws_iam_role_policy_attachment.irsa",
            "module.eks_cluster.module.kubeflow_components.module.kubeflow_istio.module.helm_addon.module.irsa.kubernetes_namespace_v1.irsa",
            "module.eks_cluster.module.kubeflow_components.module.kubeflow_istio.module.helm_addon.module.irsa.kubernetes_secret_v1.irsa",
            "module.eks_cluster.module.kubeflow_components.module.kubeflow_istio.module.helm_addon.module.irsa.kubernetes_service_account_v1.irsa",
            "module.eks_cluster.module.kubeflow_components.module.kubeflow_istio_resources.module.helm_addon.helm_release.addon",
            "module.eks_cluster.module.kubeflow_components.module.kubeflow_istio_resources.module.helm_addon.module.irsa.aws_iam_role.irsa",
            "module.eks_cluster.module.kubeflow_components.module.kubeflow_istio_resources.module.helm_addon.module.irsa.aws_iam_role_policy_attachment.irsa",
            "module.eks_cluster.module.kubeflow_components.module.kubeflow_istio_resources.module.helm_addon.module.irsa.kubernetes_namespace_v1.irsa",
            "module.eks_cluster.module.kubeflow_components.module.kubeflow_istio_resources.module.helm_addon.module.irsa.kubernetes_secret_v1.irsa",
            "module.eks_cluster.module.kubeflow_components.module.kubeflow_istio_resources.module.helm_addon.module.irsa.kubernetes_service_account_v1.irsa",
            "module.eks_cluster.module.kubeflow_components.module.kubeflow_jupyter_web_app.module.helm_addon.helm_release.addon",
            "module.eks_cluster.module.kubeflow_components.module.kubeflow_jupyter_web_app.module.helm_addon.module.irsa.aws_iam_role.irsa",
            "module.eks_cluster.module.kubeflow_components.module.kubeflow_jupyter_web_app.module.helm_addon.module.irsa.aws_iam_role_policy_attachment.irsa",
            "module.eks_cluster.module.kubeflow_components.module.kubeflow_jupyter_web_app.module.helm_addon.module.irsa.kubernetes_namespace_v1.irsa",
            "module.eks_cluster.module.kubeflow_components.module.kubeflow_jupyter_web_app.module.helm_addon.module.irsa.kubernetes_secret_v1.irsa",
            "module.eks_cluster.module.kubeflow_components.module.kubeflow_jupyter_web_app.module.helm_addon.module.irsa.kubernetes_service_account_v1.irsa",
            "module.eks_cluster.module.kubeflow_components.module.kubeflow_katib.module.helm_addon.helm_release.addon",
            "module.eks_cluster.module.kubeflow_components.module.kubeflow_katib.module.helm_addon.module.irsa.aws_iam_role.irsa",
            "module.eks_cluster.module.kubeflow_components.module.kubeflow_katib.module.helm_addon.module.irsa.aws_iam_role_policy_attachment.irsa",
            "module.eks_cluster.module.kubeflow_components.module.kubeflow_katib.module.helm_addon.module.irsa.kubernetes_namespace_v1.irsa",
            "module.eks_cluster.module.kubeflow_components.module.kubeflow_katib.module.helm_addon.module.irsa.kubernetes_secret_v1.irsa",
            "module.eks_cluster.module.kubeflow_components.module.kubeflow_katib.module.helm_addon.module.irsa.kubernetes_service_account_v1.irsa",
            "module.eks_cluster.module.kubeflow_components.module.kubeflow_knative_eventing.module.helm_addon.helm_release.addon",
            "module.eks_cluster.module.kubeflow_components.module.kubeflow_knative_eventing.module.helm_addon.module.irsa.aws_iam_role.irsa",
            "module.eks_cluster.module.kubeflow_components.module.kubeflow_knative_eventing.module.helm_addon.module.irsa.aws_iam_role_policy_attachment.irsa",
            "module.eks_cluster.module.kubeflow_components.module.kubeflow_knative_eventing.module.helm_addon.module.irsa.kubernetes_namespace_v1.irsa",
            "module.eks_cluster.module.kubeflow_components.module.kubeflow_knative_eventing.module.helm_addon.module.irsa.kubernetes_secret_v1.irsa",
            "module.eks_cluster.module.kubeflow_components.module.kubeflow_knative_eventing.module.helm_addon.module.irsa.kubernetes_service_account_v1.irsa",
            "module.eks_cluster.module.kubeflow_components.module.kubeflow_knative_serving.module.helm_addon.helm_release.addon",
            "module.eks_cluster.module.kubeflow_components.module.kubeflow_knative_serving.module.helm_addon.module.irsa.aws_iam_role.irsa",
            "module.eks_cluster.module.kubeflow_components.module.kubeflow_knative_serving.module.helm_addon.module.irsa.aws_iam_role_policy_attachment.irsa",
            "module.eks_cluster.module.kubeflow_components.module.kubeflow_knative_serving.module.helm_addon.module.irsa.kubernetes_namespace_v1.irsa",
            "module.eks_cluster.module.kubeflow_components.module.kubeflow_knative_serving.module.helm_addon.module.irsa.kubernetes_secret_v1.irsa",
            "module.eks_cluster.module.kubeflow_components.module.kubeflow_knative_serving.module.helm_addon.module.irsa.kubernetes_service_account_v1.irsa",
            "module.eks_cluster.module.kubeflow_components.module.kubeflow_kserve.module.helm_addon.helm_release.addon",
            "module.eks_cluster.module.kubeflow_components.module.kubeflow_kserve.module.helm_addon.module.irsa.aws_iam_role.irsa",
            "module.eks_cluster.module.kubeflow_components.module.kubeflow_kserve.module.helm_addon.module.irsa.aws_iam_role_policy_attachment.irsa",
            "module.eks_cluster.module.kubeflow_components.module.kubeflow_kserve.module.helm_addon.module.irsa.kubernetes_namespace_v1.irsa",
            "module.eks_cluster.module.kubeflow_components.module.kubeflow_kserve.module.helm_addon.module.irsa.kubernetes_secret_v1.irsa",
            "module.eks_cluster.module.kubeflow_components.module.kubeflow_kserve.module.helm_addon.module.irsa.kubernetes_service_account_v1.irsa",
            "module.eks_cluster.module.kubeflow_components.module.kubeflow_models_web_app.module.helm_addon.helm_release.addon",
            "module.eks_cluster.module.kubeflow_components.module.kubeflow_models_web_app.module.helm_addon.module.irsa.aws_iam_role.irsa",
            "module.eks_cluster.module.kubeflow_components.module.kubeflow_models_web_app.module.helm_addon.module.irsa.aws_iam_role_policy_attachment.irsa",
            "module.eks_cluster.module.kubeflow_components.module.kubeflow_models_web_app.module.helm_addon.module.irsa.kubernetes_namespace_v1.irsa",
            "module.eks_cluster.module.kubeflow_components.module.kubeflow_models_web_app.module.helm_addon.module.irsa.kubernetes_secret_v1.irsa",
            "module.eks_cluster.module.kubeflow_components.module.kubeflow_models_web_app.module.helm_addon.module.irsa.kubernetes_service_account_v1.irsa",
            "module.eks_cluster.module.kubeflow_components.module.kubeflow_notebook_controller.module.helm_addon.helm_release.addon",
            "module.eks_cluster.module.kubeflow_components.module.kubeflow_notebook_controller.module.helm_addon.module.irsa.aws_iam_role.irsa",
            "module.eks_cluster.module.kubeflow_components.module.kubeflow_notebook_controller.module.helm_addon.module.irsa.aws_iam_role_policy_attachment.irsa",
            "module.eks_cluster.module.kubeflow_components.module.kubeflow_notebook_controller.module.helm_addon.module.irsa.kubernetes_namespace_v1.irsa",
            "module.eks_cluster.module.kubeflow_components.module.kubeflow_notebook_controller.module.helm_addon.module.irsa.kubernetes_secret_v1.irsa",
            "module.eks_cluster.module.kubeflow_components.module.kubeflow_notebook_controller.module.helm_addon.module.irsa.kubernetes_service_account_v1.irsa",
            "module.eks_cluster.module.kubeflow_components.module.kubeflow_oidc_authservice.module.helm_addon.helm_release.addon",
            "module.eks_cluster.module.kubeflow_components.module.kubeflow_oidc_authservice.module.helm_addon.module.irsa.aws_iam_role.irsa",
            "module.eks_cluster.module.kubeflow_components.module.kubeflow_oidc_authservice.module.helm_addon.module.irsa.aws_iam_role_policy_attachment.irsa",
            "module.eks_cluster.module.kubeflow_components.module.kubeflow_oidc_authservice.module.helm_addon.module.irsa.kubernetes_namespace_v1.irsa",
            "module.eks_cluster.module.kubeflow_components.module.kubeflow_oidc_authservice.module.helm_addon.module.irsa.kubernetes_secret_v1.irsa",
            "module.eks_cluster.module.kubeflow_components.module.kubeflow_oidc_authservice.module.helm_addon.module.irsa.kubernetes_service_account_v1.irsa",
            "module.eks_cluster.module.kubeflow_components.module.kubeflow_pipelines.module.helm_addon.helm_release.addon",
            "module.eks_cluster.module.kubeflow_components.module.kubeflow_pipelines.module.helm_addon.module.irsa.aws_iam_role.irsa",
            "module.eks_cluster.module.kubeflow_components.module.kubeflow_pipelines.module.helm_addon.module.irsa.aws_iam_role_policy_attachment.irsa",
            "module.eks_cluster.module.kubeflow_components.module.kubeflow_pipelines.module.helm_addon.module.irsa.kubernetes_namespace_v1.irsa",
            "module.eks_cluster.module.kubeflow_components.module.kubeflow_pipelines.module.helm_addon.module.irsa.kubernetes_secret_v1.irsa",
            "module.eks_cluster.module.kubeflow_components.module.kubeflow_pipelines.module.helm_addon.module.irsa.kubernetes_service_account_v1.irsa",
            "module.eks_cluster.module.kubeflow_components.module.kubeflow_profiles_and_kfam.module.helm_addon.module.irsa.aws_iam_role.irsa",
            "module.eks_cluster.module.kubeflow_components.module.kubeflow_profiles_and_kfam.module.helm_addon.module.irsa.aws_iam_role_policy_attachment.irsa",
            "module.eks_cluster.module.kubeflow_components.module.kubeflow_profiles_and_kfam.module.helm_addon.module.irsa.kubernetes_namespace_v1.irsa",
            "module.eks_cluster.module.kubeflow_components.module.kubeflow_profiles_and_kfam.module.helm_addon.module.irsa.kubernetes_secret_v1.irsa",
            "module.eks_cluster.module.kubeflow_components.module.kubeflow_profiles_and_kfam.module.helm_addon.module.irsa.kubernetes_service_account_v1.irsa",
            "module.eks_cluster.module.kubeflow_components.module.kubeflow_roles.module.helm_addon.helm_release.addon",
            "module.eks_cluster.module.kubeflow_components.module.kubeflow_roles.module.helm_addon.module.irsa.aws_iam_role.irsa",
            "module.eks_cluster.module.kubeflow_components.module.kubeflow_roles.module.helm_addon.module.irsa.aws_iam_role_policy_attachment.irsa",
            "module.eks_cluster.module.kubeflow_components.module.kubeflow_roles.module.helm_addon.module.irsa.kubernetes_namespace_v1.irsa",
            "module.eks_cluster.module.kubeflow_components.module.kubeflow_roles.module.helm_addon.module.irsa.kubernetes_secret_v1.irsa",
            "module.eks_cluster.module.kubeflow_components.module.kubeflow_roles.module.helm_addon.module.irsa.kubernetes_service_account_v1.irsa"
          ]
        }
      ]
    },
    {
      "module": "module.eks_cluster.module.kubeflow_components.module.kubeflow_profiles_and_kfam.module.irsa",
      "mode": "managed",
      "type": "aws_iam_role",
      "name": "irsa",
      "provider": "provider[\"registry.terraform.io/hashicorp/aws\"]",
      "instances": [
        {
          "index_key": 0,
          "schema_version": 0,
          "attributes": {
            "arn": "arn:aws:iam::268050465834:role/profiles-controller-irsa-eks-blueprint-blue-us-east-1",
            "assume_role_policy": "{\"Statement\":[{\"Action\":\"sts:AssumeRoleWithWebIdentity\",\"Condition\":{\"StringLike\":{\"oidc.eks.us-east-1.amazonaws.com/id/55CEBE7FF41F53C3E48BB83F2E8FA157:aud\":\"sts.amazonaws.com\",\"oidc.eks.us-east-1.amazonaws.com/id/55CEBE7FF41F53C3E48BB83F2E8FA157:sub\":\"system:serviceaccount:kubeflow:profiles-controller-service-account\"}},\"Effect\":\"Allow\",\"Principal\":{\"Federated\":\"arn:aws:iam::268050465834:oidc-provider/oidc.eks.us-east-1.amazonaws.com/id/55CEBE7FF41F53C3E48BB83F2E8FA157\"}}],\"Version\":\"2012-10-17\"}",
            "create_date": "2023-10-30T22:56:26Z",
            "description": "AWS IAM Role for the Kubernetes service account profiles-controller-service-account.",
            "force_detach_policies": true,
            "id": "profiles-controller-irsa-eks-blueprint-blue-us-east-1",
            "inline_policy": [],
            "managed_policy_arns": [
              "arn:aws:iam::268050465834:policy/profile-controller-policy20231030225625916600000001"
            ],
            "max_session_duration": 3600,
            "name": "profiles-controller-irsa-eks-blueprint-blue-us-east-1",
            "name_prefix": "",
            "path": "/",
            "permissions_boundary": "",
            "tags": {},
            "tags_all": {},
            "unique_id": "AROAT42INQQVOTOA4E5CX"
          },
          "sensitive_attributes": [],
          "private": "bnVsbA==",
          "dependencies": [
            "module.eks_cluster.data.aws_caller_identity.current",
            "module.eks_cluster.data.aws_partition.current",
            "module.eks_cluster.data.aws_region.current",
            "module.eks_cluster.data.aws_subnets.private",
            "module.eks_cluster.data.aws_vpc.vpc",
            "module.eks_cluster.module.eks.aws_cloudwatch_log_group.this",
            "module.eks_cluster.module.eks.aws_eks_cluster.this",
            "module.eks_cluster.module.eks.aws_iam_openid_connect_provider.oidc_provider",
            "module.eks_cluster.module.eks.aws_iam_policy.cni_ipv6_policy",
            "module.eks_cluster.module.eks.aws_iam_role.this",
            "module.eks_cluster.module.eks.aws_iam_role_policy_attachment.this",
            "module.eks_cluster.module.eks.aws_security_group.cluster",
            "module.eks_cluster.module.eks.aws_security_group.node",
            "module.eks_cluster.module.eks.aws_security_group_rule.cluster",
            "module.eks_cluster.module.eks.aws_security_group_rule.node",
            "module.eks_cluster.module.eks.data.aws_caller_identity.current",
            "module.eks_cluster.module.eks.data.aws_iam_policy_document.assume_role_policy",
            "module.eks_cluster.module.eks.data.aws_iam_policy_document.cni_ipv6_policy",
            "module.eks_cluster.module.eks.data.aws_iam_session_context.current",
            "module.eks_cluster.module.eks.data.aws_partition.current",
            "module.eks_cluster.module.eks.data.tls_certificate.this",
            "module.eks_cluster.module.eks.module.kms.aws_kms_external_key.this",
            "module.eks_cluster.module.eks.module.kms.aws_kms_key.this",
            "module.eks_cluster.module.eks.module.kms.data.aws_caller_identity.current",
            "module.eks_cluster.module.eks.module.kms.data.aws_iam_policy_document.this",
            "module.eks_cluster.module.eks.module.kms.data.aws_partition.current",
            "module.eks_cluster.module.kubeflow_components.kubernetes_namespace.kubeflow",
            "module.eks_cluster.module.kubeflow_components.module.kubeflow_admission_webhook.module.helm_addon.helm_release.addon",
            "module.eks_cluster.module.kubeflow_components.module.kubeflow_admission_webhook.module.helm_addon.module.irsa.aws_iam_role.irsa",
            "module.eks_cluster.module.kubeflow_components.module.kubeflow_admission_webhook.module.helm_addon.module.irsa.aws_iam_role_policy_attachment.irsa",
            "module.eks_cluster.module.kubeflow_components.module.kubeflow_admission_webhook.module.helm_addon.module.irsa.kubernetes_namespace_v1.irsa",
            "module.eks_cluster.module.kubeflow_components.module.kubeflow_admission_webhook.module.helm_addon.module.irsa.kubernetes_secret_v1.irsa",
            "module.eks_cluster.module.kubeflow_components.module.kubeflow_admission_webhook.module.helm_addon.module.irsa.kubernetes_service_account_v1.irsa",
            "module.eks_cluster.module.kubeflow_components.module.kubeflow_central_dashboard.module.helm_addon.helm_release.addon",
            "module.eks_cluster.module.kubeflow_components.module.kubeflow_central_dashboard.module.helm_addon.module.irsa.aws_iam_role.irsa",
            "module.eks_cluster.module.kubeflow_components.module.kubeflow_central_dashboard.module.helm_addon.module.irsa.aws_iam_role_policy_attachment.irsa",
            "module.eks_cluster.module.kubeflow_components.module.kubeflow_central_dashboard.module.helm_addon.module.irsa.kubernetes_namespace_v1.irsa",
            "module.eks_cluster.module.kubeflow_components.module.kubeflow_central_dashboard.module.helm_addon.module.irsa.kubernetes_secret_v1.irsa",
            "module.eks_cluster.module.kubeflow_components.module.kubeflow_central_dashboard.module.helm_addon.module.irsa.kubernetes_service_account_v1.irsa",
            "module.eks_cluster.module.kubeflow_components.module.kubeflow_cluster_local_gateway.module.helm_addon.helm_release.addon",
            "module.eks_cluster.module.kubeflow_components.module.kubeflow_cluster_local_gateway.module.helm_addon.module.irsa.aws_iam_role.irsa",
            "module.eks_cluster.module.kubeflow_components.module.kubeflow_cluster_local_gateway.module.helm_addon.module.irsa.aws_iam_role_policy_attachment.irsa",
            "module.eks_cluster.module.kubeflow_components.module.kubeflow_cluster_local_gateway.module.helm_addon.module.irsa.kubernetes_namespace_v1.irsa",
            "module.eks_cluster.module.kubeflow_components.module.kubeflow_cluster_local_gateway.module.helm_addon.module.irsa.kubernetes_secret_v1.irsa",
            "module.eks_cluster.module.kubeflow_components.module.kubeflow_cluster_local_gateway.module.helm_addon.module.irsa.kubernetes_service_account_v1.irsa",
            "module.eks_cluster.module.kubeflow_components.module.kubeflow_dex.module.helm_addon.helm_release.addon",
            "module.eks_cluster.module.kubeflow_components.module.kubeflow_dex.module.helm_addon.module.irsa.aws_iam_role.irsa",
            "module.eks_cluster.module.kubeflow_components.module.kubeflow_dex.module.helm_addon.module.irsa.aws_iam_role_policy_attachment.irsa",
            "module.eks_cluster.module.kubeflow_components.module.kubeflow_dex.module.helm_addon.module.irsa.kubernetes_namespace_v1.irsa",
            "module.eks_cluster.module.kubeflow_components.module.kubeflow_dex.module.helm_addon.module.irsa.kubernetes_secret_v1.irsa",
            "module.eks_cluster.module.kubeflow_components.module.kubeflow_dex.module.helm_addon.module.irsa.kubernetes_service_account_v1.irsa",
            "module.eks_cluster.module.kubeflow_components.module.kubeflow_issuer.module.helm_addon.helm_release.addon",
            "module.eks_cluster.module.kubeflow_components.module.kubeflow_issuer.module.helm_addon.module.irsa.aws_iam_role.irsa",
            "module.eks_cluster.module.kubeflow_components.module.kubeflow_issuer.module.helm_addon.module.irsa.aws_iam_role_policy_attachment.irsa",
            "module.eks_cluster.module.kubeflow_components.module.kubeflow_issuer.module.helm_addon.module.irsa.kubernetes_namespace_v1.irsa",
            "module.eks_cluster.module.kubeflow_components.module.kubeflow_issuer.module.helm_addon.module.irsa.kubernetes_secret_v1.irsa",
            "module.eks_cluster.module.kubeflow_components.module.kubeflow_issuer.module.helm_addon.module.irsa.kubernetes_service_account_v1.irsa",
            "module.eks_cluster.module.kubeflow_components.module.kubeflow_istio.module.helm_addon.helm_release.addon",
            "module.eks_cluster.module.kubeflow_components.module.kubeflow_istio.module.helm_addon.module.irsa.aws_iam_role.irsa",
            "module.eks_cluster.module.kubeflow_components.module.kubeflow_istio.module.helm_addon.module.irsa.aws_iam_role_policy_attachment.irsa",
            "module.eks_cluster.module.kubeflow_components.module.kubeflow_istio.module.helm_addon.module.irsa.kubernetes_namespace_v1.irsa",
            "module.eks_cluster.module.kubeflow_components.module.kubeflow_istio.module.helm_addon.module.irsa.kubernetes_secret_v1.irsa",
            "module.eks_cluster.module.kubeflow_components.module.kubeflow_istio.module.helm_addon.module.irsa.kubernetes_service_account_v1.irsa",
            "module.eks_cluster.module.kubeflow_components.module.kubeflow_istio_resources.module.helm_addon.helm_release.addon",
            "module.eks_cluster.module.kubeflow_components.module.kubeflow_istio_resources.module.helm_addon.module.irsa.aws_iam_role.irsa",
            "module.eks_cluster.module.kubeflow_components.module.kubeflow_istio_resources.module.helm_addon.module.irsa.aws_iam_role_policy_attachment.irsa",
            "module.eks_cluster.module.kubeflow_components.module.kubeflow_istio_resources.module.helm_addon.module.irsa.kubernetes_namespace_v1.irsa",
            "module.eks_cluster.module.kubeflow_components.module.kubeflow_istio_resources.module.helm_addon.module.irsa.kubernetes_secret_v1.irsa",
            "module.eks_cluster.module.kubeflow_components.module.kubeflow_istio_resources.module.helm_addon.module.irsa.kubernetes_service_account_v1.irsa",
            "module.eks_cluster.module.kubeflow_components.module.kubeflow_jupyter_web_app.module.helm_addon.helm_release.addon",
            "module.eks_cluster.module.kubeflow_components.module.kubeflow_jupyter_web_app.module.helm_addon.module.irsa.aws_iam_role.irsa",
            "module.eks_cluster.module.kubeflow_components.module.kubeflow_jupyter_web_app.module.helm_addon.module.irsa.aws_iam_role_policy_attachment.irsa",
            "module.eks_cluster.module.kubeflow_components.module.kubeflow_jupyter_web_app.module.helm_addon.module.irsa.kubernetes_namespace_v1.irsa",
            "module.eks_cluster.module.kubeflow_components.module.kubeflow_jupyter_web_app.module.helm_addon.module.irsa.kubernetes_secret_v1.irsa",
            "module.eks_cluster.module.kubeflow_components.module.kubeflow_jupyter_web_app.module.helm_addon.module.irsa.kubernetes_service_account_v1.irsa",
            "module.eks_cluster.module.kubeflow_components.module.kubeflow_katib.module.helm_addon.helm_release.addon",
            "module.eks_cluster.module.kubeflow_components.module.kubeflow_katib.module.helm_addon.module.irsa.aws_iam_role.irsa",
            "module.eks_cluster.module.kubeflow_components.module.kubeflow_katib.module.helm_addon.module.irsa.aws_iam_role_policy_attachment.irsa",
            "module.eks_cluster.module.kubeflow_components.module.kubeflow_katib.module.helm_addon.module.irsa.kubernetes_namespace_v1.irsa",
            "module.eks_cluster.module.kubeflow_components.module.kubeflow_katib.module.helm_addon.module.irsa.kubernetes_secret_v1.irsa",
            "module.eks_cluster.module.kubeflow_components.module.kubeflow_katib.module.helm_addon.module.irsa.kubernetes_service_account_v1.irsa",
            "module.eks_cluster.module.kubeflow_components.module.kubeflow_knative_eventing.module.helm_addon.helm_release.addon",
            "module.eks_cluster.module.kubeflow_components.module.kubeflow_knative_eventing.module.helm_addon.module.irsa.aws_iam_role.irsa",
            "module.eks_cluster.module.kubeflow_components.module.kubeflow_knative_eventing.module.helm_addon.module.irsa.aws_iam_role_policy_attachment.irsa",
            "module.eks_cluster.module.kubeflow_components.module.kubeflow_knative_eventing.module.helm_addon.module.irsa.kubernetes_namespace_v1.irsa",
            "module.eks_cluster.module.kubeflow_components.module.kubeflow_knative_eventing.module.helm_addon.module.irsa.kubernetes_secret_v1.irsa",
            "module.eks_cluster.module.kubeflow_components.module.kubeflow_knative_eventing.module.helm_addon.module.irsa.kubernetes_service_account_v1.irsa",
            "module.eks_cluster.module.kubeflow_components.module.kubeflow_knative_serving.module.helm_addon.helm_release.addon",
            "module.eks_cluster.module.kubeflow_components.module.kubeflow_knative_serving.module.helm_addon.module.irsa.aws_iam_role.irsa",
            "module.eks_cluster.module.kubeflow_components.module.kubeflow_knative_serving.module.helm_addon.module.irsa.aws_iam_role_policy_attachment.irsa",
            "module.eks_cluster.module.kubeflow_components.module.kubeflow_knative_serving.module.helm_addon.module.irsa.kubernetes_namespace_v1.irsa",
            "module.eks_cluster.module.kubeflow_components.module.kubeflow_knative_serving.module.helm_addon.module.irsa.kubernetes_secret_v1.irsa",
            "module.eks_cluster.module.kubeflow_components.module.kubeflow_knative_serving.module.helm_addon.module.irsa.kubernetes_service_account_v1.irsa",
            "module.eks_cluster.module.kubeflow_components.module.kubeflow_kserve.module.helm_addon.helm_release.addon",
            "module.eks_cluster.module.kubeflow_components.module.kubeflow_kserve.module.helm_addon.module.irsa.aws_iam_role.irsa",
            "module.eks_cluster.module.kubeflow_components.module.kubeflow_kserve.module.helm_addon.module.irsa.aws_iam_role_policy_attachment.irsa",
            "module.eks_cluster.module.kubeflow_components.module.kubeflow_kserve.module.helm_addon.module.irsa.kubernetes_namespace_v1.irsa",
            "module.eks_cluster.module.kubeflow_components.module.kubeflow_kserve.module.helm_addon.module.irsa.kubernetes_secret_v1.irsa",
            "module.eks_cluster.module.kubeflow_components.module.kubeflow_kserve.module.helm_addon.module.irsa.kubernetes_service_account_v1.irsa",
            "module.eks_cluster.module.kubeflow_components.module.kubeflow_models_web_app.module.helm_addon.helm_release.addon",
            "module.eks_cluster.module.kubeflow_components.module.kubeflow_models_web_app.module.helm_addon.module.irsa.aws_iam_role.irsa",
            "module.eks_cluster.module.kubeflow_components.module.kubeflow_models_web_app.module.helm_addon.module.irsa.aws_iam_role_policy_attachment.irsa",
            "module.eks_cluster.module.kubeflow_components.module.kubeflow_models_web_app.module.helm_addon.module.irsa.kubernetes_namespace_v1.irsa",
            "module.eks_cluster.module.kubeflow_components.module.kubeflow_models_web_app.module.helm_addon.module.irsa.kubernetes_secret_v1.irsa",
            "module.eks_cluster.module.kubeflow_components.module.kubeflow_models_web_app.module.helm_addon.module.irsa.kubernetes_service_account_v1.irsa",
            "module.eks_cluster.module.kubeflow_components.module.kubeflow_notebook_controller.module.helm_addon.helm_release.addon",
            "module.eks_cluster.module.kubeflow_components.module.kubeflow_notebook_controller.module.helm_addon.module.irsa.aws_iam_role.irsa",
            "module.eks_cluster.module.kubeflow_components.module.kubeflow_notebook_controller.module.helm_addon.module.irsa.aws_iam_role_policy_attachment.irsa",
            "module.eks_cluster.module.kubeflow_components.module.kubeflow_notebook_controller.module.helm_addon.module.irsa.kubernetes_namespace_v1.irsa",
            "module.eks_cluster.module.kubeflow_components.module.kubeflow_notebook_controller.module.helm_addon.module.irsa.kubernetes_secret_v1.irsa",
            "module.eks_cluster.module.kubeflow_components.module.kubeflow_notebook_controller.module.helm_addon.module.irsa.kubernetes_service_account_v1.irsa",
            "module.eks_cluster.module.kubeflow_components.module.kubeflow_oidc_authservice.module.helm_addon.helm_release.addon",
            "module.eks_cluster.module.kubeflow_components.module.kubeflow_oidc_authservice.module.helm_addon.module.irsa.aws_iam_role.irsa",
            "module.eks_cluster.module.kubeflow_components.module.kubeflow_oidc_authservice.module.helm_addon.module.irsa.aws_iam_role_policy_attachment.irsa",
            "module.eks_cluster.module.kubeflow_components.module.kubeflow_oidc_authservice.module.helm_addon.module.irsa.kubernetes_namespace_v1.irsa",
            "module.eks_cluster.module.kubeflow_components.module.kubeflow_oidc_authservice.module.helm_addon.module.irsa.kubernetes_secret_v1.irsa",
            "module.eks_cluster.module.kubeflow_components.module.kubeflow_oidc_authservice.module.helm_addon.module.irsa.kubernetes_service_account_v1.irsa",
            "module.eks_cluster.module.kubeflow_components.module.kubeflow_pipelines.module.helm_addon.helm_release.addon",
            "module.eks_cluster.module.kubeflow_components.module.kubeflow_pipelines.module.helm_addon.module.irsa.aws_iam_role.irsa",
            "module.eks_cluster.module.kubeflow_components.module.kubeflow_pipelines.module.helm_addon.module.irsa.aws_iam_role_policy_attachment.irsa",
            "module.eks_cluster.module.kubeflow_components.module.kubeflow_pipelines.module.helm_addon.module.irsa.kubernetes_namespace_v1.irsa",
            "module.eks_cluster.module.kubeflow_components.module.kubeflow_pipelines.module.helm_addon.module.irsa.kubernetes_secret_v1.irsa",
            "module.eks_cluster.module.kubeflow_components.module.kubeflow_pipelines.module.helm_addon.module.irsa.kubernetes_service_account_v1.irsa",
            "module.eks_cluster.module.kubeflow_components.module.kubeflow_profiles_and_kfam.aws_iam_policy.profile_controller_policy",
            "module.eks_cluster.module.kubeflow_components.module.kubeflow_roles.module.helm_addon.helm_release.addon",
            "module.eks_cluster.module.kubeflow_components.module.kubeflow_roles.module.helm_addon.module.irsa.aws_iam_role.irsa",
            "module.eks_cluster.module.kubeflow_components.module.kubeflow_roles.module.helm_addon.module.irsa.aws_iam_role_policy_attachment.irsa",
            "module.eks_cluster.module.kubeflow_components.module.kubeflow_roles.module.helm_addon.module.irsa.kubernetes_namespace_v1.irsa",
            "module.eks_cluster.module.kubeflow_components.module.kubeflow_roles.module.helm_addon.module.irsa.kubernetes_secret_v1.irsa",
            "module.eks_cluster.module.kubeflow_components.module.kubeflow_roles.module.helm_addon.module.irsa.kubernetes_service_account_v1.irsa"
          ]
        }
      ]
    },
    {
      "module": "module.eks_cluster.module.kubeflow_components.module.kubeflow_profiles_and_kfam.module.irsa",
      "mode": "managed",
      "type": "aws_iam_role_policy_attachment",
      "name": "irsa",
      "provider": "provider[\"registry.terraform.io/hashicorp/aws\"]",
      "instances": [
        {
          "index_key": 0,
          "schema_version": 0,
          "attributes": {
            "id": "profiles-controller-irsa-eks-blueprint-blue-us-east-1-20231030225627406200000002",
            "policy_arn": "arn:aws:iam::268050465834:policy/profile-controller-policy20231030225625916600000001",
            "role": "profiles-controller-irsa-eks-blueprint-blue-us-east-1"
          },
          "sensitive_attributes": [],
          "private": "bnVsbA==",
          "dependencies": [
            "module.eks_cluster.data.aws_caller_identity.current",
            "module.eks_cluster.data.aws_partition.current",
            "module.eks_cluster.data.aws_region.current",
            "module.eks_cluster.data.aws_subnets.private",
            "module.eks_cluster.data.aws_vpc.vpc",
            "module.eks_cluster.module.eks.aws_cloudwatch_log_group.this",
            "module.eks_cluster.module.eks.aws_eks_cluster.this",
            "module.eks_cluster.module.eks.aws_iam_openid_connect_provider.oidc_provider",
            "module.eks_cluster.module.eks.aws_iam_policy.cni_ipv6_policy",
            "module.eks_cluster.module.eks.aws_iam_role.this",
            "module.eks_cluster.module.eks.aws_iam_role_policy_attachment.this",
            "module.eks_cluster.module.eks.aws_security_group.cluster",
            "module.eks_cluster.module.eks.aws_security_group.node",
            "module.eks_cluster.module.eks.aws_security_group_rule.cluster",
            "module.eks_cluster.module.eks.aws_security_group_rule.node",
            "module.eks_cluster.module.eks.data.aws_caller_identity.current",
            "module.eks_cluster.module.eks.data.aws_iam_policy_document.assume_role_policy",
            "module.eks_cluster.module.eks.data.aws_iam_policy_document.cni_ipv6_policy",
            "module.eks_cluster.module.eks.data.aws_iam_session_context.current",
            "module.eks_cluster.module.eks.data.aws_partition.current",
            "module.eks_cluster.module.eks.data.tls_certificate.this",
            "module.eks_cluster.module.eks.module.kms.aws_kms_external_key.this",
            "module.eks_cluster.module.eks.module.kms.aws_kms_key.this",
            "module.eks_cluster.module.eks.module.kms.data.aws_caller_identity.current",
            "module.eks_cluster.module.eks.module.kms.data.aws_iam_policy_document.this",
            "module.eks_cluster.module.eks.module.kms.data.aws_partition.current",
            "module.eks_cluster.module.kubeflow_components.kubernetes_namespace.kubeflow",
            "module.eks_cluster.module.kubeflow_components.module.kubeflow_admission_webhook.module.helm_addon.helm_release.addon",
            "module.eks_cluster.module.kubeflow_components.module.kubeflow_admission_webhook.module.helm_addon.module.irsa.aws_iam_role.irsa",
            "module.eks_cluster.module.kubeflow_components.module.kubeflow_admission_webhook.module.helm_addon.module.irsa.aws_iam_role_policy_attachment.irsa",
            "module.eks_cluster.module.kubeflow_components.module.kubeflow_admission_webhook.module.helm_addon.module.irsa.kubernetes_namespace_v1.irsa",
            "module.eks_cluster.module.kubeflow_components.module.kubeflow_admission_webhook.module.helm_addon.module.irsa.kubernetes_secret_v1.irsa",
            "module.eks_cluster.module.kubeflow_components.module.kubeflow_admission_webhook.module.helm_addon.module.irsa.kubernetes_service_account_v1.irsa",
            "module.eks_cluster.module.kubeflow_components.module.kubeflow_central_dashboard.module.helm_addon.helm_release.addon",
            "module.eks_cluster.module.kubeflow_components.module.kubeflow_central_dashboard.module.helm_addon.module.irsa.aws_iam_role.irsa",
            "module.eks_cluster.module.kubeflow_components.module.kubeflow_central_dashboard.module.helm_addon.module.irsa.aws_iam_role_policy_attachment.irsa",
            "module.eks_cluster.module.kubeflow_components.module.kubeflow_central_dashboard.module.helm_addon.module.irsa.kubernetes_namespace_v1.irsa",
            "module.eks_cluster.module.kubeflow_components.module.kubeflow_central_dashboard.module.helm_addon.module.irsa.kubernetes_secret_v1.irsa",
            "module.eks_cluster.module.kubeflow_components.module.kubeflow_central_dashboard.module.helm_addon.module.irsa.kubernetes_service_account_v1.irsa",
            "module.eks_cluster.module.kubeflow_components.module.kubeflow_cluster_local_gateway.module.helm_addon.helm_release.addon",
            "module.eks_cluster.module.kubeflow_components.module.kubeflow_cluster_local_gateway.module.helm_addon.module.irsa.aws_iam_role.irsa",
            "module.eks_cluster.module.kubeflow_components.module.kubeflow_cluster_local_gateway.module.helm_addon.module.irsa.aws_iam_role_policy_attachment.irsa",
            "module.eks_cluster.module.kubeflow_components.module.kubeflow_cluster_local_gateway.module.helm_addon.module.irsa.kubernetes_namespace_v1.irsa",
            "module.eks_cluster.module.kubeflow_components.module.kubeflow_cluster_local_gateway.module.helm_addon.module.irsa.kubernetes_secret_v1.irsa",
            "module.eks_cluster.module.kubeflow_components.module.kubeflow_cluster_local_gateway.module.helm_addon.module.irsa.kubernetes_service_account_v1.irsa",
            "module.eks_cluster.module.kubeflow_components.module.kubeflow_dex.module.helm_addon.helm_release.addon",
            "module.eks_cluster.module.kubeflow_components.module.kubeflow_dex.module.helm_addon.module.irsa.aws_iam_role.irsa",
            "module.eks_cluster.module.kubeflow_components.module.kubeflow_dex.module.helm_addon.module.irsa.aws_iam_role_policy_attachment.irsa",
            "module.eks_cluster.module.kubeflow_components.module.kubeflow_dex.module.helm_addon.module.irsa.kubernetes_namespace_v1.irsa",
            "module.eks_cluster.module.kubeflow_components.module.kubeflow_dex.module.helm_addon.module.irsa.kubernetes_secret_v1.irsa",
            "module.eks_cluster.module.kubeflow_components.module.kubeflow_dex.module.helm_addon.module.irsa.kubernetes_service_account_v1.irsa",
            "module.eks_cluster.module.kubeflow_components.module.kubeflow_issuer.module.helm_addon.helm_release.addon",
            "module.eks_cluster.module.kubeflow_components.module.kubeflow_issuer.module.helm_addon.module.irsa.aws_iam_role.irsa",
            "module.eks_cluster.module.kubeflow_components.module.kubeflow_issuer.module.helm_addon.module.irsa.aws_iam_role_policy_attachment.irsa",
            "module.eks_cluster.module.kubeflow_components.module.kubeflow_issuer.module.helm_addon.module.irsa.kubernetes_namespace_v1.irsa",
            "module.eks_cluster.module.kubeflow_components.module.kubeflow_issuer.module.helm_addon.module.irsa.kubernetes_secret_v1.irsa",
            "module.eks_cluster.module.kubeflow_components.module.kubeflow_issuer.module.helm_addon.module.irsa.kubernetes_service_account_v1.irsa",
            "module.eks_cluster.module.kubeflow_components.module.kubeflow_istio.module.helm_addon.helm_release.addon",
            "module.eks_cluster.module.kubeflow_components.module.kubeflow_istio.module.helm_addon.module.irsa.aws_iam_role.irsa",
            "module.eks_cluster.module.kubeflow_components.module.kubeflow_istio.module.helm_addon.module.irsa.aws_iam_role_policy_attachment.irsa",
            "module.eks_cluster.module.kubeflow_components.module.kubeflow_istio.module.helm_addon.module.irsa.kubernetes_namespace_v1.irsa",
            "module.eks_cluster.module.kubeflow_components.module.kubeflow_istio.module.helm_addon.module.irsa.kubernetes_secret_v1.irsa",
            "module.eks_cluster.module.kubeflow_components.module.kubeflow_istio.module.helm_addon.module.irsa.kubernetes_service_account_v1.irsa",
            "module.eks_cluster.module.kubeflow_components.module.kubeflow_istio_resources.module.helm_addon.helm_release.addon",
            "module.eks_cluster.module.kubeflow_components.module.kubeflow_istio_resources.module.helm_addon.module.irsa.aws_iam_role.irsa",
            "module.eks_cluster.module.kubeflow_components.module.kubeflow_istio_resources.module.helm_addon.module.irsa.aws_iam_role_policy_attachment.irsa",
            "module.eks_cluster.module.kubeflow_components.module.kubeflow_istio_resources.module.helm_addon.module.irsa.kubernetes_namespace_v1.irsa",
            "module.eks_cluster.module.kubeflow_components.module.kubeflow_istio_resources.module.helm_addon.module.irsa.kubernetes_secret_v1.irsa",
            "module.eks_cluster.module.kubeflow_components.module.kubeflow_istio_resources.module.helm_addon.module.irsa.kubernetes_service_account_v1.irsa",
            "module.eks_cluster.module.kubeflow_components.module.kubeflow_jupyter_web_app.module.helm_addon.helm_release.addon",
            "module.eks_cluster.module.kubeflow_components.module.kubeflow_jupyter_web_app.module.helm_addon.module.irsa.aws_iam_role.irsa",
            "module.eks_cluster.module.kubeflow_components.module.kubeflow_jupyter_web_app.module.helm_addon.module.irsa.aws_iam_role_policy_attachment.irsa",
            "module.eks_cluster.module.kubeflow_components.module.kubeflow_jupyter_web_app.module.helm_addon.module.irsa.kubernetes_namespace_v1.irsa",
            "module.eks_cluster.module.kubeflow_components.module.kubeflow_jupyter_web_app.module.helm_addon.module.irsa.kubernetes_secret_v1.irsa",
            "module.eks_cluster.module.kubeflow_components.module.kubeflow_jupyter_web_app.module.helm_addon.module.irsa.kubernetes_service_account_v1.irsa",
            "module.eks_cluster.module.kubeflow_components.module.kubeflow_katib.module.helm_addon.helm_release.addon",
            "module.eks_cluster.module.kubeflow_components.module.kubeflow_katib.module.helm_addon.module.irsa.aws_iam_role.irsa",
            "module.eks_cluster.module.kubeflow_components.module.kubeflow_katib.module.helm_addon.module.irsa.aws_iam_role_policy_attachment.irsa",
            "module.eks_cluster.module.kubeflow_components.module.kubeflow_katib.module.helm_addon.module.irsa.kubernetes_namespace_v1.irsa",
            "module.eks_cluster.module.kubeflow_components.module.kubeflow_katib.module.helm_addon.module.irsa.kubernetes_secret_v1.irsa",
            "module.eks_cluster.module.kubeflow_components.module.kubeflow_katib.module.helm_addon.module.irsa.kubernetes_service_account_v1.irsa",
            "module.eks_cluster.module.kubeflow_components.module.kubeflow_knative_eventing.module.helm_addon.helm_release.addon",
            "module.eks_cluster.module.kubeflow_components.module.kubeflow_knative_eventing.module.helm_addon.module.irsa.aws_iam_role.irsa",
            "module.eks_cluster.module.kubeflow_components.module.kubeflow_knative_eventing.module.helm_addon.module.irsa.aws_iam_role_policy_attachment.irsa",
            "module.eks_cluster.module.kubeflow_components.module.kubeflow_knative_eventing.module.helm_addon.module.irsa.kubernetes_namespace_v1.irsa",
            "module.eks_cluster.module.kubeflow_components.module.kubeflow_knative_eventing.module.helm_addon.module.irsa.kubernetes_secret_v1.irsa",
            "module.eks_cluster.module.kubeflow_components.module.kubeflow_knative_eventing.module.helm_addon.module.irsa.kubernetes_service_account_v1.irsa",
            "module.eks_cluster.module.kubeflow_components.module.kubeflow_knative_serving.module.helm_addon.helm_release.addon",
            "module.eks_cluster.module.kubeflow_components.module.kubeflow_knative_serving.module.helm_addon.module.irsa.aws_iam_role.irsa",
            "module.eks_cluster.module.kubeflow_components.module.kubeflow_knative_serving.module.helm_addon.module.irsa.aws_iam_role_policy_attachment.irsa",
            "module.eks_cluster.module.kubeflow_components.module.kubeflow_knative_serving.module.helm_addon.module.irsa.kubernetes_namespace_v1.irsa",
            "module.eks_cluster.module.kubeflow_components.module.kubeflow_knative_serving.module.helm_addon.module.irsa.kubernetes_secret_v1.irsa",
            "module.eks_cluster.module.kubeflow_components.module.kubeflow_knative_serving.module.helm_addon.module.irsa.kubernetes_service_account_v1.irsa",
            "module.eks_cluster.module.kubeflow_components.module.kubeflow_kserve.module.helm_addon.helm_release.addon",
            "module.eks_cluster.module.kubeflow_components.module.kubeflow_kserve.module.helm_addon.module.irsa.aws_iam_role.irsa",
            "module.eks_cluster.module.kubeflow_components.module.kubeflow_kserve.module.helm_addon.module.irsa.aws_iam_role_policy_attachment.irsa",
            "module.eks_cluster.module.kubeflow_components.module.kubeflow_kserve.module.helm_addon.module.irsa.kubernetes_namespace_v1.irsa",
            "module.eks_cluster.module.kubeflow_components.module.kubeflow_kserve.module.helm_addon.module.irsa.kubernetes_secret_v1.irsa",
            "module.eks_cluster.module.kubeflow_components.module.kubeflow_kserve.module.helm_addon.module.irsa.kubernetes_service_account_v1.irsa",
            "module.eks_cluster.module.kubeflow_components.module.kubeflow_models_web_app.module.helm_addon.helm_release.addon",
            "module.eks_cluster.module.kubeflow_components.module.kubeflow_models_web_app.module.helm_addon.module.irsa.aws_iam_role.irsa",
            "module.eks_cluster.module.kubeflow_components.module.kubeflow_models_web_app.module.helm_addon.module.irsa.aws_iam_role_policy_attachment.irsa",
            "module.eks_cluster.module.kubeflow_components.module.kubeflow_models_web_app.module.helm_addon.module.irsa.kubernetes_namespace_v1.irsa",
            "module.eks_cluster.module.kubeflow_components.module.kubeflow_models_web_app.module.helm_addon.module.irsa.kubernetes_secret_v1.irsa",
            "module.eks_cluster.module.kubeflow_components.module.kubeflow_models_web_app.module.helm_addon.module.irsa.kubernetes_service_account_v1.irsa",
            "module.eks_cluster.module.kubeflow_components.module.kubeflow_notebook_controller.module.helm_addon.helm_release.addon",
            "module.eks_cluster.module.kubeflow_components.module.kubeflow_notebook_controller.module.helm_addon.module.irsa.aws_iam_role.irsa",
            "module.eks_cluster.module.kubeflow_components.module.kubeflow_notebook_controller.module.helm_addon.module.irsa.aws_iam_role_policy_attachment.irsa",
            "module.eks_cluster.module.kubeflow_components.module.kubeflow_notebook_controller.module.helm_addon.module.irsa.kubernetes_namespace_v1.irsa",
            "module.eks_cluster.module.kubeflow_components.module.kubeflow_notebook_controller.module.helm_addon.module.irsa.kubernetes_secret_v1.irsa",
            "module.eks_cluster.module.kubeflow_components.module.kubeflow_notebook_controller.module.helm_addon.module.irsa.kubernetes_service_account_v1.irsa",
            "module.eks_cluster.module.kubeflow_components.module.kubeflow_oidc_authservice.module.helm_addon.helm_release.addon",
            "module.eks_cluster.module.kubeflow_components.module.kubeflow_oidc_authservice.module.helm_addon.module.irsa.aws_iam_role.irsa",
            "module.eks_cluster.module.kubeflow_components.module.kubeflow_oidc_authservice.module.helm_addon.module.irsa.aws_iam_role_policy_attachment.irsa",
            "module.eks_cluster.module.kubeflow_components.module.kubeflow_oidc_authservice.module.helm_addon.module.irsa.kubernetes_namespace_v1.irsa",
            "module.eks_cluster.module.kubeflow_components.module.kubeflow_oidc_authservice.module.helm_addon.module.irsa.kubernetes_secret_v1.irsa",
            "module.eks_cluster.module.kubeflow_components.module.kubeflow_oidc_authservice.module.helm_addon.module.irsa.kubernetes_service_account_v1.irsa",
            "module.eks_cluster.module.kubeflow_components.module.kubeflow_pipelines.module.helm_addon.helm_release.addon",
            "module.eks_cluster.module.kubeflow_components.module.kubeflow_pipelines.module.helm_addon.module.irsa.aws_iam_role.irsa",
            "module.eks_cluster.module.kubeflow_components.module.kubeflow_pipelines.module.helm_addon.module.irsa.aws_iam_role_policy_attachment.irsa",
            "module.eks_cluster.module.kubeflow_components.module.kubeflow_pipelines.module.helm_addon.module.irsa.kubernetes_namespace_v1.irsa",
            "module.eks_cluster.module.kubeflow_components.module.kubeflow_pipelines.module.helm_addon.module.irsa.kubernetes_secret_v1.irsa",
            "module.eks_cluster.module.kubeflow_components.module.kubeflow_pipelines.module.helm_addon.module.irsa.kubernetes_service_account_v1.irsa",
            "module.eks_cluster.module.kubeflow_components.module.kubeflow_profiles_and_kfam.aws_iam_policy.profile_controller_policy",
            "module.eks_cluster.module.kubeflow_components.module.kubeflow_profiles_and_kfam.module.irsa.aws_iam_role.irsa",
            "module.eks_cluster.module.kubeflow_components.module.kubeflow_roles.module.helm_addon.helm_release.addon",
            "module.eks_cluster.module.kubeflow_components.module.kubeflow_roles.module.helm_addon.module.irsa.aws_iam_role.irsa",
            "module.eks_cluster.module.kubeflow_components.module.kubeflow_roles.module.helm_addon.module.irsa.aws_iam_role_policy_attachment.irsa",
            "module.eks_cluster.module.kubeflow_components.module.kubeflow_roles.module.helm_addon.module.irsa.kubernetes_namespace_v1.irsa",
            "module.eks_cluster.module.kubeflow_components.module.kubeflow_roles.module.helm_addon.module.irsa.kubernetes_secret_v1.irsa",
            "module.eks_cluster.module.kubeflow_components.module.kubeflow_roles.module.helm_addon.module.irsa.kubernetes_service_account_v1.irsa"
          ]
        }
      ]
    },
    {
      "module": "module.eks_cluster.module.kubeflow_components.module.kubeflow_roles.module.helm_addon",
      "mode": "managed",
      "type": "helm_release",
      "name": "addon",
      "provider": "provider[\"registry.terraform.io/hashicorp/helm\"]",
      "instances": [
        {
          "index_key": 0,
          "schema_version": 1,
          "attributes": {
            "atomic": false,
            "chart": "../eks_cluster/KubeflowComponents/charts/kubeflow-roles",
            "cleanup_on_fail": false,
            "create_namespace": false,
            "dependency_update": false,
            "description": "",
            "devel": null,
            "disable_crd_hooks": false,
            "disable_openapi_validation": false,
            "disable_webhooks": false,
            "force_update": false,
            "id": "kubeflow-roles",
            "keyring": "",
            "lint": false,
            "manifest": null,
            "max_history": 0,
            "metadata": [
              {
                "app_version": "v1.6.1",
                "chart": "kubeflow-roles",
                "name": "kubeflow-roles",
                "namespace": "default",
                "revision": 1,
                "values": "{}",
                "version": "0.1.0"
              }
            ],
            "name": "kubeflow-roles",
            "namespace": "default",
            "pass_credentials": false,
            "postrender": [
              {
                "args": [],
                "binary_path": ""
              }
            ],
            "recreate_pods": false,
            "render_subchart_notes": true,
            "replace": false,
            "repository": null,
            "repository_ca_file": null,
            "repository_cert_file": "",
            "repository_key_file": "",
            "repository_password": "",
            "repository_username": "",
            "reset_values": false,
            "reuse_values": false,
            "set": [],
            "set_list": [],
            "set_sensitive": [],
            "skip_crds": false,
            "status": "deployed",
            "timeout": 600,
            "values": [],
            "verify": false,
            "version": "0.1.0",
            "wait": true,
            "wait_for_jobs": false
          },
          "sensitive_attributes": [],
          "private": "eyJzY2hlbWFfdmVyc2lvbiI6IjEifQ==",
          "dependencies": [
            "module.eks_cluster.data.aws_caller_identity.current",
            "module.eks_cluster.data.aws_partition.current",
            "module.eks_cluster.data.aws_region.current",
            "module.eks_cluster.data.aws_subnets.private",
            "module.eks_cluster.data.aws_vpc.vpc",
            "module.eks_cluster.module.eks.aws_cloudwatch_log_group.this",
            "module.eks_cluster.module.eks.aws_eks_cluster.this",
            "module.eks_cluster.module.eks.aws_iam_openid_connect_provider.oidc_provider",
            "module.eks_cluster.module.eks.aws_iam_policy.cni_ipv6_policy",
            "module.eks_cluster.module.eks.aws_iam_role.this",
            "module.eks_cluster.module.eks.aws_iam_role_policy_attachment.this",
            "module.eks_cluster.module.eks.aws_security_group.cluster",
            "module.eks_cluster.module.eks.aws_security_group.node",
            "module.eks_cluster.module.eks.aws_security_group_rule.cluster",
            "module.eks_cluster.module.eks.aws_security_group_rule.node",
            "module.eks_cluster.module.eks.data.aws_caller_identity.current",
            "module.eks_cluster.module.eks.data.aws_iam_policy_document.assume_role_policy",
            "module.eks_cluster.module.eks.data.aws_iam_policy_document.cni_ipv6_policy",
            "module.eks_cluster.module.eks.data.aws_iam_session_context.current",
            "module.eks_cluster.module.eks.data.aws_partition.current",
            "module.eks_cluster.module.eks.data.tls_certificate.this",
            "module.eks_cluster.module.eks.module.kms.aws_kms_external_key.this",
            "module.eks_cluster.module.eks.module.kms.aws_kms_key.this",
            "module.eks_cluster.module.eks.module.kms.data.aws_caller_identity.current",
            "module.eks_cluster.module.eks.module.kms.data.aws_iam_policy_document.this",
            "module.eks_cluster.module.eks.module.kms.data.aws_partition.current",
            "module.eks_cluster.module.kubeflow_components.kubernetes_namespace.kubeflow",
            "module.eks_cluster.module.kubeflow_components.module.kubeflow_cluster_local_gateway.module.helm_addon.helm_release.addon",
            "module.eks_cluster.module.kubeflow_components.module.kubeflow_cluster_local_gateway.module.helm_addon.module.irsa.aws_iam_role.irsa",
            "module.eks_cluster.module.kubeflow_components.module.kubeflow_cluster_local_gateway.module.helm_addon.module.irsa.aws_iam_role_policy_attachment.irsa",
            "module.eks_cluster.module.kubeflow_components.module.kubeflow_cluster_local_gateway.module.helm_addon.module.irsa.kubernetes_namespace_v1.irsa",
            "module.eks_cluster.module.kubeflow_components.module.kubeflow_cluster_local_gateway.module.helm_addon.module.irsa.kubernetes_secret_v1.irsa",
            "module.eks_cluster.module.kubeflow_components.module.kubeflow_cluster_local_gateway.module.helm_addon.module.irsa.kubernetes_service_account_v1.irsa",
            "module.eks_cluster.module.kubeflow_components.module.kubeflow_dex.module.helm_addon.helm_release.addon",
            "module.eks_cluster.module.kubeflow_components.module.kubeflow_dex.module.helm_addon.module.irsa.aws_iam_role.irsa",
            "module.eks_cluster.module.kubeflow_components.module.kubeflow_dex.module.helm_addon.module.irsa.aws_iam_role_policy_attachment.irsa",
            "module.eks_cluster.module.kubeflow_components.module.kubeflow_dex.module.helm_addon.module.irsa.kubernetes_namespace_v1.irsa",
            "module.eks_cluster.module.kubeflow_components.module.kubeflow_dex.module.helm_addon.module.irsa.kubernetes_secret_v1.irsa",
            "module.eks_cluster.module.kubeflow_components.module.kubeflow_dex.module.helm_addon.module.irsa.kubernetes_service_account_v1.irsa",
            "module.eks_cluster.module.kubeflow_components.module.kubeflow_issuer.module.helm_addon.helm_release.addon",
            "module.eks_cluster.module.kubeflow_components.module.kubeflow_issuer.module.helm_addon.module.irsa.aws_iam_role.irsa",
            "module.eks_cluster.module.kubeflow_components.module.kubeflow_issuer.module.helm_addon.module.irsa.aws_iam_role_policy_attachment.irsa",
            "module.eks_cluster.module.kubeflow_components.module.kubeflow_issuer.module.helm_addon.module.irsa.kubernetes_namespace_v1.irsa",
            "module.eks_cluster.module.kubeflow_components.module.kubeflow_issuer.module.helm_addon.module.irsa.kubernetes_secret_v1.irsa",
            "module.eks_cluster.module.kubeflow_components.module.kubeflow_issuer.module.helm_addon.module.irsa.kubernetes_service_account_v1.irsa",
            "module.eks_cluster.module.kubeflow_components.module.kubeflow_istio.module.helm_addon.helm_release.addon",
            "module.eks_cluster.module.kubeflow_components.module.kubeflow_istio.module.helm_addon.module.irsa.aws_iam_role.irsa",
            "module.eks_cluster.module.kubeflow_components.module.kubeflow_istio.module.helm_addon.module.irsa.aws_iam_role_policy_attachment.irsa",
            "module.eks_cluster.module.kubeflow_components.module.kubeflow_istio.module.helm_addon.module.irsa.kubernetes_namespace_v1.irsa",
            "module.eks_cluster.module.kubeflow_components.module.kubeflow_istio.module.helm_addon.module.irsa.kubernetes_secret_v1.irsa",
            "module.eks_cluster.module.kubeflow_components.module.kubeflow_istio.module.helm_addon.module.irsa.kubernetes_service_account_v1.irsa",
            "module.eks_cluster.module.kubeflow_components.module.kubeflow_knative_eventing.module.helm_addon.helm_release.addon",
            "module.eks_cluster.module.kubeflow_components.module.kubeflow_knative_eventing.module.helm_addon.module.irsa.aws_iam_role.irsa",
            "module.eks_cluster.module.kubeflow_components.module.kubeflow_knative_eventing.module.helm_addon.module.irsa.aws_iam_role_policy_attachment.irsa",
            "module.eks_cluster.module.kubeflow_components.module.kubeflow_knative_eventing.module.helm_addon.module.irsa.kubernetes_namespace_v1.irsa",
            "module.eks_cluster.module.kubeflow_components.module.kubeflow_knative_eventing.module.helm_addon.module.irsa.kubernetes_secret_v1.irsa",
            "module.eks_cluster.module.kubeflow_components.module.kubeflow_knative_eventing.module.helm_addon.module.irsa.kubernetes_service_account_v1.irsa",
            "module.eks_cluster.module.kubeflow_components.module.kubeflow_knative_serving.module.helm_addon.helm_release.addon",
            "module.eks_cluster.module.kubeflow_components.module.kubeflow_knative_serving.module.helm_addon.module.irsa.aws_iam_role.irsa",
            "module.eks_cluster.module.kubeflow_components.module.kubeflow_knative_serving.module.helm_addon.module.irsa.aws_iam_role_policy_attachment.irsa",
            "module.eks_cluster.module.kubeflow_components.module.kubeflow_knative_serving.module.helm_addon.module.irsa.kubernetes_namespace_v1.irsa",
            "module.eks_cluster.module.kubeflow_components.module.kubeflow_knative_serving.module.helm_addon.module.irsa.kubernetes_secret_v1.irsa",
            "module.eks_cluster.module.kubeflow_components.module.kubeflow_knative_serving.module.helm_addon.module.irsa.kubernetes_service_account_v1.irsa",
            "module.eks_cluster.module.kubeflow_components.module.kubeflow_oidc_authservice.module.helm_addon.helm_release.addon",
            "module.eks_cluster.module.kubeflow_components.module.kubeflow_oidc_authservice.module.helm_addon.module.irsa.aws_iam_role.irsa",
            "module.eks_cluster.module.kubeflow_components.module.kubeflow_oidc_authservice.module.helm_addon.module.irsa.aws_iam_role_policy_attachment.irsa",
            "module.eks_cluster.module.kubeflow_components.module.kubeflow_oidc_authservice.module.helm_addon.module.irsa.kubernetes_namespace_v1.irsa",
            "module.eks_cluster.module.kubeflow_components.module.kubeflow_oidc_authservice.module.helm_addon.module.irsa.kubernetes_secret_v1.irsa",
            "module.eks_cluster.module.kubeflow_components.module.kubeflow_oidc_authservice.module.helm_addon.module.irsa.kubernetes_service_account_v1.irsa",
            "module.eks_cluster.module.kubeflow_components.module.kubeflow_roles.module.helm_addon.module.irsa.aws_iam_role.irsa",
            "module.eks_cluster.module.kubeflow_components.module.kubeflow_roles.module.helm_addon.module.irsa.aws_iam_role_policy_attachment.irsa",
            "module.eks_cluster.module.kubeflow_components.module.kubeflow_roles.module.helm_addon.module.irsa.kubernetes_namespace_v1.irsa",
            "module.eks_cluster.module.kubeflow_components.module.kubeflow_roles.module.helm_addon.module.irsa.kubernetes_secret_v1.irsa",
            "module.eks_cluster.module.kubeflow_components.module.kubeflow_roles.module.helm_addon.module.irsa.kubernetes_service_account_v1.irsa"
          ]
        }
      ]
    },
    {
      "module": "module.eks_cluster.module.kubeflow_components.module.kubeflow_tensorboard_controller.module.helm_addon",
      "mode": "managed",
      "type": "helm_release",
      "name": "addon",
      "provider": "provider[\"registry.terraform.io/hashicorp/helm\"]",
      "instances": [
        {
          "index_key": 0,
          "schema_version": 1,
          "attributes": {
            "atomic": false,
            "chart": "../eks_cluster/KubeflowComponents/charts/tensorboard-controller",
            "cleanup_on_fail": false,
            "create_namespace": false,
            "dependency_update": false,
            "description": "",
            "devel": null,
            "disable_crd_hooks": false,
            "disable_openapi_validation": false,
            "disable_webhooks": false,
            "force_update": false,
            "id": "tensorboard-controller",
            "keyring": "",
            "lint": false,
            "manifest": null,
            "max_history": 0,
            "metadata": [
              {
                "app_version": "v1.7.0",
                "chart": "tensorboard-controller",
                "name": "tensorboard-controller",
                "namespace": "default",
                "revision": 1,
                "values": "{}",
                "version": "0.2.0"
              }
            ],
            "name": "tensorboard-controller",
            "namespace": "default",
            "pass_credentials": false,
            "postrender": [
              {
                "args": [],
                "binary_path": ""
              }
            ],
            "recreate_pods": false,
            "render_subchart_notes": true,
            "replace": false,
            "repository": null,
            "repository_ca_file": null,
            "repository_cert_file": "",
            "repository_key_file": "",
            "repository_password": "",
            "repository_username": "",
            "reset_values": false,
            "reuse_values": false,
            "set": [],
            "set_list": [],
            "set_sensitive": [],
            "skip_crds": false,
            "status": "deployed",
            "timeout": 600,
            "values": [],
            "verify": false,
            "version": "0.2.0",
            "wait": true,
            "wait_for_jobs": false
          },
          "sensitive_attributes": [],
          "private": "eyJzY2hlbWFfdmVyc2lvbiI6IjEifQ==",
          "dependencies": [
            "module.eks_cluster.data.aws_caller_identity.current",
            "module.eks_cluster.data.aws_partition.current",
            "module.eks_cluster.data.aws_region.current",
            "module.eks_cluster.data.aws_subnets.private",
            "module.eks_cluster.data.aws_vpc.vpc",
            "module.eks_cluster.module.eks.aws_cloudwatch_log_group.this",
            "module.eks_cluster.module.eks.aws_eks_cluster.this",
            "module.eks_cluster.module.eks.aws_iam_openid_connect_provider.oidc_provider",
            "module.eks_cluster.module.eks.aws_iam_policy.cni_ipv6_policy",
            "module.eks_cluster.module.eks.aws_iam_role.this",
            "module.eks_cluster.module.eks.aws_iam_role_policy_attachment.this",
            "module.eks_cluster.module.eks.aws_security_group.cluster",
            "module.eks_cluster.module.eks.aws_security_group.node",
            "module.eks_cluster.module.eks.aws_security_group_rule.cluster",
            "module.eks_cluster.module.eks.aws_security_group_rule.node",
            "module.eks_cluster.module.eks.data.aws_caller_identity.current",
            "module.eks_cluster.module.eks.data.aws_iam_policy_document.assume_role_policy",
            "module.eks_cluster.module.eks.data.aws_iam_policy_document.cni_ipv6_policy",
            "module.eks_cluster.module.eks.data.aws_iam_session_context.current",
            "module.eks_cluster.module.eks.data.aws_partition.current",
            "module.eks_cluster.module.eks.data.tls_certificate.this",
            "module.eks_cluster.module.eks.module.kms.aws_kms_external_key.this",
            "module.eks_cluster.module.eks.module.kms.aws_kms_key.this",
            "module.eks_cluster.module.eks.module.kms.data.aws_caller_identity.current",
            "module.eks_cluster.module.eks.module.kms.data.aws_iam_policy_document.this",
            "module.eks_cluster.module.eks.module.kms.data.aws_partition.current",
            "module.eks_cluster.module.kubeflow_components.kubernetes_namespace.kubeflow",
            "module.eks_cluster.module.kubeflow_components.module.kubeflow_admission_webhook.module.helm_addon.helm_release.addon",
            "module.eks_cluster.module.kubeflow_components.module.kubeflow_admission_webhook.module.helm_addon.module.irsa.aws_iam_role.irsa",
            "module.eks_cluster.module.kubeflow_components.module.kubeflow_admission_webhook.module.helm_addon.module.irsa.aws_iam_role_policy_attachment.irsa",
            "module.eks_cluster.module.kubeflow_components.module.kubeflow_admission_webhook.module.helm_addon.module.irsa.kubernetes_namespace_v1.irsa",
            "module.eks_cluster.module.kubeflow_components.module.kubeflow_admission_webhook.module.helm_addon.module.irsa.kubernetes_secret_v1.irsa",
            "module.eks_cluster.module.kubeflow_components.module.kubeflow_admission_webhook.module.helm_addon.module.irsa.kubernetes_service_account_v1.irsa",
            "module.eks_cluster.module.kubeflow_components.module.kubeflow_central_dashboard.module.helm_addon.helm_release.addon",
            "module.eks_cluster.module.kubeflow_components.module.kubeflow_central_dashboard.module.helm_addon.module.irsa.aws_iam_role.irsa",
            "module.eks_cluster.module.kubeflow_components.module.kubeflow_central_dashboard.module.helm_addon.module.irsa.aws_iam_role_policy_attachment.irsa",
            "module.eks_cluster.module.kubeflow_components.module.kubeflow_central_dashboard.module.helm_addon.module.irsa.kubernetes_namespace_v1.irsa",
            "module.eks_cluster.module.kubeflow_components.module.kubeflow_central_dashboard.module.helm_addon.module.irsa.kubernetes_secret_v1.irsa",
            "module.eks_cluster.module.kubeflow_components.module.kubeflow_central_dashboard.module.helm_addon.module.irsa.kubernetes_service_account_v1.irsa",
            "module.eks_cluster.module.kubeflow_components.module.kubeflow_cluster_local_gateway.module.helm_addon.helm_release.addon",
            "module.eks_cluster.module.kubeflow_components.module.kubeflow_cluster_local_gateway.module.helm_addon.module.irsa.aws_iam_role.irsa",
            "module.eks_cluster.module.kubeflow_components.module.kubeflow_cluster_local_gateway.module.helm_addon.module.irsa.aws_iam_role_policy_attachment.irsa",
            "module.eks_cluster.module.kubeflow_components.module.kubeflow_cluster_local_gateway.module.helm_addon.module.irsa.kubernetes_namespace_v1.irsa",
            "module.eks_cluster.module.kubeflow_components.module.kubeflow_cluster_local_gateway.module.helm_addon.module.irsa.kubernetes_secret_v1.irsa",
            "module.eks_cluster.module.kubeflow_components.module.kubeflow_cluster_local_gateway.module.helm_addon.module.irsa.kubernetes_service_account_v1.irsa",
            "module.eks_cluster.module.kubeflow_components.module.kubeflow_dex.module.helm_addon.helm_release.addon",
            "module.eks_cluster.module.kubeflow_components.module.kubeflow_dex.module.helm_addon.module.irsa.aws_iam_role.irsa",
            "module.eks_cluster.module.kubeflow_components.module.kubeflow_dex.module.helm_addon.module.irsa.aws_iam_role_policy_attachment.irsa",
            "module.eks_cluster.module.kubeflow_components.module.kubeflow_dex.module.helm_addon.module.irsa.kubernetes_namespace_v1.irsa",
            "module.eks_cluster.module.kubeflow_components.module.kubeflow_dex.module.helm_addon.module.irsa.kubernetes_secret_v1.irsa",
            "module.eks_cluster.module.kubeflow_components.module.kubeflow_dex.module.helm_addon.module.irsa.kubernetes_service_account_v1.irsa",
            "module.eks_cluster.module.kubeflow_components.module.kubeflow_issuer.module.helm_addon.helm_release.addon",
            "module.eks_cluster.module.kubeflow_components.module.kubeflow_issuer.module.helm_addon.module.irsa.aws_iam_role.irsa",
            "module.eks_cluster.module.kubeflow_components.module.kubeflow_issuer.module.helm_addon.module.irsa.aws_iam_role_policy_attachment.irsa",
            "module.eks_cluster.module.kubeflow_components.module.kubeflow_issuer.module.helm_addon.module.irsa.kubernetes_namespace_v1.irsa",
            "module.eks_cluster.module.kubeflow_components.module.kubeflow_issuer.module.helm_addon.module.irsa.kubernetes_secret_v1.irsa",
            "module.eks_cluster.module.kubeflow_components.module.kubeflow_issuer.module.helm_addon.module.irsa.kubernetes_service_account_v1.irsa",
            "module.eks_cluster.module.kubeflow_components.module.kubeflow_istio.module.helm_addon.helm_release.addon",
            "module.eks_cluster.module.kubeflow_components.module.kubeflow_istio.module.helm_addon.module.irsa.aws_iam_role.irsa",
            "module.eks_cluster.module.kubeflow_components.module.kubeflow_istio.module.helm_addon.module.irsa.aws_iam_role_policy_attachment.irsa",
            "module.eks_cluster.module.kubeflow_components.module.kubeflow_istio.module.helm_addon.module.irsa.kubernetes_namespace_v1.irsa",
            "module.eks_cluster.module.kubeflow_components.module.kubeflow_istio.module.helm_addon.module.irsa.kubernetes_secret_v1.irsa",
            "module.eks_cluster.module.kubeflow_components.module.kubeflow_istio.module.helm_addon.module.irsa.kubernetes_service_account_v1.irsa",
            "module.eks_cluster.module.kubeflow_components.module.kubeflow_istio_resources.module.helm_addon.helm_release.addon",
            "module.eks_cluster.module.kubeflow_components.module.kubeflow_istio_resources.module.helm_addon.module.irsa.aws_iam_role.irsa",
            "module.eks_cluster.module.kubeflow_components.module.kubeflow_istio_resources.module.helm_addon.module.irsa.aws_iam_role_policy_attachment.irsa",
            "module.eks_cluster.module.kubeflow_components.module.kubeflow_istio_resources.module.helm_addon.module.irsa.kubernetes_namespace_v1.irsa",
            "module.eks_cluster.module.kubeflow_components.module.kubeflow_istio_resources.module.helm_addon.module.irsa.kubernetes_secret_v1.irsa",
            "module.eks_cluster.module.kubeflow_components.module.kubeflow_istio_resources.module.helm_addon.module.irsa.kubernetes_service_account_v1.irsa",
            "module.eks_cluster.module.kubeflow_components.module.kubeflow_jupyter_web_app.module.helm_addon.helm_release.addon",
            "module.eks_cluster.module.kubeflow_components.module.kubeflow_jupyter_web_app.module.helm_addon.module.irsa.aws_iam_role.irsa",
            "module.eks_cluster.module.kubeflow_components.module.kubeflow_jupyter_web_app.module.helm_addon.module.irsa.aws_iam_role_policy_attachment.irsa",
            "module.eks_cluster.module.kubeflow_components.module.kubeflow_jupyter_web_app.module.helm_addon.module.irsa.kubernetes_namespace_v1.irsa",
            "module.eks_cluster.module.kubeflow_components.module.kubeflow_jupyter_web_app.module.helm_addon.module.irsa.kubernetes_secret_v1.irsa",
            "module.eks_cluster.module.kubeflow_components.module.kubeflow_jupyter_web_app.module.helm_addon.module.irsa.kubernetes_service_account_v1.irsa",
            "module.eks_cluster.module.kubeflow_components.module.kubeflow_katib.module.helm_addon.helm_release.addon",
            "module.eks_cluster.module.kubeflow_components.module.kubeflow_katib.module.helm_addon.module.irsa.aws_iam_role.irsa",
            "module.eks_cluster.module.kubeflow_components.module.kubeflow_katib.module.helm_addon.module.irsa.aws_iam_role_policy_attachment.irsa",
            "module.eks_cluster.module.kubeflow_components.module.kubeflow_katib.module.helm_addon.module.irsa.kubernetes_namespace_v1.irsa",
            "module.eks_cluster.module.kubeflow_components.module.kubeflow_katib.module.helm_addon.module.irsa.kubernetes_secret_v1.irsa",
            "module.eks_cluster.module.kubeflow_components.module.kubeflow_katib.module.helm_addon.module.irsa.kubernetes_service_account_v1.irsa",
            "module.eks_cluster.module.kubeflow_components.module.kubeflow_knative_eventing.module.helm_addon.helm_release.addon",
            "module.eks_cluster.module.kubeflow_components.module.kubeflow_knative_eventing.module.helm_addon.module.irsa.aws_iam_role.irsa",
            "module.eks_cluster.module.kubeflow_components.module.kubeflow_knative_eventing.module.helm_addon.module.irsa.aws_iam_role_policy_attachment.irsa",
            "module.eks_cluster.module.kubeflow_components.module.kubeflow_knative_eventing.module.helm_addon.module.irsa.kubernetes_namespace_v1.irsa",
            "module.eks_cluster.module.kubeflow_components.module.kubeflow_knative_eventing.module.helm_addon.module.irsa.kubernetes_secret_v1.irsa",
            "module.eks_cluster.module.kubeflow_components.module.kubeflow_knative_eventing.module.helm_addon.module.irsa.kubernetes_service_account_v1.irsa",
            "module.eks_cluster.module.kubeflow_components.module.kubeflow_knative_serving.module.helm_addon.helm_release.addon",
            "module.eks_cluster.module.kubeflow_components.module.kubeflow_knative_serving.module.helm_addon.module.irsa.aws_iam_role.irsa",
            "module.eks_cluster.module.kubeflow_components.module.kubeflow_knative_serving.module.helm_addon.module.irsa.aws_iam_role_policy_attachment.irsa",
            "module.eks_cluster.module.kubeflow_components.module.kubeflow_knative_serving.module.helm_addon.module.irsa.kubernetes_namespace_v1.irsa",
            "module.eks_cluster.module.kubeflow_components.module.kubeflow_knative_serving.module.helm_addon.module.irsa.kubernetes_secret_v1.irsa",
            "module.eks_cluster.module.kubeflow_components.module.kubeflow_knative_serving.module.helm_addon.module.irsa.kubernetes_service_account_v1.irsa",
            "module.eks_cluster.module.kubeflow_components.module.kubeflow_kserve.module.helm_addon.helm_release.addon",
            "module.eks_cluster.module.kubeflow_components.module.kubeflow_kserve.module.helm_addon.module.irsa.aws_iam_role.irsa",
            "module.eks_cluster.module.kubeflow_components.module.kubeflow_kserve.module.helm_addon.module.irsa.aws_iam_role_policy_attachment.irsa",
            "module.eks_cluster.module.kubeflow_components.module.kubeflow_kserve.module.helm_addon.module.irsa.kubernetes_namespace_v1.irsa",
            "module.eks_cluster.module.kubeflow_components.module.kubeflow_kserve.module.helm_addon.module.irsa.kubernetes_secret_v1.irsa",
            "module.eks_cluster.module.kubeflow_components.module.kubeflow_kserve.module.helm_addon.module.irsa.kubernetes_service_account_v1.irsa",
            "module.eks_cluster.module.kubeflow_components.module.kubeflow_models_web_app.module.helm_addon.helm_release.addon",
            "module.eks_cluster.module.kubeflow_components.module.kubeflow_models_web_app.module.helm_addon.module.irsa.aws_iam_role.irsa",
            "module.eks_cluster.module.kubeflow_components.module.kubeflow_models_web_app.module.helm_addon.module.irsa.aws_iam_role_policy_attachment.irsa",
            "module.eks_cluster.module.kubeflow_components.module.kubeflow_models_web_app.module.helm_addon.module.irsa.kubernetes_namespace_v1.irsa",
            "module.eks_cluster.module.kubeflow_components.module.kubeflow_models_web_app.module.helm_addon.module.irsa.kubernetes_secret_v1.irsa",
            "module.eks_cluster.module.kubeflow_components.module.kubeflow_models_web_app.module.helm_addon.module.irsa.kubernetes_service_account_v1.irsa",
            "module.eks_cluster.module.kubeflow_components.module.kubeflow_notebook_controller.module.helm_addon.helm_release.addon",
            "module.eks_cluster.module.kubeflow_components.module.kubeflow_notebook_controller.module.helm_addon.module.irsa.aws_iam_role.irsa",
            "module.eks_cluster.module.kubeflow_components.module.kubeflow_notebook_controller.module.helm_addon.module.irsa.aws_iam_role_policy_attachment.irsa",
            "module.eks_cluster.module.kubeflow_components.module.kubeflow_notebook_controller.module.helm_addon.module.irsa.kubernetes_namespace_v1.irsa",
            "module.eks_cluster.module.kubeflow_components.module.kubeflow_notebook_controller.module.helm_addon.module.irsa.kubernetes_secret_v1.irsa",
            "module.eks_cluster.module.kubeflow_components.module.kubeflow_notebook_controller.module.helm_addon.module.irsa.kubernetes_service_account_v1.irsa",
            "module.eks_cluster.module.kubeflow_components.module.kubeflow_oidc_authservice.module.helm_addon.helm_release.addon",
            "module.eks_cluster.module.kubeflow_components.module.kubeflow_oidc_authservice.module.helm_addon.module.irsa.aws_iam_role.irsa",
            "module.eks_cluster.module.kubeflow_components.module.kubeflow_oidc_authservice.module.helm_addon.module.irsa.aws_iam_role_policy_attachment.irsa",
            "module.eks_cluster.module.kubeflow_components.module.kubeflow_oidc_authservice.module.helm_addon.module.irsa.kubernetes_namespace_v1.irsa",
            "module.eks_cluster.module.kubeflow_components.module.kubeflow_oidc_authservice.module.helm_addon.module.irsa.kubernetes_secret_v1.irsa",
            "module.eks_cluster.module.kubeflow_components.module.kubeflow_oidc_authservice.module.helm_addon.module.irsa.kubernetes_service_account_v1.irsa",
            "module.eks_cluster.module.kubeflow_components.module.kubeflow_pipelines.module.helm_addon.helm_release.addon",
            "module.eks_cluster.module.kubeflow_components.module.kubeflow_pipelines.module.helm_addon.module.irsa.aws_iam_role.irsa",
            "module.eks_cluster.module.kubeflow_components.module.kubeflow_pipelines.module.helm_addon.module.irsa.aws_iam_role_policy_attachment.irsa",
            "module.eks_cluster.module.kubeflow_components.module.kubeflow_pipelines.module.helm_addon.module.irsa.kubernetes_namespace_v1.irsa",
            "module.eks_cluster.module.kubeflow_components.module.kubeflow_pipelines.module.helm_addon.module.irsa.kubernetes_secret_v1.irsa",
            "module.eks_cluster.module.kubeflow_components.module.kubeflow_pipelines.module.helm_addon.module.irsa.kubernetes_service_account_v1.irsa",
            "module.eks_cluster.module.kubeflow_components.module.kubeflow_profiles_and_kfam.aws_iam_policy.profile_controller_policy",
            "module.eks_cluster.module.kubeflow_components.module.kubeflow_profiles_and_kfam.kubernetes_annotations.sa_role_arn",
            "module.eks_cluster.module.kubeflow_components.module.kubeflow_profiles_and_kfam.module.helm_addon.helm_release.addon",
            "module.eks_cluster.module.kubeflow_components.module.kubeflow_profiles_and_kfam.module.helm_addon.module.irsa.aws_iam_role.irsa",
            "module.eks_cluster.module.kubeflow_components.module.kubeflow_profiles_and_kfam.module.helm_addon.module.irsa.aws_iam_role_policy_attachment.irsa",
            "module.eks_cluster.module.kubeflow_components.module.kubeflow_profiles_and_kfam.module.helm_addon.module.irsa.kubernetes_namespace_v1.irsa",
            "module.eks_cluster.module.kubeflow_components.module.kubeflow_profiles_and_kfam.module.helm_addon.module.irsa.kubernetes_secret_v1.irsa",
            "module.eks_cluster.module.kubeflow_components.module.kubeflow_profiles_and_kfam.module.helm_addon.module.irsa.kubernetes_service_account_v1.irsa",
            "module.eks_cluster.module.kubeflow_components.module.kubeflow_profiles_and_kfam.module.irsa.aws_iam_role.irsa",
            "module.eks_cluster.module.kubeflow_components.module.kubeflow_profiles_and_kfam.module.irsa.aws_iam_role_policy_attachment.irsa",
            "module.eks_cluster.module.kubeflow_components.module.kubeflow_profiles_and_kfam.module.irsa.kubernetes_namespace_v1.irsa",
            "module.eks_cluster.module.kubeflow_components.module.kubeflow_profiles_and_kfam.module.irsa.kubernetes_secret_v1.irsa",
            "module.eks_cluster.module.kubeflow_components.module.kubeflow_profiles_and_kfam.module.irsa.kubernetes_service_account_v1.irsa",
            "module.eks_cluster.module.kubeflow_components.module.kubeflow_roles.module.helm_addon.helm_release.addon",
            "module.eks_cluster.module.kubeflow_components.module.kubeflow_roles.module.helm_addon.module.irsa.aws_iam_role.irsa",
            "module.eks_cluster.module.kubeflow_components.module.kubeflow_roles.module.helm_addon.module.irsa.aws_iam_role_policy_attachment.irsa",
            "module.eks_cluster.module.kubeflow_components.module.kubeflow_roles.module.helm_addon.module.irsa.kubernetes_namespace_v1.irsa",
            "module.eks_cluster.module.kubeflow_components.module.kubeflow_roles.module.helm_addon.module.irsa.kubernetes_secret_v1.irsa",
            "module.eks_cluster.module.kubeflow_components.module.kubeflow_roles.module.helm_addon.module.irsa.kubernetes_service_account_v1.irsa",
            "module.eks_cluster.module.kubeflow_components.module.kubeflow_tensorboard_controller.module.helm_addon.module.irsa.aws_iam_role.irsa",
            "module.eks_cluster.module.kubeflow_components.module.kubeflow_tensorboard_controller.module.helm_addon.module.irsa.aws_iam_role_policy_attachment.irsa",
            "module.eks_cluster.module.kubeflow_components.module.kubeflow_tensorboard_controller.module.helm_addon.module.irsa.kubernetes_namespace_v1.irsa",
            "module.eks_cluster.module.kubeflow_components.module.kubeflow_tensorboard_controller.module.helm_addon.module.irsa.kubernetes_secret_v1.irsa",
            "module.eks_cluster.module.kubeflow_components.module.kubeflow_tensorboard_controller.module.helm_addon.module.irsa.kubernetes_service_account_v1.irsa",
            "module.eks_cluster.module.kubeflow_components.module.kubeflow_tensorboards_web_app.module.helm_addon.helm_release.addon",
            "module.eks_cluster.module.kubeflow_components.module.kubeflow_tensorboards_web_app.module.helm_addon.module.irsa.aws_iam_role.irsa",
            "module.eks_cluster.module.kubeflow_components.module.kubeflow_tensorboards_web_app.module.helm_addon.module.irsa.aws_iam_role_policy_attachment.irsa",
            "module.eks_cluster.module.kubeflow_components.module.kubeflow_tensorboards_web_app.module.helm_addon.module.irsa.kubernetes_namespace_v1.irsa",
            "module.eks_cluster.module.kubeflow_components.module.kubeflow_tensorboards_web_app.module.helm_addon.module.irsa.kubernetes_secret_v1.irsa",
            "module.eks_cluster.module.kubeflow_components.module.kubeflow_tensorboards_web_app.module.helm_addon.module.irsa.kubernetes_service_account_v1.irsa",
            "module.eks_cluster.module.kubeflow_components.module.kubeflow_volumes_web_app.module.helm_addon.helm_release.addon",
            "module.eks_cluster.module.kubeflow_components.module.kubeflow_volumes_web_app.module.helm_addon.module.irsa.aws_iam_role.irsa",
            "module.eks_cluster.module.kubeflow_components.module.kubeflow_volumes_web_app.module.helm_addon.module.irsa.aws_iam_role_policy_attachment.irsa",
            "module.eks_cluster.module.kubeflow_components.module.kubeflow_volumes_web_app.module.helm_addon.module.irsa.kubernetes_namespace_v1.irsa",
            "module.eks_cluster.module.kubeflow_components.module.kubeflow_volumes_web_app.module.helm_addon.module.irsa.kubernetes_secret_v1.irsa",
            "module.eks_cluster.module.kubeflow_components.module.kubeflow_volumes_web_app.module.helm_addon.module.irsa.kubernetes_service_account_v1.irsa"
          ]
        }
      ]
    },
    {
      "module": "module.eks_cluster.module.kubeflow_components.module.kubeflow_tensorboards_web_app.module.helm_addon",
      "mode": "managed",
      "type": "helm_release",
      "name": "addon",
      "provider": "provider[\"registry.terraform.io/hashicorp/helm\"]",
      "instances": [
        {
          "index_key": 0,
          "schema_version": 1,
          "attributes": {
            "atomic": false,
            "chart": "../eks_cluster/KubeflowComponents/charts/tensorboards-web-app",
            "cleanup_on_fail": false,
            "create_namespace": false,
            "dependency_update": false,
            "description": "",
            "devel": null,
            "disable_crd_hooks": false,
            "disable_openapi_validation": false,
            "disable_webhooks": false,
            "force_update": false,
            "id": "tensorboards-web-app",
            "keyring": "",
            "lint": false,
            "manifest": null,
            "max_history": 0,
            "metadata": [
              {
                "app_version": "v1.7.0",
                "chart": "tensorboards-web-app",
                "name": "tensorboards-web-app",
                "namespace": "default",
                "revision": 1,
                "values": "{}",
                "version": "0.2.0"
              }
            ],
            "name": "tensorboards-web-app",
            "namespace": "default",
            "pass_credentials": false,
            "postrender": [
              {
                "args": [],
                "binary_path": ""
              }
            ],
            "recreate_pods": false,
            "render_subchart_notes": true,
            "replace": false,
            "repository": null,
            "repository_ca_file": null,
            "repository_cert_file": "",
            "repository_key_file": "",
            "repository_password": "",
            "repository_username": "",
            "reset_values": false,
            "reuse_values": false,
            "set": [],
            "set_list": [],
            "set_sensitive": [],
            "skip_crds": false,
            "status": "deployed",
            "timeout": 600,
            "values": [],
            "verify": false,
            "version": "0.2.0",
            "wait": true,
            "wait_for_jobs": false
          },
          "sensitive_attributes": [],
          "private": "eyJzY2hlbWFfdmVyc2lvbiI6IjEifQ==",
          "dependencies": [
            "module.eks_cluster.data.aws_caller_identity.current",
            "module.eks_cluster.data.aws_partition.current",
            "module.eks_cluster.data.aws_region.current",
            "module.eks_cluster.data.aws_subnets.private",
            "module.eks_cluster.data.aws_vpc.vpc",
            "module.eks_cluster.module.eks.aws_cloudwatch_log_group.this",
            "module.eks_cluster.module.eks.aws_eks_cluster.this",
            "module.eks_cluster.module.eks.aws_iam_openid_connect_provider.oidc_provider",
            "module.eks_cluster.module.eks.aws_iam_policy.cni_ipv6_policy",
            "module.eks_cluster.module.eks.aws_iam_role.this",
            "module.eks_cluster.module.eks.aws_iam_role_policy_attachment.this",
            "module.eks_cluster.module.eks.aws_security_group.cluster",
            "module.eks_cluster.module.eks.aws_security_group.node",
            "module.eks_cluster.module.eks.aws_security_group_rule.cluster",
            "module.eks_cluster.module.eks.aws_security_group_rule.node",
            "module.eks_cluster.module.eks.data.aws_caller_identity.current",
            "module.eks_cluster.module.eks.data.aws_iam_policy_document.assume_role_policy",
            "module.eks_cluster.module.eks.data.aws_iam_policy_document.cni_ipv6_policy",
            "module.eks_cluster.module.eks.data.aws_iam_session_context.current",
            "module.eks_cluster.module.eks.data.aws_partition.current",
            "module.eks_cluster.module.eks.data.tls_certificate.this",
            "module.eks_cluster.module.eks.module.kms.aws_kms_external_key.this",
            "module.eks_cluster.module.eks.module.kms.aws_kms_key.this",
            "module.eks_cluster.module.eks.module.kms.data.aws_caller_identity.current",
            "module.eks_cluster.module.eks.module.kms.data.aws_iam_policy_document.this",
            "module.eks_cluster.module.eks.module.kms.data.aws_partition.current",
            "module.eks_cluster.module.kubeflow_components.kubernetes_namespace.kubeflow",
            "module.eks_cluster.module.kubeflow_components.module.kubeflow_admission_webhook.module.helm_addon.helm_release.addon",
            "module.eks_cluster.module.kubeflow_components.module.kubeflow_admission_webhook.module.helm_addon.module.irsa.aws_iam_role.irsa",
            "module.eks_cluster.module.kubeflow_components.module.kubeflow_admission_webhook.module.helm_addon.module.irsa.aws_iam_role_policy_attachment.irsa",
            "module.eks_cluster.module.kubeflow_components.module.kubeflow_admission_webhook.module.helm_addon.module.irsa.kubernetes_namespace_v1.irsa",
            "module.eks_cluster.module.kubeflow_components.module.kubeflow_admission_webhook.module.helm_addon.module.irsa.kubernetes_secret_v1.irsa",
            "module.eks_cluster.module.kubeflow_components.module.kubeflow_admission_webhook.module.helm_addon.module.irsa.kubernetes_service_account_v1.irsa",
            "module.eks_cluster.module.kubeflow_components.module.kubeflow_central_dashboard.module.helm_addon.helm_release.addon",
            "module.eks_cluster.module.kubeflow_components.module.kubeflow_central_dashboard.module.helm_addon.module.irsa.aws_iam_role.irsa",
            "module.eks_cluster.module.kubeflow_components.module.kubeflow_central_dashboard.module.helm_addon.module.irsa.aws_iam_role_policy_attachment.irsa",
            "module.eks_cluster.module.kubeflow_components.module.kubeflow_central_dashboard.module.helm_addon.module.irsa.kubernetes_namespace_v1.irsa",
            "module.eks_cluster.module.kubeflow_components.module.kubeflow_central_dashboard.module.helm_addon.module.irsa.kubernetes_secret_v1.irsa",
            "module.eks_cluster.module.kubeflow_components.module.kubeflow_central_dashboard.module.helm_addon.module.irsa.kubernetes_service_account_v1.irsa",
            "module.eks_cluster.module.kubeflow_components.module.kubeflow_cluster_local_gateway.module.helm_addon.helm_release.addon",
            "module.eks_cluster.module.kubeflow_components.module.kubeflow_cluster_local_gateway.module.helm_addon.module.irsa.aws_iam_role.irsa",
            "module.eks_cluster.module.kubeflow_components.module.kubeflow_cluster_local_gateway.module.helm_addon.module.irsa.aws_iam_role_policy_attachment.irsa",
            "module.eks_cluster.module.kubeflow_components.module.kubeflow_cluster_local_gateway.module.helm_addon.module.irsa.kubernetes_namespace_v1.irsa",
            "module.eks_cluster.module.kubeflow_components.module.kubeflow_cluster_local_gateway.module.helm_addon.module.irsa.kubernetes_secret_v1.irsa",
            "module.eks_cluster.module.kubeflow_components.module.kubeflow_cluster_local_gateway.module.helm_addon.module.irsa.kubernetes_service_account_v1.irsa",
            "module.eks_cluster.module.kubeflow_components.module.kubeflow_dex.module.helm_addon.helm_release.addon",
            "module.eks_cluster.module.kubeflow_components.module.kubeflow_dex.module.helm_addon.module.irsa.aws_iam_role.irsa",
            "module.eks_cluster.module.kubeflow_components.module.kubeflow_dex.module.helm_addon.module.irsa.aws_iam_role_policy_attachment.irsa",
            "module.eks_cluster.module.kubeflow_components.module.kubeflow_dex.module.helm_addon.module.irsa.kubernetes_namespace_v1.irsa",
            "module.eks_cluster.module.kubeflow_components.module.kubeflow_dex.module.helm_addon.module.irsa.kubernetes_secret_v1.irsa",
            "module.eks_cluster.module.kubeflow_components.module.kubeflow_dex.module.helm_addon.module.irsa.kubernetes_service_account_v1.irsa",
            "module.eks_cluster.module.kubeflow_components.module.kubeflow_issuer.module.helm_addon.helm_release.addon",
            "module.eks_cluster.module.kubeflow_components.module.kubeflow_issuer.module.helm_addon.module.irsa.aws_iam_role.irsa",
            "module.eks_cluster.module.kubeflow_components.module.kubeflow_issuer.module.helm_addon.module.irsa.aws_iam_role_policy_attachment.irsa",
            "module.eks_cluster.module.kubeflow_components.module.kubeflow_issuer.module.helm_addon.module.irsa.kubernetes_namespace_v1.irsa",
            "module.eks_cluster.module.kubeflow_components.module.kubeflow_issuer.module.helm_addon.module.irsa.kubernetes_secret_v1.irsa",
            "module.eks_cluster.module.kubeflow_components.module.kubeflow_issuer.module.helm_addon.module.irsa.kubernetes_service_account_v1.irsa",
            "module.eks_cluster.module.kubeflow_components.module.kubeflow_istio.module.helm_addon.helm_release.addon",
            "module.eks_cluster.module.kubeflow_components.module.kubeflow_istio.module.helm_addon.module.irsa.aws_iam_role.irsa",
            "module.eks_cluster.module.kubeflow_components.module.kubeflow_istio.module.helm_addon.module.irsa.aws_iam_role_policy_attachment.irsa",
            "module.eks_cluster.module.kubeflow_components.module.kubeflow_istio.module.helm_addon.module.irsa.kubernetes_namespace_v1.irsa",
            "module.eks_cluster.module.kubeflow_components.module.kubeflow_istio.module.helm_addon.module.irsa.kubernetes_secret_v1.irsa",
            "module.eks_cluster.module.kubeflow_components.module.kubeflow_istio.module.helm_addon.module.irsa.kubernetes_service_account_v1.irsa",
            "module.eks_cluster.module.kubeflow_components.module.kubeflow_istio_resources.module.helm_addon.helm_release.addon",
            "module.eks_cluster.module.kubeflow_components.module.kubeflow_istio_resources.module.helm_addon.module.irsa.aws_iam_role.irsa",
            "module.eks_cluster.module.kubeflow_components.module.kubeflow_istio_resources.module.helm_addon.module.irsa.aws_iam_role_policy_attachment.irsa",
            "module.eks_cluster.module.kubeflow_components.module.kubeflow_istio_resources.module.helm_addon.module.irsa.kubernetes_namespace_v1.irsa",
            "module.eks_cluster.module.kubeflow_components.module.kubeflow_istio_resources.module.helm_addon.module.irsa.kubernetes_secret_v1.irsa",
            "module.eks_cluster.module.kubeflow_components.module.kubeflow_istio_resources.module.helm_addon.module.irsa.kubernetes_service_account_v1.irsa",
            "module.eks_cluster.module.kubeflow_components.module.kubeflow_jupyter_web_app.module.helm_addon.helm_release.addon",
            "module.eks_cluster.module.kubeflow_components.module.kubeflow_jupyter_web_app.module.helm_addon.module.irsa.aws_iam_role.irsa",
            "module.eks_cluster.module.kubeflow_components.module.kubeflow_jupyter_web_app.module.helm_addon.module.irsa.aws_iam_role_policy_attachment.irsa",
            "module.eks_cluster.module.kubeflow_components.module.kubeflow_jupyter_web_app.module.helm_addon.module.irsa.kubernetes_namespace_v1.irsa",
            "module.eks_cluster.module.kubeflow_components.module.kubeflow_jupyter_web_app.module.helm_addon.module.irsa.kubernetes_secret_v1.irsa",
            "module.eks_cluster.module.kubeflow_components.module.kubeflow_jupyter_web_app.module.helm_addon.module.irsa.kubernetes_service_account_v1.irsa",
            "module.eks_cluster.module.kubeflow_components.module.kubeflow_katib.module.helm_addon.helm_release.addon",
            "module.eks_cluster.module.kubeflow_components.module.kubeflow_katib.module.helm_addon.module.irsa.aws_iam_role.irsa",
            "module.eks_cluster.module.kubeflow_components.module.kubeflow_katib.module.helm_addon.module.irsa.aws_iam_role_policy_attachment.irsa",
            "module.eks_cluster.module.kubeflow_components.module.kubeflow_katib.module.helm_addon.module.irsa.kubernetes_namespace_v1.irsa",
            "module.eks_cluster.module.kubeflow_components.module.kubeflow_katib.module.helm_addon.module.irsa.kubernetes_secret_v1.irsa",
            "module.eks_cluster.module.kubeflow_components.module.kubeflow_katib.module.helm_addon.module.irsa.kubernetes_service_account_v1.irsa",
            "module.eks_cluster.module.kubeflow_components.module.kubeflow_knative_eventing.module.helm_addon.helm_release.addon",
            "module.eks_cluster.module.kubeflow_components.module.kubeflow_knative_eventing.module.helm_addon.module.irsa.aws_iam_role.irsa",
            "module.eks_cluster.module.kubeflow_components.module.kubeflow_knative_eventing.module.helm_addon.module.irsa.aws_iam_role_policy_attachment.irsa",
            "module.eks_cluster.module.kubeflow_components.module.kubeflow_knative_eventing.module.helm_addon.module.irsa.kubernetes_namespace_v1.irsa",
            "module.eks_cluster.module.kubeflow_components.module.kubeflow_knative_eventing.module.helm_addon.module.irsa.kubernetes_secret_v1.irsa",
            "module.eks_cluster.module.kubeflow_components.module.kubeflow_knative_eventing.module.helm_addon.module.irsa.kubernetes_service_account_v1.irsa",
            "module.eks_cluster.module.kubeflow_components.module.kubeflow_knative_serving.module.helm_addon.helm_release.addon",
            "module.eks_cluster.module.kubeflow_components.module.kubeflow_knative_serving.module.helm_addon.module.irsa.aws_iam_role.irsa",
            "module.eks_cluster.module.kubeflow_components.module.kubeflow_knative_serving.module.helm_addon.module.irsa.aws_iam_role_policy_attachment.irsa",
            "module.eks_cluster.module.kubeflow_components.module.kubeflow_knative_serving.module.helm_addon.module.irsa.kubernetes_namespace_v1.irsa",
            "module.eks_cluster.module.kubeflow_components.module.kubeflow_knative_serving.module.helm_addon.module.irsa.kubernetes_secret_v1.irsa",
            "module.eks_cluster.module.kubeflow_components.module.kubeflow_knative_serving.module.helm_addon.module.irsa.kubernetes_service_account_v1.irsa",
            "module.eks_cluster.module.kubeflow_components.module.kubeflow_kserve.module.helm_addon.helm_release.addon",
            "module.eks_cluster.module.kubeflow_components.module.kubeflow_kserve.module.helm_addon.module.irsa.aws_iam_role.irsa",
            "module.eks_cluster.module.kubeflow_components.module.kubeflow_kserve.module.helm_addon.module.irsa.aws_iam_role_policy_attachment.irsa",
            "module.eks_cluster.module.kubeflow_components.module.kubeflow_kserve.module.helm_addon.module.irsa.kubernetes_namespace_v1.irsa",
            "module.eks_cluster.module.kubeflow_components.module.kubeflow_kserve.module.helm_addon.module.irsa.kubernetes_secret_v1.irsa",
            "module.eks_cluster.module.kubeflow_components.module.kubeflow_kserve.module.helm_addon.module.irsa.kubernetes_service_account_v1.irsa",
            "module.eks_cluster.module.kubeflow_components.module.kubeflow_models_web_app.module.helm_addon.helm_release.addon",
            "module.eks_cluster.module.kubeflow_components.module.kubeflow_models_web_app.module.helm_addon.module.irsa.aws_iam_role.irsa",
            "module.eks_cluster.module.kubeflow_components.module.kubeflow_models_web_app.module.helm_addon.module.irsa.aws_iam_role_policy_attachment.irsa",
            "module.eks_cluster.module.kubeflow_components.module.kubeflow_models_web_app.module.helm_addon.module.irsa.kubernetes_namespace_v1.irsa",
            "module.eks_cluster.module.kubeflow_components.module.kubeflow_models_web_app.module.helm_addon.module.irsa.kubernetes_secret_v1.irsa",
            "module.eks_cluster.module.kubeflow_components.module.kubeflow_models_web_app.module.helm_addon.module.irsa.kubernetes_service_account_v1.irsa",
            "module.eks_cluster.module.kubeflow_components.module.kubeflow_notebook_controller.module.helm_addon.helm_release.addon",
            "module.eks_cluster.module.kubeflow_components.module.kubeflow_notebook_controller.module.helm_addon.module.irsa.aws_iam_role.irsa",
            "module.eks_cluster.module.kubeflow_components.module.kubeflow_notebook_controller.module.helm_addon.module.irsa.aws_iam_role_policy_attachment.irsa",
            "module.eks_cluster.module.kubeflow_components.module.kubeflow_notebook_controller.module.helm_addon.module.irsa.kubernetes_namespace_v1.irsa",
            "module.eks_cluster.module.kubeflow_components.module.kubeflow_notebook_controller.module.helm_addon.module.irsa.kubernetes_secret_v1.irsa",
            "module.eks_cluster.module.kubeflow_components.module.kubeflow_notebook_controller.module.helm_addon.module.irsa.kubernetes_service_account_v1.irsa",
            "module.eks_cluster.module.kubeflow_components.module.kubeflow_oidc_authservice.module.helm_addon.helm_release.addon",
            "module.eks_cluster.module.kubeflow_components.module.kubeflow_oidc_authservice.module.helm_addon.module.irsa.aws_iam_role.irsa",
            "module.eks_cluster.module.kubeflow_components.module.kubeflow_oidc_authservice.module.helm_addon.module.irsa.aws_iam_role_policy_attachment.irsa",
            "module.eks_cluster.module.kubeflow_components.module.kubeflow_oidc_authservice.module.helm_addon.module.irsa.kubernetes_namespace_v1.irsa",
            "module.eks_cluster.module.kubeflow_components.module.kubeflow_oidc_authservice.module.helm_addon.module.irsa.kubernetes_secret_v1.irsa",
            "module.eks_cluster.module.kubeflow_components.module.kubeflow_oidc_authservice.module.helm_addon.module.irsa.kubernetes_service_account_v1.irsa",
            "module.eks_cluster.module.kubeflow_components.module.kubeflow_pipelines.module.helm_addon.helm_release.addon",
            "module.eks_cluster.module.kubeflow_components.module.kubeflow_pipelines.module.helm_addon.module.irsa.aws_iam_role.irsa",
            "module.eks_cluster.module.kubeflow_components.module.kubeflow_pipelines.module.helm_addon.module.irsa.aws_iam_role_policy_attachment.irsa",
            "module.eks_cluster.module.kubeflow_components.module.kubeflow_pipelines.module.helm_addon.module.irsa.kubernetes_namespace_v1.irsa",
            "module.eks_cluster.module.kubeflow_components.module.kubeflow_pipelines.module.helm_addon.module.irsa.kubernetes_secret_v1.irsa",
            "module.eks_cluster.module.kubeflow_components.module.kubeflow_pipelines.module.helm_addon.module.irsa.kubernetes_service_account_v1.irsa",
            "module.eks_cluster.module.kubeflow_components.module.kubeflow_profiles_and_kfam.aws_iam_policy.profile_controller_policy",
            "module.eks_cluster.module.kubeflow_components.module.kubeflow_profiles_and_kfam.kubernetes_annotations.sa_role_arn",
            "module.eks_cluster.module.kubeflow_components.module.kubeflow_profiles_and_kfam.module.helm_addon.helm_release.addon",
            "module.eks_cluster.module.kubeflow_components.module.kubeflow_profiles_and_kfam.module.helm_addon.module.irsa.aws_iam_role.irsa",
            "module.eks_cluster.module.kubeflow_components.module.kubeflow_profiles_and_kfam.module.helm_addon.module.irsa.aws_iam_role_policy_attachment.irsa",
            "module.eks_cluster.module.kubeflow_components.module.kubeflow_profiles_and_kfam.module.helm_addon.module.irsa.kubernetes_namespace_v1.irsa",
            "module.eks_cluster.module.kubeflow_components.module.kubeflow_profiles_and_kfam.module.helm_addon.module.irsa.kubernetes_secret_v1.irsa",
            "module.eks_cluster.module.kubeflow_components.module.kubeflow_profiles_and_kfam.module.helm_addon.module.irsa.kubernetes_service_account_v1.irsa",
            "module.eks_cluster.module.kubeflow_components.module.kubeflow_profiles_and_kfam.module.irsa.aws_iam_role.irsa",
            "module.eks_cluster.module.kubeflow_components.module.kubeflow_profiles_and_kfam.module.irsa.aws_iam_role_policy_attachment.irsa",
            "module.eks_cluster.module.kubeflow_components.module.kubeflow_profiles_and_kfam.module.irsa.kubernetes_namespace_v1.irsa",
            "module.eks_cluster.module.kubeflow_components.module.kubeflow_profiles_and_kfam.module.irsa.kubernetes_secret_v1.irsa",
            "module.eks_cluster.module.kubeflow_components.module.kubeflow_profiles_and_kfam.module.irsa.kubernetes_service_account_v1.irsa",
            "module.eks_cluster.module.kubeflow_components.module.kubeflow_roles.module.helm_addon.helm_release.addon",
            "module.eks_cluster.module.kubeflow_components.module.kubeflow_roles.module.helm_addon.module.irsa.aws_iam_role.irsa",
            "module.eks_cluster.module.kubeflow_components.module.kubeflow_roles.module.helm_addon.module.irsa.aws_iam_role_policy_attachment.irsa",
            "module.eks_cluster.module.kubeflow_components.module.kubeflow_roles.module.helm_addon.module.irsa.kubernetes_namespace_v1.irsa",
            "module.eks_cluster.module.kubeflow_components.module.kubeflow_roles.module.helm_addon.module.irsa.kubernetes_secret_v1.irsa",
            "module.eks_cluster.module.kubeflow_components.module.kubeflow_roles.module.helm_addon.module.irsa.kubernetes_service_account_v1.irsa",
            "module.eks_cluster.module.kubeflow_components.module.kubeflow_tensorboards_web_app.module.helm_addon.module.irsa.aws_iam_role.irsa",
            "module.eks_cluster.module.kubeflow_components.module.kubeflow_tensorboards_web_app.module.helm_addon.module.irsa.aws_iam_role_policy_attachment.irsa",
            "module.eks_cluster.module.kubeflow_components.module.kubeflow_tensorboards_web_app.module.helm_addon.module.irsa.kubernetes_namespace_v1.irsa",
            "module.eks_cluster.module.kubeflow_components.module.kubeflow_tensorboards_web_app.module.helm_addon.module.irsa.kubernetes_secret_v1.irsa",
            "module.eks_cluster.module.kubeflow_components.module.kubeflow_tensorboards_web_app.module.helm_addon.module.irsa.kubernetes_service_account_v1.irsa",
            "module.eks_cluster.module.kubeflow_components.module.kubeflow_volumes_web_app.module.helm_addon.helm_release.addon",
            "module.eks_cluster.module.kubeflow_components.module.kubeflow_volumes_web_app.module.helm_addon.module.irsa.aws_iam_role.irsa",
            "module.eks_cluster.module.kubeflow_components.module.kubeflow_volumes_web_app.module.helm_addon.module.irsa.aws_iam_role_policy_attachment.irsa",
            "module.eks_cluster.module.kubeflow_components.module.kubeflow_volumes_web_app.module.helm_addon.module.irsa.kubernetes_namespace_v1.irsa",
            "module.eks_cluster.module.kubeflow_components.module.kubeflow_volumes_web_app.module.helm_addon.module.irsa.kubernetes_secret_v1.irsa",
            "module.eks_cluster.module.kubeflow_components.module.kubeflow_volumes_web_app.module.helm_addon.module.irsa.kubernetes_service_account_v1.irsa"
          ]
        }
      ]
    },
    {
      "module": "module.eks_cluster.module.kubeflow_components.module.kubeflow_training_operator.module.helm_addon",
      "mode": "managed",
      "type": "helm_release",
      "name": "addon",
      "provider": "provider[\"registry.terraform.io/hashicorp/helm\"]",
      "instances": [
        {
          "index_key": 0,
          "schema_version": 1,
          "attributes": {
            "atomic": false,
            "chart": "../eks_cluster/KubeflowComponents/charts/training-operator",
            "cleanup_on_fail": false,
            "create_namespace": false,
            "dependency_update": false,
            "description": "",
            "devel": null,
            "disable_crd_hooks": false,
            "disable_openapi_validation": false,
            "disable_webhooks": false,
            "force_update": false,
            "id": "training-operator",
            "keyring": "",
            "lint": false,
            "manifest": null,
            "max_history": 0,
            "metadata": [
              {
                "app_version": "v1.6.0",
                "chart": "training-operator",
                "name": "training-operator",
                "namespace": "default",
                "revision": 1,
                "values": "{}",
                "version": "0.2.0"
              }
            ],
            "name": "training-operator",
            "namespace": "default",
            "pass_credentials": false,
            "postrender": [
              {
                "args": [],
                "binary_path": ""
              }
            ],
            "recreate_pods": false,
            "render_subchart_notes": true,
            "replace": false,
            "repository": null,
            "repository_ca_file": null,
            "repository_cert_file": "",
            "repository_key_file": "",
            "repository_password": "",
            "repository_username": "",
            "reset_values": false,
            "reuse_values": false,
            "set": [],
            "set_list": [],
            "set_sensitive": [],
            "skip_crds": false,
            "status": "deployed",
            "timeout": 600,
            "values": [],
            "verify": false,
            "version": "0.2.0",
            "wait": true,
            "wait_for_jobs": false
          },
          "sensitive_attributes": [],
          "private": "eyJzY2hlbWFfdmVyc2lvbiI6IjEifQ==",
          "dependencies": [
            "module.eks_cluster.data.aws_caller_identity.current",
            "module.eks_cluster.data.aws_partition.current",
            "module.eks_cluster.data.aws_region.current",
            "module.eks_cluster.data.aws_subnets.private",
            "module.eks_cluster.data.aws_vpc.vpc",
            "module.eks_cluster.module.eks.aws_cloudwatch_log_group.this",
            "module.eks_cluster.module.eks.aws_eks_cluster.this",
            "module.eks_cluster.module.eks.aws_iam_openid_connect_provider.oidc_provider",
            "module.eks_cluster.module.eks.aws_iam_policy.cni_ipv6_policy",
            "module.eks_cluster.module.eks.aws_iam_role.this",
            "module.eks_cluster.module.eks.aws_iam_role_policy_attachment.this",
            "module.eks_cluster.module.eks.aws_security_group.cluster",
            "module.eks_cluster.module.eks.aws_security_group.node",
            "module.eks_cluster.module.eks.aws_security_group_rule.cluster",
            "module.eks_cluster.module.eks.aws_security_group_rule.node",
            "module.eks_cluster.module.eks.data.aws_caller_identity.current",
            "module.eks_cluster.module.eks.data.aws_iam_policy_document.assume_role_policy",
            "module.eks_cluster.module.eks.data.aws_iam_policy_document.cni_ipv6_policy",
            "module.eks_cluster.module.eks.data.aws_iam_session_context.current",
            "module.eks_cluster.module.eks.data.aws_partition.current",
            "module.eks_cluster.module.eks.data.tls_certificate.this",
            "module.eks_cluster.module.eks.module.kms.aws_kms_external_key.this",
            "module.eks_cluster.module.eks.module.kms.aws_kms_key.this",
            "module.eks_cluster.module.eks.module.kms.data.aws_caller_identity.current",
            "module.eks_cluster.module.eks.module.kms.data.aws_iam_policy_document.this",
            "module.eks_cluster.module.eks.module.kms.data.aws_partition.current",
            "module.eks_cluster.module.kubeflow_components.kubernetes_namespace.kubeflow",
            "module.eks_cluster.module.kubeflow_components.module.kubeflow_admission_webhook.module.helm_addon.helm_release.addon",
            "module.eks_cluster.module.kubeflow_components.module.kubeflow_admission_webhook.module.helm_addon.module.irsa.aws_iam_role.irsa",
            "module.eks_cluster.module.kubeflow_components.module.kubeflow_admission_webhook.module.helm_addon.module.irsa.aws_iam_role_policy_attachment.irsa",
            "module.eks_cluster.module.kubeflow_components.module.kubeflow_admission_webhook.module.helm_addon.module.irsa.kubernetes_namespace_v1.irsa",
            "module.eks_cluster.module.kubeflow_components.module.kubeflow_admission_webhook.module.helm_addon.module.irsa.kubernetes_secret_v1.irsa",
            "module.eks_cluster.module.kubeflow_components.module.kubeflow_admission_webhook.module.helm_addon.module.irsa.kubernetes_service_account_v1.irsa",
            "module.eks_cluster.module.kubeflow_components.module.kubeflow_central_dashboard.module.helm_addon.helm_release.addon",
            "module.eks_cluster.module.kubeflow_components.module.kubeflow_central_dashboard.module.helm_addon.module.irsa.aws_iam_role.irsa",
            "module.eks_cluster.module.kubeflow_components.module.kubeflow_central_dashboard.module.helm_addon.module.irsa.aws_iam_role_policy_attachment.irsa",
            "module.eks_cluster.module.kubeflow_components.module.kubeflow_central_dashboard.module.helm_addon.module.irsa.kubernetes_namespace_v1.irsa",
            "module.eks_cluster.module.kubeflow_components.module.kubeflow_central_dashboard.module.helm_addon.module.irsa.kubernetes_secret_v1.irsa",
            "module.eks_cluster.module.kubeflow_components.module.kubeflow_central_dashboard.module.helm_addon.module.irsa.kubernetes_service_account_v1.irsa",
            "module.eks_cluster.module.kubeflow_components.module.kubeflow_cluster_local_gateway.module.helm_addon.helm_release.addon",
            "module.eks_cluster.module.kubeflow_components.module.kubeflow_cluster_local_gateway.module.helm_addon.module.irsa.aws_iam_role.irsa",
            "module.eks_cluster.module.kubeflow_components.module.kubeflow_cluster_local_gateway.module.helm_addon.module.irsa.aws_iam_role_policy_attachment.irsa",
            "module.eks_cluster.module.kubeflow_components.module.kubeflow_cluster_local_gateway.module.helm_addon.module.irsa.kubernetes_namespace_v1.irsa",
            "module.eks_cluster.module.kubeflow_components.module.kubeflow_cluster_local_gateway.module.helm_addon.module.irsa.kubernetes_secret_v1.irsa",
            "module.eks_cluster.module.kubeflow_components.module.kubeflow_cluster_local_gateway.module.helm_addon.module.irsa.kubernetes_service_account_v1.irsa",
            "module.eks_cluster.module.kubeflow_components.module.kubeflow_dex.module.helm_addon.helm_release.addon",
            "module.eks_cluster.module.kubeflow_components.module.kubeflow_dex.module.helm_addon.module.irsa.aws_iam_role.irsa",
            "module.eks_cluster.module.kubeflow_components.module.kubeflow_dex.module.helm_addon.module.irsa.aws_iam_role_policy_attachment.irsa",
            "module.eks_cluster.module.kubeflow_components.module.kubeflow_dex.module.helm_addon.module.irsa.kubernetes_namespace_v1.irsa",
            "module.eks_cluster.module.kubeflow_components.module.kubeflow_dex.module.helm_addon.module.irsa.kubernetes_secret_v1.irsa",
            "module.eks_cluster.module.kubeflow_components.module.kubeflow_dex.module.helm_addon.module.irsa.kubernetes_service_account_v1.irsa",
            "module.eks_cluster.module.kubeflow_components.module.kubeflow_issuer.module.helm_addon.helm_release.addon",
            "module.eks_cluster.module.kubeflow_components.module.kubeflow_issuer.module.helm_addon.module.irsa.aws_iam_role.irsa",
            "module.eks_cluster.module.kubeflow_components.module.kubeflow_issuer.module.helm_addon.module.irsa.aws_iam_role_policy_attachment.irsa",
            "module.eks_cluster.module.kubeflow_components.module.kubeflow_issuer.module.helm_addon.module.irsa.kubernetes_namespace_v1.irsa",
            "module.eks_cluster.module.kubeflow_components.module.kubeflow_issuer.module.helm_addon.module.irsa.kubernetes_secret_v1.irsa",
            "module.eks_cluster.module.kubeflow_components.module.kubeflow_issuer.module.helm_addon.module.irsa.kubernetes_service_account_v1.irsa",
            "module.eks_cluster.module.kubeflow_components.module.kubeflow_istio.module.helm_addon.helm_release.addon",
            "module.eks_cluster.module.kubeflow_components.module.kubeflow_istio.module.helm_addon.module.irsa.aws_iam_role.irsa",
            "module.eks_cluster.module.kubeflow_components.module.kubeflow_istio.module.helm_addon.module.irsa.aws_iam_role_policy_attachment.irsa",
            "module.eks_cluster.module.kubeflow_components.module.kubeflow_istio.module.helm_addon.module.irsa.kubernetes_namespace_v1.irsa",
            "module.eks_cluster.module.kubeflow_components.module.kubeflow_istio.module.helm_addon.module.irsa.kubernetes_secret_v1.irsa",
            "module.eks_cluster.module.kubeflow_components.module.kubeflow_istio.module.helm_addon.module.irsa.kubernetes_service_account_v1.irsa",
            "module.eks_cluster.module.kubeflow_components.module.kubeflow_istio_resources.module.helm_addon.helm_release.addon",
            "module.eks_cluster.module.kubeflow_components.module.kubeflow_istio_resources.module.helm_addon.module.irsa.aws_iam_role.irsa",
            "module.eks_cluster.module.kubeflow_components.module.kubeflow_istio_resources.module.helm_addon.module.irsa.aws_iam_role_policy_attachment.irsa",
            "module.eks_cluster.module.kubeflow_components.module.kubeflow_istio_resources.module.helm_addon.module.irsa.kubernetes_namespace_v1.irsa",
            "module.eks_cluster.module.kubeflow_components.module.kubeflow_istio_resources.module.helm_addon.module.irsa.kubernetes_secret_v1.irsa",
            "module.eks_cluster.module.kubeflow_components.module.kubeflow_istio_resources.module.helm_addon.module.irsa.kubernetes_service_account_v1.irsa",
            "module.eks_cluster.module.kubeflow_components.module.kubeflow_jupyter_web_app.module.helm_addon.helm_release.addon",
            "module.eks_cluster.module.kubeflow_components.module.kubeflow_jupyter_web_app.module.helm_addon.module.irsa.aws_iam_role.irsa",
            "module.eks_cluster.module.kubeflow_components.module.kubeflow_jupyter_web_app.module.helm_addon.module.irsa.aws_iam_role_policy_attachment.irsa",
            "module.eks_cluster.module.kubeflow_components.module.kubeflow_jupyter_web_app.module.helm_addon.module.irsa.kubernetes_namespace_v1.irsa",
            "module.eks_cluster.module.kubeflow_components.module.kubeflow_jupyter_web_app.module.helm_addon.module.irsa.kubernetes_secret_v1.irsa",
            "module.eks_cluster.module.kubeflow_components.module.kubeflow_jupyter_web_app.module.helm_addon.module.irsa.kubernetes_service_account_v1.irsa",
            "module.eks_cluster.module.kubeflow_components.module.kubeflow_katib.module.helm_addon.helm_release.addon",
            "module.eks_cluster.module.kubeflow_components.module.kubeflow_katib.module.helm_addon.module.irsa.aws_iam_role.irsa",
            "module.eks_cluster.module.kubeflow_components.module.kubeflow_katib.module.helm_addon.module.irsa.aws_iam_role_policy_attachment.irsa",
            "module.eks_cluster.module.kubeflow_components.module.kubeflow_katib.module.helm_addon.module.irsa.kubernetes_namespace_v1.irsa",
            "module.eks_cluster.module.kubeflow_components.module.kubeflow_katib.module.helm_addon.module.irsa.kubernetes_secret_v1.irsa",
            "module.eks_cluster.module.kubeflow_components.module.kubeflow_katib.module.helm_addon.module.irsa.kubernetes_service_account_v1.irsa",
            "module.eks_cluster.module.kubeflow_components.module.kubeflow_knative_eventing.module.helm_addon.helm_release.addon",
            "module.eks_cluster.module.kubeflow_components.module.kubeflow_knative_eventing.module.helm_addon.module.irsa.aws_iam_role.irsa",
            "module.eks_cluster.module.kubeflow_components.module.kubeflow_knative_eventing.module.helm_addon.module.irsa.aws_iam_role_policy_attachment.irsa",
            "module.eks_cluster.module.kubeflow_components.module.kubeflow_knative_eventing.module.helm_addon.module.irsa.kubernetes_namespace_v1.irsa",
            "module.eks_cluster.module.kubeflow_components.module.kubeflow_knative_eventing.module.helm_addon.module.irsa.kubernetes_secret_v1.irsa",
            "module.eks_cluster.module.kubeflow_components.module.kubeflow_knative_eventing.module.helm_addon.module.irsa.kubernetes_service_account_v1.irsa",
            "module.eks_cluster.module.kubeflow_components.module.kubeflow_knative_serving.module.helm_addon.helm_release.addon",
            "module.eks_cluster.module.kubeflow_components.module.kubeflow_knative_serving.module.helm_addon.module.irsa.aws_iam_role.irsa",
            "module.eks_cluster.module.kubeflow_components.module.kubeflow_knative_serving.module.helm_addon.module.irsa.aws_iam_role_policy_attachment.irsa",
            "module.eks_cluster.module.kubeflow_components.module.kubeflow_knative_serving.module.helm_addon.module.irsa.kubernetes_namespace_v1.irsa",
            "module.eks_cluster.module.kubeflow_components.module.kubeflow_knative_serving.module.helm_addon.module.irsa.kubernetes_secret_v1.irsa",
            "module.eks_cluster.module.kubeflow_components.module.kubeflow_knative_serving.module.helm_addon.module.irsa.kubernetes_service_account_v1.irsa",
            "module.eks_cluster.module.kubeflow_components.module.kubeflow_kserve.module.helm_addon.helm_release.addon",
            "module.eks_cluster.module.kubeflow_components.module.kubeflow_kserve.module.helm_addon.module.irsa.aws_iam_role.irsa",
            "module.eks_cluster.module.kubeflow_components.module.kubeflow_kserve.module.helm_addon.module.irsa.aws_iam_role_policy_attachment.irsa",
            "module.eks_cluster.module.kubeflow_components.module.kubeflow_kserve.module.helm_addon.module.irsa.kubernetes_namespace_v1.irsa",
            "module.eks_cluster.module.kubeflow_components.module.kubeflow_kserve.module.helm_addon.module.irsa.kubernetes_secret_v1.irsa",
            "module.eks_cluster.module.kubeflow_components.module.kubeflow_kserve.module.helm_addon.module.irsa.kubernetes_service_account_v1.irsa",
            "module.eks_cluster.module.kubeflow_components.module.kubeflow_models_web_app.module.helm_addon.helm_release.addon",
            "module.eks_cluster.module.kubeflow_components.module.kubeflow_models_web_app.module.helm_addon.module.irsa.aws_iam_role.irsa",
            "module.eks_cluster.module.kubeflow_components.module.kubeflow_models_web_app.module.helm_addon.module.irsa.aws_iam_role_policy_attachment.irsa",
            "module.eks_cluster.module.kubeflow_components.module.kubeflow_models_web_app.module.helm_addon.module.irsa.kubernetes_namespace_v1.irsa",
            "module.eks_cluster.module.kubeflow_components.module.kubeflow_models_web_app.module.helm_addon.module.irsa.kubernetes_secret_v1.irsa",
            "module.eks_cluster.module.kubeflow_components.module.kubeflow_models_web_app.module.helm_addon.module.irsa.kubernetes_service_account_v1.irsa",
            "module.eks_cluster.module.kubeflow_components.module.kubeflow_notebook_controller.module.helm_addon.helm_release.addon",
            "module.eks_cluster.module.kubeflow_components.module.kubeflow_notebook_controller.module.helm_addon.module.irsa.aws_iam_role.irsa",
            "module.eks_cluster.module.kubeflow_components.module.kubeflow_notebook_controller.module.helm_addon.module.irsa.aws_iam_role_policy_attachment.irsa",
            "module.eks_cluster.module.kubeflow_components.module.kubeflow_notebook_controller.module.helm_addon.module.irsa.kubernetes_namespace_v1.irsa",
            "module.eks_cluster.module.kubeflow_components.module.kubeflow_notebook_controller.module.helm_addon.module.irsa.kubernetes_secret_v1.irsa",
            "module.eks_cluster.module.kubeflow_components.module.kubeflow_notebook_controller.module.helm_addon.module.irsa.kubernetes_service_account_v1.irsa",
            "module.eks_cluster.module.kubeflow_components.module.kubeflow_oidc_authservice.module.helm_addon.helm_release.addon",
            "module.eks_cluster.module.kubeflow_components.module.kubeflow_oidc_authservice.module.helm_addon.module.irsa.aws_iam_role.irsa",
            "module.eks_cluster.module.kubeflow_components.module.kubeflow_oidc_authservice.module.helm_addon.module.irsa.aws_iam_role_policy_attachment.irsa",
            "module.eks_cluster.module.kubeflow_components.module.kubeflow_oidc_authservice.module.helm_addon.module.irsa.kubernetes_namespace_v1.irsa",
            "module.eks_cluster.module.kubeflow_components.module.kubeflow_oidc_authservice.module.helm_addon.module.irsa.kubernetes_secret_v1.irsa",
            "module.eks_cluster.module.kubeflow_components.module.kubeflow_oidc_authservice.module.helm_addon.module.irsa.kubernetes_service_account_v1.irsa",
            "module.eks_cluster.module.kubeflow_components.module.kubeflow_pipelines.module.helm_addon.helm_release.addon",
            "module.eks_cluster.module.kubeflow_components.module.kubeflow_pipelines.module.helm_addon.module.irsa.aws_iam_role.irsa",
            "module.eks_cluster.module.kubeflow_components.module.kubeflow_pipelines.module.helm_addon.module.irsa.aws_iam_role_policy_attachment.irsa",
            "module.eks_cluster.module.kubeflow_components.module.kubeflow_pipelines.module.helm_addon.module.irsa.kubernetes_namespace_v1.irsa",
            "module.eks_cluster.module.kubeflow_components.module.kubeflow_pipelines.module.helm_addon.module.irsa.kubernetes_secret_v1.irsa",
            "module.eks_cluster.module.kubeflow_components.module.kubeflow_pipelines.module.helm_addon.module.irsa.kubernetes_service_account_v1.irsa",
            "module.eks_cluster.module.kubeflow_components.module.kubeflow_profiles_and_kfam.aws_iam_policy.profile_controller_policy",
            "module.eks_cluster.module.kubeflow_components.module.kubeflow_profiles_and_kfam.kubernetes_annotations.sa_role_arn",
            "module.eks_cluster.module.kubeflow_components.module.kubeflow_profiles_and_kfam.module.helm_addon.helm_release.addon",
            "module.eks_cluster.module.kubeflow_components.module.kubeflow_profiles_and_kfam.module.helm_addon.module.irsa.aws_iam_role.irsa",
            "module.eks_cluster.module.kubeflow_components.module.kubeflow_profiles_and_kfam.module.helm_addon.module.irsa.aws_iam_role_policy_attachment.irsa",
            "module.eks_cluster.module.kubeflow_components.module.kubeflow_profiles_and_kfam.module.helm_addon.module.irsa.kubernetes_namespace_v1.irsa",
            "module.eks_cluster.module.kubeflow_components.module.kubeflow_profiles_and_kfam.module.helm_addon.module.irsa.kubernetes_secret_v1.irsa",
            "module.eks_cluster.module.kubeflow_components.module.kubeflow_profiles_and_kfam.module.helm_addon.module.irsa.kubernetes_service_account_v1.irsa",
            "module.eks_cluster.module.kubeflow_components.module.kubeflow_profiles_and_kfam.module.irsa.aws_iam_role.irsa",
            "module.eks_cluster.module.kubeflow_components.module.kubeflow_profiles_and_kfam.module.irsa.aws_iam_role_policy_attachment.irsa",
            "module.eks_cluster.module.kubeflow_components.module.kubeflow_profiles_and_kfam.module.irsa.kubernetes_namespace_v1.irsa",
            "module.eks_cluster.module.kubeflow_components.module.kubeflow_profiles_and_kfam.module.irsa.kubernetes_secret_v1.irsa",
            "module.eks_cluster.module.kubeflow_components.module.kubeflow_profiles_and_kfam.module.irsa.kubernetes_service_account_v1.irsa",
            "module.eks_cluster.module.kubeflow_components.module.kubeflow_roles.module.helm_addon.helm_release.addon",
            "module.eks_cluster.module.kubeflow_components.module.kubeflow_roles.module.helm_addon.module.irsa.aws_iam_role.irsa",
            "module.eks_cluster.module.kubeflow_components.module.kubeflow_roles.module.helm_addon.module.irsa.aws_iam_role_policy_attachment.irsa",
            "module.eks_cluster.module.kubeflow_components.module.kubeflow_roles.module.helm_addon.module.irsa.kubernetes_namespace_v1.irsa",
            "module.eks_cluster.module.kubeflow_components.module.kubeflow_roles.module.helm_addon.module.irsa.kubernetes_secret_v1.irsa",
            "module.eks_cluster.module.kubeflow_components.module.kubeflow_roles.module.helm_addon.module.irsa.kubernetes_service_account_v1.irsa",
            "module.eks_cluster.module.kubeflow_components.module.kubeflow_tensorboard_controller.module.helm_addon.helm_release.addon",
            "module.eks_cluster.module.kubeflow_components.module.kubeflow_tensorboard_controller.module.helm_addon.module.irsa.aws_iam_role.irsa",
            "module.eks_cluster.module.kubeflow_components.module.kubeflow_tensorboard_controller.module.helm_addon.module.irsa.aws_iam_role_policy_attachment.irsa",
            "module.eks_cluster.module.kubeflow_components.module.kubeflow_tensorboard_controller.module.helm_addon.module.irsa.kubernetes_namespace_v1.irsa",
            "module.eks_cluster.module.kubeflow_components.module.kubeflow_tensorboard_controller.module.helm_addon.module.irsa.kubernetes_secret_v1.irsa",
            "module.eks_cluster.module.kubeflow_components.module.kubeflow_tensorboard_controller.module.helm_addon.module.irsa.kubernetes_service_account_v1.irsa",
            "module.eks_cluster.module.kubeflow_components.module.kubeflow_tensorboards_web_app.module.helm_addon.helm_release.addon",
            "module.eks_cluster.module.kubeflow_components.module.kubeflow_tensorboards_web_app.module.helm_addon.module.irsa.aws_iam_role.irsa",
            "module.eks_cluster.module.kubeflow_components.module.kubeflow_tensorboards_web_app.module.helm_addon.module.irsa.aws_iam_role_policy_attachment.irsa",
            "module.eks_cluster.module.kubeflow_components.module.kubeflow_tensorboards_web_app.module.helm_addon.module.irsa.kubernetes_namespace_v1.irsa",
            "module.eks_cluster.module.kubeflow_components.module.kubeflow_tensorboards_web_app.module.helm_addon.module.irsa.kubernetes_secret_v1.irsa",
            "module.eks_cluster.module.kubeflow_components.module.kubeflow_tensorboards_web_app.module.helm_addon.module.irsa.kubernetes_service_account_v1.irsa",
            "module.eks_cluster.module.kubeflow_components.module.kubeflow_training_operator.module.helm_addon.module.irsa.aws_iam_role.irsa",
            "module.eks_cluster.module.kubeflow_components.module.kubeflow_training_operator.module.helm_addon.module.irsa.aws_iam_role_policy_attachment.irsa",
            "module.eks_cluster.module.kubeflow_components.module.kubeflow_training_operator.module.helm_addon.module.irsa.kubernetes_namespace_v1.irsa",
            "module.eks_cluster.module.kubeflow_components.module.kubeflow_training_operator.module.helm_addon.module.irsa.kubernetes_secret_v1.irsa",
            "module.eks_cluster.module.kubeflow_components.module.kubeflow_training_operator.module.helm_addon.module.irsa.kubernetes_service_account_v1.irsa",
            "module.eks_cluster.module.kubeflow_components.module.kubeflow_volumes_web_app.module.helm_addon.helm_release.addon",
            "module.eks_cluster.module.kubeflow_components.module.kubeflow_volumes_web_app.module.helm_addon.module.irsa.aws_iam_role.irsa",
            "module.eks_cluster.module.kubeflow_components.module.kubeflow_volumes_web_app.module.helm_addon.module.irsa.aws_iam_role_policy_attachment.irsa",
            "module.eks_cluster.module.kubeflow_components.module.kubeflow_volumes_web_app.module.helm_addon.module.irsa.kubernetes_namespace_v1.irsa",
            "module.eks_cluster.module.kubeflow_components.module.kubeflow_volumes_web_app.module.helm_addon.module.irsa.kubernetes_secret_v1.irsa",
            "module.eks_cluster.module.kubeflow_components.module.kubeflow_volumes_web_app.module.helm_addon.module.irsa.kubernetes_service_account_v1.irsa"
          ]
        }
      ]
    },
    {
      "module": "module.eks_cluster.module.kubeflow_components.module.kubeflow_user_namespace.module.helm_addon",
      "mode": "managed",
      "type": "helm_release",
      "name": "addon",
      "provider": "provider[\"registry.terraform.io/hashicorp/helm\"]",
      "instances": [
        {
          "index_key": 0,
          "schema_version": 1,
          "attributes": {
            "atomic": false,
            "chart": "../eks_cluster/KubeflowComponents/charts/user-namespace",
            "cleanup_on_fail": false,
            "create_namespace": false,
            "dependency_update": false,
            "description": "",
            "devel": null,
            "disable_crd_hooks": false,
            "disable_openapi_validation": false,
            "disable_webhooks": false,
            "force_update": false,
            "id": "user-namespace",
            "keyring": "",
            "lint": false,
            "manifest": null,
            "max_history": 0,
            "metadata": [
              {
                "app_version": "v1.7.0",
                "chart": "user-namespace",
                "name": "user-namespace",
                "namespace": "default",
                "revision": 1,
                "values": "{}",
                "version": "0.2.0"
              }
            ],
            "name": "user-namespace",
            "namespace": "default",
            "pass_credentials": false,
            "postrender": [
              {
                "args": null,
                "binary_path": ""
              }
            ],
            "recreate_pods": false,
            "render_subchart_notes": true,
            "replace": false,
            "repository": null,
            "repository_ca_file": null,
            "repository_cert_file": "",
            "repository_key_file": "",
            "repository_password": "",
            "repository_username": "",
            "reset_values": false,
            "reuse_values": false,
            "set": [],
            "set_list": [],
            "set_sensitive": [],
            "skip_crds": false,
            "status": "deployed",
            "timeout": 600,
            "values": [],
            "verify": false,
            "version": "0.2.0",
            "wait": true,
            "wait_for_jobs": false
          },
          "sensitive_attributes": [],
          "private": "eyJzY2hlbWFfdmVyc2lvbiI6IjEifQ==",
          "dependencies": [
            "module.eks_cluster.data.aws_caller_identity.current",
            "module.eks_cluster.data.aws_partition.current",
            "module.eks_cluster.data.aws_region.current",
            "module.eks_cluster.module.eks.aws_eks_cluster.this",
            "module.eks_cluster.module.eks.aws_iam_openid_connect_provider.oidc_provider",
            "module.eks_cluster.module.kubeflow_components.kubernetes_namespace.kubeflow",
            "module.eks_cluster.module.kubeflow_components.module.kubeflow_admission_webhook.module.helm_addon.helm_release.addon",
            "module.eks_cluster.module.kubeflow_components.module.kubeflow_admission_webhook.module.helm_addon.module.irsa.aws_iam_role.irsa",
            "module.eks_cluster.module.kubeflow_components.module.kubeflow_admission_webhook.module.helm_addon.module.irsa.aws_iam_role_policy_attachment.irsa",
            "module.eks_cluster.module.kubeflow_components.module.kubeflow_admission_webhook.module.helm_addon.module.irsa.kubernetes_namespace_v1.irsa",
            "module.eks_cluster.module.kubeflow_components.module.kubeflow_admission_webhook.module.helm_addon.module.irsa.kubernetes_secret_v1.irsa",
            "module.eks_cluster.module.kubeflow_components.module.kubeflow_admission_webhook.module.helm_addon.module.irsa.kubernetes_service_account_v1.irsa",
            "module.eks_cluster.module.kubeflow_components.module.kubeflow_aws_telemetry.module.helm_addon.helm_release.addon",
            "module.eks_cluster.module.kubeflow_components.module.kubeflow_aws_telemetry.module.helm_addon.module.irsa.aws_iam_role.irsa",
            "module.eks_cluster.module.kubeflow_components.module.kubeflow_aws_telemetry.module.helm_addon.module.irsa.aws_iam_role_policy_attachment.irsa",
            "module.eks_cluster.module.kubeflow_components.module.kubeflow_aws_telemetry.module.helm_addon.module.irsa.kubernetes_namespace_v1.irsa",
            "module.eks_cluster.module.kubeflow_components.module.kubeflow_aws_telemetry.module.helm_addon.module.irsa.kubernetes_secret_v1.irsa",
            "module.eks_cluster.module.kubeflow_components.module.kubeflow_aws_telemetry.module.helm_addon.module.irsa.kubernetes_service_account_v1.irsa",
            "module.eks_cluster.module.kubeflow_components.module.kubeflow_central_dashboard.module.helm_addon.helm_release.addon",
            "module.eks_cluster.module.kubeflow_components.module.kubeflow_central_dashboard.module.helm_addon.module.irsa.aws_iam_role.irsa",
            "module.eks_cluster.module.kubeflow_components.module.kubeflow_central_dashboard.module.helm_addon.module.irsa.aws_iam_role_policy_attachment.irsa",
            "module.eks_cluster.module.kubeflow_components.module.kubeflow_central_dashboard.module.helm_addon.module.irsa.kubernetes_namespace_v1.irsa",
            "module.eks_cluster.module.kubeflow_components.module.kubeflow_central_dashboard.module.helm_addon.module.irsa.kubernetes_secret_v1.irsa",
            "module.eks_cluster.module.kubeflow_components.module.kubeflow_central_dashboard.module.helm_addon.module.irsa.kubernetes_service_account_v1.irsa",
            "module.eks_cluster.module.kubeflow_components.module.kubeflow_cluster_local_gateway.module.helm_addon.helm_release.addon",
            "module.eks_cluster.module.kubeflow_components.module.kubeflow_cluster_local_gateway.module.helm_addon.module.irsa.aws_iam_role.irsa",
            "module.eks_cluster.module.kubeflow_components.module.kubeflow_cluster_local_gateway.module.helm_addon.module.irsa.aws_iam_role_policy_attachment.irsa",
            "module.eks_cluster.module.kubeflow_components.module.kubeflow_cluster_local_gateway.module.helm_addon.module.irsa.kubernetes_namespace_v1.irsa",
            "module.eks_cluster.module.kubeflow_components.module.kubeflow_cluster_local_gateway.module.helm_addon.module.irsa.kubernetes_secret_v1.irsa",
            "module.eks_cluster.module.kubeflow_components.module.kubeflow_cluster_local_gateway.module.helm_addon.module.irsa.kubernetes_service_account_v1.irsa",
            "module.eks_cluster.module.kubeflow_components.module.kubeflow_dex.module.helm_addon.helm_release.addon",
            "module.eks_cluster.module.kubeflow_components.module.kubeflow_dex.module.helm_addon.module.irsa.aws_iam_role.irsa",
            "module.eks_cluster.module.kubeflow_components.module.kubeflow_dex.module.helm_addon.module.irsa.aws_iam_role_policy_attachment.irsa",
            "module.eks_cluster.module.kubeflow_components.module.kubeflow_dex.module.helm_addon.module.irsa.kubernetes_namespace_v1.irsa",
            "module.eks_cluster.module.kubeflow_components.module.kubeflow_dex.module.helm_addon.module.irsa.kubernetes_secret_v1.irsa",
            "module.eks_cluster.module.kubeflow_components.module.kubeflow_dex.module.helm_addon.module.irsa.kubernetes_service_account_v1.irsa",
            "module.eks_cluster.module.kubeflow_components.module.kubeflow_issuer.module.helm_addon.helm_release.addon",
            "module.eks_cluster.module.kubeflow_components.module.kubeflow_issuer.module.helm_addon.module.irsa.aws_iam_role.irsa",
            "module.eks_cluster.module.kubeflow_components.module.kubeflow_issuer.module.helm_addon.module.irsa.aws_iam_role_policy_attachment.irsa",
            "module.eks_cluster.module.kubeflow_components.module.kubeflow_issuer.module.helm_addon.module.irsa.kubernetes_namespace_v1.irsa",
            "module.eks_cluster.module.kubeflow_components.module.kubeflow_issuer.module.helm_addon.module.irsa.kubernetes_secret_v1.irsa",
            "module.eks_cluster.module.kubeflow_components.module.kubeflow_issuer.module.helm_addon.module.irsa.kubernetes_service_account_v1.irsa",
            "module.eks_cluster.module.kubeflow_components.module.kubeflow_istio.module.helm_addon.helm_release.addon",
            "module.eks_cluster.module.kubeflow_components.module.kubeflow_istio.module.helm_addon.module.irsa.aws_iam_role.irsa",
            "module.eks_cluster.module.kubeflow_components.module.kubeflow_istio.module.helm_addon.module.irsa.aws_iam_role_policy_attachment.irsa",
            "module.eks_cluster.module.kubeflow_components.module.kubeflow_istio.module.helm_addon.module.irsa.kubernetes_namespace_v1.irsa",
            "module.eks_cluster.module.kubeflow_components.module.kubeflow_istio.module.helm_addon.module.irsa.kubernetes_secret_v1.irsa",
            "module.eks_cluster.module.kubeflow_components.module.kubeflow_istio.module.helm_addon.module.irsa.kubernetes_service_account_v1.irsa",
            "module.eks_cluster.module.kubeflow_components.module.kubeflow_istio_resources.module.helm_addon.helm_release.addon",
            "module.eks_cluster.module.kubeflow_components.module.kubeflow_istio_resources.module.helm_addon.module.irsa.aws_iam_role.irsa",
            "module.eks_cluster.module.kubeflow_components.module.kubeflow_istio_resources.module.helm_addon.module.irsa.aws_iam_role_policy_attachment.irsa",
            "module.eks_cluster.module.kubeflow_components.module.kubeflow_istio_resources.module.helm_addon.module.irsa.kubernetes_namespace_v1.irsa",
            "module.eks_cluster.module.kubeflow_components.module.kubeflow_istio_resources.module.helm_addon.module.irsa.kubernetes_secret_v1.irsa",
            "module.eks_cluster.module.kubeflow_components.module.kubeflow_istio_resources.module.helm_addon.module.irsa.kubernetes_service_account_v1.irsa",
            "module.eks_cluster.module.kubeflow_components.module.kubeflow_jupyter_web_app.module.helm_addon.helm_release.addon",
            "module.eks_cluster.module.kubeflow_components.module.kubeflow_jupyter_web_app.module.helm_addon.module.irsa.aws_iam_role.irsa",
            "module.eks_cluster.module.kubeflow_components.module.kubeflow_jupyter_web_app.module.helm_addon.module.irsa.aws_iam_role_policy_attachment.irsa",
            "module.eks_cluster.module.kubeflow_components.module.kubeflow_jupyter_web_app.module.helm_addon.module.irsa.kubernetes_namespace_v1.irsa",
            "module.eks_cluster.module.kubeflow_components.module.kubeflow_jupyter_web_app.module.helm_addon.module.irsa.kubernetes_secret_v1.irsa",
            "module.eks_cluster.module.kubeflow_components.module.kubeflow_jupyter_web_app.module.helm_addon.module.irsa.kubernetes_service_account_v1.irsa",
            "module.eks_cluster.module.kubeflow_components.module.kubeflow_katib.module.helm_addon.helm_release.addon",
            "module.eks_cluster.module.kubeflow_components.module.kubeflow_katib.module.helm_addon.module.irsa.aws_iam_role.irsa",
            "module.eks_cluster.module.kubeflow_components.module.kubeflow_katib.module.helm_addon.module.irsa.aws_iam_role_policy_attachment.irsa",
            "module.eks_cluster.module.kubeflow_components.module.kubeflow_katib.module.helm_addon.module.irsa.kubernetes_namespace_v1.irsa",
            "module.eks_cluster.module.kubeflow_components.module.kubeflow_katib.module.helm_addon.module.irsa.kubernetes_secret_v1.irsa",
            "module.eks_cluster.module.kubeflow_components.module.kubeflow_katib.module.helm_addon.module.irsa.kubernetes_service_account_v1.irsa",
            "module.eks_cluster.module.kubeflow_components.module.kubeflow_knative_eventing.module.helm_addon.helm_release.addon",
            "module.eks_cluster.module.kubeflow_components.module.kubeflow_knative_eventing.module.helm_addon.module.irsa.aws_iam_role.irsa",
            "module.eks_cluster.module.kubeflow_components.module.kubeflow_knative_eventing.module.helm_addon.module.irsa.aws_iam_role_policy_attachment.irsa",
            "module.eks_cluster.module.kubeflow_components.module.kubeflow_knative_eventing.module.helm_addon.module.irsa.kubernetes_namespace_v1.irsa",
            "module.eks_cluster.module.kubeflow_components.module.kubeflow_knative_eventing.module.helm_addon.module.irsa.kubernetes_secret_v1.irsa",
            "module.eks_cluster.module.kubeflow_components.module.kubeflow_knative_eventing.module.helm_addon.module.irsa.kubernetes_service_account_v1.irsa",
            "module.eks_cluster.module.kubeflow_components.module.kubeflow_knative_serving.module.helm_addon.helm_release.addon",
            "module.eks_cluster.module.kubeflow_components.module.kubeflow_knative_serving.module.helm_addon.module.irsa.aws_iam_role.irsa",
            "module.eks_cluster.module.kubeflow_components.module.kubeflow_knative_serving.module.helm_addon.module.irsa.aws_iam_role_policy_attachment.irsa",
            "module.eks_cluster.module.kubeflow_components.module.kubeflow_knative_serving.module.helm_addon.module.irsa.kubernetes_namespace_v1.irsa",
            "module.eks_cluster.module.kubeflow_components.module.kubeflow_knative_serving.module.helm_addon.module.irsa.kubernetes_secret_v1.irsa",
            "module.eks_cluster.module.kubeflow_components.module.kubeflow_knative_serving.module.helm_addon.module.irsa.kubernetes_service_account_v1.irsa",
            "module.eks_cluster.module.kubeflow_components.module.kubeflow_kserve.module.helm_addon.helm_release.addon",
            "module.eks_cluster.module.kubeflow_components.module.kubeflow_kserve.module.helm_addon.module.irsa.aws_iam_role.irsa",
            "module.eks_cluster.module.kubeflow_components.module.kubeflow_kserve.module.helm_addon.module.irsa.aws_iam_role_policy_attachment.irsa",
            "module.eks_cluster.module.kubeflow_components.module.kubeflow_kserve.module.helm_addon.module.irsa.kubernetes_namespace_v1.irsa",
            "module.eks_cluster.module.kubeflow_components.module.kubeflow_kserve.module.helm_addon.module.irsa.kubernetes_secret_v1.irsa",
            "module.eks_cluster.module.kubeflow_components.module.kubeflow_kserve.module.helm_addon.module.irsa.kubernetes_service_account_v1.irsa",
            "module.eks_cluster.module.kubeflow_components.module.kubeflow_models_web_app.module.helm_addon.helm_release.addon",
            "module.eks_cluster.module.kubeflow_components.module.kubeflow_models_web_app.module.helm_addon.module.irsa.aws_iam_role.irsa",
            "module.eks_cluster.module.kubeflow_components.module.kubeflow_models_web_app.module.helm_addon.module.irsa.aws_iam_role_policy_attachment.irsa",
            "module.eks_cluster.module.kubeflow_components.module.kubeflow_models_web_app.module.helm_addon.module.irsa.kubernetes_namespace_v1.irsa",
            "module.eks_cluster.module.kubeflow_components.module.kubeflow_models_web_app.module.helm_addon.module.irsa.kubernetes_secret_v1.irsa",
            "module.eks_cluster.module.kubeflow_components.module.kubeflow_models_web_app.module.helm_addon.module.irsa.kubernetes_service_account_v1.irsa",
            "module.eks_cluster.module.kubeflow_components.module.kubeflow_notebook_controller.module.helm_addon.helm_release.addon",
            "module.eks_cluster.module.kubeflow_components.module.kubeflow_notebook_controller.module.helm_addon.module.irsa.aws_iam_role.irsa",
            "module.eks_cluster.module.kubeflow_components.module.kubeflow_notebook_controller.module.helm_addon.module.irsa.aws_iam_role_policy_attachment.irsa",
            "module.eks_cluster.module.kubeflow_components.module.kubeflow_notebook_controller.module.helm_addon.module.irsa.kubernetes_namespace_v1.irsa",
            "module.eks_cluster.module.kubeflow_components.module.kubeflow_notebook_controller.module.helm_addon.module.irsa.kubernetes_secret_v1.irsa",
            "module.eks_cluster.module.kubeflow_components.module.kubeflow_notebook_controller.module.helm_addon.module.irsa.kubernetes_service_account_v1.irsa",
            "module.eks_cluster.module.kubeflow_components.module.kubeflow_oidc_authservice.module.helm_addon.helm_release.addon",
            "module.eks_cluster.module.kubeflow_components.module.kubeflow_oidc_authservice.module.helm_addon.module.irsa.aws_iam_role.irsa",
            "module.eks_cluster.module.kubeflow_components.module.kubeflow_oidc_authservice.module.helm_addon.module.irsa.aws_iam_role_policy_attachment.irsa",
            "module.eks_cluster.module.kubeflow_components.module.kubeflow_oidc_authservice.module.helm_addon.module.irsa.kubernetes_namespace_v1.irsa",
            "module.eks_cluster.module.kubeflow_components.module.kubeflow_oidc_authservice.module.helm_addon.module.irsa.kubernetes_secret_v1.irsa",
            "module.eks_cluster.module.kubeflow_components.module.kubeflow_oidc_authservice.module.helm_addon.module.irsa.kubernetes_service_account_v1.irsa",
            "module.eks_cluster.module.kubeflow_components.module.kubeflow_pipelines.module.helm_addon.helm_release.addon",
            "module.eks_cluster.module.kubeflow_components.module.kubeflow_pipelines.module.helm_addon.module.irsa.aws_iam_role.irsa",
            "module.eks_cluster.module.kubeflow_components.module.kubeflow_pipelines.module.helm_addon.module.irsa.aws_iam_role_policy_attachment.irsa",
            "module.eks_cluster.module.kubeflow_components.module.kubeflow_pipelines.module.helm_addon.module.irsa.kubernetes_namespace_v1.irsa",
            "module.eks_cluster.module.kubeflow_components.module.kubeflow_pipelines.module.helm_addon.module.irsa.kubernetes_secret_v1.irsa",
            "module.eks_cluster.module.kubeflow_components.module.kubeflow_pipelines.module.helm_addon.module.irsa.kubernetes_service_account_v1.irsa",
            "module.eks_cluster.module.kubeflow_components.module.kubeflow_profiles_and_kfam.aws_iam_policy.profile_controller_policy",
            "module.eks_cluster.module.kubeflow_components.module.kubeflow_profiles_and_kfam.kubernetes_annotations.sa_role_arn",
            "module.eks_cluster.module.kubeflow_components.module.kubeflow_profiles_and_kfam.module.helm_addon.helm_release.addon",
            "module.eks_cluster.module.kubeflow_components.module.kubeflow_profiles_and_kfam.module.helm_addon.module.irsa.aws_iam_role.irsa",
            "module.eks_cluster.module.kubeflow_components.module.kubeflow_profiles_and_kfam.module.helm_addon.module.irsa.aws_iam_role_policy_attachment.irsa",
            "module.eks_cluster.module.kubeflow_components.module.kubeflow_profiles_and_kfam.module.helm_addon.module.irsa.kubernetes_namespace_v1.irsa",
            "module.eks_cluster.module.kubeflow_components.module.kubeflow_profiles_and_kfam.module.helm_addon.module.irsa.kubernetes_secret_v1.irsa",
            "module.eks_cluster.module.kubeflow_components.module.kubeflow_profiles_and_kfam.module.helm_addon.module.irsa.kubernetes_service_account_v1.irsa",
            "module.eks_cluster.module.kubeflow_components.module.kubeflow_profiles_and_kfam.module.irsa.aws_iam_role.irsa",
            "module.eks_cluster.module.kubeflow_components.module.kubeflow_profiles_and_kfam.module.irsa.aws_iam_role_policy_attachment.irsa",
            "module.eks_cluster.module.kubeflow_components.module.kubeflow_profiles_and_kfam.module.irsa.kubernetes_namespace_v1.irsa",
            "module.eks_cluster.module.kubeflow_components.module.kubeflow_profiles_and_kfam.module.irsa.kubernetes_secret_v1.irsa",
            "module.eks_cluster.module.kubeflow_components.module.kubeflow_profiles_and_kfam.module.irsa.kubernetes_service_account_v1.irsa",
            "module.eks_cluster.module.kubeflow_components.module.kubeflow_roles.module.helm_addon.helm_release.addon",
            "module.eks_cluster.module.kubeflow_components.module.kubeflow_roles.module.helm_addon.module.irsa.aws_iam_role.irsa",
            "module.eks_cluster.module.kubeflow_components.module.kubeflow_roles.module.helm_addon.module.irsa.aws_iam_role_policy_attachment.irsa",
            "module.eks_cluster.module.kubeflow_components.module.kubeflow_roles.module.helm_addon.module.irsa.kubernetes_namespace_v1.irsa",
            "module.eks_cluster.module.kubeflow_components.module.kubeflow_roles.module.helm_addon.module.irsa.kubernetes_secret_v1.irsa",
            "module.eks_cluster.module.kubeflow_components.module.kubeflow_roles.module.helm_addon.module.irsa.kubernetes_service_account_v1.irsa",
            "module.eks_cluster.module.kubeflow_components.module.kubeflow_tensorboard_controller.module.helm_addon.helm_release.addon",
            "module.eks_cluster.module.kubeflow_components.module.kubeflow_tensorboard_controller.module.helm_addon.module.irsa.aws_iam_role.irsa",
            "module.eks_cluster.module.kubeflow_components.module.kubeflow_tensorboard_controller.module.helm_addon.module.irsa.aws_iam_role_policy_attachment.irsa",
            "module.eks_cluster.module.kubeflow_components.module.kubeflow_tensorboard_controller.module.helm_addon.module.irsa.kubernetes_namespace_v1.irsa",
            "module.eks_cluster.module.kubeflow_components.module.kubeflow_tensorboard_controller.module.helm_addon.module.irsa.kubernetes_secret_v1.irsa",
            "module.eks_cluster.module.kubeflow_components.module.kubeflow_tensorboard_controller.module.helm_addon.module.irsa.kubernetes_service_account_v1.irsa",
            "module.eks_cluster.module.kubeflow_components.module.kubeflow_tensorboards_web_app.module.helm_addon.helm_release.addon",
            "module.eks_cluster.module.kubeflow_components.module.kubeflow_tensorboards_web_app.module.helm_addon.module.irsa.aws_iam_role.irsa",
            "module.eks_cluster.module.kubeflow_components.module.kubeflow_tensorboards_web_app.module.helm_addon.module.irsa.aws_iam_role_policy_attachment.irsa",
            "module.eks_cluster.module.kubeflow_components.module.kubeflow_tensorboards_web_app.module.helm_addon.module.irsa.kubernetes_namespace_v1.irsa",
            "module.eks_cluster.module.kubeflow_components.module.kubeflow_tensorboards_web_app.module.helm_addon.module.irsa.kubernetes_secret_v1.irsa",
            "module.eks_cluster.module.kubeflow_components.module.kubeflow_tensorboards_web_app.module.helm_addon.module.irsa.kubernetes_service_account_v1.irsa",
            "module.eks_cluster.module.kubeflow_components.module.kubeflow_training_operator.module.helm_addon.helm_release.addon",
            "module.eks_cluster.module.kubeflow_components.module.kubeflow_training_operator.module.helm_addon.module.irsa.aws_iam_role.irsa",
            "module.eks_cluster.module.kubeflow_components.module.kubeflow_training_operator.module.helm_addon.module.irsa.aws_iam_role_policy_attachment.irsa",
            "module.eks_cluster.module.kubeflow_components.module.kubeflow_training_operator.module.helm_addon.module.irsa.kubernetes_namespace_v1.irsa",
            "module.eks_cluster.module.kubeflow_components.module.kubeflow_training_operator.module.helm_addon.module.irsa.kubernetes_secret_v1.irsa",
            "module.eks_cluster.module.kubeflow_components.module.kubeflow_training_operator.module.helm_addon.module.irsa.kubernetes_service_account_v1.irsa",
            "module.eks_cluster.module.kubeflow_components.module.kubeflow_user_namespace.module.helm_addon.module.irsa.aws_iam_role.irsa",
            "module.eks_cluster.module.kubeflow_components.module.kubeflow_user_namespace.module.helm_addon.module.irsa.aws_iam_role_policy_attachment.irsa",
            "module.eks_cluster.module.kubeflow_components.module.kubeflow_user_namespace.module.helm_addon.module.irsa.kubernetes_namespace_v1.irsa",
            "module.eks_cluster.module.kubeflow_components.module.kubeflow_user_namespace.module.helm_addon.module.irsa.kubernetes_secret_v1.irsa",
            "module.eks_cluster.module.kubeflow_components.module.kubeflow_user_namespace.module.helm_addon.module.irsa.kubernetes_service_account_v1.irsa",
            "module.eks_cluster.module.kubeflow_components.module.kubeflow_volumes_web_app.module.helm_addon.helm_release.addon",
            "module.eks_cluster.module.kubeflow_components.module.kubeflow_volumes_web_app.module.helm_addon.module.irsa.aws_iam_role.irsa",
            "module.eks_cluster.module.kubeflow_components.module.kubeflow_volumes_web_app.module.helm_addon.module.irsa.aws_iam_role_policy_attachment.irsa",
            "module.eks_cluster.module.kubeflow_components.module.kubeflow_volumes_web_app.module.helm_addon.module.irsa.kubernetes_namespace_v1.irsa",
            "module.eks_cluster.module.kubeflow_components.module.kubeflow_volumes_web_app.module.helm_addon.module.irsa.kubernetes_secret_v1.irsa",
            "module.eks_cluster.module.kubeflow_components.module.kubeflow_volumes_web_app.module.helm_addon.module.irsa.kubernetes_service_account_v1.irsa"
          ]
        }
      ]
    },
    {
      "module": "module.eks_cluster.module.kubeflow_components.module.kubeflow_volumes_web_app.module.helm_addon",
      "mode": "managed",
      "type": "helm_release",
      "name": "addon",
      "provider": "provider[\"registry.terraform.io/hashicorp/helm\"]",
      "instances": [
        {
          "index_key": 0,
          "schema_version": 1,
          "attributes": {
            "atomic": false,
            "chart": "../eks_cluster/KubeflowComponents/charts/volumes-web-app",
            "cleanup_on_fail": false,
            "create_namespace": false,
            "dependency_update": false,
            "description": "",
            "devel": null,
            "disable_crd_hooks": false,
            "disable_openapi_validation": false,
            "disable_webhooks": false,
            "force_update": false,
            "id": "volumes-web-app",
            "keyring": "",
            "lint": false,
            "manifest": null,
            "max_history": 0,
            "metadata": [
              {
                "app_version": "v1.7.0",
                "chart": "volumes-web-app",
                "name": "volumes-web-app",
                "namespace": "default",
                "revision": 1,
                "values": "{}",
                "version": "0.2.0"
              }
            ],
            "name": "volumes-web-app",
            "namespace": "default",
            "pass_credentials": false,
            "postrender": [
              {
                "args": [],
                "binary_path": ""
              }
            ],
            "recreate_pods": false,
            "render_subchart_notes": true,
            "replace": false,
            "repository": null,
            "repository_ca_file": null,
            "repository_cert_file": "",
            "repository_key_file": "",
            "repository_password": "",
            "repository_username": "",
            "reset_values": false,
            "reuse_values": false,
            "set": [],
            "set_list": [],
            "set_sensitive": [],
            "skip_crds": false,
            "status": "deployed",
            "timeout": 600,
            "values": [],
            "verify": false,
            "version": "0.2.0",
            "wait": true,
            "wait_for_jobs": false
          },
          "sensitive_attributes": [],
          "private": "eyJzY2hlbWFfdmVyc2lvbiI6IjEifQ==",
          "dependencies": [
            "module.eks_cluster.data.aws_caller_identity.current",
            "module.eks_cluster.data.aws_partition.current",
            "module.eks_cluster.data.aws_region.current",
            "module.eks_cluster.data.aws_subnets.private",
            "module.eks_cluster.data.aws_vpc.vpc",
            "module.eks_cluster.module.eks.aws_cloudwatch_log_group.this",
            "module.eks_cluster.module.eks.aws_eks_cluster.this",
            "module.eks_cluster.module.eks.aws_iam_openid_connect_provider.oidc_provider",
            "module.eks_cluster.module.eks.aws_iam_policy.cni_ipv6_policy",
            "module.eks_cluster.module.eks.aws_iam_role.this",
            "module.eks_cluster.module.eks.aws_iam_role_policy_attachment.this",
            "module.eks_cluster.module.eks.aws_security_group.cluster",
            "module.eks_cluster.module.eks.aws_security_group.node",
            "module.eks_cluster.module.eks.aws_security_group_rule.cluster",
            "module.eks_cluster.module.eks.aws_security_group_rule.node",
            "module.eks_cluster.module.eks.data.aws_caller_identity.current",
            "module.eks_cluster.module.eks.data.aws_iam_policy_document.assume_role_policy",
            "module.eks_cluster.module.eks.data.aws_iam_policy_document.cni_ipv6_policy",
            "module.eks_cluster.module.eks.data.aws_iam_session_context.current",
            "module.eks_cluster.module.eks.data.aws_partition.current",
            "module.eks_cluster.module.eks.data.tls_certificate.this",
            "module.eks_cluster.module.eks.module.kms.aws_kms_external_key.this",
            "module.eks_cluster.module.eks.module.kms.aws_kms_key.this",
            "module.eks_cluster.module.eks.module.kms.data.aws_caller_identity.current",
            "module.eks_cluster.module.eks.module.kms.data.aws_iam_policy_document.this",
            "module.eks_cluster.module.eks.module.kms.data.aws_partition.current",
            "module.eks_cluster.module.kubeflow_components.kubernetes_namespace.kubeflow",
            "module.eks_cluster.module.kubeflow_components.module.kubeflow_admission_webhook.module.helm_addon.helm_release.addon",
            "module.eks_cluster.module.kubeflow_components.module.kubeflow_admission_webhook.module.helm_addon.module.irsa.aws_iam_role.irsa",
            "module.eks_cluster.module.kubeflow_components.module.kubeflow_admission_webhook.module.helm_addon.module.irsa.aws_iam_role_policy_attachment.irsa",
            "module.eks_cluster.module.kubeflow_components.module.kubeflow_admission_webhook.module.helm_addon.module.irsa.kubernetes_namespace_v1.irsa",
            "module.eks_cluster.module.kubeflow_components.module.kubeflow_admission_webhook.module.helm_addon.module.irsa.kubernetes_secret_v1.irsa",
            "module.eks_cluster.module.kubeflow_components.module.kubeflow_admission_webhook.module.helm_addon.module.irsa.kubernetes_service_account_v1.irsa",
            "module.eks_cluster.module.kubeflow_components.module.kubeflow_central_dashboard.module.helm_addon.helm_release.addon",
            "module.eks_cluster.module.kubeflow_components.module.kubeflow_central_dashboard.module.helm_addon.module.irsa.aws_iam_role.irsa",
            "module.eks_cluster.module.kubeflow_components.module.kubeflow_central_dashboard.module.helm_addon.module.irsa.aws_iam_role_policy_attachment.irsa",
            "module.eks_cluster.module.kubeflow_components.module.kubeflow_central_dashboard.module.helm_addon.module.irsa.kubernetes_namespace_v1.irsa",
            "module.eks_cluster.module.kubeflow_components.module.kubeflow_central_dashboard.module.helm_addon.module.irsa.kubernetes_secret_v1.irsa",
            "module.eks_cluster.module.kubeflow_components.module.kubeflow_central_dashboard.module.helm_addon.module.irsa.kubernetes_service_account_v1.irsa",
            "module.eks_cluster.module.kubeflow_components.module.kubeflow_cluster_local_gateway.module.helm_addon.helm_release.addon",
            "module.eks_cluster.module.kubeflow_components.module.kubeflow_cluster_local_gateway.module.helm_addon.module.irsa.aws_iam_role.irsa",
            "module.eks_cluster.module.kubeflow_components.module.kubeflow_cluster_local_gateway.module.helm_addon.module.irsa.aws_iam_role_policy_attachment.irsa",
            "module.eks_cluster.module.kubeflow_components.module.kubeflow_cluster_local_gateway.module.helm_addon.module.irsa.kubernetes_namespace_v1.irsa",
            "module.eks_cluster.module.kubeflow_components.module.kubeflow_cluster_local_gateway.module.helm_addon.module.irsa.kubernetes_secret_v1.irsa",
            "module.eks_cluster.module.kubeflow_components.module.kubeflow_cluster_local_gateway.module.helm_addon.module.irsa.kubernetes_service_account_v1.irsa",
            "module.eks_cluster.module.kubeflow_components.module.kubeflow_dex.module.helm_addon.helm_release.addon",
            "module.eks_cluster.module.kubeflow_components.module.kubeflow_dex.module.helm_addon.module.irsa.aws_iam_role.irsa",
            "module.eks_cluster.module.kubeflow_components.module.kubeflow_dex.module.helm_addon.module.irsa.aws_iam_role_policy_attachment.irsa",
            "module.eks_cluster.module.kubeflow_components.module.kubeflow_dex.module.helm_addon.module.irsa.kubernetes_namespace_v1.irsa",
            "module.eks_cluster.module.kubeflow_components.module.kubeflow_dex.module.helm_addon.module.irsa.kubernetes_secret_v1.irsa",
            "module.eks_cluster.module.kubeflow_components.module.kubeflow_dex.module.helm_addon.module.irsa.kubernetes_service_account_v1.irsa",
            "module.eks_cluster.module.kubeflow_components.module.kubeflow_issuer.module.helm_addon.helm_release.addon",
            "module.eks_cluster.module.kubeflow_components.module.kubeflow_issuer.module.helm_addon.module.irsa.aws_iam_role.irsa",
            "module.eks_cluster.module.kubeflow_components.module.kubeflow_issuer.module.helm_addon.module.irsa.aws_iam_role_policy_attachment.irsa",
            "module.eks_cluster.module.kubeflow_components.module.kubeflow_issuer.module.helm_addon.module.irsa.kubernetes_namespace_v1.irsa",
            "module.eks_cluster.module.kubeflow_components.module.kubeflow_issuer.module.helm_addon.module.irsa.kubernetes_secret_v1.irsa",
            "module.eks_cluster.module.kubeflow_components.module.kubeflow_issuer.module.helm_addon.module.irsa.kubernetes_service_account_v1.irsa",
            "module.eks_cluster.module.kubeflow_components.module.kubeflow_istio.module.helm_addon.helm_release.addon",
            "module.eks_cluster.module.kubeflow_components.module.kubeflow_istio.module.helm_addon.module.irsa.aws_iam_role.irsa",
            "module.eks_cluster.module.kubeflow_components.module.kubeflow_istio.module.helm_addon.module.irsa.aws_iam_role_policy_attachment.irsa",
            "module.eks_cluster.module.kubeflow_components.module.kubeflow_istio.module.helm_addon.module.irsa.kubernetes_namespace_v1.irsa",
            "module.eks_cluster.module.kubeflow_components.module.kubeflow_istio.module.helm_addon.module.irsa.kubernetes_secret_v1.irsa",
            "module.eks_cluster.module.kubeflow_components.module.kubeflow_istio.module.helm_addon.module.irsa.kubernetes_service_account_v1.irsa",
            "module.eks_cluster.module.kubeflow_components.module.kubeflow_istio_resources.module.helm_addon.helm_release.addon",
            "module.eks_cluster.module.kubeflow_components.module.kubeflow_istio_resources.module.helm_addon.module.irsa.aws_iam_role.irsa",
            "module.eks_cluster.module.kubeflow_components.module.kubeflow_istio_resources.module.helm_addon.module.irsa.aws_iam_role_policy_attachment.irsa",
            "module.eks_cluster.module.kubeflow_components.module.kubeflow_istio_resources.module.helm_addon.module.irsa.kubernetes_namespace_v1.irsa",
            "module.eks_cluster.module.kubeflow_components.module.kubeflow_istio_resources.module.helm_addon.module.irsa.kubernetes_secret_v1.irsa",
            "module.eks_cluster.module.kubeflow_components.module.kubeflow_istio_resources.module.helm_addon.module.irsa.kubernetes_service_account_v1.irsa",
            "module.eks_cluster.module.kubeflow_components.module.kubeflow_jupyter_web_app.module.helm_addon.helm_release.addon",
            "module.eks_cluster.module.kubeflow_components.module.kubeflow_jupyter_web_app.module.helm_addon.module.irsa.aws_iam_role.irsa",
            "module.eks_cluster.module.kubeflow_components.module.kubeflow_jupyter_web_app.module.helm_addon.module.irsa.aws_iam_role_policy_attachment.irsa",
            "module.eks_cluster.module.kubeflow_components.module.kubeflow_jupyter_web_app.module.helm_addon.module.irsa.kubernetes_namespace_v1.irsa",
            "module.eks_cluster.module.kubeflow_components.module.kubeflow_jupyter_web_app.module.helm_addon.module.irsa.kubernetes_secret_v1.irsa",
            "module.eks_cluster.module.kubeflow_components.module.kubeflow_jupyter_web_app.module.helm_addon.module.irsa.kubernetes_service_account_v1.irsa",
            "module.eks_cluster.module.kubeflow_components.module.kubeflow_katib.module.helm_addon.helm_release.addon",
            "module.eks_cluster.module.kubeflow_components.module.kubeflow_katib.module.helm_addon.module.irsa.aws_iam_role.irsa",
            "module.eks_cluster.module.kubeflow_components.module.kubeflow_katib.module.helm_addon.module.irsa.aws_iam_role_policy_attachment.irsa",
            "module.eks_cluster.module.kubeflow_components.module.kubeflow_katib.module.helm_addon.module.irsa.kubernetes_namespace_v1.irsa",
            "module.eks_cluster.module.kubeflow_components.module.kubeflow_katib.module.helm_addon.module.irsa.kubernetes_secret_v1.irsa",
            "module.eks_cluster.module.kubeflow_components.module.kubeflow_katib.module.helm_addon.module.irsa.kubernetes_service_account_v1.irsa",
            "module.eks_cluster.module.kubeflow_components.module.kubeflow_knative_eventing.module.helm_addon.helm_release.addon",
            "module.eks_cluster.module.kubeflow_components.module.kubeflow_knative_eventing.module.helm_addon.module.irsa.aws_iam_role.irsa",
            "module.eks_cluster.module.kubeflow_components.module.kubeflow_knative_eventing.module.helm_addon.module.irsa.aws_iam_role_policy_attachment.irsa",
            "module.eks_cluster.module.kubeflow_components.module.kubeflow_knative_eventing.module.helm_addon.module.irsa.kubernetes_namespace_v1.irsa",
            "module.eks_cluster.module.kubeflow_components.module.kubeflow_knative_eventing.module.helm_addon.module.irsa.kubernetes_secret_v1.irsa",
            "module.eks_cluster.module.kubeflow_components.module.kubeflow_knative_eventing.module.helm_addon.module.irsa.kubernetes_service_account_v1.irsa",
            "module.eks_cluster.module.kubeflow_components.module.kubeflow_knative_serving.module.helm_addon.helm_release.addon",
            "module.eks_cluster.module.kubeflow_components.module.kubeflow_knative_serving.module.helm_addon.module.irsa.aws_iam_role.irsa",
            "module.eks_cluster.module.kubeflow_components.module.kubeflow_knative_serving.module.helm_addon.module.irsa.aws_iam_role_policy_attachment.irsa",
            "module.eks_cluster.module.kubeflow_components.module.kubeflow_knative_serving.module.helm_addon.module.irsa.kubernetes_namespace_v1.irsa",
            "module.eks_cluster.module.kubeflow_components.module.kubeflow_knative_serving.module.helm_addon.module.irsa.kubernetes_secret_v1.irsa",
            "module.eks_cluster.module.kubeflow_components.module.kubeflow_knative_serving.module.helm_addon.module.irsa.kubernetes_service_account_v1.irsa",
            "module.eks_cluster.module.kubeflow_components.module.kubeflow_kserve.module.helm_addon.helm_release.addon",
            "module.eks_cluster.module.kubeflow_components.module.kubeflow_kserve.module.helm_addon.module.irsa.aws_iam_role.irsa",
            "module.eks_cluster.module.kubeflow_components.module.kubeflow_kserve.module.helm_addon.module.irsa.aws_iam_role_policy_attachment.irsa",
            "module.eks_cluster.module.kubeflow_components.module.kubeflow_kserve.module.helm_addon.module.irsa.kubernetes_namespace_v1.irsa",
            "module.eks_cluster.module.kubeflow_components.module.kubeflow_kserve.module.helm_addon.module.irsa.kubernetes_secret_v1.irsa",
            "module.eks_cluster.module.kubeflow_components.module.kubeflow_kserve.module.helm_addon.module.irsa.kubernetes_service_account_v1.irsa",
            "module.eks_cluster.module.kubeflow_components.module.kubeflow_models_web_app.module.helm_addon.helm_release.addon",
            "module.eks_cluster.module.kubeflow_components.module.kubeflow_models_web_app.module.helm_addon.module.irsa.aws_iam_role.irsa",
            "module.eks_cluster.module.kubeflow_components.module.kubeflow_models_web_app.module.helm_addon.module.irsa.aws_iam_role_policy_attachment.irsa",
            "module.eks_cluster.module.kubeflow_components.module.kubeflow_models_web_app.module.helm_addon.module.irsa.kubernetes_namespace_v1.irsa",
            "module.eks_cluster.module.kubeflow_components.module.kubeflow_models_web_app.module.helm_addon.module.irsa.kubernetes_secret_v1.irsa",
            "module.eks_cluster.module.kubeflow_components.module.kubeflow_models_web_app.module.helm_addon.module.irsa.kubernetes_service_account_v1.irsa",
            "module.eks_cluster.module.kubeflow_components.module.kubeflow_notebook_controller.module.helm_addon.helm_release.addon",
            "module.eks_cluster.module.kubeflow_components.module.kubeflow_notebook_controller.module.helm_addon.module.irsa.aws_iam_role.irsa",
            "module.eks_cluster.module.kubeflow_components.module.kubeflow_notebook_controller.module.helm_addon.module.irsa.aws_iam_role_policy_attachment.irsa",
            "module.eks_cluster.module.kubeflow_components.module.kubeflow_notebook_controller.module.helm_addon.module.irsa.kubernetes_namespace_v1.irsa",
            "module.eks_cluster.module.kubeflow_components.module.kubeflow_notebook_controller.module.helm_addon.module.irsa.kubernetes_secret_v1.irsa",
            "module.eks_cluster.module.kubeflow_components.module.kubeflow_notebook_controller.module.helm_addon.module.irsa.kubernetes_service_account_v1.irsa",
            "module.eks_cluster.module.kubeflow_components.module.kubeflow_oidc_authservice.module.helm_addon.helm_release.addon",
            "module.eks_cluster.module.kubeflow_components.module.kubeflow_oidc_authservice.module.helm_addon.module.irsa.aws_iam_role.irsa",
            "module.eks_cluster.module.kubeflow_components.module.kubeflow_oidc_authservice.module.helm_addon.module.irsa.aws_iam_role_policy_attachment.irsa",
            "module.eks_cluster.module.kubeflow_components.module.kubeflow_oidc_authservice.module.helm_addon.module.irsa.kubernetes_namespace_v1.irsa",
            "module.eks_cluster.module.kubeflow_components.module.kubeflow_oidc_authservice.module.helm_addon.module.irsa.kubernetes_secret_v1.irsa",
            "module.eks_cluster.module.kubeflow_components.module.kubeflow_oidc_authservice.module.helm_addon.module.irsa.kubernetes_service_account_v1.irsa",
            "module.eks_cluster.module.kubeflow_components.module.kubeflow_pipelines.module.helm_addon.helm_release.addon",
            "module.eks_cluster.module.kubeflow_components.module.kubeflow_pipelines.module.helm_addon.module.irsa.aws_iam_role.irsa",
            "module.eks_cluster.module.kubeflow_components.module.kubeflow_pipelines.module.helm_addon.module.irsa.aws_iam_role_policy_attachment.irsa",
            "module.eks_cluster.module.kubeflow_components.module.kubeflow_pipelines.module.helm_addon.module.irsa.kubernetes_namespace_v1.irsa",
            "module.eks_cluster.module.kubeflow_components.module.kubeflow_pipelines.module.helm_addon.module.irsa.kubernetes_secret_v1.irsa",
            "module.eks_cluster.module.kubeflow_components.module.kubeflow_pipelines.module.helm_addon.module.irsa.kubernetes_service_account_v1.irsa",
            "module.eks_cluster.module.kubeflow_components.module.kubeflow_profiles_and_kfam.aws_iam_policy.profile_controller_policy",
            "module.eks_cluster.module.kubeflow_components.module.kubeflow_profiles_and_kfam.kubernetes_annotations.sa_role_arn",
            "module.eks_cluster.module.kubeflow_components.module.kubeflow_profiles_and_kfam.module.helm_addon.helm_release.addon",
            "module.eks_cluster.module.kubeflow_components.module.kubeflow_profiles_and_kfam.module.helm_addon.module.irsa.aws_iam_role.irsa",
            "module.eks_cluster.module.kubeflow_components.module.kubeflow_profiles_and_kfam.module.helm_addon.module.irsa.aws_iam_role_policy_attachment.irsa",
            "module.eks_cluster.module.kubeflow_components.module.kubeflow_profiles_and_kfam.module.helm_addon.module.irsa.kubernetes_namespace_v1.irsa",
            "module.eks_cluster.module.kubeflow_components.module.kubeflow_profiles_and_kfam.module.helm_addon.module.irsa.kubernetes_secret_v1.irsa",
            "module.eks_cluster.module.kubeflow_components.module.kubeflow_profiles_and_kfam.module.helm_addon.module.irsa.kubernetes_service_account_v1.irsa",
            "module.eks_cluster.module.kubeflow_components.module.kubeflow_profiles_and_kfam.module.irsa.aws_iam_role.irsa",
            "module.eks_cluster.module.kubeflow_components.module.kubeflow_profiles_and_kfam.module.irsa.aws_iam_role_policy_attachment.irsa",
            "module.eks_cluster.module.kubeflow_components.module.kubeflow_profiles_and_kfam.module.irsa.kubernetes_namespace_v1.irsa",
            "module.eks_cluster.module.kubeflow_components.module.kubeflow_profiles_and_kfam.module.irsa.kubernetes_secret_v1.irsa",
            "module.eks_cluster.module.kubeflow_components.module.kubeflow_profiles_and_kfam.module.irsa.kubernetes_service_account_v1.irsa",
            "module.eks_cluster.module.kubeflow_components.module.kubeflow_roles.module.helm_addon.helm_release.addon",
            "module.eks_cluster.module.kubeflow_components.module.kubeflow_roles.module.helm_addon.module.irsa.aws_iam_role.irsa",
            "module.eks_cluster.module.kubeflow_components.module.kubeflow_roles.module.helm_addon.module.irsa.aws_iam_role_policy_attachment.irsa",
            "module.eks_cluster.module.kubeflow_components.module.kubeflow_roles.module.helm_addon.module.irsa.kubernetes_namespace_v1.irsa",
            "module.eks_cluster.module.kubeflow_components.module.kubeflow_roles.module.helm_addon.module.irsa.kubernetes_secret_v1.irsa",
            "module.eks_cluster.module.kubeflow_components.module.kubeflow_roles.module.helm_addon.module.irsa.kubernetes_service_account_v1.irsa",
            "module.eks_cluster.module.kubeflow_components.module.kubeflow_volumes_web_app.module.helm_addon.module.irsa.aws_iam_role.irsa",
            "module.eks_cluster.module.kubeflow_components.module.kubeflow_volumes_web_app.module.helm_addon.module.irsa.aws_iam_role_policy_attachment.irsa",
            "module.eks_cluster.module.kubeflow_components.module.kubeflow_volumes_web_app.module.helm_addon.module.irsa.kubernetes_namespace_v1.irsa",
            "module.eks_cluster.module.kubeflow_components.module.kubeflow_volumes_web_app.module.helm_addon.module.irsa.kubernetes_secret_v1.irsa",
            "module.eks_cluster.module.kubeflow_components.module.kubeflow_volumes_web_app.module.helm_addon.module.irsa.kubernetes_service_account_v1.irsa"
          ]
        }
      ]
    },
    {
      "module": "module.eks_cluster.module.kubernetes_addons",
      "mode": "data",
      "type": "aws_caller_identity",
      "name": "current",
      "provider": "provider[\"registry.terraform.io/hashicorp/aws\"]",
      "instances": [
        {
          "schema_version": 0,
          "attributes": {
            "account_id": "268050465834",
            "arn": "arn:aws:iam::268050465834:user/admineks",
            "id": "268050465834",
            "user_id": "AIDAT42INQQVGA6LTCVYX"
          },
          "sensitive_attributes": []
        }
      ]
    },
    {
      "module": "module.eks_cluster.module.kubernetes_addons",
      "mode": "data",
      "type": "aws_eks_cluster",
      "name": "eks_cluster",
      "provider": "provider[\"registry.terraform.io/hashicorp/aws\"]",
      "instances": [
        {
          "schema_version": 0,
          "attributes": {
            "arn": "arn:aws:eks:us-east-1:268050465834:cluster/eks-blueprint-blue",
            "certificate_authority": [
              {
                "data": "LS0tLS1CRUdJTiBDRVJUSUZJQ0FURS0tLS0tCk1JSURCVENDQWUyZ0F3SUJBZ0lJTXVxNW5UUkwzVTh3RFFZSktvWklodmNOQVFFTEJRQXdGVEVUTUJFR0ExVUUKQXhNS2EzVmlaWEp1WlhSbGN6QWVGdzB5TXpFd01qWXhPVFF6TXpKYUZ3MHpNekV3TWpNeE9UUTRNekphTUJVeApFekFSQmdOVkJBTVRDbXQxWW1WeWJtVjBaWE13Z2dFaU1BMEdDU3FHU0liM0RRRUJBUVVBQTRJQkR3QXdnZ0VLCkFvSUJBUUMvd3VZU2M3TVU0UC82MU1PaFRrZUJwUGduZVByWGVoMGJDVG5ZV0NNZXh3WE5qK2tjUXFBd0pFSC8KRGdwZmY1SzNDeTJnTlIyaG4vZEN6Y3BtRERsYWUxV0xtNkU4dGlyZUZkcm5QYWxrS1U1Mk9aMFdVSEZvSGZZdQpmYWhzR3g1ejMycE90SUl1ejRCb3lRdnZoaHphZXU2QkwyR3ZsWk00NzhjQUdrN0l6cTdPa003SGtTNHAzVWJlCkpVMy8yOXlmOTRSTkV6VC9aVFN6TlFjVEhSZXVtRUZkeWxseklYUnRNakdzL212ZmZmbEE5Nm83aEsvdjV4TDEKMjhZVUcySVh1UDVHWkVEWDVJYjFLVzR2S25kdmEwRDJ2VTJtTCtYN0VPbjVNZElhWUxiM0R2RTJOM2E4UEptVApVK2svREtscm9aOGxkaEZPUFhRaDdUcjdOVGlwQWdNQkFBR2pXVEJYTUE0R0ExVWREd0VCL3dRRUF3SUNwREFQCkJnTlZIUk1CQWY4RUJUQURBUUgvTUIwR0ExVWREZ1FXQkJRR2RwdVZWV0FvUEU2a00xZ2grMHBDaG9UNUtEQVYKQmdOVkhSRUVEakFNZ2dwcmRXSmxjbTVsZEdWek1BMEdDU3FHU0liM0RRRUJDd1VBQTRJQkFRQ3NMU3dwcDQrSApDNW84TVQrR05MU1YyRDNpNUpOd0psWGRpM2VSRE9yTnVOWEcwanVzU3YxMEFsc1dsVmNGRHFJVnZseW1pcW95CjBFYzlUZE9TSHdvWGh1aW5vckpzS0FsVU5oZDF5S2JMY3FpaCsvV0d5YjNLeGR2YkRWYWR2RnhXMjNrRVpKZUcKTjdLOWl5OGxhY2crTEk4eDJFdzNqdGdUM3FPMGQxKy9SVEFkT1BxTUFuREllMXBZemFwaUdXZk1KR0psZWdYWQpET0taZG9Qb3NKM1lUd3JDVGxtRzRXMkgxV3N1UDIraXJmMkZ2NHZGQlJXZkdQeFNmU1d1cHVIaFBPc0RRR2JqCnZNTk5ySk8veHloTHlBWXVLcHJISDBBNS9tZ3o0ZHBhZmh4VDFWaGdvV1RGWkRJemdPaXk3Vkl3R1piZ2dNYWIKa0ttUnpmWkxsNnI5Ci0tLS0tRU5EIENFUlRJRklDQVRFLS0tLS0K"
              }
            ],
            "cluster_id": null,
            "created_at": "2023-10-26 19:42:38.113 +0000 UTC",
            "enabled_cluster_log_types": [
              "api",
              "audit",
              "authenticator"
            ],
            "endpoint": "https://55CEBE7FF41F53C3E48BB83F2E8FA157.gr7.us-east-1.eks.amazonaws.com",
            "id": "eks-blueprint-blue",
            "identity": [
              {
                "oidc": [
                  {
                    "issuer": "https://oidc.eks.us-east-1.amazonaws.com/id/55CEBE7FF41F53C3E48BB83F2E8FA157"
                  }
                ]
              }
            ],
            "kubernetes_network_config": [
              {
                "ip_family": "ipv4",
                "service_ipv4_cidr": "172.20.0.0/16",
                "service_ipv6_cidr": ""
              }
            ],
            "name": "eks-blueprint-blue",
            "outpost_config": [],
            "platform_version": "eks.7",
            "role_arn": "arn:aws:iam::268050465834:role/eks-blueprint-blue-cluster-20231026193954882000000001",
            "status": "ACTIVE",
            "tags": {
              "Blueprint": "eks-blueprint-blue",
              "GithubRepo": "github.com/aws-ia/terraform-aws-eks-blueprints",
              "karpenter.sh/discovery": "eks-blueprint-blue"
            },
            "version": "1.26",
            "vpc_config": [
              {
                "cluster_security_group_id": "sg-069afd69fe4f5b27b",
                "endpoint_private_access": true,
                "endpoint_public_access": true,
                "public_access_cidrs": [
                  "0.0.0.0/0"
                ],
                "security_group_ids": [
                  "sg-0f531de3fc47ca02d"
                ],
                "subnet_ids": [
                  "subnet-08c2e4fff307dcfd0",
                  "subnet-0b5f786b20a32dbab",
                  "subnet-0bb30489283d7c13e"
                ],
                "vpc_id": "vpc-065c43b0612cc9222"
              }
            ]
          },
          "sensitive_attributes": []
        }
      ]
    },
    {
      "module": "module.eks_cluster.module.kubernetes_addons",
      "mode": "data",
      "type": "aws_partition",
      "name": "current",
      "provider": "provider[\"registry.terraform.io/hashicorp/aws\"]",
      "instances": [
        {
          "schema_version": 0,
          "attributes": {
            "dns_suffix": "amazonaws.com",
            "id": "aws",
            "partition": "aws",
            "reverse_dns_prefix": "com.amazonaws"
          },
          "sensitive_attributes": []
        }
      ]
    },
    {
      "module": "module.eks_cluster.module.kubernetes_addons",
      "mode": "data",
      "type": "aws_region",
      "name": "current",
      "provider": "provider[\"registry.terraform.io/hashicorp/aws\"]",
      "instances": [
        {
          "schema_version": 0,
          "attributes": {
            "description": "US East (N. Virginia)",
            "endpoint": "ec2.us-east-1.amazonaws.com",
            "id": "us-east-1",
            "name": "us-east-1"
          },
          "sensitive_attributes": []
        }
      ]
    },
    {
      "module": "module.eks_cluster.module.kubernetes_addons",
      "mode": "managed",
      "type": "time_sleep",
      "name": "dataplane",
      "provider": "provider[\"registry.terraform.io/hashicorp/time\"]",
      "instances": [
        {
          "schema_version": 0,
          "attributes": {
            "create_duration": "10s",
            "destroy_duration": null,
            "id": "2023-10-26T19:54:25Z",
            "triggers": {
              "data_plane_wait_arn": "",
              "eks_cluster_id": "eks-blueprint-blue"
            }
          },
          "sensitive_attributes": [],
          "dependencies": [
            "module.eks_cluster.data.aws_subnets.private",
            "module.eks_cluster.data.aws_vpc.vpc",
            "module.eks_cluster.module.eks.aws_cloudwatch_log_group.this",
            "module.eks_cluster.module.eks.aws_eks_cluster.this",
            "module.eks_cluster.module.eks.aws_iam_policy.cni_ipv6_policy",
            "module.eks_cluster.module.eks.aws_iam_role.this",
            "module.eks_cluster.module.eks.aws_iam_role_policy_attachment.this",
            "module.eks_cluster.module.eks.aws_security_group.cluster",
            "module.eks_cluster.module.eks.aws_security_group.node",
            "module.eks_cluster.module.eks.aws_security_group_rule.cluster",
            "module.eks_cluster.module.eks.aws_security_group_rule.node",
            "module.eks_cluster.module.eks.data.aws_caller_identity.current",
            "module.eks_cluster.module.eks.data.aws_iam_policy_document.assume_role_policy",
            "module.eks_cluster.module.eks.data.aws_iam_policy_document.cni_ipv6_policy",
            "module.eks_cluster.module.eks.data.aws_iam_session_context.current",
            "module.eks_cluster.module.eks.data.aws_partition.current",
            "module.eks_cluster.module.eks.module.kms.aws_kms_external_key.this",
            "module.eks_cluster.module.eks.module.kms.aws_kms_key.this",
            "module.eks_cluster.module.eks.module.kms.data.aws_caller_identity.current",
            "module.eks_cluster.module.eks.module.kms.data.aws_iam_policy_document.this",
            "module.eks_cluster.module.eks.module.kms.data.aws_partition.current"
          ]
        }
      ]
    },
    {
      "module": "module.eks_cluster.module.kubernetes_addons.module.argo_rollouts[0]",
      "mode": "managed",
      "type": "kubernetes_namespace_v1",
      "name": "this",
      "provider": "provider[\"registry.terraform.io/hashicorp/kubernetes\"]",
      "instances": [
        {
          "index_key": 0,
          "schema_version": 0,
          "attributes": {
            "id": "argo-rollouts",
            "metadata": [
              {
                "annotations": {},
                "generate_name": "",
                "generation": 0,
                "labels": {},
                "name": "argo-rollouts",
                "resource_version": "974",
                "uid": "159056ce-7374-41fe-a5ad-7aadf92c538f"
              }
            ],
            "timeouts": null,
            "wait_for_default_service_account": false
          },
          "sensitive_attributes": [],
          "private": "eyJlMmJmYjczMC1lY2FhLTExZTYtOGY4OC0zNDM2M2JjN2M0YzAiOnsiZGVsZXRlIjozMDAwMDAwMDAwMDB9fQ==",
          "dependencies": [
            "module.eks_cluster.data.aws_subnets.private",
            "module.eks_cluster.data.aws_vpc.vpc",
            "module.eks_cluster.module.eks.aws_cloudwatch_log_group.this",
            "module.eks_cluster.module.eks.aws_eks_cluster.this",
            "module.eks_cluster.module.eks.aws_iam_policy.cni_ipv6_policy",
            "module.eks_cluster.module.eks.aws_iam_role.this",
            "module.eks_cluster.module.eks.aws_iam_role_policy_attachment.this",
            "module.eks_cluster.module.eks.aws_security_group.cluster",
            "module.eks_cluster.module.eks.aws_security_group.node",
            "module.eks_cluster.module.eks.aws_security_group_rule.cluster",
            "module.eks_cluster.module.eks.aws_security_group_rule.node",
            "module.eks_cluster.module.eks.data.aws_caller_identity.current",
            "module.eks_cluster.module.eks.data.aws_iam_policy_document.assume_role_policy",
            "module.eks_cluster.module.eks.data.aws_iam_policy_document.cni_ipv6_policy",
            "module.eks_cluster.module.eks.data.aws_iam_session_context.current",
            "module.eks_cluster.module.eks.data.aws_partition.current",
            "module.eks_cluster.module.eks.module.kms.aws_kms_external_key.this",
            "module.eks_cluster.module.eks.module.kms.aws_kms_key.this",
            "module.eks_cluster.module.eks.module.kms.data.aws_caller_identity.current",
            "module.eks_cluster.module.eks.module.kms.data.aws_iam_policy_document.this",
            "module.eks_cluster.module.eks.module.kms.data.aws_partition.current"
          ]
        }
      ]
    },
    {
      "module": "module.eks_cluster.module.kubernetes_addons.module.argo_rollouts[0].module.helm_addon",
      "mode": "managed",
      "type": "helm_release",
      "name": "addon",
      "provider": "provider[\"registry.terraform.io/hashicorp/helm\"]",
      "instances": [
        {
          "index_key": 0,
          "schema_version": 1,
          "attributes": {
            "atomic": false,
            "chart": "argo-rollouts",
            "cleanup_on_fail": false,
            "create_namespace": false,
            "dependency_update": false,
            "description": "Argo Rollouts AddOn Helm Chart",
            "devel": null,
            "disable_crd_hooks": false,
            "disable_openapi_validation": false,
            "disable_webhooks": false,
            "force_update": false,
            "id": "argo-rollouts",
            "keyring": "",
            "lint": false,
            "manifest": null,
            "max_history": 0,
            "metadata": [
              {
                "app_version": "v1.3.1",
                "chart": "argo-rollouts",
                "name": "argo-rollouts",
                "namespace": "argo-rollouts",
                "revision": 1,
                "values": "{}",
                "version": "2.21.1"
              }
            ],
            "name": "argo-rollouts",
            "namespace": "argo-rollouts",
            "pass_credentials": false,
            "postrender": [
              {
                "args": [],
                "binary_path": ""
              }
            ],
            "recreate_pods": false,
            "render_subchart_notes": true,
            "replace": false,
            "repository": "https://argoproj.github.io/argo-helm",
            "repository_ca_file": null,
            "repository_cert_file": "",
            "repository_key_file": "",
            "repository_password": "",
            "repository_username": "",
            "reset_values": false,
            "reuse_values": false,
            "set": [],
            "set_list": [],
            "set_sensitive": [],
            "skip_crds": false,
            "status": "deployed",
            "timeout": 1200,
            "values": null,
            "verify": false,
            "version": "2.21.1",
            "wait": true,
            "wait_for_jobs": false
          },
          "sensitive_attributes": [],
          "private": "eyJzY2hlbWFfdmVyc2lvbiI6IjEifQ==",
          "dependencies": [
            "module.eks_cluster.data.aws_subnets.private",
            "module.eks_cluster.data.aws_vpc.vpc",
            "module.eks_cluster.module.eks.aws_cloudwatch_log_group.this",
            "module.eks_cluster.module.eks.aws_eks_cluster.this",
            "module.eks_cluster.module.eks.aws_iam_policy.cni_ipv6_policy",
            "module.eks_cluster.module.eks.aws_iam_role.this",
            "module.eks_cluster.module.eks.aws_iam_role_policy_attachment.this",
            "module.eks_cluster.module.eks.aws_security_group.cluster",
            "module.eks_cluster.module.eks.aws_security_group.node",
            "module.eks_cluster.module.eks.aws_security_group_rule.cluster",
            "module.eks_cluster.module.eks.aws_security_group_rule.node",
            "module.eks_cluster.module.eks.data.aws_caller_identity.current",
            "module.eks_cluster.module.eks.data.aws_iam_policy_document.assume_role_policy",
            "module.eks_cluster.module.eks.data.aws_iam_policy_document.cni_ipv6_policy",
            "module.eks_cluster.module.eks.data.aws_iam_session_context.current",
            "module.eks_cluster.module.eks.data.aws_partition.current",
            "module.eks_cluster.module.eks.module.kms.aws_kms_external_key.this",
            "module.eks_cluster.module.eks.module.kms.aws_kms_key.this",
            "module.eks_cluster.module.eks.module.kms.data.aws_caller_identity.current",
            "module.eks_cluster.module.eks.module.kms.data.aws_iam_policy_document.this",
            "module.eks_cluster.module.eks.module.kms.data.aws_partition.current",
            "module.eks_cluster.module.kubernetes_addons.data.aws_caller_identity.current",
            "module.eks_cluster.module.kubernetes_addons.data.aws_eks_cluster.eks_cluster",
            "module.eks_cluster.module.kubernetes_addons.data.aws_partition.current",
            "module.eks_cluster.module.kubernetes_addons.data.aws_region.current",
            "module.eks_cluster.module.kubernetes_addons.module.argo_rollouts.kubernetes_namespace_v1.this",
            "module.eks_cluster.module.kubernetes_addons.module.argo_rollouts.module.helm_addon.module.irsa.aws_iam_role.irsa",
            "module.eks_cluster.module.kubernetes_addons.module.argo_rollouts.module.helm_addon.module.irsa.aws_iam_role_policy_attachment.irsa",
            "module.eks_cluster.module.kubernetes_addons.module.argo_rollouts.module.helm_addon.module.irsa.kubernetes_namespace_v1.irsa",
            "module.eks_cluster.module.kubernetes_addons.module.argo_rollouts.module.helm_addon.module.irsa.kubernetes_secret_v1.irsa",
            "module.eks_cluster.module.kubernetes_addons.module.argo_rollouts.module.helm_addon.module.irsa.kubernetes_service_account_v1.irsa",
            "module.eks_cluster.module.kubernetes_addons.time_sleep.dataplane"
          ]
        }
      ]
    },
    {
      "module": "module.eks_cluster.module.kubernetes_addons.module.argocd[0]",
      "mode": "managed",
      "type": "kubernetes_namespace_v1",
      "name": "this",
      "provider": "provider[\"registry.terraform.io/hashicorp/kubernetes\"]",
      "instances": [
        {
          "index_key": 0,
          "schema_version": 0,
          "attributes": {
            "id": "argocd",
            "metadata": [
              {
                "annotations": {},
                "generate_name": "",
                "generation": 0,
                "labels": {},
                "name": "argocd",
                "resource_version": "973",
                "uid": "0be3e0db-1384-42cb-a4c0-b766f64ae440"
              }
            ],
            "timeouts": null,
            "wait_for_default_service_account": false
          },
          "sensitive_attributes": [],
          "private": "eyJlMmJmYjczMC1lY2FhLTExZTYtOGY4OC0zNDM2M2JjN2M0YzAiOnsiZGVsZXRlIjozMDAwMDAwMDAwMDB9fQ==",
          "dependencies": [
            "module.eks_cluster.data.aws_secretsmanager_secret.argocd",
            "module.eks_cluster.data.aws_secretsmanager_secret_version.admin_password_version",
            "module.eks_cluster.data.aws_subnets.private",
            "module.eks_cluster.data.aws_vpc.vpc",
            "module.eks_cluster.module.eks.aws_cloudwatch_log_group.this",
            "module.eks_cluster.module.eks.aws_eks_cluster.this",
            "module.eks_cluster.module.eks.aws_iam_policy.cni_ipv6_policy",
            "module.eks_cluster.module.eks.aws_iam_role.this",
            "module.eks_cluster.module.eks.aws_iam_role_policy_attachment.this",
            "module.eks_cluster.module.eks.aws_security_group.cluster",
            "module.eks_cluster.module.eks.aws_security_group.node",
            "module.eks_cluster.module.eks.aws_security_group_rule.cluster",
            "module.eks_cluster.module.eks.aws_security_group_rule.node",
            "module.eks_cluster.module.eks.data.aws_caller_identity.current",
            "module.eks_cluster.module.eks.data.aws_iam_policy_document.assume_role_policy",
            "module.eks_cluster.module.eks.data.aws_iam_policy_document.cni_ipv6_policy",
            "module.eks_cluster.module.eks.data.aws_iam_session_context.current",
            "module.eks_cluster.module.eks.data.aws_partition.current",
            "module.eks_cluster.module.eks.module.kms.aws_kms_external_key.this",
            "module.eks_cluster.module.eks.module.kms.aws_kms_key.this",
            "module.eks_cluster.module.eks.module.kms.data.aws_caller_identity.current",
            "module.eks_cluster.module.eks.module.kms.data.aws_iam_policy_document.this",
            "module.eks_cluster.module.eks.module.kms.data.aws_partition.current"
          ]
        }
      ]
    },
    {
      "module": "module.eks_cluster.module.kubernetes_addons.module.argocd[0].module.helm_addon",
      "mode": "managed",
      "type": "helm_release",
      "name": "addon",
      "provider": "provider[\"registry.terraform.io/hashicorp/helm\"]",
      "instances": [
        {
          "index_key": 0,
          "schema_version": 1,
          "attributes": {
            "atomic": false,
            "chart": "argo-cd",
            "cleanup_on_fail": false,
            "create_namespace": true,
            "dependency_update": false,
            "description": "The ArgoCD Helm Chart deployment configuration",
            "devel": null,
            "disable_crd_hooks": false,
            "disable_openapi_validation": false,
            "disable_webhooks": false,
            "force_update": false,
            "id": "argo-cd",
            "keyring": "",
            "lint": false,
            "manifest": null,
            "max_history": 0,
            "metadata": [
              {
                "app_version": "v2.5.2",
                "chart": "argo-cd",
                "name": "argo-cd",
                "namespace": "argocd",
                "revision": 59,
                "values": "{\"configs\":{\"cm\":{\"application.resourceTrackingMethod\":\"annotation+label\"},\"secret\":{\"argocdServerAdminPassword\":\"(sensitive value)\"}},\"controller\":{\"enableStatefulSet\":true},\"redis-ha\":{\"enabled\":true},\"repoServer\":{\"autoscaling\":{\"enabled\":true,\"minReplicas\":2}},\"server\":{\"autoscaling\":{\"enabled\":true,\"minReplicas\":2},\"service\":{\"type\":\"LoadBalancer\"}}}",
                "version": "5.13.8"
              }
            ],
            "name": "argo-cd",
            "namespace": "argocd",
            "pass_credentials": false,
            "postrender": [
              {
                "args": [],
                "binary_path": ""
              }
            ],
            "recreate_pods": false,
            "render_subchart_notes": true,
            "replace": false,
            "repository": "https://argoproj.github.io/argo-helm",
            "repository_ca_file": null,
            "repository_cert_file": "",
            "repository_key_file": "",
            "repository_password": "",
            "repository_username": "",
            "reset_values": false,
            "reuse_values": false,
            "set": [
              {
                "name": "server.service.type",
                "type": "",
                "value": "LoadBalancer"
              }
            ],
            "set_list": [],
            "set_sensitive": [
              {
                "name": "configs.secret.argocdServerAdminPassword",
                "type": "",
                "value": "$2a$10$p4d9QW8V8l.Asg4JxqNSn.0OG4Eu5w0ocAE3PFlZXi6gBn2nlP.Zy"
              }
            ],
            "skip_crds": false,
            "status": "deployed",
            "timeout": 1200,
            "values": [
              "redis-ha:\n  enabled: true\n\ncontroller:\n  enableStatefulSet: true\n\nserver:\n  autoscaling:\n    enabled: true\n    minReplicas: 2\n\nrepoServer:\n  autoscaling:\n    enabled: true\n    minReplicas: 2\n\nconfigs:\n  cm:\n    #use annotation for tracking but keep labels for compatibility with other tools\n    application.resourceTrackingMethod: annotation+label\n"
            ],
            "verify": false,
            "version": "5.13.8",
            "wait": false,
            "wait_for_jobs": false
          },
          "sensitive_attributes": [
            [
              {
                "type": "get_attr",
                "value": "set_sensitive"
              }
            ]
          ],
          "private": "eyJzY2hlbWFfdmVyc2lvbiI6IjEifQ==",
          "dependencies": [
            "module.eks_cluster.data.aws_secretsmanager_secret_version.admin_password_version",
            "module.eks_cluster.module.eks.aws_eks_cluster.this",
            "module.eks_cluster.module.kubernetes_addons.data.aws_caller_identity.current",
            "module.eks_cluster.module.kubernetes_addons.data.aws_eks_cluster.eks_cluster",
            "module.eks_cluster.module.kubernetes_addons.data.aws_partition.current",
            "module.eks_cluster.module.kubernetes_addons.data.aws_region.current",
            "module.eks_cluster.module.kubernetes_addons.module.argocd.kubernetes_namespace_v1.this",
            "module.eks_cluster.module.kubernetes_addons.module.argocd.module.helm_addon.module.irsa.aws_iam_role.irsa",
            "module.eks_cluster.module.kubernetes_addons.module.argocd.module.helm_addon.module.irsa.aws_iam_role_policy_attachment.irsa",
            "module.eks_cluster.module.kubernetes_addons.module.argocd.module.helm_addon.module.irsa.kubernetes_namespace_v1.irsa",
            "module.eks_cluster.module.kubernetes_addons.module.argocd.module.helm_addon.module.irsa.kubernetes_secret_v1.irsa",
            "module.eks_cluster.module.kubernetes_addons.module.argocd.module.helm_addon.module.irsa.kubernetes_service_account_v1.irsa"
          ]
        }
      ]
    },
    {
      "module": "module.eks_cluster.module.kubernetes_addons.module.aws_cloudwatch_metrics[0].module.helm_addon",
      "mode": "managed",
      "type": "helm_release",
      "name": "addon",
      "provider": "provider[\"registry.terraform.io/hashicorp/helm\"]",
      "instances": [
        {
          "index_key": 0,
          "schema_version": 1,
          "attributes": {
            "atomic": false,
            "chart": "aws-cloudwatch-metrics",
            "cleanup_on_fail": false,
            "create_namespace": false,
            "dependency_update": false,
            "description": "aws-cloudwatch-metrics Helm Chart deployment configuration",
            "devel": null,
            "disable_crd_hooks": false,
            "disable_openapi_validation": false,
            "disable_webhooks": false,
            "force_update": false,
            "id": "aws-cloudwatch-metrics",
            "keyring": "",
            "lint": false,
            "manifest": null,
            "max_history": 0,
            "metadata": [
              {
                "app_version": "1.247350",
                "chart": "aws-cloudwatch-metrics",
                "name": "aws-cloudwatch-metrics",
                "namespace": "amazon-cloudwatch",
                "revision": 1,
                "values": "{\"clusterName\":\"eks-blueprint-blue\",\"serviceAccount\":{\"create\":false,\"name\":\"cloudwatch-agent\"}}",
                "version": "0.0.7"
              }
            ],
            "name": "aws-cloudwatch-metrics",
            "namespace": "amazon-cloudwatch",
            "pass_credentials": false,
            "postrender": [
              {
                "args": [],
                "binary_path": ""
              }
            ],
            "recreate_pods": false,
            "render_subchart_notes": true,
            "replace": false,
            "repository": "https://aws.github.io/eks-charts",
            "repository_ca_file": null,
            "repository_cert_file": "",
            "repository_key_file": "",
            "repository_password": "",
            "repository_username": "",
            "reset_values": false,
            "reuse_values": false,
            "set": [
              {
                "name": "serviceAccount.create",
                "type": "",
                "value": "false"
              },
              {
                "name": "serviceAccount.name",
                "type": "",
                "value": "cloudwatch-agent"
              }
            ],
            "set_list": [],
            "set_sensitive": [],
            "skip_crds": false,
            "status": "deployed",
            "timeout": 1200,
            "values": [
              "clusterName: eks-blueprint-blue\n"
            ],
            "verify": false,
            "version": "0.0.7",
            "wait": true,
            "wait_for_jobs": false
          },
          "sensitive_attributes": [],
          "private": "eyJzY2hlbWFfdmVyc2lvbiI6IjEifQ==",
          "dependencies": [
            "module.eks_cluster.data.aws_subnets.private",
            "module.eks_cluster.data.aws_vpc.vpc",
            "module.eks_cluster.module.eks.aws_cloudwatch_log_group.this",
            "module.eks_cluster.module.eks.aws_eks_cluster.this",
            "module.eks_cluster.module.eks.aws_iam_policy.cni_ipv6_policy",
            "module.eks_cluster.module.eks.aws_iam_role.this",
            "module.eks_cluster.module.eks.aws_iam_role_policy_attachment.this",
            "module.eks_cluster.module.eks.aws_security_group.cluster",
            "module.eks_cluster.module.eks.aws_security_group.node",
            "module.eks_cluster.module.eks.aws_security_group_rule.cluster",
            "module.eks_cluster.module.eks.aws_security_group_rule.node",
            "module.eks_cluster.module.eks.data.aws_caller_identity.current",
            "module.eks_cluster.module.eks.data.aws_iam_policy_document.assume_role_policy",
            "module.eks_cluster.module.eks.data.aws_iam_policy_document.cni_ipv6_policy",
            "module.eks_cluster.module.eks.data.aws_iam_session_context.current",
            "module.eks_cluster.module.eks.data.aws_partition.current",
            "module.eks_cluster.module.eks.module.kms.aws_kms_external_key.this",
            "module.eks_cluster.module.eks.module.kms.aws_kms_key.this",
            "module.eks_cluster.module.eks.module.kms.data.aws_caller_identity.current",
            "module.eks_cluster.module.eks.module.kms.data.aws_iam_policy_document.this",
            "module.eks_cluster.module.eks.module.kms.data.aws_partition.current",
            "module.eks_cluster.module.kubernetes_addons.data.aws_caller_identity.current",
            "module.eks_cluster.module.kubernetes_addons.data.aws_eks_cluster.eks_cluster",
            "module.eks_cluster.module.kubernetes_addons.data.aws_partition.current",
            "module.eks_cluster.module.kubernetes_addons.data.aws_region.current",
            "module.eks_cluster.module.kubernetes_addons.module.aws_cloudwatch_metrics.module.helm_addon.module.irsa.aws_iam_role.irsa",
            "module.eks_cluster.module.kubernetes_addons.module.aws_cloudwatch_metrics.module.helm_addon.module.irsa.aws_iam_role_policy_attachment.irsa",
            "module.eks_cluster.module.kubernetes_addons.module.aws_cloudwatch_metrics.module.helm_addon.module.irsa.kubernetes_namespace_v1.irsa",
            "module.eks_cluster.module.kubernetes_addons.module.aws_cloudwatch_metrics.module.helm_addon.module.irsa.kubernetes_secret_v1.irsa",
            "module.eks_cluster.module.kubernetes_addons.module.aws_cloudwatch_metrics.module.helm_addon.module.irsa.kubernetes_service_account_v1.irsa",
            "module.eks_cluster.module.kubernetes_addons.time_sleep.dataplane"
          ]
        }
      ]
    },
    {
      "module": "module.eks_cluster.module.kubernetes_addons.module.aws_cloudwatch_metrics[0].module.helm_addon.module.irsa[0]",
      "mode": "managed",
      "type": "aws_iam_role",
      "name": "irsa",
      "provider": "provider[\"registry.terraform.io/hashicorp/aws\"]",
      "instances": [
        {
          "index_key": 0,
          "schema_version": 0,
          "attributes": {
            "arn": "arn:aws:iam::268050465834:role/eks-blueprint-blue-cloudwatch-agent-irsa",
            "assume_role_policy": "{\"Statement\":[{\"Action\":\"sts:AssumeRoleWithWebIdentity\",\"Condition\":{\"StringLike\":{\"oidc.eks.us-east-1.amazonaws.com/id/55CEBE7FF41F53C3E48BB83F2E8FA157:aud\":\"sts.amazonaws.com\",\"oidc.eks.us-east-1.amazonaws.com/id/55CEBE7FF41F53C3E48BB83F2E8FA157:sub\":\"system:serviceaccount:amazon-cloudwatch:cloudwatch-agent\"}},\"Effect\":\"Allow\",\"Principal\":{\"Federated\":\"arn:aws:iam::268050465834:oidc-provider/oidc.eks.us-east-1.amazonaws.com/id/55CEBE7FF41F53C3E48BB83F2E8FA157\"}}],\"Version\":\"2012-10-17\"}",
            "create_date": "2023-10-27T15:09:31Z",
            "description": "AWS IAM Role for the Kubernetes service account cloudwatch-agent.",
            "force_detach_policies": true,
            "id": "eks-blueprint-blue-cloudwatch-agent-irsa",
            "inline_policy": [],
            "managed_policy_arns": [
              "arn:aws:iam::aws:policy/CloudWatchAgentServerPolicy"
            ],
            "max_session_duration": 3600,
            "name": "eks-blueprint-blue-cloudwatch-agent-irsa",
            "name_prefix": "",
            "path": "/",
            "permissions_boundary": "",
            "tags": {},
            "tags_all": {},
            "unique_id": "AROAT42INQQVESHSAF5VR"
          },
          "sensitive_attributes": [],
          "private": "bnVsbA==",
          "dependencies": [
            "module.eks_cluster.data.aws_subnets.private",
            "module.eks_cluster.data.aws_vpc.vpc",
            "module.eks_cluster.module.eks.aws_cloudwatch_log_group.this",
            "module.eks_cluster.module.eks.aws_eks_cluster.this",
            "module.eks_cluster.module.eks.aws_iam_policy.cni_ipv6_policy",
            "module.eks_cluster.module.eks.aws_iam_role.this",
            "module.eks_cluster.module.eks.aws_iam_role_policy_attachment.this",
            "module.eks_cluster.module.eks.aws_security_group.cluster",
            "module.eks_cluster.module.eks.aws_security_group.node",
            "module.eks_cluster.module.eks.aws_security_group_rule.cluster",
            "module.eks_cluster.module.eks.aws_security_group_rule.node",
            "module.eks_cluster.module.eks.data.aws_caller_identity.current",
            "module.eks_cluster.module.eks.data.aws_iam_policy_document.assume_role_policy",
            "module.eks_cluster.module.eks.data.aws_iam_policy_document.cni_ipv6_policy",
            "module.eks_cluster.module.eks.data.aws_iam_session_context.current",
            "module.eks_cluster.module.eks.data.aws_partition.current",
            "module.eks_cluster.module.eks.module.kms.aws_kms_external_key.this",
            "module.eks_cluster.module.eks.module.kms.aws_kms_key.this",
            "module.eks_cluster.module.eks.module.kms.data.aws_caller_identity.current",
            "module.eks_cluster.module.eks.module.kms.data.aws_iam_policy_document.this",
            "module.eks_cluster.module.eks.module.kms.data.aws_partition.current",
            "module.eks_cluster.module.kubernetes_addons.data.aws_caller_identity.current",
            "module.eks_cluster.module.kubernetes_addons.data.aws_eks_cluster.eks_cluster",
            "module.eks_cluster.module.kubernetes_addons.data.aws_partition.current",
            "module.eks_cluster.module.kubernetes_addons.data.aws_region.current",
            "module.eks_cluster.module.kubernetes_addons.time_sleep.dataplane"
          ]
        }
      ]
    },
    {
      "module": "module.eks_cluster.module.kubernetes_addons.module.aws_cloudwatch_metrics[0].module.helm_addon.module.irsa[0]",
      "mode": "managed",
      "type": "aws_iam_role_policy_attachment",
      "name": "irsa",
      "provider": "provider[\"registry.terraform.io/hashicorp/aws\"]",
      "instances": [
        {
          "index_key": 0,
          "schema_version": 0,
          "attributes": {
            "id": "eks-blueprint-blue-cloudwatch-agent-irsa-20231027150932457300000001",
            "policy_arn": "arn:aws:iam::aws:policy/CloudWatchAgentServerPolicy",
            "role": "eks-blueprint-blue-cloudwatch-agent-irsa"
          },
          "sensitive_attributes": [],
          "private": "bnVsbA==",
          "dependencies": [
            "module.eks_cluster.data.aws_subnets.private",
            "module.eks_cluster.data.aws_vpc.vpc",
            "module.eks_cluster.module.eks.aws_cloudwatch_log_group.this",
            "module.eks_cluster.module.eks.aws_eks_cluster.this",
            "module.eks_cluster.module.eks.aws_iam_policy.cni_ipv6_policy",
            "module.eks_cluster.module.eks.aws_iam_role.this",
            "module.eks_cluster.module.eks.aws_iam_role_policy_attachment.this",
            "module.eks_cluster.module.eks.aws_security_group.cluster",
            "module.eks_cluster.module.eks.aws_security_group.node",
            "module.eks_cluster.module.eks.aws_security_group_rule.cluster",
            "module.eks_cluster.module.eks.aws_security_group_rule.node",
            "module.eks_cluster.module.eks.data.aws_caller_identity.current",
            "module.eks_cluster.module.eks.data.aws_iam_policy_document.assume_role_policy",
            "module.eks_cluster.module.eks.data.aws_iam_policy_document.cni_ipv6_policy",
            "module.eks_cluster.module.eks.data.aws_iam_session_context.current",
            "module.eks_cluster.module.eks.data.aws_partition.current",
            "module.eks_cluster.module.eks.module.kms.aws_kms_external_key.this",
            "module.eks_cluster.module.eks.module.kms.aws_kms_key.this",
            "module.eks_cluster.module.eks.module.kms.data.aws_caller_identity.current",
            "module.eks_cluster.module.eks.module.kms.data.aws_iam_policy_document.this",
            "module.eks_cluster.module.eks.module.kms.data.aws_partition.current",
            "module.eks_cluster.module.kubernetes_addons.data.aws_caller_identity.current",
            "module.eks_cluster.module.kubernetes_addons.data.aws_eks_cluster.eks_cluster",
            "module.eks_cluster.module.kubernetes_addons.data.aws_partition.current",
            "module.eks_cluster.module.kubernetes_addons.data.aws_region.current",
            "module.eks_cluster.module.kubernetes_addons.module.aws_cloudwatch_metrics.module.helm_addon.module.irsa.aws_iam_role.irsa",
            "module.eks_cluster.module.kubernetes_addons.time_sleep.dataplane"
          ]
        }
      ]
    },
    {
      "module": "module.eks_cluster.module.kubernetes_addons.module.aws_cloudwatch_metrics[0].module.helm_addon.module.irsa[0]",
      "mode": "managed",
      "type": "kubernetes_namespace_v1",
      "name": "irsa",
      "provider": "provider[\"registry.terraform.io/hashicorp/kubernetes\"]",
      "instances": [
        {
          "index_key": 0,
          "schema_version": 0,
          "attributes": {
            "id": "amazon-cloudwatch",
            "metadata": [
              {
                "annotations": {},
                "generate_name": "",
                "generation": 0,
                "labels": {},
                "name": "amazon-cloudwatch",
                "resource_version": "1018",
                "uid": "edb941b8-402a-4318-baf2-6059e345f3c1"
              }
            ],
            "timeouts": {
              "delete": "15m"
            },
            "wait_for_default_service_account": false
          },
          "sensitive_attributes": [],
          "private": "eyJlMmJmYjczMC1lY2FhLTExZTYtOGY4OC0zNDM2M2JjN2M0YzAiOnsiZGVsZXRlIjo5MDAwMDAwMDAwMDB9fQ==",
          "dependencies": [
            "module.eks_cluster.data.aws_subnets.private",
            "module.eks_cluster.data.aws_vpc.vpc",
            "module.eks_cluster.module.eks.aws_cloudwatch_log_group.this",
            "module.eks_cluster.module.eks.aws_eks_cluster.this",
            "module.eks_cluster.module.eks.aws_iam_policy.cni_ipv6_policy",
            "module.eks_cluster.module.eks.aws_iam_role.this",
            "module.eks_cluster.module.eks.aws_iam_role_policy_attachment.this",
            "module.eks_cluster.module.eks.aws_security_group.cluster",
            "module.eks_cluster.module.eks.aws_security_group.node",
            "module.eks_cluster.module.eks.aws_security_group_rule.cluster",
            "module.eks_cluster.module.eks.aws_security_group_rule.node",
            "module.eks_cluster.module.eks.data.aws_caller_identity.current",
            "module.eks_cluster.module.eks.data.aws_iam_policy_document.assume_role_policy",
            "module.eks_cluster.module.eks.data.aws_iam_policy_document.cni_ipv6_policy",
            "module.eks_cluster.module.eks.data.aws_iam_session_context.current",
            "module.eks_cluster.module.eks.data.aws_partition.current",
            "module.eks_cluster.module.eks.module.kms.aws_kms_external_key.this",
            "module.eks_cluster.module.eks.module.kms.aws_kms_key.this",
            "module.eks_cluster.module.eks.module.kms.data.aws_caller_identity.current",
            "module.eks_cluster.module.eks.module.kms.data.aws_iam_policy_document.this",
            "module.eks_cluster.module.eks.module.kms.data.aws_partition.current",
            "module.eks_cluster.module.kubernetes_addons.data.aws_caller_identity.current",
            "module.eks_cluster.module.kubernetes_addons.data.aws_eks_cluster.eks_cluster",
            "module.eks_cluster.module.kubernetes_addons.data.aws_partition.current",
            "module.eks_cluster.module.kubernetes_addons.data.aws_region.current",
            "module.eks_cluster.module.kubernetes_addons.time_sleep.dataplane"
          ]
        }
      ]
    },
    {
      "module": "module.eks_cluster.module.kubernetes_addons.module.aws_cloudwatch_metrics[0].module.helm_addon.module.irsa[0]",
      "mode": "managed",
      "type": "kubernetes_service_account_v1",
      "name": "irsa",
      "provider": "provider[\"registry.terraform.io/hashicorp/kubernetes\"]",
      "instances": [
        {
          "index_key": 0,
          "schema_version": 0,
          "attributes": {
            "automount_service_account_token": true,
            "default_secret_name": "",
            "id": "amazon-cloudwatch/cloudwatch-agent",
            "image_pull_secret": [],
            "metadata": [
              {
                "annotations": {
                  "eks.amazonaws.com/role-arn": "arn:aws:iam::268050465834:role/eks-blueprint-blue-cloudwatch-agent-irsa"
                },
                "generate_name": "",
                "generation": 0,
                "labels": {},
                "name": "cloudwatch-agent",
                "namespace": "amazon-cloudwatch",
                "resource_version": "170673",
                "uid": "a00f0a50-ad5a-4d1d-9d46-e536f0876da1"
              }
            ],
            "secret": [],
            "timeouts": null
          },
          "sensitive_attributes": [],
          "private": "eyJlMmJmYjczMC1lY2FhLTExZTYtOGY4OC0zNDM2M2JjN2M0YzAiOnsiY3JlYXRlIjozMDAwMDAwMDAwMH19",
          "dependencies": [
            "module.eks_cluster.data.aws_subnets.private",
            "module.eks_cluster.data.aws_vpc.vpc",
            "module.eks_cluster.module.eks.aws_cloudwatch_log_group.this",
            "module.eks_cluster.module.eks.aws_eks_cluster.this",
            "module.eks_cluster.module.eks.aws_iam_policy.cni_ipv6_policy",
            "module.eks_cluster.module.eks.aws_iam_role.this",
            "module.eks_cluster.module.eks.aws_iam_role_policy_attachment.this",
            "module.eks_cluster.module.eks.aws_security_group.cluster",
            "module.eks_cluster.module.eks.aws_security_group.node",
            "module.eks_cluster.module.eks.aws_security_group_rule.cluster",
            "module.eks_cluster.module.eks.aws_security_group_rule.node",
            "module.eks_cluster.module.eks.data.aws_caller_identity.current",
            "module.eks_cluster.module.eks.data.aws_iam_policy_document.assume_role_policy",
            "module.eks_cluster.module.eks.data.aws_iam_policy_document.cni_ipv6_policy",
            "module.eks_cluster.module.eks.data.aws_iam_session_context.current",
            "module.eks_cluster.module.eks.data.aws_partition.current",
            "module.eks_cluster.module.eks.module.kms.aws_kms_external_key.this",
            "module.eks_cluster.module.eks.module.kms.aws_kms_key.this",
            "module.eks_cluster.module.eks.module.kms.data.aws_caller_identity.current",
            "module.eks_cluster.module.eks.module.kms.data.aws_iam_policy_document.this",
            "module.eks_cluster.module.eks.module.kms.data.aws_partition.current",
            "module.eks_cluster.module.kubernetes_addons.data.aws_caller_identity.current",
            "module.eks_cluster.module.kubernetes_addons.data.aws_eks_cluster.eks_cluster",
            "module.eks_cluster.module.kubernetes_addons.data.aws_partition.current",
            "module.eks_cluster.module.kubernetes_addons.data.aws_region.current",
            "module.eks_cluster.module.kubernetes_addons.module.aws_cloudwatch_metrics.module.helm_addon.module.irsa.aws_iam_role.irsa",
            "module.eks_cluster.module.kubernetes_addons.module.aws_cloudwatch_metrics.module.helm_addon.module.irsa.kubernetes_namespace_v1.irsa",
            "module.eks_cluster.module.kubernetes_addons.time_sleep.dataplane"
          ]
        }
      ]
    },
    {
      "module": "module.eks_cluster.module.kubernetes_addons.module.aws_coredns[0]",
      "mode": "data",
      "type": "aws_eks_addon_version",
      "name": "this",
      "provider": "provider[\"registry.terraform.io/hashicorp/aws\"]",
      "instances": [
        {
          "schema_version": 0,
          "attributes": {
            "addon_name": "coredns",
            "id": "coredns",
            "kubernetes_version": "1.26",
            "most_recent": false,
            "version": "v1.9.3-eksbuild.2"
          },
          "sensitive_attributes": []
        }
      ]
    },
    {
      "module": "module.eks_cluster.module.kubernetes_addons.module.aws_coredns[0]",
      "mode": "data",
      "type": "aws_eks_cluster_auth",
      "name": "this",
      "provider": "provider[\"registry.terraform.io/hashicorp/aws\"]",
      "instances": [
        {
          "schema_version": 0,
          "attributes": {
            "id": "eks-blueprint-blue",
            "name": "eks-blueprint-blue",
            "token": "k8s-aws-v1.aHR0cHM6Ly9zdHMuYW1hem9uYXdzLmNvbS8_QWN0aW9uPUdldENhbGxlcklkZW50aXR5JlZlcnNpb249MjAxMS0wNi0xNSZYLUFtei1BbGdvcml0aG09QVdTNC1ITUFDLVNIQTI1NiZYLUFtei1DcmVkZW50aWFsPUFLSUFUNDJJTlFRVkxRQkwzQzJTJTJGMjAyMzEwMzAlMkZ1cy1lYXN0LTElMkZzdHMlMkZhd3M0X3JlcXVlc3QmWC1BbXotRGF0ZT0yMDIzMTAzMFQyMzU4MDJaJlgtQW16LUV4cGlyZXM9MCZYLUFtei1TaWduZWRIZWFkZXJzPWhvc3QlM0J4LWs4cy1hd3MtaWQmWC1BbXotU2lnbmF0dXJlPTk3NWY0NGNlYTljZGFjZDg5ZjEzOGQ0ZWYzMTQwNGRiMzcxYmZiZmJmMzVkYWY5NjFjYmE4NDU1Zjk1OTQwNDY"
          },
          "sensitive_attributes": []
        }
      ]
    },
    {
      "module": "module.eks_cluster.module.kubernetes_addons.module.aws_coredns[0]",
      "mode": "managed",
      "type": "aws_eks_addon",
      "name": "coredns",
      "provider": "provider[\"registry.terraform.io/hashicorp/aws\"]",
      "instances": [
        {
          "index_key": 0,
          "schema_version": 0,
          "attributes": {
            "addon_name": "coredns",
            "addon_version": "v1.9.3-eksbuild.2",
            "arn": "arn:aws:eks:us-east-1:268050465834:addon/eks-blueprint-blue/coredns/14c5b6c6-b741-ee60-61ed-ef6600dffa6d",
            "cluster_name": "eks-blueprint-blue",
            "configuration_values": "",
            "created_at": "2023-10-26T19:54:27Z",
            "id": "eks-blueprint-blue:coredns",
            "modified_at": "2023-10-30T13:58:15Z",
            "preserve": true,
            "resolve_conflicts": "OVERWRITE",
            "resolve_conflicts_on_create": null,
            "resolve_conflicts_on_update": null,
            "service_account_role_arn": "",
            "tags": {},
            "tags_all": {},
            "timeouts": null
          },
          "sensitive_attributes": [],
          "private": "eyJlMmJmYjczMC1lY2FhLTExZTYtOGY4OC0zNDM2M2JjN2M0YzAiOnsiY3JlYXRlIjoxMjAwMDAwMDAwMDAwLCJkZWxldGUiOjI0MDAwMDAwMDAwMDAsInVwZGF0ZSI6MTIwMDAwMDAwMDAwMH19",
          "dependencies": [
            "module.eks_cluster.data.aws_subnets.private",
            "module.eks_cluster.data.aws_vpc.vpc",
            "module.eks_cluster.module.eks.aws_cloudwatch_log_group.this",
            "module.eks_cluster.module.eks.aws_eks_cluster.this",
            "module.eks_cluster.module.eks.aws_iam_policy.cni_ipv6_policy",
            "module.eks_cluster.module.eks.aws_iam_role.this",
            "module.eks_cluster.module.eks.aws_iam_role_policy_attachment.this",
            "module.eks_cluster.module.eks.aws_security_group.cluster",
            "module.eks_cluster.module.eks.aws_security_group.node",
            "module.eks_cluster.module.eks.aws_security_group_rule.cluster",
            "module.eks_cluster.module.eks.aws_security_group_rule.node",
            "module.eks_cluster.module.eks.data.aws_caller_identity.current",
            "module.eks_cluster.module.eks.data.aws_iam_policy_document.assume_role_policy",
            "module.eks_cluster.module.eks.data.aws_iam_policy_document.cni_ipv6_policy",
            "module.eks_cluster.module.eks.data.aws_iam_session_context.current",
            "module.eks_cluster.module.eks.data.aws_partition.current",
            "module.eks_cluster.module.eks.module.kms.aws_kms_external_key.this",
            "module.eks_cluster.module.eks.module.kms.aws_kms_key.this",
            "module.eks_cluster.module.eks.module.kms.data.aws_caller_identity.current",
            "module.eks_cluster.module.eks.module.kms.data.aws_iam_policy_document.this",
            "module.eks_cluster.module.eks.module.kms.data.aws_partition.current",
            "module.eks_cluster.module.kubernetes_addons.data.aws_caller_identity.current",
            "module.eks_cluster.module.kubernetes_addons.data.aws_eks_cluster.eks_cluster",
            "module.eks_cluster.module.kubernetes_addons.data.aws_partition.current",
            "module.eks_cluster.module.kubernetes_addons.data.aws_region.current",
            "module.eks_cluster.module.kubernetes_addons.module.aws_coredns.data.aws_eks_addon_version.this",
            "module.eks_cluster.module.kubernetes_addons.time_sleep.dataplane"
          ]
        }
      ]
    },
    {
      "module": "module.eks_cluster.module.kubernetes_addons.module.aws_coredns[0]",
      "mode": "managed",
      "type": "time_sleep",
      "name": "this",
      "provider": "provider[\"registry.terraform.io/hashicorp/time\"]",
      "instances": [
        {
          "schema_version": 0,
          "attributes": {
            "create_duration": "1m",
            "destroy_duration": null,
            "id": "2023-10-26T19:55:26Z",
            "triggers": {
              "eks_cluster_id": "eks-blueprint-blue"
            }
          },
          "sensitive_attributes": [],
          "dependencies": [
            "module.eks_cluster.data.aws_subnets.private",
            "module.eks_cluster.data.aws_vpc.vpc",
            "module.eks_cluster.module.eks.aws_cloudwatch_log_group.this",
            "module.eks_cluster.module.eks.aws_eks_cluster.this",
            "module.eks_cluster.module.eks.aws_iam_policy.cni_ipv6_policy",
            "module.eks_cluster.module.eks.aws_iam_role.this",
            "module.eks_cluster.module.eks.aws_iam_role_policy_attachment.this",
            "module.eks_cluster.module.eks.aws_security_group.cluster",
            "module.eks_cluster.module.eks.aws_security_group.node",
            "module.eks_cluster.module.eks.aws_security_group_rule.cluster",
            "module.eks_cluster.module.eks.aws_security_group_rule.node",
            "module.eks_cluster.module.eks.data.aws_caller_identity.current",
            "module.eks_cluster.module.eks.data.aws_iam_policy_document.assume_role_policy",
            "module.eks_cluster.module.eks.data.aws_iam_policy_document.cni_ipv6_policy",
            "module.eks_cluster.module.eks.data.aws_iam_session_context.current",
            "module.eks_cluster.module.eks.data.aws_partition.current",
            "module.eks_cluster.module.eks.module.kms.aws_kms_external_key.this",
            "module.eks_cluster.module.eks.module.kms.aws_kms_key.this",
            "module.eks_cluster.module.eks.module.kms.data.aws_caller_identity.current",
            "module.eks_cluster.module.eks.module.kms.data.aws_iam_policy_document.this",
            "module.eks_cluster.module.eks.module.kms.data.aws_partition.current",
            "module.eks_cluster.module.kubernetes_addons.data.aws_caller_identity.current",
            "module.eks_cluster.module.kubernetes_addons.data.aws_eks_cluster.eks_cluster",
            "module.eks_cluster.module.kubernetes_addons.data.aws_partition.current",
            "module.eks_cluster.module.kubernetes_addons.data.aws_region.current",
            "module.eks_cluster.module.kubernetes_addons.time_sleep.dataplane"
          ]
        }
      ]
    },
    {
      "module": "module.eks_cluster.module.kubernetes_addons.module.aws_coredns[0].module.cluster_proportional_autoscaler[0].module.helm_addon",
      "mode": "managed",
      "type": "helm_release",
      "name": "addon",
      "provider": "provider[\"registry.terraform.io/hashicorp/helm\"]",
      "instances": [
        {
          "index_key": 0,
          "schema_version": 1,
          "attributes": {
            "atomic": false,
            "chart": "cluster-proportional-autoscaler",
            "cleanup_on_fail": false,
            "create_namespace": false,
            "dependency_update": false,
            "description": "Cluster Proportional Autoscaler Helm Chart",
            "devel": null,
            "disable_crd_hooks": false,
            "disable_openapi_validation": false,
            "disable_webhooks": false,
            "force_update": false,
            "id": "cluster-proportional-autoscaler",
            "keyring": "",
            "lint": false,
            "manifest": null,
            "max_history": 0,
            "metadata": [
              {
                "app_version": "1.8.6",
                "chart": "cluster-proportional-autoscaler",
                "name": "cluster-proportional-autoscaler",
                "namespace": "kube-system",
                "revision": 1,
                "values": "{\"blueprints\":{\"connection\":\"none\"},\"config\":{\"linear\":{\"coresPerReplica\":256,\"includeUnschedulableNodes\":true,\"max\":100,\"min\":1,\"nodesPerReplica\":16,\"preventSinglePointFailure\":true}},\"nameOverride\":\"coredns\",\"options\":{\"target\":\"deployment/coredns\"},\"podSecurityContext\":{\"fsGroup\":65534,\"seccompProfile\":{\"type\":\"RuntimeDefault\"},\"supplementalGroups\":[65534]},\"tolerations\":[{\"key\":\"CriticalAddonsOnly\",\"operator\":\"Exists\"}]}",
                "version": "1.0.1"
              }
            ],
            "name": "cluster-proportional-autoscaler",
            "namespace": "kube-system",
            "pass_credentials": false,
            "postrender": [
              {
                "args": [],
                "binary_path": ""
              }
            ],
            "recreate_pods": false,
            "render_subchart_notes": true,
            "replace": false,
            "repository": "https://kubernetes-sigs.github.io/cluster-proportional-autoscaler",
            "repository_ca_file": null,
            "repository_cert_file": "",
            "repository_key_file": "",
            "repository_password": "",
            "repository_username": "",
            "reset_values": false,
            "reuse_values": false,
            "set": [],
            "set_list": [],
            "set_sensitive": [],
            "skip_crds": false,
            "status": "deployed",
            "timeout": 1200,
            "values": [
              "nameOverride: coredns\n\nconfig:\n  linear:\n    coresPerReplica: 256\n    nodesPerReplica: 16\n    min: 1\n    max: 100\n    preventSinglePointFailure: true\n    includeUnschedulableNodes: true\n\noptions:\n  target: \"deployment/coredns\"\n\npodSecurityContext:\n  seccompProfile:\n    type: RuntimeDefault\n  supplementalGroups: [ 65534 ]\n  fsGroup: 65534\n\ntolerations:\n  - key: \"CriticalAddonsOnly\"\n    operator: \"Exists\"\nblueprints:\n  connection: none\n"
            ],
            "verify": false,
            "version": "1.0.1",
            "wait": true,
            "wait_for_jobs": false
          },
          "sensitive_attributes": [],
          "private": "eyJzY2hlbWFfdmVyc2lvbiI6IjEifQ==",
          "dependencies": [
            "module.eks_cluster.data.aws_subnets.private",
            "module.eks_cluster.data.aws_vpc.vpc",
            "module.eks_cluster.module.eks.aws_cloudwatch_log_group.this",
            "module.eks_cluster.module.eks.aws_eks_cluster.this",
            "module.eks_cluster.module.eks.aws_iam_policy.cni_ipv6_policy",
            "module.eks_cluster.module.eks.aws_iam_role.this",
            "module.eks_cluster.module.eks.aws_iam_role_policy_attachment.this",
            "module.eks_cluster.module.eks.aws_security_group.cluster",
            "module.eks_cluster.module.eks.aws_security_group.node",
            "module.eks_cluster.module.eks.aws_security_group_rule.cluster",
            "module.eks_cluster.module.eks.aws_security_group_rule.node",
            "module.eks_cluster.module.eks.data.aws_caller_identity.current",
            "module.eks_cluster.module.eks.data.aws_iam_policy_document.assume_role_policy",
            "module.eks_cluster.module.eks.data.aws_iam_policy_document.cni_ipv6_policy",
            "module.eks_cluster.module.eks.data.aws_iam_session_context.current",
            "module.eks_cluster.module.eks.data.aws_partition.current",
            "module.eks_cluster.module.eks.module.kms.aws_kms_external_key.this",
            "module.eks_cluster.module.eks.module.kms.aws_kms_key.this",
            "module.eks_cluster.module.eks.module.kms.data.aws_caller_identity.current",
            "module.eks_cluster.module.eks.module.kms.data.aws_iam_policy_document.this",
            "module.eks_cluster.module.eks.module.kms.data.aws_partition.current",
            "module.eks_cluster.module.kubernetes_addons.data.aws_caller_identity.current",
            "module.eks_cluster.module.kubernetes_addons.data.aws_eks_cluster.eks_cluster",
            "module.eks_cluster.module.kubernetes_addons.data.aws_partition.current",
            "module.eks_cluster.module.kubernetes_addons.data.aws_region.current",
            "module.eks_cluster.module.kubernetes_addons.module.aws_coredns.data.aws_eks_cluster_auth.this",
            "module.eks_cluster.module.kubernetes_addons.module.aws_coredns.module.cluster_proportional_autoscaler.module.helm_addon.module.irsa.aws_iam_role.irsa",
            "module.eks_cluster.module.kubernetes_addons.module.aws_coredns.module.cluster_proportional_autoscaler.module.helm_addon.module.irsa.aws_iam_role_policy_attachment.irsa",
            "module.eks_cluster.module.kubernetes_addons.module.aws_coredns.module.cluster_proportional_autoscaler.module.helm_addon.module.irsa.kubernetes_namespace_v1.irsa",
            "module.eks_cluster.module.kubernetes_addons.module.aws_coredns.module.cluster_proportional_autoscaler.module.helm_addon.module.irsa.kubernetes_secret_v1.irsa",
            "module.eks_cluster.module.kubernetes_addons.module.aws_coredns.module.cluster_proportional_autoscaler.module.helm_addon.module.irsa.kubernetes_service_account_v1.irsa",
            "module.eks_cluster.module.kubernetes_addons.module.aws_coredns.null_resource.remove_default_coredns_deployment",
            "module.eks_cluster.module.kubernetes_addons.module.aws_coredns.time_sleep.this",
            "module.eks_cluster.module.kubernetes_addons.time_sleep.dataplane"
          ]
        }
      ]
    },
    {
      "module": "module.eks_cluster.module.kubernetes_addons.module.aws_ebs_csi_driver[0]",
      "mode": "data",
      "type": "aws_eks_addon_version",
      "name": "this",
      "provider": "provider[\"registry.terraform.io/hashicorp/aws\"]",
      "instances": [
        {
          "schema_version": 0,
          "attributes": {
            "addon_name": "aws-ebs-csi-driver",
            "id": "aws-ebs-csi-driver",
            "kubernetes_version": "1.26",
            "most_recent": false,
            "version": "v1.24.0-eksbuild.1"
          },
          "sensitive_attributes": []
        }
      ]
    },
    {
      "module": "module.eks_cluster.module.kubernetes_addons.module.aws_ebs_csi_driver[0]",
      "mode": "data",
      "type": "aws_iam_policy_document",
      "name": "aws_ebs_csi_driver",
      "provider": "provider[\"registry.terraform.io/hashicorp/aws\"]",
      "instances": [
        {
          "index_key": 0,
          "schema_version": 0,
          "attributes": {
            "id": "3487957436",
            "json": "{\n  \"Version\": \"2012-10-17\",\n  \"Statement\": [\n    {\n      \"Effect\": \"Allow\",\n      \"Action\": [\n        \"ec2:ModifyVolume\",\n        \"ec2:DetachVolume\",\n        \"ec2:DescribeVolumesModifications\",\n        \"ec2:DescribeVolumes\",\n        \"ec2:DescribeTags\",\n        \"ec2:DescribeSnapshots\",\n        \"ec2:DescribeInstances\",\n        \"ec2:DescribeAvailabilityZones\",\n        \"ec2:CreateSnapshot\",\n        \"ec2:AttachVolume\"\n      ],\n      \"Resource\": \"*\"\n    },\n    {\n      \"Effect\": \"Allow\",\n      \"Action\": \"ec2:CreateTags\",\n      \"Resource\": [\n        \"arn:aws:ec2:*:*:volume/*\",\n        \"arn:aws:ec2:*:*:snapshot/*\"\n      ],\n      \"Condition\": {\n        \"StringEquals\": {\n          \"ec2:CreateAction\": [\n            \"CreateVolume\",\n            \"CreateSnapshot\"\n          ]\n        }\n      }\n    },\n    {\n      \"Effect\": \"Allow\",\n      \"Action\": \"ec2:DeleteTags\",\n      \"Resource\": [\n        \"arn:aws:ec2:*:*:volume/*\",\n        \"arn:aws:ec2:*:*:snapshot/*\"\n      ]\n    },\n    {\n      \"Effect\": \"Allow\",\n      \"Action\": \"ec2:CreateVolume\",\n      \"Resource\": \"*\",\n      \"Condition\": {\n        \"StringLike\": {\n          \"aws:RequestTag/ebs.csi.aws.com/cluster\": \"true\"\n        }\n      }\n    },\n    {\n      \"Effect\": \"Allow\",\n      \"Action\": \"ec2:CreateVolume\",\n      \"Resource\": \"*\",\n      \"Condition\": {\n        \"StringLike\": {\n          \"aws:RequestTag/CSIVolumeName\": \"*\"\n        }\n      }\n    },\n    {\n      \"Effect\": \"Allow\",\n      \"Action\": \"ec2:CreateVolume\",\n      \"Resource\": \"*\",\n      \"Condition\": {\n        \"StringLike\": {\n          \"aws:RequestTag/kubernetes.io/cluster/*\": \"owned\"\n        }\n      }\n    },\n    {\n      \"Effect\": \"Allow\",\n      \"Action\": \"ec2:DeleteVolume\",\n      \"Resource\": \"*\",\n      \"Condition\": {\n        \"StringLike\": {\n          \"ec2:ResourceTag/ebs.csi.aws.com/cluster\": \"true\"\n        }\n      }\n    },\n    {\n      \"Effect\": \"Allow\",\n      \"Action\": \"ec2:DeleteVolume\",\n      \"Resource\": \"*\",\n      \"Condition\": {\n        \"StringLike\": {\n          \"ec2:ResourceTag/CSIVolumeName\": \"*\"\n        }\n      }\n    },\n    {\n      \"Effect\": \"Allow\",\n      \"Action\": \"ec2:DeleteVolume\",\n      \"Resource\": \"*\",\n      \"Condition\": {\n        \"StringLike\": {\n          \"ec2:ResourceTag/kubernetes.io/cluster/*\": \"owned\"\n        }\n      }\n    },\n    {\n      \"Effect\": \"Allow\",\n      \"Action\": \"ec2:DeleteSnapshot\",\n      \"Resource\": \"*\",\n      \"Condition\": {\n        \"StringLike\": {\n          \"ec2:ResourceTag/CSIVolumeSnapshotName\": \"*\"\n        }\n      }\n    },\n    {\n      \"Effect\": \"Allow\",\n      \"Action\": \"ec2:DeleteSnapshot\",\n      \"Resource\": \"*\",\n      \"Condition\": {\n        \"StringLike\": {\n          \"ec2:ResourceTag/ebs.csi.aws.com/cluster\": \"true\"\n        }\n      }\n    }\n  ]\n}",
            "override_policy_documents": null,
            "policy_id": null,
            "source_policy_documents": null,
            "statement": [
              {
                "actions": [
                  "ec2:AttachVolume",
                  "ec2:CreateSnapshot",
                  "ec2:DescribeAvailabilityZones",
                  "ec2:DescribeInstances",
                  "ec2:DescribeSnapshots",
                  "ec2:DescribeTags",
                  "ec2:DescribeVolumes",
                  "ec2:DescribeVolumesModifications",
                  "ec2:DetachVolume",
                  "ec2:ModifyVolume"
                ],
                "condition": [],
                "effect": "Allow",
                "not_actions": [],
                "not_principals": [],
                "not_resources": [],
                "principals": [],
                "resources": [
                  "*"
                ],
                "sid": ""
              },
              {
                "actions": [
                  "ec2:CreateTags"
                ],
                "condition": [
                  {
                    "test": "StringEquals",
                    "values": [
                      "CreateVolume",
                      "CreateSnapshot"
                    ],
                    "variable": "ec2:CreateAction"
                  }
                ],
                "effect": "Allow",
                "not_actions": [],
                "not_principals": [],
                "not_resources": [],
                "principals": [],
                "resources": [
                  "arn:aws:ec2:*:*:snapshot/*",
                  "arn:aws:ec2:*:*:volume/*"
                ],
                "sid": ""
              },
              {
                "actions": [
                  "ec2:DeleteTags"
                ],
                "condition": [],
                "effect": "Allow",
                "not_actions": [],
                "not_principals": [],
                "not_resources": [],
                "principals": [],
                "resources": [
                  "arn:aws:ec2:*:*:snapshot/*",
                  "arn:aws:ec2:*:*:volume/*"
                ],
                "sid": ""
              },
              {
                "actions": [
                  "ec2:CreateVolume"
                ],
                "condition": [
                  {
                    "test": "StringLike",
                    "values": [
                      "true"
                    ],
                    "variable": "aws:RequestTag/ebs.csi.aws.com/cluster"
                  }
                ],
                "effect": "Allow",
                "not_actions": [],
                "not_principals": [],
                "not_resources": [],
                "principals": [],
                "resources": [
                  "*"
                ],
                "sid": ""
              },
              {
                "actions": [
                  "ec2:CreateVolume"
                ],
                "condition": [
                  {
                    "test": "StringLike",
                    "values": [
                      "*"
                    ],
                    "variable": "aws:RequestTag/CSIVolumeName"
                  }
                ],
                "effect": "Allow",
                "not_actions": [],
                "not_principals": [],
                "not_resources": [],
                "principals": [],
                "resources": [
                  "*"
                ],
                "sid": ""
              },
              {
                "actions": [
                  "ec2:CreateVolume"
                ],
                "condition": [
                  {
                    "test": "StringLike",
                    "values": [
                      "owned"
                    ],
                    "variable": "aws:RequestTag/kubernetes.io/cluster/*"
                  }
                ],
                "effect": "Allow",
                "not_actions": [],
                "not_principals": [],
                "not_resources": [],
                "principals": [],
                "resources": [
                  "*"
                ],
                "sid": ""
              },
              {
                "actions": [
                  "ec2:DeleteVolume"
                ],
                "condition": [
                  {
                    "test": "StringLike",
                    "values": [
                      "true"
                    ],
                    "variable": "ec2:ResourceTag/ebs.csi.aws.com/cluster"
                  }
                ],
                "effect": "Allow",
                "not_actions": [],
                "not_principals": [],
                "not_resources": [],
                "principals": [],
                "resources": [
                  "*"
                ],
                "sid": ""
              },
              {
                "actions": [
                  "ec2:DeleteVolume"
                ],
                "condition": [
                  {
                    "test": "StringLike",
                    "values": [
                      "*"
                    ],
                    "variable": "ec2:ResourceTag/CSIVolumeName"
                  }
                ],
                "effect": "Allow",
                "not_actions": [],
                "not_principals": [],
                "not_resources": [],
                "principals": [],
                "resources": [
                  "*"
                ],
                "sid": ""
              },
              {
                "actions": [
                  "ec2:DeleteVolume"
                ],
                "condition": [
                  {
                    "test": "StringLike",
                    "values": [
                      "owned"
                    ],
                    "variable": "ec2:ResourceTag/kubernetes.io/cluster/*"
                  }
                ],
                "effect": "Allow",
                "not_actions": [],
                "not_principals": [],
                "not_resources": [],
                "principals": [],
                "resources": [
                  "*"
                ],
                "sid": ""
              },
              {
                "actions": [
                  "ec2:DeleteSnapshot"
                ],
                "condition": [
                  {
                    "test": "StringLike",
                    "values": [
                      "*"
                    ],
                    "variable": "ec2:ResourceTag/CSIVolumeSnapshotName"
                  }
                ],
                "effect": "Allow",
                "not_actions": [],
                "not_principals": [],
                "not_resources": [],
                "principals": [],
                "resources": [
                  "*"
                ],
                "sid": ""
              },
              {
                "actions": [
                  "ec2:DeleteSnapshot"
                ],
                "condition": [
                  {
                    "test": "StringLike",
                    "values": [
                      "true"
                    ],
                    "variable": "ec2:ResourceTag/ebs.csi.aws.com/cluster"
                  }
                ],
                "effect": "Allow",
                "not_actions": [],
                "not_principals": [],
                "not_resources": [],
                "principals": [],
                "resources": [
                  "*"
                ],
                "sid": ""
              }
            ],
            "version": "2012-10-17"
          },
          "sensitive_attributes": []
        }
      ]
    },
    {
      "module": "module.eks_cluster.module.kubernetes_addons.module.aws_ebs_csi_driver[0]",
      "mode": "managed",
      "type": "aws_eks_addon",
      "name": "aws_ebs_csi_driver",
      "provider": "provider[\"registry.terraform.io/hashicorp/aws\"]",
      "instances": [
        {
          "index_key": 0,
          "schema_version": 0,
          "attributes": {
            "addon_name": "aws-ebs-csi-driver",
            "addon_version": "v1.24.0-eksbuild.1",
            "arn": "arn:aws:eks:us-east-1:268050465834:addon/eks-blueprint-blue/aws-ebs-csi-driver/32c5b8db-7d56-d7b0-0210-077327e8e622",
            "cluster_name": "eks-blueprint-blue",
            "configuration_values": "",
            "created_at": "2023-10-27T15:18:19Z",
            "id": "eks-blueprint-blue:aws-ebs-csi-driver",
            "modified_at": "2023-10-30T14:05:06Z",
            "preserve": true,
            "resolve_conflicts": "OVERWRITE",
            "resolve_conflicts_on_create": null,
            "resolve_conflicts_on_update": null,
            "service_account_role_arn": "arn:aws:iam::268050465834:role/eks-blueprint-blue-ebs-csi-controller-sa-irsa",
            "tags": {},
            "tags_all": {},
            "timeouts": null
          },
          "sensitive_attributes": [],
          "private": "eyJlMmJmYjczMC1lY2FhLTExZTYtOGY4OC0zNDM2M2JjN2M0YzAiOnsiY3JlYXRlIjoxMjAwMDAwMDAwMDAwLCJkZWxldGUiOjI0MDAwMDAwMDAwMDAsInVwZGF0ZSI6MTIwMDAwMDAwMDAwMH19",
          "dependencies": [
            "module.eks_cluster.data.aws_subnets.private",
            "module.eks_cluster.data.aws_vpc.vpc",
            "module.eks_cluster.module.eks.aws_cloudwatch_log_group.this",
            "module.eks_cluster.module.eks.aws_eks_cluster.this",
            "module.eks_cluster.module.eks.aws_iam_policy.cni_ipv6_policy",
            "module.eks_cluster.module.eks.aws_iam_role.this",
            "module.eks_cluster.module.eks.aws_iam_role_policy_attachment.this",
            "module.eks_cluster.module.eks.aws_security_group.cluster",
            "module.eks_cluster.module.eks.aws_security_group.node",
            "module.eks_cluster.module.eks.aws_security_group_rule.cluster",
            "module.eks_cluster.module.eks.aws_security_group_rule.node",
            "module.eks_cluster.module.eks.data.aws_caller_identity.current",
            "module.eks_cluster.module.eks.data.aws_iam_policy_document.assume_role_policy",
            "module.eks_cluster.module.eks.data.aws_iam_policy_document.cni_ipv6_policy",
            "module.eks_cluster.module.eks.data.aws_iam_session_context.current",
            "module.eks_cluster.module.eks.data.aws_partition.current",
            "module.eks_cluster.module.eks.module.kms.aws_kms_external_key.this",
            "module.eks_cluster.module.eks.module.kms.aws_kms_key.this",
            "module.eks_cluster.module.eks.module.kms.data.aws_caller_identity.current",
            "module.eks_cluster.module.eks.module.kms.data.aws_iam_policy_document.this",
            "module.eks_cluster.module.eks.module.kms.data.aws_partition.current",
            "module.eks_cluster.module.kubernetes_addons.data.aws_caller_identity.current",
            "module.eks_cluster.module.kubernetes_addons.data.aws_eks_cluster.eks_cluster",
            "module.eks_cluster.module.kubernetes_addons.data.aws_partition.current",
            "module.eks_cluster.module.kubernetes_addons.data.aws_region.current",
            "module.eks_cluster.module.kubernetes_addons.module.aws_ebs_csi_driver.aws_iam_policy.aws_ebs_csi_driver",
            "module.eks_cluster.module.kubernetes_addons.module.aws_ebs_csi_driver.data.aws_eks_addon_version.this",
            "module.eks_cluster.module.kubernetes_addons.module.aws_ebs_csi_driver.data.aws_iam_policy_document.aws_ebs_csi_driver",
            "module.eks_cluster.module.kubernetes_addons.module.aws_ebs_csi_driver.module.irsa_addon.aws_iam_role.irsa",
            "module.eks_cluster.module.kubernetes_addons.time_sleep.dataplane"
          ]
        }
      ]
    },
    {
      "module": "module.eks_cluster.module.kubernetes_addons.module.aws_ebs_csi_driver[0]",
      "mode": "managed",
      "type": "aws_iam_policy",
      "name": "aws_ebs_csi_driver",
      "provider": "provider[\"registry.terraform.io/hashicorp/aws\"]",
      "instances": [
        {
          "index_key": 0,
          "schema_version": 0,
          "attributes": {
            "arn": "arn:aws:iam::268050465834:policy/eks-blueprint-blue-aws-ebs-csi-driver-irsa",
            "description": "IAM Policy for AWS EBS CSI Driver",
            "id": "arn:aws:iam::268050465834:policy/eks-blueprint-blue-aws-ebs-csi-driver-irsa",
            "name": "eks-blueprint-blue-aws-ebs-csi-driver-irsa",
            "name_prefix": "",
            "path": "/",
            "policy": "{\"Statement\":[{\"Action\":[\"ec2:ModifyVolume\",\"ec2:DetachVolume\",\"ec2:DescribeVolumesModifications\",\"ec2:DescribeVolumes\",\"ec2:DescribeTags\",\"ec2:DescribeSnapshots\",\"ec2:DescribeInstances\",\"ec2:DescribeAvailabilityZones\",\"ec2:CreateSnapshot\",\"ec2:AttachVolume\"],\"Effect\":\"Allow\",\"Resource\":\"*\"},{\"Action\":\"ec2:CreateTags\",\"Condition\":{\"StringEquals\":{\"ec2:CreateAction\":[\"CreateVolume\",\"CreateSnapshot\"]}},\"Effect\":\"Allow\",\"Resource\":[\"arn:aws:ec2:*:*:volume/*\",\"arn:aws:ec2:*:*:snapshot/*\"]},{\"Action\":\"ec2:DeleteTags\",\"Effect\":\"Allow\",\"Resource\":[\"arn:aws:ec2:*:*:volume/*\",\"arn:aws:ec2:*:*:snapshot/*\"]},{\"Action\":\"ec2:CreateVolume\",\"Condition\":{\"StringLike\":{\"aws:RequestTag/ebs.csi.aws.com/cluster\":\"true\"}},\"Effect\":\"Allow\",\"Resource\":\"*\"},{\"Action\":\"ec2:CreateVolume\",\"Condition\":{\"StringLike\":{\"aws:RequestTag/CSIVolumeName\":\"*\"}},\"Effect\":\"Allow\",\"Resource\":\"*\"},{\"Action\":\"ec2:CreateVolume\",\"Condition\":{\"StringLike\":{\"aws:RequestTag/kubernetes.io/cluster/*\":\"owned\"}},\"Effect\":\"Allow\",\"Resource\":\"*\"},{\"Action\":\"ec2:DeleteVolume\",\"Condition\":{\"StringLike\":{\"ec2:ResourceTag/ebs.csi.aws.com/cluster\":\"true\"}},\"Effect\":\"Allow\",\"Resource\":\"*\"},{\"Action\":\"ec2:DeleteVolume\",\"Condition\":{\"StringLike\":{\"ec2:ResourceTag/CSIVolumeName\":\"*\"}},\"Effect\":\"Allow\",\"Resource\":\"*\"},{\"Action\":\"ec2:DeleteVolume\",\"Condition\":{\"StringLike\":{\"ec2:ResourceTag/kubernetes.io/cluster/*\":\"owned\"}},\"Effect\":\"Allow\",\"Resource\":\"*\"},{\"Action\":\"ec2:DeleteSnapshot\",\"Condition\":{\"StringLike\":{\"ec2:ResourceTag/CSIVolumeSnapshotName\":\"*\"}},\"Effect\":\"Allow\",\"Resource\":\"*\"},{\"Action\":\"ec2:DeleteSnapshot\",\"Condition\":{\"StringLike\":{\"ec2:ResourceTag/ebs.csi.aws.com/cluster\":\"true\"}},\"Effect\":\"Allow\",\"Resource\":\"*\"}],\"Version\":\"2012-10-17\"}",
            "policy_id": "ANPAT42INQQVDQG6CPSYW",
            "tags": {},
            "tags_all": {}
          },
          "sensitive_attributes": [],
          "private": "bnVsbA==",
          "dependencies": [
            "module.eks_cluster.data.aws_subnets.private",
            "module.eks_cluster.data.aws_vpc.vpc",
            "module.eks_cluster.module.eks.aws_cloudwatch_log_group.this",
            "module.eks_cluster.module.eks.aws_eks_cluster.this",
            "module.eks_cluster.module.eks.aws_iam_policy.cni_ipv6_policy",
            "module.eks_cluster.module.eks.aws_iam_role.this",
            "module.eks_cluster.module.eks.aws_iam_role_policy_attachment.this",
            "module.eks_cluster.module.eks.aws_security_group.cluster",
            "module.eks_cluster.module.eks.aws_security_group.node",
            "module.eks_cluster.module.eks.aws_security_group_rule.cluster",
            "module.eks_cluster.module.eks.aws_security_group_rule.node",
            "module.eks_cluster.module.eks.data.aws_caller_identity.current",
            "module.eks_cluster.module.eks.data.aws_iam_policy_document.assume_role_policy",
            "module.eks_cluster.module.eks.data.aws_iam_policy_document.cni_ipv6_policy",
            "module.eks_cluster.module.eks.data.aws_iam_session_context.current",
            "module.eks_cluster.module.eks.data.aws_partition.current",
            "module.eks_cluster.module.eks.module.kms.aws_kms_external_key.this",
            "module.eks_cluster.module.eks.module.kms.aws_kms_key.this",
            "module.eks_cluster.module.eks.module.kms.data.aws_caller_identity.current",
            "module.eks_cluster.module.eks.module.kms.data.aws_iam_policy_document.this",
            "module.eks_cluster.module.eks.module.kms.data.aws_partition.current",
            "module.eks_cluster.module.kubernetes_addons.data.aws_caller_identity.current",
            "module.eks_cluster.module.kubernetes_addons.data.aws_eks_cluster.eks_cluster",
            "module.eks_cluster.module.kubernetes_addons.data.aws_partition.current",
            "module.eks_cluster.module.kubernetes_addons.data.aws_region.current",
            "module.eks_cluster.module.kubernetes_addons.module.aws_ebs_csi_driver.data.aws_iam_policy_document.aws_ebs_csi_driver",
            "module.eks_cluster.module.kubernetes_addons.time_sleep.dataplane"
          ]
        }
      ]
    },
    {
      "module": "module.eks_cluster.module.kubernetes_addons.module.aws_ebs_csi_driver[0].module.irsa_addon[0]",
      "mode": "managed",
      "type": "aws_iam_role",
      "name": "irsa",
      "provider": "provider[\"registry.terraform.io/hashicorp/aws\"]",
      "instances": [
        {
          "index_key": 0,
          "schema_version": 0,
          "attributes": {
            "arn": "arn:aws:iam::268050465834:role/eks-blueprint-blue-ebs-csi-controller-sa-irsa",
            "assume_role_policy": "{\"Statement\":[{\"Action\":\"sts:AssumeRoleWithWebIdentity\",\"Condition\":{\"StringLike\":{\"oidc.eks.us-east-1.amazonaws.com/id/55CEBE7FF41F53C3E48BB83F2E8FA157:aud\":\"sts.amazonaws.com\",\"oidc.eks.us-east-1.amazonaws.com/id/55CEBE7FF41F53C3E48BB83F2E8FA157:sub\":\"system:serviceaccount:kube-system:ebs-csi-controller-sa\"}},\"Effect\":\"Allow\",\"Principal\":{\"Federated\":\"arn:aws:iam::268050465834:oidc-provider/oidc.eks.us-east-1.amazonaws.com/id/55CEBE7FF41F53C3E48BB83F2E8FA157\"}}],\"Version\":\"2012-10-17\"}",
            "create_date": "2023-10-27T15:18:18Z",
            "description": "AWS IAM Role for the Kubernetes service account ebs-csi-controller-sa.",
            "force_detach_policies": true,
            "id": "eks-blueprint-blue-ebs-csi-controller-sa-irsa",
            "inline_policy": [],
            "managed_policy_arns": [
              "arn:aws:iam::268050465834:policy/eks-blueprint-blue-aws-ebs-csi-driver-irsa"
            ],
            "max_session_duration": 3600,
            "name": "eks-blueprint-blue-ebs-csi-controller-sa-irsa",
            "name_prefix": "",
            "path": "/",
            "permissions_boundary": "",
            "tags": {},
            "tags_all": {},
            "unique_id": "AROAT42INQQVNXT6LXPVG"
          },
          "sensitive_attributes": [],
          "private": "bnVsbA==",
          "dependencies": [
            "module.eks_cluster.data.aws_subnets.private",
            "module.eks_cluster.data.aws_vpc.vpc",
            "module.eks_cluster.module.eks.aws_cloudwatch_log_group.this",
            "module.eks_cluster.module.eks.aws_eks_cluster.this",
            "module.eks_cluster.module.eks.aws_iam_policy.cni_ipv6_policy",
            "module.eks_cluster.module.eks.aws_iam_role.this",
            "module.eks_cluster.module.eks.aws_iam_role_policy_attachment.this",
            "module.eks_cluster.module.eks.aws_security_group.cluster",
            "module.eks_cluster.module.eks.aws_security_group.node",
            "module.eks_cluster.module.eks.aws_security_group_rule.cluster",
            "module.eks_cluster.module.eks.aws_security_group_rule.node",
            "module.eks_cluster.module.eks.data.aws_caller_identity.current",
            "module.eks_cluster.module.eks.data.aws_iam_policy_document.assume_role_policy",
            "module.eks_cluster.module.eks.data.aws_iam_policy_document.cni_ipv6_policy",
            "module.eks_cluster.module.eks.data.aws_iam_session_context.current",
            "module.eks_cluster.module.eks.data.aws_partition.current",
            "module.eks_cluster.module.eks.module.kms.aws_kms_external_key.this",
            "module.eks_cluster.module.eks.module.kms.aws_kms_key.this",
            "module.eks_cluster.module.eks.module.kms.data.aws_caller_identity.current",
            "module.eks_cluster.module.eks.module.kms.data.aws_iam_policy_document.this",
            "module.eks_cluster.module.eks.module.kms.data.aws_partition.current",
            "module.eks_cluster.module.kubernetes_addons.data.aws_caller_identity.current",
            "module.eks_cluster.module.kubernetes_addons.data.aws_eks_cluster.eks_cluster",
            "module.eks_cluster.module.kubernetes_addons.data.aws_partition.current",
            "module.eks_cluster.module.kubernetes_addons.data.aws_region.current",
            "module.eks_cluster.module.kubernetes_addons.module.aws_ebs_csi_driver.aws_iam_policy.aws_ebs_csi_driver",
            "module.eks_cluster.module.kubernetes_addons.module.aws_ebs_csi_driver.data.aws_iam_policy_document.aws_ebs_csi_driver",
            "module.eks_cluster.module.kubernetes_addons.time_sleep.dataplane"
          ]
        }
      ]
    },
    {
      "module": "module.eks_cluster.module.kubernetes_addons.module.aws_ebs_csi_driver[0].module.irsa_addon[0]",
      "mode": "managed",
      "type": "aws_iam_role_policy_attachment",
      "name": "irsa",
      "provider": "provider[\"registry.terraform.io/hashicorp/aws\"]",
      "instances": [
        {
          "index_key": 0,
          "schema_version": 0,
          "attributes": {
            "id": "eks-blueprint-blue-ebs-csi-controller-sa-irsa-20231027151818710900000002",
            "policy_arn": "arn:aws:iam::268050465834:policy/eks-blueprint-blue-aws-ebs-csi-driver-irsa",
            "role": "eks-blueprint-blue-ebs-csi-controller-sa-irsa"
          },
          "sensitive_attributes": [],
          "private": "bnVsbA==",
          "dependencies": [
            "module.eks_cluster.data.aws_subnets.private",
            "module.eks_cluster.data.aws_vpc.vpc",
            "module.eks_cluster.module.eks.aws_cloudwatch_log_group.this",
            "module.eks_cluster.module.eks.aws_eks_cluster.this",
            "module.eks_cluster.module.eks.aws_iam_policy.cni_ipv6_policy",
            "module.eks_cluster.module.eks.aws_iam_role.this",
            "module.eks_cluster.module.eks.aws_iam_role_policy_attachment.this",
            "module.eks_cluster.module.eks.aws_security_group.cluster",
            "module.eks_cluster.module.eks.aws_security_group.node",
            "module.eks_cluster.module.eks.aws_security_group_rule.cluster",
            "module.eks_cluster.module.eks.aws_security_group_rule.node",
            "module.eks_cluster.module.eks.data.aws_caller_identity.current",
            "module.eks_cluster.module.eks.data.aws_iam_policy_document.assume_role_policy",
            "module.eks_cluster.module.eks.data.aws_iam_policy_document.cni_ipv6_policy",
            "module.eks_cluster.module.eks.data.aws_iam_session_context.current",
            "module.eks_cluster.module.eks.data.aws_partition.current",
            "module.eks_cluster.module.eks.module.kms.aws_kms_external_key.this",
            "module.eks_cluster.module.eks.module.kms.aws_kms_key.this",
            "module.eks_cluster.module.eks.module.kms.data.aws_caller_identity.current",
            "module.eks_cluster.module.eks.module.kms.data.aws_iam_policy_document.this",
            "module.eks_cluster.module.eks.module.kms.data.aws_partition.current",
            "module.eks_cluster.module.kubernetes_addons.data.aws_caller_identity.current",
            "module.eks_cluster.module.kubernetes_addons.data.aws_eks_cluster.eks_cluster",
            "module.eks_cluster.module.kubernetes_addons.data.aws_partition.current",
            "module.eks_cluster.module.kubernetes_addons.data.aws_region.current",
            "module.eks_cluster.module.kubernetes_addons.module.aws_ebs_csi_driver.aws_iam_policy.aws_ebs_csi_driver",
            "module.eks_cluster.module.kubernetes_addons.module.aws_ebs_csi_driver.data.aws_iam_policy_document.aws_ebs_csi_driver",
            "module.eks_cluster.module.kubernetes_addons.module.aws_ebs_csi_driver.module.irsa_addon.aws_iam_role.irsa",
            "module.eks_cluster.module.kubernetes_addons.time_sleep.dataplane"
          ]
        }
      ]
    },
    {
      "module": "module.eks_cluster.module.kubernetes_addons.module.aws_efs_csi_driver[0]",
      "mode": "data",
      "type": "aws_iam_policy_document",
      "name": "aws_efs_csi_driver",
      "provider": "provider[\"registry.terraform.io/hashicorp/aws\"]",
      "instances": [
        {
          "schema_version": 0,
          "attributes": {
            "id": "2349212965",
            "json": "{\n  \"Version\": \"2012-10-17\",\n  \"Statement\": [\n    {\n      \"Sid\": \"AllowDescribeAvailabilityZones\",\n      \"Effect\": \"Allow\",\n      \"Action\": \"ec2:DescribeAvailabilityZones\",\n      \"Resource\": \"*\"\n    },\n    {\n      \"Sid\": \"AllowDescribeFileSystems\",\n      \"Effect\": \"Allow\",\n      \"Action\": [\n        \"elasticfilesystem:DescribeMountTargets\",\n        \"elasticfilesystem:DescribeFileSystems\",\n        \"elasticfilesystem:DescribeAccessPoints\"\n      ],\n      \"Resource\": [\n        \"arn:aws:elasticfilesystem:us-east-1:268050465834:file-system/*\",\n        \"arn:aws:elasticfilesystem:us-east-1:268050465834:access-point/*\"\n      ]\n    },\n    {\n      \"Sid\": \"AllowCreateAccessPoint\",\n      \"Effect\": \"Allow\",\n      \"Action\": \"elasticfilesystem:CreateAccessPoint\",\n      \"Resource\": \"arn:aws:elasticfilesystem:us-east-1:268050465834:file-system/*\",\n      \"Condition\": {\n        \"StringLike\": {\n          \"aws:RequestTag/efs.csi.aws.com/cluster\": \"true\"\n        }\n      }\n    },\n    {\n      \"Sid\": \"TagResource\",\n      \"Effect\": \"Allow\",\n      \"Action\": \"elasticfilesystem:TagResource\",\n      \"Resource\": \"arn:aws:elasticfilesystem:us-east-1:268050465834:file-system/*\",\n      \"Condition\": {\n        \"StringLike\": {\n          \"aws:RequestTag/efs.csi.aws.com/cluster\": \"true\"\n        }\n      }\n    },\n    {\n      \"Sid\": \"AllowDeleteAccessPoint\",\n      \"Effect\": \"Allow\",\n      \"Action\": \"elasticfilesystem:DeleteAccessPoint\",\n      \"Resource\": \"arn:aws:elasticfilesystem:us-east-1:268050465834:access-point/*\",\n      \"Condition\": {\n        \"StringLike\": {\n          \"aws:ResourceTag/efs.csi.aws.com/cluster\": \"true\"\n        }\n      }\n    },\n    {\n      \"Sid\": \"AllowTagResource\",\n      \"Effect\": \"Allow\",\n      \"Action\": \"elasticfilesystem:TagResource\",\n      \"Resource\": [\n        \"arn:aws:elasticfilesystem:us-east-1:268050465834:file-system/*\",\n        \"arn:aws:elasticfilesystem:us-east-1:268050465834:access-point/*\"\n      ],\n      \"Condition\": {\n        \"StringLike\": {\n          \"aws:ResourceTag/efs.csi.aws.com/cluster\": \"true\"\n        }\n      }\n    },\n    {\n      \"Effect\": \"Allow\",\n      \"Action\": [\n        \"elasticfilesystem:ClientWrite\",\n        \"elasticfilesystem:ClientRootAccess\",\n        \"elasticfilesystem:ClientMount\"\n      ],\n      \"Resource\": \"arn:aws:elasticfilesystem:us-east-1:268050465834:file-system/*\",\n      \"Condition\": {\n        \"Bool\": {\n          \"elasticfilesystem:AccessedViaMountTarget\": \"true\"\n        }\n      }\n    }\n  ]\n}",
            "override_policy_documents": null,
            "policy_id": null,
            "source_policy_documents": null,
            "statement": [
              {
                "actions": [
                  "ec2:DescribeAvailabilityZones"
                ],
                "condition": [],
                "effect": "Allow",
                "not_actions": [],
                "not_principals": [],
                "not_resources": [],
                "principals": [],
                "resources": [
                  "*"
                ],
                "sid": "AllowDescribeAvailabilityZones"
              },
              {
                "actions": [
                  "elasticfilesystem:DescribeAccessPoints",
                  "elasticfilesystem:DescribeFileSystems",
                  "elasticfilesystem:DescribeMountTargets"
                ],
                "condition": [],
                "effect": "Allow",
                "not_actions": [],
                "not_principals": [],
                "not_resources": [],
                "principals": [],
                "resources": [
                  "arn:aws:elasticfilesystem:us-east-1:268050465834:access-point/*",
                  "arn:aws:elasticfilesystem:us-east-1:268050465834:file-system/*"
                ],
                "sid": "AllowDescribeFileSystems"
              },
              {
                "actions": [
                  "elasticfilesystem:CreateAccessPoint"
                ],
                "condition": [
                  {
                    "test": "StringLike",
                    "values": [
                      "true"
                    ],
                    "variable": "aws:RequestTag/efs.csi.aws.com/cluster"
                  }
                ],
                "effect": "Allow",
                "not_actions": [],
                "not_principals": [],
                "not_resources": [],
                "principals": [],
                "resources": [
                  "arn:aws:elasticfilesystem:us-east-1:268050465834:file-system/*"
                ],
                "sid": "AllowCreateAccessPoint"
              },
              {
                "actions": [
                  "elasticfilesystem:TagResource"
                ],
                "condition": [
                  {
                    "test": "StringLike",
                    "values": [
                      "true"
                    ],
                    "variable": "aws:RequestTag/efs.csi.aws.com/cluster"
                  }
                ],
                "effect": "Allow",
                "not_actions": [],
                "not_principals": [],
                "not_resources": [],
                "principals": [],
                "resources": [
                  "arn:aws:elasticfilesystem:us-east-1:268050465834:file-system/*"
                ],
                "sid": "TagResource"
              },
              {
                "actions": [
                  "elasticfilesystem:DeleteAccessPoint"
                ],
                "condition": [
                  {
                    "test": "StringLike",
                    "values": [
                      "true"
                    ],
                    "variable": "aws:ResourceTag/efs.csi.aws.com/cluster"
                  }
                ],
                "effect": "Allow",
                "not_actions": [],
                "not_principals": [],
                "not_resources": [],
                "principals": [],
                "resources": [
                  "arn:aws:elasticfilesystem:us-east-1:268050465834:access-point/*"
                ],
                "sid": "AllowDeleteAccessPoint"
              },
              {
                "actions": [
                  "elasticfilesystem:TagResource"
                ],
                "condition": [
                  {
                    "test": "StringLike",
                    "values": [
                      "true"
                    ],
                    "variable": "aws:ResourceTag/efs.csi.aws.com/cluster"
                  }
                ],
                "effect": "Allow",
                "not_actions": [],
                "not_principals": [],
                "not_resources": [],
                "principals": [],
                "resources": [
                  "arn:aws:elasticfilesystem:us-east-1:268050465834:access-point/*",
                  "arn:aws:elasticfilesystem:us-east-1:268050465834:file-system/*"
                ],
                "sid": "AllowTagResource"
              },
              {
                "actions": [
                  "elasticfilesystem:ClientMount",
                  "elasticfilesystem:ClientRootAccess",
                  "elasticfilesystem:ClientWrite"
                ],
                "condition": [
                  {
                    "test": "Bool",
                    "values": [
                      "true"
                    ],
                    "variable": "elasticfilesystem:AccessedViaMountTarget"
                  }
                ],
                "effect": "Allow",
                "not_actions": [],
                "not_principals": [],
                "not_resources": [],
                "principals": [],
                "resources": [
                  "arn:aws:elasticfilesystem:us-east-1:268050465834:file-system/*"
                ],
                "sid": ""
              }
            ],
            "version": "2012-10-17"
          },
          "sensitive_attributes": []
        }
      ]
    },
    {
      "module": "module.eks_cluster.module.kubernetes_addons.module.aws_efs_csi_driver[0]",
      "mode": "managed",
      "type": "aws_iam_policy",
      "name": "aws_efs_csi_driver",
      "provider": "provider[\"registry.terraform.io/hashicorp/aws\"]",
      "instances": [
        {
          "schema_version": 0,
          "attributes": {
            "arn": "arn:aws:iam::268050465834:policy/eks-blueprint-blue-efs-csi-policy",
            "description": "IAM Policy for AWS EFS CSI Driver",
            "id": "arn:aws:iam::268050465834:policy/eks-blueprint-blue-efs-csi-policy",
            "name": "eks-blueprint-blue-efs-csi-policy",
            "name_prefix": "",
            "path": "/",
            "policy": "{\"Statement\":[{\"Action\":\"ec2:DescribeAvailabilityZones\",\"Effect\":\"Allow\",\"Resource\":\"*\",\"Sid\":\"AllowDescribeAvailabilityZones\"},{\"Action\":[\"elasticfilesystem:DescribeMountTargets\",\"elasticfilesystem:DescribeFileSystems\",\"elasticfilesystem:DescribeAccessPoints\"],\"Effect\":\"Allow\",\"Resource\":[\"arn:aws:elasticfilesystem:us-east-1:268050465834:file-system/*\",\"arn:aws:elasticfilesystem:us-east-1:268050465834:access-point/*\"],\"Sid\":\"AllowDescribeFileSystems\"},{\"Action\":\"elasticfilesystem:CreateAccessPoint\",\"Condition\":{\"StringLike\":{\"aws:RequestTag/efs.csi.aws.com/cluster\":\"true\"}},\"Effect\":\"Allow\",\"Resource\":\"arn:aws:elasticfilesystem:us-east-1:268050465834:file-system/*\",\"Sid\":\"AllowCreateAccessPoint\"},{\"Action\":\"elasticfilesystem:TagResource\",\"Condition\":{\"StringLike\":{\"aws:RequestTag/efs.csi.aws.com/cluster\":\"true\"}},\"Effect\":\"Allow\",\"Resource\":\"arn:aws:elasticfilesystem:us-east-1:268050465834:file-system/*\",\"Sid\":\"TagResource\"},{\"Action\":\"elasticfilesystem:DeleteAccessPoint\",\"Condition\":{\"StringLike\":{\"aws:ResourceTag/efs.csi.aws.com/cluster\":\"true\"}},\"Effect\":\"Allow\",\"Resource\":\"arn:aws:elasticfilesystem:us-east-1:268050465834:access-point/*\",\"Sid\":\"AllowDeleteAccessPoint\"},{\"Action\":\"elasticfilesystem:TagResource\",\"Condition\":{\"StringLike\":{\"aws:ResourceTag/efs.csi.aws.com/cluster\":\"true\"}},\"Effect\":\"Allow\",\"Resource\":[\"arn:aws:elasticfilesystem:us-east-1:268050465834:file-system/*\",\"arn:aws:elasticfilesystem:us-east-1:268050465834:access-point/*\"],\"Sid\":\"AllowTagResource\"},{\"Action\":[\"elasticfilesystem:ClientWrite\",\"elasticfilesystem:ClientRootAccess\",\"elasticfilesystem:ClientMount\"],\"Condition\":{\"Bool\":{\"elasticfilesystem:AccessedViaMountTarget\":\"true\"}},\"Effect\":\"Allow\",\"Resource\":\"arn:aws:elasticfilesystem:us-east-1:268050465834:file-system/*\"}],\"Version\":\"2012-10-17\"}",
            "policy_id": "ANPAT42INQQVPNOFNGFZQ",
            "tags": {},
            "tags_all": {}
          },
          "sensitive_attributes": [],
          "private": "bnVsbA==",
          "dependencies": [
            "module.eks_cluster.data.aws_subnets.private",
            "module.eks_cluster.data.aws_vpc.vpc",
            "module.eks_cluster.module.eks.aws_cloudwatch_log_group.this",
            "module.eks_cluster.module.eks.aws_eks_cluster.this",
            "module.eks_cluster.module.eks.aws_iam_policy.cni_ipv6_policy",
            "module.eks_cluster.module.eks.aws_iam_role.this",
            "module.eks_cluster.module.eks.aws_iam_role_policy_attachment.this",
            "module.eks_cluster.module.eks.aws_security_group.cluster",
            "module.eks_cluster.module.eks.aws_security_group.node",
            "module.eks_cluster.module.eks.aws_security_group_rule.cluster",
            "module.eks_cluster.module.eks.aws_security_group_rule.node",
            "module.eks_cluster.module.eks.data.aws_caller_identity.current",
            "module.eks_cluster.module.eks.data.aws_iam_policy_document.assume_role_policy",
            "module.eks_cluster.module.eks.data.aws_iam_policy_document.cni_ipv6_policy",
            "module.eks_cluster.module.eks.data.aws_iam_session_context.current",
            "module.eks_cluster.module.eks.data.aws_partition.current",
            "module.eks_cluster.module.eks.module.kms.aws_kms_external_key.this",
            "module.eks_cluster.module.eks.module.kms.aws_kms_key.this",
            "module.eks_cluster.module.eks.module.kms.data.aws_caller_identity.current",
            "module.eks_cluster.module.eks.module.kms.data.aws_iam_policy_document.this",
            "module.eks_cluster.module.eks.module.kms.data.aws_partition.current",
            "module.eks_cluster.module.kubernetes_addons.data.aws_caller_identity.current",
            "module.eks_cluster.module.kubernetes_addons.data.aws_eks_cluster.eks_cluster",
            "module.eks_cluster.module.kubernetes_addons.data.aws_partition.current",
            "module.eks_cluster.module.kubernetes_addons.data.aws_region.current",
            "module.eks_cluster.module.kubernetes_addons.module.aws_efs_csi_driver.data.aws_iam_policy_document.aws_efs_csi_driver",
            "module.eks_cluster.module.kubernetes_addons.time_sleep.dataplane"
          ]
        }
      ]
    },
    {
      "module": "module.eks_cluster.module.kubernetes_addons.module.aws_efs_csi_driver[0].module.helm_addon",
      "mode": "managed",
      "type": "helm_release",
      "name": "addon",
      "provider": "provider[\"registry.terraform.io/hashicorp/helm\"]",
      "instances": [
        {
          "index_key": 0,
          "schema_version": 1,
          "attributes": {
            "atomic": false,
            "chart": "aws-efs-csi-driver",
            "cleanup_on_fail": false,
            "create_namespace": false,
            "dependency_update": false,
            "description": "The AWS EFS CSI driver Helm chart deployment configuration",
            "devel": null,
            "disable_crd_hooks": false,
            "disable_openapi_validation": false,
            "disable_webhooks": false,
            "force_update": false,
            "id": "aws-efs-csi-driver",
            "keyring": "",
            "lint": false,
            "manifest": null,
            "max_history": 0,
            "metadata": [
              {
                "app_version": "1.4.5",
                "chart": "aws-efs-csi-driver",
                "name": "aws-efs-csi-driver",
                "namespace": "kube-system",
                "revision": 1,
                "values": "{\"controller\":{\"serviceAccount\":{\"create\":false,\"name\":\"aws-efs-csi-driver-sa\"}},\"node\":{\"serviceAccount\":{\"create\":false,\"name\":\"aws-efs-csi-driver-sa\"}}}",
                "version": "2.3.2"
              }
            ],
            "name": "aws-efs-csi-driver",
            "namespace": "kube-system",
            "pass_credentials": false,
            "postrender": [
              {
                "args": [],
                "binary_path": ""
              }
            ],
            "recreate_pods": false,
            "render_subchart_notes": true,
            "replace": false,
            "repository": "https://kubernetes-sigs.github.io/aws-efs-csi-driver/",
            "repository_ca_file": null,
            "repository_cert_file": "",
            "repository_key_file": "",
            "repository_password": "",
            "repository_username": "",
            "reset_values": false,
            "reuse_values": false,
            "set": [
              {
                "name": "controller.serviceAccount.create",
                "type": "",
                "value": "false"
              },
              {
                "name": "controller.serviceAccount.name",
                "type": "",
                "value": "aws-efs-csi-driver-sa"
              },
              {
                "name": "node.serviceAccount.create",
                "type": "",
                "value": "false"
              },
              {
                "name": "node.serviceAccount.name",
                "type": "",
                "value": "aws-efs-csi-driver-sa"
              }
            ],
            "set_list": [],
            "set_sensitive": [],
            "skip_crds": false,
            "status": "deployed",
            "timeout": 1200,
            "values": null,
            "verify": false,
            "version": "2.3.2",
            "wait": true,
            "wait_for_jobs": false
          },
          "sensitive_attributes": [],
          "private": "eyJzY2hlbWFfdmVyc2lvbiI6IjEifQ==",
          "dependencies": [
            "module.eks_cluster.data.aws_subnets.private",
            "module.eks_cluster.data.aws_vpc.vpc",
            "module.eks_cluster.module.eks.aws_cloudwatch_log_group.this",
            "module.eks_cluster.module.eks.aws_eks_cluster.this",
            "module.eks_cluster.module.eks.aws_iam_policy.cni_ipv6_policy",
            "module.eks_cluster.module.eks.aws_iam_role.this",
            "module.eks_cluster.module.eks.aws_iam_role_policy_attachment.this",
            "module.eks_cluster.module.eks.aws_security_group.cluster",
            "module.eks_cluster.module.eks.aws_security_group.node",
            "module.eks_cluster.module.eks.aws_security_group_rule.cluster",
            "module.eks_cluster.module.eks.aws_security_group_rule.node",
            "module.eks_cluster.module.eks.data.aws_caller_identity.current",
            "module.eks_cluster.module.eks.data.aws_iam_policy_document.assume_role_policy",
            "module.eks_cluster.module.eks.data.aws_iam_policy_document.cni_ipv6_policy",
            "module.eks_cluster.module.eks.data.aws_iam_session_context.current",
            "module.eks_cluster.module.eks.data.aws_partition.current",
            "module.eks_cluster.module.eks.module.kms.aws_kms_external_key.this",
            "module.eks_cluster.module.eks.module.kms.aws_kms_key.this",
            "module.eks_cluster.module.eks.module.kms.data.aws_caller_identity.current",
            "module.eks_cluster.module.eks.module.kms.data.aws_iam_policy_document.this",
            "module.eks_cluster.module.eks.module.kms.data.aws_partition.current",
            "module.eks_cluster.module.kubernetes_addons.data.aws_caller_identity.current",
            "module.eks_cluster.module.kubernetes_addons.data.aws_eks_cluster.eks_cluster",
            "module.eks_cluster.module.kubernetes_addons.data.aws_partition.current",
            "module.eks_cluster.module.kubernetes_addons.data.aws_region.current",
            "module.eks_cluster.module.kubernetes_addons.module.aws_efs_csi_driver.aws_iam_policy.aws_efs_csi_driver",
            "module.eks_cluster.module.kubernetes_addons.module.aws_efs_csi_driver.data.aws_iam_policy_document.aws_efs_csi_driver",
            "module.eks_cluster.module.kubernetes_addons.module.aws_efs_csi_driver.module.helm_addon.module.irsa.aws_iam_role.irsa",
            "module.eks_cluster.module.kubernetes_addons.module.aws_efs_csi_driver.module.helm_addon.module.irsa.aws_iam_role_policy_attachment.irsa",
            "module.eks_cluster.module.kubernetes_addons.module.aws_efs_csi_driver.module.helm_addon.module.irsa.kubernetes_namespace_v1.irsa",
            "module.eks_cluster.module.kubernetes_addons.module.aws_efs_csi_driver.module.helm_addon.module.irsa.kubernetes_secret_v1.irsa",
            "module.eks_cluster.module.kubernetes_addons.module.aws_efs_csi_driver.module.helm_addon.module.irsa.kubernetes_service_account_v1.irsa",
            "module.eks_cluster.module.kubernetes_addons.time_sleep.dataplane"
          ]
        }
      ]
    },
    {
      "module": "module.eks_cluster.module.kubernetes_addons.module.aws_efs_csi_driver[0].module.helm_addon.module.irsa[0]",
      "mode": "managed",
      "type": "aws_iam_role",
      "name": "irsa",
      "provider": "provider[\"registry.terraform.io/hashicorp/aws\"]",
      "instances": [
        {
          "index_key": 0,
          "schema_version": 0,
          "attributes": {
            "arn": "arn:aws:iam::268050465834:role/eks-blueprint-blue-aws-efs-csi-driver-sa-irsa",
            "assume_role_policy": "{\"Statement\":[{\"Action\":\"sts:AssumeRoleWithWebIdentity\",\"Condition\":{\"StringLike\":{\"oidc.eks.us-east-1.amazonaws.com/id/55CEBE7FF41F53C3E48BB83F2E8FA157:aud\":\"sts.amazonaws.com\",\"oidc.eks.us-east-1.amazonaws.com/id/55CEBE7FF41F53C3E48BB83F2E8FA157:sub\":\"system:serviceaccount:kube-system:aws-efs-csi-driver-sa\"}},\"Effect\":\"Allow\",\"Principal\":{\"Federated\":\"arn:aws:iam::268050465834:oidc-provider/oidc.eks.us-east-1.amazonaws.com/id/55CEBE7FF41F53C3E48BB83F2E8FA157\"}}],\"Version\":\"2012-10-17\"}",
            "create_date": "2023-10-27T15:09:31Z",
            "description": "AWS IAM Role for the Kubernetes service account aws-efs-csi-driver-sa.",
            "force_detach_policies": true,
            "id": "eks-blueprint-blue-aws-efs-csi-driver-sa-irsa",
            "inline_policy": [],
            "managed_policy_arns": [
              "arn:aws:iam::268050465834:policy/eks-blueprint-blue-efs-csi-policy"
            ],
            "max_session_duration": 3600,
            "name": "eks-blueprint-blue-aws-efs-csi-driver-sa-irsa",
            "name_prefix": "",
            "path": "/",
            "permissions_boundary": "",
            "tags": {},
            "tags_all": {},
            "unique_id": "AROAT42INQQVKUMH3OLHA"
          },
          "sensitive_attributes": [],
          "private": "bnVsbA==",
          "dependencies": [
            "module.eks_cluster.data.aws_subnets.private",
            "module.eks_cluster.data.aws_vpc.vpc",
            "module.eks_cluster.module.eks.aws_cloudwatch_log_group.this",
            "module.eks_cluster.module.eks.aws_eks_cluster.this",
            "module.eks_cluster.module.eks.aws_iam_policy.cni_ipv6_policy",
            "module.eks_cluster.module.eks.aws_iam_role.this",
            "module.eks_cluster.module.eks.aws_iam_role_policy_attachment.this",
            "module.eks_cluster.module.eks.aws_security_group.cluster",
            "module.eks_cluster.module.eks.aws_security_group.node",
            "module.eks_cluster.module.eks.aws_security_group_rule.cluster",
            "module.eks_cluster.module.eks.aws_security_group_rule.node",
            "module.eks_cluster.module.eks.data.aws_caller_identity.current",
            "module.eks_cluster.module.eks.data.aws_iam_policy_document.assume_role_policy",
            "module.eks_cluster.module.eks.data.aws_iam_policy_document.cni_ipv6_policy",
            "module.eks_cluster.module.eks.data.aws_iam_session_context.current",
            "module.eks_cluster.module.eks.data.aws_partition.current",
            "module.eks_cluster.module.eks.module.kms.aws_kms_external_key.this",
            "module.eks_cluster.module.eks.module.kms.aws_kms_key.this",
            "module.eks_cluster.module.eks.module.kms.data.aws_caller_identity.current",
            "module.eks_cluster.module.eks.module.kms.data.aws_iam_policy_document.this",
            "module.eks_cluster.module.eks.module.kms.data.aws_partition.current",
            "module.eks_cluster.module.kubernetes_addons.data.aws_caller_identity.current",
            "module.eks_cluster.module.kubernetes_addons.data.aws_eks_cluster.eks_cluster",
            "module.eks_cluster.module.kubernetes_addons.data.aws_partition.current",
            "module.eks_cluster.module.kubernetes_addons.data.aws_region.current",
            "module.eks_cluster.module.kubernetes_addons.module.aws_efs_csi_driver.aws_iam_policy.aws_efs_csi_driver",
            "module.eks_cluster.module.kubernetes_addons.module.aws_efs_csi_driver.data.aws_iam_policy_document.aws_efs_csi_driver",
            "module.eks_cluster.module.kubernetes_addons.time_sleep.dataplane"
          ]
        }
      ]
    },
    {
      "module": "module.eks_cluster.module.kubernetes_addons.module.aws_efs_csi_driver[0].module.helm_addon.module.irsa[0]",
      "mode": "managed",
      "type": "aws_iam_role_policy_attachment",
      "name": "irsa",
      "provider": "provider[\"registry.terraform.io/hashicorp/aws\"]",
      "instances": [
        {
          "index_key": 0,
          "schema_version": 0,
          "attributes": {
            "id": "eks-blueprint-blue-aws-efs-csi-driver-sa-irsa-20231027150932484400000002",
            "policy_arn": "arn:aws:iam::268050465834:policy/eks-blueprint-blue-efs-csi-policy",
            "role": "eks-blueprint-blue-aws-efs-csi-driver-sa-irsa"
          },
          "sensitive_attributes": [],
          "private": "bnVsbA==",
          "dependencies": [
            "module.eks_cluster.data.aws_subnets.private",
            "module.eks_cluster.data.aws_vpc.vpc",
            "module.eks_cluster.module.eks.aws_cloudwatch_log_group.this",
            "module.eks_cluster.module.eks.aws_eks_cluster.this",
            "module.eks_cluster.module.eks.aws_iam_policy.cni_ipv6_policy",
            "module.eks_cluster.module.eks.aws_iam_role.this",
            "module.eks_cluster.module.eks.aws_iam_role_policy_attachment.this",
            "module.eks_cluster.module.eks.aws_security_group.cluster",
            "module.eks_cluster.module.eks.aws_security_group.node",
            "module.eks_cluster.module.eks.aws_security_group_rule.cluster",
            "module.eks_cluster.module.eks.aws_security_group_rule.node",
            "module.eks_cluster.module.eks.data.aws_caller_identity.current",
            "module.eks_cluster.module.eks.data.aws_iam_policy_document.assume_role_policy",
            "module.eks_cluster.module.eks.data.aws_iam_policy_document.cni_ipv6_policy",
            "module.eks_cluster.module.eks.data.aws_iam_session_context.current",
            "module.eks_cluster.module.eks.data.aws_partition.current",
            "module.eks_cluster.module.eks.module.kms.aws_kms_external_key.this",
            "module.eks_cluster.module.eks.module.kms.aws_kms_key.this",
            "module.eks_cluster.module.eks.module.kms.data.aws_caller_identity.current",
            "module.eks_cluster.module.eks.module.kms.data.aws_iam_policy_document.this",
            "module.eks_cluster.module.eks.module.kms.data.aws_partition.current",
            "module.eks_cluster.module.kubernetes_addons.data.aws_caller_identity.current",
            "module.eks_cluster.module.kubernetes_addons.data.aws_eks_cluster.eks_cluster",
            "module.eks_cluster.module.kubernetes_addons.data.aws_partition.current",
            "module.eks_cluster.module.kubernetes_addons.data.aws_region.current",
            "module.eks_cluster.module.kubernetes_addons.module.aws_efs_csi_driver.aws_iam_policy.aws_efs_csi_driver",
            "module.eks_cluster.module.kubernetes_addons.module.aws_efs_csi_driver.data.aws_iam_policy_document.aws_efs_csi_driver",
            "module.eks_cluster.module.kubernetes_addons.module.aws_efs_csi_driver.module.helm_addon.module.irsa.aws_iam_role.irsa",
            "module.eks_cluster.module.kubernetes_addons.time_sleep.dataplane"
          ]
        }
      ]
    },
    {
      "module": "module.eks_cluster.module.kubernetes_addons.module.aws_efs_csi_driver[0].module.helm_addon.module.irsa[0]",
      "mode": "managed",
      "type": "kubernetes_service_account_v1",
      "name": "irsa",
      "provider": "provider[\"registry.terraform.io/hashicorp/kubernetes\"]",
      "instances": [
        {
          "index_key": 0,
          "schema_version": 0,
          "attributes": {
            "automount_service_account_token": true,
            "default_secret_name": "",
            "id": "kube-system/aws-efs-csi-driver-sa",
            "image_pull_secret": [],
            "metadata": [
              {
                "annotations": {
                  "eks.amazonaws.com/role-arn": "arn:aws:iam::268050465834:role/eks-blueprint-blue-aws-efs-csi-driver-sa-irsa"
                },
                "generate_name": "",
                "generation": 0,
                "labels": {},
                "name": "aws-efs-csi-driver-sa",
                "namespace": "kube-system",
                "resource_version": "170674",
                "uid": "fa17d99a-c4d5-46c5-9871-eaaecbc1f9c4"
              }
            ],
            "secret": [],
            "timeouts": null
          },
          "sensitive_attributes": [],
          "private": "eyJlMmJmYjczMC1lY2FhLTExZTYtOGY4OC0zNDM2M2JjN2M0YzAiOnsiY3JlYXRlIjozMDAwMDAwMDAwMH19",
          "dependencies": [
            "module.eks_cluster.data.aws_subnets.private",
            "module.eks_cluster.data.aws_vpc.vpc",
            "module.eks_cluster.module.eks.aws_cloudwatch_log_group.this",
            "module.eks_cluster.module.eks.aws_eks_cluster.this",
            "module.eks_cluster.module.eks.aws_iam_policy.cni_ipv6_policy",
            "module.eks_cluster.module.eks.aws_iam_role.this",
            "module.eks_cluster.module.eks.aws_iam_role_policy_attachment.this",
            "module.eks_cluster.module.eks.aws_security_group.cluster",
            "module.eks_cluster.module.eks.aws_security_group.node",
            "module.eks_cluster.module.eks.aws_security_group_rule.cluster",
            "module.eks_cluster.module.eks.aws_security_group_rule.node",
            "module.eks_cluster.module.eks.data.aws_caller_identity.current",
            "module.eks_cluster.module.eks.data.aws_iam_policy_document.assume_role_policy",
            "module.eks_cluster.module.eks.data.aws_iam_policy_document.cni_ipv6_policy",
            "module.eks_cluster.module.eks.data.aws_iam_session_context.current",
            "module.eks_cluster.module.eks.data.aws_partition.current",
            "module.eks_cluster.module.eks.module.kms.aws_kms_external_key.this",
            "module.eks_cluster.module.eks.module.kms.aws_kms_key.this",
            "module.eks_cluster.module.eks.module.kms.data.aws_caller_identity.current",
            "module.eks_cluster.module.eks.module.kms.data.aws_iam_policy_document.this",
            "module.eks_cluster.module.eks.module.kms.data.aws_partition.current",
            "module.eks_cluster.module.kubernetes_addons.data.aws_caller_identity.current",
            "module.eks_cluster.module.kubernetes_addons.data.aws_eks_cluster.eks_cluster",
            "module.eks_cluster.module.kubernetes_addons.data.aws_partition.current",
            "module.eks_cluster.module.kubernetes_addons.data.aws_region.current",
            "module.eks_cluster.module.kubernetes_addons.module.aws_efs_csi_driver.aws_iam_policy.aws_efs_csi_driver",
            "module.eks_cluster.module.kubernetes_addons.module.aws_efs_csi_driver.data.aws_iam_policy_document.aws_efs_csi_driver",
            "module.eks_cluster.module.kubernetes_addons.module.aws_efs_csi_driver.module.helm_addon.module.irsa.aws_iam_role.irsa",
            "module.eks_cluster.module.kubernetes_addons.module.aws_efs_csi_driver.module.helm_addon.module.irsa.kubernetes_namespace_v1.irsa",
            "module.eks_cluster.module.kubernetes_addons.time_sleep.dataplane"
          ]
        }
      ]
    },
    {
      "module": "module.eks_cluster.module.kubernetes_addons.module.aws_for_fluent_bit[0]",
      "mode": "data",
      "type": "aws_iam_policy_document",
      "name": "irsa",
      "provider": "provider[\"registry.terraform.io/hashicorp/aws\"]",
      "instances": [
        {
          "schema_version": 0,
          "attributes": {
            "id": "881106518",
            "json": "{\n  \"Version\": \"2012-10-17\",\n  \"Statement\": [\n    {\n      \"Sid\": \"PutLogEvents\",\n      \"Effect\": \"Allow\",\n      \"Action\": \"logs:PutLogEvents\",\n      \"Resource\": \"arn:aws:logs:us-east-1:268050465834:log-group:*:log-stream:*\"\n    },\n    {\n      \"Sid\": \"CreateCWLogs\",\n      \"Effect\": \"Allow\",\n      \"Action\": [\n        \"logs:DescribeLogStreams\",\n        \"logs:DescribeLogGroups\",\n        \"logs:CreateLogStream\",\n        \"logs:CreateLogGroup\"\n      ],\n      \"Resource\": \"arn:aws:logs:us-east-1:268050465834:log-group:*\"\n    }\n  ]\n}",
            "override_policy_documents": null,
            "policy_id": null,
            "source_policy_documents": null,
            "statement": [
              {
                "actions": [
                  "logs:PutLogEvents"
                ],
                "condition": [],
                "effect": "Allow",
                "not_actions": [],
                "not_principals": [],
                "not_resources": [],
                "principals": [],
                "resources": [
                  "arn:aws:logs:us-east-1:268050465834:log-group:*:log-stream:*"
                ],
                "sid": "PutLogEvents"
              },
              {
                "actions": [
                  "logs:CreateLogGroup",
                  "logs:CreateLogStream",
                  "logs:DescribeLogGroups",
                  "logs:DescribeLogStreams"
                ],
                "condition": [],
                "effect": "Allow",
                "not_actions": [],
                "not_principals": [],
                "not_resources": [],
                "principals": [],
                "resources": [
                  "arn:aws:logs:us-east-1:268050465834:log-group:*"
                ],
                "sid": "CreateCWLogs"
              }
            ],
            "version": "2012-10-17"
          },
          "sensitive_attributes": []
        }
      ]
    },
    {
      "module": "module.eks_cluster.module.kubernetes_addons.module.aws_for_fluent_bit[0]",
      "mode": "data",
      "type": "aws_iam_policy_document",
      "name": "kms",
      "provider": "provider[\"registry.terraform.io/hashicorp/aws\"]",
      "instances": [
        {
          "schema_version": 0,
          "attributes": {
            "id": "2960917042",
            "json": "{\n  \"Version\": \"2012-10-17\",\n  \"Statement\": [\n    {\n      \"Sid\": \"Enable IAM User Permissions\",\n      \"Effect\": \"Allow\",\n      \"Action\": \"kms:*\",\n      \"Resource\": \"*\",\n      \"Principal\": {\n        \"AWS\": [\n          \"arn:aws:iam::268050465834:user/admineks\",\n          \"arn:aws:iam::268050465834:root\"\n        ]\n      }\n    },\n    {\n      \"Sid\": \"Enable Encryption for LogGroup\",\n      \"Effect\": \"Allow\",\n      \"Action\": [\n        \"kms:ReEncrypt*\",\n        \"kms:GenerateDataKey*\",\n        \"kms:Encrypt*\",\n        \"kms:Describe*\",\n        \"kms:Decrypt*\"\n      ],\n      \"Resource\": \"*\",\n      \"Principal\": {\n        \"Service\": \"logs.us-east-1.amazonaws.com\"\n      },\n      \"Condition\": {\n        \"ArnEquals\": {\n          \"kms:EncryptionContext:aws:logs:arn\": \"arn:aws:logs:us-east-1:268050465834:log-group:/eks-blueprint-blue/worker-fluentbit-logs\"\n        }\n      }\n    }\n  ]\n}",
            "override_policy_documents": null,
            "policy_id": null,
            "source_policy_documents": null,
            "statement": [
              {
                "actions": [
                  "kms:*"
                ],
                "condition": [],
                "effect": "Allow",
                "not_actions": [],
                "not_principals": [],
                "not_resources": [],
                "principals": [
                  {
                    "identifiers": [
                      "arn:aws:iam::268050465834:root",
                      "arn:aws:iam::268050465834:user/admineks"
                    ],
                    "type": "AWS"
                  }
                ],
                "resources": [
                  "*"
                ],
                "sid": "Enable IAM User Permissions"
              },
              {
                "actions": [
                  "kms:Decrypt*",
                  "kms:Describe*",
                  "kms:Encrypt*",
                  "kms:GenerateDataKey*",
                  "kms:ReEncrypt*"
                ],
                "condition": [
                  {
                    "test": "ArnEquals",
                    "values": [
                      "arn:aws:logs:us-east-1:268050465834:log-group:/eks-blueprint-blue/worker-fluentbit-logs"
                    ],
                    "variable": "kms:EncryptionContext:aws:logs:arn"
                  }
                ],
                "effect": "Allow",
                "not_actions": [],
                "not_principals": [],
                "not_resources": [],
                "principals": [
                  {
                    "identifiers": [
                      "logs.us-east-1.amazonaws.com"
                    ],
                    "type": "Service"
                  }
                ],
                "resources": [
                  "*"
                ],
                "sid": "Enable Encryption for LogGroup"
              }
            ],
            "version": "2012-10-17"
          },
          "sensitive_attributes": []
        }
      ]
    },
    {
      "module": "module.eks_cluster.module.kubernetes_addons.module.aws_for_fluent_bit[0]",
      "mode": "data",
      "type": "aws_iam_session_context",
      "name": "current",
      "provider": "provider[\"registry.terraform.io/hashicorp/aws\"]",
      "instances": [
        {
          "schema_version": 0,
          "attributes": {
            "arn": "arn:aws:iam::268050465834:user/admineks",
            "id": "arn:aws:iam::268050465834:user/admineks",
            "issuer_arn": "arn:aws:iam::268050465834:user/admineks",
            "issuer_id": "",
            "issuer_name": "",
            "session_name": ""
          },
          "sensitive_attributes": []
        }
      ]
    },
    {
      "module": "module.eks_cluster.module.kubernetes_addons.module.aws_for_fluent_bit[0]",
      "mode": "managed",
      "type": "aws_cloudwatch_log_group",
      "name": "aws_for_fluent_bit",
      "provider": "provider[\"registry.terraform.io/hashicorp/aws\"]",
      "instances": [
        {
          "index_key": 0,
          "schema_version": 0,
          "attributes": {
            "arn": "arn:aws:logs:us-east-1:268050465834:log-group:/eks-blueprint-blue/worker-fluentbit-logs",
            "id": "/eks-blueprint-blue/worker-fluentbit-logs",
            "kms_key_id": "arn:aws:kms:us-east-1:268050465834:key/2b4634a2-0c7b-4535-a3d8-86e18e4d35a9",
            "name": "/eks-blueprint-blue/worker-fluentbit-logs",
            "name_prefix": "",
            "retention_in_days": 90,
            "skip_destroy": false,
            "tags": {},
            "tags_all": {}
          },
          "sensitive_attributes": [],
          "private": "bnVsbA==",
          "dependencies": [
            "module.eks_cluster.data.aws_subnets.private",
            "module.eks_cluster.data.aws_vpc.vpc",
            "module.eks_cluster.module.eks.aws_cloudwatch_log_group.this",
            "module.eks_cluster.module.eks.aws_eks_cluster.this",
            "module.eks_cluster.module.eks.aws_iam_policy.cni_ipv6_policy",
            "module.eks_cluster.module.eks.aws_iam_role.this",
            "module.eks_cluster.module.eks.aws_iam_role_policy_attachment.this",
            "module.eks_cluster.module.eks.aws_security_group.cluster",
            "module.eks_cluster.module.eks.aws_security_group.node",
            "module.eks_cluster.module.eks.aws_security_group_rule.cluster",
            "module.eks_cluster.module.eks.aws_security_group_rule.node",
            "module.eks_cluster.module.eks.data.aws_caller_identity.current",
            "module.eks_cluster.module.eks.data.aws_iam_policy_document.assume_role_policy",
            "module.eks_cluster.module.eks.data.aws_iam_policy_document.cni_ipv6_policy",
            "module.eks_cluster.module.eks.data.aws_iam_session_context.current",
            "module.eks_cluster.module.eks.data.aws_partition.current",
            "module.eks_cluster.module.eks.module.kms.aws_kms_external_key.this",
            "module.eks_cluster.module.eks.module.kms.aws_kms_key.this",
            "module.eks_cluster.module.eks.module.kms.data.aws_caller_identity.current",
            "module.eks_cluster.module.eks.module.kms.data.aws_iam_policy_document.this",
            "module.eks_cluster.module.eks.module.kms.data.aws_partition.current",
            "module.eks_cluster.module.kubernetes_addons.data.aws_caller_identity.current",
            "module.eks_cluster.module.kubernetes_addons.data.aws_eks_cluster.eks_cluster",
            "module.eks_cluster.module.kubernetes_addons.data.aws_partition.current",
            "module.eks_cluster.module.kubernetes_addons.data.aws_region.current",
            "module.eks_cluster.module.kubernetes_addons.module.aws_for_fluent_bit.data.aws_iam_policy_document.kms",
            "module.eks_cluster.module.kubernetes_addons.module.aws_for_fluent_bit.data.aws_iam_session_context.current",
            "module.eks_cluster.module.kubernetes_addons.module.aws_for_fluent_bit.module.kms.aws_kms_key.this",
            "module.eks_cluster.module.kubernetes_addons.time_sleep.dataplane"
          ]
        }
      ]
    },
    {
      "module": "module.eks_cluster.module.kubernetes_addons.module.aws_for_fluent_bit[0]",
      "mode": "managed",
      "type": "aws_iam_policy",
      "name": "aws_for_fluent_bit",
      "provider": "provider[\"registry.terraform.io/hashicorp/aws\"]",
      "instances": [
        {
          "schema_version": 0,
          "attributes": {
            "arn": "arn:aws:iam::268050465834:policy/eks-blueprint-blue-fluentbit",
            "description": "IAM Policy for AWS for FluentBit",
            "id": "arn:aws:iam::268050465834:policy/eks-blueprint-blue-fluentbit",
            "name": "eks-blueprint-blue-fluentbit",
            "name_prefix": "",
            "path": "/",
            "policy": "{\"Statement\":[{\"Action\":\"logs:PutLogEvents\",\"Effect\":\"Allow\",\"Resource\":\"arn:aws:logs:us-east-1:268050465834:log-group:*:log-stream:*\",\"Sid\":\"PutLogEvents\"},{\"Action\":[\"logs:DescribeLogStreams\",\"logs:DescribeLogGroups\",\"logs:CreateLogStream\",\"logs:CreateLogGroup\"],\"Effect\":\"Allow\",\"Resource\":\"arn:aws:logs:us-east-1:268050465834:log-group:*\",\"Sid\":\"CreateCWLogs\"}],\"Version\":\"2012-10-17\"}",
            "policy_id": "ANPAT42INQQVERJE2SYU7",
            "tags": {},
            "tags_all": {}
          },
          "sensitive_attributes": [],
          "private": "bnVsbA==",
          "dependencies": [
            "module.eks_cluster.data.aws_subnets.private",
            "module.eks_cluster.data.aws_vpc.vpc",
            "module.eks_cluster.module.eks.aws_cloudwatch_log_group.this",
            "module.eks_cluster.module.eks.aws_eks_cluster.this",
            "module.eks_cluster.module.eks.aws_iam_policy.cni_ipv6_policy",
            "module.eks_cluster.module.eks.aws_iam_role.this",
            "module.eks_cluster.module.eks.aws_iam_role_policy_attachment.this",
            "module.eks_cluster.module.eks.aws_security_group.cluster",
            "module.eks_cluster.module.eks.aws_security_group.node",
            "module.eks_cluster.module.eks.aws_security_group_rule.cluster",
            "module.eks_cluster.module.eks.aws_security_group_rule.node",
            "module.eks_cluster.module.eks.data.aws_caller_identity.current",
            "module.eks_cluster.module.eks.data.aws_iam_policy_document.assume_role_policy",
            "module.eks_cluster.module.eks.data.aws_iam_policy_document.cni_ipv6_policy",
            "module.eks_cluster.module.eks.data.aws_iam_session_context.current",
            "module.eks_cluster.module.eks.data.aws_partition.current",
            "module.eks_cluster.module.eks.module.kms.aws_kms_external_key.this",
            "module.eks_cluster.module.eks.module.kms.aws_kms_key.this",
            "module.eks_cluster.module.eks.module.kms.data.aws_caller_identity.current",
            "module.eks_cluster.module.eks.module.kms.data.aws_iam_policy_document.this",
            "module.eks_cluster.module.eks.module.kms.data.aws_partition.current",
            "module.eks_cluster.module.kubernetes_addons.data.aws_caller_identity.current",
            "module.eks_cluster.module.kubernetes_addons.data.aws_eks_cluster.eks_cluster",
            "module.eks_cluster.module.kubernetes_addons.data.aws_partition.current",
            "module.eks_cluster.module.kubernetes_addons.data.aws_region.current",
            "module.eks_cluster.module.kubernetes_addons.module.aws_for_fluent_bit.data.aws_iam_policy_document.irsa",
            "module.eks_cluster.module.kubernetes_addons.time_sleep.dataplane"
          ]
        }
      ]
    },
    {
      "module": "module.eks_cluster.module.kubernetes_addons.module.aws_for_fluent_bit[0].module.helm_addon",
      "mode": "managed",
      "type": "helm_release",
      "name": "addon",
      "provider": "provider[\"registry.terraform.io/hashicorp/helm\"]",
      "instances": [
        {
          "index_key": 0,
          "schema_version": 1,
          "attributes": {
            "atomic": false,
            "chart": "aws-for-fluent-bit",
            "cleanup_on_fail": false,
            "create_namespace": false,
            "dependency_update": false,
            "description": "aws-for-fluentbit Helm Chart deployment configuration",
            "devel": null,
            "disable_crd_hooks": false,
            "disable_openapi_validation": false,
            "disable_webhooks": false,
            "force_update": false,
            "id": "aws-for-fluent-bit",
            "keyring": "",
            "lint": false,
            "manifest": null,
            "max_history": 0,
            "metadata": [
              {
                "app_version": "2.28.4",
                "chart": "aws-for-fluent-bit",
                "name": "aws-for-fluent-bit",
                "namespace": "aws-for-fluent-bit",
                "revision": 1,
                "values": "{\"cloudWatchLogs\":{\"enabled\":true,\"logGroupName\":\"/eks-blueprint-blue/worker-fluentbit-logs\",\"region\":\"us-east-1\"},\"serviceAccount\":{\"create\":false,\"name\":\"aws-for-fluent-bit-sa\"}}",
                "version": "0.1.24"
              }
            ],
            "name": "aws-for-fluent-bit",
            "namespace": "aws-for-fluent-bit",
            "pass_credentials": false,
            "postrender": [
              {
                "args": [],
                "binary_path": ""
              }
            ],
            "recreate_pods": false,
            "render_subchart_notes": true,
            "replace": false,
            "repository": "https://aws.github.io/eks-charts",
            "repository_ca_file": null,
            "repository_cert_file": "",
            "repository_key_file": "",
            "repository_password": "",
            "repository_username": "",
            "reset_values": false,
            "reuse_values": false,
            "set": [
              {
                "name": "serviceAccount.create",
                "type": "",
                "value": "false"
              },
              {
                "name": "serviceAccount.name",
                "type": "",
                "value": "aws-for-fluent-bit-sa"
              }
            ],
            "set_list": [],
            "set_sensitive": [],
            "skip_crds": false,
            "status": "deployed",
            "timeout": 1200,
            "values": [
              "serviceAccount:\n  create: false\n  name: aws-for-fluent-bit-sa\n\ncloudWatchLogs:\n  enabled: true\n  region: us-east-1\n  logGroupName: /eks-blueprint-blue/worker-fluentbit-logs\n"
            ],
            "verify": false,
            "version": "0.1.24",
            "wait": true,
            "wait_for_jobs": false
          },
          "sensitive_attributes": [],
          "private": "eyJzY2hlbWFfdmVyc2lvbiI6IjEifQ==",
          "dependencies": [
            "module.eks_cluster.data.aws_subnets.private",
            "module.eks_cluster.data.aws_vpc.vpc",
            "module.eks_cluster.module.eks.aws_cloudwatch_log_group.this",
            "module.eks_cluster.module.eks.aws_eks_cluster.this",
            "module.eks_cluster.module.eks.aws_iam_policy.cni_ipv6_policy",
            "module.eks_cluster.module.eks.aws_iam_role.this",
            "module.eks_cluster.module.eks.aws_iam_role_policy_attachment.this",
            "module.eks_cluster.module.eks.aws_security_group.cluster",
            "module.eks_cluster.module.eks.aws_security_group.node",
            "module.eks_cluster.module.eks.aws_security_group_rule.cluster",
            "module.eks_cluster.module.eks.aws_security_group_rule.node",
            "module.eks_cluster.module.eks.data.aws_caller_identity.current",
            "module.eks_cluster.module.eks.data.aws_iam_policy_document.assume_role_policy",
            "module.eks_cluster.module.eks.data.aws_iam_policy_document.cni_ipv6_policy",
            "module.eks_cluster.module.eks.data.aws_iam_session_context.current",
            "module.eks_cluster.module.eks.data.aws_partition.current",
            "module.eks_cluster.module.eks.module.kms.aws_kms_external_key.this",
            "module.eks_cluster.module.eks.module.kms.aws_kms_key.this",
            "module.eks_cluster.module.eks.module.kms.data.aws_caller_identity.current",
            "module.eks_cluster.module.eks.module.kms.data.aws_iam_policy_document.this",
            "module.eks_cluster.module.eks.module.kms.data.aws_partition.current",
            "module.eks_cluster.module.kubernetes_addons.data.aws_caller_identity.current",
            "module.eks_cluster.module.kubernetes_addons.data.aws_eks_cluster.eks_cluster",
            "module.eks_cluster.module.kubernetes_addons.data.aws_partition.current",
            "module.eks_cluster.module.kubernetes_addons.data.aws_region.current",
            "module.eks_cluster.module.kubernetes_addons.module.aws_for_fluent_bit.aws_iam_policy.aws_for_fluent_bit",
            "module.eks_cluster.module.kubernetes_addons.module.aws_for_fluent_bit.data.aws_iam_policy_document.irsa",
            "module.eks_cluster.module.kubernetes_addons.module.aws_for_fluent_bit.module.helm_addon.module.irsa.aws_iam_role.irsa",
            "module.eks_cluster.module.kubernetes_addons.module.aws_for_fluent_bit.module.helm_addon.module.irsa.aws_iam_role_policy_attachment.irsa",
            "module.eks_cluster.module.kubernetes_addons.module.aws_for_fluent_bit.module.helm_addon.module.irsa.kubernetes_namespace_v1.irsa",
            "module.eks_cluster.module.kubernetes_addons.module.aws_for_fluent_bit.module.helm_addon.module.irsa.kubernetes_secret_v1.irsa",
            "module.eks_cluster.module.kubernetes_addons.module.aws_for_fluent_bit.module.helm_addon.module.irsa.kubernetes_service_account_v1.irsa",
            "module.eks_cluster.module.kubernetes_addons.time_sleep.dataplane"
          ]
        }
      ]
    },
    {
      "module": "module.eks_cluster.module.kubernetes_addons.module.aws_for_fluent_bit[0].module.helm_addon.module.irsa[0]",
      "mode": "managed",
      "type": "aws_iam_role",
      "name": "irsa",
      "provider": "provider[\"registry.terraform.io/hashicorp/aws\"]",
      "instances": [
        {
          "index_key": 0,
          "schema_version": 0,
          "attributes": {
            "arn": "arn:aws:iam::268050465834:role/eks-blueprint-blue-aws-for-fluent-bit-sa-irsa",
            "assume_role_policy": "{\"Statement\":[{\"Action\":\"sts:AssumeRoleWithWebIdentity\",\"Condition\":{\"StringLike\":{\"oidc.eks.us-east-1.amazonaws.com/id/55CEBE7FF41F53C3E48BB83F2E8FA157:aud\":\"sts.amazonaws.com\",\"oidc.eks.us-east-1.amazonaws.com/id/55CEBE7FF41F53C3E48BB83F2E8FA157:sub\":\"system:serviceaccount:aws-for-fluent-bit:aws-for-fluent-bit-sa\"}},\"Effect\":\"Allow\",\"Principal\":{\"Federated\":\"arn:aws:iam::268050465834:oidc-provider/oidc.eks.us-east-1.amazonaws.com/id/55CEBE7FF41F53C3E48BB83F2E8FA157\"}}],\"Version\":\"2012-10-17\"}",
            "create_date": "2023-10-27T15:12:36Z",
            "description": "AWS IAM Role for the Kubernetes service account aws-for-fluent-bit-sa.",
            "force_detach_policies": true,
            "id": "eks-blueprint-blue-aws-for-fluent-bit-sa-irsa",
            "inline_policy": [],
            "managed_policy_arns": [
              "arn:aws:iam::268050465834:policy/eks-blueprint-blue-fluentbit"
            ],
            "max_session_duration": 3600,
            "name": "eks-blueprint-blue-aws-for-fluent-bit-sa-irsa",
            "name_prefix": "",
            "path": "/",
            "permissions_boundary": "",
            "tags": {},
            "tags_all": {},
            "unique_id": "AROAT42INQQVOYJTHV5LE"
          },
          "sensitive_attributes": [],
          "private": "bnVsbA==",
          "dependencies": [
            "module.eks_cluster.data.aws_subnets.private",
            "module.eks_cluster.data.aws_vpc.vpc",
            "module.eks_cluster.module.eks.aws_cloudwatch_log_group.this",
            "module.eks_cluster.module.eks.aws_eks_cluster.this",
            "module.eks_cluster.module.eks.aws_iam_policy.cni_ipv6_policy",
            "module.eks_cluster.module.eks.aws_iam_role.this",
            "module.eks_cluster.module.eks.aws_iam_role_policy_attachment.this",
            "module.eks_cluster.module.eks.aws_security_group.cluster",
            "module.eks_cluster.module.eks.aws_security_group.node",
            "module.eks_cluster.module.eks.aws_security_group_rule.cluster",
            "module.eks_cluster.module.eks.aws_security_group_rule.node",
            "module.eks_cluster.module.eks.data.aws_caller_identity.current",
            "module.eks_cluster.module.eks.data.aws_iam_policy_document.assume_role_policy",
            "module.eks_cluster.module.eks.data.aws_iam_policy_document.cni_ipv6_policy",
            "module.eks_cluster.module.eks.data.aws_iam_session_context.current",
            "module.eks_cluster.module.eks.data.aws_partition.current",
            "module.eks_cluster.module.eks.module.kms.aws_kms_external_key.this",
            "module.eks_cluster.module.eks.module.kms.aws_kms_key.this",
            "module.eks_cluster.module.eks.module.kms.data.aws_caller_identity.current",
            "module.eks_cluster.module.eks.module.kms.data.aws_iam_policy_document.this",
            "module.eks_cluster.module.eks.module.kms.data.aws_partition.current",
            "module.eks_cluster.module.kubernetes_addons.data.aws_caller_identity.current",
            "module.eks_cluster.module.kubernetes_addons.data.aws_eks_cluster.eks_cluster",
            "module.eks_cluster.module.kubernetes_addons.data.aws_partition.current",
            "module.eks_cluster.module.kubernetes_addons.data.aws_region.current",
            "module.eks_cluster.module.kubernetes_addons.module.aws_for_fluent_bit.aws_iam_policy.aws_for_fluent_bit",
            "module.eks_cluster.module.kubernetes_addons.module.aws_for_fluent_bit.data.aws_iam_policy_document.irsa",
            "module.eks_cluster.module.kubernetes_addons.time_sleep.dataplane"
          ]
        }
      ]
    },
    {
      "module": "module.eks_cluster.module.kubernetes_addons.module.aws_for_fluent_bit[0].module.helm_addon.module.irsa[0]",
      "mode": "managed",
      "type": "aws_iam_role_policy_attachment",
      "name": "irsa",
      "provider": "provider[\"registry.terraform.io/hashicorp/aws\"]",
      "instances": [
        {
          "index_key": 0,
          "schema_version": 0,
          "attributes": {
            "id": "eks-blueprint-blue-aws-for-fluent-bit-sa-irsa-20231027151237450700000003",
            "policy_arn": "arn:aws:iam::268050465834:policy/eks-blueprint-blue-fluentbit",
            "role": "eks-blueprint-blue-aws-for-fluent-bit-sa-irsa"
          },
          "sensitive_attributes": [],
          "private": "bnVsbA==",
          "dependencies": [
            "module.eks_cluster.data.aws_subnets.private",
            "module.eks_cluster.data.aws_vpc.vpc",
            "module.eks_cluster.module.eks.aws_cloudwatch_log_group.this",
            "module.eks_cluster.module.eks.aws_eks_cluster.this",
            "module.eks_cluster.module.eks.aws_iam_policy.cni_ipv6_policy",
            "module.eks_cluster.module.eks.aws_iam_role.this",
            "module.eks_cluster.module.eks.aws_iam_role_policy_attachment.this",
            "module.eks_cluster.module.eks.aws_security_group.cluster",
            "module.eks_cluster.module.eks.aws_security_group.node",
            "module.eks_cluster.module.eks.aws_security_group_rule.cluster",
            "module.eks_cluster.module.eks.aws_security_group_rule.node",
            "module.eks_cluster.module.eks.data.aws_caller_identity.current",
            "module.eks_cluster.module.eks.data.aws_iam_policy_document.assume_role_policy",
            "module.eks_cluster.module.eks.data.aws_iam_policy_document.cni_ipv6_policy",
            "module.eks_cluster.module.eks.data.aws_iam_session_context.current",
            "module.eks_cluster.module.eks.data.aws_partition.current",
            "module.eks_cluster.module.eks.module.kms.aws_kms_external_key.this",
            "module.eks_cluster.module.eks.module.kms.aws_kms_key.this",
            "module.eks_cluster.module.eks.module.kms.data.aws_caller_identity.current",
            "module.eks_cluster.module.eks.module.kms.data.aws_iam_policy_document.this",
            "module.eks_cluster.module.eks.module.kms.data.aws_partition.current",
            "module.eks_cluster.module.kubernetes_addons.data.aws_caller_identity.current",
            "module.eks_cluster.module.kubernetes_addons.data.aws_eks_cluster.eks_cluster",
            "module.eks_cluster.module.kubernetes_addons.data.aws_partition.current",
            "module.eks_cluster.module.kubernetes_addons.data.aws_region.current",
            "module.eks_cluster.module.kubernetes_addons.module.aws_for_fluent_bit.aws_iam_policy.aws_for_fluent_bit",
            "module.eks_cluster.module.kubernetes_addons.module.aws_for_fluent_bit.data.aws_iam_policy_document.irsa",
            "module.eks_cluster.module.kubernetes_addons.module.aws_for_fluent_bit.module.helm_addon.module.irsa.aws_iam_role.irsa",
            "module.eks_cluster.module.kubernetes_addons.time_sleep.dataplane"
          ]
        }
      ]
    },
    {
      "module": "module.eks_cluster.module.kubernetes_addons.module.aws_for_fluent_bit[0].module.helm_addon.module.irsa[0]",
      "mode": "managed",
      "type": "kubernetes_namespace_v1",
      "name": "irsa",
      "provider": "provider[\"registry.terraform.io/hashicorp/kubernetes\"]",
      "instances": [
        {
          "index_key": 0,
          "schema_version": 0,
          "attributes": {
            "id": "aws-for-fluent-bit",
            "metadata": [
              {
                "annotations": {},
                "generate_name": "",
                "generation": 0,
                "labels": {},
                "name": "aws-for-fluent-bit",
                "resource_version": "20051",
                "uid": "0ea7a6a0-b0bb-4fbb-87f3-1328c6b31787"
              }
            ],
            "timeouts": {
              "delete": "15m"
            },
            "wait_for_default_service_account": false
          },
          "sensitive_attributes": [],
          "private": "eyJlMmJmYjczMC1lY2FhLTExZTYtOGY4OC0zNDM2M2JjN2M0YzAiOnsiZGVsZXRlIjo5MDAwMDAwMDAwMDB9fQ==",
          "dependencies": [
            "module.eks_cluster.data.aws_subnets.private",
            "module.eks_cluster.data.aws_vpc.vpc",
            "module.eks_cluster.module.eks.aws_cloudwatch_log_group.this",
            "module.eks_cluster.module.eks.aws_eks_cluster.this",
            "module.eks_cluster.module.eks.aws_iam_policy.cni_ipv6_policy",
            "module.eks_cluster.module.eks.aws_iam_role.this",
            "module.eks_cluster.module.eks.aws_iam_role_policy_attachment.this",
            "module.eks_cluster.module.eks.aws_security_group.cluster",
            "module.eks_cluster.module.eks.aws_security_group.node",
            "module.eks_cluster.module.eks.aws_security_group_rule.cluster",
            "module.eks_cluster.module.eks.aws_security_group_rule.node",
            "module.eks_cluster.module.eks.data.aws_caller_identity.current",
            "module.eks_cluster.module.eks.data.aws_iam_policy_document.assume_role_policy",
            "module.eks_cluster.module.eks.data.aws_iam_policy_document.cni_ipv6_policy",
            "module.eks_cluster.module.eks.data.aws_iam_session_context.current",
            "module.eks_cluster.module.eks.data.aws_partition.current",
            "module.eks_cluster.module.eks.module.kms.aws_kms_external_key.this",
            "module.eks_cluster.module.eks.module.kms.aws_kms_key.this",
            "module.eks_cluster.module.eks.module.kms.data.aws_caller_identity.current",
            "module.eks_cluster.module.eks.module.kms.data.aws_iam_policy_document.this",
            "module.eks_cluster.module.eks.module.kms.data.aws_partition.current",
            "module.eks_cluster.module.kubernetes_addons.data.aws_caller_identity.current",
            "module.eks_cluster.module.kubernetes_addons.data.aws_eks_cluster.eks_cluster",
            "module.eks_cluster.module.kubernetes_addons.data.aws_partition.current",
            "module.eks_cluster.module.kubernetes_addons.data.aws_region.current",
            "module.eks_cluster.module.kubernetes_addons.module.aws_for_fluent_bit.aws_iam_policy.aws_for_fluent_bit",
            "module.eks_cluster.module.kubernetes_addons.module.aws_for_fluent_bit.data.aws_iam_policy_document.irsa",
            "module.eks_cluster.module.kubernetes_addons.time_sleep.dataplane"
          ]
        }
      ]
    },
    {
      "module": "module.eks_cluster.module.kubernetes_addons.module.aws_for_fluent_bit[0].module.helm_addon.module.irsa[0]",
      "mode": "managed",
      "type": "kubernetes_service_account_v1",
      "name": "irsa",
      "provider": "provider[\"registry.terraform.io/hashicorp/kubernetes\"]",
      "instances": [
        {
          "index_key": 0,
          "schema_version": 0,
          "attributes": {
            "automount_service_account_token": true,
            "default_secret_name": "",
            "id": "aws-for-fluent-bit/aws-for-fluent-bit-sa",
            "image_pull_secret": [],
            "metadata": [
              {
                "annotations": {
                  "eks.amazonaws.com/role-arn": "arn:aws:iam::268050465834:role/eks-blueprint-blue-aws-for-fluent-bit-sa-irsa"
                },
                "generate_name": "",
                "generation": 0,
                "labels": {},
                "name": "aws-for-fluent-bit-sa",
                "namespace": "aws-for-fluent-bit",
                "resource_version": "172264",
                "uid": "6384d66a-5c71-4249-99d1-cd42ae8dbbcf"
              }
            ],
            "secret": [],
            "timeouts": null
          },
          "sensitive_attributes": [],
          "private": "eyJlMmJmYjczMC1lY2FhLTExZTYtOGY4OC0zNDM2M2JjN2M0YzAiOnsiY3JlYXRlIjozMDAwMDAwMDAwMH19",
          "dependencies": [
            "module.eks_cluster.data.aws_subnets.private",
            "module.eks_cluster.data.aws_vpc.vpc",
            "module.eks_cluster.module.eks.aws_cloudwatch_log_group.this",
            "module.eks_cluster.module.eks.aws_eks_cluster.this",
            "module.eks_cluster.module.eks.aws_iam_policy.cni_ipv6_policy",
            "module.eks_cluster.module.eks.aws_iam_role.this",
            "module.eks_cluster.module.eks.aws_iam_role_policy_attachment.this",
            "module.eks_cluster.module.eks.aws_security_group.cluster",
            "module.eks_cluster.module.eks.aws_security_group.node",
            "module.eks_cluster.module.eks.aws_security_group_rule.cluster",
            "module.eks_cluster.module.eks.aws_security_group_rule.node",
            "module.eks_cluster.module.eks.data.aws_caller_identity.current",
            "module.eks_cluster.module.eks.data.aws_iam_policy_document.assume_role_policy",
            "module.eks_cluster.module.eks.data.aws_iam_policy_document.cni_ipv6_policy",
            "module.eks_cluster.module.eks.data.aws_iam_session_context.current",
            "module.eks_cluster.module.eks.data.aws_partition.current",
            "module.eks_cluster.module.eks.module.kms.aws_kms_external_key.this",
            "module.eks_cluster.module.eks.module.kms.aws_kms_key.this",
            "module.eks_cluster.module.eks.module.kms.data.aws_caller_identity.current",
            "module.eks_cluster.module.eks.module.kms.data.aws_iam_policy_document.this",
            "module.eks_cluster.module.eks.module.kms.data.aws_partition.current",
            "module.eks_cluster.module.kubernetes_addons.data.aws_caller_identity.current",
            "module.eks_cluster.module.kubernetes_addons.data.aws_eks_cluster.eks_cluster",
            "module.eks_cluster.module.kubernetes_addons.data.aws_partition.current",
            "module.eks_cluster.module.kubernetes_addons.data.aws_region.current",
            "module.eks_cluster.module.kubernetes_addons.module.aws_for_fluent_bit.aws_iam_policy.aws_for_fluent_bit",
            "module.eks_cluster.module.kubernetes_addons.module.aws_for_fluent_bit.data.aws_iam_policy_document.irsa",
            "module.eks_cluster.module.kubernetes_addons.module.aws_for_fluent_bit.module.helm_addon.module.irsa.aws_iam_role.irsa",
            "module.eks_cluster.module.kubernetes_addons.module.aws_for_fluent_bit.module.helm_addon.module.irsa.kubernetes_namespace_v1.irsa",
            "module.eks_cluster.module.kubernetes_addons.time_sleep.dataplane"
          ]
        }
      ]
    },
    {
      "module": "module.eks_cluster.module.kubernetes_addons.module.aws_for_fluent_bit[0].module.kms[0]",
      "mode": "managed",
      "type": "aws_kms_alias",
      "name": "this",
      "provider": "provider[\"registry.terraform.io/hashicorp/aws\"]",
      "instances": [
        {
          "schema_version": 0,
          "attributes": {
            "arn": "arn:aws:kms:us-east-1:268050465834:alias/eks-blueprint-blue-cw-fluent-bit",
            "id": "alias/eks-blueprint-blue-cw-fluent-bit",
            "name": "alias/eks-blueprint-blue-cw-fluent-bit",
            "name_prefix": "",
            "target_key_arn": "arn:aws:kms:us-east-1:268050465834:key/2b4634a2-0c7b-4535-a3d8-86e18e4d35a9",
            "target_key_id": "2b4634a2-0c7b-4535-a3d8-86e18e4d35a9"
          },
          "sensitive_attributes": [],
          "private": "bnVsbA==",
          "dependencies": [
            "module.eks_cluster.data.aws_subnets.private",
            "module.eks_cluster.data.aws_vpc.vpc",
            "module.eks_cluster.module.eks.aws_cloudwatch_log_group.this",
            "module.eks_cluster.module.eks.aws_eks_cluster.this",
            "module.eks_cluster.module.eks.aws_iam_policy.cni_ipv6_policy",
            "module.eks_cluster.module.eks.aws_iam_role.this",
            "module.eks_cluster.module.eks.aws_iam_role_policy_attachment.this",
            "module.eks_cluster.module.eks.aws_security_group.cluster",
            "module.eks_cluster.module.eks.aws_security_group.node",
            "module.eks_cluster.module.eks.aws_security_group_rule.cluster",
            "module.eks_cluster.module.eks.aws_security_group_rule.node",
            "module.eks_cluster.module.eks.data.aws_caller_identity.current",
            "module.eks_cluster.module.eks.data.aws_iam_policy_document.assume_role_policy",
            "module.eks_cluster.module.eks.data.aws_iam_policy_document.cni_ipv6_policy",
            "module.eks_cluster.module.eks.data.aws_iam_session_context.current",
            "module.eks_cluster.module.eks.data.aws_partition.current",
            "module.eks_cluster.module.eks.module.kms.aws_kms_external_key.this",
            "module.eks_cluster.module.eks.module.kms.aws_kms_key.this",
            "module.eks_cluster.module.eks.module.kms.data.aws_caller_identity.current",
            "module.eks_cluster.module.eks.module.kms.data.aws_iam_policy_document.this",
            "module.eks_cluster.module.eks.module.kms.data.aws_partition.current",
            "module.eks_cluster.module.kubernetes_addons.data.aws_caller_identity.current",
            "module.eks_cluster.module.kubernetes_addons.data.aws_eks_cluster.eks_cluster",
            "module.eks_cluster.module.kubernetes_addons.data.aws_partition.current",
            "module.eks_cluster.module.kubernetes_addons.data.aws_region.current",
            "module.eks_cluster.module.kubernetes_addons.module.aws_for_fluent_bit.data.aws_iam_policy_document.kms",
            "module.eks_cluster.module.kubernetes_addons.module.aws_for_fluent_bit.data.aws_iam_session_context.current",
            "module.eks_cluster.module.kubernetes_addons.module.aws_for_fluent_bit.module.kms.aws_kms_key.this",
            "module.eks_cluster.module.kubernetes_addons.time_sleep.dataplane"
          ]
        }
      ]
    },
    {
      "module": "module.eks_cluster.module.kubernetes_addons.module.aws_for_fluent_bit[0].module.kms[0]",
      "mode": "managed",
      "type": "aws_kms_key",
      "name": "this",
      "provider": "provider[\"registry.terraform.io/hashicorp/aws\"]",
      "instances": [
        {
          "schema_version": 0,
          "attributes": {
            "arn": "arn:aws:kms:us-east-1:268050465834:key/2b4634a2-0c7b-4535-a3d8-86e18e4d35a9",
            "bypass_policy_lockout_safety_check": false,
            "custom_key_store_id": "",
            "customer_master_key_spec": "SYMMETRIC_DEFAULT",
            "deletion_window_in_days": 30,
            "description": "EKS Workers FluentBit CloudWatch Log group KMS Key",
            "enable_key_rotation": true,
            "id": "2b4634a2-0c7b-4535-a3d8-86e18e4d35a9",
            "is_enabled": true,
            "key_id": "2b4634a2-0c7b-4535-a3d8-86e18e4d35a9",
            "key_usage": "ENCRYPT_DECRYPT",
            "multi_region": false,
            "policy": "{\"Statement\":[{\"Action\":\"kms:*\",\"Effect\":\"Allow\",\"Principal\":{\"AWS\":[\"arn:aws:iam::268050465834:user/admineks\",\"arn:aws:iam::268050465834:root\"]},\"Resource\":\"*\",\"Sid\":\"Enable IAM User Permissions\"},{\"Action\":[\"kms:ReEncrypt*\",\"kms:GenerateDataKey*\",\"kms:Encrypt*\",\"kms:Describe*\",\"kms:Decrypt*\"],\"Condition\":{\"ArnEquals\":{\"kms:EncryptionContext:aws:logs:arn\":\"arn:aws:logs:us-east-1:268050465834:log-group:/eks-blueprint-blue/worker-fluentbit-logs\"}},\"Effect\":\"Allow\",\"Principal\":{\"Service\":\"logs.us-east-1.amazonaws.com\"},\"Resource\":\"*\",\"Sid\":\"Enable Encryption for LogGroup\"}],\"Version\":\"2012-10-17\"}",
            "tags": {},
            "tags_all": {}
          },
          "sensitive_attributes": [],
          "private": "bnVsbA==",
          "dependencies": [
            "module.eks_cluster.data.aws_subnets.private",
            "module.eks_cluster.data.aws_vpc.vpc",
            "module.eks_cluster.module.eks.aws_cloudwatch_log_group.this",
            "module.eks_cluster.module.eks.aws_eks_cluster.this",
            "module.eks_cluster.module.eks.aws_iam_policy.cni_ipv6_policy",
            "module.eks_cluster.module.eks.aws_iam_role.this",
            "module.eks_cluster.module.eks.aws_iam_role_policy_attachment.this",
            "module.eks_cluster.module.eks.aws_security_group.cluster",
            "module.eks_cluster.module.eks.aws_security_group.node",
            "module.eks_cluster.module.eks.aws_security_group_rule.cluster",
            "module.eks_cluster.module.eks.aws_security_group_rule.node",
            "module.eks_cluster.module.eks.data.aws_caller_identity.current",
            "module.eks_cluster.module.eks.data.aws_iam_policy_document.assume_role_policy",
            "module.eks_cluster.module.eks.data.aws_iam_policy_document.cni_ipv6_policy",
            "module.eks_cluster.module.eks.data.aws_iam_session_context.current",
            "module.eks_cluster.module.eks.data.aws_partition.current",
            "module.eks_cluster.module.eks.module.kms.aws_kms_external_key.this",
            "module.eks_cluster.module.eks.module.kms.aws_kms_key.this",
            "module.eks_cluster.module.eks.module.kms.data.aws_caller_identity.current",
            "module.eks_cluster.module.eks.module.kms.data.aws_iam_policy_document.this",
            "module.eks_cluster.module.eks.module.kms.data.aws_partition.current",
            "module.eks_cluster.module.kubernetes_addons.data.aws_caller_identity.current",
            "module.eks_cluster.module.kubernetes_addons.data.aws_eks_cluster.eks_cluster",
            "module.eks_cluster.module.kubernetes_addons.data.aws_partition.current",
            "module.eks_cluster.module.kubernetes_addons.data.aws_region.current",
            "module.eks_cluster.module.kubernetes_addons.module.aws_for_fluent_bit.data.aws_iam_policy_document.kms",
            "module.eks_cluster.module.kubernetes_addons.module.aws_for_fluent_bit.data.aws_iam_session_context.current",
            "module.eks_cluster.module.kubernetes_addons.time_sleep.dataplane"
          ]
        }
      ]
    },
    {
      "module": "module.eks_cluster.module.kubernetes_addons.module.aws_kube_proxy[0]",
      "mode": "data",
      "type": "aws_eks_addon_version",
      "name": "this",
      "provider": "provider[\"registry.terraform.io/hashicorp/aws\"]",
      "instances": [
        {
          "schema_version": 0,
          "attributes": {
            "addon_name": "kube-proxy",
            "id": "kube-proxy",
            "kubernetes_version": "1.26",
            "most_recent": false,
            "version": "v1.26.2-eksbuild.1"
          },
          "sensitive_attributes": []
        }
      ]
    },
    {
      "module": "module.eks_cluster.module.kubernetes_addons.module.aws_kube_proxy[0]",
      "mode": "managed",
      "type": "aws_eks_addon",
      "name": "kube_proxy",
      "provider": "provider[\"registry.terraform.io/hashicorp/aws\"]",
      "instances": [
        {
          "schema_version": 0,
          "attributes": {
            "addon_name": "kube-proxy",
            "addon_version": "v1.26.2-eksbuild.1",
            "arn": "arn:aws:eks:us-east-1:268050465834:addon/eks-blueprint-blue/kube-proxy/6ec5b6c6-b733-bc87-9d87-3d245ba3d588",
            "cluster_name": "eks-blueprint-blue",
            "configuration_values": "",
            "created_at": "2023-10-26T19:54:27Z",
            "id": "eks-blueprint-blue:kube-proxy",
            "modified_at": "2023-10-26T19:54:30Z",
            "preserve": true,
            "resolve_conflicts": "OVERWRITE",
            "resolve_conflicts_on_create": null,
            "resolve_conflicts_on_update": null,
            "service_account_role_arn": "",
            "tags": {},
            "tags_all": {},
            "timeouts": null
          },
          "sensitive_attributes": [],
          "private": "eyJlMmJmYjczMC1lY2FhLTExZTYtOGY4OC0zNDM2M2JjN2M0YzAiOnsiY3JlYXRlIjoxMjAwMDAwMDAwMDAwLCJkZWxldGUiOjI0MDAwMDAwMDAwMDAsInVwZGF0ZSI6MTIwMDAwMDAwMDAwMH19",
          "dependencies": [
            "module.eks_cluster.data.aws_subnets.private",
            "module.eks_cluster.data.aws_vpc.vpc",
            "module.eks_cluster.module.eks.aws_cloudwatch_log_group.this",
            "module.eks_cluster.module.eks.aws_eks_cluster.this",
            "module.eks_cluster.module.eks.aws_iam_policy.cni_ipv6_policy",
            "module.eks_cluster.module.eks.aws_iam_role.this",
            "module.eks_cluster.module.eks.aws_iam_role_policy_attachment.this",
            "module.eks_cluster.module.eks.aws_security_group.cluster",
            "module.eks_cluster.module.eks.aws_security_group.node",
            "module.eks_cluster.module.eks.aws_security_group_rule.cluster",
            "module.eks_cluster.module.eks.aws_security_group_rule.node",
            "module.eks_cluster.module.eks.data.aws_caller_identity.current",
            "module.eks_cluster.module.eks.data.aws_iam_policy_document.assume_role_policy",
            "module.eks_cluster.module.eks.data.aws_iam_policy_document.cni_ipv6_policy",
            "module.eks_cluster.module.eks.data.aws_iam_session_context.current",
            "module.eks_cluster.module.eks.data.aws_partition.current",
            "module.eks_cluster.module.eks.module.kms.aws_kms_external_key.this",
            "module.eks_cluster.module.eks.module.kms.aws_kms_key.this",
            "module.eks_cluster.module.eks.module.kms.data.aws_caller_identity.current",
            "module.eks_cluster.module.eks.module.kms.data.aws_iam_policy_document.this",
            "module.eks_cluster.module.eks.module.kms.data.aws_partition.current",
            "module.eks_cluster.module.kubernetes_addons.data.aws_caller_identity.current",
            "module.eks_cluster.module.kubernetes_addons.data.aws_eks_cluster.eks_cluster",
            "module.eks_cluster.module.kubernetes_addons.data.aws_partition.current",
            "module.eks_cluster.module.kubernetes_addons.data.aws_region.current",
            "module.eks_cluster.module.kubernetes_addons.module.aws_kube_proxy.data.aws_eks_addon_version.this",
            "module.eks_cluster.module.kubernetes_addons.time_sleep.dataplane"
          ]
        }
      ]
    },
    {
      "module": "module.eks_cluster.module.kubernetes_addons.module.aws_load_balancer_controller[0]",
      "mode": "data",
      "type": "aws_caller_identity",
      "name": "current",
      "provider": "provider[\"registry.terraform.io/hashicorp/aws\"]",
      "instances": [
        {
          "schema_version": 0,
          "attributes": {
            "account_id": "268050465834",
            "arn": "arn:aws:iam::268050465834:user/admineks",
            "id": "268050465834",
            "user_id": "AIDAT42INQQVGA6LTCVYX"
          },
          "sensitive_attributes": []
        }
      ]
    },
    {
      "module": "module.eks_cluster.module.kubernetes_addons.module.aws_load_balancer_controller[0]",
      "mode": "data",
      "type": "aws_iam_policy_document",
      "name": "aws_lb",
      "provider": "provider[\"registry.terraform.io/hashicorp/aws\"]",
      "instances": [
        {
          "schema_version": 0,
          "attributes": {
            "id": "3409096303",
            "json": "{\n  \"Version\": \"2012-10-17\",\n  \"Statement\": [\n    {\n      \"Sid\": \"AllowCreateServiceLinkedRole\",\n      \"Effect\": \"Allow\",\n      \"Action\": \"iam:CreateServiceLinkedRole\",\n      \"Resource\": \"arn:aws:iam::268050465834:role/aws-service-role/elasticloadbalancing.amazonaws.com/AWSServiceRoleForElasticLoadBalancing\",\n      \"Condition\": {\n        \"StringEquals\": {\n          \"iam:AWSServiceName\": \"elasticloadbalancing.amazonaws.com\"\n        }\n      }\n    },\n    {\n      \"Sid\": \"AllowDescribeElbTags\",\n      \"Effect\": \"Allow\",\n      \"Action\": \"elasticloadbalancing:DescribeTags\",\n      \"Resource\": \"*\"\n    },\n    {\n      \"Sid\": \"AllowGetResources\",\n      \"Effect\": \"Allow\",\n      \"Action\": [\n        \"elasticloadbalancing:DescribeTargetHealth\",\n        \"elasticloadbalancing:DescribeTargetGroups\",\n        \"elasticloadbalancing:DescribeTargetGroupAttributes\",\n        \"elasticloadbalancing:DescribeSSLPolicies\",\n        \"elasticloadbalancing:DescribeRules\",\n        \"elasticloadbalancing:DescribeLoadBalancers\",\n        \"elasticloadbalancing:DescribeLoadBalancerAttributes\",\n        \"elasticloadbalancing:DescribeListeners\",\n        \"elasticloadbalancing:DescribeListenerCertificates\",\n        \"ec2:GetCoipPoolUsage\",\n        \"ec2:DescribeVpcs\",\n        \"ec2:DescribeVpcPeeringConnections\",\n        \"ec2:DescribeTags\",\n        \"ec2:DescribeSubnets\",\n        \"ec2:DescribeSecurityGroups\",\n        \"ec2:DescribeNetworkInterfaces\",\n        \"ec2:DescribeInternetGateways\",\n        \"ec2:DescribeInstances\",\n        \"ec2:DescribeCoipPools\",\n        \"ec2:DescribeAvailabilityZones\",\n        \"ec2:DescribeAddresses\",\n        \"ec2:DescribeAccountAttributes\"\n      ],\n      \"Resource\": \"*\"\n    },\n    {\n      \"Sid\": \"AllowManageElbs\",\n      \"Effect\": \"Allow\",\n      \"Action\": [\n        \"elasticloadbalancing:SetSubnets\",\n        \"elasticloadbalancing:SetSecurityGroups\",\n        \"elasticloadbalancing:SetIpAddressType\",\n        \"elasticloadbalancing:RemoveTags\",\n        \"elasticloadbalancing:ModifyLoadBalancerAttributes\",\n        \"elasticloadbalancing:DeleteTargetGroup\",\n        \"elasticloadbalancing:DeleteLoadBalancer\",\n        \"elasticloadbalancing:CreateLoadBalancer\",\n        \"elasticloadbalancing:CreateListener\",\n        \"elasticloadbalancing:AddTags\"\n      ],\n      \"Resource\": [\n        \"arn:aws:elasticloadbalancing:us-east-1:268050465834:targetgroup/*/*\",\n        \"arn:aws:elasticloadbalancing:us-east-1:268050465834:loadbalancer/net/*/*\",\n        \"arn:aws:elasticloadbalancing:us-east-1:268050465834:loadbalancer/app/*/*\"\n      ]\n    },\n    {\n      \"Sid\": \"AllowManageTargetGroup\",\n      \"Effect\": \"Allow\",\n      \"Action\": [\n        \"elasticloadbalancing:ModifyTargetGroupAttributes\",\n        \"elasticloadbalancing:ModifyTargetGroup\",\n        \"elasticloadbalancing:DeleteTargetGroup\",\n        \"elasticloadbalancing:CreateTargetGroup\"\n      ],\n      \"Resource\": \"arn:aws:elasticloadbalancing:us-east-1:268050465834:targetgroup/*/*\"\n    },\n    {\n      \"Sid\": \"AllowManageListeners\",\n      \"Effect\": \"Allow\",\n      \"Action\": [\n        \"elasticloadbalancing:RemoveListenerCertificates\",\n        \"elasticloadbalancing:ModifyListener\",\n        \"elasticloadbalancing:DeleteListener\",\n        \"elasticloadbalancing:CreateRule\",\n        \"elasticloadbalancing:AddListenerCertificates\"\n      ],\n      \"Resource\": [\n        \"arn:aws:elasticloadbalancing:us-east-1:268050465834:listener/net/*/*/*\",\n        \"arn:aws:elasticloadbalancing:us-east-1:268050465834:listener/app/*/*/*\"\n      ]\n    },\n    {\n      \"Sid\": \"AllowManageRules\",\n      \"Effect\": \"Allow\",\n      \"Action\": [\n        \"elasticloadbalancing:ModifyRule\",\n        \"elasticloadbalancing:DeleteRule\"\n      ],\n      \"Resource\": [\n        \"arn:aws:elasticloadbalancing:us-east-1:268050465834:listener-rule/net/*/*/*/*\",\n        \"arn:aws:elasticloadbalancing:us-east-1:268050465834:listener-rule/app/*/*/*/*\"\n      ]\n    },\n    {\n      \"Sid\": \"AllowManageResourceTags\",\n      \"Effect\": \"Allow\",\n      \"Action\": [\n        \"elasticloadbalancing:RemoveTags\",\n        \"elasticloadbalancing:AddTags\"\n      ],\n      \"Resource\": [\n        \"arn:aws:elasticloadbalancing:us-east-1:268050465834:targetgroup/*/*\",\n        \"arn:aws:elasticloadbalancing:us-east-1:268050465834:loadbalancer/net/*/*\",\n        \"arn:aws:elasticloadbalancing:us-east-1:268050465834:loadbalancer/app/*/*\",\n        \"arn:aws:elasticloadbalancing:us-east-1:268050465834:listener/net/*/*/*\",\n        \"arn:aws:elasticloadbalancing:us-east-1:268050465834:listener/app/*/*/*\",\n        \"arn:aws:elasticloadbalancing:us-east-1:268050465834:listener-rule/net/*/*/*/*\",\n        \"arn:aws:elasticloadbalancing:us-east-1:268050465834:listener-rule/app/*/*/*/*\"\n      ]\n    },\n    {\n      \"Sid\": \"AllowManageTargets\",\n      \"Effect\": \"Allow\",\n      \"Action\": [\n        \"elasticloadbalancing:RegisterTargets\",\n        \"elasticloadbalancing:DeregisterTargets\"\n      ],\n      \"Resource\": \"arn:aws:elasticloadbalancing:us-east-1:268050465834:targetgroup/*/*\"\n    },\n    {\n      \"Sid\": \"AllowGetCertificates\",\n      \"Effect\": \"Allow\",\n      \"Action\": [\n        \"acm:ListCertificates\",\n        \"acm:DescribeCertificate\"\n      ],\n      \"Resource\": [\n        \"arn:aws:acm:us-east-1:268050465834:certificate/*\",\n        \"arn:aws:acm:us-east-1:268050465834:*\"\n      ]\n    },\n    {\n      \"Sid\": \"AllowDescribeCognitoIdp\",\n      \"Effect\": \"Allow\",\n      \"Action\": \"cognito-idp:DescribeUserPoolClient\",\n      \"Resource\": \"arn:aws:cognito-idp:us-east-1:268050465834:userpool/*\"\n    },\n    {\n      \"Sid\": \"AllowGetServerCertificates\",\n      \"Effect\": \"Allow\",\n      \"Action\": [\n        \"iam:ListServerCertificates\",\n        \"iam:GetServerCertificate\"\n      ],\n      \"Resource\": [\n        \"arn:aws:iam::268050465834:server-certificate/*\",\n        \"arn:aws:iam::268050465834:*\"\n      ]\n    },\n    {\n      \"Sid\": \"AllowShield\",\n      \"Effect\": \"Allow\",\n      \"Action\": [\n        \"shield:GetSubscriptionState\",\n        \"shield:DescribeProtection\",\n        \"shield:DeleteProtection\",\n        \"shield:CreateProtection\"\n      ],\n      \"Resource\": [\n        \"arn:aws:shield::268050465834:protection/*\",\n        \"arn:aws:shield::268050465834:*\"\n      ]\n    },\n    {\n      \"Sid\": \"AllowManageWebAcl\",\n      \"Effect\": \"Allow\",\n      \"Action\": [\n        \"wafv2:GetWebACLForResource\",\n        \"wafv2:GetWebACL\",\n        \"wafv2:DisassociateWebACL\",\n        \"wafv2:AssociateWebACL\",\n        \"waf-regional:GetWebACLForResource\",\n        \"waf-regional:GetWebACL\",\n        \"waf-regional:DisassociateWebACL\",\n        \"waf-regional:AssociateWebACL\",\n        \"elasticloadbalancing:SetWebAcl\"\n      ],\n      \"Resource\": [\n        \"arn:aws:wafv2:us-east-1:268050465834:*/webacl/*/*\",\n        \"arn:aws:wafv2:us-east-1:268050465834:*\",\n        \"arn:aws:waf-regional:us-east-1:268050465834:webacl/*\",\n        \"arn:aws:waf-regional:us-east-1:268050465834:*\",\n        \"arn:aws:elasticloadbalancing:us-east-1:268050465834:loadbalancer/app/*/*\",\n        \"arn:aws:cognito-idp:us-east-1:268050465834:userpool/*\",\n        \"arn:aws:appsync:us-east-1:268050465834:apis/*\",\n        \"arn:aws:apigateway:us-east-1::/restapis/*/stages/*\"\n      ]\n    },\n    {\n      \"Sid\": \"AllowManageSecurityGroups\",\n      \"Effect\": \"Allow\",\n      \"Action\": [\n        \"ec2:RevokeSecurityGroupIngress\",\n        \"ec2:DeleteTags\",\n        \"ec2:DeleteSecurityGroup\",\n        \"ec2:CreateTags\",\n        \"ec2:AuthorizeSecurityGroupIngress\"\n      ],\n      \"Resource\": \"arn:aws:ec2:us-east-1:268050465834:security-group/*\"\n    },\n    {\n      \"Sid\": \"AllowCreateSecurityGroups\",\n      \"Effect\": \"Allow\",\n      \"Action\": \"ec2:CreateSecurityGroup\",\n      \"Resource\": [\n        \"arn:aws:ec2:us-east-1:268050465834:vpc/*\",\n        \"arn:aws:ec2:us-east-1:268050465834:security-group/*\"\n      ]\n    }\n  ]\n}",
            "override_policy_documents": null,
            "policy_id": null,
            "source_policy_documents": null,
            "statement": [
              {
                "actions": [
                  "iam:CreateServiceLinkedRole"
                ],
                "condition": [
                  {
                    "test": "StringEquals",
                    "values": [
                      "elasticloadbalancing.amazonaws.com"
                    ],
                    "variable": "iam:AWSServiceName"
                  }
                ],
                "effect": "Allow",
                "not_actions": [],
                "not_principals": [],
                "not_resources": [],
                "principals": [],
                "resources": [
                  "arn:aws:iam::268050465834:role/aws-service-role/elasticloadbalancing.amazonaws.com/AWSServiceRoleForElasticLoadBalancing"
                ],
                "sid": "AllowCreateServiceLinkedRole"
              },
              {
                "actions": [
                  "elasticloadbalancing:DescribeTags"
                ],
                "condition": [],
                "effect": "Allow",
                "not_actions": [],
                "not_principals": [],
                "not_resources": [],
                "principals": [],
                "resources": [
                  "*"
                ],
                "sid": "AllowDescribeElbTags"
              },
              {
                "actions": [
                  "ec2:DescribeAccountAttributes",
                  "ec2:DescribeAddresses",
                  "ec2:DescribeAvailabilityZones",
                  "ec2:DescribeCoipPools",
                  "ec2:DescribeInstances",
                  "ec2:DescribeInternetGateways",
                  "ec2:DescribeNetworkInterfaces",
                  "ec2:DescribeSecurityGroups",
                  "ec2:DescribeSubnets",
                  "ec2:DescribeTags",
                  "ec2:DescribeVpcPeeringConnections",
                  "ec2:DescribeVpcs",
                  "ec2:GetCoipPoolUsage",
                  "elasticloadbalancing:DescribeListenerCertificates",
                  "elasticloadbalancing:DescribeListeners",
                  "elasticloadbalancing:DescribeLoadBalancerAttributes",
                  "elasticloadbalancing:DescribeLoadBalancers",
                  "elasticloadbalancing:DescribeRules",
                  "elasticloadbalancing:DescribeSSLPolicies",
                  "elasticloadbalancing:DescribeTargetGroupAttributes",
                  "elasticloadbalancing:DescribeTargetGroups",
                  "elasticloadbalancing:DescribeTargetHealth"
                ],
                "condition": [],
                "effect": "Allow",
                "not_actions": [],
                "not_principals": [],
                "not_resources": [],
                "principals": [],
                "resources": [
                  "*"
                ],
                "sid": "AllowGetResources"
              },
              {
                "actions": [
                  "elasticloadbalancing:AddTags",
                  "elasticloadbalancing:CreateListener",
                  "elasticloadbalancing:CreateLoadBalancer",
                  "elasticloadbalancing:DeleteLoadBalancer",
                  "elasticloadbalancing:DeleteTargetGroup",
                  "elasticloadbalancing:ModifyLoadBalancerAttributes",
                  "elasticloadbalancing:RemoveTags",
                  "elasticloadbalancing:SetIpAddressType",
                  "elasticloadbalancing:SetSecurityGroups",
                  "elasticloadbalancing:SetSubnets"
                ],
                "condition": [],
                "effect": "Allow",
                "not_actions": [],
                "not_principals": [],
                "not_resources": [],
                "principals": [],
                "resources": [
                  "arn:aws:elasticloadbalancing:us-east-1:268050465834:loadbalancer/app/*/*",
                  "arn:aws:elasticloadbalancing:us-east-1:268050465834:loadbalancer/net/*/*",
                  "arn:aws:elasticloadbalancing:us-east-1:268050465834:targetgroup/*/*"
                ],
                "sid": "AllowManageElbs"
              },
              {
                "actions": [
                  "elasticloadbalancing:CreateTargetGroup",
                  "elasticloadbalancing:DeleteTargetGroup",
                  "elasticloadbalancing:ModifyTargetGroup",
                  "elasticloadbalancing:ModifyTargetGroupAttributes"
                ],
                "condition": [],
                "effect": "Allow",
                "not_actions": [],
                "not_principals": [],
                "not_resources": [],
                "principals": [],
                "resources": [
                  "arn:aws:elasticloadbalancing:us-east-1:268050465834:targetgroup/*/*"
                ],
                "sid": "AllowManageTargetGroup"
              },
              {
                "actions": [
                  "elasticloadbalancing:AddListenerCertificates",
                  "elasticloadbalancing:CreateRule",
                  "elasticloadbalancing:DeleteListener",
                  "elasticloadbalancing:ModifyListener",
                  "elasticloadbalancing:RemoveListenerCertificates"
                ],
                "condition": [],
                "effect": "Allow",
                "not_actions": [],
                "not_principals": [],
                "not_resources": [],
                "principals": [],
                "resources": [
                  "arn:aws:elasticloadbalancing:us-east-1:268050465834:listener/app/*/*/*",
                  "arn:aws:elasticloadbalancing:us-east-1:268050465834:listener/net/*/*/*"
                ],
                "sid": "AllowManageListeners"
              },
              {
                "actions": [
                  "elasticloadbalancing:DeleteRule",
                  "elasticloadbalancing:ModifyRule"
                ],
                "condition": [],
                "effect": "Allow",
                "not_actions": [],
                "not_principals": [],
                "not_resources": [],
                "principals": [],
                "resources": [
                  "arn:aws:elasticloadbalancing:us-east-1:268050465834:listener-rule/app/*/*/*/*",
                  "arn:aws:elasticloadbalancing:us-east-1:268050465834:listener-rule/net/*/*/*/*"
                ],
                "sid": "AllowManageRules"
              },
              {
                "actions": [
                  "elasticloadbalancing:AddTags",
                  "elasticloadbalancing:RemoveTags"
                ],
                "condition": [],
                "effect": "Allow",
                "not_actions": [],
                "not_principals": [],
                "not_resources": [],
                "principals": [],
                "resources": [
                  "arn:aws:elasticloadbalancing:us-east-1:268050465834:listener-rule/app/*/*/*/*",
                  "arn:aws:elasticloadbalancing:us-east-1:268050465834:listener-rule/net/*/*/*/*",
                  "arn:aws:elasticloadbalancing:us-east-1:268050465834:listener/app/*/*/*",
                  "arn:aws:elasticloadbalancing:us-east-1:268050465834:listener/net/*/*/*",
                  "arn:aws:elasticloadbalancing:us-east-1:268050465834:loadbalancer/app/*/*",
                  "arn:aws:elasticloadbalancing:us-east-1:268050465834:loadbalancer/net/*/*",
                  "arn:aws:elasticloadbalancing:us-east-1:268050465834:targetgroup/*/*"
                ],
                "sid": "AllowManageResourceTags"
              },
              {
                "actions": [
                  "elasticloadbalancing:DeregisterTargets",
                  "elasticloadbalancing:RegisterTargets"
                ],
                "condition": [],
                "effect": "Allow",
                "not_actions": [],
                "not_principals": [],
                "not_resources": [],
                "principals": [],
                "resources": [
                  "arn:aws:elasticloadbalancing:us-east-1:268050465834:targetgroup/*/*"
                ],
                "sid": "AllowManageTargets"
              },
              {
                "actions": [
                  "acm:DescribeCertificate",
                  "acm:ListCertificates"
                ],
                "condition": [],
                "effect": "Allow",
                "not_actions": [],
                "not_principals": [],
                "not_resources": [],
                "principals": [],
                "resources": [
                  "arn:aws:acm:us-east-1:268050465834:*",
                  "arn:aws:acm:us-east-1:268050465834:certificate/*"
                ],
                "sid": "AllowGetCertificates"
              },
              {
                "actions": [
                  "cognito-idp:DescribeUserPoolClient"
                ],
                "condition": [],
                "effect": "Allow",
                "not_actions": [],
                "not_principals": [],
                "not_resources": [],
                "principals": [],
                "resources": [
                  "arn:aws:cognito-idp:us-east-1:268050465834:userpool/*"
                ],
                "sid": "AllowDescribeCognitoIdp"
              },
              {
                "actions": [
                  "iam:GetServerCertificate",
                  "iam:ListServerCertificates"
                ],
                "condition": [],
                "effect": "Allow",
                "not_actions": [],
                "not_principals": [],
                "not_resources": [],
                "principals": [],
                "resources": [
                  "arn:aws:iam::268050465834:*",
                  "arn:aws:iam::268050465834:server-certificate/*"
                ],
                "sid": "AllowGetServerCertificates"
              },
              {
                "actions": [
                  "shield:CreateProtection",
                  "shield:DeleteProtection",
                  "shield:DescribeProtection",
                  "shield:GetSubscriptionState"
                ],
                "condition": [],
                "effect": "Allow",
                "not_actions": [],
                "not_principals": [],
                "not_resources": [],
                "principals": [],
                "resources": [
                  "arn:aws:shield::268050465834:*",
                  "arn:aws:shield::268050465834:protection/*"
                ],
                "sid": "AllowShield"
              },
              {
                "actions": [
                  "elasticloadbalancing:SetWebAcl",
                  "waf-regional:AssociateWebACL",
                  "waf-regional:DisassociateWebACL",
                  "waf-regional:GetWebACL",
                  "waf-regional:GetWebACLForResource",
                  "wafv2:AssociateWebACL",
                  "wafv2:DisassociateWebACL",
                  "wafv2:GetWebACL",
                  "wafv2:GetWebACLForResource"
                ],
                "condition": [],
                "effect": "Allow",
                "not_actions": [],
                "not_principals": [],
                "not_resources": [],
                "principals": [],
                "resources": [
                  "arn:aws:apigateway:us-east-1::/restapis/*/stages/*",
                  "arn:aws:appsync:us-east-1:268050465834:apis/*",
                  "arn:aws:cognito-idp:us-east-1:268050465834:userpool/*",
                  "arn:aws:elasticloadbalancing:us-east-1:268050465834:loadbalancer/app/*/*",
                  "arn:aws:waf-regional:us-east-1:268050465834:*",
                  "arn:aws:waf-regional:us-east-1:268050465834:webacl/*",
                  "arn:aws:wafv2:us-east-1:268050465834:*",
                  "arn:aws:wafv2:us-east-1:268050465834:*/webacl/*/*"
                ],
                "sid": "AllowManageWebAcl"
              },
              {
                "actions": [
                  "ec2:AuthorizeSecurityGroupIngress",
                  "ec2:CreateTags",
                  "ec2:DeleteSecurityGroup",
                  "ec2:DeleteTags",
                  "ec2:RevokeSecurityGroupIngress"
                ],
                "condition": [],
                "effect": "Allow",
                "not_actions": [],
                "not_principals": [],
                "not_resources": [],
                "principals": [],
                "resources": [
                  "arn:aws:ec2:us-east-1:268050465834:security-group/*"
                ],
                "sid": "AllowManageSecurityGroups"
              },
              {
                "actions": [
                  "ec2:CreateSecurityGroup"
                ],
                "condition": [],
                "effect": "Allow",
                "not_actions": [],
                "not_principals": [],
                "not_resources": [],
                "principals": [],
                "resources": [
                  "arn:aws:ec2:us-east-1:268050465834:security-group/*",
                  "arn:aws:ec2:us-east-1:268050465834:vpc/*"
                ],
                "sid": "AllowCreateSecurityGroups"
              }
            ],
            "version": "2012-10-17"
          },
          "sensitive_attributes": []
        }
      ]
    },
    {
      "module": "module.eks_cluster.module.kubernetes_addons.module.aws_load_balancer_controller[0]",
      "mode": "data",
      "type": "aws_partition",
      "name": "current",
      "provider": "provider[\"registry.terraform.io/hashicorp/aws\"]",
      "instances": [
        {
          "schema_version": 0,
          "attributes": {
            "dns_suffix": "amazonaws.com",
            "id": "aws",
            "partition": "aws",
            "reverse_dns_prefix": "com.amazonaws"
          },
          "sensitive_attributes": []
        }
      ]
    },
    {
      "module": "module.eks_cluster.module.kubernetes_addons.module.aws_load_balancer_controller[0]",
      "mode": "data",
      "type": "aws_region",
      "name": "current",
      "provider": "provider[\"registry.terraform.io/hashicorp/aws\"]",
      "instances": [
        {
          "schema_version": 0,
          "attributes": {
            "description": "US East (N. Virginia)",
            "endpoint": "ec2.us-east-1.amazonaws.com",
            "id": "us-east-1",
            "name": "us-east-1"
          },
          "sensitive_attributes": []
        }
      ]
    },
    {
      "module": "module.eks_cluster.module.kubernetes_addons.module.aws_load_balancer_controller[0]",
      "mode": "managed",
      "type": "aws_iam_policy",
      "name": "aws_load_balancer_controller",
      "provider": "provider[\"registry.terraform.io/hashicorp/aws\"]",
      "instances": [
        {
          "schema_version": 0,
          "attributes": {
            "arn": "arn:aws:iam::268050465834:policy/eks-blueprint-blue-lb-irsa",
            "description": "Allows lb controller to manage ALB and NLB",
            "id": "arn:aws:iam::268050465834:policy/eks-blueprint-blue-lb-irsa",
            "name": "eks-blueprint-blue-lb-irsa",
            "name_prefix": "",
            "path": "/",
            "policy": "{\"Statement\":[{\"Action\":\"iam:CreateServiceLinkedRole\",\"Condition\":{\"StringEquals\":{\"iam:AWSServiceName\":\"elasticloadbalancing.amazonaws.com\"}},\"Effect\":\"Allow\",\"Resource\":\"arn:aws:iam::268050465834:role/aws-service-role/elasticloadbalancing.amazonaws.com/AWSServiceRoleForElasticLoadBalancing\",\"Sid\":\"AllowCreateServiceLinkedRole\"},{\"Action\":\"elasticloadbalancing:DescribeTags\",\"Effect\":\"Allow\",\"Resource\":\"*\",\"Sid\":\"AllowDescribeElbTags\"},{\"Action\":[\"elasticloadbalancing:DescribeTargetHealth\",\"elasticloadbalancing:DescribeTargetGroups\",\"elasticloadbalancing:DescribeTargetGroupAttributes\",\"elasticloadbalancing:DescribeSSLPolicies\",\"elasticloadbalancing:DescribeRules\",\"elasticloadbalancing:DescribeLoadBalancers\",\"elasticloadbalancing:DescribeLoadBalancerAttributes\",\"elasticloadbalancing:DescribeListeners\",\"elasticloadbalancing:DescribeListenerCertificates\",\"ec2:GetCoipPoolUsage\",\"ec2:DescribeVpcs\",\"ec2:DescribeVpcPeeringConnections\",\"ec2:DescribeTags\",\"ec2:DescribeSubnets\",\"ec2:DescribeSecurityGroups\",\"ec2:DescribeNetworkInterfaces\",\"ec2:DescribeInternetGateways\",\"ec2:DescribeInstances\",\"ec2:DescribeCoipPools\",\"ec2:DescribeAvailabilityZones\",\"ec2:DescribeAddresses\",\"ec2:DescribeAccountAttributes\"],\"Effect\":\"Allow\",\"Resource\":\"*\",\"Sid\":\"AllowGetResources\"},{\"Action\":[\"elasticloadbalancing:SetSubnets\",\"elasticloadbalancing:SetSecurityGroups\",\"elasticloadbalancing:SetIpAddressType\",\"elasticloadbalancing:RemoveTags\",\"elasticloadbalancing:ModifyLoadBalancerAttributes\",\"elasticloadbalancing:DeleteTargetGroup\",\"elasticloadbalancing:DeleteLoadBalancer\",\"elasticloadbalancing:CreateLoadBalancer\",\"elasticloadbalancing:CreateListener\",\"elasticloadbalancing:AddTags\"],\"Effect\":\"Allow\",\"Resource\":[\"arn:aws:elasticloadbalancing:us-east-1:268050465834:targetgroup/*/*\",\"arn:aws:elasticloadbalancing:us-east-1:268050465834:loadbalancer/net/*/*\",\"arn:aws:elasticloadbalancing:us-east-1:268050465834:loadbalancer/app/*/*\"],\"Sid\":\"AllowManageElbs\"},{\"Action\":[\"elasticloadbalancing:ModifyTargetGroupAttributes\",\"elasticloadbalancing:ModifyTargetGroup\",\"elasticloadbalancing:DeleteTargetGroup\",\"elasticloadbalancing:CreateTargetGroup\"],\"Effect\":\"Allow\",\"Resource\":\"arn:aws:elasticloadbalancing:us-east-1:268050465834:targetgroup/*/*\",\"Sid\":\"AllowManageTargetGroup\"},{\"Action\":[\"elasticloadbalancing:RemoveListenerCertificates\",\"elasticloadbalancing:ModifyListener\",\"elasticloadbalancing:DeleteListener\",\"elasticloadbalancing:CreateRule\",\"elasticloadbalancing:AddListenerCertificates\"],\"Effect\":\"Allow\",\"Resource\":[\"arn:aws:elasticloadbalancing:us-east-1:268050465834:listener/net/*/*/*\",\"arn:aws:elasticloadbalancing:us-east-1:268050465834:listener/app/*/*/*\"],\"Sid\":\"AllowManageListeners\"},{\"Action\":[\"elasticloadbalancing:ModifyRule\",\"elasticloadbalancing:DeleteRule\"],\"Effect\":\"Allow\",\"Resource\":[\"arn:aws:elasticloadbalancing:us-east-1:268050465834:listener-rule/net/*/*/*/*\",\"arn:aws:elasticloadbalancing:us-east-1:268050465834:listener-rule/app/*/*/*/*\"],\"Sid\":\"AllowManageRules\"},{\"Action\":[\"elasticloadbalancing:RemoveTags\",\"elasticloadbalancing:AddTags\"],\"Effect\":\"Allow\",\"Resource\":[\"arn:aws:elasticloadbalancing:us-east-1:268050465834:targetgroup/*/*\",\"arn:aws:elasticloadbalancing:us-east-1:268050465834:loadbalancer/net/*/*\",\"arn:aws:elasticloadbalancing:us-east-1:268050465834:loadbalancer/app/*/*\",\"arn:aws:elasticloadbalancing:us-east-1:268050465834:listener/net/*/*/*\",\"arn:aws:elasticloadbalancing:us-east-1:268050465834:listener/app/*/*/*\",\"arn:aws:elasticloadbalancing:us-east-1:268050465834:listener-rule/net/*/*/*/*\",\"arn:aws:elasticloadbalancing:us-east-1:268050465834:listener-rule/app/*/*/*/*\"],\"Sid\":\"AllowManageResourceTags\"},{\"Action\":[\"elasticloadbalancing:RegisterTargets\",\"elasticloadbalancing:DeregisterTargets\"],\"Effect\":\"Allow\",\"Resource\":\"arn:aws:elasticloadbalancing:us-east-1:268050465834:targetgroup/*/*\",\"Sid\":\"AllowManageTargets\"},{\"Action\":[\"acm:ListCertificates\",\"acm:DescribeCertificate\"],\"Effect\":\"Allow\",\"Resource\":[\"arn:aws:acm:us-east-1:268050465834:certificate/*\",\"arn:aws:acm:us-east-1:268050465834:*\"],\"Sid\":\"AllowGetCertificates\"},{\"Action\":\"cognito-idp:DescribeUserPoolClient\",\"Effect\":\"Allow\",\"Resource\":\"arn:aws:cognito-idp:us-east-1:268050465834:userpool/*\",\"Sid\":\"AllowDescribeCognitoIdp\"},{\"Action\":[\"iam:ListServerCertificates\",\"iam:GetServerCertificate\"],\"Effect\":\"Allow\",\"Resource\":[\"arn:aws:iam::268050465834:server-certificate/*\",\"arn:aws:iam::268050465834:*\"],\"Sid\":\"AllowGetServerCertificates\"},{\"Action\":[\"shield:GetSubscriptionState\",\"shield:DescribeProtection\",\"shield:DeleteProtection\",\"shield:CreateProtection\"],\"Effect\":\"Allow\",\"Resource\":[\"arn:aws:shield::268050465834:protection/*\",\"arn:aws:shield::268050465834:*\"],\"Sid\":\"AllowShield\"},{\"Action\":[\"wafv2:GetWebACLForResource\",\"wafv2:GetWebACL\",\"wafv2:DisassociateWebACL\",\"wafv2:AssociateWebACL\",\"waf-regional:GetWebACLForResource\",\"waf-regional:GetWebACL\",\"waf-regional:DisassociateWebACL\",\"waf-regional:AssociateWebACL\",\"elasticloadbalancing:SetWebAcl\"],\"Effect\":\"Allow\",\"Resource\":[\"arn:aws:wafv2:us-east-1:268050465834:*/webacl/*/*\",\"arn:aws:wafv2:us-east-1:268050465834:*\",\"arn:aws:waf-regional:us-east-1:268050465834:webacl/*\",\"arn:aws:waf-regional:us-east-1:268050465834:*\",\"arn:aws:elasticloadbalancing:us-east-1:268050465834:loadbalancer/app/*/*\",\"arn:aws:cognito-idp:us-east-1:268050465834:userpool/*\",\"arn:aws:appsync:us-east-1:268050465834:apis/*\",\"arn:aws:apigateway:us-east-1::/restapis/*/stages/*\"],\"Sid\":\"AllowManageWebAcl\"},{\"Action\":[\"ec2:RevokeSecurityGroupIngress\",\"ec2:DeleteTags\",\"ec2:DeleteSecurityGroup\",\"ec2:CreateTags\",\"ec2:AuthorizeSecurityGroupIngress\"],\"Effect\":\"Allow\",\"Resource\":\"arn:aws:ec2:us-east-1:268050465834:security-group/*\",\"Sid\":\"AllowManageSecurityGroups\"},{\"Action\":\"ec2:CreateSecurityGroup\",\"Effect\":\"Allow\",\"Resource\":[\"arn:aws:ec2:us-east-1:268050465834:vpc/*\",\"arn:aws:ec2:us-east-1:268050465834:security-group/*\"],\"Sid\":\"AllowCreateSecurityGroups\"}],\"Version\":\"2012-10-17\"}",
            "policy_id": "ANPAT42INQQVMI5OURQ5C",
            "tags": {},
            "tags_all": {}
          },
          "sensitive_attributes": [],
          "private": "bnVsbA==",
          "dependencies": [
            "module.eks_cluster.data.aws_subnets.private",
            "module.eks_cluster.data.aws_vpc.vpc",
            "module.eks_cluster.module.eks.aws_cloudwatch_log_group.this",
            "module.eks_cluster.module.eks.aws_eks_cluster.this",
            "module.eks_cluster.module.eks.aws_iam_policy.cni_ipv6_policy",
            "module.eks_cluster.module.eks.aws_iam_role.this",
            "module.eks_cluster.module.eks.aws_iam_role_policy_attachment.this",
            "module.eks_cluster.module.eks.aws_security_group.cluster",
            "module.eks_cluster.module.eks.aws_security_group.node",
            "module.eks_cluster.module.eks.aws_security_group_rule.cluster",
            "module.eks_cluster.module.eks.aws_security_group_rule.node",
            "module.eks_cluster.module.eks.data.aws_caller_identity.current",
            "module.eks_cluster.module.eks.data.aws_iam_policy_document.assume_role_policy",
            "module.eks_cluster.module.eks.data.aws_iam_policy_document.cni_ipv6_policy",
            "module.eks_cluster.module.eks.data.aws_iam_session_context.current",
            "module.eks_cluster.module.eks.data.aws_partition.current",
            "module.eks_cluster.module.eks.module.kms.aws_kms_external_key.this",
            "module.eks_cluster.module.eks.module.kms.aws_kms_key.this",
            "module.eks_cluster.module.eks.module.kms.data.aws_caller_identity.current",
            "module.eks_cluster.module.eks.module.kms.data.aws_iam_policy_document.this",
            "module.eks_cluster.module.eks.module.kms.data.aws_partition.current",
            "module.eks_cluster.module.kubernetes_addons.data.aws_caller_identity.current",
            "module.eks_cluster.module.kubernetes_addons.data.aws_eks_cluster.eks_cluster",
            "module.eks_cluster.module.kubernetes_addons.data.aws_partition.current",
            "module.eks_cluster.module.kubernetes_addons.data.aws_region.current",
            "module.eks_cluster.module.kubernetes_addons.module.aws_load_balancer_controller.data.aws_caller_identity.current",
            "module.eks_cluster.module.kubernetes_addons.module.aws_load_balancer_controller.data.aws_iam_policy_document.aws_lb",
            "module.eks_cluster.module.kubernetes_addons.module.aws_load_balancer_controller.data.aws_partition.current",
            "module.eks_cluster.module.kubernetes_addons.module.aws_load_balancer_controller.data.aws_region.current",
            "module.eks_cluster.module.kubernetes_addons.time_sleep.dataplane"
          ]
        }
      ]
    },
    {
      "module": "module.eks_cluster.module.kubernetes_addons.module.aws_load_balancer_controller[0].module.helm_addon",
      "mode": "managed",
      "type": "helm_release",
      "name": "addon",
      "provider": "provider[\"registry.terraform.io/hashicorp/helm\"]",
      "instances": [
        {
          "index_key": 0,
          "schema_version": 1,
          "attributes": {
            "atomic": false,
            "chart": "aws-load-balancer-controller",
            "cleanup_on_fail": false,
            "create_namespace": false,
            "dependency_update": false,
            "description": "aws-load-balancer-controller Helm Chart for ingress resources",
            "devel": null,
            "disable_crd_hooks": false,
            "disable_openapi_validation": false,
            "disable_webhooks": false,
            "force_update": false,
            "id": "aws-load-balancer-controller",
            "keyring": "",
            "lint": false,
            "manifest": null,
            "max_history": 0,
            "metadata": [
              {
                "app_version": "v2.4.4",
                "chart": "aws-load-balancer-controller",
                "name": "aws-load-balancer-controller",
                "namespace": "kube-system",
                "revision": 1,
                "values": "{\"clusterName\":\"eks-blueprint-blue\",\"image\":{\"repository\":\"602401143452.dkr.ecr.us-east-1.amazonaws.com/amazon/aws-load-balancer-controller\"},\"region\":\"us-east-1\",\"serviceAccount\":{\"create\":false,\"name\":\"aws-load-balancer-controller-sa\"}}",
                "version": "1.4.5"
              }
            ],
            "name": "aws-load-balancer-controller",
            "namespace": "kube-system",
            "pass_credentials": false,
            "postrender": [
              {
                "args": [],
                "binary_path": ""
              }
            ],
            "recreate_pods": false,
            "render_subchart_notes": true,
            "replace": false,
            "repository": "https://aws.github.io/eks-charts",
            "repository_ca_file": null,
            "repository_cert_file": "",
            "repository_key_file": "",
            "repository_password": "",
            "repository_username": "",
            "reset_values": false,
            "reuse_values": false,
            "set": [
              {
                "name": "serviceAccount.create",
                "type": "",
                "value": "false"
              },
              {
                "name": "serviceAccount.name",
                "type": "",
                "value": "aws-load-balancer-controller-sa"
              }
            ],
            "set_list": [],
            "set_sensitive": [],
            "skip_crds": false,
            "status": "deployed",
            "timeout": 1200,
            "values": [
              "clusterName: eks-blueprint-blue\nregion: us-east-1\nimage:\n  repository: 602401143452.dkr.ecr.us-east-1.amazonaws.com/amazon/aws-load-balancer-controller\n"
            ],
            "verify": false,
            "version": "1.4.5",
            "wait": true,
            "wait_for_jobs": false
          },
          "sensitive_attributes": [],
          "private": "eyJzY2hlbWFfdmVyc2lvbiI6IjEifQ==",
          "dependencies": [
            "module.eks_cluster.data.aws_subnets.private",
            "module.eks_cluster.data.aws_vpc.vpc",
            "module.eks_cluster.module.eks.aws_cloudwatch_log_group.this",
            "module.eks_cluster.module.eks.aws_eks_cluster.this",
            "module.eks_cluster.module.eks.aws_iam_policy.cni_ipv6_policy",
            "module.eks_cluster.module.eks.aws_iam_role.this",
            "module.eks_cluster.module.eks.aws_iam_role_policy_attachment.this",
            "module.eks_cluster.module.eks.aws_security_group.cluster",
            "module.eks_cluster.module.eks.aws_security_group.node",
            "module.eks_cluster.module.eks.aws_security_group_rule.cluster",
            "module.eks_cluster.module.eks.aws_security_group_rule.node",
            "module.eks_cluster.module.eks.data.aws_caller_identity.current",
            "module.eks_cluster.module.eks.data.aws_iam_policy_document.assume_role_policy",
            "module.eks_cluster.module.eks.data.aws_iam_policy_document.cni_ipv6_policy",
            "module.eks_cluster.module.eks.data.aws_iam_session_context.current",
            "module.eks_cluster.module.eks.data.aws_partition.current",
            "module.eks_cluster.module.eks.module.kms.aws_kms_external_key.this",
            "module.eks_cluster.module.eks.module.kms.aws_kms_key.this",
            "module.eks_cluster.module.eks.module.kms.data.aws_caller_identity.current",
            "module.eks_cluster.module.eks.module.kms.data.aws_iam_policy_document.this",
            "module.eks_cluster.module.eks.module.kms.data.aws_partition.current",
            "module.eks_cluster.module.kubernetes_addons.data.aws_caller_identity.current",
            "module.eks_cluster.module.kubernetes_addons.data.aws_eks_cluster.eks_cluster",
            "module.eks_cluster.module.kubernetes_addons.data.aws_partition.current",
            "module.eks_cluster.module.kubernetes_addons.data.aws_region.current",
            "module.eks_cluster.module.kubernetes_addons.module.aws_load_balancer_controller.aws_iam_policy.aws_load_balancer_controller",
            "module.eks_cluster.module.kubernetes_addons.module.aws_load_balancer_controller.data.aws_caller_identity.current",
            "module.eks_cluster.module.kubernetes_addons.module.aws_load_balancer_controller.data.aws_iam_policy_document.aws_lb",
            "module.eks_cluster.module.kubernetes_addons.module.aws_load_balancer_controller.data.aws_partition.current",
            "module.eks_cluster.module.kubernetes_addons.module.aws_load_balancer_controller.data.aws_region.current",
            "module.eks_cluster.module.kubernetes_addons.module.aws_load_balancer_controller.module.helm_addon.module.irsa.aws_iam_role.irsa",
            "module.eks_cluster.module.kubernetes_addons.module.aws_load_balancer_controller.module.helm_addon.module.irsa.aws_iam_role_policy_attachment.irsa",
            "module.eks_cluster.module.kubernetes_addons.module.aws_load_balancer_controller.module.helm_addon.module.irsa.kubernetes_namespace_v1.irsa",
            "module.eks_cluster.module.kubernetes_addons.module.aws_load_balancer_controller.module.helm_addon.module.irsa.kubernetes_secret_v1.irsa",
            "module.eks_cluster.module.kubernetes_addons.module.aws_load_balancer_controller.module.helm_addon.module.irsa.kubernetes_service_account_v1.irsa",
            "module.eks_cluster.module.kubernetes_addons.time_sleep.dataplane"
          ]
        }
      ]
    },
    {
      "module": "module.eks_cluster.module.kubernetes_addons.module.aws_load_balancer_controller[0].module.helm_addon.module.irsa[0]",
      "mode": "managed",
      "type": "aws_iam_role",
      "name": "irsa",
      "provider": "provider[\"registry.terraform.io/hashicorp/aws\"]",
      "instances": [
        {
          "index_key": 0,
          "schema_version": 0,
          "attributes": {
            "arn": "arn:aws:iam::268050465834:role/eks-blueprint-blue-aws-load-balancer-controller-sa-irsa",
            "assume_role_policy": "{\"Statement\":[{\"Action\":\"sts:AssumeRoleWithWebIdentity\",\"Condition\":{\"StringLike\":{\"oidc.eks.us-east-1.amazonaws.com/id/55CEBE7FF41F53C3E48BB83F2E8FA157:aud\":\"sts.amazonaws.com\",\"oidc.eks.us-east-1.amazonaws.com/id/55CEBE7FF41F53C3E48BB83F2E8FA157:sub\":\"system:serviceaccount:kube-system:aws-load-balancer-controller-sa\"}},\"Effect\":\"Allow\",\"Principal\":{\"Federated\":\"arn:aws:iam::268050465834:oidc-provider/oidc.eks.us-east-1.amazonaws.com/id/55CEBE7FF41F53C3E48BB83F2E8FA157\"}}],\"Version\":\"2012-10-17\"}",
            "create_date": "2023-10-26T21:51:23Z",
            "description": "AWS IAM Role for the Kubernetes service account aws-load-balancer-controller-sa.",
            "force_detach_policies": true,
            "id": "eks-blueprint-blue-aws-load-balancer-controller-sa-irsa",
            "inline_policy": [],
            "managed_policy_arns": [
              "arn:aws:iam::268050465834:policy/eks-blueprint-blue-lb-irsa"
            ],
            "max_session_duration": 3600,
            "name": "eks-blueprint-blue-aws-load-balancer-controller-sa-irsa",
            "name_prefix": "",
            "path": "/",
            "permissions_boundary": "",
            "tags": {},
            "tags_all": {},
            "unique_id": "AROAT42INQQVJRPBWKSAL"
          },
          "sensitive_attributes": [],
          "private": "bnVsbA==",
          "dependencies": [
            "module.eks_cluster.data.aws_subnets.private",
            "module.eks_cluster.data.aws_vpc.vpc",
            "module.eks_cluster.module.eks.aws_cloudwatch_log_group.this",
            "module.eks_cluster.module.eks.aws_eks_cluster.this",
            "module.eks_cluster.module.eks.aws_iam_policy.cni_ipv6_policy",
            "module.eks_cluster.module.eks.aws_iam_role.this",
            "module.eks_cluster.module.eks.aws_iam_role_policy_attachment.this",
            "module.eks_cluster.module.eks.aws_security_group.cluster",
            "module.eks_cluster.module.eks.aws_security_group.node",
            "module.eks_cluster.module.eks.aws_security_group_rule.cluster",
            "module.eks_cluster.module.eks.aws_security_group_rule.node",
            "module.eks_cluster.module.eks.data.aws_caller_identity.current",
            "module.eks_cluster.module.eks.data.aws_iam_policy_document.assume_role_policy",
            "module.eks_cluster.module.eks.data.aws_iam_policy_document.cni_ipv6_policy",
            "module.eks_cluster.module.eks.data.aws_iam_session_context.current",
            "module.eks_cluster.module.eks.data.aws_partition.current",
            "module.eks_cluster.module.eks.module.kms.aws_kms_external_key.this",
            "module.eks_cluster.module.eks.module.kms.aws_kms_key.this",
            "module.eks_cluster.module.eks.module.kms.data.aws_caller_identity.current",
            "module.eks_cluster.module.eks.module.kms.data.aws_iam_policy_document.this",
            "module.eks_cluster.module.eks.module.kms.data.aws_partition.current",
            "module.eks_cluster.module.kubernetes_addons.data.aws_caller_identity.current",
            "module.eks_cluster.module.kubernetes_addons.data.aws_eks_cluster.eks_cluster",
            "module.eks_cluster.module.kubernetes_addons.data.aws_partition.current",
            "module.eks_cluster.module.kubernetes_addons.data.aws_region.current",
            "module.eks_cluster.module.kubernetes_addons.module.aws_load_balancer_controller.aws_iam_policy.aws_load_balancer_controller",
            "module.eks_cluster.module.kubernetes_addons.module.aws_load_balancer_controller.data.aws_caller_identity.current",
            "module.eks_cluster.module.kubernetes_addons.module.aws_load_balancer_controller.data.aws_iam_policy_document.aws_lb",
            "module.eks_cluster.module.kubernetes_addons.module.aws_load_balancer_controller.data.aws_partition.current",
            "module.eks_cluster.module.kubernetes_addons.module.aws_load_balancer_controller.data.aws_region.current",
            "module.eks_cluster.module.kubernetes_addons.time_sleep.dataplane"
          ]
        }
      ]
    },
    {
      "module": "module.eks_cluster.module.kubernetes_addons.module.aws_load_balancer_controller[0].module.helm_addon.module.irsa[0]",
      "mode": "managed",
      "type": "aws_iam_role_policy_attachment",
      "name": "irsa",
      "provider": "provider[\"registry.terraform.io/hashicorp/aws\"]",
      "instances": [
        {
          "index_key": 0,
          "schema_version": 0,
          "attributes": {
            "id": "eks-blueprint-blue-aws-load-balancer-controller-sa-irsa-20231026215124319700000002",
            "policy_arn": "arn:aws:iam::268050465834:policy/eks-blueprint-blue-lb-irsa",
            "role": "eks-blueprint-blue-aws-load-balancer-controller-sa-irsa"
          },
          "sensitive_attributes": [],
          "private": "bnVsbA==",
          "dependencies": [
            "module.eks_cluster.data.aws_subnets.private",
            "module.eks_cluster.data.aws_vpc.vpc",
            "module.eks_cluster.module.eks.aws_cloudwatch_log_group.this",
            "module.eks_cluster.module.eks.aws_eks_cluster.this",
            "module.eks_cluster.module.eks.aws_iam_policy.cni_ipv6_policy",
            "module.eks_cluster.module.eks.aws_iam_role.this",
            "module.eks_cluster.module.eks.aws_iam_role_policy_attachment.this",
            "module.eks_cluster.module.eks.aws_security_group.cluster",
            "module.eks_cluster.module.eks.aws_security_group.node",
            "module.eks_cluster.module.eks.aws_security_group_rule.cluster",
            "module.eks_cluster.module.eks.aws_security_group_rule.node",
            "module.eks_cluster.module.eks.data.aws_caller_identity.current",
            "module.eks_cluster.module.eks.data.aws_iam_policy_document.assume_role_policy",
            "module.eks_cluster.module.eks.data.aws_iam_policy_document.cni_ipv6_policy",
            "module.eks_cluster.module.eks.data.aws_iam_session_context.current",
            "module.eks_cluster.module.eks.data.aws_partition.current",
            "module.eks_cluster.module.eks.module.kms.aws_kms_external_key.this",
            "module.eks_cluster.module.eks.module.kms.aws_kms_key.this",
            "module.eks_cluster.module.eks.module.kms.data.aws_caller_identity.current",
            "module.eks_cluster.module.eks.module.kms.data.aws_iam_policy_document.this",
            "module.eks_cluster.module.eks.module.kms.data.aws_partition.current",
            "module.eks_cluster.module.kubernetes_addons.data.aws_caller_identity.current",
            "module.eks_cluster.module.kubernetes_addons.data.aws_eks_cluster.eks_cluster",
            "module.eks_cluster.module.kubernetes_addons.data.aws_partition.current",
            "module.eks_cluster.module.kubernetes_addons.data.aws_region.current",
            "module.eks_cluster.module.kubernetes_addons.module.aws_load_balancer_controller.aws_iam_policy.aws_load_balancer_controller",
            "module.eks_cluster.module.kubernetes_addons.module.aws_load_balancer_controller.data.aws_caller_identity.current",
            "module.eks_cluster.module.kubernetes_addons.module.aws_load_balancer_controller.data.aws_iam_policy_document.aws_lb",
            "module.eks_cluster.module.kubernetes_addons.module.aws_load_balancer_controller.data.aws_partition.current",
            "module.eks_cluster.module.kubernetes_addons.module.aws_load_balancer_controller.data.aws_region.current",
            "module.eks_cluster.module.kubernetes_addons.module.aws_load_balancer_controller.module.helm_addon.module.irsa.aws_iam_role.irsa",
            "module.eks_cluster.module.kubernetes_addons.time_sleep.dataplane"
          ]
        }
      ]
    },
    {
      "module": "module.eks_cluster.module.kubernetes_addons.module.aws_load_balancer_controller[0].module.helm_addon.module.irsa[0]",
      "mode": "managed",
      "type": "kubernetes_service_account_v1",
      "name": "irsa",
      "provider": "provider[\"registry.terraform.io/hashicorp/kubernetes\"]",
      "instances": [
        {
          "index_key": 0,
          "schema_version": 0,
          "attributes": {
            "automount_service_account_token": true,
            "default_secret_name": "",
            "id": "kube-system/aws-load-balancer-controller-sa",
            "image_pull_secret": [],
            "metadata": [
              {
                "annotations": {
                  "eks.amazonaws.com/role-arn": "arn:aws:iam::268050465834:role/eks-blueprint-blue-aws-load-balancer-controller-sa-irsa"
                },
                "generate_name": "",
                "generation": 0,
                "labels": {},
                "name": "aws-load-balancer-controller-sa",
                "namespace": "kube-system",
                "resource_version": "21397",
                "uid": "0ee4c4d8-7aad-4b42-a331-b62593b11d34"
              }
            ],
            "secret": [],
            "timeouts": null
          },
          "sensitive_attributes": [],
          "private": "eyJlMmJmYjczMC1lY2FhLTExZTYtOGY4OC0zNDM2M2JjN2M0YzAiOnsiY3JlYXRlIjozMDAwMDAwMDAwMH19",
          "dependencies": [
            "module.eks_cluster.data.aws_subnets.private",
            "module.eks_cluster.data.aws_vpc.vpc",
            "module.eks_cluster.module.eks.aws_cloudwatch_log_group.this",
            "module.eks_cluster.module.eks.aws_eks_cluster.this",
            "module.eks_cluster.module.eks.aws_iam_policy.cni_ipv6_policy",
            "module.eks_cluster.module.eks.aws_iam_role.this",
            "module.eks_cluster.module.eks.aws_iam_role_policy_attachment.this",
            "module.eks_cluster.module.eks.aws_security_group.cluster",
            "module.eks_cluster.module.eks.aws_security_group.node",
            "module.eks_cluster.module.eks.aws_security_group_rule.cluster",
            "module.eks_cluster.module.eks.aws_security_group_rule.node",
            "module.eks_cluster.module.eks.data.aws_caller_identity.current",
            "module.eks_cluster.module.eks.data.aws_iam_policy_document.assume_role_policy",
            "module.eks_cluster.module.eks.data.aws_iam_policy_document.cni_ipv6_policy",
            "module.eks_cluster.module.eks.data.aws_iam_session_context.current",
            "module.eks_cluster.module.eks.data.aws_partition.current",
            "module.eks_cluster.module.eks.module.kms.aws_kms_external_key.this",
            "module.eks_cluster.module.eks.module.kms.aws_kms_key.this",
            "module.eks_cluster.module.eks.module.kms.data.aws_caller_identity.current",
            "module.eks_cluster.module.eks.module.kms.data.aws_iam_policy_document.this",
            "module.eks_cluster.module.eks.module.kms.data.aws_partition.current",
            "module.eks_cluster.module.kubernetes_addons.data.aws_caller_identity.current",
            "module.eks_cluster.module.kubernetes_addons.data.aws_eks_cluster.eks_cluster",
            "module.eks_cluster.module.kubernetes_addons.data.aws_partition.current",
            "module.eks_cluster.module.kubernetes_addons.data.aws_region.current",
            "module.eks_cluster.module.kubernetes_addons.module.aws_load_balancer_controller.aws_iam_policy.aws_load_balancer_controller",
            "module.eks_cluster.module.kubernetes_addons.module.aws_load_balancer_controller.data.aws_caller_identity.current",
            "module.eks_cluster.module.kubernetes_addons.module.aws_load_balancer_controller.data.aws_iam_policy_document.aws_lb",
            "module.eks_cluster.module.kubernetes_addons.module.aws_load_balancer_controller.data.aws_partition.current",
            "module.eks_cluster.module.kubernetes_addons.module.aws_load_balancer_controller.data.aws_region.current",
            "module.eks_cluster.module.kubernetes_addons.module.aws_load_balancer_controller.module.helm_addon.module.irsa.aws_iam_role.irsa",
            "module.eks_cluster.module.kubernetes_addons.module.aws_load_balancer_controller.module.helm_addon.module.irsa.kubernetes_namespace_v1.irsa",
            "module.eks_cluster.module.kubernetes_addons.time_sleep.dataplane"
          ]
        }
      ]
    },
    {
      "module": "module.eks_cluster.module.kubernetes_addons.module.aws_vpc_cni[0]",
      "mode": "data",
      "type": "aws_eks_addon_version",
      "name": "this",
      "provider": "provider[\"registry.terraform.io/hashicorp/aws\"]",
      "instances": [
        {
          "schema_version": 0,
          "attributes": {
            "addon_name": "vpc-cni",
            "id": "vpc-cni",
            "kubernetes_version": "1.26",
            "most_recent": false,
            "version": "v1.12.5-eksbuild.2"
          },
          "sensitive_attributes": []
        }
      ]
    },
    {
      "module": "module.eks_cluster.module.kubernetes_addons.module.aws_vpc_cni[0]",
      "mode": "managed",
      "type": "aws_eks_addon",
      "name": "vpc_cni",
      "provider": "provider[\"registry.terraform.io/hashicorp/aws\"]",
      "instances": [
        {
          "schema_version": 0,
          "attributes": {
            "addon_name": "vpc-cni",
            "addon_version": "v1.12.5-eksbuild.2",
            "arn": "arn:aws:eks:us-east-1:268050465834:addon/eks-blueprint-blue/vpc-cni/d8c5b8d8-e2cf-95d0-07fc-469d7a5d1bdc",
            "cluster_name": "eks-blueprint-blue",
            "configuration_values": "",
            "created_at": "2023-10-27T15:12:37Z",
            "id": "eks-blueprint-blue:vpc-cni",
            "modified_at": "2023-10-27T15:13:11Z",
            "preserve": true,
            "resolve_conflicts": "OVERWRITE",
            "resolve_conflicts_on_create": null,
            "resolve_conflicts_on_update": null,
            "service_account_role_arn": "arn:aws:iam::268050465834:role/eks-blueprint-blue-aws-node-irsa",
            "tags": {},
            "tags_all": {},
            "timeouts": null
          },
          "sensitive_attributes": [],
          "private": "eyJlMmJmYjczMC1lY2FhLTExZTYtOGY4OC0zNDM2M2JjN2M0YzAiOnsiY3JlYXRlIjoxMjAwMDAwMDAwMDAwLCJkZWxldGUiOjI0MDAwMDAwMDAwMDAsInVwZGF0ZSI6MTIwMDAwMDAwMDAwMH19",
          "dependencies": [
            "module.eks_cluster.data.aws_subnets.private",
            "module.eks_cluster.data.aws_vpc.vpc",
            "module.eks_cluster.module.eks.aws_cloudwatch_log_group.this",
            "module.eks_cluster.module.eks.aws_eks_cluster.this",
            "module.eks_cluster.module.eks.aws_iam_policy.cni_ipv6_policy",
            "module.eks_cluster.module.eks.aws_iam_role.this",
            "module.eks_cluster.module.eks.aws_iam_role_policy_attachment.this",
            "module.eks_cluster.module.eks.aws_security_group.cluster",
            "module.eks_cluster.module.eks.aws_security_group.node",
            "module.eks_cluster.module.eks.aws_security_group_rule.cluster",
            "module.eks_cluster.module.eks.aws_security_group_rule.node",
            "module.eks_cluster.module.eks.data.aws_caller_identity.current",
            "module.eks_cluster.module.eks.data.aws_iam_policy_document.assume_role_policy",
            "module.eks_cluster.module.eks.data.aws_iam_policy_document.cni_ipv6_policy",
            "module.eks_cluster.module.eks.data.aws_iam_session_context.current",
            "module.eks_cluster.module.eks.data.aws_partition.current",
            "module.eks_cluster.module.eks.module.kms.aws_kms_external_key.this",
            "module.eks_cluster.module.eks.module.kms.aws_kms_key.this",
            "module.eks_cluster.module.eks.module.kms.data.aws_caller_identity.current",
            "module.eks_cluster.module.eks.module.kms.data.aws_iam_policy_document.this",
            "module.eks_cluster.module.eks.module.kms.data.aws_partition.current",
            "module.eks_cluster.module.kubernetes_addons.data.aws_caller_identity.current",
            "module.eks_cluster.module.kubernetes_addons.data.aws_eks_cluster.eks_cluster",
            "module.eks_cluster.module.kubernetes_addons.data.aws_partition.current",
            "module.eks_cluster.module.kubernetes_addons.data.aws_region.current",
            "module.eks_cluster.module.kubernetes_addons.module.aws_vpc_cni.aws_iam_policy.cni_ipv6_policy",
            "module.eks_cluster.module.kubernetes_addons.module.aws_vpc_cni.data.aws_eks_addon_version.this",
            "module.eks_cluster.module.kubernetes_addons.module.aws_vpc_cni.data.aws_iam_policy_document.ipv6_policy",
            "module.eks_cluster.module.kubernetes_addons.module.aws_vpc_cni.module.irsa_addon.aws_iam_role.irsa",
            "module.eks_cluster.module.kubernetes_addons.time_sleep.dataplane"
          ]
        }
      ]
    },
    {
      "module": "module.eks_cluster.module.kubernetes_addons.module.aws_vpc_cni[0].module.irsa_addon[0]",
      "mode": "managed",
      "type": "aws_iam_role",
      "name": "irsa",
      "provider": "provider[\"registry.terraform.io/hashicorp/aws\"]",
      "instances": [
        {
          "index_key": 0,
          "schema_version": 0,
          "attributes": {
            "arn": "arn:aws:iam::268050465834:role/eks-blueprint-blue-aws-node-irsa",
            "assume_role_policy": "{\"Statement\":[{\"Action\":\"sts:AssumeRoleWithWebIdentity\",\"Condition\":{\"StringLike\":{\"oidc.eks.us-east-1.amazonaws.com/id/55CEBE7FF41F53C3E48BB83F2E8FA157:aud\":\"sts.amazonaws.com\",\"oidc.eks.us-east-1.amazonaws.com/id/55CEBE7FF41F53C3E48BB83F2E8FA157:sub\":\"system:serviceaccount:kube-system:aws-node\"}},\"Effect\":\"Allow\",\"Principal\":{\"Federated\":\"arn:aws:iam::268050465834:oidc-provider/oidc.eks.us-east-1.amazonaws.com/id/55CEBE7FF41F53C3E48BB83F2E8FA157\"}}],\"Version\":\"2012-10-17\"}",
            "create_date": "2023-10-27T15:12:36Z",
            "description": "AWS IAM Role for the Kubernetes service account aws-node.",
            "force_detach_policies": true,
            "id": "eks-blueprint-blue-aws-node-irsa",
            "inline_policy": [],
            "managed_policy_arns": [
              "arn:aws:iam::aws:policy/AmazonEKS_CNI_Policy"
            ],
            "max_session_duration": 3600,
            "name": "eks-blueprint-blue-aws-node-irsa",
            "name_prefix": "",
            "path": "/",
            "permissions_boundary": "",
            "tags": {},
            "tags_all": {},
            "unique_id": "AROAT42INQQVJE3YOFOKV"
          },
          "sensitive_attributes": [],
          "private": "bnVsbA==",
          "dependencies": [
            "module.eks_cluster.data.aws_subnets.private",
            "module.eks_cluster.data.aws_vpc.vpc",
            "module.eks_cluster.module.eks.aws_cloudwatch_log_group.this",
            "module.eks_cluster.module.eks.aws_eks_cluster.this",
            "module.eks_cluster.module.eks.aws_iam_policy.cni_ipv6_policy",
            "module.eks_cluster.module.eks.aws_iam_role.this",
            "module.eks_cluster.module.eks.aws_iam_role_policy_attachment.this",
            "module.eks_cluster.module.eks.aws_security_group.cluster",
            "module.eks_cluster.module.eks.aws_security_group.node",
            "module.eks_cluster.module.eks.aws_security_group_rule.cluster",
            "module.eks_cluster.module.eks.aws_security_group_rule.node",
            "module.eks_cluster.module.eks.data.aws_caller_identity.current",
            "module.eks_cluster.module.eks.data.aws_iam_policy_document.assume_role_policy",
            "module.eks_cluster.module.eks.data.aws_iam_policy_document.cni_ipv6_policy",
            "module.eks_cluster.module.eks.data.aws_iam_session_context.current",
            "module.eks_cluster.module.eks.data.aws_partition.current",
            "module.eks_cluster.module.eks.module.kms.aws_kms_external_key.this",
            "module.eks_cluster.module.eks.module.kms.aws_kms_key.this",
            "module.eks_cluster.module.eks.module.kms.data.aws_caller_identity.current",
            "module.eks_cluster.module.eks.module.kms.data.aws_iam_policy_document.this",
            "module.eks_cluster.module.eks.module.kms.data.aws_partition.current",
            "module.eks_cluster.module.kubernetes_addons.data.aws_caller_identity.current",
            "module.eks_cluster.module.kubernetes_addons.data.aws_eks_cluster.eks_cluster",
            "module.eks_cluster.module.kubernetes_addons.data.aws_partition.current",
            "module.eks_cluster.module.kubernetes_addons.data.aws_region.current",
            "module.eks_cluster.module.kubernetes_addons.module.aws_vpc_cni.aws_iam_policy.cni_ipv6_policy",
            "module.eks_cluster.module.kubernetes_addons.module.aws_vpc_cni.data.aws_iam_policy_document.ipv6_policy",
            "module.eks_cluster.module.kubernetes_addons.time_sleep.dataplane"
          ]
        }
      ]
    },
    {
      "module": "module.eks_cluster.module.kubernetes_addons.module.aws_vpc_cni[0].module.irsa_addon[0]",
      "mode": "managed",
      "type": "aws_iam_role_policy_attachment",
      "name": "irsa",
      "provider": "provider[\"registry.terraform.io/hashicorp/aws\"]",
      "instances": [
        {
          "index_key": 0,
          "schema_version": 0,
          "attributes": {
            "id": "eks-blueprint-blue-aws-node-irsa-20231027151237389100000002",
            "policy_arn": "arn:aws:iam::aws:policy/AmazonEKS_CNI_Policy",
            "role": "eks-blueprint-blue-aws-node-irsa"
          },
          "sensitive_attributes": [],
          "private": "bnVsbA==",
          "dependencies": [
            "module.eks_cluster.data.aws_subnets.private",
            "module.eks_cluster.data.aws_vpc.vpc",
            "module.eks_cluster.module.eks.aws_cloudwatch_log_group.this",
            "module.eks_cluster.module.eks.aws_eks_cluster.this",
            "module.eks_cluster.module.eks.aws_iam_policy.cni_ipv6_policy",
            "module.eks_cluster.module.eks.aws_iam_role.this",
            "module.eks_cluster.module.eks.aws_iam_role_policy_attachment.this",
            "module.eks_cluster.module.eks.aws_security_group.cluster",
            "module.eks_cluster.module.eks.aws_security_group.node",
            "module.eks_cluster.module.eks.aws_security_group_rule.cluster",
            "module.eks_cluster.module.eks.aws_security_group_rule.node",
            "module.eks_cluster.module.eks.data.aws_caller_identity.current",
            "module.eks_cluster.module.eks.data.aws_iam_policy_document.assume_role_policy",
            "module.eks_cluster.module.eks.data.aws_iam_policy_document.cni_ipv6_policy",
            "module.eks_cluster.module.eks.data.aws_iam_session_context.current",
            "module.eks_cluster.module.eks.data.aws_partition.current",
            "module.eks_cluster.module.eks.module.kms.aws_kms_external_key.this",
            "module.eks_cluster.module.eks.module.kms.aws_kms_key.this",
            "module.eks_cluster.module.eks.module.kms.data.aws_caller_identity.current",
            "module.eks_cluster.module.eks.module.kms.data.aws_iam_policy_document.this",
            "module.eks_cluster.module.eks.module.kms.data.aws_partition.current",
            "module.eks_cluster.module.kubernetes_addons.data.aws_caller_identity.current",
            "module.eks_cluster.module.kubernetes_addons.data.aws_eks_cluster.eks_cluster",
            "module.eks_cluster.module.kubernetes_addons.data.aws_partition.current",
            "module.eks_cluster.module.kubernetes_addons.data.aws_region.current",
            "module.eks_cluster.module.kubernetes_addons.module.aws_vpc_cni.aws_iam_policy.cni_ipv6_policy",
            "module.eks_cluster.module.kubernetes_addons.module.aws_vpc_cni.data.aws_iam_policy_document.ipv6_policy",
            "module.eks_cluster.module.kubernetes_addons.module.aws_vpc_cni.module.irsa_addon.aws_iam_role.irsa",
            "module.eks_cluster.module.kubernetes_addons.time_sleep.dataplane"
          ]
        }
      ]
    },
    {
      "module": "module.eks_cluster.module.kubernetes_addons.module.cert_manager[0]",
      "mode": "data",
      "type": "aws_iam_policy_document",
      "name": "cert_manager_iam_policy_document",
      "provider": "provider[\"registry.terraform.io/hashicorp/aws\"]",
      "instances": [
        {
          "schema_version": 0,
          "attributes": {
            "id": "3875089033",
            "json": "{\n  \"Version\": \"2012-10-17\",\n  \"Statement\": [\n    {\n      \"Effect\": \"Allow\",\n      \"Action\": \"route53:GetChange\",\n      \"Resource\": \"arn:aws:route53:::change/*\"\n    },\n    {\n      \"Effect\": \"Allow\",\n      \"Action\": \"route53:ListHostedZonesByName\",\n      \"Resource\": \"*\"\n    }\n  ]\n}",
            "override_policy_documents": null,
            "policy_id": null,
            "source_policy_documents": null,
            "statement": [
              {
                "actions": [
                  "route53:GetChange"
                ],
                "condition": [],
                "effect": "Allow",
                "not_actions": [],
                "not_principals": [],
                "not_resources": [],
                "principals": [],
                "resources": [
                  "arn:aws:route53:::change/*"
                ],
                "sid": ""
              },
              {
                "actions": [
                  "route53:ListHostedZonesByName"
                ],
                "condition": [],
                "effect": "Allow",
                "not_actions": [],
                "not_principals": [],
                "not_resources": [],
                "principals": [],
                "resources": [
                  "*"
                ],
                "sid": ""
              }
            ],
            "version": "2012-10-17"
          },
          "sensitive_attributes": []
        }
      ]
    },
    {
      "module": "module.eks_cluster.module.kubernetes_addons.module.cert_manager[0]",
      "mode": "managed",
      "type": "aws_iam_policy",
      "name": "cert_manager",
      "provider": "provider[\"registry.terraform.io/hashicorp/aws\"]",
      "instances": [
        {
          "schema_version": 0,
          "attributes": {
            "arn": "arn:aws:iam::268050465834:policy/eks-blueprint-blue-cert-manager-irsa",
            "description": "cert-manager IAM policy.",
            "id": "arn:aws:iam::268050465834:policy/eks-blueprint-blue-cert-manager-irsa",
            "name": "eks-blueprint-blue-cert-manager-irsa",
            "name_prefix": "",
            "path": "/",
            "policy": "{\"Statement\":[{\"Action\":\"route53:GetChange\",\"Effect\":\"Allow\",\"Resource\":\"arn:aws:route53:::change/*\"},{\"Action\":\"route53:ListHostedZonesByName\",\"Effect\":\"Allow\",\"Resource\":\"*\"}],\"Version\":\"2012-10-17\"}",
            "policy_id": "ANPAT42INQQVGEHEUNX6C",
            "tags": {},
            "tags_all": {}
          },
          "sensitive_attributes": [],
          "private": "bnVsbA==",
          "dependencies": [
            "module.eks_cluster.data.aws_subnets.private",
            "module.eks_cluster.data.aws_vpc.vpc",
            "module.eks_cluster.module.eks.aws_cloudwatch_log_group.this",
            "module.eks_cluster.module.eks.aws_eks_cluster.this",
            "module.eks_cluster.module.eks.aws_iam_policy.cni_ipv6_policy",
            "module.eks_cluster.module.eks.aws_iam_role.this",
            "module.eks_cluster.module.eks.aws_iam_role_policy_attachment.this",
            "module.eks_cluster.module.eks.aws_security_group.cluster",
            "module.eks_cluster.module.eks.aws_security_group.node",
            "module.eks_cluster.module.eks.aws_security_group_rule.cluster",
            "module.eks_cluster.module.eks.aws_security_group_rule.node",
            "module.eks_cluster.module.eks.data.aws_caller_identity.current",
            "module.eks_cluster.module.eks.data.aws_iam_policy_document.assume_role_policy",
            "module.eks_cluster.module.eks.data.aws_iam_policy_document.cni_ipv6_policy",
            "module.eks_cluster.module.eks.data.aws_iam_session_context.current",
            "module.eks_cluster.module.eks.data.aws_partition.current",
            "module.eks_cluster.module.eks.module.kms.aws_kms_external_key.this",
            "module.eks_cluster.module.eks.module.kms.aws_kms_key.this",
            "module.eks_cluster.module.eks.module.kms.data.aws_caller_identity.current",
            "module.eks_cluster.module.eks.module.kms.data.aws_iam_policy_document.this",
            "module.eks_cluster.module.eks.module.kms.data.aws_partition.current",
            "module.eks_cluster.module.kubernetes_addons.data.aws_caller_identity.current",
            "module.eks_cluster.module.kubernetes_addons.data.aws_eks_cluster.eks_cluster",
            "module.eks_cluster.module.kubernetes_addons.data.aws_partition.current",
            "module.eks_cluster.module.kubernetes_addons.data.aws_region.current",
            "module.eks_cluster.module.kubernetes_addons.module.cert_manager.data.aws_iam_policy_document.cert_manager_iam_policy_document",
            "module.eks_cluster.module.kubernetes_addons.module.cert_manager.data.aws_route53_zone.selected",
            "module.eks_cluster.module.kubernetes_addons.time_sleep.dataplane"
          ]
        }
      ]
    },
    {
      "module": "module.eks_cluster.module.kubernetes_addons.module.cert_manager[0]",
      "mode": "managed",
      "type": "helm_release",
      "name": "cert_manager_ca",
      "provider": "provider[\"registry.terraform.io/hashicorp/helm\"]",
      "instances": [
        {
          "index_key": 0,
          "schema_version": 1,
          "attributes": {
            "atomic": false,
            "chart": ".terraform/modules/eks_cluster.kubernetes_addons/modules/kubernetes-addons/cert-manager/cert-manager-ca",
            "cleanup_on_fail": false,
            "create_namespace": false,
            "dependency_update": false,
            "description": null,
            "devel": null,
            "disable_crd_hooks": false,
            "disable_openapi_validation": false,
            "disable_webhooks": false,
            "force_update": false,
            "id": "cert-manager-ca",
            "keyring": null,
            "lint": false,
            "manifest": null,
            "max_history": 0,
            "metadata": [
              {
                "app_version": "v0.1.0",
                "chart": "cert-manager-ca",
                "name": "cert-manager-ca",
                "namespace": "cert-manager",
                "revision": 1,
                "values": "{}",
                "version": "0.2.0"
              }
            ],
            "name": "cert-manager-ca",
            "namespace": "cert-manager",
            "pass_credentials": false,
            "postrender": [],
            "recreate_pods": false,
            "render_subchart_notes": true,
            "replace": false,
            "repository": null,
            "repository_ca_file": null,
            "repository_cert_file": null,
            "repository_key_file": null,
            "repository_password": null,
            "repository_username": null,
            "reset_values": false,
            "reuse_values": false,
            "set": [],
            "set_list": [],
            "set_sensitive": [],
            "skip_crds": false,
            "status": "deployed",
            "timeout": 300,
            "values": null,
            "verify": false,
            "version": "0.2.0",
            "wait": true,
            "wait_for_jobs": false
          },
          "sensitive_attributes": [],
          "private": "eyJzY2hlbWFfdmVyc2lvbiI6IjEifQ==",
          "dependencies": [
            "module.eks_cluster.data.aws_subnets.private",
            "module.eks_cluster.data.aws_vpc.vpc",
            "module.eks_cluster.module.eks.aws_cloudwatch_log_group.this",
            "module.eks_cluster.module.eks.aws_eks_cluster.this",
            "module.eks_cluster.module.eks.aws_iam_policy.cni_ipv6_policy",
            "module.eks_cluster.module.eks.aws_iam_role.this",
            "module.eks_cluster.module.eks.aws_iam_role_policy_attachment.this",
            "module.eks_cluster.module.eks.aws_security_group.cluster",
            "module.eks_cluster.module.eks.aws_security_group.node",
            "module.eks_cluster.module.eks.aws_security_group_rule.cluster",
            "module.eks_cluster.module.eks.aws_security_group_rule.node",
            "module.eks_cluster.module.eks.data.aws_caller_identity.current",
            "module.eks_cluster.module.eks.data.aws_iam_policy_document.assume_role_policy",
            "module.eks_cluster.module.eks.data.aws_iam_policy_document.cni_ipv6_policy",
            "module.eks_cluster.module.eks.data.aws_iam_session_context.current",
            "module.eks_cluster.module.eks.data.aws_partition.current",
            "module.eks_cluster.module.eks.module.kms.aws_kms_external_key.this",
            "module.eks_cluster.module.eks.module.kms.aws_kms_key.this",
            "module.eks_cluster.module.eks.module.kms.data.aws_caller_identity.current",
            "module.eks_cluster.module.eks.module.kms.data.aws_iam_policy_document.this",
            "module.eks_cluster.module.eks.module.kms.data.aws_partition.current",
            "module.eks_cluster.module.kubernetes_addons.data.aws_caller_identity.current",
            "module.eks_cluster.module.kubernetes_addons.data.aws_eks_cluster.eks_cluster",
            "module.eks_cluster.module.kubernetes_addons.data.aws_partition.current",
            "module.eks_cluster.module.kubernetes_addons.data.aws_region.current",
            "module.eks_cluster.module.kubernetes_addons.module.cert_manager.aws_iam_policy.cert_manager",
            "module.eks_cluster.module.kubernetes_addons.module.cert_manager.data.aws_iam_policy_document.cert_manager_iam_policy_document",
            "module.eks_cluster.module.kubernetes_addons.module.cert_manager.data.aws_route53_zone.selected",
            "module.eks_cluster.module.kubernetes_addons.module.cert_manager.module.helm_addon.helm_release.addon",
            "module.eks_cluster.module.kubernetes_addons.module.cert_manager.module.helm_addon.module.irsa.aws_iam_role.irsa",
            "module.eks_cluster.module.kubernetes_addons.module.cert_manager.module.helm_addon.module.irsa.aws_iam_role_policy_attachment.irsa",
            "module.eks_cluster.module.kubernetes_addons.module.cert_manager.module.helm_addon.module.irsa.kubernetes_namespace_v1.irsa",
            "module.eks_cluster.module.kubernetes_addons.module.cert_manager.module.helm_addon.module.irsa.kubernetes_secret_v1.irsa",
            "module.eks_cluster.module.kubernetes_addons.module.cert_manager.module.helm_addon.module.irsa.kubernetes_service_account_v1.irsa",
            "module.eks_cluster.module.kubernetes_addons.time_sleep.dataplane"
          ]
        }
      ]
    },
    {
      "module": "module.eks_cluster.module.kubernetes_addons.module.cert_manager[0]",
      "mode": "managed",
      "type": "helm_release",
      "name": "cert_manager_letsencrypt",
      "provider": "provider[\"registry.terraform.io/hashicorp/helm\"]",
      "instances": [
        {
          "index_key": 0,
          "schema_version": 1,
          "attributes": {
            "atomic": false,
            "chart": ".terraform/modules/eks_cluster.kubernetes_addons/modules/kubernetes-addons/cert-manager/cert-manager-letsencrypt",
            "cleanup_on_fail": false,
            "create_namespace": false,
            "dependency_update": false,
            "description": null,
            "devel": null,
            "disable_crd_hooks": false,
            "disable_openapi_validation": false,
            "disable_webhooks": false,
            "force_update": false,
            "id": "cert-manager-letsencrypt",
            "keyring": null,
            "lint": false,
            "manifest": null,
            "max_history": 0,
            "metadata": [
              {
                "app_version": "v0.1.0",
                "chart": "cert-manager-letsencrypt",
                "name": "cert-manager-letsencrypt",
                "namespace": "cert-manager",
                "revision": 1,
                "values": "{\"dnsZones\":[\"\"],\"email\":\"\"}",
                "version": "0.1.0"
              }
            ],
            "name": "cert-manager-letsencrypt",
            "namespace": "cert-manager",
            "pass_credentials": false,
            "postrender": [],
            "recreate_pods": false,
            "render_subchart_notes": true,
            "replace": false,
            "repository": null,
            "repository_ca_file": null,
            "repository_cert_file": null,
            "repository_key_file": null,
            "repository_password": null,
            "repository_username": null,
            "reset_values": false,
            "reuse_values": false,
            "set": [
              {
                "name": "dnsZones",
                "type": "string",
                "value": "{}"
              },
              {
                "name": "email",
                "type": "string",
                "value": ""
              }
            ],
            "set_list": [],
            "set_sensitive": [],
            "skip_crds": false,
            "status": "deployed",
            "timeout": 300,
            "values": null,
            "verify": false,
            "version": "0.1.0",
            "wait": true,
            "wait_for_jobs": false
          },
          "sensitive_attributes": [],
          "private": "eyJzY2hlbWFfdmVyc2lvbiI6IjEifQ==",
          "dependencies": [
            "module.eks_cluster.data.aws_subnets.private",
            "module.eks_cluster.data.aws_vpc.vpc",
            "module.eks_cluster.module.eks.aws_cloudwatch_log_group.this",
            "module.eks_cluster.module.eks.aws_eks_cluster.this",
            "module.eks_cluster.module.eks.aws_iam_policy.cni_ipv6_policy",
            "module.eks_cluster.module.eks.aws_iam_role.this",
            "module.eks_cluster.module.eks.aws_iam_role_policy_attachment.this",
            "module.eks_cluster.module.eks.aws_security_group.cluster",
            "module.eks_cluster.module.eks.aws_security_group.node",
            "module.eks_cluster.module.eks.aws_security_group_rule.cluster",
            "module.eks_cluster.module.eks.aws_security_group_rule.node",
            "module.eks_cluster.module.eks.data.aws_caller_identity.current",
            "module.eks_cluster.module.eks.data.aws_iam_policy_document.assume_role_policy",
            "module.eks_cluster.module.eks.data.aws_iam_policy_document.cni_ipv6_policy",
            "module.eks_cluster.module.eks.data.aws_iam_session_context.current",
            "module.eks_cluster.module.eks.data.aws_partition.current",
            "module.eks_cluster.module.eks.module.kms.aws_kms_external_key.this",
            "module.eks_cluster.module.eks.module.kms.aws_kms_key.this",
            "module.eks_cluster.module.eks.module.kms.data.aws_caller_identity.current",
            "module.eks_cluster.module.eks.module.kms.data.aws_iam_policy_document.this",
            "module.eks_cluster.module.eks.module.kms.data.aws_partition.current",
            "module.eks_cluster.module.kubernetes_addons.data.aws_caller_identity.current",
            "module.eks_cluster.module.kubernetes_addons.data.aws_eks_cluster.eks_cluster",
            "module.eks_cluster.module.kubernetes_addons.data.aws_partition.current",
            "module.eks_cluster.module.kubernetes_addons.data.aws_region.current",
            "module.eks_cluster.module.kubernetes_addons.module.cert_manager.aws_iam_policy.cert_manager",
            "module.eks_cluster.module.kubernetes_addons.module.cert_manager.data.aws_iam_policy_document.cert_manager_iam_policy_document",
            "module.eks_cluster.module.kubernetes_addons.module.cert_manager.data.aws_route53_zone.selected",
            "module.eks_cluster.module.kubernetes_addons.module.cert_manager.module.helm_addon.helm_release.addon",
            "module.eks_cluster.module.kubernetes_addons.module.cert_manager.module.helm_addon.module.irsa.aws_iam_role.irsa",
            "module.eks_cluster.module.kubernetes_addons.module.cert_manager.module.helm_addon.module.irsa.aws_iam_role_policy_attachment.irsa",
            "module.eks_cluster.module.kubernetes_addons.module.cert_manager.module.helm_addon.module.irsa.kubernetes_namespace_v1.irsa",
            "module.eks_cluster.module.kubernetes_addons.module.cert_manager.module.helm_addon.module.irsa.kubernetes_secret_v1.irsa",
            "module.eks_cluster.module.kubernetes_addons.module.cert_manager.module.helm_addon.module.irsa.kubernetes_service_account_v1.irsa",
            "module.eks_cluster.module.kubernetes_addons.time_sleep.dataplane"
          ]
        }
      ]
    },
    {
      "module": "module.eks_cluster.module.kubernetes_addons.module.cert_manager[0].module.helm_addon",
      "mode": "managed",
      "type": "helm_release",
      "name": "addon",
      "provider": "provider[\"registry.terraform.io/hashicorp/helm\"]",
      "instances": [
        {
          "index_key": 0,
          "schema_version": 1,
          "attributes": {
            "atomic": false,
            "chart": "cert-manager",
            "cleanup_on_fail": false,
            "create_namespace": false,
            "dependency_update": false,
            "description": "Cert Manager Add-on",
            "devel": null,
            "disable_crd_hooks": false,
            "disable_openapi_validation": false,
            "disable_webhooks": false,
            "force_update": false,
            "id": "cert-manager",
            "keyring": "",
            "lint": false,
            "manifest": null,
            "max_history": 0,
            "metadata": [
              {
                "app_version": "v1.10.0",
                "chart": "cert-manager",
                "name": "cert-manager",
                "namespace": "cert-manager",
                "revision": 1,
                "values": "{\"extraArgs\":[\"--enable-certificate-owner-ref=true\"],\"installCRDs\":true,\"serviceAccount\":{\"create\":false,\"name\":\"cert-manager\"}}",
                "version": "v1.10.0"
              }
            ],
            "name": "cert-manager",
            "namespace": "cert-manager",
            "pass_credentials": false,
            "postrender": [
              {
                "args": [],
                "binary_path": ""
              }
            ],
            "recreate_pods": false,
            "render_subchart_notes": true,
            "replace": false,
            "repository": "https://charts.jetstack.io",
            "repository_ca_file": null,
            "repository_cert_file": "",
            "repository_key_file": "",
            "repository_password": "",
            "repository_username": "",
            "reset_values": false,
            "reuse_values": false,
            "set": [
              {
                "name": "serviceAccount.create",
                "type": "",
                "value": "false"
              },
              {
                "name": "serviceAccount.name",
                "type": "",
                "value": "cert-manager"
              }
            ],
            "set_list": [],
            "set_sensitive": [],
            "skip_crds": false,
            "status": "deployed",
            "timeout": 1200,
            "values": [
              "extraArgs:\n  - --enable-certificate-owner-ref=true\n\ninstallCRDs: true\n"
            ],
            "verify": false,
            "version": "v1.10.0",
            "wait": true,
            "wait_for_jobs": false
          },
          "sensitive_attributes": [],
          "private": "eyJzY2hlbWFfdmVyc2lvbiI6IjEifQ==",
          "dependencies": [
            "module.eks_cluster.data.aws_subnets.private",
            "module.eks_cluster.data.aws_vpc.vpc",
            "module.eks_cluster.module.eks.aws_cloudwatch_log_group.this",
            "module.eks_cluster.module.eks.aws_eks_cluster.this",
            "module.eks_cluster.module.eks.aws_iam_policy.cni_ipv6_policy",
            "module.eks_cluster.module.eks.aws_iam_role.this",
            "module.eks_cluster.module.eks.aws_iam_role_policy_attachment.this",
            "module.eks_cluster.module.eks.aws_security_group.cluster",
            "module.eks_cluster.module.eks.aws_security_group.node",
            "module.eks_cluster.module.eks.aws_security_group_rule.cluster",
            "module.eks_cluster.module.eks.aws_security_group_rule.node",
            "module.eks_cluster.module.eks.data.aws_caller_identity.current",
            "module.eks_cluster.module.eks.data.aws_iam_policy_document.assume_role_policy",
            "module.eks_cluster.module.eks.data.aws_iam_policy_document.cni_ipv6_policy",
            "module.eks_cluster.module.eks.data.aws_iam_session_context.current",
            "module.eks_cluster.module.eks.data.aws_partition.current",
            "module.eks_cluster.module.eks.module.kms.aws_kms_external_key.this",
            "module.eks_cluster.module.eks.module.kms.aws_kms_key.this",
            "module.eks_cluster.module.eks.module.kms.data.aws_caller_identity.current",
            "module.eks_cluster.module.eks.module.kms.data.aws_iam_policy_document.this",
            "module.eks_cluster.module.eks.module.kms.data.aws_partition.current",
            "module.eks_cluster.module.kubernetes_addons.data.aws_caller_identity.current",
            "module.eks_cluster.module.kubernetes_addons.data.aws_eks_cluster.eks_cluster",
            "module.eks_cluster.module.kubernetes_addons.data.aws_partition.current",
            "module.eks_cluster.module.kubernetes_addons.data.aws_region.current",
            "module.eks_cluster.module.kubernetes_addons.module.cert_manager.aws_iam_policy.cert_manager",
            "module.eks_cluster.module.kubernetes_addons.module.cert_manager.data.aws_iam_policy_document.cert_manager_iam_policy_document",
            "module.eks_cluster.module.kubernetes_addons.module.cert_manager.data.aws_route53_zone.selected",
            "module.eks_cluster.module.kubernetes_addons.module.cert_manager.module.helm_addon.module.irsa.aws_iam_role.irsa",
            "module.eks_cluster.module.kubernetes_addons.module.cert_manager.module.helm_addon.module.irsa.aws_iam_role_policy_attachment.irsa",
            "module.eks_cluster.module.kubernetes_addons.module.cert_manager.module.helm_addon.module.irsa.kubernetes_namespace_v1.irsa",
            "module.eks_cluster.module.kubernetes_addons.module.cert_manager.module.helm_addon.module.irsa.kubernetes_secret_v1.irsa",
            "module.eks_cluster.module.kubernetes_addons.module.cert_manager.module.helm_addon.module.irsa.kubernetes_service_account_v1.irsa",
            "module.eks_cluster.module.kubernetes_addons.time_sleep.dataplane"
          ]
        }
      ]
    },
    {
      "module": "module.eks_cluster.module.kubernetes_addons.module.cert_manager[0].module.helm_addon.module.irsa[0]",
      "mode": "managed",
      "type": "aws_iam_role",
      "name": "irsa",
      "provider": "provider[\"registry.terraform.io/hashicorp/aws\"]",
      "instances": [
        {
          "index_key": 0,
          "schema_version": 0,
          "attributes": {
            "arn": "arn:aws:iam::268050465834:role/eks-blueprint-blue-cert-manager-irsa",
            "assume_role_policy": "{\"Statement\":[{\"Action\":\"sts:AssumeRoleWithWebIdentity\",\"Condition\":{\"StringLike\":{\"oidc.eks.us-east-1.amazonaws.com/id/55CEBE7FF41F53C3E48BB83F2E8FA157:aud\":\"sts.amazonaws.com\",\"oidc.eks.us-east-1.amazonaws.com/id/55CEBE7FF41F53C3E48BB83F2E8FA157:sub\":\"system:serviceaccount:cert-manager:cert-manager\"}},\"Effect\":\"Allow\",\"Principal\":{\"Federated\":\"arn:aws:iam::268050465834:oidc-provider/oidc.eks.us-east-1.amazonaws.com/id/55CEBE7FF41F53C3E48BB83F2E8FA157\"}}],\"Version\":\"2012-10-17\"}",
            "create_date": "2023-10-26T21:42:01Z",
            "description": "AWS IAM Role for the Kubernetes service account cert-manager.",
            "force_detach_policies": true,
            "id": "eks-blueprint-blue-cert-manager-irsa",
            "inline_policy": [],
            "managed_policy_arns": [
              "arn:aws:iam::268050465834:policy/eks-blueprint-blue-cert-manager-irsa"
            ],
            "max_session_duration": 3600,
            "name": "eks-blueprint-blue-cert-manager-irsa",
            "name_prefix": "",
            "path": "/",
            "permissions_boundary": "",
            "tags": {},
            "tags_all": {},
            "unique_id": "AROAT42INQQVJWQX3ZNSU"
          },
          "sensitive_attributes": [],
          "private": "bnVsbA==",
          "dependencies": [
            "module.eks_cluster.data.aws_subnets.private",
            "module.eks_cluster.data.aws_vpc.vpc",
            "module.eks_cluster.module.eks.aws_cloudwatch_log_group.this",
            "module.eks_cluster.module.eks.aws_eks_cluster.this",
            "module.eks_cluster.module.eks.aws_iam_policy.cni_ipv6_policy",
            "module.eks_cluster.module.eks.aws_iam_role.this",
            "module.eks_cluster.module.eks.aws_iam_role_policy_attachment.this",
            "module.eks_cluster.module.eks.aws_security_group.cluster",
            "module.eks_cluster.module.eks.aws_security_group.node",
            "module.eks_cluster.module.eks.aws_security_group_rule.cluster",
            "module.eks_cluster.module.eks.aws_security_group_rule.node",
            "module.eks_cluster.module.eks.data.aws_caller_identity.current",
            "module.eks_cluster.module.eks.data.aws_iam_policy_document.assume_role_policy",
            "module.eks_cluster.module.eks.data.aws_iam_policy_document.cni_ipv6_policy",
            "module.eks_cluster.module.eks.data.aws_iam_session_context.current",
            "module.eks_cluster.module.eks.data.aws_partition.current",
            "module.eks_cluster.module.eks.module.kms.aws_kms_external_key.this",
            "module.eks_cluster.module.eks.module.kms.aws_kms_key.this",
            "module.eks_cluster.module.eks.module.kms.data.aws_caller_identity.current",
            "module.eks_cluster.module.eks.module.kms.data.aws_iam_policy_document.this",
            "module.eks_cluster.module.eks.module.kms.data.aws_partition.current",
            "module.eks_cluster.module.kubernetes_addons.data.aws_caller_identity.current",
            "module.eks_cluster.module.kubernetes_addons.data.aws_eks_cluster.eks_cluster",
            "module.eks_cluster.module.kubernetes_addons.data.aws_partition.current",
            "module.eks_cluster.module.kubernetes_addons.data.aws_region.current",
            "module.eks_cluster.module.kubernetes_addons.module.cert_manager.aws_iam_policy.cert_manager",
            "module.eks_cluster.module.kubernetes_addons.module.cert_manager.data.aws_iam_policy_document.cert_manager_iam_policy_document",
            "module.eks_cluster.module.kubernetes_addons.module.cert_manager.data.aws_route53_zone.selected",
            "module.eks_cluster.module.kubernetes_addons.time_sleep.dataplane"
          ]
        }
      ]
    },
    {
      "module": "module.eks_cluster.module.kubernetes_addons.module.cert_manager[0].module.helm_addon.module.irsa[0]",
      "mode": "managed",
      "type": "aws_iam_role_policy_attachment",
      "name": "irsa",
      "provider": "provider[\"registry.terraform.io/hashicorp/aws\"]",
      "instances": [
        {
          "index_key": 0,
          "schema_version": 0,
          "attributes": {
            "id": "eks-blueprint-blue-cert-manager-irsa-20231026214201710100000002",
            "policy_arn": "arn:aws:iam::268050465834:policy/eks-blueprint-blue-cert-manager-irsa",
            "role": "eks-blueprint-blue-cert-manager-irsa"
          },
          "sensitive_attributes": [],
          "private": "bnVsbA==",
          "dependencies": [
            "module.eks_cluster.data.aws_subnets.private",
            "module.eks_cluster.data.aws_vpc.vpc",
            "module.eks_cluster.module.eks.aws_cloudwatch_log_group.this",
            "module.eks_cluster.module.eks.aws_eks_cluster.this",
            "module.eks_cluster.module.eks.aws_iam_policy.cni_ipv6_policy",
            "module.eks_cluster.module.eks.aws_iam_role.this",
            "module.eks_cluster.module.eks.aws_iam_role_policy_attachment.this",
            "module.eks_cluster.module.eks.aws_security_group.cluster",
            "module.eks_cluster.module.eks.aws_security_group.node",
            "module.eks_cluster.module.eks.aws_security_group_rule.cluster",
            "module.eks_cluster.module.eks.aws_security_group_rule.node",
            "module.eks_cluster.module.eks.data.aws_caller_identity.current",
            "module.eks_cluster.module.eks.data.aws_iam_policy_document.assume_role_policy",
            "module.eks_cluster.module.eks.data.aws_iam_policy_document.cni_ipv6_policy",
            "module.eks_cluster.module.eks.data.aws_iam_session_context.current",
            "module.eks_cluster.module.eks.data.aws_partition.current",
            "module.eks_cluster.module.eks.module.kms.aws_kms_external_key.this",
            "module.eks_cluster.module.eks.module.kms.aws_kms_key.this",
            "module.eks_cluster.module.eks.module.kms.data.aws_caller_identity.current",
            "module.eks_cluster.module.eks.module.kms.data.aws_iam_policy_document.this",
            "module.eks_cluster.module.eks.module.kms.data.aws_partition.current",
            "module.eks_cluster.module.kubernetes_addons.data.aws_caller_identity.current",
            "module.eks_cluster.module.kubernetes_addons.data.aws_eks_cluster.eks_cluster",
            "module.eks_cluster.module.kubernetes_addons.data.aws_partition.current",
            "module.eks_cluster.module.kubernetes_addons.data.aws_region.current",
            "module.eks_cluster.module.kubernetes_addons.module.cert_manager.aws_iam_policy.cert_manager",
            "module.eks_cluster.module.kubernetes_addons.module.cert_manager.data.aws_iam_policy_document.cert_manager_iam_policy_document",
            "module.eks_cluster.module.kubernetes_addons.module.cert_manager.data.aws_route53_zone.selected",
            "module.eks_cluster.module.kubernetes_addons.module.cert_manager.module.helm_addon.module.irsa.aws_iam_role.irsa",
            "module.eks_cluster.module.kubernetes_addons.time_sleep.dataplane"
          ]
        }
      ]
    },
    {
      "module": "module.eks_cluster.module.kubernetes_addons.module.cert_manager[0].module.helm_addon.module.irsa[0]",
      "mode": "managed",
      "type": "kubernetes_namespace_v1",
      "name": "irsa",
      "provider": "provider[\"registry.terraform.io/hashicorp/kubernetes\"]",
      "instances": [
        {
          "index_key": 0,
          "schema_version": 0,
          "attributes": {
            "id": "cert-manager",
            "metadata": [
              {
                "annotations": {},
                "generate_name": "",
                "generation": 0,
                "labels": {},
                "name": "cert-manager",
                "resource_version": "19387",
                "uid": "2f121728-140a-4551-bb14-a2a09facc716"
              }
            ],
            "timeouts": {
              "delete": "15m"
            },
            "wait_for_default_service_account": false
          },
          "sensitive_attributes": [],
          "private": "eyJlMmJmYjczMC1lY2FhLTExZTYtOGY4OC0zNDM2M2JjN2M0YzAiOnsiZGVsZXRlIjo5MDAwMDAwMDAwMDB9fQ==",
          "dependencies": [
            "module.eks_cluster.data.aws_subnets.private",
            "module.eks_cluster.data.aws_vpc.vpc",
            "module.eks_cluster.module.eks.aws_cloudwatch_log_group.this",
            "module.eks_cluster.module.eks.aws_eks_cluster.this",
            "module.eks_cluster.module.eks.aws_iam_policy.cni_ipv6_policy",
            "module.eks_cluster.module.eks.aws_iam_role.this",
            "module.eks_cluster.module.eks.aws_iam_role_policy_attachment.this",
            "module.eks_cluster.module.eks.aws_security_group.cluster",
            "module.eks_cluster.module.eks.aws_security_group.node",
            "module.eks_cluster.module.eks.aws_security_group_rule.cluster",
            "module.eks_cluster.module.eks.aws_security_group_rule.node",
            "module.eks_cluster.module.eks.data.aws_caller_identity.current",
            "module.eks_cluster.module.eks.data.aws_iam_policy_document.assume_role_policy",
            "module.eks_cluster.module.eks.data.aws_iam_policy_document.cni_ipv6_policy",
            "module.eks_cluster.module.eks.data.aws_iam_session_context.current",
            "module.eks_cluster.module.eks.data.aws_partition.current",
            "module.eks_cluster.module.eks.module.kms.aws_kms_external_key.this",
            "module.eks_cluster.module.eks.module.kms.aws_kms_key.this",
            "module.eks_cluster.module.eks.module.kms.data.aws_caller_identity.current",
            "module.eks_cluster.module.eks.module.kms.data.aws_iam_policy_document.this",
            "module.eks_cluster.module.eks.module.kms.data.aws_partition.current",
            "module.eks_cluster.module.kubernetes_addons.data.aws_caller_identity.current",
            "module.eks_cluster.module.kubernetes_addons.data.aws_eks_cluster.eks_cluster",
            "module.eks_cluster.module.kubernetes_addons.data.aws_partition.current",
            "module.eks_cluster.module.kubernetes_addons.data.aws_region.current",
            "module.eks_cluster.module.kubernetes_addons.module.cert_manager.aws_iam_policy.cert_manager",
            "module.eks_cluster.module.kubernetes_addons.module.cert_manager.data.aws_iam_policy_document.cert_manager_iam_policy_document",
            "module.eks_cluster.module.kubernetes_addons.module.cert_manager.data.aws_route53_zone.selected",
            "module.eks_cluster.module.kubernetes_addons.time_sleep.dataplane"
          ]
        }
      ]
    },
    {
      "module": "module.eks_cluster.module.kubernetes_addons.module.cert_manager[0].module.helm_addon.module.irsa[0]",
      "mode": "managed",
      "type": "kubernetes_service_account_v1",
      "name": "irsa",
      "provider": "provider[\"registry.terraform.io/hashicorp/kubernetes\"]",
      "instances": [
        {
          "index_key": 0,
          "schema_version": 0,
          "attributes": {
            "automount_service_account_token": true,
            "default_secret_name": "",
            "id": "cert-manager/cert-manager",
            "image_pull_secret": [],
            "metadata": [
              {
                "annotations": {
                  "eks.amazonaws.com/role-arn": "arn:aws:iam::268050465834:role/eks-blueprint-blue-cert-manager-irsa"
                },
                "generate_name": "",
                "generation": 0,
                "labels": {},
                "name": "cert-manager",
                "namespace": "cert-manager",
                "resource_version": "19393",
                "uid": "b58f3373-0d9b-4da9-93d2-2fd81f5d135d"
              }
            ],
            "secret": [],
            "timeouts": null
          },
          "sensitive_attributes": [],
          "private": "eyJlMmJmYjczMC1lY2FhLTExZTYtOGY4OC0zNDM2M2JjN2M0YzAiOnsiY3JlYXRlIjozMDAwMDAwMDAwMH19",
          "dependencies": [
            "module.eks_cluster.data.aws_subnets.private",
            "module.eks_cluster.data.aws_vpc.vpc",
            "module.eks_cluster.module.eks.aws_cloudwatch_log_group.this",
            "module.eks_cluster.module.eks.aws_eks_cluster.this",
            "module.eks_cluster.module.eks.aws_iam_policy.cni_ipv6_policy",
            "module.eks_cluster.module.eks.aws_iam_role.this",
            "module.eks_cluster.module.eks.aws_iam_role_policy_attachment.this",
            "module.eks_cluster.module.eks.aws_security_group.cluster",
            "module.eks_cluster.module.eks.aws_security_group.node",
            "module.eks_cluster.module.eks.aws_security_group_rule.cluster",
            "module.eks_cluster.module.eks.aws_security_group_rule.node",
            "module.eks_cluster.module.eks.data.aws_caller_identity.current",
            "module.eks_cluster.module.eks.data.aws_iam_policy_document.assume_role_policy",
            "module.eks_cluster.module.eks.data.aws_iam_policy_document.cni_ipv6_policy",
            "module.eks_cluster.module.eks.data.aws_iam_session_context.current",
            "module.eks_cluster.module.eks.data.aws_partition.current",
            "module.eks_cluster.module.eks.module.kms.aws_kms_external_key.this",
            "module.eks_cluster.module.eks.module.kms.aws_kms_key.this",
            "module.eks_cluster.module.eks.module.kms.data.aws_caller_identity.current",
            "module.eks_cluster.module.eks.module.kms.data.aws_iam_policy_document.this",
            "module.eks_cluster.module.eks.module.kms.data.aws_partition.current",
            "module.eks_cluster.module.kubernetes_addons.data.aws_caller_identity.current",
            "module.eks_cluster.module.kubernetes_addons.data.aws_eks_cluster.eks_cluster",
            "module.eks_cluster.module.kubernetes_addons.data.aws_partition.current",
            "module.eks_cluster.module.kubernetes_addons.data.aws_region.current",
            "module.eks_cluster.module.kubernetes_addons.module.cert_manager.aws_iam_policy.cert_manager",
            "module.eks_cluster.module.kubernetes_addons.module.cert_manager.data.aws_iam_policy_document.cert_manager_iam_policy_document",
            "module.eks_cluster.module.kubernetes_addons.module.cert_manager.data.aws_route53_zone.selected",
            "module.eks_cluster.module.kubernetes_addons.module.cert_manager.module.helm_addon.module.irsa.aws_iam_role.irsa",
            "module.eks_cluster.module.kubernetes_addons.module.cert_manager.module.helm_addon.module.irsa.kubernetes_namespace_v1.irsa",
            "module.eks_cluster.module.kubernetes_addons.time_sleep.dataplane"
          ]
        }
      ]
    },
    {
      "module": "module.eks_cluster.module.kubernetes_addons.module.cert_manager_csi_driver[0].module.helm_addon",
      "mode": "managed",
      "type": "helm_release",
      "name": "addon",
      "provider": "provider[\"registry.terraform.io/hashicorp/helm\"]",
      "instances": [
        {
          "index_key": 0,
          "schema_version": 1,
          "attributes": {
            "atomic": false,
            "chart": "cert-manager-csi-driver",
            "cleanup_on_fail": false,
            "create_namespace": false,
            "dependency_update": false,
            "description": "Cert Manager CSI Driver Add-on",
            "devel": null,
            "disable_crd_hooks": false,
            "disable_openapi_validation": false,
            "disable_webhooks": false,
            "force_update": false,
            "id": "cert-manager-csi-driver",
            "keyring": "",
            "lint": false,
            "manifest": null,
            "max_history": 0,
            "metadata": [
              {
                "app_version": "v0.4.0",
                "chart": "cert-manager-csi-driver",
                "name": "cert-manager-csi-driver",
                "namespace": "cert-manager",
                "revision": 1,
                "values": "{}",
                "version": "v0.4.2"
              }
            ],
            "name": "cert-manager-csi-driver",
            "namespace": "cert-manager",
            "pass_credentials": false,
            "postrender": [
              {
                "args": [],
                "binary_path": ""
              }
            ],
            "recreate_pods": false,
            "render_subchart_notes": true,
            "replace": false,
            "repository": "https://charts.jetstack.io",
            "repository_ca_file": null,
            "repository_cert_file": "",
            "repository_key_file": "",
            "repository_password": "",
            "repository_username": "",
            "reset_values": false,
            "reuse_values": false,
            "set": [],
            "set_list": [],
            "set_sensitive": [],
            "skip_crds": false,
            "status": "deployed",
            "timeout": 1200,
            "values": null,
            "verify": false,
            "version": "v0.4.2",
            "wait": true,
            "wait_for_jobs": false
          },
          "sensitive_attributes": [],
          "private": "eyJzY2hlbWFfdmVyc2lvbiI6IjEifQ==",
          "dependencies": [
            "module.eks_cluster.data.aws_subnets.private",
            "module.eks_cluster.data.aws_vpc.vpc",
            "module.eks_cluster.module.eks.aws_cloudwatch_log_group.this",
            "module.eks_cluster.module.eks.aws_eks_cluster.this",
            "module.eks_cluster.module.eks.aws_iam_policy.cni_ipv6_policy",
            "module.eks_cluster.module.eks.aws_iam_role.this",
            "module.eks_cluster.module.eks.aws_iam_role_policy_attachment.this",
            "module.eks_cluster.module.eks.aws_security_group.cluster",
            "module.eks_cluster.module.eks.aws_security_group.node",
            "module.eks_cluster.module.eks.aws_security_group_rule.cluster",
            "module.eks_cluster.module.eks.aws_security_group_rule.node",
            "module.eks_cluster.module.eks.data.aws_caller_identity.current",
            "module.eks_cluster.module.eks.data.aws_iam_policy_document.assume_role_policy",
            "module.eks_cluster.module.eks.data.aws_iam_policy_document.cni_ipv6_policy",
            "module.eks_cluster.module.eks.data.aws_iam_session_context.current",
            "module.eks_cluster.module.eks.data.aws_partition.current",
            "module.eks_cluster.module.eks.module.kms.aws_kms_external_key.this",
            "module.eks_cluster.module.eks.module.kms.aws_kms_key.this",
            "module.eks_cluster.module.eks.module.kms.data.aws_caller_identity.current",
            "module.eks_cluster.module.eks.module.kms.data.aws_iam_policy_document.this",
            "module.eks_cluster.module.eks.module.kms.data.aws_partition.current",
            "module.eks_cluster.module.kubernetes_addons.data.aws_caller_identity.current",
            "module.eks_cluster.module.kubernetes_addons.data.aws_eks_cluster.eks_cluster",
            "module.eks_cluster.module.kubernetes_addons.data.aws_partition.current",
            "module.eks_cluster.module.kubernetes_addons.data.aws_region.current",
            "module.eks_cluster.module.kubernetes_addons.module.cert_manager_csi_driver.module.helm_addon.module.irsa.aws_iam_role.irsa",
            "module.eks_cluster.module.kubernetes_addons.module.cert_manager_csi_driver.module.helm_addon.module.irsa.aws_iam_role_policy_attachment.irsa",
            "module.eks_cluster.module.kubernetes_addons.module.cert_manager_csi_driver.module.helm_addon.module.irsa.kubernetes_namespace_v1.irsa",
            "module.eks_cluster.module.kubernetes_addons.module.cert_manager_csi_driver.module.helm_addon.module.irsa.kubernetes_secret_v1.irsa",
            "module.eks_cluster.module.kubernetes_addons.module.cert_manager_csi_driver.module.helm_addon.module.irsa.kubernetes_service_account_v1.irsa",
            "module.eks_cluster.module.kubernetes_addons.time_sleep.dataplane"
          ]
        }
      ]
    },
    {
      "module": "module.eks_cluster.module.kubernetes_addons.module.karpenter[0]",
      "mode": "data",
      "type": "aws_iam_policy_document",
      "name": "karpenter",
      "provider": "provider[\"registry.terraform.io/hashicorp/aws\"]",
      "instances": [
        {
          "schema_version": 0,
          "attributes": {
            "id": "2243282717",
            "json": "{\n  \"Version\": \"2012-10-17\",\n  \"Statement\": [\n    {\n      \"Sid\": \"AllowEc2DescribeActions\",\n      \"Effect\": \"Allow\",\n      \"Action\": [\n        \"ec2:DescribeSubnets\",\n        \"ec2:DescribeSpotPriceHistory\",\n        \"ec2:DescribeSecurityGroups\",\n        \"ec2:DescribeLaunchTemplates\",\n        \"ec2:DescribeInstances\",\n        \"ec2:DescribeInstanceTypes\",\n        \"ec2:DescribeInstanceTypeOfferings\",\n        \"ec2:DescribeImages\",\n        \"ec2:DescribeAvailabilityZones\"\n      ],\n      \"Resource\": \"*\"\n    },\n    {\n      \"Sid\": \"AllowEc2Actions\",\n      \"Effect\": \"Allow\",\n      \"Action\": [\n        \"ec2:RunInstances\",\n        \"ec2:DeleteLaunchTemplate\",\n        \"ec2:CreateTags\",\n        \"ec2:CreateLaunchTemplate\",\n        \"ec2:CreateFleet\"\n      ],\n      \"Resource\": [\n        \"arn:aws:ec2:us-east-1::image/*\",\n        \"arn:aws:ec2:us-east-1:268050465834:*\"\n      ]\n    },\n    {\n      \"Sid\": \"AllowPassRole\",\n      \"Effect\": \"Allow\",\n      \"Action\": \"iam:PassRole\",\n      \"Resource\": \"arn:aws:iam::268050465834:role/*\"\n    },\n    {\n      \"Sid\": \"AllowGetPrice\",\n      \"Effect\": \"Allow\",\n      \"Action\": \"pricing:GetProducts\",\n      \"Resource\": \"*\"\n    },\n    {\n      \"Sid\": \"AllowGetParameters\",\n      \"Effect\": \"Allow\",\n      \"Action\": \"ssm:GetParameter\",\n      \"Resource\": \"arn:aws:ssm:us-east-1::parameter/*\"\n    },\n    {\n      \"Effect\": \"Allow\",\n      \"Action\": \"eks:DescribeCluster\",\n      \"Resource\": \"arn:aws:eks:*:268050465834:cluster/eks-blueprint-blue\"\n    },\n    {\n      \"Sid\": \"ConditionalEC2Termination\",\n      \"Effect\": \"Allow\",\n      \"Action\": \"ec2:TerminateInstances\",\n      \"Resource\": \"arn:aws:ec2:us-east-1:268050465834:instance/*\",\n      \"Condition\": {\n        \"StringLike\": {\n          \"ec2:ResourceTag/Name\": \"*karpenter*\"\n        }\n      }\n    },\n    {\n      \"Effect\": \"Allow\",\n      \"Action\": [\n        \"sqs:ReceiveMessage\",\n        \"sqs:GetQueueUrl\",\n        \"sqs:GetQueueAttributes\",\n        \"sqs:DeleteMessage\"\n      ],\n      \"Resource\": \"arn:aws:sqs:us-east-1:268050465834:karpenter-eks-blueprint-blue\"\n    }\n  ]\n}",
            "override_policy_documents": null,
            "policy_id": null,
            "source_policy_documents": null,
            "statement": [
              {
                "actions": [
                  "ec2:DescribeAvailabilityZones",
                  "ec2:DescribeImages",
                  "ec2:DescribeInstanceTypeOfferings",
                  "ec2:DescribeInstanceTypes",
                  "ec2:DescribeInstances",
                  "ec2:DescribeLaunchTemplates",
                  "ec2:DescribeSecurityGroups",
                  "ec2:DescribeSpotPriceHistory",
                  "ec2:DescribeSubnets"
                ],
                "condition": [],
                "effect": "Allow",
                "not_actions": [],
                "not_principals": [],
                "not_resources": [],
                "principals": [],
                "resources": [
                  "*"
                ],
                "sid": "AllowEc2DescribeActions"
              },
              {
                "actions": [
                  "ec2:CreateFleet",
                  "ec2:CreateLaunchTemplate",
                  "ec2:CreateTags",
                  "ec2:DeleteLaunchTemplate",
                  "ec2:RunInstances"
                ],
                "condition": [],
                "effect": "Allow",
                "not_actions": [],
                "not_principals": [],
                "not_resources": [],
                "principals": [],
                "resources": [
                  "arn:aws:ec2:us-east-1:268050465834:*",
                  "arn:aws:ec2:us-east-1::image/*"
                ],
                "sid": "AllowEc2Actions"
              },
              {
                "actions": [
                  "iam:PassRole"
                ],
                "condition": [],
                "effect": "Allow",
                "not_actions": [],
                "not_principals": [],
                "not_resources": [],
                "principals": [],
                "resources": [
                  "arn:aws:iam::268050465834:role/*"
                ],
                "sid": "AllowPassRole"
              },
              {
                "actions": [
                  "pricing:GetProducts"
                ],
                "condition": [],
                "effect": "Allow",
                "not_actions": [],
                "not_principals": [],
                "not_resources": [],
                "principals": [],
                "resources": [
                  "*"
                ],
                "sid": "AllowGetPrice"
              },
              {
                "actions": [
                  "ssm:GetParameter"
                ],
                "condition": [],
                "effect": "Allow",
                "not_actions": [],
                "not_principals": [],
                "not_resources": [],
                "principals": [],
                "resources": [
                  "arn:aws:ssm:us-east-1::parameter/*"
                ],
                "sid": "AllowGetParameters"
              },
              {
                "actions": [
                  "eks:DescribeCluster"
                ],
                "condition": [],
                "effect": "Allow",
                "not_actions": [],
                "not_principals": [],
                "not_resources": [],
                "principals": [],
                "resources": [
                  "arn:aws:eks:*:268050465834:cluster/eks-blueprint-blue"
                ],
                "sid": ""
              },
              {
                "actions": [
                  "ec2:TerminateInstances"
                ],
                "condition": [
                  {
                    "test": "StringLike",
                    "values": [
                      "*karpenter*"
                    ],
                    "variable": "ec2:ResourceTag/Name"
                  }
                ],
                "effect": "Allow",
                "not_actions": [],
                "not_principals": [],
                "not_resources": [],
                "principals": [],
                "resources": [
                  "arn:aws:ec2:us-east-1:268050465834:instance/*"
                ],
                "sid": "ConditionalEC2Termination"
              },
              {
                "actions": [
                  "sqs:DeleteMessage",
                  "sqs:GetQueueAttributes",
                  "sqs:GetQueueUrl",
                  "sqs:ReceiveMessage"
                ],
                "condition": [],
                "effect": "Allow",
                "not_actions": [],
                "not_principals": [],
                "not_resources": [],
                "principals": [],
                "resources": [
                  "arn:aws:sqs:us-east-1:268050465834:karpenter-eks-blueprint-blue"
                ],
                "sid": ""
              }
            ],
            "version": "2012-10-17"
          },
          "sensitive_attributes": []
        }
      ]
    },
    {
      "module": "module.eks_cluster.module.kubernetes_addons.module.karpenter[0]",
      "mode": "data",
      "type": "aws_iam_policy_document",
      "name": "sqs_queue",
      "provider": "provider[\"registry.terraform.io/hashicorp/aws\"]",
      "instances": [
        {
          "index_key": 0,
          "schema_version": 0,
          "attributes": {
            "id": "34934493",
            "json": "{\n  \"Version\": \"2012-10-17\",\n  \"Statement\": [\n    {\n      \"Sid\": \"SqsWrite\",\n      \"Effect\": \"Allow\",\n      \"Action\": \"sqs:SendMessage\",\n      \"Resource\": \"arn:aws:sqs:us-east-1:268050465834:karpenter-eks-blueprint-blue\",\n      \"Principal\": {\n        \"Service\": [\n          \"sqs.amazonaws.com\",\n          \"events.amazonaws.com\"\n        ]\n      }\n    }\n  ]\n}",
            "override_policy_documents": null,
            "policy_id": null,
            "source_policy_documents": null,
            "statement": [
              {
                "actions": [
                  "sqs:SendMessage"
                ],
                "condition": [],
                "effect": "Allow",
                "not_actions": [],
                "not_principals": [],
                "not_resources": [],
                "principals": [
                  {
                    "identifiers": [
                      "events.amazonaws.com",
                      "sqs.amazonaws.com"
                    ],
                    "type": "Service"
                  }
                ],
                "resources": [
                  "arn:aws:sqs:us-east-1:268050465834:karpenter-eks-blueprint-blue"
                ],
                "sid": "SqsWrite"
              }
            ],
            "version": "2012-10-17"
          },
          "sensitive_attributes": []
        }
      ]
    },
    {
      "module": "module.eks_cluster.module.kubernetes_addons.module.karpenter[0]",
      "mode": "data",
      "type": "aws_partition",
      "name": "current",
      "provider": "provider[\"registry.terraform.io/hashicorp/aws\"]",
      "instances": [
        {
          "schema_version": 0,
          "attributes": {
            "dns_suffix": "amazonaws.com",
            "id": "aws",
            "partition": "aws",
            "reverse_dns_prefix": "com.amazonaws"
          },
          "sensitive_attributes": []
        }
      ]
    },
    {
      "module": "module.eks_cluster.module.kubernetes_addons.module.karpenter[0]",
      "mode": "managed",
      "type": "aws_cloudwatch_event_rule",
      "name": "this",
      "provider": "provider[\"registry.terraform.io/hashicorp/aws\"]",
      "instances": [
        {
          "index_key": "health_event",
          "schema_version": 0,
          "attributes": {
            "arn": "arn:aws:events:us-east-1:268050465834:rule/HealthEvent-2023102619542645050000000d",
            "description": "Karpenter Interrupt - AWS health event for EC2",
            "event_bus_name": "default",
            "event_pattern": "{\"detail\":{\"service\":[\"EC2\"]},\"detail-type\":[\"AWS Health Event\"],\"source\":[\"aws.health\"]}",
            "id": "HealthEvent-2023102619542645050000000d",
            "is_enabled": true,
            "name": "HealthEvent-2023102619542645050000000d",
            "name_prefix": "HealthEvent-",
            "role_arn": "",
            "schedule_expression": "",
            "tags": {
              "ClusterName": "eks-blueprint-blue"
            },
            "tags_all": {
              "ClusterName": "eks-blueprint-blue"
            }
          },
          "sensitive_attributes": [],
          "private": "bnVsbA==",
          "dependencies": [
            "module.eks_cluster.data.aws_subnets.private",
            "module.eks_cluster.data.aws_vpc.vpc",
            "module.eks_cluster.module.eks.aws_cloudwatch_log_group.this",
            "module.eks_cluster.module.eks.aws_eks_cluster.this",
            "module.eks_cluster.module.eks.aws_iam_policy.cni_ipv6_policy",
            "module.eks_cluster.module.eks.aws_iam_role.this",
            "module.eks_cluster.module.eks.aws_iam_role_policy_attachment.this",
            "module.eks_cluster.module.eks.aws_security_group.cluster",
            "module.eks_cluster.module.eks.aws_security_group.node",
            "module.eks_cluster.module.eks.aws_security_group_rule.cluster",
            "module.eks_cluster.module.eks.aws_security_group_rule.node",
            "module.eks_cluster.module.eks.data.aws_caller_identity.current",
            "module.eks_cluster.module.eks.data.aws_iam_policy_document.assume_role_policy",
            "module.eks_cluster.module.eks.data.aws_iam_policy_document.cni_ipv6_policy",
            "module.eks_cluster.module.eks.data.aws_iam_session_context.current",
            "module.eks_cluster.module.eks.data.aws_partition.current",
            "module.eks_cluster.module.eks.module.kms.aws_kms_external_key.this",
            "module.eks_cluster.module.eks.module.kms.aws_kms_key.this",
            "module.eks_cluster.module.eks.module.kms.data.aws_caller_identity.current",
            "module.eks_cluster.module.eks.module.kms.data.aws_iam_policy_document.this",
            "module.eks_cluster.module.eks.module.kms.data.aws_partition.current",
            "module.eks_cluster.module.kubernetes_addons.data.aws_caller_identity.current",
            "module.eks_cluster.module.kubernetes_addons.data.aws_eks_cluster.eks_cluster",
            "module.eks_cluster.module.kubernetes_addons.data.aws_partition.current",
            "module.eks_cluster.module.kubernetes_addons.data.aws_region.current",
            "module.eks_cluster.module.kubernetes_addons.time_sleep.dataplane"
          ]
        },
        {
          "index_key": "instance_rebalance",
          "schema_version": 0,
          "attributes": {
            "arn": "arn:aws:events:us-east-1:268050465834:rule/InstanceRebalance-2023102619542635110000000b",
            "description": "Karpenter Interrupt - A spot rebalance recommendation was triggered for the node",
            "event_bus_name": "default",
            "event_pattern": "{\"detail-type\":[\"EC2 Instance Rebalance Recommendation\"],\"source\":[\"aws.ec2\"]}",
            "id": "InstanceRebalance-2023102619542635110000000b",
            "is_enabled": true,
            "name": "InstanceRebalance-2023102619542635110000000b",
            "name_prefix": "InstanceRebalance-",
            "role_arn": "",
            "schedule_expression": "",
            "tags": {
              "ClusterName": "eks-blueprint-blue"
            },
            "tags_all": {
              "ClusterName": "eks-blueprint-blue"
            }
          },
          "sensitive_attributes": [],
          "private": "bnVsbA==",
          "dependencies": [
            "module.eks_cluster.data.aws_subnets.private",
            "module.eks_cluster.data.aws_vpc.vpc",
            "module.eks_cluster.module.eks.aws_cloudwatch_log_group.this",
            "module.eks_cluster.module.eks.aws_eks_cluster.this",
            "module.eks_cluster.module.eks.aws_iam_policy.cni_ipv6_policy",
            "module.eks_cluster.module.eks.aws_iam_role.this",
            "module.eks_cluster.module.eks.aws_iam_role_policy_attachment.this",
            "module.eks_cluster.module.eks.aws_security_group.cluster",
            "module.eks_cluster.module.eks.aws_security_group.node",
            "module.eks_cluster.module.eks.aws_security_group_rule.cluster",
            "module.eks_cluster.module.eks.aws_security_group_rule.node",
            "module.eks_cluster.module.eks.data.aws_caller_identity.current",
            "module.eks_cluster.module.eks.data.aws_iam_policy_document.assume_role_policy",
            "module.eks_cluster.module.eks.data.aws_iam_policy_document.cni_ipv6_policy",
            "module.eks_cluster.module.eks.data.aws_iam_session_context.current",
            "module.eks_cluster.module.eks.data.aws_partition.current",
            "module.eks_cluster.module.eks.module.kms.aws_kms_external_key.this",
            "module.eks_cluster.module.eks.module.kms.aws_kms_key.this",
            "module.eks_cluster.module.eks.module.kms.data.aws_caller_identity.current",
            "module.eks_cluster.module.eks.module.kms.data.aws_iam_policy_document.this",
            "module.eks_cluster.module.eks.module.kms.data.aws_partition.current",
            "module.eks_cluster.module.kubernetes_addons.data.aws_caller_identity.current",
            "module.eks_cluster.module.kubernetes_addons.data.aws_eks_cluster.eks_cluster",
            "module.eks_cluster.module.kubernetes_addons.data.aws_partition.current",
            "module.eks_cluster.module.kubernetes_addons.data.aws_region.current",
            "module.eks_cluster.module.kubernetes_addons.time_sleep.dataplane"
          ]
        },
        {
          "index_key": "instance_state_change",
          "schema_version": 0,
          "attributes": {
            "arn": "arn:aws:events:us-east-1:268050465834:rule/InstanceStateChange-2023102619542633700000000a",
            "description": "Karpenter interrupt - EC2 instance state-change notification",
            "event_bus_name": "default",
            "event_pattern": "{\"detail\":{\"state\":[\"stopping\",\"terminated\",\"shutting-down\",\"stopped\"]},\"detail-type\":[\"EC2 Instance State-change Notification\"],\"source\":[\"aws.ec2\"]}",
            "id": "InstanceStateChange-2023102619542633700000000a",
            "is_enabled": true,
            "name": "InstanceStateChange-2023102619542633700000000a",
            "name_prefix": "InstanceStateChange-",
            "role_arn": "",
            "schedule_expression": "",
            "tags": {
              "ClusterName": "eks-blueprint-blue"
            },
            "tags_all": {
              "ClusterName": "eks-blueprint-blue"
            }
          },
          "sensitive_attributes": [],
          "private": "bnVsbA==",
          "dependencies": [
            "module.eks_cluster.data.aws_subnets.private",
            "module.eks_cluster.data.aws_vpc.vpc",
            "module.eks_cluster.module.eks.aws_cloudwatch_log_group.this",
            "module.eks_cluster.module.eks.aws_eks_cluster.this",
            "module.eks_cluster.module.eks.aws_iam_policy.cni_ipv6_policy",
            "module.eks_cluster.module.eks.aws_iam_role.this",
            "module.eks_cluster.module.eks.aws_iam_role_policy_attachment.this",
            "module.eks_cluster.module.eks.aws_security_group.cluster",
            "module.eks_cluster.module.eks.aws_security_group.node",
            "module.eks_cluster.module.eks.aws_security_group_rule.cluster",
            "module.eks_cluster.module.eks.aws_security_group_rule.node",
            "module.eks_cluster.module.eks.data.aws_caller_identity.current",
            "module.eks_cluster.module.eks.data.aws_iam_policy_document.assume_role_policy",
            "module.eks_cluster.module.eks.data.aws_iam_policy_document.cni_ipv6_policy",
            "module.eks_cluster.module.eks.data.aws_iam_session_context.current",
            "module.eks_cluster.module.eks.data.aws_partition.current",
            "module.eks_cluster.module.eks.module.kms.aws_kms_external_key.this",
            "module.eks_cluster.module.eks.module.kms.aws_kms_key.this",
            "module.eks_cluster.module.eks.module.kms.data.aws_caller_identity.current",
            "module.eks_cluster.module.eks.module.kms.data.aws_iam_policy_document.this",
            "module.eks_cluster.module.eks.module.kms.data.aws_partition.current",
            "module.eks_cluster.module.kubernetes_addons.data.aws_caller_identity.current",
            "module.eks_cluster.module.kubernetes_addons.data.aws_eks_cluster.eks_cluster",
            "module.eks_cluster.module.kubernetes_addons.data.aws_partition.current",
            "module.eks_cluster.module.kubernetes_addons.data.aws_region.current",
            "module.eks_cluster.module.kubernetes_addons.time_sleep.dataplane"
          ]
        },
        {
          "index_key": "spot_interupt",
          "schema_version": 0,
          "attributes": {
            "arn": "arn:aws:events:us-east-1:268050465834:rule/SpotInterrupt-2023102619542642450000000c",
            "description": "Karpenter Interrupt - A spot interruption warning was triggered for the node",
            "event_bus_name": "default",
            "event_pattern": "{\"detail-type\":[\"EC2 Spot Instance Interruption Warning\"],\"source\":[\"aws.ec2\"]}",
            "id": "SpotInterrupt-2023102619542642450000000c",
            "is_enabled": true,
            "name": "SpotInterrupt-2023102619542642450000000c",
            "name_prefix": "SpotInterrupt-",
            "role_arn": "",
            "schedule_expression": "",
            "tags": {
              "ClusterName": "eks-blueprint-blue"
            },
            "tags_all": {
              "ClusterName": "eks-blueprint-blue"
            }
          },
          "sensitive_attributes": [],
          "private": "bnVsbA==",
          "dependencies": [
            "module.eks_cluster.data.aws_subnets.private",
            "module.eks_cluster.data.aws_vpc.vpc",
            "module.eks_cluster.module.eks.aws_cloudwatch_log_group.this",
            "module.eks_cluster.module.eks.aws_eks_cluster.this",
            "module.eks_cluster.module.eks.aws_iam_policy.cni_ipv6_policy",
            "module.eks_cluster.module.eks.aws_iam_role.this",
            "module.eks_cluster.module.eks.aws_iam_role_policy_attachment.this",
            "module.eks_cluster.module.eks.aws_security_group.cluster",
            "module.eks_cluster.module.eks.aws_security_group.node",
            "module.eks_cluster.module.eks.aws_security_group_rule.cluster",
            "module.eks_cluster.module.eks.aws_security_group_rule.node",
            "module.eks_cluster.module.eks.data.aws_caller_identity.current",
            "module.eks_cluster.module.eks.data.aws_iam_policy_document.assume_role_policy",
            "module.eks_cluster.module.eks.data.aws_iam_policy_document.cni_ipv6_policy",
            "module.eks_cluster.module.eks.data.aws_iam_session_context.current",
            "module.eks_cluster.module.eks.data.aws_partition.current",
            "module.eks_cluster.module.eks.module.kms.aws_kms_external_key.this",
            "module.eks_cluster.module.eks.module.kms.aws_kms_key.this",
            "module.eks_cluster.module.eks.module.kms.data.aws_caller_identity.current",
            "module.eks_cluster.module.eks.module.kms.data.aws_iam_policy_document.this",
            "module.eks_cluster.module.eks.module.kms.data.aws_partition.current",
            "module.eks_cluster.module.kubernetes_addons.data.aws_caller_identity.current",
            "module.eks_cluster.module.kubernetes_addons.data.aws_eks_cluster.eks_cluster",
            "module.eks_cluster.module.kubernetes_addons.data.aws_partition.current",
            "module.eks_cluster.module.kubernetes_addons.data.aws_region.current",
            "module.eks_cluster.module.kubernetes_addons.time_sleep.dataplane"
          ]
        }
      ]
    },
    {
      "module": "module.eks_cluster.module.kubernetes_addons.module.karpenter[0]",
      "mode": "managed",
      "type": "aws_cloudwatch_event_target",
      "name": "this",
      "provider": "provider[\"registry.terraform.io/hashicorp/aws\"]",
      "instances": [
        {
          "index_key": "health_event",
          "schema_version": 1,
          "attributes": {
            "arn": "arn:aws:sqs:us-east-1:268050465834:karpenter-eks-blueprint-blue",
            "batch_target": [],
            "dead_letter_config": [],
            "ecs_target": [],
            "event_bus_name": "default",
            "http_target": [],
            "id": "HealthEvent-2023102619542645050000000d-KarpenterInterruptionQueueTarget",
            "input": "",
            "input_path": "",
            "input_transformer": [],
            "kinesis_target": [],
            "redshift_target": [],
            "retry_policy": [],
            "role_arn": "",
            "rule": "HealthEvent-2023102619542645050000000d",
            "run_command_targets": [],
            "sagemaker_pipeline_target": [],
            "sqs_target": [],
            "target_id": "KarpenterInterruptionQueueTarget"
          },
          "sensitive_attributes": [],
          "private": "eyJzY2hlbWFfdmVyc2lvbiI6IjEifQ==",
          "dependencies": [
            "module.eks_cluster.data.aws_subnets.private",
            "module.eks_cluster.data.aws_vpc.vpc",
            "module.eks_cluster.module.eks.aws_cloudwatch_log_group.this",
            "module.eks_cluster.module.eks.aws_eks_cluster.this",
            "module.eks_cluster.module.eks.aws_iam_policy.cni_ipv6_policy",
            "module.eks_cluster.module.eks.aws_iam_role.this",
            "module.eks_cluster.module.eks.aws_iam_role_policy_attachment.this",
            "module.eks_cluster.module.eks.aws_security_group.cluster",
            "module.eks_cluster.module.eks.aws_security_group.node",
            "module.eks_cluster.module.eks.aws_security_group_rule.cluster",
            "module.eks_cluster.module.eks.aws_security_group_rule.node",
            "module.eks_cluster.module.eks.data.aws_caller_identity.current",
            "module.eks_cluster.module.eks.data.aws_iam_policy_document.assume_role_policy",
            "module.eks_cluster.module.eks.data.aws_iam_policy_document.cni_ipv6_policy",
            "module.eks_cluster.module.eks.data.aws_iam_session_context.current",
            "module.eks_cluster.module.eks.data.aws_partition.current",
            "module.eks_cluster.module.eks.module.kms.aws_kms_external_key.this",
            "module.eks_cluster.module.eks.module.kms.aws_kms_key.this",
            "module.eks_cluster.module.eks.module.kms.data.aws_caller_identity.current",
            "module.eks_cluster.module.eks.module.kms.data.aws_iam_policy_document.this",
            "module.eks_cluster.module.eks.module.kms.data.aws_partition.current",
            "module.eks_cluster.module.kubernetes_addons.data.aws_caller_identity.current",
            "module.eks_cluster.module.kubernetes_addons.data.aws_eks_cluster.eks_cluster",
            "module.eks_cluster.module.kubernetes_addons.data.aws_partition.current",
            "module.eks_cluster.module.kubernetes_addons.data.aws_region.current",
            "module.eks_cluster.module.kubernetes_addons.module.karpenter.aws_cloudwatch_event_rule.this",
            "module.eks_cluster.module.kubernetes_addons.module.karpenter.aws_sqs_queue.this",
            "module.eks_cluster.module.kubernetes_addons.time_sleep.dataplane"
          ]
        },
        {
          "index_key": "instance_rebalance",
          "schema_version": 1,
          "attributes": {
            "arn": "arn:aws:sqs:us-east-1:268050465834:karpenter-eks-blueprint-blue",
            "batch_target": [],
            "dead_letter_config": [],
            "ecs_target": [],
            "event_bus_name": "default",
            "http_target": [],
            "id": "InstanceRebalance-2023102619542635110000000b-KarpenterInterruptionQueueTarget",
            "input": "",
            "input_path": "",
            "input_transformer": [],
            "kinesis_target": [],
            "redshift_target": [],
            "retry_policy": [],
            "role_arn": "",
            "rule": "InstanceRebalance-2023102619542635110000000b",
            "run_command_targets": [],
            "sagemaker_pipeline_target": [],
            "sqs_target": [],
            "target_id": "KarpenterInterruptionQueueTarget"
          },
          "sensitive_attributes": [],
          "private": "eyJzY2hlbWFfdmVyc2lvbiI6IjEifQ==",
          "dependencies": [
            "module.eks_cluster.data.aws_subnets.private",
            "module.eks_cluster.data.aws_vpc.vpc",
            "module.eks_cluster.module.eks.aws_cloudwatch_log_group.this",
            "module.eks_cluster.module.eks.aws_eks_cluster.this",
            "module.eks_cluster.module.eks.aws_iam_policy.cni_ipv6_policy",
            "module.eks_cluster.module.eks.aws_iam_role.this",
            "module.eks_cluster.module.eks.aws_iam_role_policy_attachment.this",
            "module.eks_cluster.module.eks.aws_security_group.cluster",
            "module.eks_cluster.module.eks.aws_security_group.node",
            "module.eks_cluster.module.eks.aws_security_group_rule.cluster",
            "module.eks_cluster.module.eks.aws_security_group_rule.node",
            "module.eks_cluster.module.eks.data.aws_caller_identity.current",
            "module.eks_cluster.module.eks.data.aws_iam_policy_document.assume_role_policy",
            "module.eks_cluster.module.eks.data.aws_iam_policy_document.cni_ipv6_policy",
            "module.eks_cluster.module.eks.data.aws_iam_session_context.current",
            "module.eks_cluster.module.eks.data.aws_partition.current",
            "module.eks_cluster.module.eks.module.kms.aws_kms_external_key.this",
            "module.eks_cluster.module.eks.module.kms.aws_kms_key.this",
            "module.eks_cluster.module.eks.module.kms.data.aws_caller_identity.current",
            "module.eks_cluster.module.eks.module.kms.data.aws_iam_policy_document.this",
            "module.eks_cluster.module.eks.module.kms.data.aws_partition.current",
            "module.eks_cluster.module.kubernetes_addons.data.aws_caller_identity.current",
            "module.eks_cluster.module.kubernetes_addons.data.aws_eks_cluster.eks_cluster",
            "module.eks_cluster.module.kubernetes_addons.data.aws_partition.current",
            "module.eks_cluster.module.kubernetes_addons.data.aws_region.current",
            "module.eks_cluster.module.kubernetes_addons.module.karpenter.aws_cloudwatch_event_rule.this",
            "module.eks_cluster.module.kubernetes_addons.module.karpenter.aws_sqs_queue.this",
            "module.eks_cluster.module.kubernetes_addons.time_sleep.dataplane"
          ]
        },
        {
          "index_key": "instance_state_change",
          "schema_version": 1,
          "attributes": {
            "arn": "arn:aws:sqs:us-east-1:268050465834:karpenter-eks-blueprint-blue",
            "batch_target": [],
            "dead_letter_config": [],
            "ecs_target": [],
            "event_bus_name": "default",
            "http_target": [],
            "id": "InstanceStateChange-2023102619542633700000000a-KarpenterInterruptionQueueTarget",
            "input": "",
            "input_path": "",
            "input_transformer": [],
            "kinesis_target": [],
            "redshift_target": [],
            "retry_policy": [],
            "role_arn": "",
            "rule": "InstanceStateChange-2023102619542633700000000a",
            "run_command_targets": [],
            "sagemaker_pipeline_target": [],
            "sqs_target": [],
            "target_id": "KarpenterInterruptionQueueTarget"
          },
          "sensitive_attributes": [],
          "private": "eyJzY2hlbWFfdmVyc2lvbiI6IjEifQ==",
          "dependencies": [
            "module.eks_cluster.data.aws_subnets.private",
            "module.eks_cluster.data.aws_vpc.vpc",
            "module.eks_cluster.module.eks.aws_cloudwatch_log_group.this",
            "module.eks_cluster.module.eks.aws_eks_cluster.this",
            "module.eks_cluster.module.eks.aws_iam_policy.cni_ipv6_policy",
            "module.eks_cluster.module.eks.aws_iam_role.this",
            "module.eks_cluster.module.eks.aws_iam_role_policy_attachment.this",
            "module.eks_cluster.module.eks.aws_security_group.cluster",
            "module.eks_cluster.module.eks.aws_security_group.node",
            "module.eks_cluster.module.eks.aws_security_group_rule.cluster",
            "module.eks_cluster.module.eks.aws_security_group_rule.node",
            "module.eks_cluster.module.eks.data.aws_caller_identity.current",
            "module.eks_cluster.module.eks.data.aws_iam_policy_document.assume_role_policy",
            "module.eks_cluster.module.eks.data.aws_iam_policy_document.cni_ipv6_policy",
            "module.eks_cluster.module.eks.data.aws_iam_session_context.current",
            "module.eks_cluster.module.eks.data.aws_partition.current",
            "module.eks_cluster.module.eks.module.kms.aws_kms_external_key.this",
            "module.eks_cluster.module.eks.module.kms.aws_kms_key.this",
            "module.eks_cluster.module.eks.module.kms.data.aws_caller_identity.current",
            "module.eks_cluster.module.eks.module.kms.data.aws_iam_policy_document.this",
            "module.eks_cluster.module.eks.module.kms.data.aws_partition.current",
            "module.eks_cluster.module.kubernetes_addons.data.aws_caller_identity.current",
            "module.eks_cluster.module.kubernetes_addons.data.aws_eks_cluster.eks_cluster",
            "module.eks_cluster.module.kubernetes_addons.data.aws_partition.current",
            "module.eks_cluster.module.kubernetes_addons.data.aws_region.current",
            "module.eks_cluster.module.kubernetes_addons.module.karpenter.aws_cloudwatch_event_rule.this",
            "module.eks_cluster.module.kubernetes_addons.module.karpenter.aws_sqs_queue.this",
            "module.eks_cluster.module.kubernetes_addons.time_sleep.dataplane"
          ]
        },
        {
          "index_key": "spot_interupt",
          "schema_version": 1,
          "attributes": {
            "arn": "arn:aws:sqs:us-east-1:268050465834:karpenter-eks-blueprint-blue",
            "batch_target": [],
            "dead_letter_config": [],
            "ecs_target": [],
            "event_bus_name": "default",
            "http_target": [],
            "id": "SpotInterrupt-2023102619542642450000000c-KarpenterInterruptionQueueTarget",
            "input": "",
            "input_path": "",
            "input_transformer": [],
            "kinesis_target": [],
            "redshift_target": [],
            "retry_policy": [],
            "role_arn": "",
            "rule": "SpotInterrupt-2023102619542642450000000c",
            "run_command_targets": [],
            "sagemaker_pipeline_target": [],
            "sqs_target": [],
            "target_id": "KarpenterInterruptionQueueTarget"
          },
          "sensitive_attributes": [],
          "private": "eyJzY2hlbWFfdmVyc2lvbiI6IjEifQ==",
          "dependencies": [
            "module.eks_cluster.data.aws_subnets.private",
            "module.eks_cluster.data.aws_vpc.vpc",
            "module.eks_cluster.module.eks.aws_cloudwatch_log_group.this",
            "module.eks_cluster.module.eks.aws_eks_cluster.this",
            "module.eks_cluster.module.eks.aws_iam_policy.cni_ipv6_policy",
            "module.eks_cluster.module.eks.aws_iam_role.this",
            "module.eks_cluster.module.eks.aws_iam_role_policy_attachment.this",
            "module.eks_cluster.module.eks.aws_security_group.cluster",
            "module.eks_cluster.module.eks.aws_security_group.node",
            "module.eks_cluster.module.eks.aws_security_group_rule.cluster",
            "module.eks_cluster.module.eks.aws_security_group_rule.node",
            "module.eks_cluster.module.eks.data.aws_caller_identity.current",
            "module.eks_cluster.module.eks.data.aws_iam_policy_document.assume_role_policy",
            "module.eks_cluster.module.eks.data.aws_iam_policy_document.cni_ipv6_policy",
            "module.eks_cluster.module.eks.data.aws_iam_session_context.current",
            "module.eks_cluster.module.eks.data.aws_partition.current",
            "module.eks_cluster.module.eks.module.kms.aws_kms_external_key.this",
            "module.eks_cluster.module.eks.module.kms.aws_kms_key.this",
            "module.eks_cluster.module.eks.module.kms.data.aws_caller_identity.current",
            "module.eks_cluster.module.eks.module.kms.data.aws_iam_policy_document.this",
            "module.eks_cluster.module.eks.module.kms.data.aws_partition.current",
            "module.eks_cluster.module.kubernetes_addons.data.aws_caller_identity.current",
            "module.eks_cluster.module.kubernetes_addons.data.aws_eks_cluster.eks_cluster",
            "module.eks_cluster.module.kubernetes_addons.data.aws_partition.current",
            "module.eks_cluster.module.kubernetes_addons.data.aws_region.current",
            "module.eks_cluster.module.kubernetes_addons.module.karpenter.aws_cloudwatch_event_rule.this",
            "module.eks_cluster.module.kubernetes_addons.module.karpenter.aws_sqs_queue.this",
            "module.eks_cluster.module.kubernetes_addons.time_sleep.dataplane"
          ]
        }
      ]
    },
    {
      "module": "module.eks_cluster.module.kubernetes_addons.module.karpenter[0]",
      "mode": "managed",
      "type": "aws_iam_policy",
      "name": "karpenter",
      "provider": "provider[\"registry.terraform.io/hashicorp/aws\"]",
      "instances": [
        {
          "schema_version": 0,
          "attributes": {
            "arn": "arn:aws:iam::268050465834:policy/eks-blueprint-blue-karpenter",
            "description": "IAM Policy for Karpenter",
            "id": "arn:aws:iam::268050465834:policy/eks-blueprint-blue-karpenter",
            "name": "eks-blueprint-blue-karpenter",
            "name_prefix": "",
            "path": "/",
            "policy": "{\"Statement\":[{\"Action\":[\"ec2:DescribeSubnets\",\"ec2:DescribeSpotPriceHistory\",\"ec2:DescribeSecurityGroups\",\"ec2:DescribeLaunchTemplates\",\"ec2:DescribeInstances\",\"ec2:DescribeInstanceTypes\",\"ec2:DescribeInstanceTypeOfferings\",\"ec2:DescribeImages\",\"ec2:DescribeAvailabilityZones\"],\"Effect\":\"Allow\",\"Resource\":\"*\",\"Sid\":\"AllowEc2DescribeActions\"},{\"Action\":[\"ec2:RunInstances\",\"ec2:DeleteLaunchTemplate\",\"ec2:CreateTags\",\"ec2:CreateLaunchTemplate\",\"ec2:CreateFleet\"],\"Effect\":\"Allow\",\"Resource\":[\"arn:aws:ec2:us-east-1::image/*\",\"arn:aws:ec2:us-east-1:268050465834:*\"],\"Sid\":\"AllowEc2Actions\"},{\"Action\":\"iam:PassRole\",\"Effect\":\"Allow\",\"Resource\":\"arn:aws:iam::268050465834:role/*\",\"Sid\":\"AllowPassRole\"},{\"Action\":\"pricing:GetProducts\",\"Effect\":\"Allow\",\"Resource\":\"*\",\"Sid\":\"AllowGetPrice\"},{\"Action\":\"ssm:GetParameter\",\"Effect\":\"Allow\",\"Resource\":\"arn:aws:ssm:us-east-1::parameter/*\",\"Sid\":\"AllowGetParameters\"},{\"Action\":\"eks:DescribeCluster\",\"Effect\":\"Allow\",\"Resource\":\"arn:aws:eks:*:268050465834:cluster/eks-blueprint-blue\"},{\"Action\":\"ec2:TerminateInstances\",\"Condition\":{\"StringLike\":{\"ec2:ResourceTag/Name\":\"*karpenter*\"}},\"Effect\":\"Allow\",\"Resource\":\"arn:aws:ec2:us-east-1:268050465834:instance/*\",\"Sid\":\"ConditionalEC2Termination\"},{\"Action\":[\"sqs:ReceiveMessage\",\"sqs:GetQueueUrl\",\"sqs:GetQueueAttributes\",\"sqs:DeleteMessage\"],\"Effect\":\"Allow\",\"Resource\":\"arn:aws:sqs:us-east-1:268050465834:karpenter-eks-blueprint-blue\"}],\"Version\":\"2012-10-17\"}",
            "policy_id": "ANPAT42INQQVBSZFSVXIS",
            "tags": {},
            "tags_all": {}
          },
          "sensitive_attributes": [],
          "private": "bnVsbA==",
          "dependencies": [
            "module.eks_cluster.data.aws_subnets.private",
            "module.eks_cluster.data.aws_vpc.vpc",
            "module.eks_cluster.module.eks.aws_cloudwatch_log_group.this",
            "module.eks_cluster.module.eks.aws_eks_cluster.this",
            "module.eks_cluster.module.eks.aws_iam_policy.cni_ipv6_policy",
            "module.eks_cluster.module.eks.aws_iam_role.this",
            "module.eks_cluster.module.eks.aws_iam_role_policy_attachment.this",
            "module.eks_cluster.module.eks.aws_security_group.cluster",
            "module.eks_cluster.module.eks.aws_security_group.node",
            "module.eks_cluster.module.eks.aws_security_group_rule.cluster",
            "module.eks_cluster.module.eks.aws_security_group_rule.node",
            "module.eks_cluster.module.eks.data.aws_caller_identity.current",
            "module.eks_cluster.module.eks.data.aws_iam_policy_document.assume_role_policy",
            "module.eks_cluster.module.eks.data.aws_iam_policy_document.cni_ipv6_policy",
            "module.eks_cluster.module.eks.data.aws_iam_session_context.current",
            "module.eks_cluster.module.eks.data.aws_partition.current",
            "module.eks_cluster.module.eks.module.kms.aws_kms_external_key.this",
            "module.eks_cluster.module.eks.module.kms.aws_kms_key.this",
            "module.eks_cluster.module.eks.module.kms.data.aws_caller_identity.current",
            "module.eks_cluster.module.eks.module.kms.data.aws_iam_policy_document.this",
            "module.eks_cluster.module.eks.module.kms.data.aws_partition.current",
            "module.eks_cluster.module.kubernetes_addons.data.aws_caller_identity.current",
            "module.eks_cluster.module.kubernetes_addons.data.aws_eks_cluster.eks_cluster",
            "module.eks_cluster.module.kubernetes_addons.data.aws_partition.current",
            "module.eks_cluster.module.kubernetes_addons.data.aws_region.current",
            "module.eks_cluster.module.kubernetes_addons.module.karpenter.aws_sqs_queue.this",
            "module.eks_cluster.module.kubernetes_addons.module.karpenter.data.aws_iam_policy_document.karpenter",
            "module.eks_cluster.module.kubernetes_addons.time_sleep.dataplane"
          ]
        }
      ]
    },
    {
      "module": "module.eks_cluster.module.kubernetes_addons.module.karpenter[0]",
      "mode": "managed",
      "type": "aws_sqs_queue",
      "name": "this",
      "provider": "provider[\"registry.terraform.io/hashicorp/aws\"]",
      "instances": [
        {
          "index_key": 0,
          "schema_version": 0,
          "attributes": {
            "arn": "arn:aws:sqs:us-east-1:268050465834:karpenter-eks-blueprint-blue",
            "content_based_deduplication": false,
            "deduplication_scope": "",
            "delay_seconds": 0,
            "fifo_queue": false,
            "fifo_throughput_limit": "",
            "id": "https://sqs.us-east-1.amazonaws.com/268050465834/karpenter-eks-blueprint-blue",
            "kms_data_key_reuse_period_seconds": 300,
            "kms_master_key_id": "",
            "max_message_size": 262144,
            "message_retention_seconds": 300,
            "name": "karpenter-eks-blueprint-blue",
            "name_prefix": "",
            "policy": "{\"Statement\":[{\"Action\":\"sqs:SendMessage\",\"Effect\":\"Allow\",\"Principal\":{\"Service\":[\"sqs.amazonaws.com\",\"events.amazonaws.com\"]},\"Resource\":\"arn:aws:sqs:us-east-1:268050465834:karpenter-eks-blueprint-blue\",\"Sid\":\"SqsWrite\"}],\"Version\":\"2012-10-17\"}",
            "receive_wait_time_seconds": 0,
            "redrive_allow_policy": "",
            "redrive_policy": "",
            "sqs_managed_sse_enabled": true,
            "tags": {},
            "tags_all": {},
            "url": "https://sqs.us-east-1.amazonaws.com/268050465834/karpenter-eks-blueprint-blue",
            "visibility_timeout_seconds": 30
          },
          "sensitive_attributes": [],
          "private": "bnVsbA==",
          "dependencies": [
            "module.eks_cluster.data.aws_subnets.private",
            "module.eks_cluster.data.aws_vpc.vpc",
            "module.eks_cluster.module.eks.aws_cloudwatch_log_group.this",
            "module.eks_cluster.module.eks.aws_eks_cluster.this",
            "module.eks_cluster.module.eks.aws_iam_policy.cni_ipv6_policy",
            "module.eks_cluster.module.eks.aws_iam_role.this",
            "module.eks_cluster.module.eks.aws_iam_role_policy_attachment.this",
            "module.eks_cluster.module.eks.aws_security_group.cluster",
            "module.eks_cluster.module.eks.aws_security_group.node",
            "module.eks_cluster.module.eks.aws_security_group_rule.cluster",
            "module.eks_cluster.module.eks.aws_security_group_rule.node",
            "module.eks_cluster.module.eks.data.aws_caller_identity.current",
            "module.eks_cluster.module.eks.data.aws_iam_policy_document.assume_role_policy",
            "module.eks_cluster.module.eks.data.aws_iam_policy_document.cni_ipv6_policy",
            "module.eks_cluster.module.eks.data.aws_iam_session_context.current",
            "module.eks_cluster.module.eks.data.aws_partition.current",
            "module.eks_cluster.module.eks.module.kms.aws_kms_external_key.this",
            "module.eks_cluster.module.eks.module.kms.aws_kms_key.this",
            "module.eks_cluster.module.eks.module.kms.data.aws_caller_identity.current",
            "module.eks_cluster.module.eks.module.kms.data.aws_iam_policy_document.this",
            "module.eks_cluster.module.eks.module.kms.data.aws_partition.current",
            "module.eks_cluster.module.kubernetes_addons.data.aws_caller_identity.current",
            "module.eks_cluster.module.kubernetes_addons.data.aws_eks_cluster.eks_cluster",
            "module.eks_cluster.module.kubernetes_addons.data.aws_partition.current",
            "module.eks_cluster.module.kubernetes_addons.data.aws_region.current",
            "module.eks_cluster.module.kubernetes_addons.time_sleep.dataplane"
          ]
        }
      ]
    },
    {
      "module": "module.eks_cluster.module.kubernetes_addons.module.karpenter[0]",
      "mode": "managed",
      "type": "aws_sqs_queue_policy",
      "name": "this",
      "provider": "provider[\"registry.terraform.io/hashicorp/aws\"]",
      "instances": [
        {
          "index_key": 0,
          "schema_version": 1,
          "attributes": {
            "id": "https://sqs.us-east-1.amazonaws.com/268050465834/karpenter-eks-blueprint-blue",
            "policy": "{\"Statement\":[{\"Action\":\"sqs:SendMessage\",\"Effect\":\"Allow\",\"Principal\":{\"Service\":[\"sqs.amazonaws.com\",\"events.amazonaws.com\"]},\"Resource\":\"arn:aws:sqs:us-east-1:268050465834:karpenter-eks-blueprint-blue\",\"Sid\":\"SqsWrite\"}],\"Version\":\"2012-10-17\"}",
            "queue_url": "https://sqs.us-east-1.amazonaws.com/268050465834/karpenter-eks-blueprint-blue"
          },
          "sensitive_attributes": [],
          "private": "eyJzY2hlbWFfdmVyc2lvbiI6IjEifQ==",
          "dependencies": [
            "module.eks_cluster.data.aws_subnets.private",
            "module.eks_cluster.data.aws_vpc.vpc",
            "module.eks_cluster.module.eks.aws_cloudwatch_log_group.this",
            "module.eks_cluster.module.eks.aws_eks_cluster.this",
            "module.eks_cluster.module.eks.aws_iam_policy.cni_ipv6_policy",
            "module.eks_cluster.module.eks.aws_iam_role.this",
            "module.eks_cluster.module.eks.aws_iam_role_policy_attachment.this",
            "module.eks_cluster.module.eks.aws_security_group.cluster",
            "module.eks_cluster.module.eks.aws_security_group.node",
            "module.eks_cluster.module.eks.aws_security_group_rule.cluster",
            "module.eks_cluster.module.eks.aws_security_group_rule.node",
            "module.eks_cluster.module.eks.data.aws_caller_identity.current",
            "module.eks_cluster.module.eks.data.aws_iam_policy_document.assume_role_policy",
            "module.eks_cluster.module.eks.data.aws_iam_policy_document.cni_ipv6_policy",
            "module.eks_cluster.module.eks.data.aws_iam_session_context.current",
            "module.eks_cluster.module.eks.data.aws_partition.current",
            "module.eks_cluster.module.eks.module.kms.aws_kms_external_key.this",
            "module.eks_cluster.module.eks.module.kms.aws_kms_key.this",
            "module.eks_cluster.module.eks.module.kms.data.aws_caller_identity.current",
            "module.eks_cluster.module.eks.module.kms.data.aws_iam_policy_document.this",
            "module.eks_cluster.module.eks.module.kms.data.aws_partition.current",
            "module.eks_cluster.module.kubernetes_addons.data.aws_caller_identity.current",
            "module.eks_cluster.module.kubernetes_addons.data.aws_eks_cluster.eks_cluster",
            "module.eks_cluster.module.kubernetes_addons.data.aws_partition.current",
            "module.eks_cluster.module.kubernetes_addons.data.aws_region.current",
            "module.eks_cluster.module.kubernetes_addons.module.karpenter.aws_sqs_queue.this",
            "module.eks_cluster.module.kubernetes_addons.module.karpenter.data.aws_iam_policy_document.sqs_queue",
            "module.eks_cluster.module.kubernetes_addons.module.karpenter.data.aws_partition.current",
            "module.eks_cluster.module.kubernetes_addons.time_sleep.dataplane"
          ]
        }
      ]
    },
    {
      "module": "module.eks_cluster.module.kubernetes_addons.module.karpenter[0].module.helm_addon",
      "mode": "managed",
      "type": "helm_release",
      "name": "addon",
      "provider": "provider[\"registry.terraform.io/hashicorp/helm\"]",
      "instances": [
        {
          "index_key": 0,
          "schema_version": 1,
          "attributes": {
            "atomic": false,
            "chart": "karpenter",
            "cleanup_on_fail": false,
            "create_namespace": false,
            "dependency_update": false,
            "description": "karpenter Helm Chart for Node Autoscaling",
            "devel": null,
            "disable_crd_hooks": false,
            "disable_openapi_validation": false,
            "disable_webhooks": false,
            "force_update": false,
            "id": "karpenter",
            "keyring": "",
            "lint": false,
            "manifest": null,
            "max_history": 0,
            "metadata": [
              {
                "app_version": "0.27.3",
                "chart": "karpenter",
                "name": "karpenter",
                "namespace": "karpenter",
                "revision": 1,
                "values": "{\"serviceAccount\":{\"create\":false,\"name\":\"karpenter\"},\"settings\":{\"aws\":{\"clusterEndpoint\":\"https://55CEBE7FF41F53C3E48BB83F2E8FA157.gr7.us-east-1.eks.amazonaws.com\",\"clusterName\":\"eks-blueprint-blue\",\"defaultInstanceProfile\":\"Karpenter-eks-blueprint-blue-20231026195417649000000006\",\"interruptionQueueName\":\"karpenter-eks-blueprint-blue\"}}}",
                "version": "v0.27.3"
              }
            ],
            "name": "karpenter",
            "namespace": "karpenter",
            "pass_credentials": false,
            "postrender": [
              {
                "args": [],
                "binary_path": ""
              }
            ],
            "recreate_pods": false,
            "render_subchart_notes": true,
            "replace": false,
            "repository": "oci://public.ecr.aws/karpenter",
            "repository_ca_file": null,
            "repository_cert_file": "",
            "repository_key_file": "",
            "repository_password": "",
            "repository_username": "",
            "reset_values": false,
            "reuse_values": false,
            "set": [
              {
                "name": "serviceAccount.create",
                "type": "",
                "value": "false"
              },
              {
                "name": "serviceAccount.name",
                "type": "",
                "value": "karpenter"
              }
            ],
            "set_list": [],
            "set_sensitive": [],
            "skip_crds": false,
            "status": "deployed",
            "timeout": 1200,
            "values": [
              "settings:\n  aws:\n    clusterName: eks-blueprint-blue\n    clusterEndpoint: https://55CEBE7FF41F53C3E48BB83F2E8FA157.gr7.us-east-1.eks.amazonaws.com\n    defaultInstanceProfile: Karpenter-eks-blueprint-blue-20231026195417649000000006\n    interruptionQueueName: karpenter-eks-blueprint-blue\n"
            ],
            "verify": false,
            "version": "v0.27.3",
            "wait": true,
            "wait_for_jobs": false
          },
          "sensitive_attributes": [],
          "private": "eyJzY2hlbWFfdmVyc2lvbiI6IjEifQ==",
          "dependencies": [
            "module.eks_cluster.data.aws_subnets.private",
            "module.eks_cluster.data.aws_vpc.vpc",
            "module.eks_cluster.module.eks.aws_cloudwatch_log_group.this",
            "module.eks_cluster.module.eks.aws_eks_cluster.this",
            "module.eks_cluster.module.eks.aws_iam_policy.cni_ipv6_policy",
            "module.eks_cluster.module.eks.aws_iam_role.this",
            "module.eks_cluster.module.eks.aws_iam_role_policy_attachment.this",
            "module.eks_cluster.module.eks.aws_security_group.cluster",
            "module.eks_cluster.module.eks.aws_security_group.node",
            "module.eks_cluster.module.eks.aws_security_group_rule.cluster",
            "module.eks_cluster.module.eks.aws_security_group_rule.node",
            "module.eks_cluster.module.eks.data.aws_caller_identity.current",
            "module.eks_cluster.module.eks.data.aws_iam_policy_document.assume_role_policy",
            "module.eks_cluster.module.eks.data.aws_iam_policy_document.cni_ipv6_policy",
            "module.eks_cluster.module.eks.data.aws_iam_session_context.current",
            "module.eks_cluster.module.eks.data.aws_partition.current",
            "module.eks_cluster.module.eks.module.kms.aws_kms_external_key.this",
            "module.eks_cluster.module.eks.module.kms.aws_kms_key.this",
            "module.eks_cluster.module.eks.module.kms.data.aws_caller_identity.current",
            "module.eks_cluster.module.eks.module.kms.data.aws_iam_policy_document.this",
            "module.eks_cluster.module.eks.module.kms.data.aws_partition.current",
            "module.eks_cluster.module.karpenter.aws_iam_instance_profile.this",
            "module.eks_cluster.module.karpenter.aws_iam_role.this",
            "module.eks_cluster.module.karpenter.data.aws_iam_policy_document.assume_role",
            "module.eks_cluster.module.karpenter.data.aws_partition.current",
            "module.eks_cluster.module.kubernetes_addons.data.aws_caller_identity.current",
            "module.eks_cluster.module.kubernetes_addons.data.aws_eks_cluster.eks_cluster",
            "module.eks_cluster.module.kubernetes_addons.data.aws_partition.current",
            "module.eks_cluster.module.kubernetes_addons.data.aws_region.current",
            "module.eks_cluster.module.kubernetes_addons.module.karpenter.aws_iam_policy.karpenter",
            "module.eks_cluster.module.kubernetes_addons.module.karpenter.aws_sqs_queue.this",
            "module.eks_cluster.module.kubernetes_addons.module.karpenter.data.aws_iam_policy_document.karpenter",
            "module.eks_cluster.module.kubernetes_addons.module.karpenter.module.helm_addon.module.irsa.aws_iam_role.irsa",
            "module.eks_cluster.module.kubernetes_addons.module.karpenter.module.helm_addon.module.irsa.aws_iam_role_policy_attachment.irsa",
            "module.eks_cluster.module.kubernetes_addons.module.karpenter.module.helm_addon.module.irsa.kubernetes_namespace_v1.irsa",
            "module.eks_cluster.module.kubernetes_addons.module.karpenter.module.helm_addon.module.irsa.kubernetes_secret_v1.irsa",
            "module.eks_cluster.module.kubernetes_addons.module.karpenter.module.helm_addon.module.irsa.kubernetes_service_account_v1.irsa",
            "module.eks_cluster.module.kubernetes_addons.time_sleep.dataplane"
          ]
        }
      ]
    },
    {
      "module": "module.eks_cluster.module.kubernetes_addons.module.karpenter[0].module.helm_addon.module.irsa[0]",
      "mode": "managed",
      "type": "aws_iam_role",
      "name": "irsa",
      "provider": "provider[\"registry.terraform.io/hashicorp/aws\"]",
      "instances": [
        {
          "index_key": 0,
          "schema_version": 0,
          "attributes": {
            "arn": "arn:aws:iam::268050465834:role/eks-blueprint-blue-karpenter-irsa",
            "assume_role_policy": "{\"Statement\":[{\"Action\":\"sts:AssumeRoleWithWebIdentity\",\"Condition\":{\"StringLike\":{\"oidc.eks.us-east-1.amazonaws.com/id/55CEBE7FF41F53C3E48BB83F2E8FA157:aud\":\"sts.amazonaws.com\",\"oidc.eks.us-east-1.amazonaws.com/id/55CEBE7FF41F53C3E48BB83F2E8FA157:sub\":\"system:serviceaccount:karpenter:karpenter\"}},\"Effect\":\"Allow\",\"Principal\":{\"Federated\":\"arn:aws:iam::268050465834:oidc-provider/oidc.eks.us-east-1.amazonaws.com/id/55CEBE7FF41F53C3E48BB83F2E8FA157\"}}],\"Version\":\"2012-10-17\"}",
            "create_date": "2023-10-26T21:42:01Z",
            "description": "AWS IAM Role for the Kubernetes service account karpenter.",
            "force_detach_policies": true,
            "id": "eks-blueprint-blue-karpenter-irsa",
            "inline_policy": [],
            "managed_policy_arns": [
              "arn:aws:iam::268050465834:policy/eks-blueprint-blue-karpenter"
            ],
            "max_session_duration": 3600,
            "name": "eks-blueprint-blue-karpenter-irsa",
            "name_prefix": "",
            "path": "/",
            "permissions_boundary": "",
            "tags": {},
            "tags_all": {},
            "unique_id": "AROAT42INQQVFLNIKYUID"
          },
          "sensitive_attributes": [],
          "private": "bnVsbA==",
          "dependencies": [
            "module.eks_cluster.data.aws_subnets.private",
            "module.eks_cluster.data.aws_vpc.vpc",
            "module.eks_cluster.module.eks.aws_cloudwatch_log_group.this",
            "module.eks_cluster.module.eks.aws_eks_cluster.this",
            "module.eks_cluster.module.eks.aws_iam_policy.cni_ipv6_policy",
            "module.eks_cluster.module.eks.aws_iam_role.this",
            "module.eks_cluster.module.eks.aws_iam_role_policy_attachment.this",
            "module.eks_cluster.module.eks.aws_security_group.cluster",
            "module.eks_cluster.module.eks.aws_security_group.node",
            "module.eks_cluster.module.eks.aws_security_group_rule.cluster",
            "module.eks_cluster.module.eks.aws_security_group_rule.node",
            "module.eks_cluster.module.eks.data.aws_caller_identity.current",
            "module.eks_cluster.module.eks.data.aws_iam_policy_document.assume_role_policy",
            "module.eks_cluster.module.eks.data.aws_iam_policy_document.cni_ipv6_policy",
            "module.eks_cluster.module.eks.data.aws_iam_session_context.current",
            "module.eks_cluster.module.eks.data.aws_partition.current",
            "module.eks_cluster.module.eks.module.kms.aws_kms_external_key.this",
            "module.eks_cluster.module.eks.module.kms.aws_kms_key.this",
            "module.eks_cluster.module.eks.module.kms.data.aws_caller_identity.current",
            "module.eks_cluster.module.eks.module.kms.data.aws_iam_policy_document.this",
            "module.eks_cluster.module.eks.module.kms.data.aws_partition.current",
            "module.eks_cluster.module.karpenter.aws_iam_instance_profile.this",
            "module.eks_cluster.module.karpenter.aws_iam_role.this",
            "module.eks_cluster.module.karpenter.data.aws_iam_policy_document.assume_role",
            "module.eks_cluster.module.karpenter.data.aws_partition.current",
            "module.eks_cluster.module.kubernetes_addons.data.aws_caller_identity.current",
            "module.eks_cluster.module.kubernetes_addons.data.aws_eks_cluster.eks_cluster",
            "module.eks_cluster.module.kubernetes_addons.data.aws_partition.current",
            "module.eks_cluster.module.kubernetes_addons.data.aws_region.current",
            "module.eks_cluster.module.kubernetes_addons.module.karpenter.aws_iam_policy.karpenter",
            "module.eks_cluster.module.kubernetes_addons.module.karpenter.aws_sqs_queue.this",
            "module.eks_cluster.module.kubernetes_addons.module.karpenter.data.aws_iam_policy_document.karpenter",
            "module.eks_cluster.module.kubernetes_addons.time_sleep.dataplane"
          ]
        }
      ]
    },
    {
      "module": "module.eks_cluster.module.kubernetes_addons.module.karpenter[0].module.helm_addon.module.irsa[0]",
      "mode": "managed",
      "type": "aws_iam_role_policy_attachment",
      "name": "irsa",
      "provider": "provider[\"registry.terraform.io/hashicorp/aws\"]",
      "instances": [
        {
          "index_key": 0,
          "schema_version": 0,
          "attributes": {
            "id": "eks-blueprint-blue-karpenter-irsa-20231026214201779100000003",
            "policy_arn": "arn:aws:iam::268050465834:policy/eks-blueprint-blue-karpenter",
            "role": "eks-blueprint-blue-karpenter-irsa"
          },
          "sensitive_attributes": [],
          "private": "bnVsbA==",
          "dependencies": [
            "module.eks_cluster.data.aws_subnets.private",
            "module.eks_cluster.data.aws_vpc.vpc",
            "module.eks_cluster.module.eks.aws_cloudwatch_log_group.this",
            "module.eks_cluster.module.eks.aws_eks_cluster.this",
            "module.eks_cluster.module.eks.aws_iam_policy.cni_ipv6_policy",
            "module.eks_cluster.module.eks.aws_iam_role.this",
            "module.eks_cluster.module.eks.aws_iam_role_policy_attachment.this",
            "module.eks_cluster.module.eks.aws_security_group.cluster",
            "module.eks_cluster.module.eks.aws_security_group.node",
            "module.eks_cluster.module.eks.aws_security_group_rule.cluster",
            "module.eks_cluster.module.eks.aws_security_group_rule.node",
            "module.eks_cluster.module.eks.data.aws_caller_identity.current",
            "module.eks_cluster.module.eks.data.aws_iam_policy_document.assume_role_policy",
            "module.eks_cluster.module.eks.data.aws_iam_policy_document.cni_ipv6_policy",
            "module.eks_cluster.module.eks.data.aws_iam_session_context.current",
            "module.eks_cluster.module.eks.data.aws_partition.current",
            "module.eks_cluster.module.eks.module.kms.aws_kms_external_key.this",
            "module.eks_cluster.module.eks.module.kms.aws_kms_key.this",
            "module.eks_cluster.module.eks.module.kms.data.aws_caller_identity.current",
            "module.eks_cluster.module.eks.module.kms.data.aws_iam_policy_document.this",
            "module.eks_cluster.module.eks.module.kms.data.aws_partition.current",
            "module.eks_cluster.module.karpenter.aws_iam_instance_profile.this",
            "module.eks_cluster.module.karpenter.aws_iam_role.this",
            "module.eks_cluster.module.karpenter.data.aws_iam_policy_document.assume_role",
            "module.eks_cluster.module.karpenter.data.aws_partition.current",
            "module.eks_cluster.module.kubernetes_addons.data.aws_caller_identity.current",
            "module.eks_cluster.module.kubernetes_addons.data.aws_eks_cluster.eks_cluster",
            "module.eks_cluster.module.kubernetes_addons.data.aws_partition.current",
            "module.eks_cluster.module.kubernetes_addons.data.aws_region.current",
            "module.eks_cluster.module.kubernetes_addons.module.karpenter.aws_iam_policy.karpenter",
            "module.eks_cluster.module.kubernetes_addons.module.karpenter.aws_sqs_queue.this",
            "module.eks_cluster.module.kubernetes_addons.module.karpenter.data.aws_iam_policy_document.karpenter",
            "module.eks_cluster.module.kubernetes_addons.module.karpenter.module.helm_addon.module.irsa.aws_iam_role.irsa",
            "module.eks_cluster.module.kubernetes_addons.time_sleep.dataplane"
          ]
        }
      ]
    },
    {
      "module": "module.eks_cluster.module.kubernetes_addons.module.karpenter[0].module.helm_addon.module.irsa[0]",
      "mode": "managed",
      "type": "kubernetes_namespace_v1",
      "name": "irsa",
      "provider": "provider[\"registry.terraform.io/hashicorp/kubernetes\"]",
      "instances": [
        {
          "index_key": 0,
          "schema_version": 0,
          "attributes": {
            "id": "karpenter",
            "metadata": [
              {
                "annotations": {},
                "generate_name": "",
                "generation": 0,
                "labels": {},
                "name": "karpenter",
                "resource_version": "19386",
                "uid": "25c0e493-b0bd-4534-8084-d6289a101783"
              }
            ],
            "timeouts": {
              "delete": "15m"
            },
            "wait_for_default_service_account": false
          },
          "sensitive_attributes": [],
          "private": "eyJlMmJmYjczMC1lY2FhLTExZTYtOGY4OC0zNDM2M2JjN2M0YzAiOnsiZGVsZXRlIjo5MDAwMDAwMDAwMDB9fQ==",
          "dependencies": [
            "module.eks_cluster.data.aws_subnets.private",
            "module.eks_cluster.data.aws_vpc.vpc",
            "module.eks_cluster.module.eks.aws_cloudwatch_log_group.this",
            "module.eks_cluster.module.eks.aws_eks_cluster.this",
            "module.eks_cluster.module.eks.aws_iam_policy.cni_ipv6_policy",
            "module.eks_cluster.module.eks.aws_iam_role.this",
            "module.eks_cluster.module.eks.aws_iam_role_policy_attachment.this",
            "module.eks_cluster.module.eks.aws_security_group.cluster",
            "module.eks_cluster.module.eks.aws_security_group.node",
            "module.eks_cluster.module.eks.aws_security_group_rule.cluster",
            "module.eks_cluster.module.eks.aws_security_group_rule.node",
            "module.eks_cluster.module.eks.data.aws_caller_identity.current",
            "module.eks_cluster.module.eks.data.aws_iam_policy_document.assume_role_policy",
            "module.eks_cluster.module.eks.data.aws_iam_policy_document.cni_ipv6_policy",
            "module.eks_cluster.module.eks.data.aws_iam_session_context.current",
            "module.eks_cluster.module.eks.data.aws_partition.current",
            "module.eks_cluster.module.eks.module.kms.aws_kms_external_key.this",
            "module.eks_cluster.module.eks.module.kms.aws_kms_key.this",
            "module.eks_cluster.module.eks.module.kms.data.aws_caller_identity.current",
            "module.eks_cluster.module.eks.module.kms.data.aws_iam_policy_document.this",
            "module.eks_cluster.module.eks.module.kms.data.aws_partition.current",
            "module.eks_cluster.module.karpenter.aws_iam_instance_profile.this",
            "module.eks_cluster.module.karpenter.aws_iam_role.this",
            "module.eks_cluster.module.karpenter.data.aws_iam_policy_document.assume_role",
            "module.eks_cluster.module.karpenter.data.aws_partition.current",
            "module.eks_cluster.module.kubernetes_addons.data.aws_caller_identity.current",
            "module.eks_cluster.module.kubernetes_addons.data.aws_eks_cluster.eks_cluster",
            "module.eks_cluster.module.kubernetes_addons.data.aws_partition.current",
            "module.eks_cluster.module.kubernetes_addons.data.aws_region.current",
            "module.eks_cluster.module.kubernetes_addons.module.karpenter.aws_iam_policy.karpenter",
            "module.eks_cluster.module.kubernetes_addons.module.karpenter.aws_sqs_queue.this",
            "module.eks_cluster.module.kubernetes_addons.module.karpenter.data.aws_iam_policy_document.karpenter",
            "module.eks_cluster.module.kubernetes_addons.time_sleep.dataplane"
          ]
        }
      ]
    },
    {
      "module": "module.eks_cluster.module.kubernetes_addons.module.karpenter[0].module.helm_addon.module.irsa[0]",
      "mode": "managed",
      "type": "kubernetes_service_account_v1",
      "name": "irsa",
      "provider": "provider[\"registry.terraform.io/hashicorp/kubernetes\"]",
      "instances": [
        {
          "index_key": 0,
          "schema_version": 0,
          "attributes": {
            "automount_service_account_token": true,
            "default_secret_name": "",
            "id": "karpenter/karpenter",
            "image_pull_secret": [],
            "metadata": [
              {
                "annotations": {
                  "eks.amazonaws.com/role-arn": "arn:aws:iam::268050465834:role/eks-blueprint-blue-karpenter-irsa"
                },
                "generate_name": "",
                "generation": 0,
                "labels": {},
                "name": "karpenter",
                "namespace": "karpenter",
                "resource_version": "19392",
                "uid": "44b57154-178f-4ecd-ac33-d0801eab1257"
              }
            ],
            "secret": [],
            "timeouts": null
          },
          "sensitive_attributes": [],
          "private": "eyJlMmJmYjczMC1lY2FhLTExZTYtOGY4OC0zNDM2M2JjN2M0YzAiOnsiY3JlYXRlIjozMDAwMDAwMDAwMH19",
          "dependencies": [
            "module.eks_cluster.data.aws_subnets.private",
            "module.eks_cluster.data.aws_vpc.vpc",
            "module.eks_cluster.module.eks.aws_cloudwatch_log_group.this",
            "module.eks_cluster.module.eks.aws_eks_cluster.this",
            "module.eks_cluster.module.eks.aws_iam_policy.cni_ipv6_policy",
            "module.eks_cluster.module.eks.aws_iam_role.this",
            "module.eks_cluster.module.eks.aws_iam_role_policy_attachment.this",
            "module.eks_cluster.module.eks.aws_security_group.cluster",
            "module.eks_cluster.module.eks.aws_security_group.node",
            "module.eks_cluster.module.eks.aws_security_group_rule.cluster",
            "module.eks_cluster.module.eks.aws_security_group_rule.node",
            "module.eks_cluster.module.eks.data.aws_caller_identity.current",
            "module.eks_cluster.module.eks.data.aws_iam_policy_document.assume_role_policy",
            "module.eks_cluster.module.eks.data.aws_iam_policy_document.cni_ipv6_policy",
            "module.eks_cluster.module.eks.data.aws_iam_session_context.current",
            "module.eks_cluster.module.eks.data.aws_partition.current",
            "module.eks_cluster.module.eks.module.kms.aws_kms_external_key.this",
            "module.eks_cluster.module.eks.module.kms.aws_kms_key.this",
            "module.eks_cluster.module.eks.module.kms.data.aws_caller_identity.current",
            "module.eks_cluster.module.eks.module.kms.data.aws_iam_policy_document.this",
            "module.eks_cluster.module.eks.module.kms.data.aws_partition.current",
            "module.eks_cluster.module.karpenter.aws_iam_instance_profile.this",
            "module.eks_cluster.module.karpenter.aws_iam_role.this",
            "module.eks_cluster.module.karpenter.data.aws_iam_policy_document.assume_role",
            "module.eks_cluster.module.karpenter.data.aws_partition.current",
            "module.eks_cluster.module.kubernetes_addons.data.aws_caller_identity.current",
            "module.eks_cluster.module.kubernetes_addons.data.aws_eks_cluster.eks_cluster",
            "module.eks_cluster.module.kubernetes_addons.data.aws_partition.current",
            "module.eks_cluster.module.kubernetes_addons.data.aws_region.current",
            "module.eks_cluster.module.kubernetes_addons.module.karpenter.aws_iam_policy.karpenter",
            "module.eks_cluster.module.kubernetes_addons.module.karpenter.aws_sqs_queue.this",
            "module.eks_cluster.module.kubernetes_addons.module.karpenter.data.aws_iam_policy_document.karpenter",
            "module.eks_cluster.module.kubernetes_addons.module.karpenter.module.helm_addon.module.irsa.aws_iam_role.irsa",
            "module.eks_cluster.module.kubernetes_addons.module.karpenter.module.helm_addon.module.irsa.kubernetes_namespace_v1.irsa",
            "module.eks_cluster.module.kubernetes_addons.time_sleep.dataplane"
          ]
        }
      ]
    },
    {
      "module": "module.eks_cluster.module.kubernetes_addons.module.metrics_server[0].module.helm_addon",
      "mode": "managed",
      "type": "helm_release",
      "name": "addon",
      "provider": "provider[\"registry.terraform.io/hashicorp/helm\"]",
      "instances": [
        {
          "index_key": 0,
          "schema_version": 1,
          "attributes": {
            "atomic": false,
            "chart": "metrics-server",
            "cleanup_on_fail": false,
            "create_namespace": false,
            "dependency_update": false,
            "description": "Metric server helm Chart deployment configuration",
            "devel": null,
            "disable_crd_hooks": false,
            "disable_openapi_validation": false,
            "disable_webhooks": false,
            "force_update": false,
            "id": "metrics-server",
            "keyring": "",
            "lint": false,
            "manifest": null,
            "max_history": 0,
            "metadata": [
              {
                "app_version": "0.6.1",
                "chart": "metrics-server",
                "name": "metrics-server",
                "namespace": "kube-system",
                "revision": 1,
                "values": "{}",
                "version": "3.8.2"
              }
            ],
            "name": "metrics-server",
            "namespace": "kube-system",
            "pass_credentials": false,
            "postrender": [
              {
                "args": [],
                "binary_path": ""
              }
            ],
            "recreate_pods": false,
            "render_subchart_notes": true,
            "replace": false,
            "repository": "https://kubernetes-sigs.github.io/metrics-server/",
            "repository_ca_file": null,
            "repository_cert_file": "",
            "repository_key_file": "",
            "repository_password": "",
            "repository_username": "",
            "reset_values": false,
            "reuse_values": false,
            "set": [],
            "set_list": [],
            "set_sensitive": [],
            "skip_crds": false,
            "status": "deployed",
            "timeout": 1200,
            "values": null,
            "verify": false,
            "version": "3.8.2",
            "wait": true,
            "wait_for_jobs": false
          },
          "sensitive_attributes": [],
          "private": "eyJzY2hlbWFfdmVyc2lvbiI6IjEifQ==",
          "dependencies": [
            "module.eks_cluster.data.aws_subnets.private",
            "module.eks_cluster.data.aws_vpc.vpc",
            "module.eks_cluster.module.eks.aws_cloudwatch_log_group.this",
            "module.eks_cluster.module.eks.aws_eks_cluster.this",
            "module.eks_cluster.module.eks.aws_iam_policy.cni_ipv6_policy",
            "module.eks_cluster.module.eks.aws_iam_role.this",
            "module.eks_cluster.module.eks.aws_iam_role_policy_attachment.this",
            "module.eks_cluster.module.eks.aws_security_group.cluster",
            "module.eks_cluster.module.eks.aws_security_group.node",
            "module.eks_cluster.module.eks.aws_security_group_rule.cluster",
            "module.eks_cluster.module.eks.aws_security_group_rule.node",
            "module.eks_cluster.module.eks.data.aws_caller_identity.current",
            "module.eks_cluster.module.eks.data.aws_iam_policy_document.assume_role_policy",
            "module.eks_cluster.module.eks.data.aws_iam_policy_document.cni_ipv6_policy",
            "module.eks_cluster.module.eks.data.aws_iam_session_context.current",
            "module.eks_cluster.module.eks.data.aws_partition.current",
            "module.eks_cluster.module.eks.module.kms.aws_kms_external_key.this",
            "module.eks_cluster.module.eks.module.kms.aws_kms_key.this",
            "module.eks_cluster.module.eks.module.kms.data.aws_caller_identity.current",
            "module.eks_cluster.module.eks.module.kms.data.aws_iam_policy_document.this",
            "module.eks_cluster.module.eks.module.kms.data.aws_partition.current",
            "module.eks_cluster.module.kubernetes_addons.data.aws_caller_identity.current",
            "module.eks_cluster.module.kubernetes_addons.data.aws_eks_cluster.eks_cluster",
            "module.eks_cluster.module.kubernetes_addons.data.aws_partition.current",
            "module.eks_cluster.module.kubernetes_addons.data.aws_region.current",
            "module.eks_cluster.module.kubernetes_addons.module.metrics_server.kubernetes_namespace_v1.this",
            "module.eks_cluster.module.kubernetes_addons.module.metrics_server.module.helm_addon.module.irsa.aws_iam_role.irsa",
            "module.eks_cluster.module.kubernetes_addons.module.metrics_server.module.helm_addon.module.irsa.aws_iam_role_policy_attachment.irsa",
            "module.eks_cluster.module.kubernetes_addons.module.metrics_server.module.helm_addon.module.irsa.kubernetes_namespace_v1.irsa",
            "module.eks_cluster.module.kubernetes_addons.module.metrics_server.module.helm_addon.module.irsa.kubernetes_secret_v1.irsa",
            "module.eks_cluster.module.kubernetes_addons.module.metrics_server.module.helm_addon.module.irsa.kubernetes_service_account_v1.irsa",
            "module.eks_cluster.module.kubernetes_addons.time_sleep.dataplane"
          ]
        }
      ]
    }
  ],
  "check_results": null
}
